{
  "version": 4,
  "terraform_version": "1.13.3",
  "serial": 123,
  "lineage": "e179b042-23ec-eb0d-7a58-dd8f565dacf1",
  "outputs": {
    "awx_inventory_file": {
      "value": "./../terraform_outputs/developer/awx_inventory.ini",
      "type": "string"
    },
    "developer_boot_volumes": {
      "value": {},
      "type": [
        "object",
        {}
      ]
    },
    "developer_data_volumes": {
      "value": {},
      "type": [
        "object",
        {}
      ]
    },
    "developer_data_volumes_by_vm": {
      "value": {
        "extra_vm": {
          "vm_name": "vm-extra-subnet",
          "volume_count": 0,
          "volumes": []
        },
        "multi_vm": {
          "vm_name": "vm-multi-nic",
          "volume_count": 0,
          "volumes": []
        },
        "new_vm": {
          "vm_name": "vm-new-subnet",
          "volume_count": 0,
          "volumes": []
        },
        "old_vm": {
          "vm_name": "vm-existing-subnet",
          "volume_count": 0,
          "volumes": []
        }
      },
      "type": [
        "object",
        {
          "extra_vm": [
            "object",
            {
              "vm_name": "string",
              "volume_count": "number",
              "volumes": [
                "tuple",
                []
              ]
            }
          ],
          "multi_vm": [
            "object",
            {
              "vm_name": "string",
              "volume_count": "number",
              "volumes": [
                "tuple",
                []
              ]
            }
          ],
          "new_vm": [
            "object",
            {
              "vm_name": "string",
              "volume_count": "number",
              "volumes": [
                "tuple",
                []
              ]
            }
          ],
          "old_vm": [
            "object",
            {
              "vm_name": "string",
              "volume_count": "number",
              "volumes": [
                "tuple",
                []
              ]
            }
          ]
        }
      ]
    },
    "developer_network_details": {
      "value": {
        "networks": {
          "new_network": "f0ac4d9a-4994-40ea-930f-c82aca69ba4a",
          "old_network": "c1b877ea-9774-4b23-b483-a5a56ada87ad"
        },
        "ports": {
          "extra_vm_port": {
            "fixed_ips": [
              "10.10.200.203"
            ],
            "id": "a323a6ac-02d7-42ab-ba16-2e24d280e707",
            "mac": "fa:16:3e:2f:cb:a4",
            "name": "extra-vm-port",
            "network_id": "c1b877ea-9774-4b23-b483-a5a56ada87ad"
          },
          "multi_vm_port_new": {
            "fixed_ips": [
              "10.20.100.141"
            ],
            "id": "825d11ad-d90a-4f47-af5a-93e35dda3d1e",
            "mac": "fa:16:3e:3f:0a:9d",
            "name": "multi-vm-port-new",
            "network_id": "f0ac4d9a-4994-40ea-930f-c82aca69ba4a"
          },
          "multi_vm_port_old": {
            "fixed_ips": [
              "10.10.0.16"
            ],
            "id": "da5ec4bd-795f-46fa-bf0d-c919407aded2",
            "mac": "fa:16:3e:b1:05:80",
            "name": "multi-vm-port-old",
            "network_id": "c1b877ea-9774-4b23-b483-a5a56ada87ad"
          },
          "new_vm_port": {
            "fixed_ips": [
              "10.20.100.187"
            ],
            "id": "111308b1-fc78-4a19-94f2-1b16da195ffe",
            "mac": "fa:16:3e:a8:ae:84",
            "name": "new-vm-port",
            "network_id": "f0ac4d9a-4994-40ea-930f-c82aca69ba4a"
          },
          "old_vm_port": {
            "fixed_ips": [
              "10.10.0.62"
            ],
            "id": "bef65a21-ad58-4a53-98f2-f77fb1365630",
            "mac": "fa:16:3e:eb:43:73",
            "name": "old-vm-port",
            "network_id": "c1b877ea-9774-4b23-b483-a5a56ada87ad"
          }
        },
        "routers": {
          "new_router": "4b69af18-9351-4f8f-a496-f7d1f60201d2",
          "old_router": "69369630-3ff6-4d39-8fdb-1f973dbe077f"
        },
        "subnets": {
          "extra_subnet": "de9112bd-cf55-4562-a7d0-775c599c6e2c",
          "new_subnet": "8d618206-b4d9-48c5-a55c-3fcaa94ea799",
          "old_subnet": "61d94fd9-391f-4a48-889b-6604e694c2e9"
        }
      },
      "type": [
        "object",
        {
          "networks": [
            "object",
            {
              "new_network": "string",
              "old_network": "string"
            }
          ],
          "ports": [
            "object",
            {
              "extra_vm_port": [
                "object",
                {
                  "fixed_ips": [
                    "list",
                    "string"
                  ],
                  "id": "string",
                  "mac": "string",
                  "name": "string",
                  "network_id": "string"
                }
              ],
              "multi_vm_port_new": [
                "object",
                {
                  "fixed_ips": [
                    "list",
                    "string"
                  ],
                  "id": "string",
                  "mac": "string",
                  "name": "string",
                  "network_id": "string"
                }
              ],
              "multi_vm_port_old": [
                "object",
                {
                  "fixed_ips": [
                    "list",
                    "string"
                  ],
                  "id": "string",
                  "mac": "string",
                  "name": "string",
                  "network_id": "string"
                }
              ],
              "new_vm_port": [
                "object",
                {
                  "fixed_ips": [
                    "list",
                    "string"
                  ],
                  "id": "string",
                  "mac": "string",
                  "name": "string",
                  "network_id": "string"
                }
              ],
              "old_vm_port": [
                "object",
                {
                  "fixed_ips": [
                    "list",
                    "string"
                  ],
                  "id": "string",
                  "mac": "string",
                  "name": "string",
                  "network_id": "string"
                }
              ]
            }
          ],
          "routers": [
            "object",
            {
              "new_router": "string",
              "old_router": "string"
            }
          ],
          "subnets": [
            "object",
            {
              "extra_subnet": "string",
              "new_subnet": "string",
              "old_subnet": "string"
            }
          ]
        }
      ]
    },
    "developer_resource_summary": {
      "value": {
        "networks": {
          "created": [
            "new_network"
          ],
          "imported": [
            "old_network"
          ],
          "total": [
            "new_network",
            "old_network"
          ]
        },
        "ports": {
          "created": [
            "extra_vm_port",
            "multi_vm_port_new",
            "multi_vm_port_old",
            "new_vm_port",
            "old_vm_port"
          ]
        },
        "routers": {
          "created": [
            "new_router"
          ],
          "existing": [],
          "imported": [
            "old_router"
          ],
          "total": [
            "new_router",
            "old_router"
          ]
        },
        "subnets": {
          "created": [
            "extra_subnet",
            "new_subnet"
          ],
          "imported": [
            "old_subnet"
          ],
          "total": [
            "extra_subnet",
            "new_subnet",
            "old_subnet"
          ]
        }
      },
      "type": [
        "object",
        {
          "networks": [
            "object",
            {
              "created": [
                "list",
                "string"
              ],
              "imported": [
                "list",
                "string"
              ],
              "total": [
                "tuple",
                [
                  "string",
                  "string"
                ]
              ]
            }
          ],
          "ports": [
            "object",
            {
              "created": [
                "list",
                "string"
              ]
            }
          ],
          "routers": [
            "object",
            {
              "created": [
                "tuple",
                [
                  "string"
                ]
              ],
              "existing": [
                "tuple",
                []
              ],
              "imported": [
                "list",
                "string"
              ],
              "total": [
                "tuple",
                [
                  "string",
                  "string"
                ]
              ]
            }
          ],
          "subnets": [
            "object",
            {
              "created": [
                "list",
                "string"
              ],
              "imported": [
                "list",
                "string"
              ],
              "total": [
                "tuple",
                [
                  "string",
                  "string",
                  "string"
                ]
              ]
            }
          ]
        }
      ]
    },
    "developer_vm_details": {
      "value": {
        "extra_vm": {
          "boot_volume_id": null,
          "data_volume_count": 0,
          "data_volumes": [],
          "fip": null,
          "flavor": "m1.small",
          "id": "7910ea0b-f130-43bd-8e2a-e248b77ebd23",
          "name": "vm-extra-subnet",
          "power_state": "active",
          "private_ip": "10.10.200.203"
        },
        "multi_vm": {
          "boot_volume_id": null,
          "data_volume_count": 0,
          "data_volumes": [],
          "fip": "192.168.13.24",
          "flavor": "m1.small",
          "id": "2989c474-1004-4a28-87c1-51e900f7591e",
          "name": "vm-multi-nic",
          "power_state": "active",
          "private_ip": "10.10.0.16"
        },
        "new_vm": {
          "boot_volume_id": null,
          "data_volume_count": 0,
          "data_volumes": [],
          "fip": "192.168.13.148",
          "flavor": "m1.small",
          "id": "2b3a1f5c-289e-4182-ba88-4d7d5c55c4d3",
          "name": "vm-new-subnet",
          "power_state": "active",
          "private_ip": "10.20.100.187"
        },
        "old_vm": {
          "boot_volume_id": null,
          "data_volume_count": 0,
          "data_volumes": [],
          "fip": "192.168.13.209",
          "flavor": "m1.small",
          "id": "e2bd70e7-9f29-4b48-b9ac-f56f42d62cb9",
          "name": "vm-existing-subnet",
          "power_state": "active",
          "private_ip": "10.10.0.62"
        }
      },
      "type": [
        "object",
        {
          "extra_vm": [
            "object",
            {
              "boot_volume_id": "dynamic",
              "data_volume_count": "number",
              "data_volumes": [
                "tuple",
                []
              ],
              "fip": "dynamic",
              "flavor": "string",
              "id": "string",
              "name": "string",
              "power_state": "string",
              "private_ip": "string"
            }
          ],
          "multi_vm": [
            "object",
            {
              "boot_volume_id": "dynamic",
              "data_volume_count": "number",
              "data_volumes": [
                "tuple",
                []
              ],
              "fip": "string",
              "flavor": "string",
              "id": "string",
              "name": "string",
              "power_state": "string",
              "private_ip": "string"
            }
          ],
          "new_vm": [
            "object",
            {
              "boot_volume_id": "dynamic",
              "data_volume_count": "number",
              "data_volumes": [
                "tuple",
                []
              ],
              "fip": "string",
              "flavor": "string",
              "id": "string",
              "name": "string",
              "power_state": "string",
              "private_ip": "string"
            }
          ],
          "old_vm": [
            "object",
            {
              "boot_volume_id": "dynamic",
              "data_volume_count": "number",
              "data_volumes": [
                "tuple",
                []
              ],
              "fip": "string",
              "flavor": "string",
              "id": "string",
              "name": "string",
              "power_state": "string",
              "private_ip": "string"
            }
          ]
        }
      ]
    },
    "developer_vm_fips": {
      "value": {
        "multi_vm": "192.168.13.24",
        "new_vm": "192.168.13.148",
        "old_vm": "192.168.13.209"
      },
      "type": [
        "object",
        {
          "multi_vm": "string",
          "new_vm": "string",
          "old_vm": "string"
        }
      ]
    },
    "developer_vm_storage_summary": {
      "value": {
        "extra_vm": {
          "boot_volume_size": 0,
          "data_volumes_total_size": 0,
          "total_storage": 0,
          "vm_name": "vm-extra-subnet"
        },
        "multi_vm": {
          "boot_volume_size": 0,
          "data_volumes_total_size": 0,
          "total_storage": 0,
          "vm_name": "vm-multi-nic"
        },
        "new_vm": {
          "boot_volume_size": 0,
          "data_volumes_total_size": 0,
          "total_storage": 0,
          "vm_name": "vm-new-subnet"
        },
        "old_vm": {
          "boot_volume_size": 0,
          "data_volumes_total_size": 0,
          "total_storage": 0,
          "vm_name": "vm-existing-subnet"
        }
      },
      "type": [
        "object",
        {
          "extra_vm": [
            "object",
            {
              "boot_volume_size": "number",
              "data_volumes_total_size": "number",
              "total_storage": "number",
              "vm_name": "string"
            }
          ],
          "multi_vm": [
            "object",
            {
              "boot_volume_size": "number",
              "data_volumes_total_size": "number",
              "total_storage": "number",
              "vm_name": "string"
            }
          ],
          "new_vm": [
            "object",
            {
              "boot_volume_size": "number",
              "data_volumes_total_size": "number",
              "total_storage": "number",
              "vm_name": "string"
            }
          ],
          "old_vm": [
            "object",
            {
              "boot_volume_size": "number",
              "data_volumes_total_size": "number",
              "total_storage": "number",
              "vm_name": "string"
            }
          ]
        }
      ]
    },
    "terraform_outputs_file": {
      "value": "./../terraform_outputs/developer/terraform_output.json",
      "type": "string"
    }
  },
  "resources": [
    {
      "mode": "managed",
      "type": "null_resource",
      "name": "save_outputs",
      "provider": "provider[\"registry.terraform.io/hashicorp/null\"]",
      "instances": [
        {
          "schema_version": 0,
          "attributes": {
            "id": "5005480975553350477",
            "triggers": {
              "always_run": "2026-04-06T07:35:40Z",
              "vm_fips": "{\"multi_vm\":\"192.168.13.24\",\"new_vm\":\"192.168.13.148\",\"old_vm\":\"192.168.13.209\"}"
            }
          },
          "sensitive_attributes": [],
          "identity_schema_version": 0,
          "dependencies": [
            "module.network.data.openstack_networking_network_v2.external",
            "module.network.data.openstack_networking_network_v2.imported",
            "module.network.data.openstack_networking_router_v2.existing",
            "module.network.data.openstack_networking_router_v2.imported_routers",
            "module.network.data.openstack_networking_subnet_v2.imported",
            "module.network.openstack_networking_network_v2.networks",
            "module.network.openstack_networking_port_v2.ports",
            "module.network.openstack_networking_router_interface_v2.router_interfaces",
            "module.network.openstack_networking_router_v2.routers",
            "module.network.openstack_networking_subnet_v2.subnets",
            "module.vms.data.openstack_networking_network_v2.existing",
            "module.vms.data.openstack_networking_network_v2.external",
            "module.vms.openstack_blockstorage_volume_v3.boot_volumes",
            "module.vms.openstack_blockstorage_volume_v3.data_volumes",
            "module.vms.openstack_compute_floatingip_associate_v2.fip_assoc",
            "module.vms.openstack_compute_instance_v2.vms",
            "module.vms.openstack_compute_interface_attach_v2.secondary_ports",
            "module.vms.openstack_compute_volume_attach_v2.attach_data",
            "module.vms.openstack_networking_floatingip_v2.fips"
          ]
        }
      ]
    },
    {
      "module": "module.network",
      "mode": "data",
      "type": "openstack_networking_network_v2",
      "name": "external",
      "provider": "provider[\"registry.terraform.io/terraform-provider-openstack/openstack\"]",
      "instances": [
        {
          "schema_version": 0,
          "attributes": {
            "admin_state_up": "true",
            "all_tags": [],
            "availability_zone_hints": [],
            "description": "",
            "dns_domain": "",
            "external": true,
            "id": "5b3b6d8d-179d-47c6-bf4b-9f1865285839",
            "matching_subnet_cidr": null,
            "mtu": 1500,
            "name": "public1",
            "network_id": null,
            "region": "RegionOne",
            "segments": [],
            "shared": "true",
            "status": null,
            "subnets": [
              "d14b3810-be34-4ce3-87d6-200e60c66850"
            ],
            "tags": null,
            "tenant_id": "0b4c82a512d849ca927b8a517e43dbe7",
            "transparent_vlan": false
          },
          "sensitive_attributes": [],
          "identity_schema_version": 0
        }
      ]
    },
    {
      "module": "module.network",
      "mode": "data",
      "type": "openstack_networking_network_v2",
      "name": "imported",
      "provider": "provider[\"registry.terraform.io/terraform-provider-openstack/openstack\"]",
      "instances": [
        {
          "index_key": "old_network",
          "schema_version": 0,
          "attributes": {
            "admin_state_up": "true",
            "all_tags": [],
            "availability_zone_hints": [
              "nova"
            ],
            "description": "",
            "dns_domain": "",
            "external": false,
            "id": "c1b877ea-9774-4b23-b483-a5a56ada87ad",
            "matching_subnet_cidr": null,
            "mtu": 1450,
            "name": "test-net",
            "network_id": null,
            "region": "RegionOne",
            "segments": [],
            "shared": "false",
            "status": null,
            "subnets": [
              "61d94fd9-391f-4a48-889b-6604e694c2e9",
              "de9112bd-cf55-4562-a7d0-775c599c6e2c"
            ],
            "tags": null,
            "tenant_id": "a650cca7a11f4cae82948cd068ec11e4",
            "transparent_vlan": false
          },
          "sensitive_attributes": [],
          "identity_schema_version": 0
        }
      ]
    },
    {
      "module": "module.network",
      "mode": "data",
      "type": "openstack_networking_router_v2",
      "name": "imported_routers",
      "provider": "provider[\"registry.terraform.io/terraform-provider-openstack/openstack\"]",
      "instances": [
        {
          "index_key": "old_router",
          "schema_version": 0,
          "attributes": {
            "admin_state_up": true,
            "all_tags": [],
            "availability_zone_hints": [
              "nova"
            ],
            "description": "",
            "distributed": false,
            "enable_snat": true,
            "external_fixed_ip": [
              {
                "ip_address": "192.168.13.45",
                "subnet_id": "d14b3810-be34-4ce3-87d6-200e60c66850"
              }
            ],
            "external_network_id": "5b3b6d8d-179d-47c6-bf4b-9f1865285839",
            "id": "69369630-3ff6-4d39-8fdb-1f973dbe077f",
            "name": "test",
            "region": "RegionOne",
            "router_id": null,
            "status": "ACTIVE",
            "tags": null,
            "tenant_id": "a650cca7a11f4cae82948cd068ec11e4"
          },
          "sensitive_attributes": [],
          "identity_schema_version": 0
        }
      ]
    },
    {
      "module": "module.network",
      "mode": "data",
      "type": "openstack_networking_subnet_v2",
      "name": "imported",
      "provider": "provider[\"registry.terraform.io/terraform-provider-openstack/openstack\"]",
      "instances": [
        {
          "index_key": "old_subnet",
          "schema_version": 0,
          "attributes": {
            "all_tags": [],
            "allocation_pools": [
              {
                "end": "10.10.0.254",
                "start": "10.10.0.2"
              }
            ],
            "cidr": "10.10.0.0/24",
            "description": "",
            "dhcp_disabled": null,
            "dhcp_enabled": null,
            "dns_nameservers": [],
            "enable_dhcp": true,
            "gateway_ip": "10.10.0.1",
            "host_routes": [],
            "id": "61d94fd9-391f-4a48-889b-6604e694c2e9",
            "ip_version": 4,
            "ipv6_address_mode": "",
            "ipv6_ra_mode": "",
            "name": "test-sub",
            "network_id": "c1b877ea-9774-4b23-b483-a5a56ada87ad",
            "region": "RegionOne",
            "service_types": [],
            "subnet_id": null,
            "subnetpool_id": "",
            "tags": null,
            "tenant_id": "a650cca7a11f4cae82948cd068ec11e4"
          },
          "sensitive_attributes": [],
          "identity_schema_version": 0
        }
      ]
    },
    {
      "module": "module.network",
      "mode": "managed",
      "type": "openstack_networking_network_v2",
      "name": "networks",
      "provider": "provider[\"registry.terraform.io/terraform-provider-openstack/openstack\"]",
      "instances": [
        {
          "index_key": "new_network",
          "schema_version": 0,
          "attributes": {
            "admin_state_up": true,
            "all_tags": [],
            "availability_zone_hints": [],
            "description": "",
            "dns_domain": "",
            "external": false,
            "id": "f0ac4d9a-4994-40ea-930f-c82aca69ba4a",
            "mtu": 1450,
            "name": "new-network",
            "port_security_enabled": true,
            "qos_policy_id": "",
            "region": "RegionOne",
            "segments": [],
            "shared": false,
            "tags": [],
            "tenant_id": "a650cca7a11f4cae82948cd068ec11e4",
            "timeouts": null,
            "transparent_vlan": false,
            "value_specs": null
          },
          "sensitive_attributes": [],
          "identity_schema_version": 0,
          "private": "eyJlMmJmYjczMC1lY2FhLTExZTYtOGY4OC0zNDM2M2JjN2M0YzAiOnsiY3JlYXRlIjo2MDAwMDAwMDAwMDAsImRlbGV0ZSI6NjAwMDAwMDAwMDAwfX0=",
          "create_before_destroy": true
        }
      ]
    },
    {
      "module": "module.network",
      "mode": "managed",
      "type": "openstack_networking_port_v2",
      "name": "ports",
      "provider": "provider[\"registry.terraform.io/terraform-provider-openstack/openstack\"]",
      "instances": [
        {
          "index_key": "extra_vm_port",
          "schema_version": 0,
          "attributes": {
            "admin_state_up": true,
            "all_fixed_ips": [
              "10.10.200.203"
            ],
            "all_security_group_ids": [
              "e3071662-d23f-4f7f-a3c8-06e1a430fd8c"
            ],
            "all_tags": [],
            "allowed_address_pairs": [],
            "binding": [
              {
                "host_id": "",
                "profile": "",
                "vif_details": {},
                "vif_type": "",
                "vnic_type": "normal"
              }
            ],
            "description": "",
            "device_id": "",
            "device_owner": "",
            "dns_assignment": [],
            "dns_name": "",
            "extra_dhcp_option": [],
            "fixed_ip": [
              {
                "ip_address": "",
                "subnet_id": "de9112bd-cf55-4562-a7d0-775c599c6e2c"
              }
            ],
            "id": "a323a6ac-02d7-42ab-ba16-2e24d280e707",
            "mac_address": "fa:16:3e:2f:cb:a4",
            "name": "extra-vm-port",
            "network_id": "c1b877ea-9774-4b23-b483-a5a56ada87ad",
            "no_fixed_ip": null,
            "no_security_groups": null,
            "port_security_enabled": true,
            "qos_policy_id": "",
            "region": "RegionOne",
            "security_group_ids": null,
            "tags": [],
            "tenant_id": "a650cca7a11f4cae82948cd068ec11e4",
            "timeouts": null,
            "value_specs": null
          },
          "sensitive_attributes": [],
          "identity_schema_version": 0,
          "private": "eyJlMmJmYjczMC1lY2FhLTExZTYtOGY4OC0zNDM2M2JjN2M0YzAiOnsiY3JlYXRlIjo2MDAwMDAwMDAwMDAsImRlbGV0ZSI6NjAwMDAwMDAwMDAwfX0=",
          "dependencies": [
            "module.network.data.openstack_networking_network_v2.imported",
            "module.network.data.openstack_networking_subnet_v2.imported",
            "module.network.openstack_networking_network_v2.networks",
            "module.network.openstack_networking_subnet_v2.subnets"
          ],
          "create_before_destroy": true
        },
        {
          "index_key": "multi_vm_port_new",
          "schema_version": 0,
          "attributes": {
            "admin_state_up": true,
            "all_fixed_ips": [
              "10.20.100.141"
            ],
            "all_security_group_ids": [
              "e3071662-d23f-4f7f-a3c8-06e1a430fd8c"
            ],
            "all_tags": [],
            "allowed_address_pairs": [],
            "binding": [
              {
                "host_id": "",
                "profile": "",
                "vif_details": {},
                "vif_type": "",
                "vnic_type": "normal"
              }
            ],
            "description": "",
            "device_id": "",
            "device_owner": "",
            "dns_assignment": [],
            "dns_name": "",
            "extra_dhcp_option": [],
            "fixed_ip": [
              {
                "ip_address": "",
                "subnet_id": "8d618206-b4d9-48c5-a55c-3fcaa94ea799"
              }
            ],
            "id": "825d11ad-d90a-4f47-af5a-93e35dda3d1e",
            "mac_address": "fa:16:3e:3f:0a:9d",
            "name": "multi-vm-port-new",
            "network_id": "f0ac4d9a-4994-40ea-930f-c82aca69ba4a",
            "no_fixed_ip": null,
            "no_security_groups": null,
            "port_security_enabled": true,
            "qos_policy_id": "",
            "region": "RegionOne",
            "security_group_ids": null,
            "tags": [],
            "tenant_id": "a650cca7a11f4cae82948cd068ec11e4",
            "timeouts": null,
            "value_specs": null
          },
          "sensitive_attributes": [],
          "identity_schema_version": 0,
          "private": "eyJlMmJmYjczMC1lY2FhLTExZTYtOGY4OC0zNDM2M2JjN2M0YzAiOnsiY3JlYXRlIjo2MDAwMDAwMDAwMDAsImRlbGV0ZSI6NjAwMDAwMDAwMDAwfX0=",
          "dependencies": [
            "module.network.data.openstack_networking_network_v2.imported",
            "module.network.data.openstack_networking_subnet_v2.imported",
            "module.network.openstack_networking_network_v2.networks",
            "module.network.openstack_networking_subnet_v2.subnets"
          ],
          "create_before_destroy": true
        },
        {
          "index_key": "multi_vm_port_old",
          "schema_version": 0,
          "attributes": {
            "admin_state_up": true,
            "all_fixed_ips": [
              "10.10.0.16"
            ],
            "all_security_group_ids": [
              "e3071662-d23f-4f7f-a3c8-06e1a430fd8c"
            ],
            "all_tags": [],
            "allowed_address_pairs": [],
            "binding": [
              {
                "host_id": "",
                "profile": "",
                "vif_details": {},
                "vif_type": "",
                "vnic_type": "normal"
              }
            ],
            "description": "",
            "device_id": "",
            "device_owner": "",
            "dns_assignment": [],
            "dns_name": "",
            "extra_dhcp_option": [],
            "fixed_ip": [
              {
                "ip_address": "",
                "subnet_id": "61d94fd9-391f-4a48-889b-6604e694c2e9"
              }
            ],
            "id": "da5ec4bd-795f-46fa-bf0d-c919407aded2",
            "mac_address": "fa:16:3e:b1:05:80",
            "name": "multi-vm-port-old",
            "network_id": "c1b877ea-9774-4b23-b483-a5a56ada87ad",
            "no_fixed_ip": null,
            "no_security_groups": null,
            "port_security_enabled": true,
            "qos_policy_id": "",
            "region": "RegionOne",
            "security_group_ids": null,
            "tags": [],
            "tenant_id": "a650cca7a11f4cae82948cd068ec11e4",
            "timeouts": null,
            "value_specs": null
          },
          "sensitive_attributes": [],
          "identity_schema_version": 0,
          "private": "eyJlMmJmYjczMC1lY2FhLTExZTYtOGY4OC0zNDM2M2JjN2M0YzAiOnsiY3JlYXRlIjo2MDAwMDAwMDAwMDAsImRlbGV0ZSI6NjAwMDAwMDAwMDAwfX0=",
          "dependencies": [
            "module.network.data.openstack_networking_network_v2.imported",
            "module.network.data.openstack_networking_subnet_v2.imported",
            "module.network.openstack_networking_network_v2.networks",
            "module.network.openstack_networking_subnet_v2.subnets"
          ],
          "create_before_destroy": true
        },
        {
          "index_key": "new_vm_port",
          "schema_version": 0,
          "attributes": {
            "admin_state_up": true,
            "all_fixed_ips": [
              "10.20.100.187"
            ],
            "all_security_group_ids": [
              "e3071662-d23f-4f7f-a3c8-06e1a430fd8c"
            ],
            "all_tags": [],
            "allowed_address_pairs": [],
            "binding": [
              {
                "host_id": "",
                "profile": "",
                "vif_details": {},
                "vif_type": "",
                "vnic_type": "normal"
              }
            ],
            "description": "",
            "device_id": "",
            "device_owner": "",
            "dns_assignment": [],
            "dns_name": "",
            "extra_dhcp_option": [],
            "fixed_ip": [
              {
                "ip_address": "",
                "subnet_id": "8d618206-b4d9-48c5-a55c-3fcaa94ea799"
              }
            ],
            "id": "111308b1-fc78-4a19-94f2-1b16da195ffe",
            "mac_address": "fa:16:3e:a8:ae:84",
            "name": "new-vm-port",
            "network_id": "f0ac4d9a-4994-40ea-930f-c82aca69ba4a",
            "no_fixed_ip": null,
            "no_security_groups": null,
            "port_security_enabled": true,
            "qos_policy_id": "",
            "region": "RegionOne",
            "security_group_ids": null,
            "tags": [],
            "tenant_id": "a650cca7a11f4cae82948cd068ec11e4",
            "timeouts": null,
            "value_specs": null
          },
          "sensitive_attributes": [],
          "identity_schema_version": 0,
          "private": "eyJlMmJmYjczMC1lY2FhLTExZTYtOGY4OC0zNDM2M2JjN2M0YzAiOnsiY3JlYXRlIjo2MDAwMDAwMDAwMDAsImRlbGV0ZSI6NjAwMDAwMDAwMDAwfX0=",
          "dependencies": [
            "module.network.data.openstack_networking_network_v2.imported",
            "module.network.data.openstack_networking_subnet_v2.imported",
            "module.network.openstack_networking_network_v2.networks",
            "module.network.openstack_networking_subnet_v2.subnets"
          ],
          "create_before_destroy": true
        },
        {
          "index_key": "old_vm_port",
          "schema_version": 0,
          "attributes": {
            "admin_state_up": true,
            "all_fixed_ips": [
              "10.10.0.62"
            ],
            "all_security_group_ids": [
              "e3071662-d23f-4f7f-a3c8-06e1a430fd8c"
            ],
            "all_tags": [],
            "allowed_address_pairs": [],
            "binding": [
              {
                "host_id": "",
                "profile": "",
                "vif_details": {},
                "vif_type": "",
                "vnic_type": "normal"
              }
            ],
            "description": "",
            "device_id": "",
            "device_owner": "",
            "dns_assignment": [],
            "dns_name": "",
            "extra_dhcp_option": [],
            "fixed_ip": [
              {
                "ip_address": "",
                "subnet_id": "61d94fd9-391f-4a48-889b-6604e694c2e9"
              }
            ],
            "id": "bef65a21-ad58-4a53-98f2-f77fb1365630",
            "mac_address": "fa:16:3e:eb:43:73",
            "name": "old-vm-port",
            "network_id": "c1b877ea-9774-4b23-b483-a5a56ada87ad",
            "no_fixed_ip": null,
            "no_security_groups": null,
            "port_security_enabled": true,
            "qos_policy_id": "",
            "region": "RegionOne",
            "security_group_ids": null,
            "tags": [],
            "tenant_id": "a650cca7a11f4cae82948cd068ec11e4",
            "timeouts": null,
            "value_specs": null
          },
          "sensitive_attributes": [],
          "identity_schema_version": 0,
          "private": "eyJlMmJmYjczMC1lY2FhLTExZTYtOGY4OC0zNDM2M2JjN2M0YzAiOnsiY3JlYXRlIjo2MDAwMDAwMDAwMDAsImRlbGV0ZSI6NjAwMDAwMDAwMDAwfX0=",
          "dependencies": [
            "module.network.data.openstack_networking_network_v2.imported",
            "module.network.data.openstack_networking_subnet_v2.imported",
            "module.network.openstack_networking_network_v2.networks",
            "module.network.openstack_networking_subnet_v2.subnets"
          ],
          "create_before_destroy": true
        }
      ]
    },
    {
      "module": "module.network",
      "mode": "managed",
      "type": "openstack_networking_router_interface_v2",
      "name": "router_interfaces",
      "provider": "provider[\"registry.terraform.io/terraform-provider-openstack/openstack\"]",
      "instances": [
        {
          "index_key": "extra_subnet",
          "schema_version": 0,
          "attributes": {
            "force_destroy": false,
            "id": "d6a69723-49a7-495a-8e7a-17e8637ff026",
            "port_id": "d6a69723-49a7-495a-8e7a-17e8637ff026",
            "region": "RegionOne",
            "router_id": "69369630-3ff6-4d39-8fdb-1f973dbe077f",
            "subnet_id": "de9112bd-cf55-4562-a7d0-775c599c6e2c",
            "timeouts": null
          },
          "sensitive_attributes": [],
          "identity_schema_version": 0,
          "private": "eyJlMmJmYjczMC1lY2FhLTExZTYtOGY4OC0zNDM2M2JjN2M0YzAiOnsiY3JlYXRlIjo2MDAwMDAwMDAwMDAsImRlbGV0ZSI6NjAwMDAwMDAwMDAwfX0=",
          "dependencies": [
            "module.network.data.openstack_networking_network_v2.external",
            "module.network.data.openstack_networking_network_v2.imported",
            "module.network.data.openstack_networking_router_v2.existing",
            "module.network.data.openstack_networking_router_v2.imported_routers",
            "module.network.openstack_networking_network_v2.networks",
            "module.network.openstack_networking_router_v2.routers",
            "module.network.openstack_networking_subnet_v2.subnets"
          ]
        },
        {
          "index_key": "new_subnet",
          "schema_version": 0,
          "attributes": {
            "force_destroy": false,
            "id": "2f862367-1e66-4527-8559-bc808c8c53c1",
            "port_id": "2f862367-1e66-4527-8559-bc808c8c53c1",
            "region": "RegionOne",
            "router_id": "4b69af18-9351-4f8f-a496-f7d1f60201d2",
            "subnet_id": "8d618206-b4d9-48c5-a55c-3fcaa94ea799",
            "timeouts": null
          },
          "sensitive_attributes": [],
          "identity_schema_version": 0,
          "private": "eyJlMmJmYjczMC1lY2FhLTExZTYtOGY4OC0zNDM2M2JjN2M0YzAiOnsiY3JlYXRlIjo2MDAwMDAwMDAwMDAsImRlbGV0ZSI6NjAwMDAwMDAwMDAwfX0=",
          "dependencies": [
            "module.network.data.openstack_networking_network_v2.external",
            "module.network.data.openstack_networking_network_v2.imported",
            "module.network.data.openstack_networking_router_v2.existing",
            "module.network.data.openstack_networking_router_v2.imported_routers",
            "module.network.openstack_networking_network_v2.networks",
            "module.network.openstack_networking_router_v2.routers",
            "module.network.openstack_networking_subnet_v2.subnets"
          ]
        }
      ]
    },
    {
      "module": "module.network",
      "mode": "managed",
      "type": "openstack_networking_router_v2",
      "name": "routers",
      "provider": "provider[\"registry.terraform.io/terraform-provider-openstack/openstack\"]",
      "instances": [
        {
          "index_key": "new_router",
          "schema_version": 0,
          "attributes": {
            "admin_state_up": true,
            "all_tags": [],
            "availability_zone_hints": [],
            "description": "",
            "distributed": false,
            "enable_snat": true,
            "external_fixed_ip": [
              {
                "ip_address": "192.168.13.121",
                "subnet_id": "d14b3810-be34-4ce3-87d6-200e60c66850"
              }
            ],
            "external_gateway": "5b3b6d8d-179d-47c6-bf4b-9f1865285839",
            "external_network_id": "5b3b6d8d-179d-47c6-bf4b-9f1865285839",
            "external_subnet_ids": null,
            "id": "4b69af18-9351-4f8f-a496-f7d1f60201d2",
            "name": "new-router",
            "region": "RegionOne",
            "tags": [],
            "tenant_id": "a650cca7a11f4cae82948cd068ec11e4",
            "timeouts": null,
            "value_specs": null,
            "vendor_options": []
          },
          "sensitive_attributes": [],
          "identity_schema_version": 0,
          "private": "eyJlMmJmYjczMC1lY2FhLTExZTYtOGY4OC0zNDM2M2JjN2M0YzAiOnsiY3JlYXRlIjo2MDAwMDAwMDAwMDAsImRlbGV0ZSI6NjAwMDAwMDAwMDAwfX0=",
          "dependencies": [
            "module.network.data.openstack_networking_network_v2.external"
          ]
        }
      ]
    },
    {
      "module": "module.network",
      "mode": "managed",
      "type": "openstack_networking_subnet_v2",
      "name": "subnets",
      "provider": "provider[\"registry.terraform.io/terraform-provider-openstack/openstack\"]",
      "instances": [
        {
          "index_key": "extra_subnet",
          "schema_version": 0,
          "attributes": {
            "all_tags": [],
            "allocation_pool": [
              {
                "end": "10.10.200.254",
                "start": "10.10.200.2"
              }
            ],
            "allocation_pools": [
              {
                "end": "10.10.200.254",
                "start": "10.10.200.2"
              }
            ],
            "cidr": "10.10.200.0/24",
            "description": "",
            "dns_nameservers": [],
            "enable_dhcp": true,
            "gateway_ip": "10.10.200.1",
            "host_routes": [],
            "id": "de9112bd-cf55-4562-a7d0-775c599c6e2c",
            "ip_version": 4,
            "ipv6_address_mode": "",
            "ipv6_ra_mode": "",
            "name": "extra-subnet",
            "network_id": "c1b877ea-9774-4b23-b483-a5a56ada87ad",
            "no_gateway": false,
            "prefix_length": null,
            "region": "RegionOne",
            "service_types": [],
            "subnetpool_id": "",
            "tags": [],
            "tenant_id": "a650cca7a11f4cae82948cd068ec11e4",
            "timeouts": null,
            "value_specs": null
          },
          "sensitive_attributes": [],
          "identity_schema_version": 0,
          "private": "eyJlMmJmYjczMC1lY2FhLTExZTYtOGY4OC0zNDM2M2JjN2M0YzAiOnsiY3JlYXRlIjo2MDAwMDAwMDAwMDAsImRlbGV0ZSI6NjAwMDAwMDAwMDAwfX0=",
          "dependencies": [
            "module.network.data.openstack_networking_network_v2.imported",
            "module.network.openstack_networking_network_v2.networks"
          ],
          "create_before_destroy": true
        },
        {
          "index_key": "new_subnet",
          "schema_version": 0,
          "attributes": {
            "all_tags": [],
            "allocation_pool": [
              {
                "end": "10.20.100.254",
                "start": "10.20.100.2"
              }
            ],
            "allocation_pools": [
              {
                "end": "10.20.100.254",
                "start": "10.20.100.2"
              }
            ],
            "cidr": "10.20.100.0/24",
            "description": "",
            "dns_nameservers": [],
            "enable_dhcp": true,
            "gateway_ip": "10.20.100.1",
            "host_routes": [],
            "id": "8d618206-b4d9-48c5-a55c-3fcaa94ea799",
            "ip_version": 4,
            "ipv6_address_mode": "",
            "ipv6_ra_mode": "",
            "name": "new-subnet",
            "network_id": "f0ac4d9a-4994-40ea-930f-c82aca69ba4a",
            "no_gateway": false,
            "prefix_length": null,
            "region": "RegionOne",
            "service_types": [],
            "subnetpool_id": "",
            "tags": [],
            "tenant_id": "a650cca7a11f4cae82948cd068ec11e4",
            "timeouts": null,
            "value_specs": null
          },
          "sensitive_attributes": [],
          "identity_schema_version": 0,
          "private": "eyJlMmJmYjczMC1lY2FhLTExZTYtOGY4OC0zNDM2M2JjN2M0YzAiOnsiY3JlYXRlIjo2MDAwMDAwMDAwMDAsImRlbGV0ZSI6NjAwMDAwMDAwMDAwfX0=",
          "dependencies": [
            "module.network.data.openstack_networking_network_v2.imported",
            "module.network.openstack_networking_network_v2.networks"
          ],
          "create_before_destroy": true
        }
      ]
    },
    {
      "module": "module.vms",
      "mode": "data",
      "type": "openstack_networking_network_v2",
      "name": "external",
      "provider": "provider[\"registry.terraform.io/terraform-provider-openstack/openstack\"]",
      "instances": [
        {
          "schema_version": 0,
          "attributes": {
            "admin_state_up": "true",
            "all_tags": [],
            "availability_zone_hints": [],
            "description": "",
            "dns_domain": "",
            "external": true,
            "id": "5b3b6d8d-179d-47c6-bf4b-9f1865285839",
            "matching_subnet_cidr": null,
            "mtu": 1500,
            "name": "public1",
            "network_id": null,
            "region": "RegionOne",
            "segments": [],
            "shared": "true",
            "status": null,
            "subnets": [
              "d14b3810-be34-4ce3-87d6-200e60c66850"
            ],
            "tags": null,
            "tenant_id": "0b4c82a512d849ca927b8a517e43dbe7",
            "transparent_vlan": false
          },
          "sensitive_attributes": [],
          "identity_schema_version": 0
        }
      ]
    },
    {
      "module": "module.vms",
      "mode": "managed",
      "type": "openstack_compute_floatingip_associate_v2",
      "name": "fip_assoc",
      "provider": "provider[\"registry.terraform.io/terraform-provider-openstack/openstack\"]",
      "instances": [
        {
          "index_key": "multi_vm",
          "schema_version": 0,
          "attributes": {
            "fixed_ip": "",
            "floating_ip": "192.168.13.24",
            "id": "192.168.13.24/2989c474-1004-4a28-87c1-51e900f7591e/",
            "instance_id": "2989c474-1004-4a28-87c1-51e900f7591e",
            "region": "RegionOne",
            "timeouts": null,
            "wait_until_associated": null
          },
          "sensitive_attributes": [],
          "identity_schema_version": 0,
          "private": "eyJlMmJmYjczMC1lY2FhLTExZTYtOGY4OC0zNDM2M2JjN2M0YzAiOnsiY3JlYXRlIjo2MDAwMDAwMDAwMDB9fQ==",
          "dependencies": [
            "module.network.data.openstack_networking_network_v2.imported",
            "module.network.data.openstack_networking_subnet_v2.imported",
            "module.network.openstack_networking_network_v2.networks",
            "module.network.openstack_networking_port_v2.ports",
            "module.network.openstack_networking_subnet_v2.subnets",
            "module.vms.data.openstack_networking_network_v2.existing",
            "module.vms.data.openstack_networking_network_v2.external",
            "module.vms.openstack_blockstorage_volume_v3.boot_volumes",
            "module.vms.openstack_compute_instance_v2.vms",
            "module.vms.openstack_networking_floatingip_v2.fips"
          ]
        },
        {
          "index_key": "new_vm",
          "schema_version": 0,
          "attributes": {
            "fixed_ip": "",
            "floating_ip": "192.168.13.148",
            "id": "192.168.13.148/2b3a1f5c-289e-4182-ba88-4d7d5c55c4d3/",
            "instance_id": "2b3a1f5c-289e-4182-ba88-4d7d5c55c4d3",
            "region": "RegionOne",
            "timeouts": null,
            "wait_until_associated": null
          },
          "sensitive_attributes": [],
          "identity_schema_version": 0,
          "private": "eyJlMmJmYjczMC1lY2FhLTExZTYtOGY4OC0zNDM2M2JjN2M0YzAiOnsiY3JlYXRlIjo2MDAwMDAwMDAwMDB9fQ==",
          "dependencies": [
            "module.network.data.openstack_networking_network_v2.imported",
            "module.network.data.openstack_networking_subnet_v2.imported",
            "module.network.openstack_networking_network_v2.networks",
            "module.network.openstack_networking_port_v2.ports",
            "module.network.openstack_networking_subnet_v2.subnets",
            "module.vms.data.openstack_networking_network_v2.existing",
            "module.vms.data.openstack_networking_network_v2.external",
            "module.vms.openstack_blockstorage_volume_v3.boot_volumes",
            "module.vms.openstack_compute_instance_v2.vms",
            "module.vms.openstack_networking_floatingip_v2.fips"
          ]
        },
        {
          "index_key": "old_vm",
          "schema_version": 0,
          "attributes": {
            "fixed_ip": "",
            "floating_ip": "192.168.13.209",
            "id": "192.168.13.209/e2bd70e7-9f29-4b48-b9ac-f56f42d62cb9/",
            "instance_id": "e2bd70e7-9f29-4b48-b9ac-f56f42d62cb9",
            "region": "RegionOne",
            "timeouts": null,
            "wait_until_associated": null
          },
          "sensitive_attributes": [],
          "identity_schema_version": 0,
          "private": "eyJlMmJmYjczMC1lY2FhLTExZTYtOGY4OC0zNDM2M2JjN2M0YzAiOnsiY3JlYXRlIjo2MDAwMDAwMDAwMDB9fQ==",
          "dependencies": [
            "module.network.data.openstack_networking_network_v2.imported",
            "module.network.data.openstack_networking_subnet_v2.imported",
            "module.network.openstack_networking_network_v2.networks",
            "module.network.openstack_networking_port_v2.ports",
            "module.network.openstack_networking_subnet_v2.subnets",
            "module.vms.data.openstack_networking_network_v2.existing",
            "module.vms.data.openstack_networking_network_v2.external",
            "module.vms.openstack_blockstorage_volume_v3.boot_volumes",
            "module.vms.openstack_compute_instance_v2.vms",
            "module.vms.openstack_networking_floatingip_v2.fips"
          ]
        }
      ]
    },
    {
      "module": "module.vms",
      "mode": "managed",
      "type": "openstack_compute_instance_v2",
      "name": "vms",
      "provider": "provider[\"registry.terraform.io/terraform-provider-openstack/openstack\"]",
      "instances": [
        {
          "index_key": "extra_vm",
          "schema_version": 0,
          "attributes": {
            "access_ip_v4": "10.10.200.203",
            "access_ip_v6": "",
            "admin_pass": null,
            "all_metadata": {
              "environment": "multinode"
            },
            "all_tags": [],
            "availability_zone": "nova",
            "availability_zone_hints": null,
            "block_device": [],
            "config_drive": null,
            "created": "2026-04-06 07:34:55 +0000 UTC",
            "flavor_id": "2",
            "flavor_name": "m1.small",
            "floating_ip": null,
            "force_delete": false,
            "id": "7910ea0b-f130-43bd-8e2a-e248b77ebd23",
            "image_id": "d513524e-46fa-4157-b757-bd4aa8e23f37",
            "image_name": "ubuntu-24",
            "key_pair": "test",
            "metadata": {
              "environment": "multinode"
            },
            "name": "vm-extra-subnet",
            "network": [
              {
                "access_network": false,
                "fixed_ip_v4": "10.10.200.203",
                "fixed_ip_v6": "",
                "floating_ip": "",
                "mac": "fa:16:3e:2f:cb:a4",
                "name": "test-net",
                "port": "a323a6ac-02d7-42ab-ba16-2e24d280e707",
                "uuid": "c1b877ea-9774-4b23-b483-a5a56ada87ad"
              }
            ],
            "network_mode": null,
            "personality": [],
            "power_state": "active",
            "region": "RegionOne",
            "scheduler_hints": [],
            "security_groups": [
              "default"
            ],
            "stop_before_destroy": false,
            "tags": null,
            "timeouts": null,
            "updated": "2026-04-06 07:35:18 +0000 UTC",
            "user_data": "630d72965b0dcfaeb38861d788685a2c85290181",
            "vendor_options": [],
            "volume": []
          },
          "sensitive_attributes": [
            [
              {
                "type": "get_attr",
                "value": "admin_pass"
              }
            ]
          ],
          "identity_schema_version": 0,
          "private": "eyJlMmJmYjczMC1lY2FhLTExZTYtOGY4OC0zNDM2M2JjN2M0YzAiOnsiY3JlYXRlIjoxODAwMDAwMDAwMDAwLCJkZWxldGUiOjE4MDAwMDAwMDAwMDAsInVwZGF0ZSI6MTgwMDAwMDAwMDAwMH19",
          "dependencies": [
            "module.network.data.openstack_networking_network_v2.imported",
            "module.network.data.openstack_networking_subnet_v2.imported",
            "module.network.openstack_networking_network_v2.networks",
            "module.network.openstack_networking_port_v2.ports",
            "module.network.openstack_networking_subnet_v2.subnets",
            "module.vms.data.openstack_networking_network_v2.existing",
            "module.vms.openstack_blockstorage_volume_v3.boot_volumes"
          ],
          "create_before_destroy": true
        },
        {
          "index_key": "multi_vm",
          "schema_version": 0,
          "attributes": {
            "access_ip_v4": "10.10.0.16",
            "access_ip_v6": "",
            "admin_pass": null,
            "all_metadata": {
              "environment": "multinode"
            },
            "all_tags": [],
            "availability_zone": "nova",
            "availability_zone_hints": null,
            "block_device": [],
            "config_drive": null,
            "created": "2026-04-06 07:34:55 +0000 UTC",
            "flavor_id": "2",
            "flavor_name": "m1.small",
            "floating_ip": null,
            "force_delete": false,
            "id": "2989c474-1004-4a28-87c1-51e900f7591e",
            "image_id": "d513524e-46fa-4157-b757-bd4aa8e23f37",
            "image_name": "ubuntu-24",
            "key_pair": "test",
            "metadata": {
              "environment": "multinode"
            },
            "name": "vm-multi-nic",
            "network": [
              {
                "access_network": false,
                "fixed_ip_v4": "10.10.0.16",
                "fixed_ip_v6": "",
                "floating_ip": "",
                "mac": "fa:16:3e:b1:05:80",
                "name": "test-net",
                "port": "da5ec4bd-795f-46fa-bf0d-c919407aded2",
                "uuid": "c1b877ea-9774-4b23-b483-a5a56ada87ad"
              }
            ],
            "network_mode": null,
            "personality": [],
            "power_state": "active",
            "region": "RegionOne",
            "scheduler_hints": [],
            "security_groups": [
              "default"
            ],
            "stop_before_destroy": false,
            "tags": null,
            "timeouts": null,
            "updated": "2026-04-06 07:35:16 +0000 UTC",
            "user_data": "630d72965b0dcfaeb38861d788685a2c85290181",
            "vendor_options": [],
            "volume": []
          },
          "sensitive_attributes": [
            [
              {
                "type": "get_attr",
                "value": "admin_pass"
              }
            ]
          ],
          "identity_schema_version": 0,
          "private": "eyJlMmJmYjczMC1lY2FhLTExZTYtOGY4OC0zNDM2M2JjN2M0YzAiOnsiY3JlYXRlIjoxODAwMDAwMDAwMDAwLCJkZWxldGUiOjE4MDAwMDAwMDAwMDAsInVwZGF0ZSI6MTgwMDAwMDAwMDAwMH19",
          "dependencies": [
            "module.network.data.openstack_networking_network_v2.imported",
            "module.network.data.openstack_networking_subnet_v2.imported",
            "module.network.openstack_networking_network_v2.networks",
            "module.network.openstack_networking_port_v2.ports",
            "module.network.openstack_networking_subnet_v2.subnets",
            "module.vms.data.openstack_networking_network_v2.existing",
            "module.vms.openstack_blockstorage_volume_v3.boot_volumes"
          ],
          "create_before_destroy": true
        },
        {
          "index_key": "new_vm",
          "schema_version": 0,
          "attributes": {
            "access_ip_v4": "10.20.100.187",
            "access_ip_v6": "",
            "admin_pass": null,
            "all_metadata": {
              "environment": "multinode"
            },
            "all_tags": [],
            "availability_zone": "nova",
            "availability_zone_hints": null,
            "block_device": [],
            "config_drive": null,
            "created": "2026-04-06 07:34:55 +0000 UTC",
            "flavor_id": "2",
            "flavor_name": "m1.small",
            "floating_ip": null,
            "force_delete": false,
            "id": "2b3a1f5c-289e-4182-ba88-4d7d5c55c4d3",
            "image_id": "d513524e-46fa-4157-b757-bd4aa8e23f37",
            "image_name": "ubuntu-24",
            "key_pair": "test",
            "metadata": {
              "environment": "multinode"
            },
            "name": "vm-new-subnet",
            "network": [
              {
                "access_network": false,
                "fixed_ip_v4": "10.20.100.187",
                "fixed_ip_v6": "",
                "floating_ip": "",
                "mac": "fa:16:3e:a8:ae:84",
                "name": "new-network",
                "port": "111308b1-fc78-4a19-94f2-1b16da195ffe",
                "uuid": "f0ac4d9a-4994-40ea-930f-c82aca69ba4a"
              }
            ],
            "network_mode": null,
            "personality": [],
            "power_state": "active",
            "region": "RegionOne",
            "scheduler_hints": [],
            "security_groups": [
              "default"
            ],
            "stop_before_destroy": false,
            "tags": null,
            "timeouts": null,
            "updated": "2026-04-06 07:35:13 +0000 UTC",
            "user_data": "630d72965b0dcfaeb38861d788685a2c85290181",
            "vendor_options": [],
            "volume": []
          },
          "sensitive_attributes": [
            [
              {
                "type": "get_attr",
                "value": "admin_pass"
              }
            ]
          ],
          "identity_schema_version": 0,
          "private": "eyJlMmJmYjczMC1lY2FhLTExZTYtOGY4OC0zNDM2M2JjN2M0YzAiOnsiY3JlYXRlIjoxODAwMDAwMDAwMDAwLCJkZWxldGUiOjE4MDAwMDAwMDAwMDAsInVwZGF0ZSI6MTgwMDAwMDAwMDAwMH19",
          "dependencies": [
            "module.network.data.openstack_networking_network_v2.imported",
            "module.network.data.openstack_networking_subnet_v2.imported",
            "module.network.openstack_networking_network_v2.networks",
            "module.network.openstack_networking_port_v2.ports",
            "module.network.openstack_networking_subnet_v2.subnets",
            "module.vms.data.openstack_networking_network_v2.existing",
            "module.vms.openstack_blockstorage_volume_v3.boot_volumes"
          ],
          "create_before_destroy": true
        },
        {
          "index_key": "old_vm",
          "schema_version": 0,
          "attributes": {
            "access_ip_v4": "10.10.0.62",
            "access_ip_v6": "",
            "admin_pass": null,
            "all_metadata": {
              "environment": "multinode"
            },
            "all_tags": [],
            "availability_zone": "nova",
            "availability_zone_hints": null,
            "block_device": [],
            "config_drive": null,
            "created": "2026-04-06 07:34:55 +0000 UTC",
            "flavor_id": "2",
            "flavor_name": "m1.small",
            "floating_ip": null,
            "force_delete": false,
            "id": "e2bd70e7-9f29-4b48-b9ac-f56f42d62cb9",
            "image_id": "d513524e-46fa-4157-b757-bd4aa8e23f37",
            "image_name": "ubuntu-24",
            "key_pair": "test",
            "metadata": {
              "environment": "multinode"
            },
            "name": "vm-existing-subnet",
            "network": [
              {
                "access_network": false,
                "fixed_ip_v4": "10.10.0.62",
                "fixed_ip_v6": "",
                "floating_ip": "",
                "mac": "fa:16:3e:eb:43:73",
                "name": "test-net",
                "port": "bef65a21-ad58-4a53-98f2-f77fb1365630",
                "uuid": "c1b877ea-9774-4b23-b483-a5a56ada87ad"
              }
            ],
            "network_mode": null,
            "personality": [],
            "power_state": "active",
            "region": "RegionOne",
            "scheduler_hints": [],
            "security_groups": [
              "default"
            ],
            "stop_before_destroy": false,
            "tags": null,
            "timeouts": null,
            "updated": "2026-04-06 07:35:10 +0000 UTC",
            "user_data": "630d72965b0dcfaeb38861d788685a2c85290181",
            "vendor_options": [],
            "volume": []
          },
          "sensitive_attributes": [
            [
              {
                "type": "get_attr",
                "value": "admin_pass"
              }
            ]
          ],
          "identity_schema_version": 0,
          "private": "eyJlMmJmYjczMC1lY2FhLTExZTYtOGY4OC0zNDM2M2JjN2M0YzAiOnsiY3JlYXRlIjoxODAwMDAwMDAwMDAwLCJkZWxldGUiOjE4MDAwMDAwMDAwMDAsInVwZGF0ZSI6MTgwMDAwMDAwMDAwMH19",
          "dependencies": [
            "module.network.data.openstack_networking_network_v2.imported",
            "module.network.data.openstack_networking_subnet_v2.imported",
            "module.network.openstack_networking_network_v2.networks",
            "module.network.openstack_networking_port_v2.ports",
            "module.network.openstack_networking_subnet_v2.subnets",
            "module.vms.data.openstack_networking_network_v2.existing",
            "module.vms.openstack_blockstorage_volume_v3.boot_volumes"
          ],
          "create_before_destroy": true
        }
      ]
    },
    {
      "module": "module.vms",
      "mode": "managed",
      "type": "openstack_compute_interface_attach_v2",
      "name": "secondary_ports",
      "provider": "provider[\"registry.terraform.io/terraform-provider-openstack/openstack\"]",
      "instances": [
        {
          "index_key": "multi_vm-multi_vm_port_new",
          "schema_version": 0,
          "attributes": {
            "fixed_ip": "10.20.100.141",
            "id": "2989c474-1004-4a28-87c1-51e900f7591e/825d11ad-d90a-4f47-af5a-93e35dda3d1e",
            "instance_id": "2989c474-1004-4a28-87c1-51e900f7591e",
            "network_id": "f0ac4d9a-4994-40ea-930f-c82aca69ba4a",
            "port_id": "825d11ad-d90a-4f47-af5a-93e35dda3d1e",
            "region": "RegionOne",
            "timeouts": null
          },
          "sensitive_attributes": [],
          "identity_schema_version": 0,
          "private": "eyJlMmJmYjczMC1lY2FhLTExZTYtOGY4OC0zNDM2M2JjN2M0YzAiOnsiY3JlYXRlIjo2MDAwMDAwMDAwMDAsImRlbGV0ZSI6NjAwMDAwMDAwMDAwfX0=",
          "dependencies": [
            "module.network.data.openstack_networking_network_v2.imported",
            "module.network.data.openstack_networking_subnet_v2.imported",
            "module.network.openstack_networking_network_v2.networks",
            "module.network.openstack_networking_port_v2.ports",
            "module.network.openstack_networking_subnet_v2.subnets",
            "module.vms.data.openstack_networking_network_v2.existing",
            "module.vms.openstack_blockstorage_volume_v3.boot_volumes",
            "module.vms.openstack_compute_instance_v2.vms"
          ]
        }
      ]
    },
    {
      "module": "module.vms",
      "mode": "managed",
      "type": "openstack_networking_floatingip_v2",
      "name": "fips",
      "provider": "provider[\"registry.terraform.io/terraform-provider-openstack/openstack\"]",
      "instances": [
        {
          "index_key": "multi_vm",
          "schema_version": 0,
          "attributes": {
            "address": "192.168.13.24",
            "all_tags": [],
            "description": "",
            "dns_domain": "",
            "dns_name": "",
            "fixed_ip": "",
            "id": "43f62f9b-7e44-403e-9551-0449692b73aa",
            "pool": "public1",
            "port_id": "",
            "region": "RegionOne",
            "subnet_id": null,
            "subnet_ids": null,
            "tags": [],
            "tenant_id": "a650cca7a11f4cae82948cd068ec11e4",
            "timeouts": null,
            "value_specs": null
          },
          "sensitive_attributes": [],
          "identity_schema_version": 0,
          "private": "eyJlMmJmYjczMC1lY2FhLTExZTYtOGY4OC0zNDM2M2JjN2M0YzAiOnsiY3JlYXRlIjo2MDAwMDAwMDAwMDAsImRlbGV0ZSI6NjAwMDAwMDAwMDAwfX0=",
          "dependencies": [
            "module.network.data.openstack_networking_network_v2.imported",
            "module.network.data.openstack_networking_subnet_v2.imported",
            "module.network.openstack_networking_network_v2.networks",
            "module.network.openstack_networking_port_v2.ports",
            "module.network.openstack_networking_subnet_v2.subnets",
            "module.vms.data.openstack_networking_network_v2.external"
          ]
        },
        {
          "index_key": "new_vm",
          "schema_version": 0,
          "attributes": {
            "address": "192.168.13.148",
            "all_tags": [],
            "description": "",
            "dns_domain": "",
            "dns_name": "",
            "fixed_ip": "",
            "id": "9741f831-06b3-47ec-8289-43b9ab9fa1e9",
            "pool": "public1",
            "port_id": "",
            "region": "RegionOne",
            "subnet_id": null,
            "subnet_ids": null,
            "tags": [],
            "tenant_id": "a650cca7a11f4cae82948cd068ec11e4",
            "timeouts": null,
            "value_specs": null
          },
          "sensitive_attributes": [],
          "identity_schema_version": 0,
          "private": "eyJlMmJmYjczMC1lY2FhLTExZTYtOGY4OC0zNDM2M2JjN2M0YzAiOnsiY3JlYXRlIjo2MDAwMDAwMDAwMDAsImRlbGV0ZSI6NjAwMDAwMDAwMDAwfX0=",
          "dependencies": [
            "module.network.data.openstack_networking_network_v2.imported",
            "module.network.data.openstack_networking_subnet_v2.imported",
            "module.network.openstack_networking_network_v2.networks",
            "module.network.openstack_networking_port_v2.ports",
            "module.network.openstack_networking_subnet_v2.subnets",
            "module.vms.data.openstack_networking_network_v2.external"
          ]
        },
        {
          "index_key": "old_vm",
          "schema_version": 0,
          "attributes": {
            "address": "192.168.13.209",
            "all_tags": [],
            "description": "",
            "dns_domain": "",
            "dns_name": "",
            "fixed_ip": "",
            "id": "3a1442bc-1472-451c-926b-1bc236389475",
            "pool": "public1",
            "port_id": "",
            "region": "RegionOne",
            "subnet_id": null,
            "subnet_ids": null,
            "tags": [],
            "tenant_id": "a650cca7a11f4cae82948cd068ec11e4",
            "timeouts": null,
            "value_specs": null
          },
          "sensitive_attributes": [],
          "identity_schema_version": 0,
          "private": "eyJlMmJmYjczMC1lY2FhLTExZTYtOGY4OC0zNDM2M2JjN2M0YzAiOnsiY3JlYXRlIjo2MDAwMDAwMDAwMDAsImRlbGV0ZSI6NjAwMDAwMDAwMDAwfX0=",
          "dependencies": [
            "module.network.data.openstack_networking_network_v2.imported",
            "module.network.data.openstack_networking_subnet_v2.imported",
            "module.network.openstack_networking_network_v2.networks",
            "module.network.openstack_networking_port_v2.ports",
            "module.network.openstack_networking_subnet_v2.subnets",
            "module.vms.data.openstack_networking_network_v2.external"
          ]
        }
      ]
    }
  ],
  "check_results": [
    {
      "object_kind": "var",
      "config_addr": "var.vms",
      "status": "pass",
      "objects": [
        {
          "object_addr": "var.vms",
          "status": "pass"
        }
      ]
    },
    {
      "object_kind": "var",
      "config_addr": "module.vms.var.vms",
      "status": "pass",
      "objects": [
        {
          "object_addr": "module.vms.var.vms",
          "status": "pass"
        }
      ]
    }
  ]
}
