{
  "version": 4,
  "terraform_version": "1.13.3",
  "serial": 280,
  "lineage": "e8077b3f-c5cb-dee7-17ba-d8910c21edc4",
  "outputs": {
    "awx_inventory_file": {
      "value": "./../terraform_outputs/developer/awx_inventory.ini",
      "type": "string"
    },
    "developer_boot_volumes": {
      "value": {
        "dev_vm5": {
          "id": "4c8222a8-75c3-421a-84d1-ef451b80ee87",
          "name": "developer-sub-1-snap-boot",
          "size": 50,
          "type": "boot"
        }
      },
      "type": [
        "object",
        {
          "dev_vm5": [
            "object",
            {
              "id": "string",
              "name": "string",
              "size": "number",
              "type": "string"
            }
          ]
        }
      ]
    },
    "developer_data_volumes": {
      "value": {
        "dev_vm5-data-0": {
          "id": "845e19fc-9211-4778-bd9f-680b06129803",
          "name": "developer-sub-1-snap-data-dev_vm5-data-0",
          "size": 10,
          "type": "data",
          "vm_key": "dev_vm5"
        }
      },
      "type": [
        "object",
        {
          "dev_vm5-data-0": [
            "object",
            {
              "id": "string",
              "name": "string",
              "size": "number",
              "type": "string",
              "vm_key": "string"
            }
          ]
        }
      ]
    },
    "developer_data_volumes_by_vm": {
      "value": {
        "dev_vm1": {
          "vm_name": "developer-sub-1",
          "volume_count": 0,
          "volumes": []
        },
        "dev_vm2": {
          "vm_name": "developer-sub-2",
          "volume_count": 0,
          "volumes": []
        },
        "dev_vm3": {
          "vm_name": "developer-sub-3",
          "volume_count": 0,
          "volumes": []
        },
        "dev_vm4": {
          "vm_name": "developer-sub-1-2",
          "volume_count": 0,
          "volumes": []
        },
        "dev_vm5": {
          "vm_name": "developer-sub-1-snap",
          "volume_count": 1,
          "volumes": [
            {
              "id": null,
              "name": null,
              "size": 10
            }
          ]
        }
      },
      "type": [
        "object",
        {
          "dev_vm1": [
            "object",
            {
              "vm_name": "string",
              "volume_count": "number",
              "volumes": [
                "tuple",
                []
              ]
            }
          ],
          "dev_vm2": [
            "object",
            {
              "vm_name": "string",
              "volume_count": "number",
              "volumes": [
                "tuple",
                []
              ]
            }
          ],
          "dev_vm3": [
            "object",
            {
              "vm_name": "string",
              "volume_count": "number",
              "volumes": [
                "tuple",
                []
              ]
            }
          ],
          "dev_vm4": [
            "object",
            {
              "vm_name": "string",
              "volume_count": "number",
              "volumes": [
                "tuple",
                []
              ]
            }
          ],
          "dev_vm5": [
            "object",
            {
              "vm_name": "string",
              "volume_count": "number",
              "volumes": [
                "tuple",
                [
                  [
                    "object",
                    {
                      "id": "dynamic",
                      "name": "dynamic",
                      "size": "number"
                    }
                  ]
                ]
              ]
            }
          ]
        }
      ]
    },
    "developer_network_details": {
      "value": {
        "networks": {
          "network_1": "0c91db01-12cf-41c8-988e-3d6cc8df3fd4",
          "network_2": "1a504e6d-2944-4567-9bdd-327209998c45"
        },
        "ports": {
          "dev_vm1_port": {
            "fixed_ips": [
              "10.10.100.50"
            ],
            "id": "c692eb43-9ce6-47ef-ab0e-14ba5e682750",
            "mac": "fa:16:3e:fc:38:4e",
            "name": "dev-vm1-port",
            "network_id": "0c91db01-12cf-41c8-988e-3d6cc8df3fd4"
          },
          "dev_vm2_port": {
            "fixed_ips": [
              "10.0.1.170"
            ],
            "id": "3271c9c9-f1ee-43c5-91fb-fd8858e7f5df",
            "mac": "fa:16:3e:34:a0:7a",
            "name": "dev-vm2-port",
            "network_id": "1a504e6d-2944-4567-9bdd-327209998c45"
          },
          "dev_vm2_port_2": {
            "fixed_ips": [
              "10.10.100.220"
            ],
            "id": "da0fe314-e543-4d0c-8918-f3f901e0b811",
            "mac": "fa:16:3e:e2:76:bb",
            "name": "dev-vm2-port_2",
            "network_id": "0c91db01-12cf-41c8-988e-3d6cc8df3fd4"
          },
          "dev_vm3_port": {
            "fixed_ips": [
              "10.10.102.100"
            ],
            "id": "79c5e24c-c721-41a2-9439-3da56b576f18",
            "mac": "fa:16:3e:c6:b2:44",
            "name": "dev-vm3-port",
            "network_id": "0c91db01-12cf-41c8-988e-3d6cc8df3fd4"
          },
          "dev_vm4_port1": {
            "fixed_ips": [
              "10.10.100.52"
            ],
            "id": "0a200f41-3f0a-4585-83cb-ff329a648120",
            "mac": "fa:16:3e:5b:72:b2",
            "name": "dev-vm4-port-subnet1",
            "network_id": "0c91db01-12cf-41c8-988e-3d6cc8df3fd4"
          },
          "dev_vm4_port2": {
            "fixed_ips": [
              "10.10.101.36"
            ],
            "id": "e4820ae0-d853-481f-acb8-eda96d168479",
            "mac": "fa:16:3e:8f:99:86",
            "name": "dev-vm4-port-subnet2",
            "network_id": "0c91db01-12cf-41c8-988e-3d6cc8df3fd4"
          },
          "dev_vm5_port": {
            "fixed_ips": [
              "10.10.100.54"
            ],
            "id": "9f29e581-60ed-4190-9390-f98c871e44d6",
            "mac": "fa:16:3e:19:9e:51",
            "name": "dev-vm5-port",
            "network_id": "0c91db01-12cf-41c8-988e-3d6cc8df3fd4"
          }
        },
        "routers": {
          "main_router": "f63f4726-297e-4daf-98b1-dc3e9a185ecf",
          "prod_router": "0fed0994-b37d-46f2-b9fb-c5d33c8cd644"
        },
        "subnets": {
          "dev_subnet_1": "3c77e25f-bf43-4355-b056-fbb6ce7a74e0",
          "dev_subnet_2": "ae603ff2-e1ec-46e4-962f-6a42bb894ff8",
          "dev_subnet_3": "9c444096-2e0b-40aa-949e-164b7ac501db",
          "prod_subnet_1": "b93b93d1-47b3-4c4f-8d23-2d16b8c81fa4"
        }
      },
      "type": [
        "object",
        {
          "networks": [
            "object",
            {
              "network_1": "string",
              "network_2": "string"
            }
          ],
          "ports": [
            "object",
            {
              "dev_vm1_port": [
                "object",
                {
                  "fixed_ips": [
                    "list",
                    "string"
                  ],
                  "id": "string",
                  "mac": "string",
                  "name": "string",
                  "network_id": "string"
                }
              ],
              "dev_vm2_port": [
                "object",
                {
                  "fixed_ips": [
                    "list",
                    "string"
                  ],
                  "id": "string",
                  "mac": "string",
                  "name": "string",
                  "network_id": "string"
                }
              ],
              "dev_vm2_port_2": [
                "object",
                {
                  "fixed_ips": [
                    "list",
                    "string"
                  ],
                  "id": "string",
                  "mac": "string",
                  "name": "string",
                  "network_id": "string"
                }
              ],
              "dev_vm3_port": [
                "object",
                {
                  "fixed_ips": [
                    "list",
                    "string"
                  ],
                  "id": "string",
                  "mac": "string",
                  "name": "string",
                  "network_id": "string"
                }
              ],
              "dev_vm4_port1": [
                "object",
                {
                  "fixed_ips": [
                    "list",
                    "string"
                  ],
                  "id": "string",
                  "mac": "string",
                  "name": "string",
                  "network_id": "string"
                }
              ],
              "dev_vm4_port2": [
                "object",
                {
                  "fixed_ips": [
                    "list",
                    "string"
                  ],
                  "id": "string",
                  "mac": "string",
                  "name": "string",
                  "network_id": "string"
                }
              ],
              "dev_vm5_port": [
                "object",
                {
                  "fixed_ips": [
                    "list",
                    "string"
                  ],
                  "id": "string",
                  "mac": "string",
                  "name": "string",
                  "network_id": "string"
                }
              ]
            }
          ],
          "routers": [
            "object",
            {
              "main_router": "string",
              "prod_router": "string"
            }
          ],
          "subnets": [
            "object",
            {
              "dev_subnet_1": "string",
              "dev_subnet_2": "string",
              "dev_subnet_3": "string",
              "prod_subnet_1": "string"
            }
          ]
        }
      ]
    },
    "developer_resource_summary": {
      "value": {
        "networks": {
          "created": [],
          "imported": [
            "network_1",
            "network_2"
          ],
          "total": [
            "network_1",
            "network_2"
          ]
        },
        "ports": {
          "created": [
            "dev_vm1_port",
            "dev_vm2_port",
            "dev_vm2_port_2",
            "dev_vm3_port",
            "dev_vm4_port1",
            "dev_vm4_port2",
            "dev_vm5_port"
          ]
        },
        "routers": {
          "created": [],
          "existing": [],
          "imported": [
            "main_router",
            "prod_router"
          ],
          "total": [
            "main_router",
            "prod_router"
          ]
        },
        "subnets": {
          "created": [
            "dev_subnet_1",
            "dev_subnet_2",
            "dev_subnet_3",
            "prod_subnet_1"
          ],
          "imported": [],
          "total": [
            "dev_subnet_1",
            "dev_subnet_2",
            "dev_subnet_3",
            "prod_subnet_1"
          ]
        }
      },
      "type": [
        "object",
        {
          "networks": [
            "object",
            {
              "created": [
                "list",
                "string"
              ],
              "imported": [
                "list",
                "string"
              ],
              "total": [
                "tuple",
                [
                  "string",
                  "string"
                ]
              ]
            }
          ],
          "ports": [
            "object",
            {
              "created": [
                "list",
                "string"
              ]
            }
          ],
          "routers": [
            "object",
            {
              "created": [
                "tuple",
                []
              ],
              "existing": [
                "tuple",
                []
              ],
              "imported": [
                "list",
                "string"
              ],
              "total": [
                "tuple",
                [
                  "string",
                  "string"
                ]
              ]
            }
          ],
          "subnets": [
            "object",
            {
              "created": [
                "list",
                "string"
              ],
              "imported": [
                "list",
                "string"
              ],
              "total": [
                "tuple",
                [
                  "string",
                  "string",
                  "string",
                  "string"
                ]
              ]
            }
          ]
        }
      ]
    },
    "developer_vm_details": {
      "value": {
        "dev_vm1": {
          "boot_volume_id": null,
          "data_volume_count": 0,
          "data_volumes": [],
          "fip": "172.20.1.60",
          "flavor": "m1.medium",
          "id": "665a7c4a-bedb-46bd-b6c9-73d7af131b1e",
          "name": "developer-sub-1",
          "power_state": "active",
          "private_ip": "10.10.100.50"
        },
        "dev_vm2": {
          "boot_volume_id": null,
          "data_volume_count": 0,
          "data_volumes": [],
          "fip": "172.20.1.59",
          "flavor": "m1.medium",
          "id": "4254246b-039e-4c65-bc29-92b221ec055f",
          "name": "developer-sub-2",
          "power_state": "active",
          "private_ip": "10.0.1.170"
        },
        "dev_vm3": {
          "boot_volume_id": null,
          "data_volume_count": 0,
          "data_volumes": [],
          "fip": null,
          "flavor": "m1.large",
          "id": "d8bbc898-59ee-41d7-bb85-c4e923a80a2f",
          "name": "developer-sub-3",
          "power_state": "active",
          "private_ip": "10.10.102.100"
        },
        "dev_vm4": {
          "boot_volume_id": null,
          "data_volume_count": 0,
          "data_volumes": [],
          "fip": "172.20.1.30",
          "flavor": "m1.medium",
          "id": "43bce0d3-4ae1-4b7b-a3f5-55f237c65161",
          "name": "developer-sub-1-2",
          "power_state": "active",
          "private_ip": "10.10.100.52"
        },
        "dev_vm5": {
          "boot_volume_id": "4c8222a8-75c3-421a-84d1-ef451b80ee87",
          "data_volume_count": 1,
          "data_volumes": [
            {
              "size": 10
            }
          ],
          "fip": "172.20.1.26",
          "flavor": "m1.large",
          "id": "2c66baba-8974-463d-8c09-a2511a6ce74b",
          "name": "developer-sub-1-snap",
          "power_state": "active",
          "private_ip": "10.10.100.54"
        }
      },
      "type": [
        "object",
        {
          "dev_vm1": [
            "object",
            {
              "boot_volume_id": "dynamic",
              "data_volume_count": "number",
              "data_volumes": [
                "tuple",
                []
              ],
              "fip": "string",
              "flavor": "string",
              "id": "string",
              "name": "string",
              "power_state": "string",
              "private_ip": "string"
            }
          ],
          "dev_vm2": [
            "object",
            {
              "boot_volume_id": "dynamic",
              "data_volume_count": "number",
              "data_volumes": [
                "tuple",
                []
              ],
              "fip": "string",
              "flavor": "string",
              "id": "string",
              "name": "string",
              "power_state": "string",
              "private_ip": "string"
            }
          ],
          "dev_vm3": [
            "object",
            {
              "boot_volume_id": "dynamic",
              "data_volume_count": "number",
              "data_volumes": [
                "tuple",
                []
              ],
              "fip": "dynamic",
              "flavor": "string",
              "id": "string",
              "name": "string",
              "power_state": "string",
              "private_ip": "string"
            }
          ],
          "dev_vm4": [
            "object",
            {
              "boot_volume_id": "dynamic",
              "data_volume_count": "number",
              "data_volumes": [
                "tuple",
                []
              ],
              "fip": "string",
              "flavor": "string",
              "id": "string",
              "name": "string",
              "power_state": "string",
              "private_ip": "string"
            }
          ],
          "dev_vm5": [
            "object",
            {
              "boot_volume_id": "string",
              "data_volume_count": "number",
              "data_volumes": [
                "tuple",
                [
                  [
                    "object",
                    {
                      "size": "number"
                    }
                  ]
                ]
              ],
              "fip": "string",
              "flavor": "string",
              "id": "string",
              "name": "string",
              "power_state": "string",
              "private_ip": "string"
            }
          ]
        }
      ]
    },
    "developer_vm_fips": {
      "value": {
        "dev_vm1": "172.20.1.60",
        "dev_vm2": "172.20.1.59",
        "dev_vm4": "172.20.1.30",
        "dev_vm5": "172.20.1.26"
      },
      "type": [
        "object",
        {
          "dev_vm1": "string",
          "dev_vm2": "string",
          "dev_vm4": "string",
          "dev_vm5": "string"
        }
      ]
    },
    "developer_vm_storage_summary": {
      "value": {
        "dev_vm1": {
          "boot_volume_size": 0,
          "data_volumes_total_size": 0,
          "total_storage": 0,
          "vm_name": "developer-sub-1"
        },
        "dev_vm2": {
          "boot_volume_size": 0,
          "data_volumes_total_size": 0,
          "total_storage": 0,
          "vm_name": "developer-sub-2"
        },
        "dev_vm3": {
          "boot_volume_size": 0,
          "data_volumes_total_size": 0,
          "total_storage": 0,
          "vm_name": "developer-sub-3"
        },
        "dev_vm4": {
          "boot_volume_size": 0,
          "data_volumes_total_size": 0,
          "total_storage": 0,
          "vm_name": "developer-sub-1-2"
        },
        "dev_vm5": {
          "boot_volume_size": 50,
          "data_volumes_total_size": 10,
          "total_storage": 60,
          "vm_name": "developer-sub-1-snap"
        }
      },
      "type": [
        "object",
        {
          "dev_vm1": [
            "object",
            {
              "boot_volume_size": "number",
              "data_volumes_total_size": "number",
              "total_storage": "number",
              "vm_name": "string"
            }
          ],
          "dev_vm2": [
            "object",
            {
              "boot_volume_size": "number",
              "data_volumes_total_size": "number",
              "total_storage": "number",
              "vm_name": "string"
            }
          ],
          "dev_vm3": [
            "object",
            {
              "boot_volume_size": "number",
              "data_volumes_total_size": "number",
              "total_storage": "number",
              "vm_name": "string"
            }
          ],
          "dev_vm4": [
            "object",
            {
              "boot_volume_size": "number",
              "data_volumes_total_size": "number",
              "total_storage": "number",
              "vm_name": "string"
            }
          ],
          "dev_vm5": [
            "object",
            {
              "boot_volume_size": "number",
              "data_volumes_total_size": "number",
              "total_storage": "number",
              "vm_name": "string"
            }
          ]
        }
      ]
    },
    "terraform_outputs_file": {
      "value": "./../terraform_outputs/developer/terraform_output.json",
      "type": "string"
    }
  },
  "resources": [
    {
      "mode": "managed",
      "type": "null_resource",
      "name": "save_outputs",
      "provider": "provider[\"registry.terraform.io/hashicorp/null\"]",
      "instances": [
        {
          "schema_version": 0,
          "attributes": {
            "id": "215602927870434539",
            "triggers": {
              "always_run": "2026-01-22T06:48:10Z",
              "vm_fips": "{\"dev_vm1\":\"172.20.1.60\",\"dev_vm2\":\"172.20.1.59\",\"dev_vm4\":\"172.20.1.30\",\"dev_vm5\":\"172.20.1.26\"}"
            }
          },
          "sensitive_attributes": [],
          "identity_schema_version": 0,
          "dependencies": [
            "module.network.data.openstack_networking_network_v2.external",
            "module.network.data.openstack_networking_network_v2.imported",
            "module.network.data.openstack_networking_router_v2.existing",
            "module.network.data.openstack_networking_router_v2.imported_routers",
            "module.network.data.openstack_networking_subnet_v2.imported",
            "module.network.openstack_networking_network_v2.networks",
            "module.network.openstack_networking_port_v2.ports",
            "module.network.openstack_networking_router_interface_v2.router_interfaces",
            "module.network.openstack_networking_router_v2.routers",
            "module.network.openstack_networking_subnet_v2.subnets",
            "module.vms.data.openstack_networking_network_v2.existing",
            "module.vms.data.openstack_networking_network_v2.external",
            "module.vms.openstack_blockstorage_volume_v3.boot_volumes",
            "module.vms.openstack_blockstorage_volume_v3.data_volumes",
            "module.vms.openstack_compute_floatingip_associate_v2.fip_assoc",
            "module.vms.openstack_compute_instance_v2.vms",
            "module.vms.openstack_compute_interface_attach_v2.secondary_ports",
            "module.vms.openstack_compute_volume_attach_v2.attach_data",
            "module.vms.openstack_networking_floatingip_v2.fips"
          ]
        }
      ]
    },
    {
      "module": "module.network",
      "mode": "data",
      "type": "openstack_networking_network_v2",
      "name": "external",
      "provider": "provider[\"registry.terraform.io/terraform-provider-openstack/openstack\"]",
      "instances": [
        {
          "schema_version": 0,
          "attributes": {
            "admin_state_up": "true",
            "all_tags": [],
            "availability_zone_hints": [],
            "description": "",
            "dns_domain": "",
            "external": true,
            "id": "7181cf6d-3e20-4fac-a7d1-7064e5fbb3a6",
            "matching_subnet_cidr": null,
            "mtu": 1500,
            "name": "public1",
            "network_id": null,
            "region": "RegionOne",
            "segments": [],
            "shared": "true",
            "status": null,
            "subnets": [
              "99d6340b-f730-4086-910d-e39faff556fa"
            ],
            "tags": null,
            "tenant_id": "15b9c9b9c8fe4dae9789ca3ffea6aaac",
            "transparent_vlan": false
          },
          "sensitive_attributes": [],
          "identity_schema_version": 0
        }
      ]
    },
    {
      "module": "module.network",
      "mode": "data",
      "type": "openstack_networking_network_v2",
      "name": "imported",
      "provider": "provider[\"registry.terraform.io/terraform-provider-openstack/openstack\"]",
      "instances": [
        {
          "index_key": "network_1",
          "schema_version": 0,
          "attributes": {
            "admin_state_up": "true",
            "all_tags": [],
            "availability_zone_hints": [],
            "description": "Main network with multiple subnets",
            "dns_domain": "",
            "external": false,
            "id": "0c91db01-12cf-41c8-988e-3d6cc8df3fd4",
            "matching_subnet_cidr": null,
            "mtu": 1450,
            "name": "network-1",
            "network_id": null,
            "region": "RegionOne",
            "segments": [],
            "shared": "false",
            "status": null,
            "subnets": [
              "2f5e9832-0494-4ee1-bd96-d602ad37da57",
              "3c77e25f-bf43-4355-b056-fbb6ce7a74e0",
              "59c5a8f5-da2c-4f7c-92af-d2adaf1a6b7f",
              "821b3835-7f30-48a3-b3c5-170c104bd209",
              "9c444096-2e0b-40aa-949e-164b7ac501db",
              "ae603ff2-e1ec-46e4-962f-6a42bb894ff8"
            ],
            "tags": null,
            "tenant_id": "fc70748921aa4265ad13c5d6f42d2574",
            "transparent_vlan": false
          },
          "sensitive_attributes": [],
          "identity_schema_version": 0
        },
        {
          "index_key": "network_2",
          "schema_version": 0,
          "attributes": {
            "admin_state_up": "true",
            "all_tags": [],
            "availability_zone_hints": [],
            "description": "",
            "dns_domain": "",
            "external": false,
            "id": "1a504e6d-2944-4567-9bdd-327209998c45",
            "matching_subnet_cidr": null,
            "mtu": 1450,
            "name": "terraform",
            "network_id": null,
            "region": "RegionOne",
            "segments": [],
            "shared": "false",
            "status": null,
            "subnets": [
              "35faec0c-c4ae-4bf5-882d-53549c265b2a",
              "b93b93d1-47b3-4c4f-8d23-2d16b8c81fa4"
            ],
            "tags": null,
            "tenant_id": "fc70748921aa4265ad13c5d6f42d2574",
            "transparent_vlan": false
          },
          "sensitive_attributes": [],
          "identity_schema_version": 0
        }
      ]
    },
    {
      "module": "module.network",
      "mode": "data",
      "type": "openstack_networking_router_v2",
      "name": "imported_routers",
      "provider": "provider[\"registry.terraform.io/terraform-provider-openstack/openstack\"]",
      "instances": [
        {
          "index_key": "main_router",
          "schema_version": 0,
          "attributes": {
            "admin_state_up": true,
            "all_tags": [],
            "availability_zone_hints": [],
            "description": "",
            "distributed": false,
            "enable_snat": true,
            "external_fixed_ip": [
              {
                "ip_address": "172.20.1.58",
                "subnet_id": "99d6340b-f730-4086-910d-e39faff556fa"
              }
            ],
            "external_network_id": "7181cf6d-3e20-4fac-a7d1-7064e5fbb3a6",
            "id": "f63f4726-297e-4daf-98b1-dc3e9a185ecf",
            "name": "main-router",
            "region": "RegionOne",
            "router_id": null,
            "status": "ACTIVE",
            "tags": null,
            "tenant_id": "fc70748921aa4265ad13c5d6f42d2574"
          },
          "sensitive_attributes": [],
          "identity_schema_version": 0
        },
        {
          "index_key": "prod_router",
          "schema_version": 0,
          "attributes": {
            "admin_state_up": true,
            "all_tags": [],
            "availability_zone_hints": [],
            "description": "",
            "distributed": false,
            "enable_snat": true,
            "external_fixed_ip": [
              {
                "ip_address": "172.20.1.162",
                "subnet_id": "99d6340b-f730-4086-910d-e39faff556fa"
              }
            ],
            "external_network_id": "7181cf6d-3e20-4fac-a7d1-7064e5fbb3a6",
            "id": "0fed0994-b37d-46f2-b9fb-c5d33c8cd644",
            "name": "terra-router",
            "region": "RegionOne",
            "router_id": null,
            "status": "ACTIVE",
            "tags": null,
            "tenant_id": "fc70748921aa4265ad13c5d6f42d2574"
          },
          "sensitive_attributes": [],
          "identity_schema_version": 0
        }
      ]
    },
    {
      "module": "module.network",
      "mode": "managed",
      "type": "openstack_networking_port_v2",
      "name": "ports",
      "provider": "provider[\"registry.terraform.io/terraform-provider-openstack/openstack\"]",
      "instances": [
        {
          "index_key": "dev_vm1_port",
          "schema_version": 0,
          "attributes": {
            "admin_state_up": true,
            "all_fixed_ips": [
              "10.10.100.50"
            ],
            "all_security_group_ids": [
              "135ef41d-16ac-4843-90ba-f9a4669e230e"
            ],
            "all_tags": [],
            "allowed_address_pairs": [],
            "binding": [
              {
                "host_id": "",
                "profile": "",
                "vif_details": {},
                "vif_type": "",
                "vnic_type": "normal"
              }
            ],
            "description": "",
            "device_id": "665a7c4a-bedb-46bd-b6c9-73d7af131b1e",
            "device_owner": "compute:nova",
            "dns_assignment": [],
            "dns_name": "",
            "extra_dhcp_option": [],
            "fixed_ip": [
              {
                "ip_address": "10.10.100.50",
                "subnet_id": "3c77e25f-bf43-4355-b056-fbb6ce7a74e0"
              }
            ],
            "id": "c692eb43-9ce6-47ef-ab0e-14ba5e682750",
            "mac_address": "fa:16:3e:fc:38:4e",
            "name": "dev-vm1-port",
            "network_id": "0c91db01-12cf-41c8-988e-3d6cc8df3fd4",
            "no_fixed_ip": null,
            "no_security_groups": null,
            "port_security_enabled": true,
            "qos_policy_id": "",
            "region": "RegionOne",
            "security_group_ids": null,
            "tags": [],
            "tenant_id": "fc70748921aa4265ad13c5d6f42d2574",
            "timeouts": null,
            "value_specs": null
          },
          "sensitive_attributes": [],
          "identity_schema_version": 0,
          "private": "eyJlMmJmYjczMC1lY2FhLTExZTYtOGY4OC0zNDM2M2JjN2M0YzAiOnsiY3JlYXRlIjo2MDAwMDAwMDAwMDAsImRlbGV0ZSI6NjAwMDAwMDAwMDAwfX0=",
          "dependencies": [
            "module.network.data.openstack_networking_network_v2.imported",
            "module.network.data.openstack_networking_subnet_v2.imported",
            "module.network.openstack_networking_network_v2.networks",
            "module.network.openstack_networking_subnet_v2.subnets"
          ],
          "create_before_destroy": true
        },
        {
          "index_key": "dev_vm2_port",
          "schema_version": 0,
          "attributes": {
            "admin_state_up": true,
            "all_fixed_ips": [
              "10.0.1.170"
            ],
            "all_security_group_ids": [
              "135ef41d-16ac-4843-90ba-f9a4669e230e"
            ],
            "all_tags": [],
            "allowed_address_pairs": [],
            "binding": [
              {
                "host_id": "",
                "profile": "",
                "vif_details": {},
                "vif_type": "",
                "vnic_type": "normal"
              }
            ],
            "description": "",
            "device_id": "4254246b-039e-4c65-bc29-92b221ec055f",
            "device_owner": "compute:nova",
            "dns_assignment": [],
            "dns_name": "",
            "extra_dhcp_option": [],
            "fixed_ip": [
              {
                "ip_address": "",
                "subnet_id": "b93b93d1-47b3-4c4f-8d23-2d16b8c81fa4"
              }
            ],
            "id": "3271c9c9-f1ee-43c5-91fb-fd8858e7f5df",
            "mac_address": "fa:16:3e:34:a0:7a",
            "name": "dev-vm2-port",
            "network_id": "1a504e6d-2944-4567-9bdd-327209998c45",
            "no_fixed_ip": null,
            "no_security_groups": null,
            "port_security_enabled": true,
            "qos_policy_id": "",
            "region": "RegionOne",
            "security_group_ids": null,
            "tags": [],
            "tenant_id": "fc70748921aa4265ad13c5d6f42d2574",
            "timeouts": null,
            "value_specs": null
          },
          "sensitive_attributes": [],
          "identity_schema_version": 0,
          "private": "eyJlMmJmYjczMC1lY2FhLTExZTYtOGY4OC0zNDM2M2JjN2M0YzAiOnsiY3JlYXRlIjo2MDAwMDAwMDAwMDAsImRlbGV0ZSI6NjAwMDAwMDAwMDAwfX0=",
          "dependencies": [
            "module.network.data.openstack_networking_network_v2.imported",
            "module.network.data.openstack_networking_subnet_v2.imported",
            "module.network.openstack_networking_network_v2.networks",
            "module.network.openstack_networking_subnet_v2.subnets"
          ],
          "create_before_destroy": true
        },
        {
          "index_key": "dev_vm2_port_2",
          "schema_version": 0,
          "attributes": {
            "admin_state_up": true,
            "all_fixed_ips": [
              "10.10.100.220"
            ],
            "all_security_group_ids": [
              "135ef41d-16ac-4843-90ba-f9a4669e230e"
            ],
            "all_tags": [],
            "allowed_address_pairs": [],
            "binding": [
              {
                "host_id": "",
                "profile": "",
                "vif_details": {},
                "vif_type": "",
                "vnic_type": "normal"
              }
            ],
            "description": "",
            "device_id": "",
            "device_owner": "",
            "dns_assignment": [],
            "dns_name": "",
            "extra_dhcp_option": [],
            "fixed_ip": [
              {
                "ip_address": "",
                "subnet_id": "3c77e25f-bf43-4355-b056-fbb6ce7a74e0"
              }
            ],
            "id": "da0fe314-e543-4d0c-8918-f3f901e0b811",
            "mac_address": "fa:16:3e:e2:76:bb",
            "name": "dev-vm2-port_2",
            "network_id": "0c91db01-12cf-41c8-988e-3d6cc8df3fd4",
            "no_fixed_ip": null,
            "no_security_groups": null,
            "port_security_enabled": true,
            "qos_policy_id": "",
            "region": "RegionOne",
            "security_group_ids": null,
            "tags": null,
            "tenant_id": "fc70748921aa4265ad13c5d6f42d2574",
            "timeouts": null,
            "value_specs": null
          },
          "sensitive_attributes": [],
          "identity_schema_version": 0,
          "private": "eyJlMmJmYjczMC1lY2FhLTExZTYtOGY4OC0zNDM2M2JjN2M0YzAiOnsiY3JlYXRlIjo2MDAwMDAwMDAwMDAsImRlbGV0ZSI6NjAwMDAwMDAwMDAwfX0=",
          "dependencies": [
            "module.network.data.openstack_networking_network_v2.imported",
            "module.network.data.openstack_networking_subnet_v2.imported",
            "module.network.openstack_networking_network_v2.networks",
            "module.network.openstack_networking_subnet_v2.subnets"
          ],
          "create_before_destroy": true
        },
        {
          "index_key": "dev_vm3_port",
          "schema_version": 0,
          "attributes": {
            "admin_state_up": true,
            "all_fixed_ips": [
              "10.10.102.100"
            ],
            "all_security_group_ids": [
              "135ef41d-16ac-4843-90ba-f9a4669e230e"
            ],
            "all_tags": [],
            "allowed_address_pairs": [],
            "binding": [
              {
                "host_id": "",
                "profile": "",
                "vif_details": {},
                "vif_type": "",
                "vnic_type": "normal"
              }
            ],
            "description": "",
            "device_id": "d8bbc898-59ee-41d7-bb85-c4e923a80a2f",
            "device_owner": "compute:nova",
            "dns_assignment": [],
            "dns_name": "",
            "extra_dhcp_option": [],
            "fixed_ip": [
              {
                "ip_address": "10.10.102.100",
                "subnet_id": "9c444096-2e0b-40aa-949e-164b7ac501db"
              }
            ],
            "id": "79c5e24c-c721-41a2-9439-3da56b576f18",
            "mac_address": "fa:16:3e:c6:b2:44",
            "name": "dev-vm3-port",
            "network_id": "0c91db01-12cf-41c8-988e-3d6cc8df3fd4",
            "no_fixed_ip": null,
            "no_security_groups": null,
            "port_security_enabled": true,
            "qos_policy_id": "",
            "region": "RegionOne",
            "security_group_ids": null,
            "tags": [],
            "tenant_id": "fc70748921aa4265ad13c5d6f42d2574",
            "timeouts": null,
            "value_specs": null
          },
          "sensitive_attributes": [],
          "identity_schema_version": 0,
          "private": "eyJlMmJmYjczMC1lY2FhLTExZTYtOGY4OC0zNDM2M2JjN2M0YzAiOnsiY3JlYXRlIjo2MDAwMDAwMDAwMDAsImRlbGV0ZSI6NjAwMDAwMDAwMDAwfX0=",
          "dependencies": [
            "module.network.data.openstack_networking_network_v2.imported",
            "module.network.data.openstack_networking_subnet_v2.imported",
            "module.network.openstack_networking_network_v2.networks",
            "module.network.openstack_networking_subnet_v2.subnets"
          ],
          "create_before_destroy": true
        },
        {
          "index_key": "dev_vm4_port1",
          "schema_version": 0,
          "attributes": {
            "admin_state_up": true,
            "all_fixed_ips": [
              "10.10.100.52"
            ],
            "all_security_group_ids": [
              "135ef41d-16ac-4843-90ba-f9a4669e230e"
            ],
            "all_tags": [],
            "allowed_address_pairs": [],
            "binding": [
              {
                "host_id": "",
                "profile": "",
                "vif_details": {},
                "vif_type": "",
                "vnic_type": "normal"
              }
            ],
            "description": "",
            "device_id": "43bce0d3-4ae1-4b7b-a3f5-55f237c65161",
            "device_owner": "compute:nova",
            "dns_assignment": [],
            "dns_name": "",
            "extra_dhcp_option": [],
            "fixed_ip": [
              {
                "ip_address": "",
                "subnet_id": "3c77e25f-bf43-4355-b056-fbb6ce7a74e0"
              }
            ],
            "id": "0a200f41-3f0a-4585-83cb-ff329a648120",
            "mac_address": "fa:16:3e:5b:72:b2",
            "name": "dev-vm4-port-subnet1",
            "network_id": "0c91db01-12cf-41c8-988e-3d6cc8df3fd4",
            "no_fixed_ip": null,
            "no_security_groups": null,
            "port_security_enabled": true,
            "qos_policy_id": "",
            "region": "RegionOne",
            "security_group_ids": null,
            "tags": [],
            "tenant_id": "fc70748921aa4265ad13c5d6f42d2574",
            "timeouts": null,
            "value_specs": null
          },
          "sensitive_attributes": [],
          "identity_schema_version": 0,
          "private": "eyJlMmJmYjczMC1lY2FhLTExZTYtOGY4OC0zNDM2M2JjN2M0YzAiOnsiY3JlYXRlIjo2MDAwMDAwMDAwMDAsImRlbGV0ZSI6NjAwMDAwMDAwMDAwfX0=",
          "dependencies": [
            "module.network.data.openstack_networking_network_v2.imported",
            "module.network.data.openstack_networking_subnet_v2.imported",
            "module.network.openstack_networking_network_v2.networks",
            "module.network.openstack_networking_subnet_v2.subnets"
          ],
          "create_before_destroy": true
        },
        {
          "index_key": "dev_vm4_port2",
          "schema_version": 0,
          "attributes": {
            "admin_state_up": true,
            "all_fixed_ips": [
              "10.10.101.36"
            ],
            "all_security_group_ids": [
              "135ef41d-16ac-4843-90ba-f9a4669e230e"
            ],
            "all_tags": [],
            "allowed_address_pairs": [],
            "binding": [
              {
                "host_id": "",
                "profile": "",
                "vif_details": {},
                "vif_type": "",
                "vnic_type": "normal"
              }
            ],
            "description": "",
            "device_id": "43bce0d3-4ae1-4b7b-a3f5-55f237c65161",
            "device_owner": "compute:nova",
            "dns_assignment": [],
            "dns_name": "",
            "extra_dhcp_option": [],
            "fixed_ip": [
              {
                "ip_address": "",
                "subnet_id": "ae603ff2-e1ec-46e4-962f-6a42bb894ff8"
              }
            ],
            "id": "e4820ae0-d853-481f-acb8-eda96d168479",
            "mac_address": "fa:16:3e:8f:99:86",
            "name": "dev-vm4-port-subnet2",
            "network_id": "0c91db01-12cf-41c8-988e-3d6cc8df3fd4",
            "no_fixed_ip": null,
            "no_security_groups": null,
            "port_security_enabled": true,
            "qos_policy_id": "",
            "region": "RegionOne",
            "security_group_ids": null,
            "tags": [],
            "tenant_id": "fc70748921aa4265ad13c5d6f42d2574",
            "timeouts": null,
            "value_specs": null
          },
          "sensitive_attributes": [],
          "identity_schema_version": 0,
          "private": "eyJlMmJmYjczMC1lY2FhLTExZTYtOGY4OC0zNDM2M2JjN2M0YzAiOnsiY3JlYXRlIjo2MDAwMDAwMDAwMDAsImRlbGV0ZSI6NjAwMDAwMDAwMDAwfX0=",
          "dependencies": [
            "module.network.data.openstack_networking_network_v2.imported",
            "module.network.data.openstack_networking_subnet_v2.imported",
            "module.network.openstack_networking_network_v2.networks",
            "module.network.openstack_networking_subnet_v2.subnets"
          ],
          "create_before_destroy": true
        },
        {
          "index_key": "dev_vm5_port",
          "schema_version": 0,
          "attributes": {
            "admin_state_up": true,
            "all_fixed_ips": [
              "10.10.100.54"
            ],
            "all_security_group_ids": [
              "135ef41d-16ac-4843-90ba-f9a4669e230e"
            ],
            "all_tags": [],
            "allowed_address_pairs": [],
            "binding": [
              {
                "host_id": "",
                "profile": "",
                "vif_details": {},
                "vif_type": "",
                "vnic_type": "normal"
              }
            ],
            "description": "",
            "device_id": "2c66baba-8974-463d-8c09-a2511a6ce74b",
            "device_owner": "compute:nova",
            "dns_assignment": [],
            "dns_name": "",
            "extra_dhcp_option": [],
            "fixed_ip": [
              {
                "ip_address": "",
                "subnet_id": "3c77e25f-bf43-4355-b056-fbb6ce7a74e0"
              }
            ],
            "id": "9f29e581-60ed-4190-9390-f98c871e44d6",
            "mac_address": "fa:16:3e:19:9e:51",
            "name": "dev-vm5-port",
            "network_id": "0c91db01-12cf-41c8-988e-3d6cc8df3fd4",
            "no_fixed_ip": null,
            "no_security_groups": null,
            "port_security_enabled": true,
            "qos_policy_id": "",
            "region": "RegionOne",
            "security_group_ids": null,
            "tags": [],
            "tenant_id": "fc70748921aa4265ad13c5d6f42d2574",
            "timeouts": null,
            "value_specs": null
          },
          "sensitive_attributes": [],
          "identity_schema_version": 0,
          "private": "eyJlMmJmYjczMC1lY2FhLTExZTYtOGY4OC0zNDM2M2JjN2M0YzAiOnsiY3JlYXRlIjo2MDAwMDAwMDAwMDAsImRlbGV0ZSI6NjAwMDAwMDAwMDAwfX0=",
          "dependencies": [
            "module.network.data.openstack_networking_network_v2.imported",
            "module.network.data.openstack_networking_subnet_v2.imported",
            "module.network.openstack_networking_network_v2.networks",
            "module.network.openstack_networking_subnet_v2.subnets"
          ],
          "create_before_destroy": true
        }
      ]
    },
    {
      "module": "module.network",
      "mode": "managed",
      "type": "openstack_networking_router_interface_v2",
      "name": "router_interfaces",
      "provider": "provider[\"registry.terraform.io/terraform-provider-openstack/openstack\"]",
      "instances": [
        {
          "index_key": "dev_subnet_1",
          "schema_version": 0,
          "attributes": {
            "force_destroy": false,
            "id": "e79d5f6c-9db3-43e2-8b54-c2bd48b85785",
            "port_id": "e79d5f6c-9db3-43e2-8b54-c2bd48b85785",
            "region": "RegionOne",
            "router_id": "f63f4726-297e-4daf-98b1-dc3e9a185ecf",
            "subnet_id": "3c77e25f-bf43-4355-b056-fbb6ce7a74e0",
            "timeouts": null
          },
          "sensitive_attributes": [],
          "identity_schema_version": 0,
          "private": "eyJlMmJmYjczMC1lY2FhLTExZTYtOGY4OC0zNDM2M2JjN2M0YzAiOnsiY3JlYXRlIjo2MDAwMDAwMDAwMDAsImRlbGV0ZSI6NjAwMDAwMDAwMDAwfX0=",
          "dependencies": [
            "module.network.data.openstack_networking_network_v2.external",
            "module.network.data.openstack_networking_network_v2.imported",
            "module.network.data.openstack_networking_router_v2.existing",
            "module.network.data.openstack_networking_router_v2.imported_routers",
            "module.network.openstack_networking_network_v2.networks",
            "module.network.openstack_networking_router_v2.routers",
            "module.network.openstack_networking_subnet_v2.subnets"
          ]
        },
        {
          "index_key": "dev_subnet_2",
          "schema_version": 0,
          "attributes": {
            "force_destroy": false,
            "id": "2d83e618-3716-4941-9e18-da50b5c9ff3c",
            "port_id": "2d83e618-3716-4941-9e18-da50b5c9ff3c",
            "region": "RegionOne",
            "router_id": "f63f4726-297e-4daf-98b1-dc3e9a185ecf",
            "subnet_id": "ae603ff2-e1ec-46e4-962f-6a42bb894ff8",
            "timeouts": null
          },
          "sensitive_attributes": [],
          "identity_schema_version": 0,
          "private": "eyJlMmJmYjczMC1lY2FhLTExZTYtOGY4OC0zNDM2M2JjN2M0YzAiOnsiY3JlYXRlIjo2MDAwMDAwMDAwMDAsImRlbGV0ZSI6NjAwMDAwMDAwMDAwfX0=",
          "dependencies": [
            "module.network.data.openstack_networking_network_v2.external",
            "module.network.data.openstack_networking_network_v2.imported",
            "module.network.data.openstack_networking_router_v2.existing",
            "module.network.data.openstack_networking_router_v2.imported_routers",
            "module.network.openstack_networking_network_v2.networks",
            "module.network.openstack_networking_router_v2.routers",
            "module.network.openstack_networking_subnet_v2.subnets"
          ]
        },
        {
          "index_key": "dev_subnet_3",
          "schema_version": 0,
          "attributes": {
            "force_destroy": false,
            "id": "6ea4e992-eaae-4c2e-9ef7-4d9ea20417a7",
            "port_id": "6ea4e992-eaae-4c2e-9ef7-4d9ea20417a7",
            "region": "RegionOne",
            "router_id": "f63f4726-297e-4daf-98b1-dc3e9a185ecf",
            "subnet_id": "9c444096-2e0b-40aa-949e-164b7ac501db",
            "timeouts": null
          },
          "sensitive_attributes": [],
          "identity_schema_version": 0,
          "private": "eyJlMmJmYjczMC1lY2FhLTExZTYtOGY4OC0zNDM2M2JjN2M0YzAiOnsiY3JlYXRlIjo2MDAwMDAwMDAwMDAsImRlbGV0ZSI6NjAwMDAwMDAwMDAwfX0=",
          "dependencies": [
            "module.network.data.openstack_networking_network_v2.external",
            "module.network.data.openstack_networking_network_v2.imported",
            "module.network.data.openstack_networking_router_v2.existing",
            "module.network.data.openstack_networking_router_v2.imported_routers",
            "module.network.openstack_networking_network_v2.networks",
            "module.network.openstack_networking_router_v2.routers",
            "module.network.openstack_networking_subnet_v2.subnets"
          ]
        },
        {
          "index_key": "prod_subnet_1",
          "schema_version": 0,
          "attributes": {
            "force_destroy": false,
            "id": "08a3a5d8-cd24-4560-886f-eff78234ffa0",
            "port_id": "08a3a5d8-cd24-4560-886f-eff78234ffa0",
            "region": "RegionOne",
            "router_id": "0fed0994-b37d-46f2-b9fb-c5d33c8cd644",
            "subnet_id": "b93b93d1-47b3-4c4f-8d23-2d16b8c81fa4",
            "timeouts": null
          },
          "sensitive_attributes": [],
          "identity_schema_version": 0,
          "private": "eyJlMmJmYjczMC1lY2FhLTExZTYtOGY4OC0zNDM2M2JjN2M0YzAiOnsiY3JlYXRlIjo2MDAwMDAwMDAwMDAsImRlbGV0ZSI6NjAwMDAwMDAwMDAwfX0=",
          "dependencies": [
            "module.network.data.openstack_networking_network_v2.external",
            "module.network.data.openstack_networking_network_v2.imported",
            "module.network.data.openstack_networking_router_v2.existing",
            "module.network.data.openstack_networking_router_v2.imported_routers",
            "module.network.openstack_networking_network_v2.networks",
            "module.network.openstack_networking_router_v2.routers",
            "module.network.openstack_networking_subnet_v2.subnets"
          ]
        }
      ]
    },
    {
      "module": "module.network",
      "mode": "managed",
      "type": "openstack_networking_subnet_v2",
      "name": "subnets",
      "provider": "provider[\"registry.terraform.io/terraform-provider-openstack/openstack\"]",
      "instances": [
        {
          "index_key": "dev_subnet_1",
          "schema_version": 0,
          "attributes": {
            "all_tags": [],
            "allocation_pool": [
              {
                "end": "10.10.100.254",
                "start": "10.10.100.2"
              }
            ],
            "allocation_pools": [
              {
                "end": "10.10.100.254",
                "start": "10.10.100.2"
              }
            ],
            "cidr": "10.10.100.0/24",
            "description": "",
            "dns_nameservers": [],
            "enable_dhcp": true,
            "gateway_ip": "10.10.100.1",
            "host_routes": [],
            "id": "3c77e25f-bf43-4355-b056-fbb6ce7a74e0",
            "ip_version": 4,
            "ipv6_address_mode": "",
            "ipv6_ra_mode": "",
            "name": "developer-subnet-1",
            "network_id": "0c91db01-12cf-41c8-988e-3d6cc8df3fd4",
            "no_gateway": false,
            "prefix_length": null,
            "region": "RegionOne",
            "service_types": [],
            "subnetpool_id": "",
            "tags": [],
            "tenant_id": "fc70748921aa4265ad13c5d6f42d2574",
            "timeouts": null,
            "value_specs": null
          },
          "sensitive_attributes": [],
          "identity_schema_version": 0,
          "private": "eyJlMmJmYjczMC1lY2FhLTExZTYtOGY4OC0zNDM2M2JjN2M0YzAiOnsiY3JlYXRlIjo2MDAwMDAwMDAwMDAsImRlbGV0ZSI6NjAwMDAwMDAwMDAwfX0=",
          "dependencies": [
            "module.network.data.openstack_networking_network_v2.imported",
            "module.network.openstack_networking_network_v2.networks"
          ],
          "create_before_destroy": true
        },
        {
          "index_key": "dev_subnet_2",
          "schema_version": 0,
          "attributes": {
            "all_tags": [],
            "allocation_pool": [
              {
                "end": "10.10.101.254",
                "start": "10.10.101.2"
              }
            ],
            "allocation_pools": [
              {
                "end": "10.10.101.254",
                "start": "10.10.101.2"
              }
            ],
            "cidr": "10.10.101.0/24",
            "description": "",
            "dns_nameservers": [],
            "enable_dhcp": true,
            "gateway_ip": "10.10.101.1",
            "host_routes": [],
            "id": "ae603ff2-e1ec-46e4-962f-6a42bb894ff8",
            "ip_version": 4,
            "ipv6_address_mode": "",
            "ipv6_ra_mode": "",
            "name": "developer-subnet-2",
            "network_id": "0c91db01-12cf-41c8-988e-3d6cc8df3fd4",
            "no_gateway": false,
            "prefix_length": null,
            "region": "RegionOne",
            "service_types": [],
            "subnetpool_id": "",
            "tags": [],
            "tenant_id": "fc70748921aa4265ad13c5d6f42d2574",
            "timeouts": null,
            "value_specs": null
          },
          "sensitive_attributes": [],
          "identity_schema_version": 0,
          "private": "eyJlMmJmYjczMC1lY2FhLTExZTYtOGY4OC0zNDM2M2JjN2M0YzAiOnsiY3JlYXRlIjo2MDAwMDAwMDAwMDAsImRlbGV0ZSI6NjAwMDAwMDAwMDAwfX0=",
          "dependencies": [
            "module.network.data.openstack_networking_network_v2.imported",
            "module.network.openstack_networking_network_v2.networks"
          ],
          "create_before_destroy": true
        },
        {
          "index_key": "dev_subnet_3",
          "schema_version": 0,
          "attributes": {
            "all_tags": [],
            "allocation_pool": [
              {
                "end": "10.10.102.254",
                "start": "10.10.102.2"
              }
            ],
            "allocation_pools": [
              {
                "end": "10.10.102.254",
                "start": "10.10.102.2"
              }
            ],
            "cidr": "10.10.102.0/24",
            "description": "",
            "dns_nameservers": [],
            "enable_dhcp": true,
            "gateway_ip": "10.10.102.1",
            "host_routes": [],
            "id": "9c444096-2e0b-40aa-949e-164b7ac501db",
            "ip_version": 4,
            "ipv6_address_mode": "",
            "ipv6_ra_mode": "",
            "name": "developer-subnet-3",
            "network_id": "0c91db01-12cf-41c8-988e-3d6cc8df3fd4",
            "no_gateway": false,
            "prefix_length": null,
            "region": "RegionOne",
            "service_types": [],
            "subnetpool_id": "",
            "tags": [],
            "tenant_id": "fc70748921aa4265ad13c5d6f42d2574",
            "timeouts": null,
            "value_specs": null
          },
          "sensitive_attributes": [],
          "identity_schema_version": 0,
          "private": "eyJlMmJmYjczMC1lY2FhLTExZTYtOGY4OC0zNDM2M2JjN2M0YzAiOnsiY3JlYXRlIjo2MDAwMDAwMDAwMDAsImRlbGV0ZSI6NjAwMDAwMDAwMDAwfX0=",
          "dependencies": [
            "module.network.data.openstack_networking_network_v2.imported",
            "module.network.openstack_networking_network_v2.networks"
          ],
          "create_before_destroy": true
        },
        {
          "index_key": "prod_subnet_1",
          "schema_version": 0,
          "attributes": {
            "all_tags": [],
            "allocation_pool": [
              {
                "end": "10.0.1.254",
                "start": "10.0.1.2"
              }
            ],
            "allocation_pools": [
              {
                "end": "10.0.1.254",
                "start": "10.0.1.2"
              }
            ],
            "cidr": "10.0.1.0/24",
            "description": "",
            "dns_nameservers": [],
            "enable_dhcp": true,
            "gateway_ip": "10.0.1.1",
            "host_routes": [],
            "id": "b93b93d1-47b3-4c4f-8d23-2d16b8c81fa4",
            "ip_version": 4,
            "ipv6_address_mode": "",
            "ipv6_ra_mode": "",
            "name": "prod-subnet-1",
            "network_id": "1a504e6d-2944-4567-9bdd-327209998c45",
            "no_gateway": false,
            "prefix_length": null,
            "region": "RegionOne",
            "service_types": [],
            "subnetpool_id": "",
            "tags": [],
            "tenant_id": "fc70748921aa4265ad13c5d6f42d2574",
            "timeouts": null,
            "value_specs": null
          },
          "sensitive_attributes": [],
          "identity_schema_version": 0,
          "private": "eyJlMmJmYjczMC1lY2FhLTExZTYtOGY4OC0zNDM2M2JjN2M0YzAiOnsiY3JlYXRlIjo2MDAwMDAwMDAwMDAsImRlbGV0ZSI6NjAwMDAwMDAwMDAwfX0=",
          "dependencies": [
            "module.network.data.openstack_networking_network_v2.imported",
            "module.network.openstack_networking_network_v2.networks"
          ],
          "create_before_destroy": true
        }
      ]
    },
    {
      "module": "module.vms",
      "mode": "data",
      "type": "openstack_networking_network_v2",
      "name": "external",
      "provider": "provider[\"registry.terraform.io/terraform-provider-openstack/openstack\"]",
      "instances": [
        {
          "schema_version": 0,
          "attributes": {
            "admin_state_up": "true",
            "all_tags": [],
            "availability_zone_hints": [],
            "description": "",
            "dns_domain": "",
            "external": true,
            "id": "7181cf6d-3e20-4fac-a7d1-7064e5fbb3a6",
            "matching_subnet_cidr": null,
            "mtu": 1500,
            "name": "public1",
            "network_id": null,
            "region": "RegionOne",
            "segments": [],
            "shared": "true",
            "status": null,
            "subnets": [
              "99d6340b-f730-4086-910d-e39faff556fa"
            ],
            "tags": null,
            "tenant_id": "15b9c9b9c8fe4dae9789ca3ffea6aaac",
            "transparent_vlan": false
          },
          "sensitive_attributes": [],
          "identity_schema_version": 0
        }
      ]
    },
    {
      "module": "module.vms",
      "mode": "managed",
      "type": "openstack_blockstorage_volume_v3",
      "name": "boot_volumes",
      "provider": "provider[\"registry.terraform.io/terraform-provider-openstack/openstack\"]",
      "instances": [
        {
          "index_key": "dev_vm5",
          "schema_version": 0,
          "attributes": {
            "attachment": [
              {
                "device": "/dev/vda",
                "id": "4c8222a8-75c3-421a-84d1-ef451b80ee87",
                "instance_id": "2c66baba-8974-463d-8c09-a2511a6ce74b"
              }
            ],
            "availability_zone": "nova",
            "consistency_group_id": null,
            "description": "",
            "enable_online_resize": true,
            "id": "4c8222a8-75c3-421a-84d1-ef451b80ee87",
            "image_id": null,
            "metadata": {},
            "multiattach": null,
            "name": "developer-sub-1-snap-boot",
            "region": "RegionOne",
            "scheduler_hints": [],
            "size": 50,
            "snapshot_id": "882d7a0e-23e7-4112-99ba-481f4f1b15ba",
            "source_replica": null,
            "source_vol_id": "",
            "timeouts": null,
            "volume_type": "__DEFAULT__"
          },
          "sensitive_attributes": [],
          "identity_schema_version": 0,
          "private": "eyJlMmJmYjczMC1lY2FhLTExZTYtOGY4OC0zNDM2M2JjN2M0YzAiOnsiY3JlYXRlIjo2MDAwMDAwMDAwMDAsImRlbGV0ZSI6NjAwMDAwMDAwMDAwfX0=",
          "dependencies": [
            "module.network.data.openstack_networking_network_v2.imported",
            "module.network.data.openstack_networking_subnet_v2.imported",
            "module.network.openstack_networking_network_v2.networks",
            "module.network.openstack_networking_port_v2.ports",
            "module.network.openstack_networking_subnet_v2.subnets"
          ],
          "create_before_destroy": true
        }
      ]
    },
    {
      "module": "module.vms",
      "mode": "managed",
      "type": "openstack_blockstorage_volume_v3",
      "name": "data_volumes",
      "provider": "provider[\"registry.terraform.io/terraform-provider-openstack/openstack\"]",
      "instances": [
        {
          "index_key": "dev_vm5-data-0",
          "schema_version": 0,
          "attributes": {
            "attachment": [
              {
                "device": "/dev/vdb",
                "id": "845e19fc-9211-4778-bd9f-680b06129803",
                "instance_id": "2c66baba-8974-463d-8c09-a2511a6ce74b"
              }
            ],
            "availability_zone": "nova",
            "consistency_group_id": null,
            "description": "Snapshot VM data",
            "enable_online_resize": true,
            "id": "845e19fc-9211-4778-bd9f-680b06129803",
            "image_id": null,
            "metadata": {},
            "multiattach": null,
            "name": "developer-sub-1-snap-data-dev_vm5-data-0",
            "region": "RegionOne",
            "scheduler_hints": [],
            "size": 10,
            "snapshot_id": "",
            "source_replica": null,
            "source_vol_id": "",
            "timeouts": null,
            "volume_type": "__DEFAULT__"
          },
          "sensitive_attributes": [],
          "identity_schema_version": 0,
          "private": "eyJlMmJmYjczMC1lY2FhLTExZTYtOGY4OC0zNDM2M2JjN2M0YzAiOnsiY3JlYXRlIjo2MDAwMDAwMDAwMDAsImRlbGV0ZSI6NjAwMDAwMDAwMDAwfX0=",
          "dependencies": [
            "module.network.data.openstack_networking_network_v2.imported",
            "module.network.data.openstack_networking_subnet_v2.imported",
            "module.network.openstack_networking_network_v2.networks",
            "module.network.openstack_networking_port_v2.ports",
            "module.network.openstack_networking_subnet_v2.subnets"
          ]
        }
      ]
    },
    {
      "module": "module.vms",
      "mode": "managed",
      "type": "openstack_compute_floatingip_associate_v2",
      "name": "fip_assoc",
      "provider": "provider[\"registry.terraform.io/terraform-provider-openstack/openstack\"]",
      "instances": [
        {
          "index_key": "dev_vm1",
          "schema_version": 0,
          "attributes": {
            "fixed_ip": "",
            "floating_ip": "172.20.1.60",
            "id": "172.20.1.60/665a7c4a-bedb-46bd-b6c9-73d7af131b1e/",
            "instance_id": "665a7c4a-bedb-46bd-b6c9-73d7af131b1e",
            "region": "RegionOne",
            "timeouts": null,
            "wait_until_associated": null
          },
          "sensitive_attributes": [],
          "identity_schema_version": 0,
          "private": "eyJlMmJmYjczMC1lY2FhLTExZTYtOGY4OC0zNDM2M2JjN2M0YzAiOnsiY3JlYXRlIjo2MDAwMDAwMDAwMDB9fQ==",
          "dependencies": [
            "module.network.data.openstack_networking_network_v2.imported",
            "module.network.data.openstack_networking_subnet_v2.imported",
            "module.network.openstack_networking_network_v2.networks",
            "module.network.openstack_networking_port_v2.ports",
            "module.network.openstack_networking_subnet_v2.subnets",
            "module.vms.data.openstack_networking_network_v2.existing",
            "module.vms.data.openstack_networking_network_v2.external",
            "module.vms.openstack_blockstorage_volume_v3.boot_volumes",
            "module.vms.openstack_compute_instance_v2.vms",
            "module.vms.openstack_networking_floatingip_v2.fips"
          ]
        },
        {
          "index_key": "dev_vm2",
          "schema_version": 0,
          "attributes": {
            "fixed_ip": "",
            "floating_ip": "172.20.1.59",
            "id": "172.20.1.59/4254246b-039e-4c65-bc29-92b221ec055f/",
            "instance_id": "4254246b-039e-4c65-bc29-92b221ec055f",
            "region": "RegionOne",
            "timeouts": null,
            "wait_until_associated": null
          },
          "sensitive_attributes": [],
          "identity_schema_version": 0,
          "private": "eyJlMmJmYjczMC1lY2FhLTExZTYtOGY4OC0zNDM2M2JjN2M0YzAiOnsiY3JlYXRlIjo2MDAwMDAwMDAwMDB9fQ==",
          "dependencies": [
            "module.network.data.openstack_networking_network_v2.imported",
            "module.network.data.openstack_networking_subnet_v2.imported",
            "module.network.openstack_networking_network_v2.networks",
            "module.network.openstack_networking_port_v2.ports",
            "module.network.openstack_networking_subnet_v2.subnets",
            "module.vms.data.openstack_networking_network_v2.existing",
            "module.vms.data.openstack_networking_network_v2.external",
            "module.vms.openstack_blockstorage_volume_v3.boot_volumes",
            "module.vms.openstack_compute_instance_v2.vms",
            "module.vms.openstack_networking_floatingip_v2.fips"
          ]
        },
        {
          "index_key": "dev_vm4",
          "schema_version": 0,
          "attributes": {
            "fixed_ip": "",
            "floating_ip": "172.20.1.30",
            "id": "172.20.1.30/43bce0d3-4ae1-4b7b-a3f5-55f237c65161/",
            "instance_id": "43bce0d3-4ae1-4b7b-a3f5-55f237c65161",
            "region": "RegionOne",
            "timeouts": null,
            "wait_until_associated": null
          },
          "sensitive_attributes": [],
          "identity_schema_version": 0,
          "private": "eyJlMmJmYjczMC1lY2FhLTExZTYtOGY4OC0zNDM2M2JjN2M0YzAiOnsiY3JlYXRlIjo2MDAwMDAwMDAwMDB9fQ==",
          "dependencies": [
            "module.network.data.openstack_networking_network_v2.imported",
            "module.network.data.openstack_networking_subnet_v2.imported",
            "module.network.openstack_networking_network_v2.networks",
            "module.network.openstack_networking_port_v2.ports",
            "module.network.openstack_networking_subnet_v2.subnets",
            "module.vms.data.openstack_networking_network_v2.existing",
            "module.vms.data.openstack_networking_network_v2.external",
            "module.vms.openstack_blockstorage_volume_v3.boot_volumes",
            "module.vms.openstack_compute_instance_v2.vms",
            "module.vms.openstack_networking_floatingip_v2.fips"
          ]
        },
        {
          "index_key": "dev_vm5",
          "schema_version": 0,
          "attributes": {
            "fixed_ip": "",
            "floating_ip": "172.20.1.26",
            "id": "172.20.1.26/2c66baba-8974-463d-8c09-a2511a6ce74b/",
            "instance_id": "2c66baba-8974-463d-8c09-a2511a6ce74b",
            "region": "RegionOne",
            "timeouts": null,
            "wait_until_associated": null
          },
          "sensitive_attributes": [],
          "identity_schema_version": 0,
          "private": "eyJlMmJmYjczMC1lY2FhLTExZTYtOGY4OC0zNDM2M2JjN2M0YzAiOnsiY3JlYXRlIjo2MDAwMDAwMDAwMDB9fQ==",
          "dependencies": [
            "module.network.data.openstack_networking_network_v2.imported",
            "module.network.data.openstack_networking_subnet_v2.imported",
            "module.network.openstack_networking_network_v2.networks",
            "module.network.openstack_networking_port_v2.ports",
            "module.network.openstack_networking_subnet_v2.subnets",
            "module.vms.data.openstack_networking_network_v2.existing",
            "module.vms.data.openstack_networking_network_v2.external",
            "module.vms.openstack_blockstorage_volume_v3.boot_volumes",
            "module.vms.openstack_compute_instance_v2.vms",
            "module.vms.openstack_networking_floatingip_v2.fips"
          ]
        }
      ]
    },
    {
      "module": "module.vms",
      "mode": "managed",
      "type": "openstack_compute_instance_v2",
      "name": "vms",
      "provider": "provider[\"registry.terraform.io/terraform-provider-openstack/openstack\"]",
      "instances": [
        {
          "index_key": "dev_vm1",
          "schema_version": 0,
          "attributes": {
            "access_ip_v4": "10.10.100.50",
            "access_ip_v6": "",
            "admin_pass": null,
            "all_metadata": {
              "environment": "developer"
            },
            "all_tags": [],
            "availability_zone": "nova",
            "availability_zone_hints": null,
            "block_device": [],
            "config_drive": null,
            "created": "2026-01-22 06:44:01 +0000 UTC",
            "flavor_id": "3",
            "flavor_name": "m1.medium",
            "floating_ip": null,
            "force_delete": false,
            "id": "665a7c4a-bedb-46bd-b6c9-73d7af131b1e",
            "image_id": "ffa49bc6-3dc4-4da9-beac-dad078d6e71e",
            "image_name": "ubuntu",
            "key_pair": "test",
            "metadata": {
              "environment": "developer"
            },
            "name": "developer-sub-1",
            "network": [
              {
                "access_network": false,
                "fixed_ip_v4": "10.10.100.50",
                "fixed_ip_v6": "",
                "floating_ip": "",
                "mac": "fa:16:3e:fc:38:4e",
                "name": "network-1",
                "port": "c692eb43-9ce6-47ef-ab0e-14ba5e682750",
                "uuid": "0c91db01-12cf-41c8-988e-3d6cc8df3fd4"
              }
            ],
            "network_mode": null,
            "personality": [],
            "power_state": "active",
            "region": "RegionOne",
            "scheduler_hints": [],
            "security_groups": [
              "default"
            ],
            "stop_before_destroy": false,
            "tags": [],
            "timeouts": null,
            "updated": "2026-01-22 06:44:19 +0000 UTC",
            "user_data": "c988166c5b09efe7029ba381a449b3a0f50b7495",
            "vendor_options": [],
            "volume": []
          },
          "sensitive_attributes": [
            [
              {
                "type": "get_attr",
                "value": "admin_pass"
              }
            ]
          ],
          "identity_schema_version": 0,
          "private": "eyJlMmJmYjczMC1lY2FhLTExZTYtOGY4OC0zNDM2M2JjN2M0YzAiOnsiY3JlYXRlIjoxODAwMDAwMDAwMDAwLCJkZWxldGUiOjE4MDAwMDAwMDAwMDAsInVwZGF0ZSI6MTgwMDAwMDAwMDAwMH19",
          "dependencies": [
            "module.network.data.openstack_networking_network_v2.imported",
            "module.network.data.openstack_networking_subnet_v2.imported",
            "module.network.openstack_networking_network_v2.networks",
            "module.network.openstack_networking_port_v2.ports",
            "module.network.openstack_networking_subnet_v2.subnets",
            "module.vms.data.openstack_networking_network_v2.existing",
            "module.vms.openstack_blockstorage_volume_v3.boot_volumes"
          ],
          "create_before_destroy": true
        },
        {
          "index_key": "dev_vm2",
          "schema_version": 0,
          "attributes": {
            "access_ip_v4": "10.0.1.170",
            "access_ip_v6": "",
            "admin_pass": null,
            "all_metadata": {
              "environment": "developer"
            },
            "all_tags": [],
            "availability_zone": "nova",
            "availability_zone_hints": null,
            "block_device": [],
            "config_drive": null,
            "created": "2026-01-22 06:44:01 +0000 UTC",
            "flavor_id": "3",
            "flavor_name": "m1.medium",
            "floating_ip": null,
            "force_delete": false,
            "id": "4254246b-039e-4c65-bc29-92b221ec055f",
            "image_id": "ffa49bc6-3dc4-4da9-beac-dad078d6e71e",
            "image_name": "ubuntu",
            "key_pair": "test",
            "metadata": {
              "environment": "developer"
            },
            "name": "developer-sub-2",
            "network": [
              {
                "access_network": false,
                "fixed_ip_v4": "10.0.1.170",
                "fixed_ip_v6": "",
                "floating_ip": "",
                "mac": "fa:16:3e:34:a0:7a",
                "name": "terraform",
                "port": "3271c9c9-f1ee-43c5-91fb-fd8858e7f5df",
                "uuid": "1a504e6d-2944-4567-9bdd-327209998c45"
              }
            ],
            "network_mode": null,
            "personality": [],
            "power_state": "active",
            "region": "RegionOne",
            "scheduler_hints": [],
            "security_groups": [
              "default"
            ],
            "stop_before_destroy": false,
            "tags": [],
            "timeouts": null,
            "updated": "2026-01-22 06:44:26 +0000 UTC",
            "user_data": "c988166c5b09efe7029ba381a449b3a0f50b7495",
            "vendor_options": [],
            "volume": []
          },
          "sensitive_attributes": [
            [
              {
                "type": "get_attr",
                "value": "admin_pass"
              }
            ]
          ],
          "identity_schema_version": 0,
          "private": "eyJlMmJmYjczMC1lY2FhLTExZTYtOGY4OC0zNDM2M2JjN2M0YzAiOnsiY3JlYXRlIjoxODAwMDAwMDAwMDAwLCJkZWxldGUiOjE4MDAwMDAwMDAwMDAsInVwZGF0ZSI6MTgwMDAwMDAwMDAwMH19",
          "dependencies": [
            "module.network.data.openstack_networking_network_v2.imported",
            "module.network.data.openstack_networking_subnet_v2.imported",
            "module.network.openstack_networking_network_v2.networks",
            "module.network.openstack_networking_port_v2.ports",
            "module.network.openstack_networking_subnet_v2.subnets",
            "module.vms.data.openstack_networking_network_v2.existing",
            "module.vms.openstack_blockstorage_volume_v3.boot_volumes"
          ],
          "create_before_destroy": true
        },
        {
          "index_key": "dev_vm3",
          "schema_version": 0,
          "attributes": {
            "access_ip_v4": "10.10.102.100",
            "access_ip_v6": "",
            "admin_pass": null,
            "all_metadata": {
              "environment": "developer"
            },
            "all_tags": [],
            "availability_zone": "nova",
            "availability_zone_hints": null,
            "block_device": [],
            "config_drive": null,
            "created": "2026-01-22 06:44:01 +0000 UTC",
            "flavor_id": "4",
            "flavor_name": "m1.large",
            "floating_ip": null,
            "force_delete": false,
            "id": "d8bbc898-59ee-41d7-bb85-c4e923a80a2f",
            "image_id": "ffa49bc6-3dc4-4da9-beac-dad078d6e71e",
            "image_name": "ubuntu",
            "key_pair": "test",
            "metadata": {
              "environment": "developer"
            },
            "name": "developer-sub-3",
            "network": [
              {
                "access_network": false,
                "fixed_ip_v4": "10.10.102.100",
                "fixed_ip_v6": "",
                "floating_ip": "",
                "mac": "fa:16:3e:c6:b2:44",
                "name": "network-1",
                "port": "79c5e24c-c721-41a2-9439-3da56b576f18",
                "uuid": "0c91db01-12cf-41c8-988e-3d6cc8df3fd4"
              }
            ],
            "network_mode": null,
            "personality": [],
            "power_state": "active",
            "region": "RegionOne",
            "scheduler_hints": [],
            "security_groups": [
              "default"
            ],
            "stop_before_destroy": false,
            "tags": [],
            "timeouts": null,
            "updated": "2026-01-22 06:44:23 +0000 UTC",
            "user_data": "c988166c5b09efe7029ba381a449b3a0f50b7495",
            "vendor_options": [],
            "volume": []
          },
          "sensitive_attributes": [
            [
              {
                "type": "get_attr",
                "value": "admin_pass"
              }
            ]
          ],
          "identity_schema_version": 0,
          "private": "eyJlMmJmYjczMC1lY2FhLTExZTYtOGY4OC0zNDM2M2JjN2M0YzAiOnsiY3JlYXRlIjoxODAwMDAwMDAwMDAwLCJkZWxldGUiOjE4MDAwMDAwMDAwMDAsInVwZGF0ZSI6MTgwMDAwMDAwMDAwMH19",
          "dependencies": [
            "module.network.data.openstack_networking_network_v2.imported",
            "module.network.data.openstack_networking_subnet_v2.imported",
            "module.network.openstack_networking_network_v2.networks",
            "module.network.openstack_networking_port_v2.ports",
            "module.network.openstack_networking_subnet_v2.subnets",
            "module.vms.data.openstack_networking_network_v2.existing",
            "module.vms.openstack_blockstorage_volume_v3.boot_volumes"
          ],
          "create_before_destroy": true
        },
        {
          "index_key": "dev_vm4",
          "schema_version": 0,
          "attributes": {
            "access_ip_v4": "10.10.100.52",
            "access_ip_v6": "",
            "admin_pass": null,
            "all_metadata": {
              "environment": "developer"
            },
            "all_tags": [],
            "availability_zone": "nova",
            "availability_zone_hints": null,
            "block_device": [],
            "config_drive": null,
            "created": "2026-01-22 06:44:01 +0000 UTC",
            "flavor_id": "3",
            "flavor_name": "m1.medium",
            "floating_ip": null,
            "force_delete": false,
            "id": "43bce0d3-4ae1-4b7b-a3f5-55f237c65161",
            "image_id": "ffa49bc6-3dc4-4da9-beac-dad078d6e71e",
            "image_name": "ubuntu",
            "key_pair": "test",
            "metadata": {
              "environment": "developer"
            },
            "name": "developer-sub-1-2",
            "network": [
              {
                "access_network": false,
                "fixed_ip_v4": "10.10.100.52",
                "fixed_ip_v6": "",
                "floating_ip": "",
                "mac": "fa:16:3e:5b:72:b2",
                "name": "network-1",
                "port": "0a200f41-3f0a-4585-83cb-ff329a648120",
                "uuid": "0c91db01-12cf-41c8-988e-3d6cc8df3fd4"
              }
            ],
            "network_mode": null,
            "personality": [],
            "power_state": "active",
            "region": "RegionOne",
            "scheduler_hints": [],
            "security_groups": [
              "default"
            ],
            "stop_before_destroy": false,
            "tags": [],
            "timeouts": null,
            "updated": "2026-01-22 06:44:20 +0000 UTC",
            "user_data": "c988166c5b09efe7029ba381a449b3a0f50b7495",
            "vendor_options": [],
            "volume": []
          },
          "sensitive_attributes": [
            [
              {
                "type": "get_attr",
                "value": "admin_pass"
              }
            ]
          ],
          "identity_schema_version": 0,
          "private": "eyJlMmJmYjczMC1lY2FhLTExZTYtOGY4OC0zNDM2M2JjN2M0YzAiOnsiY3JlYXRlIjoxODAwMDAwMDAwMDAwLCJkZWxldGUiOjE4MDAwMDAwMDAwMDAsInVwZGF0ZSI6MTgwMDAwMDAwMDAwMH19",
          "dependencies": [
            "module.network.data.openstack_networking_network_v2.imported",
            "module.network.data.openstack_networking_subnet_v2.imported",
            "module.network.openstack_networking_network_v2.networks",
            "module.network.openstack_networking_port_v2.ports",
            "module.network.openstack_networking_subnet_v2.subnets",
            "module.vms.data.openstack_networking_network_v2.existing",
            "module.vms.openstack_blockstorage_volume_v3.boot_volumes"
          ],
          "create_before_destroy": true
        },
        {
          "index_key": "dev_vm5",
          "schema_version": 0,
          "attributes": {
            "access_ip_v4": "10.10.100.54",
            "access_ip_v6": "",
            "admin_pass": null,
            "all_metadata": {
              "environment": "developer"
            },
            "all_tags": [],
            "availability_zone": "nova",
            "availability_zone_hints": null,
            "block_device": [
              {
                "boot_index": 0,
                "delete_on_termination": false,
                "destination_type": "volume",
                "device_type": "",
                "disk_bus": "",
                "guest_format": "",
                "multiattach": false,
                "source_type": "volume",
                "uuid": "4c8222a8-75c3-421a-84d1-ef451b80ee87",
                "volume_size": 0,
                "volume_type": ""
              }
            ],
            "config_drive": null,
            "created": "2026-01-22 06:44:01 +0000 UTC",
            "flavor_id": "4",
            "flavor_name": "m1.large",
            "floating_ip": null,
            "force_delete": false,
            "id": "2c66baba-8974-463d-8c09-a2511a6ce74b",
            "image_id": "Attempt to boot from volume - no image supplied",
            "image_name": null,
            "key_pair": "test",
            "metadata": {
              "environment": "developer"
            },
            "name": "developer-sub-1-snap",
            "network": [
              {
                "access_network": false,
                "fixed_ip_v4": "10.10.100.54",
                "fixed_ip_v6": "",
                "floating_ip": "",
                "mac": "fa:16:3e:19:9e:51",
                "name": "network-1",
                "port": "9f29e581-60ed-4190-9390-f98c871e44d6",
                "uuid": "0c91db01-12cf-41c8-988e-3d6cc8df3fd4"
              }
            ],
            "network_mode": null,
            "personality": [],
            "power_state": "active",
            "region": "RegionOne",
            "scheduler_hints": [],
            "security_groups": [
              "default"
            ],
            "stop_before_destroy": false,
            "tags": [],
            "timeouts": null,
            "updated": "2026-01-22 06:44:17 +0000 UTC",
            "user_data": "c988166c5b09efe7029ba381a449b3a0f50b7495",
            "vendor_options": [],
            "volume": []
          },
          "sensitive_attributes": [
            [
              {
                "type": "get_attr",
                "value": "admin_pass"
              }
            ]
          ],
          "identity_schema_version": 0,
          "private": "eyJlMmJmYjczMC1lY2FhLTExZTYtOGY4OC0zNDM2M2JjN2M0YzAiOnsiY3JlYXRlIjoxODAwMDAwMDAwMDAwLCJkZWxldGUiOjE4MDAwMDAwMDAwMDAsInVwZGF0ZSI6MTgwMDAwMDAwMDAwMH19",
          "dependencies": [
            "module.network.data.openstack_networking_network_v2.imported",
            "module.network.data.openstack_networking_subnet_v2.imported",
            "module.network.openstack_networking_network_v2.networks",
            "module.network.openstack_networking_port_v2.ports",
            "module.network.openstack_networking_subnet_v2.subnets",
            "module.vms.data.openstack_networking_network_v2.existing",
            "module.vms.openstack_blockstorage_volume_v3.boot_volumes"
          ],
          "create_before_destroy": true
        }
      ]
    },
    {
      "module": "module.vms",
      "mode": "managed",
      "type": "openstack_compute_interface_attach_v2",
      "name": "secondary_ports",
      "provider": "provider[\"registry.terraform.io/terraform-provider-openstack/openstack\"]",
      "instances": [
        {
          "index_key": "dev_vm2-dev_vm2_port_2",
          "schema_version": 0,
          "attributes": {
            "fixed_ip": "10.10.100.220",
            "id": "4254246b-039e-4c65-bc29-92b221ec055f/da0fe314-e543-4d0c-8918-f3f901e0b811",
            "instance_id": "4254246b-039e-4c65-bc29-92b221ec055f",
            "network_id": "0c91db01-12cf-41c8-988e-3d6cc8df3fd4",
            "port_id": "da0fe314-e543-4d0c-8918-f3f901e0b811",
            "region": "RegionOne",
            "timeouts": null
          },
          "sensitive_attributes": [],
          "identity_schema_version": 0,
          "private": "eyJlMmJmYjczMC1lY2FhLTExZTYtOGY4OC0zNDM2M2JjN2M0YzAiOnsiY3JlYXRlIjo2MDAwMDAwMDAwMDAsImRlbGV0ZSI6NjAwMDAwMDAwMDAwfX0=",
          "dependencies": [
            "module.network.data.openstack_networking_network_v2.imported",
            "module.network.data.openstack_networking_subnet_v2.imported",
            "module.network.openstack_networking_network_v2.networks",
            "module.network.openstack_networking_port_v2.ports",
            "module.network.openstack_networking_subnet_v2.subnets",
            "module.vms.data.openstack_networking_network_v2.existing",
            "module.vms.openstack_blockstorage_volume_v3.boot_volumes",
            "module.vms.openstack_compute_instance_v2.vms"
          ]
        },
        {
          "index_key": "dev_vm4-dev_vm4_port2",
          "schema_version": 0,
          "attributes": {
            "fixed_ip": "10.10.101.36",
            "id": "43bce0d3-4ae1-4b7b-a3f5-55f237c65161/e4820ae0-d853-481f-acb8-eda96d168479",
            "instance_id": "43bce0d3-4ae1-4b7b-a3f5-55f237c65161",
            "network_id": "0c91db01-12cf-41c8-988e-3d6cc8df3fd4",
            "port_id": "e4820ae0-d853-481f-acb8-eda96d168479",
            "region": "RegionOne",
            "timeouts": null
          },
          "sensitive_attributes": [],
          "identity_schema_version": 0,
          "private": "eyJlMmJmYjczMC1lY2FhLTExZTYtOGY4OC0zNDM2M2JjN2M0YzAiOnsiY3JlYXRlIjo2MDAwMDAwMDAwMDAsImRlbGV0ZSI6NjAwMDAwMDAwMDAwfX0=",
          "dependencies": [
            "module.network.data.openstack_networking_network_v2.imported",
            "module.network.data.openstack_networking_subnet_v2.imported",
            "module.network.openstack_networking_network_v2.networks",
            "module.network.openstack_networking_port_v2.ports",
            "module.network.openstack_networking_subnet_v2.subnets",
            "module.vms.data.openstack_networking_network_v2.existing",
            "module.vms.openstack_blockstorage_volume_v3.boot_volumes",
            "module.vms.openstack_compute_instance_v2.vms"
          ]
        }
      ]
    },
    {
      "module": "module.vms",
      "mode": "managed",
      "type": "openstack_compute_volume_attach_v2",
      "name": "attach_data",
      "provider": "provider[\"registry.terraform.io/terraform-provider-openstack/openstack\"]",
      "instances": [
        {
          "index_key": "dev_vm5-data-0",
          "schema_version": 0,
          "attributes": {
            "device": "/dev/vdb",
            "id": "2c66baba-8974-463d-8c09-a2511a6ce74b/845e19fc-9211-4778-bd9f-680b06129803",
            "instance_id": "2c66baba-8974-463d-8c09-a2511a6ce74b",
            "multiattach": null,
            "region": "RegionOne",
            "timeouts": null,
            "vendor_options": [],
            "volume_id": "845e19fc-9211-4778-bd9f-680b06129803"
          },
          "sensitive_attributes": [],
          "identity_schema_version": 0,
          "private": "eyJlMmJmYjczMC1lY2FhLTExZTYtOGY4OC0zNDM2M2JjN2M0YzAiOnsiY3JlYXRlIjo2MDAwMDAwMDAwMDAsImRlbGV0ZSI6NjAwMDAwMDAwMDAwfX0=",
          "dependencies": [
            "module.network.data.openstack_networking_network_v2.imported",
            "module.network.data.openstack_networking_subnet_v2.imported",
            "module.network.openstack_networking_network_v2.networks",
            "module.network.openstack_networking_port_v2.ports",
            "module.network.openstack_networking_subnet_v2.subnets",
            "module.vms.data.openstack_networking_network_v2.existing",
            "module.vms.openstack_blockstorage_volume_v3.boot_volumes",
            "module.vms.openstack_blockstorage_volume_v3.data_volumes",
            "module.vms.openstack_compute_instance_v2.vms"
          ]
        }
      ]
    },
    {
      "module": "module.vms",
      "mode": "managed",
      "type": "openstack_networking_floatingip_v2",
      "name": "fips",
      "provider": "provider[\"registry.terraform.io/terraform-provider-openstack/openstack\"]",
      "instances": [
        {
          "index_key": "dev_vm1",
          "schema_version": 0,
          "attributes": {
            "address": "172.20.1.60",
            "all_tags": [],
            "description": "",
            "dns_domain": "",
            "dns_name": "",
            "fixed_ip": "10.10.100.50",
            "id": "ae733f45-fecc-4a5a-895d-ec0fe11f1297",
            "pool": "public1",
            "port_id": "c692eb43-9ce6-47ef-ab0e-14ba5e682750",
            "region": "RegionOne",
            "subnet_id": null,
            "subnet_ids": null,
            "tags": [],
            "tenant_id": "fc70748921aa4265ad13c5d6f42d2574",
            "timeouts": null,
            "value_specs": null
          },
          "sensitive_attributes": [],
          "identity_schema_version": 0,
          "private": "eyJlMmJmYjczMC1lY2FhLTExZTYtOGY4OC0zNDM2M2JjN2M0YzAiOnsiY3JlYXRlIjo2MDAwMDAwMDAwMDAsImRlbGV0ZSI6NjAwMDAwMDAwMDAwfX0=",
          "dependencies": [
            "module.network.data.openstack_networking_network_v2.imported",
            "module.network.data.openstack_networking_subnet_v2.imported",
            "module.network.openstack_networking_network_v2.networks",
            "module.network.openstack_networking_port_v2.ports",
            "module.network.openstack_networking_subnet_v2.subnets",
            "module.vms.data.openstack_networking_network_v2.external"
          ]
        },
        {
          "index_key": "dev_vm2",
          "schema_version": 0,
          "attributes": {
            "address": "172.20.1.59",
            "all_tags": [],
            "description": "",
            "dns_domain": "",
            "dns_name": "",
            "fixed_ip": "10.0.1.170",
            "id": "b478aac1-f8c2-4475-bfe5-b04d293b0add",
            "pool": "public1",
            "port_id": "3271c9c9-f1ee-43c5-91fb-fd8858e7f5df",
            "region": "RegionOne",
            "subnet_id": null,
            "subnet_ids": null,
            "tags": [],
            "tenant_id": "fc70748921aa4265ad13c5d6f42d2574",
            "timeouts": null,
            "value_specs": null
          },
          "sensitive_attributes": [],
          "identity_schema_version": 0,
          "private": "eyJlMmJmYjczMC1lY2FhLTExZTYtOGY4OC0zNDM2M2JjN2M0YzAiOnsiY3JlYXRlIjo2MDAwMDAwMDAwMDAsImRlbGV0ZSI6NjAwMDAwMDAwMDAwfX0=",
          "dependencies": [
            "module.network.data.openstack_networking_network_v2.imported",
            "module.network.data.openstack_networking_subnet_v2.imported",
            "module.network.openstack_networking_network_v2.networks",
            "module.network.openstack_networking_port_v2.ports",
            "module.network.openstack_networking_subnet_v2.subnets",
            "module.vms.data.openstack_networking_network_v2.external"
          ]
        },
        {
          "index_key": "dev_vm4",
          "schema_version": 0,
          "attributes": {
            "address": "172.20.1.30",
            "all_tags": [],
            "description": "",
            "dns_domain": "",
            "dns_name": "",
            "fixed_ip": "10.10.100.52",
            "id": "34b51886-4896-4863-854d-ddfb1e6f12e5",
            "pool": "public1",
            "port_id": "0a200f41-3f0a-4585-83cb-ff329a648120",
            "region": "RegionOne",
            "subnet_id": null,
            "subnet_ids": null,
            "tags": [],
            "tenant_id": "fc70748921aa4265ad13c5d6f42d2574",
            "timeouts": null,
            "value_specs": null
          },
          "sensitive_attributes": [],
          "identity_schema_version": 0,
          "private": "eyJlMmJmYjczMC1lY2FhLTExZTYtOGY4OC0zNDM2M2JjN2M0YzAiOnsiY3JlYXRlIjo2MDAwMDAwMDAwMDAsImRlbGV0ZSI6NjAwMDAwMDAwMDAwfX0=",
          "dependencies": [
            "module.network.data.openstack_networking_network_v2.imported",
            "module.network.data.openstack_networking_subnet_v2.imported",
            "module.network.openstack_networking_network_v2.networks",
            "module.network.openstack_networking_port_v2.ports",
            "module.network.openstack_networking_subnet_v2.subnets",
            "module.vms.data.openstack_networking_network_v2.external"
          ]
        },
        {
          "index_key": "dev_vm5",
          "schema_version": 0,
          "attributes": {
            "address": "172.20.1.26",
            "all_tags": [],
            "description": "",
            "dns_domain": "",
            "dns_name": "",
            "fixed_ip": "10.10.100.54",
            "id": "7a1c84af-f21c-4f81-8a40-bb9202ea1845",
            "pool": "public1",
            "port_id": "9f29e581-60ed-4190-9390-f98c871e44d6",
            "region": "RegionOne",
            "subnet_id": null,
            "subnet_ids": null,
            "tags": [],
            "tenant_id": "fc70748921aa4265ad13c5d6f42d2574",
            "timeouts": null,
            "value_specs": null
          },
          "sensitive_attributes": [],
          "identity_schema_version": 0,
          "private": "eyJlMmJmYjczMC1lY2FhLTExZTYtOGY4OC0zNDM2M2JjN2M0YzAiOnsiY3JlYXRlIjo2MDAwMDAwMDAwMDAsImRlbGV0ZSI6NjAwMDAwMDAwMDAwfX0=",
          "dependencies": [
            "module.network.data.openstack_networking_network_v2.imported",
            "module.network.data.openstack_networking_subnet_v2.imported",
            "module.network.openstack_networking_network_v2.networks",
            "module.network.openstack_networking_port_v2.ports",
            "module.network.openstack_networking_subnet_v2.subnets",
            "module.vms.data.openstack_networking_network_v2.external"
          ]
        }
      ]
    }
  ],
  "check_results": [
    {
      "object_kind": "var",
      "config_addr": "var.vms",
      "status": "pass",
      "objects": [
        {
          "object_addr": "var.vms",
          "status": "pass"
        }
      ]
    },
    {
      "object_kind": "var",
      "config_addr": "module.vms.var.vms",
      "status": "pass",
      "objects": [
        {
          "object_addr": "module.vms.var.vms",
          "status": "pass"
        }
      ]
    }
  ]
}
