{
  "version": 4,
  "terraform_version": "1.13.3",
  "serial": 374,
  "lineage": "31aa48e6-0afd-4a83-3b04-de1b7f12293e",
  "outputs": {
    "awx_inventory_file": {
      "value": "./../terraform_outputs/awx_inventory.ini",
      "type": "string"
    },
    "dev_boot_volumes": {
      "value": {
        "vm7": {
          "id": "1105e72c-74fa-44bf-a6a5-e1f327c5bfc4",
          "name": "boot-vol-boot",
          "size": 30,
          "type": "boot"
        }
      },
      "type": [
        "object",
        {
          "vm7": [
            "object",
            {
              "id": "string",
              "name": "string",
              "size": "number",
              "type": "string"
            }
          ]
        }
      ]
    },
    "dev_data_volumes": {
      "value": {
        "vm1-data-0": {
          "device": null,
          "id": "bbb5b1a3-74e6-40ba-9309-0ab2c98452ea",
          "name": "web-server-subnet1-data-vm1-data-0",
          "size": 30,
          "type": "data",
          "vm_key": "vm1",
          "vm_name": "web-server-subnet1"
        },
        "vm12-data-0": {
          "device": null,
          "id": "0fd45a6f-8706-4294-a80c-1b8cd4e83354",
          "name": "test-data-vm12-data-0",
          "size": 50,
          "type": "data",
          "vm_key": "vm12",
          "vm_name": "test"
        },
        "vm2-data-0": {
          "device": null,
          "id": "f60a9ddd-696e-4ccd-aaec-c4a876037942",
          "name": "app-server-subnet2-data-vm2-data-0",
          "size": 30,
          "type": "data",
          "vm_key": "vm2",
          "vm_name": "app-server-subnet2"
        },
        "vm3-data-0": {
          "device": null,
          "id": "692ead47-2f88-4fe8-b6bc-984c7f69e714",
          "name": "db-server-subnet3-data-vm3-data-0",
          "size": 100,
          "type": "data",
          "vm_key": "vm3",
          "vm_name": "db-server-subnet3"
        },
        "vm4-data-0": {
          "device": null,
          "id": "ded2e701-1f2c-4f37-8db1-373960c6ae42",
          "name": "cache-server-subnet4-data-vm4-data-0",
          "size": 50,
          "type": "data",
          "vm_key": "vm4",
          "vm_name": "cache-server-subnet4"
        },
        "vm5-data-0": {
          "device": null,
          "id": "122bbb76-6924-4d31-9872-6a49700ca657",
          "name": "monitoring-subnet5-data-vm5-data-0",
          "size": 40,
          "type": "data",
          "vm_key": "vm5",
          "vm_name": "monitoring-subnet5"
        },
        "vm6-data-0": {
          "device": null,
          "id": "72bc2f98-fbc6-4b69-a3d5-e83908e559e3",
          "name": "monitoring-subnet6-data-vm6-data-0",
          "size": 40,
          "type": "data",
          "vm_key": "vm6",
          "vm_name": "monitoring-subnet6"
        },
        "vm7-data-0": {
          "device": null,
          "id": "97aa67ce-7c2b-4885-bbf2-fd8419c9f5b7",
          "name": "boot-vol-data-vm7-data-0",
          "size": 30,
          "type": "data",
          "vm_key": "vm7",
          "vm_name": "boot-vol"
        },
        "vm8-data-0": {
          "device": null,
          "id": "a7d86f86-468b-49c1-a5d1-9a4cb593090f",
          "name": "net2-data-vm8-data-0",
          "size": 50,
          "type": "data",
          "vm_key": "vm8",
          "vm_name": "net2"
        }
      },
      "type": [
        "object",
        {
          "vm1-data-0": [
            "object",
            {
              "device": "dynamic",
              "id": "string",
              "name": "string",
              "size": "number",
              "type": "string",
              "vm_key": "string",
              "vm_name": "string"
            }
          ],
          "vm12-data-0": [
            "object",
            {
              "device": "dynamic",
              "id": "string",
              "name": "string",
              "size": "number",
              "type": "string",
              "vm_key": "string",
              "vm_name": "string"
            }
          ],
          "vm2-data-0": [
            "object",
            {
              "device": "dynamic",
              "id": "string",
              "name": "string",
              "size": "number",
              "type": "string",
              "vm_key": "string",
              "vm_name": "string"
            }
          ],
          "vm3-data-0": [
            "object",
            {
              "device": "dynamic",
              "id": "string",
              "name": "string",
              "size": "number",
              "type": "string",
              "vm_key": "string",
              "vm_name": "string"
            }
          ],
          "vm4-data-0": [
            "object",
            {
              "device": "dynamic",
              "id": "string",
              "name": "string",
              "size": "number",
              "type": "string",
              "vm_key": "string",
              "vm_name": "string"
            }
          ],
          "vm5-data-0": [
            "object",
            {
              "device": "dynamic",
              "id": "string",
              "name": "string",
              "size": "number",
              "type": "string",
              "vm_key": "string",
              "vm_name": "string"
            }
          ],
          "vm6-data-0": [
            "object",
            {
              "device": "dynamic",
              "id": "string",
              "name": "string",
              "size": "number",
              "type": "string",
              "vm_key": "string",
              "vm_name": "string"
            }
          ],
          "vm7-data-0": [
            "object",
            {
              "device": "dynamic",
              "id": "string",
              "name": "string",
              "size": "number",
              "type": "string",
              "vm_key": "string",
              "vm_name": "string"
            }
          ],
          "vm8-data-0": [
            "object",
            {
              "device": "dynamic",
              "id": "string",
              "name": "string",
              "size": "number",
              "type": "string",
              "vm_key": "string",
              "vm_name": "string"
            }
          ]
        }
      ]
    },
    "dev_data_volumes_by_vm": {
      "value": {
        "vm1": {
          "vm_name": "web-server-subnet1",
          "volume_count": 1,
          "volumes": [
            {
              "device": null,
              "id": "bbb5b1a3-74e6-40ba-9309-0ab2c98452ea",
              "name": "web-server-subnet1-data-vm1-data-0",
              "size": 30
            }
          ]
        },
        "vm12": {
          "vm_name": "test",
          "volume_count": 1,
          "volumes": [
            {
              "device": null,
              "id": "0fd45a6f-8706-4294-a80c-1b8cd4e83354",
              "name": "test-data-vm12-data-0",
              "size": 50
            }
          ]
        },
        "vm2": {
          "vm_name": "app-server-subnet2",
          "volume_count": 1,
          "volumes": [
            {
              "device": null,
              "id": "f60a9ddd-696e-4ccd-aaec-c4a876037942",
              "name": "app-server-subnet2-data-vm2-data-0",
              "size": 30
            }
          ]
        },
        "vm3": {
          "vm_name": "db-server-subnet3",
          "volume_count": 1,
          "volumes": [
            {
              "device": null,
              "id": "692ead47-2f88-4fe8-b6bc-984c7f69e714",
              "name": "db-server-subnet3-data-vm3-data-0",
              "size": 100
            }
          ]
        },
        "vm4": {
          "vm_name": "cache-server-subnet4",
          "volume_count": 1,
          "volumes": [
            {
              "device": null,
              "id": "ded2e701-1f2c-4f37-8db1-373960c6ae42",
              "name": "cache-server-subnet4-data-vm4-data-0",
              "size": 50
            }
          ]
        },
        "vm5": {
          "vm_name": "monitoring-subnet5",
          "volume_count": 1,
          "volumes": [
            {
              "device": null,
              "id": "122bbb76-6924-4d31-9872-6a49700ca657",
              "name": "monitoring-subnet5-data-vm5-data-0",
              "size": 40
            }
          ]
        },
        "vm6": {
          "vm_name": "monitoring-subnet6",
          "volume_count": 1,
          "volumes": [
            {
              "device": null,
              "id": "72bc2f98-fbc6-4b69-a3d5-e83908e559e3",
              "name": "monitoring-subnet6-data-vm6-data-0",
              "size": 40
            }
          ]
        },
        "vm7": {
          "vm_name": "boot-vol",
          "volume_count": 1,
          "volumes": [
            {
              "device": null,
              "id": "97aa67ce-7c2b-4885-bbf2-fd8419c9f5b7",
              "name": "boot-vol-data-vm7-data-0",
              "size": 30
            }
          ]
        },
        "vm8": {
          "vm_name": "net2",
          "volume_count": 1,
          "volumes": [
            {
              "device": null,
              "id": "a7d86f86-468b-49c1-a5d1-9a4cb593090f",
              "name": "net2-data-vm8-data-0",
              "size": 50
            }
          ]
        }
      },
      "type": [
        "object",
        {
          "vm1": [
            "object",
            {
              "vm_name": "string",
              "volume_count": "number",
              "volumes": [
                "tuple",
                [
                  [
                    "object",
                    {
                      "device": "dynamic",
                      "id": "string",
                      "name": "string",
                      "size": "number"
                    }
                  ]
                ]
              ]
            }
          ],
          "vm12": [
            "object",
            {
              "vm_name": "string",
              "volume_count": "number",
              "volumes": [
                "tuple",
                [
                  [
                    "object",
                    {
                      "device": "dynamic",
                      "id": "string",
                      "name": "string",
                      "size": "number"
                    }
                  ]
                ]
              ]
            }
          ],
          "vm2": [
            "object",
            {
              "vm_name": "string",
              "volume_count": "number",
              "volumes": [
                "tuple",
                [
                  [
                    "object",
                    {
                      "device": "dynamic",
                      "id": "string",
                      "name": "string",
                      "size": "number"
                    }
                  ]
                ]
              ]
            }
          ],
          "vm3": [
            "object",
            {
              "vm_name": "string",
              "volume_count": "number",
              "volumes": [
                "tuple",
                [
                  [
                    "object",
                    {
                      "device": "dynamic",
                      "id": "string",
                      "name": "string",
                      "size": "number"
                    }
                  ]
                ]
              ]
            }
          ],
          "vm4": [
            "object",
            {
              "vm_name": "string",
              "volume_count": "number",
              "volumes": [
                "tuple",
                [
                  [
                    "object",
                    {
                      "device": "dynamic",
                      "id": "string",
                      "name": "string",
                      "size": "number"
                    }
                  ]
                ]
              ]
            }
          ],
          "vm5": [
            "object",
            {
              "vm_name": "string",
              "volume_count": "number",
              "volumes": [
                "tuple",
                [
                  [
                    "object",
                    {
                      "device": "dynamic",
                      "id": "string",
                      "name": "string",
                      "size": "number"
                    }
                  ]
                ]
              ]
            }
          ],
          "vm6": [
            "object",
            {
              "vm_name": "string",
              "volume_count": "number",
              "volumes": [
                "tuple",
                [
                  [
                    "object",
                    {
                      "device": "dynamic",
                      "id": "string",
                      "name": "string",
                      "size": "number"
                    }
                  ]
                ]
              ]
            }
          ],
          "vm7": [
            "object",
            {
              "vm_name": "string",
              "volume_count": "number",
              "volumes": [
                "tuple",
                [
                  [
                    "object",
                    {
                      "device": "dynamic",
                      "id": "string",
                      "name": "string",
                      "size": "number"
                    }
                  ]
                ]
              ]
            }
          ],
          "vm8": [
            "object",
            {
              "vm_name": "string",
              "volume_count": "number",
              "volumes": [
                "tuple",
                [
                  [
                    "object",
                    {
                      "device": "dynamic",
                      "id": "string",
                      "name": "string",
                      "size": "number"
                    }
                  ]
                ]
              ]
            }
          ]
        }
      ]
    },
    "dev_vm_details": {
      "value": {
        "vm1": {
          "boot_volume_id": null,
          "data_volume_count": 1,
          "data_volumes": [
            {
              "device": null,
              "id": "bbb5b1a3-74e6-40ba-9309-0ab2c98452ea",
              "name": "web-server-subnet1-data-vm1-data-0",
              "size": 30
            }
          ],
          "fip": "172.20.1.197",
          "flavor": "m1.medium",
          "id": "7b9d90b0-ec76-4ceb-bb83-b6ba93c2f42f",
          "name": "web-server-subnet1",
          "power_state": "active",
          "private_ip": "10.10.1.32"
        },
        "vm12": {
          "boot_volume_id": null,
          "data_volume_count": 1,
          "data_volumes": [
            {
              "device": null,
              "id": "0fd45a6f-8706-4294-a80c-1b8cd4e83354",
              "name": "test-data-vm12-data-0",
              "size": 50
            }
          ],
          "fip": "172.20.1.103",
          "flavor": "m1.large",
          "id": "1df48f36-5349-402f-a3ab-9c5cbcb06902",
          "name": "test",
          "power_state": "active",
          "private_ip": "10.20.3.201"
        },
        "vm2": {
          "boot_volume_id": null,
          "data_volume_count": 1,
          "data_volumes": [
            {
              "device": null,
              "id": "f60a9ddd-696e-4ccd-aaec-c4a876037942",
              "name": "app-server-subnet2-data-vm2-data-0",
              "size": 30
            }
          ],
          "fip": "172.20.1.108",
          "flavor": "m1.medium",
          "id": "aaed6bdd-34f3-4f1f-8e08-79fb4a896716",
          "name": "app-server-subnet2",
          "power_state": "active",
          "private_ip": "10.10.2.50"
        },
        "vm3": {
          "boot_volume_id": null,
          "data_volume_count": 1,
          "data_volumes": [
            {
              "device": null,
              "id": "692ead47-2f88-4fe8-b6bc-984c7f69e714",
              "name": "db-server-subnet3-data-vm3-data-0",
              "size": 100
            }
          ],
          "fip": null,
          "flavor": "m1.large",
          "id": "5da8247a-c803-4a1c-bd57-73a1f3a89444",
          "name": "db-server-subnet3",
          "power_state": "active",
          "private_ip": "10.10.3.133"
        },
        "vm4": {
          "boot_volume_id": null,
          "data_volume_count": 1,
          "data_volumes": [
            {
              "device": null,
              "id": "ded2e701-1f2c-4f37-8db1-373960c6ae42",
              "name": "cache-server-subnet4-data-vm4-data-0",
              "size": 50
            }
          ],
          "fip": null,
          "flavor": "m1.small",
          "id": "58381b9b-dc1a-4748-9b31-434ca5f88b41",
          "name": "cache-server-subnet4",
          "power_state": "active",
          "private_ip": "10.10.4.100"
        },
        "vm5": {
          "boot_volume_id": null,
          "data_volume_count": 1,
          "data_volumes": [
            {
              "device": null,
              "id": "122bbb76-6924-4d31-9872-6a49700ca657",
              "name": "monitoring-subnet5-data-vm5-data-0",
              "size": 40
            }
          ],
          "fip": "172.20.1.90",
          "flavor": "m1.medium",
          "id": "089b6c1b-37c5-4181-9e8c-fc98f6b00c8d",
          "name": "monitoring-subnet5",
          "power_state": "active",
          "private_ip": "10.10.5.158"
        },
        "vm6": {
          "boot_volume_id": null,
          "data_volume_count": 1,
          "data_volumes": [
            {
              "device": null,
              "id": "72bc2f98-fbc6-4b69-a3d5-e83908e559e3",
              "name": "monitoring-subnet6-data-vm6-data-0",
              "size": 40
            }
          ],
          "fip": "172.20.1.36",
          "flavor": "m1.medium",
          "id": "44032b6c-2fb4-4a26-acfc-9d8fb8ebb95b",
          "name": "monitoring-subnet6",
          "power_state": "active",
          "private_ip": "10.10.2.149"
        },
        "vm7": {
          "boot_volume_id": "1105e72c-74fa-44bf-a6a5-e1f327c5bfc4",
          "data_volume_count": 1,
          "data_volumes": [
            {
              "device": null,
              "id": "97aa67ce-7c2b-4885-bbf2-fd8419c9f5b7",
              "name": "boot-vol-data-vm7-data-0",
              "size": 30
            }
          ],
          "fip": "172.20.1.115",
          "flavor": "m1.medium",
          "id": "da74ebcc-7f20-4c9b-9861-e215f812ff6d",
          "name": "boot-vol",
          "power_state": "active",
          "private_ip": "10.10.3.163"
        },
        "vm8": {
          "boot_volume_id": null,
          "data_volume_count": 1,
          "data_volumes": [
            {
              "device": null,
              "id": "a7d86f86-468b-49c1-a5d1-9a4cb593090f",
              "name": "net2-data-vm8-data-0",
              "size": 50
            }
          ],
          "fip": null,
          "flavor": "m1.medium",
          "id": "12aa93cc-7ccd-4876-bb25-9f994ef0b1e9",
          "name": "net2",
          "power_state": "active",
          "private_ip": "10.20.1.50"
        }
      },
      "type": [
        "object",
        {
          "vm1": [
            "object",
            {
              "boot_volume_id": "dynamic",
              "data_volume_count": "number",
              "data_volumes": [
                "tuple",
                [
                  [
                    "object",
                    {
                      "device": "dynamic",
                      "id": "string",
                      "name": "string",
                      "size": "number"
                    }
                  ]
                ]
              ],
              "fip": "string",
              "flavor": "string",
              "id": "string",
              "name": "string",
              "power_state": "string",
              "private_ip": "string"
            }
          ],
          "vm12": [
            "object",
            {
              "boot_volume_id": "dynamic",
              "data_volume_count": "number",
              "data_volumes": [
                "tuple",
                [
                  [
                    "object",
                    {
                      "device": "dynamic",
                      "id": "string",
                      "name": "string",
                      "size": "number"
                    }
                  ]
                ]
              ],
              "fip": "string",
              "flavor": "string",
              "id": "string",
              "name": "string",
              "power_state": "string",
              "private_ip": "string"
            }
          ],
          "vm2": [
            "object",
            {
              "boot_volume_id": "dynamic",
              "data_volume_count": "number",
              "data_volumes": [
                "tuple",
                [
                  [
                    "object",
                    {
                      "device": "dynamic",
                      "id": "string",
                      "name": "string",
                      "size": "number"
                    }
                  ]
                ]
              ],
              "fip": "string",
              "flavor": "string",
              "id": "string",
              "name": "string",
              "power_state": "string",
              "private_ip": "string"
            }
          ],
          "vm3": [
            "object",
            {
              "boot_volume_id": "dynamic",
              "data_volume_count": "number",
              "data_volumes": [
                "tuple",
                [
                  [
                    "object",
                    {
                      "device": "dynamic",
                      "id": "string",
                      "name": "string",
                      "size": "number"
                    }
                  ]
                ]
              ],
              "fip": "dynamic",
              "flavor": "string",
              "id": "string",
              "name": "string",
              "power_state": "string",
              "private_ip": "string"
            }
          ],
          "vm4": [
            "object",
            {
              "boot_volume_id": "dynamic",
              "data_volume_count": "number",
              "data_volumes": [
                "tuple",
                [
                  [
                    "object",
                    {
                      "device": "dynamic",
                      "id": "string",
                      "name": "string",
                      "size": "number"
                    }
                  ]
                ]
              ],
              "fip": "dynamic",
              "flavor": "string",
              "id": "string",
              "name": "string",
              "power_state": "string",
              "private_ip": "string"
            }
          ],
          "vm5": [
            "object",
            {
              "boot_volume_id": "dynamic",
              "data_volume_count": "number",
              "data_volumes": [
                "tuple",
                [
                  [
                    "object",
                    {
                      "device": "dynamic",
                      "id": "string",
                      "name": "string",
                      "size": "number"
                    }
                  ]
                ]
              ],
              "fip": "string",
              "flavor": "string",
              "id": "string",
              "name": "string",
              "power_state": "string",
              "private_ip": "string"
            }
          ],
          "vm6": [
            "object",
            {
              "boot_volume_id": "dynamic",
              "data_volume_count": "number",
              "data_volumes": [
                "tuple",
                [
                  [
                    "object",
                    {
                      "device": "dynamic",
                      "id": "string",
                      "name": "string",
                      "size": "number"
                    }
                  ]
                ]
              ],
              "fip": "string",
              "flavor": "string",
              "id": "string",
              "name": "string",
              "power_state": "string",
              "private_ip": "string"
            }
          ],
          "vm7": [
            "object",
            {
              "boot_volume_id": "string",
              "data_volume_count": "number",
              "data_volumes": [
                "tuple",
                [
                  [
                    "object",
                    {
                      "device": "dynamic",
                      "id": "string",
                      "name": "string",
                      "size": "number"
                    }
                  ]
                ]
              ],
              "fip": "string",
              "flavor": "string",
              "id": "string",
              "name": "string",
              "power_state": "string",
              "private_ip": "string"
            }
          ],
          "vm8": [
            "object",
            {
              "boot_volume_id": "dynamic",
              "data_volume_count": "number",
              "data_volumes": [
                "tuple",
                [
                  [
                    "object",
                    {
                      "device": "dynamic",
                      "id": "string",
                      "name": "string",
                      "size": "number"
                    }
                  ]
                ]
              ],
              "fip": "dynamic",
              "flavor": "string",
              "id": "string",
              "name": "string",
              "power_state": "string",
              "private_ip": "string"
            }
          ]
        }
      ]
    },
    "dev_vm_fips": {
      "value": {
        "vm1": "172.20.1.197",
        "vm12": "172.20.1.103",
        "vm2": "172.20.1.108",
        "vm5": "172.20.1.90",
        "vm6": "172.20.1.36",
        "vm7": "172.20.1.115"
      },
      "type": [
        "object",
        {
          "vm1": "string",
          "vm12": "string",
          "vm2": "string",
          "vm5": "string",
          "vm6": "string",
          "vm7": "string"
        }
      ]
    },
    "dev_vm_storage_summary": {
      "value": {
        "vm1": {
          "boot_method": "image",
          "boot_volume_size": "N/A (image boot)",
          "data_volumes_count": 1,
          "data_volumes_total_size": 30,
          "total_storage": 30,
          "vm_name": "web-server-subnet1"
        },
        "vm12": {
          "boot_method": "image",
          "boot_volume_size": "N/A (image boot)",
          "data_volumes_count": 1,
          "data_volumes_total_size": 50,
          "total_storage": 50,
          "vm_name": "test"
        },
        "vm2": {
          "boot_method": "image",
          "boot_volume_size": "N/A (image boot)",
          "data_volumes_count": 1,
          "data_volumes_total_size": 30,
          "total_storage": 30,
          "vm_name": "app-server-subnet2"
        },
        "vm3": {
          "boot_method": "image",
          "boot_volume_size": "N/A (image boot)",
          "data_volumes_count": 1,
          "data_volumes_total_size": 100,
          "total_storage": 100,
          "vm_name": "db-server-subnet3"
        },
        "vm4": {
          "boot_method": "image",
          "boot_volume_size": "N/A (image boot)",
          "data_volumes_count": 1,
          "data_volumes_total_size": 50,
          "total_storage": 50,
          "vm_name": "cache-server-subnet4"
        },
        "vm5": {
          "boot_method": "image",
          "boot_volume_size": "N/A (image boot)",
          "data_volumes_count": 1,
          "data_volumes_total_size": 40,
          "total_storage": 40,
          "vm_name": "monitoring-subnet5"
        },
        "vm6": {
          "boot_method": "image",
          "boot_volume_size": "N/A (image boot)",
          "data_volumes_count": 1,
          "data_volumes_total_size": 40,
          "total_storage": 40,
          "vm_name": "monitoring-subnet6"
        },
        "vm7": {
          "boot_method": "snapshot/clone",
          "boot_volume_size": "30",
          "data_volumes_count": 1,
          "data_volumes_total_size": 30,
          "total_storage": 60,
          "vm_name": "boot-vol"
        },
        "vm8": {
          "boot_method": "image",
          "boot_volume_size": "N/A (image boot)",
          "data_volumes_count": 1,
          "data_volumes_total_size": 50,
          "total_storage": 50,
          "vm_name": "net2"
        }
      },
      "type": [
        "object",
        {
          "vm1": [
            "object",
            {
              "boot_method": "string",
              "boot_volume_size": "string",
              "data_volumes_count": "number",
              "data_volumes_total_size": "number",
              "total_storage": "number",
              "vm_name": "string"
            }
          ],
          "vm12": [
            "object",
            {
              "boot_method": "string",
              "boot_volume_size": "string",
              "data_volumes_count": "number",
              "data_volumes_total_size": "number",
              "total_storage": "number",
              "vm_name": "string"
            }
          ],
          "vm2": [
            "object",
            {
              "boot_method": "string",
              "boot_volume_size": "string",
              "data_volumes_count": "number",
              "data_volumes_total_size": "number",
              "total_storage": "number",
              "vm_name": "string"
            }
          ],
          "vm3": [
            "object",
            {
              "boot_method": "string",
              "boot_volume_size": "string",
              "data_volumes_count": "number",
              "data_volumes_total_size": "number",
              "total_storage": "number",
              "vm_name": "string"
            }
          ],
          "vm4": [
            "object",
            {
              "boot_method": "string",
              "boot_volume_size": "string",
              "data_volumes_count": "number",
              "data_volumes_total_size": "number",
              "total_storage": "number",
              "vm_name": "string"
            }
          ],
          "vm5": [
            "object",
            {
              "boot_method": "string",
              "boot_volume_size": "string",
              "data_volumes_count": "number",
              "data_volumes_total_size": "number",
              "total_storage": "number",
              "vm_name": "string"
            }
          ],
          "vm6": [
            "object",
            {
              "boot_method": "string",
              "boot_volume_size": "string",
              "data_volumes_count": "number",
              "data_volumes_total_size": "number",
              "total_storage": "number",
              "vm_name": "string"
            }
          ],
          "vm7": [
            "object",
            {
              "boot_method": "string",
              "boot_volume_size": "string",
              "data_volumes_count": "number",
              "data_volumes_total_size": "number",
              "total_storage": "number",
              "vm_name": "string"
            }
          ],
          "vm8": [
            "object",
            {
              "boot_method": "string",
              "boot_volume_size": "string",
              "data_volumes_count": "number",
              "data_volumes_total_size": "number",
              "total_storage": "number",
              "vm_name": "string"
            }
          ]
        }
      ]
    },
    "terraform_outputs_file": {
      "value": "./../terraform_outputs/terraform_output.json",
      "type": "string"
    }
  },
  "resources": [
    {
      "mode": "managed",
      "type": "null_resource",
      "name": "save_outputs",
      "provider": "provider[\"registry.terraform.io/hashicorp/null\"]",
      "instances": [
        {
          "schema_version": 0,
          "attributes": {
            "id": "5308449934291005016",
            "triggers": {
              "always_run": "2025-12-22T04:37:04Z",
              "vm_fips": "{\"vm1\":\"172.20.1.197\",\"vm12\":\"172.20.1.103\",\"vm2\":\"172.20.1.108\",\"vm5\":\"172.20.1.90\",\"vm6\":\"172.20.1.36\",\"vm7\":\"172.20.1.115\"}"
            }
          },
          "sensitive_attributes": [],
          "identity_schema_version": 0,
          "dependencies": [
            "module.network.openstack_networking_network_v2.networks",
            "module.network.openstack_networking_port_v2.ports",
            "module.network.openstack_networking_subnet_v2.subnets",
            "module.vms.data.openstack_networking_network_v2.existing",
            "module.vms.data.openstack_networking_network_v2.external",
            "module.vms.openstack_blockstorage_volume_v3.boot_volumes",
            "module.vms.openstack_blockstorage_volume_v3.data_volumes",
            "module.vms.openstack_compute_floatingip_associate_v2.fip_assoc",
            "module.vms.openstack_compute_instance_v2.vms",
            "module.vms.openstack_compute_volume_attach_v2.attach_data",
            "module.vms.openstack_networking_floatingip_v2.fips"
          ]
        }
      ]
    },
    {
      "module": "module.network",
      "mode": "data",
      "type": "openstack_networking_network_v2",
      "name": "external",
      "provider": "provider[\"registry.terraform.io/terraform-provider-openstack/openstack\"]",
      "instances": [
        {
          "schema_version": 0,
          "attributes": {
            "admin_state_up": "true",
            "all_tags": [],
            "availability_zone_hints": [],
            "description": "",
            "dns_domain": "",
            "external": true,
            "id": "7181cf6d-3e20-4fac-a7d1-7064e5fbb3a6",
            "matching_subnet_cidr": null,
            "mtu": 1500,
            "name": "public1",
            "network_id": null,
            "region": "RegionOne",
            "segments": [],
            "shared": "true",
            "status": null,
            "subnets": [
              "99d6340b-f730-4086-910d-e39faff556fa"
            ],
            "tags": null,
            "tenant_id": "15b9c9b9c8fe4dae9789ca3ffea6aaac",
            "transparent_vlan": false
          },
          "sensitive_attributes": [],
          "identity_schema_version": 0
        }
      ]
    },
    {
      "module": "module.network",
      "mode": "data",
      "type": "openstack_networking_router_v2",
      "name": "existing",
      "provider": "provider[\"registry.terraform.io/terraform-provider-openstack/openstack\"]",
      "instances": [
        {
          "index_key": "terra_router",
          "schema_version": 0,
          "attributes": {
            "admin_state_up": true,
            "all_tags": [],
            "availability_zone_hints": [],
            "description": "",
            "distributed": false,
            "enable_snat": true,
            "external_fixed_ip": [
              {
                "ip_address": "172.20.1.156",
                "subnet_id": "99d6340b-f730-4086-910d-e39faff556fa"
              }
            ],
            "external_network_id": "7181cf6d-3e20-4fac-a7d1-7064e5fbb3a6",
            "id": "4648a3f1-f095-4902-82fc-549f926d35aa",
            "name": "testing",
            "region": "RegionOne",
            "router_id": null,
            "status": "ACTIVE",
            "tags": null,
            "tenant_id": "fc70748921aa4265ad13c5d6f42d2574"
          },
          "sensitive_attributes": [],
          "identity_schema_version": 0
        }
      ]
    },
    {
      "module": "module.network",
      "mode": "managed",
      "type": "openstack_networking_network_v2",
      "name": "networks",
      "provider": "provider[\"registry.terraform.io/terraform-provider-openstack/openstack\"]",
      "instances": [
        {
          "index_key": "network_1",
          "schema_version": 0,
          "attributes": {
            "admin_state_up": true,
            "all_tags": [],
            "availability_zone_hints": [],
            "description": "Main network with multiple subnets",
            "dns_domain": "",
            "external": false,
            "id": "7c95f768-63c8-4941-83ed-620c19479d19",
            "mtu": 1450,
            "name": "network-1",
            "port_security_enabled": true,
            "qos_policy_id": "",
            "region": "RegionOne",
            "segments": [],
            "shared": false,
            "tags": null,
            "tenant_id": "fc70748921aa4265ad13c5d6f42d2574",
            "timeouts": null,
            "transparent_vlan": false,
            "value_specs": null
          },
          "sensitive_attributes": [],
          "identity_schema_version": 0,
          "private": "eyJlMmJmYjczMC1lY2FhLTExZTYtOGY4OC0zNDM2M2JjN2M0YzAiOnsiY3JlYXRlIjo2MDAwMDAwMDAwMDAsImRlbGV0ZSI6NjAwMDAwMDAwMDAwfX0="
        },
        {
          "index_key": "network_2",
          "schema_version": 0,
          "attributes": {
            "admin_state_up": true,
            "all_tags": [],
            "availability_zone_hints": [],
            "description": "Backend / DB / Restricted network",
            "dns_domain": "",
            "external": false,
            "id": "7fe92ab8-c6a7-4632-b1d0-f1ee78966697",
            "mtu": 1450,
            "name": "network-2",
            "port_security_enabled": true,
            "qos_policy_id": "",
            "region": "RegionOne",
            "segments": [],
            "shared": false,
            "tags": null,
            "tenant_id": "fc70748921aa4265ad13c5d6f42d2574",
            "timeouts": null,
            "transparent_vlan": false,
            "value_specs": null
          },
          "sensitive_attributes": [],
          "identity_schema_version": 0,
          "private": "eyJlMmJmYjczMC1lY2FhLTExZTYtOGY4OC0zNDM2M2JjN2M0YzAiOnsiY3JlYXRlIjo2MDAwMDAwMDAwMDAsImRlbGV0ZSI6NjAwMDAwMDAwMDAwfX0="
        }
      ]
    },
    {
      "module": "module.network",
      "mode": "managed",
      "type": "openstack_networking_port_v2",
      "name": "ports",
      "provider": "provider[\"registry.terraform.io/terraform-provider-openstack/openstack\"]",
      "instances": [
        {
          "index_key": "vm10_port",
          "schema_version": 0,
          "attributes": {
            "admin_state_up": true,
            "all_fixed_ips": [
              "10.20.3.252"
            ],
            "all_security_group_ids": [
              "135ef41d-16ac-4843-90ba-f9a4669e230e"
            ],
            "all_tags": [],
            "allowed_address_pairs": [],
            "binding": [
              {
                "host_id": "",
                "profile": "",
                "vif_details": {},
                "vif_type": "",
                "vnic_type": "normal"
              }
            ],
            "description": "",
            "device_id": "",
            "device_owner": "",
            "dns_assignment": [],
            "dns_name": "",
            "extra_dhcp_option": [],
            "fixed_ip": [
              {
                "ip_address": "",
                "subnet_id": "749bc37e-b906-4db5-8252-0de51962479d"
              }
            ],
            "id": "9f3506a7-5daf-4da6-8930-d87128844310",
            "mac_address": "fa:16:3e:b1:de:49",
            "name": "vm10-port",
            "network_id": "7fe92ab8-c6a7-4632-b1d0-f1ee78966697",
            "no_fixed_ip": null,
            "no_security_groups": null,
            "port_security_enabled": true,
            "qos_policy_id": "",
            "region": "RegionOne",
            "security_group_ids": null,
            "tags": null,
            "tenant_id": "fc70748921aa4265ad13c5d6f42d2574",
            "timeouts": null,
            "value_specs": null
          },
          "sensitive_attributes": [],
          "identity_schema_version": 0,
          "private": "eyJlMmJmYjczMC1lY2FhLTExZTYtOGY4OC0zNDM2M2JjN2M0YzAiOnsiY3JlYXRlIjo2MDAwMDAwMDAwMDAsImRlbGV0ZSI6NjAwMDAwMDAwMDAwfX0=",
          "dependencies": [
            "module.network.openstack_networking_network_v2.networks",
            "module.network.openstack_networking_subnet_v2.subnets"
          ]
        },
        {
          "index_key": "vm11_port",
          "schema_version": 0,
          "attributes": {
            "admin_state_up": true,
            "all_fixed_ips": [
              "10.10.1.48"
            ],
            "all_security_group_ids": [
              "135ef41d-16ac-4843-90ba-f9a4669e230e"
            ],
            "all_tags": [],
            "allowed_address_pairs": [],
            "binding": [
              {
                "host_id": "",
                "profile": "",
                "vif_details": {},
                "vif_type": "",
                "vnic_type": "normal"
              }
            ],
            "description": "",
            "device_id": "",
            "device_owner": "",
            "dns_assignment": [],
            "dns_name": "",
            "extra_dhcp_option": [],
            "fixed_ip": [
              {
                "ip_address": "",
                "subnet_id": "d4e76f77-cb22-4af6-ab81-c49d13906f0a"
              }
            ],
            "id": "545791ca-35c5-4f53-958e-8db6c161b342",
            "mac_address": "fa:16:3e:68:25:5d",
            "name": "vm11-port",
            "network_id": "7c95f768-63c8-4941-83ed-620c19479d19",
            "no_fixed_ip": null,
            "no_security_groups": null,
            "port_security_enabled": true,
            "qos_policy_id": "",
            "region": "RegionOne",
            "security_group_ids": null,
            "tags": null,
            "tenant_id": "fc70748921aa4265ad13c5d6f42d2574",
            "timeouts": null,
            "value_specs": null
          },
          "sensitive_attributes": [],
          "identity_schema_version": 0,
          "private": "eyJlMmJmYjczMC1lY2FhLTExZTYtOGY4OC0zNDM2M2JjN2M0YzAiOnsiY3JlYXRlIjo2MDAwMDAwMDAwMDAsImRlbGV0ZSI6NjAwMDAwMDAwMDAwfX0=",
          "dependencies": [
            "module.network.openstack_networking_network_v2.networks",
            "module.network.openstack_networking_subnet_v2.subnets"
          ]
        },
        {
          "index_key": "vm11_port_subnet2",
          "schema_version": 0,
          "attributes": {
            "admin_state_up": true,
            "all_fixed_ips": [
              "10.10.2.60"
            ],
            "all_security_group_ids": [
              "135ef41d-16ac-4843-90ba-f9a4669e230e"
            ],
            "all_tags": [],
            "allowed_address_pairs": [],
            "binding": [
              {
                "host_id": "",
                "profile": "",
                "vif_details": {},
                "vif_type": "",
                "vnic_type": "normal"
              }
            ],
            "description": "",
            "device_id": "",
            "device_owner": "",
            "dns_assignment": [],
            "dns_name": "",
            "extra_dhcp_option": [],
            "fixed_ip": [
              {
                "ip_address": "",
                "subnet_id": "3ffd3abc-d5c7-415f-95fd-c78ae9afa3e5"
              }
            ],
            "id": "46bbfa03-d865-4416-9720-860d4ec01663",
            "mac_address": "fa:16:3e:90:64:da",
            "name": "vm11-subnet2-port",
            "network_id": "7c95f768-63c8-4941-83ed-620c19479d19",
            "no_fixed_ip": null,
            "no_security_groups": null,
            "port_security_enabled": true,
            "qos_policy_id": "",
            "region": "RegionOne",
            "security_group_ids": null,
            "tags": null,
            "tenant_id": "fc70748921aa4265ad13c5d6f42d2574",
            "timeouts": null,
            "value_specs": null
          },
          "sensitive_attributes": [],
          "identity_schema_version": 0,
          "private": "eyJlMmJmYjczMC1lY2FhLTExZTYtOGY4OC0zNDM2M2JjN2M0YzAiOnsiY3JlYXRlIjo2MDAwMDAwMDAwMDAsImRlbGV0ZSI6NjAwMDAwMDAwMDAwfX0=",
          "dependencies": [
            "module.network.openstack_networking_network_v2.networks",
            "module.network.openstack_networking_subnet_v2.subnets"
          ]
        },
        {
          "index_key": "vm12_port",
          "schema_version": 0,
          "attributes": {
            "admin_state_up": true,
            "all_fixed_ips": [
              "10.20.3.201"
            ],
            "all_security_group_ids": [
              "135ef41d-16ac-4843-90ba-f9a4669e230e"
            ],
            "all_tags": [],
            "allowed_address_pairs": [],
            "binding": [
              {
                "host_id": "",
                "profile": "",
                "vif_details": {},
                "vif_type": "",
                "vnic_type": "normal"
              }
            ],
            "description": "",
            "device_id": "",
            "device_owner": "",
            "dns_assignment": [],
            "dns_name": "",
            "extra_dhcp_option": [],
            "fixed_ip": [
              {
                "ip_address": "",
                "subnet_id": "749bc37e-b906-4db5-8252-0de51962479d"
              }
            ],
            "id": "6155ba27-d50b-4cbd-82ef-5f5c2cddbeb8",
            "mac_address": "fa:16:3e:3d:99:7b",
            "name": "vm12-port",
            "network_id": "7fe92ab8-c6a7-4632-b1d0-f1ee78966697",
            "no_fixed_ip": null,
            "no_security_groups": null,
            "port_security_enabled": true,
            "qos_policy_id": "",
            "region": "RegionOne",
            "security_group_ids": null,
            "tags": null,
            "tenant_id": "fc70748921aa4265ad13c5d6f42d2574",
            "timeouts": null,
            "value_specs": null
          },
          "sensitive_attributes": [],
          "identity_schema_version": 0,
          "private": "eyJlMmJmYjczMC1lY2FhLTExZTYtOGY4OC0zNDM2M2JjN2M0YzAiOnsiY3JlYXRlIjo2MDAwMDAwMDAwMDAsImRlbGV0ZSI6NjAwMDAwMDAwMDAwfX0=",
          "dependencies": [
            "module.network.openstack_networking_network_v2.networks",
            "module.network.openstack_networking_subnet_v2.subnets"
          ]
        },
        {
          "index_key": "vm12_port_subnet2",
          "schema_version": 0,
          "attributes": {
            "admin_state_up": true,
            "all_fixed_ips": [
              "10.10.4.185"
            ],
            "all_security_group_ids": [
              "135ef41d-16ac-4843-90ba-f9a4669e230e"
            ],
            "all_tags": [],
            "allowed_address_pairs": [],
            "binding": [
              {
                "host_id": "",
                "profile": "",
                "vif_details": {},
                "vif_type": "",
                "vnic_type": "normal"
              }
            ],
            "description": "",
            "device_id": "",
            "device_owner": "",
            "dns_assignment": [],
            "dns_name": "",
            "extra_dhcp_option": [],
            "fixed_ip": [
              {
                "ip_address": "",
                "subnet_id": "ae7def27-20c2-40c4-9d60-b4470d5b02f6"
              }
            ],
            "id": "f8a856db-5a0e-46c2-90f5-2609775e8901",
            "mac_address": "fa:16:3e:85:11:4b",
            "name": "vm12-port-sub2",
            "network_id": "7c95f768-63c8-4941-83ed-620c19479d19",
            "no_fixed_ip": null,
            "no_security_groups": null,
            "port_security_enabled": true,
            "qos_policy_id": "",
            "region": "RegionOne",
            "security_group_ids": null,
            "tags": null,
            "tenant_id": "fc70748921aa4265ad13c5d6f42d2574",
            "timeouts": null,
            "value_specs": null
          },
          "sensitive_attributes": [],
          "identity_schema_version": 0,
          "private": "eyJlMmJmYjczMC1lY2FhLTExZTYtOGY4OC0zNDM2M2JjN2M0YzAiOnsiY3JlYXRlIjo2MDAwMDAwMDAwMDAsImRlbGV0ZSI6NjAwMDAwMDAwMDAwfX0=",
          "dependencies": [
            "module.network.openstack_networking_network_v2.networks",
            "module.network.openstack_networking_subnet_v2.subnets"
          ]
        },
        {
          "index_key": "vm1_port",
          "schema_version": 0,
          "attributes": {
            "admin_state_up": true,
            "all_fixed_ips": [
              "10.10.1.32"
            ],
            "all_security_group_ids": [
              "135ef41d-16ac-4843-90ba-f9a4669e230e"
            ],
            "all_tags": [],
            "allowed_address_pairs": [],
            "binding": [
              {
                "host_id": "",
                "profile": "",
                "vif_details": {},
                "vif_type": "",
                "vnic_type": "normal"
              }
            ],
            "description": "",
            "device_id": "",
            "device_owner": "",
            "dns_assignment": [],
            "dns_name": "",
            "extra_dhcp_option": [],
            "fixed_ip": [
              {
                "ip_address": "",
                "subnet_id": "d4e76f77-cb22-4af6-ab81-c49d13906f0a"
              }
            ],
            "id": "27164fcf-ee66-4cc9-ac67-d128b7ff45a3",
            "mac_address": "fa:16:3e:a3:8e:35",
            "name": "vm1-port",
            "network_id": "7c95f768-63c8-4941-83ed-620c19479d19",
            "no_fixed_ip": null,
            "no_security_groups": null,
            "port_security_enabled": true,
            "qos_policy_id": "",
            "region": "RegionOne",
            "security_group_ids": null,
            "tags": null,
            "tenant_id": "fc70748921aa4265ad13c5d6f42d2574",
            "timeouts": null,
            "value_specs": null
          },
          "sensitive_attributes": [],
          "identity_schema_version": 0,
          "private": "eyJlMmJmYjczMC1lY2FhLTExZTYtOGY4OC0zNDM2M2JjN2M0YzAiOnsiY3JlYXRlIjo2MDAwMDAwMDAwMDAsImRlbGV0ZSI6NjAwMDAwMDAwMDAwfX0=",
          "dependencies": [
            "module.network.openstack_networking_network_v2.networks",
            "module.network.openstack_networking_subnet_v2.subnets"
          ]
        },
        {
          "index_key": "vm2_port",
          "schema_version": 0,
          "attributes": {
            "admin_state_up": true,
            "all_fixed_ips": [
              "10.10.2.50"
            ],
            "all_security_group_ids": [
              "135ef41d-16ac-4843-90ba-f9a4669e230e"
            ],
            "all_tags": [],
            "allowed_address_pairs": [],
            "binding": [
              {
                "host_id": "",
                "profile": "",
                "vif_details": {},
                "vif_type": "",
                "vnic_type": "normal"
              }
            ],
            "description": "",
            "device_id": "",
            "device_owner": "",
            "dns_assignment": [],
            "dns_name": "",
            "extra_dhcp_option": [],
            "fixed_ip": [
              {
                "ip_address": "10.10.2.50",
                "subnet_id": "3ffd3abc-d5c7-415f-95fd-c78ae9afa3e5"
              }
            ],
            "id": "94d4bb78-6b1b-4d90-9cdd-71dd641f6ec9",
            "mac_address": "fa:16:3e:c2:6f:0c",
            "name": "vm2-port",
            "network_id": "7c95f768-63c8-4941-83ed-620c19479d19",
            "no_fixed_ip": null,
            "no_security_groups": null,
            "port_security_enabled": true,
            "qos_policy_id": "",
            "region": "RegionOne",
            "security_group_ids": null,
            "tags": null,
            "tenant_id": "fc70748921aa4265ad13c5d6f42d2574",
            "timeouts": null,
            "value_specs": null
          },
          "sensitive_attributes": [],
          "identity_schema_version": 0,
          "private": "eyJlMmJmYjczMC1lY2FhLTExZTYtOGY4OC0zNDM2M2JjN2M0YzAiOnsiY3JlYXRlIjo2MDAwMDAwMDAwMDAsImRlbGV0ZSI6NjAwMDAwMDAwMDAwfX0=",
          "dependencies": [
            "module.network.openstack_networking_network_v2.networks",
            "module.network.openstack_networking_subnet_v2.subnets"
          ]
        },
        {
          "index_key": "vm3_port",
          "schema_version": 0,
          "attributes": {
            "admin_state_up": true,
            "all_fixed_ips": [
              "10.10.3.133"
            ],
            "all_security_group_ids": [
              "135ef41d-16ac-4843-90ba-f9a4669e230e"
            ],
            "all_tags": [],
            "allowed_address_pairs": [],
            "binding": [
              {
                "host_id": "",
                "profile": "",
                "vif_details": {},
                "vif_type": "",
                "vnic_type": "normal"
              }
            ],
            "description": "",
            "device_id": "",
            "device_owner": "",
            "dns_assignment": [],
            "dns_name": "",
            "extra_dhcp_option": [],
            "fixed_ip": [
              {
                "ip_address": "",
                "subnet_id": "ad2e2205-8b16-492a-bce6-07fd49e04ba0"
              }
            ],
            "id": "93acd5c7-8d49-49ac-8fd6-f2feefad2ef2",
            "mac_address": "fa:16:3e:2c:5a:58",
            "name": "vm3-port",
            "network_id": "7c95f768-63c8-4941-83ed-620c19479d19",
            "no_fixed_ip": null,
            "no_security_groups": null,
            "port_security_enabled": true,
            "qos_policy_id": "",
            "region": "RegionOne",
            "security_group_ids": null,
            "tags": null,
            "tenant_id": "fc70748921aa4265ad13c5d6f42d2574",
            "timeouts": null,
            "value_specs": null
          },
          "sensitive_attributes": [],
          "identity_schema_version": 0,
          "private": "eyJlMmJmYjczMC1lY2FhLTExZTYtOGY4OC0zNDM2M2JjN2M0YzAiOnsiY3JlYXRlIjo2MDAwMDAwMDAwMDAsImRlbGV0ZSI6NjAwMDAwMDAwMDAwfX0=",
          "dependencies": [
            "module.network.openstack_networking_network_v2.networks",
            "module.network.openstack_networking_subnet_v2.subnets"
          ]
        },
        {
          "index_key": "vm4_port",
          "schema_version": 0,
          "attributes": {
            "admin_state_up": true,
            "all_fixed_ips": [
              "10.10.4.100"
            ],
            "all_security_group_ids": [
              "135ef41d-16ac-4843-90ba-f9a4669e230e"
            ],
            "all_tags": [],
            "allowed_address_pairs": [],
            "binding": [
              {
                "host_id": "",
                "profile": "",
                "vif_details": {},
                "vif_type": "",
                "vnic_type": "normal"
              }
            ],
            "description": "",
            "device_id": "",
            "device_owner": "",
            "dns_assignment": [],
            "dns_name": "",
            "extra_dhcp_option": [],
            "fixed_ip": [
              {
                "ip_address": "10.10.4.100",
                "subnet_id": "ae7def27-20c2-40c4-9d60-b4470d5b02f6"
              }
            ],
            "id": "88c37f8d-3b02-4588-bb76-3f381ab16597",
            "mac_address": "fa:16:3e:ea:77:f9",
            "name": "vm4-port",
            "network_id": "7c95f768-63c8-4941-83ed-620c19479d19",
            "no_fixed_ip": null,
            "no_security_groups": null,
            "port_security_enabled": true,
            "qos_policy_id": "",
            "region": "RegionOne",
            "security_group_ids": null,
            "tags": null,
            "tenant_id": "fc70748921aa4265ad13c5d6f42d2574",
            "timeouts": null,
            "value_specs": null
          },
          "sensitive_attributes": [],
          "identity_schema_version": 0,
          "private": "eyJlMmJmYjczMC1lY2FhLTExZTYtOGY4OC0zNDM2M2JjN2M0YzAiOnsiY3JlYXRlIjo2MDAwMDAwMDAwMDAsImRlbGV0ZSI6NjAwMDAwMDAwMDAwfX0=",
          "dependencies": [
            "module.network.openstack_networking_network_v2.networks",
            "module.network.openstack_networking_subnet_v2.subnets"
          ]
        },
        {
          "index_key": "vm5_port",
          "schema_version": 0,
          "attributes": {
            "admin_state_up": true,
            "all_fixed_ips": [
              "10.10.5.158"
            ],
            "all_security_group_ids": [
              "135ef41d-16ac-4843-90ba-f9a4669e230e"
            ],
            "all_tags": [],
            "allowed_address_pairs": [],
            "binding": [
              {
                "host_id": "",
                "profile": "",
                "vif_details": {},
                "vif_type": "",
                "vnic_type": "normal"
              }
            ],
            "description": "",
            "device_id": "",
            "device_owner": "",
            "dns_assignment": [],
            "dns_name": "",
            "extra_dhcp_option": [],
            "fixed_ip": [
              {
                "ip_address": "",
                "subnet_id": "b6c76693-35ba-45c4-a246-242556189889"
              }
            ],
            "id": "25d17193-1875-4b41-b854-89984f73cbd4",
            "mac_address": "fa:16:3e:ef:85:15",
            "name": "vm5-port",
            "network_id": "7c95f768-63c8-4941-83ed-620c19479d19",
            "no_fixed_ip": null,
            "no_security_groups": null,
            "port_security_enabled": true,
            "qos_policy_id": "",
            "region": "RegionOne",
            "security_group_ids": null,
            "tags": null,
            "tenant_id": "fc70748921aa4265ad13c5d6f42d2574",
            "timeouts": null,
            "value_specs": null
          },
          "sensitive_attributes": [],
          "identity_schema_version": 0,
          "private": "eyJlMmJmYjczMC1lY2FhLTExZTYtOGY4OC0zNDM2M2JjN2M0YzAiOnsiY3JlYXRlIjo2MDAwMDAwMDAwMDAsImRlbGV0ZSI6NjAwMDAwMDAwMDAwfX0=",
          "dependencies": [
            "module.network.openstack_networking_network_v2.networks",
            "module.network.openstack_networking_subnet_v2.subnets"
          ]
        },
        {
          "index_key": "vm6_port",
          "schema_version": 0,
          "attributes": {
            "admin_state_up": true,
            "all_fixed_ips": [
              "10.10.2.149"
            ],
            "all_security_group_ids": [
              "135ef41d-16ac-4843-90ba-f9a4669e230e"
            ],
            "all_tags": [],
            "allowed_address_pairs": [],
            "binding": [
              {
                "host_id": "",
                "profile": "",
                "vif_details": {},
                "vif_type": "",
                "vnic_type": "normal"
              }
            ],
            "description": "",
            "device_id": "",
            "device_owner": "",
            "dns_assignment": [],
            "dns_name": "",
            "extra_dhcp_option": [],
            "fixed_ip": [
              {
                "ip_address": "",
                "subnet_id": "3ffd3abc-d5c7-415f-95fd-c78ae9afa3e5"
              }
            ],
            "id": "64b4e4be-c066-4587-ae2f-f17fdeddf285",
            "mac_address": "fa:16:3e:8f:5b:94",
            "name": "vm6-port",
            "network_id": "7c95f768-63c8-4941-83ed-620c19479d19",
            "no_fixed_ip": null,
            "no_security_groups": null,
            "port_security_enabled": true,
            "qos_policy_id": "",
            "region": "RegionOne",
            "security_group_ids": null,
            "tags": null,
            "tenant_id": "fc70748921aa4265ad13c5d6f42d2574",
            "timeouts": null,
            "value_specs": null
          },
          "sensitive_attributes": [],
          "identity_schema_version": 0,
          "private": "eyJlMmJmYjczMC1lY2FhLTExZTYtOGY4OC0zNDM2M2JjN2M0YzAiOnsiY3JlYXRlIjo2MDAwMDAwMDAwMDAsImRlbGV0ZSI6NjAwMDAwMDAwMDAwfX0=",
          "dependencies": [
            "module.network.openstack_networking_network_v2.networks",
            "module.network.openstack_networking_subnet_v2.subnets"
          ]
        },
        {
          "index_key": "vm7_port",
          "schema_version": 0,
          "attributes": {
            "admin_state_up": true,
            "all_fixed_ips": [
              "10.10.3.163"
            ],
            "all_security_group_ids": [
              "135ef41d-16ac-4843-90ba-f9a4669e230e"
            ],
            "all_tags": [],
            "allowed_address_pairs": [],
            "binding": [
              {
                "host_id": "",
                "profile": "",
                "vif_details": {},
                "vif_type": "",
                "vnic_type": "normal"
              }
            ],
            "description": "",
            "device_id": "",
            "device_owner": "",
            "dns_assignment": [],
            "dns_name": "",
            "extra_dhcp_option": [],
            "fixed_ip": [
              {
                "ip_address": "",
                "subnet_id": "ad2e2205-8b16-492a-bce6-07fd49e04ba0"
              }
            ],
            "id": "3c9270f4-e42e-4786-8505-dd6c523261e6",
            "mac_address": "fa:16:3e:fc:f1:64",
            "name": "vm7-port",
            "network_id": "7c95f768-63c8-4941-83ed-620c19479d19",
            "no_fixed_ip": null,
            "no_security_groups": null,
            "port_security_enabled": true,
            "qos_policy_id": "",
            "region": "RegionOne",
            "security_group_ids": null,
            "tags": null,
            "tenant_id": "fc70748921aa4265ad13c5d6f42d2574",
            "timeouts": null,
            "value_specs": null
          },
          "sensitive_attributes": [],
          "identity_schema_version": 0,
          "private": "eyJlMmJmYjczMC1lY2FhLTExZTYtOGY4OC0zNDM2M2JjN2M0YzAiOnsiY3JlYXRlIjo2MDAwMDAwMDAwMDAsImRlbGV0ZSI6NjAwMDAwMDAwMDAwfX0=",
          "dependencies": [
            "module.network.openstack_networking_network_v2.networks",
            "module.network.openstack_networking_subnet_v2.subnets"
          ]
        },
        {
          "index_key": "vm8_port",
          "schema_version": 0,
          "attributes": {
            "admin_state_up": true,
            "all_fixed_ips": [
              "10.20.1.50"
            ],
            "all_security_group_ids": [
              "135ef41d-16ac-4843-90ba-f9a4669e230e"
            ],
            "all_tags": [],
            "allowed_address_pairs": [],
            "binding": [
              {
                "host_id": "",
                "profile": "",
                "vif_details": {},
                "vif_type": "",
                "vnic_type": "normal"
              }
            ],
            "description": "",
            "device_id": "",
            "device_owner": "",
            "dns_assignment": [],
            "dns_name": "",
            "extra_dhcp_option": [],
            "fixed_ip": [
              {
                "ip_address": "10.20.1.50",
                "subnet_id": "bd883f62-4233-4d2c-b7dc-f9b30dd163dd"
              }
            ],
            "id": "60d9e676-a8c9-48af-b71c-297d5c33dce9",
            "mac_address": "fa:16:3e:1b:60:a2",
            "name": "vm8-port",
            "network_id": "7fe92ab8-c6a7-4632-b1d0-f1ee78966697",
            "no_fixed_ip": null,
            "no_security_groups": null,
            "port_security_enabled": true,
            "qos_policy_id": "",
            "region": "RegionOne",
            "security_group_ids": null,
            "tags": null,
            "tenant_id": "fc70748921aa4265ad13c5d6f42d2574",
            "timeouts": null,
            "value_specs": null
          },
          "sensitive_attributes": [],
          "identity_schema_version": 0,
          "private": "eyJlMmJmYjczMC1lY2FhLTExZTYtOGY4OC0zNDM2M2JjN2M0YzAiOnsiY3JlYXRlIjo2MDAwMDAwMDAwMDAsImRlbGV0ZSI6NjAwMDAwMDAwMDAwfX0=",
          "dependencies": [
            "module.network.openstack_networking_network_v2.networks",
            "module.network.openstack_networking_subnet_v2.subnets"
          ]
        },
        {
          "index_key": "vm9_port",
          "schema_version": 0,
          "attributes": {
            "admin_state_up": true,
            "all_fixed_ips": [
              "10.20.2.79"
            ],
            "all_security_group_ids": [
              "135ef41d-16ac-4843-90ba-f9a4669e230e"
            ],
            "all_tags": [],
            "allowed_address_pairs": [],
            "binding": [
              {
                "host_id": "",
                "profile": "",
                "vif_details": {},
                "vif_type": "",
                "vnic_type": "normal"
              }
            ],
            "description": "",
            "device_id": "",
            "device_owner": "",
            "dns_assignment": [],
            "dns_name": "",
            "extra_dhcp_option": [],
            "fixed_ip": [
              {
                "ip_address": "",
                "subnet_id": "a7a08b1a-5902-4b99-ae24-b442670bad49"
              }
            ],
            "id": "c832836e-1c57-4be3-b593-64e0ce0f6fd5",
            "mac_address": "fa:16:3e:06:7b:bf",
            "name": "vm9-port",
            "network_id": "7fe92ab8-c6a7-4632-b1d0-f1ee78966697",
            "no_fixed_ip": null,
            "no_security_groups": null,
            "port_security_enabled": true,
            "qos_policy_id": "",
            "region": "RegionOne",
            "security_group_ids": null,
            "tags": null,
            "tenant_id": "fc70748921aa4265ad13c5d6f42d2574",
            "timeouts": null,
            "value_specs": null
          },
          "sensitive_attributes": [],
          "identity_schema_version": 0,
          "private": "eyJlMmJmYjczMC1lY2FhLTExZTYtOGY4OC0zNDM2M2JjN2M0YzAiOnsiY3JlYXRlIjo2MDAwMDAwMDAwMDAsImRlbGV0ZSI6NjAwMDAwMDAwMDAwfX0=",
          "dependencies": [
            "module.network.openstack_networking_network_v2.networks",
            "module.network.openstack_networking_subnet_v2.subnets"
          ]
        }
      ]
    },
    {
      "module": "module.network",
      "mode": "managed",
      "type": "openstack_networking_router_interface_v2",
      "name": "router_interfaces",
      "provider": "provider[\"registry.terraform.io/terraform-provider-openstack/openstack\"]",
      "instances": [
        {
          "index_key": "subnet_1",
          "schema_version": 0,
          "attributes": {
            "force_destroy": false,
            "id": "c67f0aa7-46a3-407c-ad4a-997ee758f62b",
            "port_id": "c67f0aa7-46a3-407c-ad4a-997ee758f62b",
            "region": "RegionOne",
            "router_id": "cde1cc0b-63f4-42c9-af39-7b18d24f0819",
            "subnet_id": "d4e76f77-cb22-4af6-ab81-c49d13906f0a",
            "timeouts": null
          },
          "sensitive_attributes": [],
          "identity_schema_version": 0,
          "private": "eyJlMmJmYjczMC1lY2FhLTExZTYtOGY4OC0zNDM2M2JjN2M0YzAiOnsiY3JlYXRlIjo2MDAwMDAwMDAwMDAsImRlbGV0ZSI6NjAwMDAwMDAwMDAwfX0=",
          "dependencies": [
            "module.network.data.openstack_networking_network_v2.external",
            "module.network.data.openstack_networking_router_v2.existing",
            "module.network.openstack_networking_network_v2.networks",
            "module.network.openstack_networking_router_v2.routers",
            "module.network.openstack_networking_subnet_v2.subnets"
          ]
        },
        {
          "index_key": "subnet_2",
          "schema_version": 0,
          "attributes": {
            "force_destroy": false,
            "id": "1a1689be-aaa3-458c-be83-d183ea351288",
            "port_id": "1a1689be-aaa3-458c-be83-d183ea351288",
            "region": "RegionOne",
            "router_id": "cde1cc0b-63f4-42c9-af39-7b18d24f0819",
            "subnet_id": "3ffd3abc-d5c7-415f-95fd-c78ae9afa3e5",
            "timeouts": null
          },
          "sensitive_attributes": [],
          "identity_schema_version": 0,
          "private": "eyJlMmJmYjczMC1lY2FhLTExZTYtOGY4OC0zNDM2M2JjN2M0YzAiOnsiY3JlYXRlIjo2MDAwMDAwMDAwMDAsImRlbGV0ZSI6NjAwMDAwMDAwMDAwfX0=",
          "dependencies": [
            "module.network.data.openstack_networking_network_v2.external",
            "module.network.data.openstack_networking_router_v2.existing",
            "module.network.openstack_networking_network_v2.networks",
            "module.network.openstack_networking_router_v2.routers",
            "module.network.openstack_networking_subnet_v2.subnets"
          ]
        },
        {
          "index_key": "subnet_3",
          "schema_version": 0,
          "attributes": {
            "force_destroy": false,
            "id": "639b25c0-bfc1-4022-bd32-48f66d7b1a8d",
            "port_id": "639b25c0-bfc1-4022-bd32-48f66d7b1a8d",
            "region": "RegionOne",
            "router_id": "cde1cc0b-63f4-42c9-af39-7b18d24f0819",
            "subnet_id": "ad2e2205-8b16-492a-bce6-07fd49e04ba0",
            "timeouts": null
          },
          "sensitive_attributes": [],
          "identity_schema_version": 0,
          "private": "eyJlMmJmYjczMC1lY2FhLTExZTYtOGY4OC0zNDM2M2JjN2M0YzAiOnsiY3JlYXRlIjo2MDAwMDAwMDAwMDAsImRlbGV0ZSI6NjAwMDAwMDAwMDAwfX0=",
          "dependencies": [
            "module.network.data.openstack_networking_network_v2.external",
            "module.network.data.openstack_networking_router_v2.existing",
            "module.network.openstack_networking_network_v2.networks",
            "module.network.openstack_networking_router_v2.routers",
            "module.network.openstack_networking_subnet_v2.subnets"
          ]
        },
        {
          "index_key": "subnet_4",
          "schema_version": 0,
          "attributes": {
            "force_destroy": false,
            "id": "b4bd9b88-fd35-433c-a502-1497a0ea0061",
            "port_id": "b4bd9b88-fd35-433c-a502-1497a0ea0061",
            "region": "RegionOne",
            "router_id": "cde1cc0b-63f4-42c9-af39-7b18d24f0819",
            "subnet_id": "ae7def27-20c2-40c4-9d60-b4470d5b02f6",
            "timeouts": null
          },
          "sensitive_attributes": [],
          "identity_schema_version": 0,
          "private": "eyJlMmJmYjczMC1lY2FhLTExZTYtOGY4OC0zNDM2M2JjN2M0YzAiOnsiY3JlYXRlIjo2MDAwMDAwMDAwMDAsImRlbGV0ZSI6NjAwMDAwMDAwMDAwfX0=",
          "dependencies": [
            "module.network.data.openstack_networking_network_v2.external",
            "module.network.data.openstack_networking_router_v2.existing",
            "module.network.openstack_networking_network_v2.networks",
            "module.network.openstack_networking_router_v2.routers",
            "module.network.openstack_networking_subnet_v2.subnets"
          ]
        },
        {
          "index_key": "subnet_5",
          "schema_version": 0,
          "attributes": {
            "force_destroy": false,
            "id": "83d7e1de-431b-4a54-8342-2de059e0ef27",
            "port_id": "83d7e1de-431b-4a54-8342-2de059e0ef27",
            "region": "RegionOne",
            "router_id": "cde1cc0b-63f4-42c9-af39-7b18d24f0819",
            "subnet_id": "b6c76693-35ba-45c4-a246-242556189889",
            "timeouts": null
          },
          "sensitive_attributes": [],
          "identity_schema_version": 0,
          "private": "eyJlMmJmYjczMC1lY2FhLTExZTYtOGY4OC0zNDM2M2JjN2M0YzAiOnsiY3JlYXRlIjo2MDAwMDAwMDAwMDAsImRlbGV0ZSI6NjAwMDAwMDAwMDAwfX0=",
          "dependencies": [
            "module.network.data.openstack_networking_network_v2.external",
            "module.network.data.openstack_networking_router_v2.existing",
            "module.network.openstack_networking_network_v2.networks",
            "module.network.openstack_networking_router_v2.routers",
            "module.network.openstack_networking_subnet_v2.subnets"
          ]
        },
        {
          "index_key": "subnet_6",
          "schema_version": 0,
          "attributes": {
            "force_destroy": false,
            "id": "c06cd87b-b315-4968-a900-02125d9f7dd3",
            "port_id": "c06cd87b-b315-4968-a900-02125d9f7dd3",
            "region": "RegionOne",
            "router_id": "cde1cc0b-63f4-42c9-af39-7b18d24f0819",
            "subnet_id": "bd883f62-4233-4d2c-b7dc-f9b30dd163dd",
            "timeouts": null
          },
          "sensitive_attributes": [],
          "identity_schema_version": 0,
          "private": "eyJlMmJmYjczMC1lY2FhLTExZTYtOGY4OC0zNDM2M2JjN2M0YzAiOnsiY3JlYXRlIjo2MDAwMDAwMDAwMDAsImRlbGV0ZSI6NjAwMDAwMDAwMDAwfX0=",
          "dependencies": [
            "module.network.data.openstack_networking_network_v2.external",
            "module.network.data.openstack_networking_router_v2.existing",
            "module.network.openstack_networking_network_v2.networks",
            "module.network.openstack_networking_router_v2.routers",
            "module.network.openstack_networking_subnet_v2.subnets"
          ]
        },
        {
          "index_key": "subnet_7",
          "schema_version": 0,
          "attributes": {
            "force_destroy": false,
            "id": "7fdc8f2d-3d51-42cb-8fed-ceb590097fa4",
            "port_id": "7fdc8f2d-3d51-42cb-8fed-ceb590097fa4",
            "region": "RegionOne",
            "router_id": "cde1cc0b-63f4-42c9-af39-7b18d24f0819",
            "subnet_id": "a7a08b1a-5902-4b99-ae24-b442670bad49",
            "timeouts": null
          },
          "sensitive_attributes": [],
          "identity_schema_version": 0,
          "private": "eyJlMmJmYjczMC1lY2FhLTExZTYtOGY4OC0zNDM2M2JjN2M0YzAiOnsiY3JlYXRlIjo2MDAwMDAwMDAwMDAsImRlbGV0ZSI6NjAwMDAwMDAwMDAwfX0=",
          "dependencies": [
            "module.network.data.openstack_networking_network_v2.external",
            "module.network.data.openstack_networking_router_v2.existing",
            "module.network.openstack_networking_network_v2.networks",
            "module.network.openstack_networking_router_v2.routers",
            "module.network.openstack_networking_subnet_v2.subnets"
          ]
        },
        {
          "index_key": "subnet_8",
          "schema_version": 0,
          "attributes": {
            "force_destroy": false,
            "id": "13d5cd90-321f-42fe-918a-e7e86d03b3ec",
            "port_id": "13d5cd90-321f-42fe-918a-e7e86d03b3ec",
            "region": "RegionOne",
            "router_id": "4648a3f1-f095-4902-82fc-549f926d35aa",
            "subnet_id": "749bc37e-b906-4db5-8252-0de51962479d",
            "timeouts": null
          },
          "sensitive_attributes": [],
          "identity_schema_version": 0,
          "private": "eyJlMmJmYjczMC1lY2FhLTExZTYtOGY4OC0zNDM2M2JjN2M0YzAiOnsiY3JlYXRlIjo2MDAwMDAwMDAwMDAsImRlbGV0ZSI6NjAwMDAwMDAwMDAwfX0=",
          "dependencies": [
            "module.network.data.openstack_networking_network_v2.external",
            "module.network.data.openstack_networking_router_v2.existing",
            "module.network.openstack_networking_network_v2.networks",
            "module.network.openstack_networking_router_v2.routers",
            "module.network.openstack_networking_subnet_v2.subnets"
          ]
        }
      ]
    },
    {
      "module": "module.network",
      "mode": "managed",
      "type": "openstack_networking_router_v2",
      "name": "routers",
      "provider": "provider[\"registry.terraform.io/terraform-provider-openstack/openstack\"]",
      "instances": [
        {
          "index_key": "main_router",
          "schema_version": 0,
          "attributes": {
            "admin_state_up": true,
            "all_tags": [],
            "availability_zone_hints": [],
            "description": "",
            "distributed": false,
            "enable_snat": true,
            "external_fixed_ip": [
              {
                "ip_address": "172.20.1.14",
                "subnet_id": "99d6340b-f730-4086-910d-e39faff556fa"
              }
            ],
            "external_gateway": "7181cf6d-3e20-4fac-a7d1-7064e5fbb3a6",
            "external_network_id": "7181cf6d-3e20-4fac-a7d1-7064e5fbb3a6",
            "external_subnet_ids": null,
            "id": "cde1cc0b-63f4-42c9-af39-7b18d24f0819",
            "name": "main-router",
            "region": "RegionOne",
            "tags": null,
            "tenant_id": "fc70748921aa4265ad13c5d6f42d2574",
            "timeouts": null,
            "value_specs": null,
            "vendor_options": []
          },
          "sensitive_attributes": [],
          "identity_schema_version": 0,
          "private": "eyJlMmJmYjczMC1lY2FhLTExZTYtOGY4OC0zNDM2M2JjN2M0YzAiOnsiY3JlYXRlIjo2MDAwMDAwMDAwMDAsImRlbGV0ZSI6NjAwMDAwMDAwMDAwfX0=",
          "dependencies": [
            "module.network.data.openstack_networking_network_v2.external"
          ]
        }
      ]
    },
    {
      "module": "module.network",
      "mode": "managed",
      "type": "openstack_networking_subnet_v2",
      "name": "subnets",
      "provider": "provider[\"registry.terraform.io/terraform-provider-openstack/openstack\"]",
      "instances": [
        {
          "index_key": "subnet_1",
          "schema_version": 0,
          "attributes": {
            "all_tags": [],
            "allocation_pool": [
              {
                "end": "10.10.1.254",
                "start": "10.10.1.2"
              }
            ],
            "allocation_pools": [
              {
                "end": "10.10.1.254",
                "start": "10.10.1.2"
              }
            ],
            "cidr": "10.10.1.0/24",
            "description": "",
            "dns_nameservers": [],
            "enable_dhcp": true,
            "gateway_ip": "10.10.1.1",
            "host_routes": [],
            "id": "d4e76f77-cb22-4af6-ab81-c49d13906f0a",
            "ip_version": 4,
            "ipv6_address_mode": "",
            "ipv6_ra_mode": "",
            "name": "subnet-1",
            "network_id": "7c95f768-63c8-4941-83ed-620c19479d19",
            "no_gateway": false,
            "prefix_length": null,
            "region": "RegionOne",
            "service_types": [],
            "subnetpool_id": "",
            "tags": null,
            "tenant_id": "fc70748921aa4265ad13c5d6f42d2574",
            "timeouts": null,
            "value_specs": null
          },
          "sensitive_attributes": [],
          "identity_schema_version": 0,
          "private": "eyJlMmJmYjczMC1lY2FhLTExZTYtOGY4OC0zNDM2M2JjN2M0YzAiOnsiY3JlYXRlIjo2MDAwMDAwMDAwMDAsImRlbGV0ZSI6NjAwMDAwMDAwMDAwfX0=",
          "dependencies": [
            "module.network.openstack_networking_network_v2.networks"
          ]
        },
        {
          "index_key": "subnet_2",
          "schema_version": 0,
          "attributes": {
            "all_tags": [],
            "allocation_pool": [
              {
                "end": "10.10.2.254",
                "start": "10.10.2.2"
              }
            ],
            "allocation_pools": [
              {
                "end": "10.10.2.254",
                "start": "10.10.2.2"
              }
            ],
            "cidr": "10.10.2.0/24",
            "description": "",
            "dns_nameservers": [],
            "enable_dhcp": true,
            "gateway_ip": "10.10.2.1",
            "host_routes": [],
            "id": "3ffd3abc-d5c7-415f-95fd-c78ae9afa3e5",
            "ip_version": 4,
            "ipv6_address_mode": "",
            "ipv6_ra_mode": "",
            "name": "subnet-2",
            "network_id": "7c95f768-63c8-4941-83ed-620c19479d19",
            "no_gateway": false,
            "prefix_length": null,
            "region": "RegionOne",
            "service_types": [],
            "subnetpool_id": "",
            "tags": null,
            "tenant_id": "fc70748921aa4265ad13c5d6f42d2574",
            "timeouts": null,
            "value_specs": null
          },
          "sensitive_attributes": [],
          "identity_schema_version": 0,
          "private": "eyJlMmJmYjczMC1lY2FhLTExZTYtOGY4OC0zNDM2M2JjN2M0YzAiOnsiY3JlYXRlIjo2MDAwMDAwMDAwMDAsImRlbGV0ZSI6NjAwMDAwMDAwMDAwfX0=",
          "dependencies": [
            "module.network.openstack_networking_network_v2.networks"
          ]
        },
        {
          "index_key": "subnet_3",
          "schema_version": 0,
          "attributes": {
            "all_tags": [],
            "allocation_pool": [
              {
                "end": "10.10.3.254",
                "start": "10.10.3.2"
              }
            ],
            "allocation_pools": [
              {
                "end": "10.10.3.254",
                "start": "10.10.3.2"
              }
            ],
            "cidr": "10.10.3.0/24",
            "description": "",
            "dns_nameservers": [],
            "enable_dhcp": true,
            "gateway_ip": "10.10.3.1",
            "host_routes": [],
            "id": "ad2e2205-8b16-492a-bce6-07fd49e04ba0",
            "ip_version": 4,
            "ipv6_address_mode": "",
            "ipv6_ra_mode": "",
            "name": "subnet-3",
            "network_id": "7c95f768-63c8-4941-83ed-620c19479d19",
            "no_gateway": false,
            "prefix_length": null,
            "region": "RegionOne",
            "service_types": [],
            "subnetpool_id": "",
            "tags": null,
            "tenant_id": "fc70748921aa4265ad13c5d6f42d2574",
            "timeouts": null,
            "value_specs": null
          },
          "sensitive_attributes": [],
          "identity_schema_version": 0,
          "private": "eyJlMmJmYjczMC1lY2FhLTExZTYtOGY4OC0zNDM2M2JjN2M0YzAiOnsiY3JlYXRlIjo2MDAwMDAwMDAwMDAsImRlbGV0ZSI6NjAwMDAwMDAwMDAwfX0=",
          "dependencies": [
            "module.network.openstack_networking_network_v2.networks"
          ]
        },
        {
          "index_key": "subnet_4",
          "schema_version": 0,
          "attributes": {
            "all_tags": [],
            "allocation_pool": [
              {
                "end": "10.10.4.254",
                "start": "10.10.4.2"
              }
            ],
            "allocation_pools": [
              {
                "end": "10.10.4.254",
                "start": "10.10.4.2"
              }
            ],
            "cidr": "10.10.4.0/24",
            "description": "",
            "dns_nameservers": [],
            "enable_dhcp": true,
            "gateway_ip": "10.10.4.1",
            "host_routes": [],
            "id": "ae7def27-20c2-40c4-9d60-b4470d5b02f6",
            "ip_version": 4,
            "ipv6_address_mode": "",
            "ipv6_ra_mode": "",
            "name": "subnet-4",
            "network_id": "7c95f768-63c8-4941-83ed-620c19479d19",
            "no_gateway": false,
            "prefix_length": null,
            "region": "RegionOne",
            "service_types": [],
            "subnetpool_id": "",
            "tags": null,
            "tenant_id": "fc70748921aa4265ad13c5d6f42d2574",
            "timeouts": null,
            "value_specs": null
          },
          "sensitive_attributes": [],
          "identity_schema_version": 0,
          "private": "eyJlMmJmYjczMC1lY2FhLTExZTYtOGY4OC0zNDM2M2JjN2M0YzAiOnsiY3JlYXRlIjo2MDAwMDAwMDAwMDAsImRlbGV0ZSI6NjAwMDAwMDAwMDAwfX0=",
          "dependencies": [
            "module.network.openstack_networking_network_v2.networks"
          ]
        },
        {
          "index_key": "subnet_5",
          "schema_version": 0,
          "attributes": {
            "all_tags": [],
            "allocation_pool": [
              {
                "end": "10.10.5.254",
                "start": "10.10.5.2"
              }
            ],
            "allocation_pools": [
              {
                "end": "10.10.5.254",
                "start": "10.10.5.2"
              }
            ],
            "cidr": "10.10.5.0/24",
            "description": "",
            "dns_nameservers": [],
            "enable_dhcp": true,
            "gateway_ip": "10.10.5.1",
            "host_routes": [],
            "id": "b6c76693-35ba-45c4-a246-242556189889",
            "ip_version": 4,
            "ipv6_address_mode": "",
            "ipv6_ra_mode": "",
            "name": "subnet-5",
            "network_id": "7c95f768-63c8-4941-83ed-620c19479d19",
            "no_gateway": false,
            "prefix_length": null,
            "region": "RegionOne",
            "service_types": [],
            "subnetpool_id": "",
            "tags": null,
            "tenant_id": "fc70748921aa4265ad13c5d6f42d2574",
            "timeouts": null,
            "value_specs": null
          },
          "sensitive_attributes": [],
          "identity_schema_version": 0,
          "private": "eyJlMmJmYjczMC1lY2FhLTExZTYtOGY4OC0zNDM2M2JjN2M0YzAiOnsiY3JlYXRlIjo2MDAwMDAwMDAwMDAsImRlbGV0ZSI6NjAwMDAwMDAwMDAwfX0=",
          "dependencies": [
            "module.network.openstack_networking_network_v2.networks"
          ]
        },
        {
          "index_key": "subnet_6",
          "schema_version": 0,
          "attributes": {
            "all_tags": [],
            "allocation_pool": [
              {
                "end": "10.20.1.254",
                "start": "10.20.1.2"
              }
            ],
            "allocation_pools": [
              {
                "end": "10.20.1.254",
                "start": "10.20.1.2"
              }
            ],
            "cidr": "10.20.1.0/24",
            "description": "",
            "dns_nameservers": [],
            "enable_dhcp": true,
            "gateway_ip": "10.20.1.1",
            "host_routes": [],
            "id": "bd883f62-4233-4d2c-b7dc-f9b30dd163dd",
            "ip_version": 4,
            "ipv6_address_mode": "",
            "ipv6_ra_mode": "",
            "name": "n-subnet-1",
            "network_id": "7fe92ab8-c6a7-4632-b1d0-f1ee78966697",
            "no_gateway": false,
            "prefix_length": null,
            "region": "RegionOne",
            "service_types": [],
            "subnetpool_id": "",
            "tags": null,
            "tenant_id": "fc70748921aa4265ad13c5d6f42d2574",
            "timeouts": null,
            "value_specs": null
          },
          "sensitive_attributes": [],
          "identity_schema_version": 0,
          "private": "eyJlMmJmYjczMC1lY2FhLTExZTYtOGY4OC0zNDM2M2JjN2M0YzAiOnsiY3JlYXRlIjo2MDAwMDAwMDAwMDAsImRlbGV0ZSI6NjAwMDAwMDAwMDAwfX0=",
          "dependencies": [
            "module.network.openstack_networking_network_v2.networks"
          ]
        },
        {
          "index_key": "subnet_7",
          "schema_version": 0,
          "attributes": {
            "all_tags": [],
            "allocation_pool": [
              {
                "end": "10.20.2.254",
                "start": "10.20.2.2"
              }
            ],
            "allocation_pools": [
              {
                "end": "10.20.2.254",
                "start": "10.20.2.2"
              }
            ],
            "cidr": "10.20.2.0/24",
            "description": "",
            "dns_nameservers": [],
            "enable_dhcp": true,
            "gateway_ip": "10.20.2.1",
            "host_routes": [],
            "id": "a7a08b1a-5902-4b99-ae24-b442670bad49",
            "ip_version": 4,
            "ipv6_address_mode": "",
            "ipv6_ra_mode": "",
            "name": "n-subnet-2",
            "network_id": "7fe92ab8-c6a7-4632-b1d0-f1ee78966697",
            "no_gateway": false,
            "prefix_length": null,
            "region": "RegionOne",
            "service_types": [],
            "subnetpool_id": "",
            "tags": null,
            "tenant_id": "fc70748921aa4265ad13c5d6f42d2574",
            "timeouts": null,
            "value_specs": null
          },
          "sensitive_attributes": [],
          "identity_schema_version": 0,
          "private": "eyJlMmJmYjczMC1lY2FhLTExZTYtOGY4OC0zNDM2M2JjN2M0YzAiOnsiY3JlYXRlIjo2MDAwMDAwMDAwMDAsImRlbGV0ZSI6NjAwMDAwMDAwMDAwfX0=",
          "dependencies": [
            "module.network.openstack_networking_network_v2.networks"
          ]
        },
        {
          "index_key": "subnet_8",
          "schema_version": 0,
          "attributes": {
            "all_tags": [],
            "allocation_pool": [
              {
                "end": "10.20.3.254",
                "start": "10.20.3.2"
              }
            ],
            "allocation_pools": [
              {
                "end": "10.20.3.254",
                "start": "10.20.3.2"
              }
            ],
            "cidr": "10.20.3.0/24",
            "description": "",
            "dns_nameservers": [],
            "enable_dhcp": true,
            "gateway_ip": "10.20.3.1",
            "host_routes": [],
            "id": "749bc37e-b906-4db5-8252-0de51962479d",
            "ip_version": 4,
            "ipv6_address_mode": "",
            "ipv6_ra_mode": "",
            "name": "n-subnet-3",
            "network_id": "7fe92ab8-c6a7-4632-b1d0-f1ee78966697",
            "no_gateway": false,
            "prefix_length": null,
            "region": "RegionOne",
            "service_types": [],
            "subnetpool_id": "",
            "tags": null,
            "tenant_id": "fc70748921aa4265ad13c5d6f42d2574",
            "timeouts": null,
            "value_specs": null
          },
          "sensitive_attributes": [],
          "identity_schema_version": 0,
          "private": "eyJlMmJmYjczMC1lY2FhLTExZTYtOGY4OC0zNDM2M2JjN2M0YzAiOnsiY3JlYXRlIjo2MDAwMDAwMDAwMDAsImRlbGV0ZSI6NjAwMDAwMDAwMDAwfX0=",
          "dependencies": [
            "module.network.openstack_networking_network_v2.networks"
          ]
        }
      ]
    },
    {
      "module": "module.vms",
      "mode": "data",
      "type": "openstack_networking_network_v2",
      "name": "external",
      "provider": "provider[\"registry.terraform.io/terraform-provider-openstack/openstack\"]",
      "instances": [
        {
          "schema_version": 0,
          "attributes": {
            "admin_state_up": "true",
            "all_tags": [],
            "availability_zone_hints": [],
            "description": "",
            "dns_domain": "",
            "external": true,
            "id": "7181cf6d-3e20-4fac-a7d1-7064e5fbb3a6",
            "matching_subnet_cidr": null,
            "mtu": 1500,
            "name": "public1",
            "network_id": null,
            "region": "RegionOne",
            "segments": [],
            "shared": "true",
            "status": null,
            "subnets": [
              "99d6340b-f730-4086-910d-e39faff556fa"
            ],
            "tags": null,
            "tenant_id": "15b9c9b9c8fe4dae9789ca3ffea6aaac",
            "transparent_vlan": false
          },
          "sensitive_attributes": [],
          "identity_schema_version": 0
        }
      ]
    },
    {
      "module": "module.vms",
      "mode": "managed",
      "type": "openstack_blockstorage_volume_v3",
      "name": "boot_volumes",
      "provider": "provider[\"registry.terraform.io/terraform-provider-openstack/openstack\"]",
      "instances": [
        {
          "index_key": "vm7",
          "schema_version": 0,
          "attributes": {
            "attachment": [],
            "availability_zone": "nova",
            "consistency_group_id": null,
            "description": "",
            "enable_online_resize": true,
            "id": "1105e72c-74fa-44bf-a6a5-e1f327c5bfc4",
            "image_id": null,
            "metadata": {},
            "multiattach": null,
            "name": "boot-vol-boot",
            "region": "RegionOne",
            "scheduler_hints": [],
            "size": 30,
            "snapshot_id": "882d7a0e-23e7-4112-99ba-481f4f1b15ba",
            "source_replica": null,
            "source_vol_id": "",
            "timeouts": null,
            "volume_type": "__DEFAULT__"
          },
          "sensitive_attributes": [],
          "identity_schema_version": 0,
          "private": "eyJlMmJmYjczMC1lY2FhLTExZTYtOGY4OC0zNDM2M2JjN2M0YzAiOnsiY3JlYXRlIjo2MDAwMDAwMDAwMDAsImRlbGV0ZSI6NjAwMDAwMDAwMDAwfX0=",
          "dependencies": [
            "module.network.openstack_networking_network_v2.networks",
            "module.network.openstack_networking_port_v2.ports",
            "module.network.openstack_networking_subnet_v2.subnets"
          ]
        }
      ]
    },
    {
      "module": "module.vms",
      "mode": "managed",
      "type": "openstack_blockstorage_volume_v3",
      "name": "data_volumes",
      "provider": "provider[\"registry.terraform.io/terraform-provider-openstack/openstack\"]",
      "instances": [
        {
          "index_key": "vm1-data-0",
          "schema_version": 0,
          "attributes": {
            "attachment": [],
            "availability_zone": "nova",
            "consistency_group_id": null,
            "description": "Web data",
            "enable_online_resize": true,
            "id": "bbb5b1a3-74e6-40ba-9309-0ab2c98452ea",
            "image_id": null,
            "metadata": {},
            "multiattach": null,
            "name": "web-server-subnet1-data-vm1-data-0",
            "region": "RegionOne",
            "scheduler_hints": [],
            "size": 30,
            "snapshot_id": "",
            "source_replica": null,
            "source_vol_id": "",
            "timeouts": null,
            "volume_type": "__DEFAULT__"
          },
          "sensitive_attributes": [],
          "identity_schema_version": 0,
          "private": "eyJlMmJmYjczMC1lY2FhLTExZTYtOGY4OC0zNDM2M2JjN2M0YzAiOnsiY3JlYXRlIjo2MDAwMDAwMDAwMDAsImRlbGV0ZSI6NjAwMDAwMDAwMDAwfX0=",
          "dependencies": [
            "module.network.openstack_networking_network_v2.networks",
            "module.network.openstack_networking_port_v2.ports",
            "module.network.openstack_networking_subnet_v2.subnets"
          ]
        },
        {
          "index_key": "vm12-data-0",
          "schema_version": 0,
          "attributes": {
            "attachment": [],
            "availability_zone": "nova",
            "consistency_group_id": null,
            "description": "Backend data",
            "enable_online_resize": true,
            "id": "0fd45a6f-8706-4294-a80c-1b8cd4e83354",
            "image_id": null,
            "metadata": {},
            "multiattach": null,
            "name": "test-data-vm12-data-0",
            "region": "RegionOne",
            "scheduler_hints": [],
            "size": 50,
            "snapshot_id": "",
            "source_replica": null,
            "source_vol_id": "",
            "timeouts": null,
            "volume_type": "__DEFAULT__"
          },
          "sensitive_attributes": [],
          "identity_schema_version": 0,
          "private": "eyJlMmJmYjczMC1lY2FhLTExZTYtOGY4OC0zNDM2M2JjN2M0YzAiOnsiY3JlYXRlIjo2MDAwMDAwMDAwMDAsImRlbGV0ZSI6NjAwMDAwMDAwMDAwfX0=",
          "dependencies": [
            "module.network.openstack_networking_network_v2.networks",
            "module.network.openstack_networking_port_v2.ports",
            "module.network.openstack_networking_subnet_v2.subnets"
          ]
        },
        {
          "index_key": "vm2-data-0",
          "schema_version": 0,
          "attributes": {
            "attachment": [],
            "availability_zone": "nova",
            "consistency_group_id": null,
            "description": "App data",
            "enable_online_resize": true,
            "id": "f60a9ddd-696e-4ccd-aaec-c4a876037942",
            "image_id": null,
            "metadata": {},
            "multiattach": null,
            "name": "app-server-subnet2-data-vm2-data-0",
            "region": "RegionOne",
            "scheduler_hints": [],
            "size": 30,
            "snapshot_id": "",
            "source_replica": null,
            "source_vol_id": "",
            "timeouts": null,
            "volume_type": "__DEFAULT__"
          },
          "sensitive_attributes": [],
          "identity_schema_version": 0,
          "private": "eyJlMmJmYjczMC1lY2FhLTExZTYtOGY4OC0zNDM2M2JjN2M0YzAiOnsiY3JlYXRlIjo2MDAwMDAwMDAwMDAsImRlbGV0ZSI6NjAwMDAwMDAwMDAwfX0=",
          "dependencies": [
            "module.network.openstack_networking_network_v2.networks",
            "module.network.openstack_networking_port_v2.ports",
            "module.network.openstack_networking_subnet_v2.subnets"
          ]
        },
        {
          "index_key": "vm3-data-0",
          "schema_version": 0,
          "attributes": {
            "attachment": [],
            "availability_zone": "nova",
            "consistency_group_id": null,
            "description": "Database",
            "enable_online_resize": true,
            "id": "692ead47-2f88-4fe8-b6bc-984c7f69e714",
            "image_id": null,
            "metadata": {},
            "multiattach": null,
            "name": "db-server-subnet3-data-vm3-data-0",
            "region": "RegionOne",
            "scheduler_hints": [],
            "size": 100,
            "snapshot_id": "",
            "source_replica": null,
            "source_vol_id": "",
            "timeouts": null,
            "volume_type": "__DEFAULT__"
          },
          "sensitive_attributes": [],
          "identity_schema_version": 0,
          "private": "eyJlMmJmYjczMC1lY2FhLTExZTYtOGY4OC0zNDM2M2JjN2M0YzAiOnsiY3JlYXRlIjo2MDAwMDAwMDAwMDAsImRlbGV0ZSI6NjAwMDAwMDAwMDAwfX0=",
          "dependencies": [
            "module.network.openstack_networking_network_v2.networks",
            "module.network.openstack_networking_port_v2.ports",
            "module.network.openstack_networking_subnet_v2.subnets"
          ]
        },
        {
          "index_key": "vm4-data-0",
          "schema_version": 0,
          "attributes": {
            "attachment": [],
            "availability_zone": "nova",
            "consistency_group_id": null,
            "description": "Cache data",
            "enable_online_resize": true,
            "id": "ded2e701-1f2c-4f37-8db1-373960c6ae42",
            "image_id": null,
            "metadata": {},
            "multiattach": null,
            "name": "cache-server-subnet4-data-vm4-data-0",
            "region": "RegionOne",
            "scheduler_hints": [],
            "size": 50,
            "snapshot_id": "",
            "source_replica": null,
            "source_vol_id": "",
            "timeouts": null,
            "volume_type": "__DEFAULT__"
          },
          "sensitive_attributes": [],
          "identity_schema_version": 0,
          "private": "eyJlMmJmYjczMC1lY2FhLTExZTYtOGY4OC0zNDM2M2JjN2M0YzAiOnsiY3JlYXRlIjo2MDAwMDAwMDAwMDAsImRlbGV0ZSI6NjAwMDAwMDAwMDAwfX0=",
          "dependencies": [
            "module.network.openstack_networking_network_v2.networks",
            "module.network.openstack_networking_port_v2.ports",
            "module.network.openstack_networking_subnet_v2.subnets"
          ]
        },
        {
          "index_key": "vm5-data-0",
          "schema_version": 0,
          "attributes": {
            "attachment": [],
            "availability_zone": "nova",
            "consistency_group_id": null,
            "description": "Monitoring data",
            "enable_online_resize": true,
            "id": "122bbb76-6924-4d31-9872-6a49700ca657",
            "image_id": null,
            "metadata": {},
            "multiattach": null,
            "name": "monitoring-subnet5-data-vm5-data-0",
            "region": "RegionOne",
            "scheduler_hints": [],
            "size": 40,
            "snapshot_id": "",
            "source_replica": null,
            "source_vol_id": "",
            "timeouts": null,
            "volume_type": "__DEFAULT__"
          },
          "sensitive_attributes": [],
          "identity_schema_version": 0,
          "private": "eyJlMmJmYjczMC1lY2FhLTExZTYtOGY4OC0zNDM2M2JjN2M0YzAiOnsiY3JlYXRlIjo2MDAwMDAwMDAwMDAsImRlbGV0ZSI6NjAwMDAwMDAwMDAwfX0=",
          "dependencies": [
            "module.network.openstack_networking_network_v2.networks",
            "module.network.openstack_networking_port_v2.ports",
            "module.network.openstack_networking_subnet_v2.subnets"
          ]
        },
        {
          "index_key": "vm6-data-0",
          "schema_version": 0,
          "attributes": {
            "attachment": [],
            "availability_zone": "nova",
            "consistency_group_id": null,
            "description": "Monitoring data",
            "enable_online_resize": true,
            "id": "72bc2f98-fbc6-4b69-a3d5-e83908e559e3",
            "image_id": null,
            "metadata": {},
            "multiattach": null,
            "name": "monitoring-subnet6-data-vm6-data-0",
            "region": "RegionOne",
            "scheduler_hints": [],
            "size": 40,
            "snapshot_id": "",
            "source_replica": null,
            "source_vol_id": "",
            "timeouts": null,
            "volume_type": "__DEFAULT__"
          },
          "sensitive_attributes": [],
          "identity_schema_version": 0,
          "private": "eyJlMmJmYjczMC1lY2FhLTExZTYtOGY4OC0zNDM2M2JjN2M0YzAiOnsiY3JlYXRlIjo2MDAwMDAwMDAwMDAsImRlbGV0ZSI6NjAwMDAwMDAwMDAwfX0=",
          "dependencies": [
            "module.network.openstack_networking_network_v2.networks",
            "module.network.openstack_networking_port_v2.ports",
            "module.network.openstack_networking_subnet_v2.subnets"
          ]
        },
        {
          "index_key": "vm7-data-0",
          "schema_version": 0,
          "attributes": {
            "attachment": [],
            "availability_zone": "nova",
            "consistency_group_id": null,
            "description": "Web data",
            "enable_online_resize": true,
            "id": "97aa67ce-7c2b-4885-bbf2-fd8419c9f5b7",
            "image_id": null,
            "metadata": {},
            "multiattach": null,
            "name": "boot-vol-data-vm7-data-0",
            "region": "RegionOne",
            "scheduler_hints": [],
            "size": 30,
            "snapshot_id": "",
            "source_replica": null,
            "source_vol_id": "",
            "timeouts": null,
            "volume_type": "__DEFAULT__"
          },
          "sensitive_attributes": [],
          "identity_schema_version": 0,
          "private": "eyJlMmJmYjczMC1lY2FhLTExZTYtOGY4OC0zNDM2M2JjN2M0YzAiOnsiY3JlYXRlIjo2MDAwMDAwMDAwMDAsImRlbGV0ZSI6NjAwMDAwMDAwMDAwfX0=",
          "dependencies": [
            "module.network.openstack_networking_network_v2.networks",
            "module.network.openstack_networking_port_v2.ports",
            "module.network.openstack_networking_subnet_v2.subnets"
          ]
        },
        {
          "index_key": "vm8-data-0",
          "schema_version": 0,
          "attributes": {
            "attachment": [],
            "availability_zone": "nova",
            "consistency_group_id": null,
            "description": "Backend data",
            "enable_online_resize": true,
            "id": "a7d86f86-468b-49c1-a5d1-9a4cb593090f",
            "image_id": null,
            "metadata": {},
            "multiattach": null,
            "name": "net2-data-vm8-data-0",
            "region": "RegionOne",
            "scheduler_hints": [],
            "size": 50,
            "snapshot_id": "",
            "source_replica": null,
            "source_vol_id": "",
            "timeouts": null,
            "volume_type": "__DEFAULT__"
          },
          "sensitive_attributes": [],
          "identity_schema_version": 0,
          "private": "eyJlMmJmYjczMC1lY2FhLTExZTYtOGY4OC0zNDM2M2JjN2M0YzAiOnsiY3JlYXRlIjo2MDAwMDAwMDAwMDAsImRlbGV0ZSI6NjAwMDAwMDAwMDAwfX0=",
          "dependencies": [
            "module.network.openstack_networking_network_v2.networks",
            "module.network.openstack_networking_port_v2.ports",
            "module.network.openstack_networking_subnet_v2.subnets"
          ]
        }
      ]
    },
    {
      "module": "module.vms",
      "mode": "managed",
      "type": "openstack_compute_floatingip_associate_v2",
      "name": "fip_assoc",
      "provider": "provider[\"registry.terraform.io/terraform-provider-openstack/openstack\"]",
      "instances": [
        {
          "index_key": "vm1",
          "schema_version": 0,
          "attributes": {
            "fixed_ip": "",
            "floating_ip": "172.20.1.197",
            "id": "172.20.1.197/7b9d90b0-ec76-4ceb-bb83-b6ba93c2f42f/",
            "instance_id": "7b9d90b0-ec76-4ceb-bb83-b6ba93c2f42f",
            "region": "RegionOne",
            "timeouts": null,
            "wait_until_associated": null
          },
          "sensitive_attributes": [],
          "identity_schema_version": 0,
          "private": "eyJlMmJmYjczMC1lY2FhLTExZTYtOGY4OC0zNDM2M2JjN2M0YzAiOnsiY3JlYXRlIjo2MDAwMDAwMDAwMDB9fQ==",
          "dependencies": [
            "module.network.openstack_networking_network_v2.networks",
            "module.network.openstack_networking_port_v2.ports",
            "module.network.openstack_networking_subnet_v2.subnets",
            "module.vms.data.openstack_networking_network_v2.existing",
            "module.vms.data.openstack_networking_network_v2.external",
            "module.vms.openstack_blockstorage_volume_v3.boot_volumes",
            "module.vms.openstack_compute_instance_v2.vms",
            "module.vms.openstack_networking_floatingip_v2.fips"
          ]
        },
        {
          "index_key": "vm12",
          "schema_version": 0,
          "attributes": {
            "fixed_ip": "",
            "floating_ip": "172.20.1.103",
            "id": "172.20.1.103/1df48f36-5349-402f-a3ab-9c5cbcb06902/",
            "instance_id": "1df48f36-5349-402f-a3ab-9c5cbcb06902",
            "region": "RegionOne",
            "timeouts": null,
            "wait_until_associated": null
          },
          "sensitive_attributes": [],
          "identity_schema_version": 0,
          "private": "eyJlMmJmYjczMC1lY2FhLTExZTYtOGY4OC0zNDM2M2JjN2M0YzAiOnsiY3JlYXRlIjo2MDAwMDAwMDAwMDB9fQ==",
          "dependencies": [
            "module.network.openstack_networking_network_v2.networks",
            "module.network.openstack_networking_port_v2.ports",
            "module.network.openstack_networking_subnet_v2.subnets",
            "module.vms.data.openstack_networking_network_v2.existing",
            "module.vms.data.openstack_networking_network_v2.external",
            "module.vms.openstack_blockstorage_volume_v3.boot_volumes",
            "module.vms.openstack_compute_instance_v2.vms",
            "module.vms.openstack_networking_floatingip_v2.fips"
          ]
        },
        {
          "index_key": "vm2",
          "schema_version": 0,
          "attributes": {
            "fixed_ip": "",
            "floating_ip": "172.20.1.108",
            "id": "172.20.1.108/aaed6bdd-34f3-4f1f-8e08-79fb4a896716/",
            "instance_id": "aaed6bdd-34f3-4f1f-8e08-79fb4a896716",
            "region": "RegionOne",
            "timeouts": null,
            "wait_until_associated": null
          },
          "sensitive_attributes": [],
          "identity_schema_version": 0,
          "private": "eyJlMmJmYjczMC1lY2FhLTExZTYtOGY4OC0zNDM2M2JjN2M0YzAiOnsiY3JlYXRlIjo2MDAwMDAwMDAwMDB9fQ==",
          "dependencies": [
            "module.network.openstack_networking_network_v2.networks",
            "module.network.openstack_networking_port_v2.ports",
            "module.network.openstack_networking_subnet_v2.subnets",
            "module.vms.data.openstack_networking_network_v2.existing",
            "module.vms.data.openstack_networking_network_v2.external",
            "module.vms.openstack_blockstorage_volume_v3.boot_volumes",
            "module.vms.openstack_compute_instance_v2.vms",
            "module.vms.openstack_networking_floatingip_v2.fips"
          ]
        },
        {
          "index_key": "vm5",
          "schema_version": 0,
          "attributes": {
            "fixed_ip": "",
            "floating_ip": "172.20.1.90",
            "id": "172.20.1.90/089b6c1b-37c5-4181-9e8c-fc98f6b00c8d/",
            "instance_id": "089b6c1b-37c5-4181-9e8c-fc98f6b00c8d",
            "region": "RegionOne",
            "timeouts": null,
            "wait_until_associated": null
          },
          "sensitive_attributes": [],
          "identity_schema_version": 0,
          "private": "eyJlMmJmYjczMC1lY2FhLTExZTYtOGY4OC0zNDM2M2JjN2M0YzAiOnsiY3JlYXRlIjo2MDAwMDAwMDAwMDB9fQ==",
          "dependencies": [
            "module.network.openstack_networking_network_v2.networks",
            "module.network.openstack_networking_port_v2.ports",
            "module.network.openstack_networking_subnet_v2.subnets",
            "module.vms.data.openstack_networking_network_v2.existing",
            "module.vms.data.openstack_networking_network_v2.external",
            "module.vms.openstack_blockstorage_volume_v3.boot_volumes",
            "module.vms.openstack_compute_instance_v2.vms",
            "module.vms.openstack_networking_floatingip_v2.fips"
          ]
        },
        {
          "index_key": "vm6",
          "schema_version": 0,
          "attributes": {
            "fixed_ip": "",
            "floating_ip": "172.20.1.36",
            "id": "172.20.1.36/44032b6c-2fb4-4a26-acfc-9d8fb8ebb95b/",
            "instance_id": "44032b6c-2fb4-4a26-acfc-9d8fb8ebb95b",
            "region": "RegionOne",
            "timeouts": null,
            "wait_until_associated": null
          },
          "sensitive_attributes": [],
          "identity_schema_version": 0,
          "private": "eyJlMmJmYjczMC1lY2FhLTExZTYtOGY4OC0zNDM2M2JjN2M0YzAiOnsiY3JlYXRlIjo2MDAwMDAwMDAwMDB9fQ==",
          "dependencies": [
            "module.network.openstack_networking_network_v2.networks",
            "module.network.openstack_networking_port_v2.ports",
            "module.network.openstack_networking_subnet_v2.subnets",
            "module.vms.data.openstack_networking_network_v2.existing",
            "module.vms.data.openstack_networking_network_v2.external",
            "module.vms.openstack_blockstorage_volume_v3.boot_volumes",
            "module.vms.openstack_compute_instance_v2.vms",
            "module.vms.openstack_networking_floatingip_v2.fips"
          ]
        },
        {
          "index_key": "vm7",
          "schema_version": 0,
          "attributes": {
            "fixed_ip": "",
            "floating_ip": "172.20.1.115",
            "id": "172.20.1.115/da74ebcc-7f20-4c9b-9861-e215f812ff6d/",
            "instance_id": "da74ebcc-7f20-4c9b-9861-e215f812ff6d",
            "region": "RegionOne",
            "timeouts": null,
            "wait_until_associated": null
          },
          "sensitive_attributes": [],
          "identity_schema_version": 0,
          "private": "eyJlMmJmYjczMC1lY2FhLTExZTYtOGY4OC0zNDM2M2JjN2M0YzAiOnsiY3JlYXRlIjo2MDAwMDAwMDAwMDB9fQ==",
          "dependencies": [
            "module.network.openstack_networking_network_v2.networks",
            "module.network.openstack_networking_port_v2.ports",
            "module.network.openstack_networking_subnet_v2.subnets",
            "module.vms.data.openstack_networking_network_v2.existing",
            "module.vms.data.openstack_networking_network_v2.external",
            "module.vms.openstack_blockstorage_volume_v3.boot_volumes",
            "module.vms.openstack_compute_instance_v2.vms",
            "module.vms.openstack_networking_floatingip_v2.fips"
          ]
        }
      ]
    },
    {
      "module": "module.vms",
      "mode": "managed",
      "type": "openstack_compute_instance_v2",
      "name": "vms",
      "provider": "provider[\"registry.terraform.io/terraform-provider-openstack/openstack\"]",
      "instances": [
        {
          "index_key": "vm1",
          "schema_version": 0,
          "attributes": {
            "access_ip_v4": "10.10.1.32",
            "access_ip_v6": "",
            "admin_pass": null,
            "all_metadata": {
              "environment": "test"
            },
            "all_tags": [],
            "availability_zone": "nova",
            "availability_zone_hints": null,
            "block_device": [],
            "config_drive": null,
            "created": "2025-12-22 04:35:33 +0000 UTC",
            "flavor_id": "3",
            "flavor_name": "m1.medium",
            "floating_ip": null,
            "force_delete": false,
            "id": "7b9d90b0-ec76-4ceb-bb83-b6ba93c2f42f",
            "image_id": "ffa49bc6-3dc4-4da9-beac-dad078d6e71e",
            "image_name": "ubuntu",
            "key_pair": "test",
            "metadata": {
              "environment": "test"
            },
            "name": "web-server-subnet1",
            "network": [
              {
                "access_network": false,
                "fixed_ip_v4": "10.10.1.32",
                "fixed_ip_v6": "",
                "floating_ip": "",
                "mac": "fa:16:3e:a3:8e:35",
                "name": "network-1",
                "port": "27164fcf-ee66-4cc9-ac67-d128b7ff45a3",
                "uuid": "7c95f768-63c8-4941-83ed-620c19479d19"
              }
            ],
            "network_mode": null,
            "personality": [],
            "power_state": "active",
            "region": "RegionOne",
            "scheduler_hints": [],
            "security_groups": [
              "default"
            ],
            "stop_before_destroy": false,
            "tags": null,
            "timeouts": null,
            "updated": "2025-12-22 04:36:02 +0000 UTC",
            "user_data": "c988166c5b09efe7029ba381a449b3a0f50b7495",
            "vendor_options": [],
            "volume": []
          },
          "sensitive_attributes": [
            [
              {
                "type": "get_attr",
                "value": "admin_pass"
              }
            ]
          ],
          "identity_schema_version": 0,
          "private": "eyJlMmJmYjczMC1lY2FhLTExZTYtOGY4OC0zNDM2M2JjN2M0YzAiOnsiY3JlYXRlIjoxODAwMDAwMDAwMDAwLCJkZWxldGUiOjE4MDAwMDAwMDAwMDAsInVwZGF0ZSI6MTgwMDAwMDAwMDAwMH19",
          "dependencies": [
            "module.network.openstack_networking_network_v2.networks",
            "module.network.openstack_networking_port_v2.ports",
            "module.network.openstack_networking_subnet_v2.subnets",
            "module.vms.data.openstack_networking_network_v2.existing",
            "module.vms.openstack_blockstorage_volume_v3.boot_volumes"
          ]
        },
        {
          "index_key": "vm12",
          "schema_version": 0,
          "attributes": {
            "access_ip_v4": "10.20.3.201",
            "access_ip_v6": "",
            "admin_pass": null,
            "all_metadata": {
              "environment": "test"
            },
            "all_tags": [],
            "availability_zone": "nova",
            "availability_zone_hints": null,
            "block_device": [],
            "config_drive": null,
            "created": "2025-12-22 04:35:35 +0000 UTC",
            "flavor_id": "4",
            "flavor_name": "m1.large",
            "floating_ip": null,
            "force_delete": false,
            "id": "1df48f36-5349-402f-a3ab-9c5cbcb06902",
            "image_id": "ffa49bc6-3dc4-4da9-beac-dad078d6e71e",
            "image_name": "ubuntu",
            "key_pair": "test",
            "metadata": {
              "environment": "test"
            },
            "name": "test",
            "network": [
              {
                "access_network": false,
                "fixed_ip_v4": "10.20.3.201",
                "fixed_ip_v6": "",
                "floating_ip": "",
                "mac": "fa:16:3e:3d:99:7b",
                "name": "network-2",
                "port": "6155ba27-d50b-4cbd-82ef-5f5c2cddbeb8",
                "uuid": "7fe92ab8-c6a7-4632-b1d0-f1ee78966697"
              },
              {
                "access_network": false,
                "fixed_ip_v4": "10.10.4.185",
                "fixed_ip_v6": "",
                "floating_ip": "",
                "mac": "fa:16:3e:85:11:4b",
                "name": "network-1",
                "port": "f8a856db-5a0e-46c2-90f5-2609775e8901",
                "uuid": "7c95f768-63c8-4941-83ed-620c19479d19"
              }
            ],
            "network_mode": null,
            "personality": [],
            "power_state": "active",
            "region": "RegionOne",
            "scheduler_hints": [],
            "security_groups": [
              "default"
            ],
            "stop_before_destroy": false,
            "tags": null,
            "timeouts": null,
            "updated": "2025-12-22 04:36:11 +0000 UTC",
            "user_data": "c988166c5b09efe7029ba381a449b3a0f50b7495",
            "vendor_options": [],
            "volume": []
          },
          "sensitive_attributes": [
            [
              {
                "type": "get_attr",
                "value": "admin_pass"
              }
            ]
          ],
          "identity_schema_version": 0,
          "private": "eyJlMmJmYjczMC1lY2FhLTExZTYtOGY4OC0zNDM2M2JjN2M0YzAiOnsiY3JlYXRlIjoxODAwMDAwMDAwMDAwLCJkZWxldGUiOjE4MDAwMDAwMDAwMDAsInVwZGF0ZSI6MTgwMDAwMDAwMDAwMH19",
          "dependencies": [
            "module.network.openstack_networking_network_v2.networks",
            "module.network.openstack_networking_port_v2.ports",
            "module.network.openstack_networking_subnet_v2.subnets",
            "module.vms.data.openstack_networking_network_v2.existing",
            "module.vms.openstack_blockstorage_volume_v3.boot_volumes"
          ]
        },
        {
          "index_key": "vm2",
          "schema_version": 0,
          "attributes": {
            "access_ip_v4": "10.10.2.50",
            "access_ip_v6": "",
            "admin_pass": null,
            "all_metadata": {
              "environment": "test"
            },
            "all_tags": [],
            "availability_zone": "nova",
            "availability_zone_hints": null,
            "block_device": [],
            "config_drive": null,
            "created": "2025-12-22 04:35:39 +0000 UTC",
            "flavor_id": "3",
            "flavor_name": "m1.medium",
            "floating_ip": null,
            "force_delete": false,
            "id": "aaed6bdd-34f3-4f1f-8e08-79fb4a896716",
            "image_id": "ffa49bc6-3dc4-4da9-beac-dad078d6e71e",
            "image_name": "ubuntu",
            "key_pair": "test",
            "metadata": {
              "environment": "test"
            },
            "name": "app-server-subnet2",
            "network": [
              {
                "access_network": false,
                "fixed_ip_v4": "10.10.2.50",
                "fixed_ip_v6": "",
                "floating_ip": "",
                "mac": "fa:16:3e:c2:6f:0c",
                "name": "network-1",
                "port": "94d4bb78-6b1b-4d90-9cdd-71dd641f6ec9",
                "uuid": "7c95f768-63c8-4941-83ed-620c19479d19"
              }
            ],
            "network_mode": null,
            "personality": [],
            "power_state": "active",
            "region": "RegionOne",
            "scheduler_hints": [],
            "security_groups": [
              "default"
            ],
            "stop_before_destroy": false,
            "tags": null,
            "timeouts": null,
            "updated": "2025-12-22 04:36:20 +0000 UTC",
            "user_data": "c988166c5b09efe7029ba381a449b3a0f50b7495",
            "vendor_options": [],
            "volume": []
          },
          "sensitive_attributes": [
            [
              {
                "type": "get_attr",
                "value": "admin_pass"
              }
            ]
          ],
          "identity_schema_version": 0,
          "private": "eyJlMmJmYjczMC1lY2FhLTExZTYtOGY4OC0zNDM2M2JjN2M0YzAiOnsiY3JlYXRlIjoxODAwMDAwMDAwMDAwLCJkZWxldGUiOjE4MDAwMDAwMDAwMDAsInVwZGF0ZSI6MTgwMDAwMDAwMDAwMH19",
          "dependencies": [
            "module.network.openstack_networking_network_v2.networks",
            "module.network.openstack_networking_port_v2.ports",
            "module.network.openstack_networking_subnet_v2.subnets",
            "module.vms.data.openstack_networking_network_v2.existing",
            "module.vms.openstack_blockstorage_volume_v3.boot_volumes"
          ]
        },
        {
          "index_key": "vm3",
          "schema_version": 0,
          "attributes": {
            "access_ip_v4": "10.10.3.133",
            "access_ip_v6": "",
            "admin_pass": null,
            "all_metadata": {
              "environment": "test"
            },
            "all_tags": [],
            "availability_zone": "nova",
            "availability_zone_hints": null,
            "block_device": [],
            "config_drive": null,
            "created": "2025-12-22 04:35:33 +0000 UTC",
            "flavor_id": "4",
            "flavor_name": "m1.large",
            "floating_ip": null,
            "force_delete": false,
            "id": "5da8247a-c803-4a1c-bd57-73a1f3a89444",
            "image_id": "ffa49bc6-3dc4-4da9-beac-dad078d6e71e",
            "image_name": "ubuntu",
            "key_pair": "test",
            "metadata": {
              "environment": "test"
            },
            "name": "db-server-subnet3",
            "network": [
              {
                "access_network": false,
                "fixed_ip_v4": "10.10.3.133",
                "fixed_ip_v6": "",
                "floating_ip": "",
                "mac": "fa:16:3e:2c:5a:58",
                "name": "network-1",
                "port": "93acd5c7-8d49-49ac-8fd6-f2feefad2ef2",
                "uuid": "7c95f768-63c8-4941-83ed-620c19479d19"
              }
            ],
            "network_mode": null,
            "personality": [],
            "power_state": "active",
            "region": "RegionOne",
            "scheduler_hints": [],
            "security_groups": [
              "default"
            ],
            "stop_before_destroy": false,
            "tags": null,
            "timeouts": null,
            "updated": "2025-12-22 04:36:06 +0000 UTC",
            "user_data": "c988166c5b09efe7029ba381a449b3a0f50b7495",
            "vendor_options": [],
            "volume": []
          },
          "sensitive_attributes": [
            [
              {
                "type": "get_attr",
                "value": "admin_pass"
              }
            ]
          ],
          "identity_schema_version": 0,
          "private": "eyJlMmJmYjczMC1lY2FhLTExZTYtOGY4OC0zNDM2M2JjN2M0YzAiOnsiY3JlYXRlIjoxODAwMDAwMDAwMDAwLCJkZWxldGUiOjE4MDAwMDAwMDAwMDAsInVwZGF0ZSI6MTgwMDAwMDAwMDAwMH19",
          "dependencies": [
            "module.network.openstack_networking_network_v2.networks",
            "module.network.openstack_networking_port_v2.ports",
            "module.network.openstack_networking_subnet_v2.subnets",
            "module.vms.data.openstack_networking_network_v2.existing",
            "module.vms.openstack_blockstorage_volume_v3.boot_volumes"
          ]
        },
        {
          "index_key": "vm4",
          "schema_version": 0,
          "attributes": {
            "access_ip_v4": "10.10.4.100",
            "access_ip_v6": "",
            "admin_pass": null,
            "all_metadata": {
              "environment": "test"
            },
            "all_tags": [],
            "availability_zone": "nova",
            "availability_zone_hints": null,
            "block_device": [],
            "config_drive": null,
            "created": "2025-12-22 04:35:43 +0000 UTC",
            "flavor_id": "2",
            "flavor_name": "m1.small",
            "floating_ip": null,
            "force_delete": false,
            "id": "58381b9b-dc1a-4748-9b31-434ca5f88b41",
            "image_id": "ffa49bc6-3dc4-4da9-beac-dad078d6e71e",
            "image_name": "ubuntu",
            "key_pair": "test",
            "metadata": {
              "environment": "test"
            },
            "name": "cache-server-subnet4",
            "network": [
              {
                "access_network": false,
                "fixed_ip_v4": "10.10.4.100",
                "fixed_ip_v6": "",
                "floating_ip": "",
                "mac": "fa:16:3e:ea:77:f9",
                "name": "network-1",
                "port": "88c37f8d-3b02-4588-bb76-3f381ab16597",
                "uuid": "7c95f768-63c8-4941-83ed-620c19479d19"
              }
            ],
            "network_mode": null,
            "personality": [],
            "power_state": "active",
            "region": "RegionOne",
            "scheduler_hints": [],
            "security_groups": [
              "default"
            ],
            "stop_before_destroy": false,
            "tags": null,
            "timeouts": null,
            "updated": "2025-12-22 04:36:23 +0000 UTC",
            "user_data": "c988166c5b09efe7029ba381a449b3a0f50b7495",
            "vendor_options": [],
            "volume": []
          },
          "sensitive_attributes": [
            [
              {
                "type": "get_attr",
                "value": "admin_pass"
              }
            ]
          ],
          "identity_schema_version": 0,
          "private": "eyJlMmJmYjczMC1lY2FhLTExZTYtOGY4OC0zNDM2M2JjN2M0YzAiOnsiY3JlYXRlIjoxODAwMDAwMDAwMDAwLCJkZWxldGUiOjE4MDAwMDAwMDAwMDAsInVwZGF0ZSI6MTgwMDAwMDAwMDAwMH19",
          "dependencies": [
            "module.network.openstack_networking_network_v2.networks",
            "module.network.openstack_networking_port_v2.ports",
            "module.network.openstack_networking_subnet_v2.subnets",
            "module.vms.data.openstack_networking_network_v2.existing",
            "module.vms.openstack_blockstorage_volume_v3.boot_volumes"
          ]
        },
        {
          "index_key": "vm5",
          "schema_version": 0,
          "attributes": {
            "access_ip_v4": "10.10.5.158",
            "access_ip_v6": "",
            "admin_pass": null,
            "all_metadata": {
              "environment": "test"
            },
            "all_tags": [],
            "availability_zone": "nova",
            "availability_zone_hints": null,
            "block_device": [],
            "config_drive": null,
            "created": "2025-12-22 04:35:33 +0000 UTC",
            "flavor_id": "3",
            "flavor_name": "m1.medium",
            "floating_ip": null,
            "force_delete": false,
            "id": "089b6c1b-37c5-4181-9e8c-fc98f6b00c8d",
            "image_id": "ffa49bc6-3dc4-4da9-beac-dad078d6e71e",
            "image_name": "ubuntu",
            "key_pair": "test",
            "metadata": {
              "environment": "test"
            },
            "name": "monitoring-subnet5",
            "network": [
              {
                "access_network": false,
                "fixed_ip_v4": "10.10.5.158",
                "fixed_ip_v6": "",
                "floating_ip": "",
                "mac": "fa:16:3e:ef:85:15",
                "name": "network-1",
                "port": "25d17193-1875-4b41-b854-89984f73cbd4",
                "uuid": "7c95f768-63c8-4941-83ed-620c19479d19"
              }
            ],
            "network_mode": null,
            "personality": [],
            "power_state": "active",
            "region": "RegionOne",
            "scheduler_hints": [],
            "security_groups": [
              "default"
            ],
            "stop_before_destroy": false,
            "tags": null,
            "timeouts": null,
            "updated": "2025-12-22 04:35:59 +0000 UTC",
            "user_data": "c988166c5b09efe7029ba381a449b3a0f50b7495",
            "vendor_options": [],
            "volume": []
          },
          "sensitive_attributes": [
            [
              {
                "type": "get_attr",
                "value": "admin_pass"
              }
            ]
          ],
          "identity_schema_version": 0,
          "private": "eyJlMmJmYjczMC1lY2FhLTExZTYtOGY4OC0zNDM2M2JjN2M0YzAiOnsiY3JlYXRlIjoxODAwMDAwMDAwMDAwLCJkZWxldGUiOjE4MDAwMDAwMDAwMDAsInVwZGF0ZSI6MTgwMDAwMDAwMDAwMH19",
          "dependencies": [
            "module.network.openstack_networking_network_v2.networks",
            "module.network.openstack_networking_port_v2.ports",
            "module.network.openstack_networking_subnet_v2.subnets",
            "module.vms.data.openstack_networking_network_v2.existing",
            "module.vms.openstack_blockstorage_volume_v3.boot_volumes"
          ]
        },
        {
          "index_key": "vm6",
          "schema_version": 0,
          "attributes": {
            "access_ip_v4": "10.10.2.149",
            "access_ip_v6": "",
            "admin_pass": null,
            "all_metadata": {
              "environment": "test"
            },
            "all_tags": [],
            "availability_zone": "nova",
            "availability_zone_hints": null,
            "block_device": [],
            "config_drive": null,
            "created": "2025-12-22 04:35:39 +0000 UTC",
            "flavor_id": "3",
            "flavor_name": "m1.medium",
            "floating_ip": null,
            "force_delete": false,
            "id": "44032b6c-2fb4-4a26-acfc-9d8fb8ebb95b",
            "image_id": "ffa49bc6-3dc4-4da9-beac-dad078d6e71e",
            "image_name": "ubuntu",
            "key_pair": "test",
            "metadata": {
              "environment": "test"
            },
            "name": "monitoring-subnet6",
            "network": [
              {
                "access_network": false,
                "fixed_ip_v4": "10.10.2.149",
                "fixed_ip_v6": "",
                "floating_ip": "",
                "mac": "fa:16:3e:8f:5b:94",
                "name": "network-1",
                "port": "64b4e4be-c066-4587-ae2f-f17fdeddf285",
                "uuid": "7c95f768-63c8-4941-83ed-620c19479d19"
              }
            ],
            "network_mode": null,
            "personality": [],
            "power_state": "active",
            "region": "RegionOne",
            "scheduler_hints": [],
            "security_groups": [
              "default"
            ],
            "stop_before_destroy": false,
            "tags": null,
            "timeouts": null,
            "updated": "2025-12-22 04:36:14 +0000 UTC",
            "user_data": "c988166c5b09efe7029ba381a449b3a0f50b7495",
            "vendor_options": [],
            "volume": []
          },
          "sensitive_attributes": [
            [
              {
                "type": "get_attr",
                "value": "admin_pass"
              }
            ]
          ],
          "identity_schema_version": 0,
          "private": "eyJlMmJmYjczMC1lY2FhLTExZTYtOGY4OC0zNDM2M2JjN2M0YzAiOnsiY3JlYXRlIjoxODAwMDAwMDAwMDAwLCJkZWxldGUiOjE4MDAwMDAwMDAwMDAsInVwZGF0ZSI6MTgwMDAwMDAwMDAwMH19",
          "dependencies": [
            "module.network.openstack_networking_network_v2.networks",
            "module.network.openstack_networking_port_v2.ports",
            "module.network.openstack_networking_subnet_v2.subnets",
            "module.vms.data.openstack_networking_network_v2.existing",
            "module.vms.openstack_blockstorage_volume_v3.boot_volumes"
          ]
        },
        {
          "index_key": "vm7",
          "schema_version": 0,
          "attributes": {
            "access_ip_v4": "10.10.3.163",
            "access_ip_v6": "",
            "admin_pass": null,
            "all_metadata": {
              "environment": "test"
            },
            "all_tags": [],
            "availability_zone": "nova",
            "availability_zone_hints": null,
            "block_device": [
              {
                "boot_index": 0,
                "delete_on_termination": false,
                "destination_type": "volume",
                "device_type": "",
                "disk_bus": "",
                "guest_format": "",
                "multiattach": false,
                "source_type": "volume",
                "uuid": "1105e72c-74fa-44bf-a6a5-e1f327c5bfc4",
                "volume_size": 0,
                "volume_type": ""
              }
            ],
            "config_drive": null,
            "created": "2025-12-22 04:35:35 +0000 UTC",
            "flavor_id": "3",
            "flavor_name": "m1.medium",
            "floating_ip": null,
            "force_delete": false,
            "id": "da74ebcc-7f20-4c9b-9861-e215f812ff6d",
            "image_id": "Attempt to boot from volume - no image supplied",
            "image_name": null,
            "key_pair": "test",
            "metadata": {
              "environment": "test"
            },
            "name": "boot-vol",
            "network": [
              {
                "access_network": false,
                "fixed_ip_v4": "10.10.3.163",
                "fixed_ip_v6": "",
                "floating_ip": "",
                "mac": "fa:16:3e:fc:f1:64",
                "name": "network-1",
                "port": "3c9270f4-e42e-4786-8505-dd6c523261e6",
                "uuid": "7c95f768-63c8-4941-83ed-620c19479d19"
              }
            ],
            "network_mode": null,
            "personality": [],
            "power_state": "active",
            "region": "RegionOne",
            "scheduler_hints": [],
            "security_groups": [
              "default"
            ],
            "stop_before_destroy": false,
            "tags": null,
            "timeouts": null,
            "updated": "2025-12-22 04:36:18 +0000 UTC",
            "user_data": "c988166c5b09efe7029ba381a449b3a0f50b7495",
            "vendor_options": [],
            "volume": []
          },
          "sensitive_attributes": [
            [
              {
                "type": "get_attr",
                "value": "admin_pass"
              }
            ]
          ],
          "identity_schema_version": 0,
          "private": "eyJlMmJmYjczMC1lY2FhLTExZTYtOGY4OC0zNDM2M2JjN2M0YzAiOnsiY3JlYXRlIjoxODAwMDAwMDAwMDAwLCJkZWxldGUiOjE4MDAwMDAwMDAwMDAsInVwZGF0ZSI6MTgwMDAwMDAwMDAwMH19",
          "dependencies": [
            "module.network.openstack_networking_network_v2.networks",
            "module.network.openstack_networking_port_v2.ports",
            "module.network.openstack_networking_subnet_v2.subnets",
            "module.vms.data.openstack_networking_network_v2.existing",
            "module.vms.openstack_blockstorage_volume_v3.boot_volumes"
          ]
        },
        {
          "index_key": "vm8",
          "schema_version": 0,
          "attributes": {
            "access_ip_v4": "10.20.1.50",
            "access_ip_v6": "",
            "admin_pass": null,
            "all_metadata": {
              "environment": "test"
            },
            "all_tags": [],
            "availability_zone": "nova",
            "availability_zone_hints": null,
            "block_device": [],
            "config_drive": null,
            "created": "2025-12-22 04:35:33 +0000 UTC",
            "flavor_id": "3",
            "flavor_name": "m1.medium",
            "floating_ip": null,
            "force_delete": false,
            "id": "12aa93cc-7ccd-4876-bb25-9f994ef0b1e9",
            "image_id": "ffa49bc6-3dc4-4da9-beac-dad078d6e71e",
            "image_name": "ubuntu",
            "key_pair": "test",
            "metadata": {
              "environment": "test"
            },
            "name": "net2",
            "network": [
              {
                "access_network": false,
                "fixed_ip_v4": "10.20.1.50",
                "fixed_ip_v6": "",
                "floating_ip": "",
                "mac": "fa:16:3e:1b:60:a2",
                "name": "network-2",
                "port": "60d9e676-a8c9-48af-b71c-297d5c33dce9",
                "uuid": "7fe92ab8-c6a7-4632-b1d0-f1ee78966697"
              }
            ],
            "network_mode": null,
            "personality": [],
            "power_state": "active",
            "region": "RegionOne",
            "scheduler_hints": [],
            "security_groups": [
              "default"
            ],
            "stop_before_destroy": false,
            "tags": null,
            "timeouts": null,
            "updated": "2025-12-22 04:35:54 +0000 UTC",
            "user_data": "c988166c5b09efe7029ba381a449b3a0f50b7495",
            "vendor_options": [],
            "volume": []
          },
          "sensitive_attributes": [
            [
              {
                "type": "get_attr",
                "value": "admin_pass"
              }
            ]
          ],
          "identity_schema_version": 0,
          "private": "eyJlMmJmYjczMC1lY2FhLTExZTYtOGY4OC0zNDM2M2JjN2M0YzAiOnsiY3JlYXRlIjoxODAwMDAwMDAwMDAwLCJkZWxldGUiOjE4MDAwMDAwMDAwMDAsInVwZGF0ZSI6MTgwMDAwMDAwMDAwMH19",
          "dependencies": [
            "module.network.openstack_networking_network_v2.networks",
            "module.network.openstack_networking_port_v2.ports",
            "module.network.openstack_networking_subnet_v2.subnets",
            "module.vms.data.openstack_networking_network_v2.existing",
            "module.vms.openstack_blockstorage_volume_v3.boot_volumes"
          ]
        }
      ]
    },
    {
      "module": "module.vms",
      "mode": "managed",
      "type": "openstack_compute_volume_attach_v2",
      "name": "attach_data",
      "provider": "provider[\"registry.terraform.io/terraform-provider-openstack/openstack\"]",
      "instances": [
        {
          "index_key": "vm1-data-0",
          "schema_version": 0,
          "attributes": {
            "device": "/dev/vdb",
            "id": "7b9d90b0-ec76-4ceb-bb83-b6ba93c2f42f/bbb5b1a3-74e6-40ba-9309-0ab2c98452ea",
            "instance_id": "7b9d90b0-ec76-4ceb-bb83-b6ba93c2f42f",
            "multiattach": null,
            "region": "RegionOne",
            "timeouts": null,
            "vendor_options": [],
            "volume_id": "bbb5b1a3-74e6-40ba-9309-0ab2c98452ea"
          },
          "sensitive_attributes": [],
          "identity_schema_version": 0,
          "private": "eyJlMmJmYjczMC1lY2FhLTExZTYtOGY4OC0zNDM2M2JjN2M0YzAiOnsiY3JlYXRlIjo2MDAwMDAwMDAwMDAsImRlbGV0ZSI6NjAwMDAwMDAwMDAwfX0=",
          "dependencies": [
            "module.network.openstack_networking_network_v2.networks",
            "module.network.openstack_networking_port_v2.ports",
            "module.network.openstack_networking_subnet_v2.subnets",
            "module.vms.data.openstack_networking_network_v2.existing",
            "module.vms.openstack_blockstorage_volume_v3.boot_volumes",
            "module.vms.openstack_blockstorage_volume_v3.data_volumes",
            "module.vms.openstack_compute_instance_v2.vms"
          ]
        },
        {
          "index_key": "vm12-data-0",
          "schema_version": 0,
          "attributes": {
            "device": "/dev/vdb",
            "id": "1df48f36-5349-402f-a3ab-9c5cbcb06902/0fd45a6f-8706-4294-a80c-1b8cd4e83354",
            "instance_id": "1df48f36-5349-402f-a3ab-9c5cbcb06902",
            "multiattach": null,
            "region": "RegionOne",
            "timeouts": null,
            "vendor_options": [],
            "volume_id": "0fd45a6f-8706-4294-a80c-1b8cd4e83354"
          },
          "sensitive_attributes": [],
          "identity_schema_version": 0,
          "private": "eyJlMmJmYjczMC1lY2FhLTExZTYtOGY4OC0zNDM2M2JjN2M0YzAiOnsiY3JlYXRlIjo2MDAwMDAwMDAwMDAsImRlbGV0ZSI6NjAwMDAwMDAwMDAwfX0=",
          "dependencies": [
            "module.network.openstack_networking_network_v2.networks",
            "module.network.openstack_networking_port_v2.ports",
            "module.network.openstack_networking_subnet_v2.subnets",
            "module.vms.data.openstack_networking_network_v2.existing",
            "module.vms.openstack_blockstorage_volume_v3.boot_volumes",
            "module.vms.openstack_blockstorage_volume_v3.data_volumes",
            "module.vms.openstack_compute_instance_v2.vms"
          ]
        },
        {
          "index_key": "vm2-data-0",
          "schema_version": 0,
          "attributes": {
            "device": "/dev/vdb",
            "id": "aaed6bdd-34f3-4f1f-8e08-79fb4a896716/f60a9ddd-696e-4ccd-aaec-c4a876037942",
            "instance_id": "aaed6bdd-34f3-4f1f-8e08-79fb4a896716",
            "multiattach": null,
            "region": "RegionOne",
            "timeouts": null,
            "vendor_options": [],
            "volume_id": "f60a9ddd-696e-4ccd-aaec-c4a876037942"
          },
          "sensitive_attributes": [],
          "identity_schema_version": 0,
          "private": "eyJlMmJmYjczMC1lY2FhLTExZTYtOGY4OC0zNDM2M2JjN2M0YzAiOnsiY3JlYXRlIjo2MDAwMDAwMDAwMDAsImRlbGV0ZSI6NjAwMDAwMDAwMDAwfX0=",
          "dependencies": [
            "module.network.openstack_networking_network_v2.networks",
            "module.network.openstack_networking_port_v2.ports",
            "module.network.openstack_networking_subnet_v2.subnets",
            "module.vms.data.openstack_networking_network_v2.existing",
            "module.vms.openstack_blockstorage_volume_v3.boot_volumes",
            "module.vms.openstack_blockstorage_volume_v3.data_volumes",
            "module.vms.openstack_compute_instance_v2.vms"
          ]
        },
        {
          "index_key": "vm3-data-0",
          "schema_version": 0,
          "attributes": {
            "device": "/dev/vdb",
            "id": "5da8247a-c803-4a1c-bd57-73a1f3a89444/692ead47-2f88-4fe8-b6bc-984c7f69e714",
            "instance_id": "5da8247a-c803-4a1c-bd57-73a1f3a89444",
            "multiattach": null,
            "region": "RegionOne",
            "timeouts": null,
            "vendor_options": [],
            "volume_id": "692ead47-2f88-4fe8-b6bc-984c7f69e714"
          },
          "sensitive_attributes": [],
          "identity_schema_version": 0,
          "private": "eyJlMmJmYjczMC1lY2FhLTExZTYtOGY4OC0zNDM2M2JjN2M0YzAiOnsiY3JlYXRlIjo2MDAwMDAwMDAwMDAsImRlbGV0ZSI6NjAwMDAwMDAwMDAwfX0=",
          "dependencies": [
            "module.network.openstack_networking_network_v2.networks",
            "module.network.openstack_networking_port_v2.ports",
            "module.network.openstack_networking_subnet_v2.subnets",
            "module.vms.data.openstack_networking_network_v2.existing",
            "module.vms.openstack_blockstorage_volume_v3.boot_volumes",
            "module.vms.openstack_blockstorage_volume_v3.data_volumes",
            "module.vms.openstack_compute_instance_v2.vms"
          ]
        },
        {
          "index_key": "vm4-data-0",
          "schema_version": 0,
          "attributes": {
            "device": "/dev/vdb",
            "id": "58381b9b-dc1a-4748-9b31-434ca5f88b41/ded2e701-1f2c-4f37-8db1-373960c6ae42",
            "instance_id": "58381b9b-dc1a-4748-9b31-434ca5f88b41",
            "multiattach": null,
            "region": "RegionOne",
            "timeouts": null,
            "vendor_options": [],
            "volume_id": "ded2e701-1f2c-4f37-8db1-373960c6ae42"
          },
          "sensitive_attributes": [],
          "identity_schema_version": 0,
          "private": "eyJlMmJmYjczMC1lY2FhLTExZTYtOGY4OC0zNDM2M2JjN2M0YzAiOnsiY3JlYXRlIjo2MDAwMDAwMDAwMDAsImRlbGV0ZSI6NjAwMDAwMDAwMDAwfX0=",
          "dependencies": [
            "module.network.openstack_networking_network_v2.networks",
            "module.network.openstack_networking_port_v2.ports",
            "module.network.openstack_networking_subnet_v2.subnets",
            "module.vms.data.openstack_networking_network_v2.existing",
            "module.vms.openstack_blockstorage_volume_v3.boot_volumes",
            "module.vms.openstack_blockstorage_volume_v3.data_volumes",
            "module.vms.openstack_compute_instance_v2.vms"
          ]
        },
        {
          "index_key": "vm5-data-0",
          "schema_version": 0,
          "attributes": {
            "device": "/dev/vdb",
            "id": "089b6c1b-37c5-4181-9e8c-fc98f6b00c8d/122bbb76-6924-4d31-9872-6a49700ca657",
            "instance_id": "089b6c1b-37c5-4181-9e8c-fc98f6b00c8d",
            "multiattach": null,
            "region": "RegionOne",
            "timeouts": null,
            "vendor_options": [],
            "volume_id": "122bbb76-6924-4d31-9872-6a49700ca657"
          },
          "sensitive_attributes": [],
          "identity_schema_version": 0,
          "private": "eyJlMmJmYjczMC1lY2FhLTExZTYtOGY4OC0zNDM2M2JjN2M0YzAiOnsiY3JlYXRlIjo2MDAwMDAwMDAwMDAsImRlbGV0ZSI6NjAwMDAwMDAwMDAwfX0=",
          "dependencies": [
            "module.network.openstack_networking_network_v2.networks",
            "module.network.openstack_networking_port_v2.ports",
            "module.network.openstack_networking_subnet_v2.subnets",
            "module.vms.data.openstack_networking_network_v2.existing",
            "module.vms.openstack_blockstorage_volume_v3.boot_volumes",
            "module.vms.openstack_blockstorage_volume_v3.data_volumes",
            "module.vms.openstack_compute_instance_v2.vms"
          ]
        },
        {
          "index_key": "vm6-data-0",
          "schema_version": 0,
          "attributes": {
            "device": "/dev/vdb",
            "id": "44032b6c-2fb4-4a26-acfc-9d8fb8ebb95b/72bc2f98-fbc6-4b69-a3d5-e83908e559e3",
            "instance_id": "44032b6c-2fb4-4a26-acfc-9d8fb8ebb95b",
            "multiattach": null,
            "region": "RegionOne",
            "timeouts": null,
            "vendor_options": [],
            "volume_id": "72bc2f98-fbc6-4b69-a3d5-e83908e559e3"
          },
          "sensitive_attributes": [],
          "identity_schema_version": 0,
          "private": "eyJlMmJmYjczMC1lY2FhLTExZTYtOGY4OC0zNDM2M2JjN2M0YzAiOnsiY3JlYXRlIjo2MDAwMDAwMDAwMDAsImRlbGV0ZSI6NjAwMDAwMDAwMDAwfX0=",
          "dependencies": [
            "module.network.openstack_networking_network_v2.networks",
            "module.network.openstack_networking_port_v2.ports",
            "module.network.openstack_networking_subnet_v2.subnets",
            "module.vms.data.openstack_networking_network_v2.existing",
            "module.vms.openstack_blockstorage_volume_v3.boot_volumes",
            "module.vms.openstack_blockstorage_volume_v3.data_volumes",
            "module.vms.openstack_compute_instance_v2.vms"
          ]
        },
        {
          "index_key": "vm7-data-0",
          "schema_version": 0,
          "attributes": {
            "device": "/dev/vdb",
            "id": "da74ebcc-7f20-4c9b-9861-e215f812ff6d/97aa67ce-7c2b-4885-bbf2-fd8419c9f5b7",
            "instance_id": "da74ebcc-7f20-4c9b-9861-e215f812ff6d",
            "multiattach": null,
            "region": "RegionOne",
            "timeouts": null,
            "vendor_options": [],
            "volume_id": "97aa67ce-7c2b-4885-bbf2-fd8419c9f5b7"
          },
          "sensitive_attributes": [],
          "identity_schema_version": 0,
          "private": "eyJlMmJmYjczMC1lY2FhLTExZTYtOGY4OC0zNDM2M2JjN2M0YzAiOnsiY3JlYXRlIjo2MDAwMDAwMDAwMDAsImRlbGV0ZSI6NjAwMDAwMDAwMDAwfX0=",
          "dependencies": [
            "module.network.openstack_networking_network_v2.networks",
            "module.network.openstack_networking_port_v2.ports",
            "module.network.openstack_networking_subnet_v2.subnets",
            "module.vms.data.openstack_networking_network_v2.existing",
            "module.vms.openstack_blockstorage_volume_v3.boot_volumes",
            "module.vms.openstack_blockstorage_volume_v3.data_volumes",
            "module.vms.openstack_compute_instance_v2.vms"
          ]
        },
        {
          "index_key": "vm8-data-0",
          "schema_version": 0,
          "attributes": {
            "device": "/dev/vdb",
            "id": "12aa93cc-7ccd-4876-bb25-9f994ef0b1e9/a7d86f86-468b-49c1-a5d1-9a4cb593090f",
            "instance_id": "12aa93cc-7ccd-4876-bb25-9f994ef0b1e9",
            "multiattach": null,
            "region": "RegionOne",
            "timeouts": null,
            "vendor_options": [],
            "volume_id": "a7d86f86-468b-49c1-a5d1-9a4cb593090f"
          },
          "sensitive_attributes": [],
          "identity_schema_version": 0,
          "private": "eyJlMmJmYjczMC1lY2FhLTExZTYtOGY4OC0zNDM2M2JjN2M0YzAiOnsiY3JlYXRlIjo2MDAwMDAwMDAwMDAsImRlbGV0ZSI6NjAwMDAwMDAwMDAwfX0=",
          "dependencies": [
            "module.network.openstack_networking_network_v2.networks",
            "module.network.openstack_networking_port_v2.ports",
            "module.network.openstack_networking_subnet_v2.subnets",
            "module.vms.data.openstack_networking_network_v2.existing",
            "module.vms.openstack_blockstorage_volume_v3.boot_volumes",
            "module.vms.openstack_blockstorage_volume_v3.data_volumes",
            "module.vms.openstack_compute_instance_v2.vms"
          ]
        }
      ]
    },
    {
      "module": "module.vms",
      "mode": "managed",
      "type": "openstack_networking_floatingip_v2",
      "name": "fips",
      "provider": "provider[\"registry.terraform.io/terraform-provider-openstack/openstack\"]",
      "instances": [
        {
          "index_key": "vm1",
          "schema_version": 0,
          "attributes": {
            "address": "172.20.1.197",
            "all_tags": [],
            "description": "",
            "dns_domain": "",
            "dns_name": "",
            "fixed_ip": "",
            "id": "96d9342c-afd2-406f-818c-84f8e9c60b16",
            "pool": "public1",
            "port_id": "",
            "region": "RegionOne",
            "subnet_id": null,
            "subnet_ids": null,
            "tags": null,
            "tenant_id": "fc70748921aa4265ad13c5d6f42d2574",
            "timeouts": null,
            "value_specs": null
          },
          "sensitive_attributes": [],
          "identity_schema_version": 0,
          "private": "eyJlMmJmYjczMC1lY2FhLTExZTYtOGY4OC0zNDM2M2JjN2M0YzAiOnsiY3JlYXRlIjo2MDAwMDAwMDAwMDAsImRlbGV0ZSI6NjAwMDAwMDAwMDAwfX0=",
          "dependencies": [
            "module.network.openstack_networking_network_v2.networks",
            "module.network.openstack_networking_port_v2.ports",
            "module.network.openstack_networking_subnet_v2.subnets",
            "module.vms.data.openstack_networking_network_v2.external"
          ]
        },
        {
          "index_key": "vm12",
          "schema_version": 0,
          "attributes": {
            "address": "172.20.1.103",
            "all_tags": [],
            "description": "",
            "dns_domain": "",
            "dns_name": "",
            "fixed_ip": "",
            "id": "8ce017ca-8c40-45a8-94dc-ac1e7ca9e24d",
            "pool": "public1",
            "port_id": "",
            "region": "RegionOne",
            "subnet_id": null,
            "subnet_ids": null,
            "tags": null,
            "tenant_id": "fc70748921aa4265ad13c5d6f42d2574",
            "timeouts": null,
            "value_specs": null
          },
          "sensitive_attributes": [],
          "identity_schema_version": 0,
          "private": "eyJlMmJmYjczMC1lY2FhLTExZTYtOGY4OC0zNDM2M2JjN2M0YzAiOnsiY3JlYXRlIjo2MDAwMDAwMDAwMDAsImRlbGV0ZSI6NjAwMDAwMDAwMDAwfX0=",
          "dependencies": [
            "module.network.openstack_networking_network_v2.networks",
            "module.network.openstack_networking_port_v2.ports",
            "module.network.openstack_networking_subnet_v2.subnets",
            "module.vms.data.openstack_networking_network_v2.external"
          ]
        },
        {
          "index_key": "vm2",
          "schema_version": 0,
          "attributes": {
            "address": "172.20.1.108",
            "all_tags": [],
            "description": "",
            "dns_domain": "",
            "dns_name": "",
            "fixed_ip": "",
            "id": "ca6ed04a-57c8-401f-a71a-df137a036753",
            "pool": "public1",
            "port_id": "",
            "region": "RegionOne",
            "subnet_id": null,
            "subnet_ids": null,
            "tags": null,
            "tenant_id": "fc70748921aa4265ad13c5d6f42d2574",
            "timeouts": null,
            "value_specs": null
          },
          "sensitive_attributes": [],
          "identity_schema_version": 0,
          "private": "eyJlMmJmYjczMC1lY2FhLTExZTYtOGY4OC0zNDM2M2JjN2M0YzAiOnsiY3JlYXRlIjo2MDAwMDAwMDAwMDAsImRlbGV0ZSI6NjAwMDAwMDAwMDAwfX0=",
          "dependencies": [
            "module.network.openstack_networking_network_v2.networks",
            "module.network.openstack_networking_port_v2.ports",
            "module.network.openstack_networking_subnet_v2.subnets",
            "module.vms.data.openstack_networking_network_v2.external"
          ]
        },
        {
          "index_key": "vm5",
          "schema_version": 0,
          "attributes": {
            "address": "172.20.1.90",
            "all_tags": [],
            "description": "",
            "dns_domain": "",
            "dns_name": "",
            "fixed_ip": "",
            "id": "d4b5c0a2-054e-4af5-9e9e-c4ae36c10931",
            "pool": "public1",
            "port_id": "",
            "region": "RegionOne",
            "subnet_id": null,
            "subnet_ids": null,
            "tags": null,
            "tenant_id": "fc70748921aa4265ad13c5d6f42d2574",
            "timeouts": null,
            "value_specs": null
          },
          "sensitive_attributes": [],
          "identity_schema_version": 0,
          "private": "eyJlMmJmYjczMC1lY2FhLTExZTYtOGY4OC0zNDM2M2JjN2M0YzAiOnsiY3JlYXRlIjo2MDAwMDAwMDAwMDAsImRlbGV0ZSI6NjAwMDAwMDAwMDAwfX0=",
          "dependencies": [
            "module.network.openstack_networking_network_v2.networks",
            "module.network.openstack_networking_port_v2.ports",
            "module.network.openstack_networking_subnet_v2.subnets",
            "module.vms.data.openstack_networking_network_v2.external"
          ]
        },
        {
          "index_key": "vm6",
          "schema_version": 0,
          "attributes": {
            "address": "172.20.1.36",
            "all_tags": [],
            "description": "",
            "dns_domain": "",
            "dns_name": "",
            "fixed_ip": "",
            "id": "9251acb4-9507-4693-82ac-c49e09900baf",
            "pool": "public1",
            "port_id": "",
            "region": "RegionOne",
            "subnet_id": null,
            "subnet_ids": null,
            "tags": null,
            "tenant_id": "fc70748921aa4265ad13c5d6f42d2574",
            "timeouts": null,
            "value_specs": null
          },
          "sensitive_attributes": [],
          "identity_schema_version": 0,
          "private": "eyJlMmJmYjczMC1lY2FhLTExZTYtOGY4OC0zNDM2M2JjN2M0YzAiOnsiY3JlYXRlIjo2MDAwMDAwMDAwMDAsImRlbGV0ZSI6NjAwMDAwMDAwMDAwfX0=",
          "dependencies": [
            "module.network.openstack_networking_network_v2.networks",
            "module.network.openstack_networking_port_v2.ports",
            "module.network.openstack_networking_subnet_v2.subnets",
            "module.vms.data.openstack_networking_network_v2.external"
          ]
        },
        {
          "index_key": "vm7",
          "schema_version": 0,
          "attributes": {
            "address": "172.20.1.115",
            "all_tags": [],
            "description": "",
            "dns_domain": "",
            "dns_name": "",
            "fixed_ip": "",
            "id": "1bc48bfb-484b-4631-ab68-ad0134265825",
            "pool": "public1",
            "port_id": "",
            "region": "RegionOne",
            "subnet_id": null,
            "subnet_ids": null,
            "tags": null,
            "tenant_id": "fc70748921aa4265ad13c5d6f42d2574",
            "timeouts": null,
            "value_specs": null
          },
          "sensitive_attributes": [],
          "identity_schema_version": 0,
          "private": "eyJlMmJmYjczMC1lY2FhLTExZTYtOGY4OC0zNDM2M2JjN2M0YzAiOnsiY3JlYXRlIjo2MDAwMDAwMDAwMDAsImRlbGV0ZSI6NjAwMDAwMDAwMDAwfX0=",
          "dependencies": [
            "module.network.openstack_networking_network_v2.networks",
            "module.network.openstack_networking_port_v2.ports",
            "module.network.openstack_networking_subnet_v2.subnets",
            "module.vms.data.openstack_networking_network_v2.external"
          ]
        }
      ]
    }
  ],
  "check_results": [
    {
      "object_kind": "var",
      "config_addr": "var.vms",
      "status": "pass",
      "objects": [
        {
          "object_addr": "var.vms",
          "status": "pass"
        }
      ]
    },
    {
      "object_kind": "var",
      "config_addr": "module.vms.var.vms",
      "status": "pass",
      "objects": [
        {
          "object_addr": "module.vms.var.vms",
          "status": "pass"
        }
      ]
    }
  ]
}
