{
  "version": 4,
  "terraform_version": "1.13.3",
  "serial": 273,
  "lineage": "a487d92b-e470-fcd2-0868-c23e20ef277b",
  "outputs": {
    "awx_inventory_file": {
      "value": "./../terraform_outputs/test/awx_inventory.ini",
      "type": "string"
    },
    "terraform_outputs_file": {
      "value": "./../terraform_outputs/test/terraform_output.json",
      "type": "string"
    },
    "test_boot_volumes": {
      "value": {
        "vm7": {
          "id": "5e5bcb0b-df4d-442c-b4f7-e8d1740d412a",
          "name": "boot-vol-boot",
          "size": 30,
          "type": "boot"
        }
      },
      "type": [
        "object",
        {
          "vm7": [
            "object",
            {
              "id": "string",
              "name": "string",
              "size": "number",
              "type": "string"
            }
          ]
        }
      ]
    },
    "test_data_volumes": {
      "value": {
        "vm1-data-0": {
          "device": "/dev/vdb",
          "id": "9328843b-0463-442c-bc96-73a7babe8eb7",
          "name": "web-server-subnet1-data-vm1-data-0",
          "size": 30,
          "type": "data",
          "vm_key": "vm1",
          "vm_name": "web-server-subnet1"
        },
        "vm12-data-0": {
          "device": "/dev/vdb",
          "id": "f92cbdbf-395a-49d7-aac6-a96f54ec71a5",
          "name": "test-data-vm12-data-0",
          "size": 50,
          "type": "data",
          "vm_key": "vm12",
          "vm_name": "test"
        },
        "vm13-data-0": {
          "device": "/dev/vdb",
          "id": "33895fb3-5098-433a-a63d-232e16d3762c",
          "name": "net-3-data-vm13-data-0",
          "size": 50,
          "type": "data",
          "vm_key": "vm13",
          "vm_name": "net-3"
        },
        "vm2-data-0": {
          "device": "/dev/vdb",
          "id": "70072cff-5668-4013-86a2-aced9ec0e886",
          "name": "subnet2-3-data-vm2-data-0",
          "size": 30,
          "type": "data",
          "vm_key": "vm2",
          "vm_name": "subnet2-3"
        },
        "vm3-data-0": {
          "device": "/dev/vdb",
          "id": "9a59ed0e-3a73-4b2e-bacb-564fca6e0450",
          "name": "subnet3-data-vm3-data-0",
          "size": 100,
          "type": "data",
          "vm_key": "vm3",
          "vm_name": "subnet3"
        },
        "vm4-data-0": {
          "device": "/dev/vdb",
          "id": "01f55c1d-3163-45a0-9bbb-ef82971f0fe9",
          "name": "subnet4-data-vm4-data-0",
          "size": 50,
          "type": "data",
          "vm_key": "vm4",
          "vm_name": "subnet4"
        },
        "vm5-data-0": {
          "device": "/dev/vdb",
          "id": "443c71de-50b7-4f3a-bb75-2377ec124dc7",
          "name": "subnet5-data-vm5-data-0",
          "size": 40,
          "type": "data",
          "vm_key": "vm5",
          "vm_name": "subnet5"
        },
        "vm6-data-0": {
          "device": "/dev/vdb",
          "id": "9bfc5e5e-6ef1-4c0a-8768-9f5488ee91c3",
          "name": "subnet-22-data-vm6-data-0",
          "size": 40,
          "type": "data",
          "vm_key": "vm6",
          "vm_name": "subnet-22"
        },
        "vm7-data-0": {
          "device": "/dev/vdb",
          "id": "c88b9c93-9316-4e52-b814-3bc79a040310",
          "name": "boot-vol-data-vm7-data-0",
          "size": 30,
          "type": "data",
          "vm_key": "vm7",
          "vm_name": "boot-vol"
        },
        "vm8-data-0": {
          "device": "/dev/vdb",
          "id": "a68cd583-911e-4c71-8dc2-11e86d751381",
          "name": "net3-data-vm8-data-0",
          "size": 50,
          "type": "data",
          "vm_key": "vm8",
          "vm_name": "net3"
        }
      },
      "type": [
        "object",
        {
          "vm1-data-0": [
            "object",
            {
              "device": "string",
              "id": "string",
              "name": "string",
              "size": "number",
              "type": "string",
              "vm_key": "string",
              "vm_name": "string"
            }
          ],
          "vm12-data-0": [
            "object",
            {
              "device": "string",
              "id": "string",
              "name": "string",
              "size": "number",
              "type": "string",
              "vm_key": "string",
              "vm_name": "string"
            }
          ],
          "vm13-data-0": [
            "object",
            {
              "device": "string",
              "id": "string",
              "name": "string",
              "size": "number",
              "type": "string",
              "vm_key": "string",
              "vm_name": "string"
            }
          ],
          "vm2-data-0": [
            "object",
            {
              "device": "string",
              "id": "string",
              "name": "string",
              "size": "number",
              "type": "string",
              "vm_key": "string",
              "vm_name": "string"
            }
          ],
          "vm3-data-0": [
            "object",
            {
              "device": "string",
              "id": "string",
              "name": "string",
              "size": "number",
              "type": "string",
              "vm_key": "string",
              "vm_name": "string"
            }
          ],
          "vm4-data-0": [
            "object",
            {
              "device": "string",
              "id": "string",
              "name": "string",
              "size": "number",
              "type": "string",
              "vm_key": "string",
              "vm_name": "string"
            }
          ],
          "vm5-data-0": [
            "object",
            {
              "device": "string",
              "id": "string",
              "name": "string",
              "size": "number",
              "type": "string",
              "vm_key": "string",
              "vm_name": "string"
            }
          ],
          "vm6-data-0": [
            "object",
            {
              "device": "string",
              "id": "string",
              "name": "string",
              "size": "number",
              "type": "string",
              "vm_key": "string",
              "vm_name": "string"
            }
          ],
          "vm7-data-0": [
            "object",
            {
              "device": "string",
              "id": "string",
              "name": "string",
              "size": "number",
              "type": "string",
              "vm_key": "string",
              "vm_name": "string"
            }
          ],
          "vm8-data-0": [
            "object",
            {
              "device": "string",
              "id": "string",
              "name": "string",
              "size": "number",
              "type": "string",
              "vm_key": "string",
              "vm_name": "string"
            }
          ]
        }
      ]
    },
    "test_data_volumes_by_vm": {
      "value": {
        "vm1": {
          "vm_name": "web-server-subnet1",
          "volume_count": 1,
          "volumes": [
            {
              "device": "/dev/vdb",
              "id": "9328843b-0463-442c-bc96-73a7babe8eb7",
              "name": "web-server-subnet1-data-vm1-data-0",
              "size": 30
            }
          ]
        },
        "vm12": {
          "vm_name": "test",
          "volume_count": 1,
          "volumes": [
            {
              "device": "/dev/vdb",
              "id": "f92cbdbf-395a-49d7-aac6-a96f54ec71a5",
              "name": "test-data-vm12-data-0",
              "size": 50
            }
          ]
        },
        "vm13": {
          "vm_name": "net-3",
          "volume_count": 1,
          "volumes": [
            {
              "device": "/dev/vdb",
              "id": "33895fb3-5098-433a-a63d-232e16d3762c",
              "name": "net-3-data-vm13-data-0",
              "size": 50
            }
          ]
        },
        "vm2": {
          "vm_name": "subnet2-3",
          "volume_count": 1,
          "volumes": [
            {
              "device": "/dev/vdb",
              "id": "70072cff-5668-4013-86a2-aced9ec0e886",
              "name": "subnet2-3-data-vm2-data-0",
              "size": 30
            }
          ]
        },
        "vm3": {
          "vm_name": "subnet3",
          "volume_count": 1,
          "volumes": [
            {
              "device": "/dev/vdb",
              "id": "9a59ed0e-3a73-4b2e-bacb-564fca6e0450",
              "name": "subnet3-data-vm3-data-0",
              "size": 100
            }
          ]
        },
        "vm4": {
          "vm_name": "subnet4",
          "volume_count": 1,
          "volumes": [
            {
              "device": "/dev/vdb",
              "id": "01f55c1d-3163-45a0-9bbb-ef82971f0fe9",
              "name": "subnet4-data-vm4-data-0",
              "size": 50
            }
          ]
        },
        "vm5": {
          "vm_name": "subnet5",
          "volume_count": 1,
          "volumes": [
            {
              "device": "/dev/vdb",
              "id": "443c71de-50b7-4f3a-bb75-2377ec124dc7",
              "name": "subnet5-data-vm5-data-0",
              "size": 40
            }
          ]
        },
        "vm6": {
          "vm_name": "subnet-22",
          "volume_count": 1,
          "volumes": [
            {
              "device": "/dev/vdb",
              "id": "9bfc5e5e-6ef1-4c0a-8768-9f5488ee91c3",
              "name": "subnet-22-data-vm6-data-0",
              "size": 40
            }
          ]
        },
        "vm7": {
          "vm_name": "boot-vol",
          "volume_count": 1,
          "volumes": [
            {
              "device": "/dev/vdb",
              "id": "c88b9c93-9316-4e52-b814-3bc79a040310",
              "name": "boot-vol-data-vm7-data-0",
              "size": 30
            }
          ]
        },
        "vm8": {
          "vm_name": "net3",
          "volume_count": 1,
          "volumes": [
            {
              "device": "/dev/vdb",
              "id": "a68cd583-911e-4c71-8dc2-11e86d751381",
              "name": "net3-data-vm8-data-0",
              "size": 50
            }
          ]
        }
      },
      "type": [
        "object",
        {
          "vm1": [
            "object",
            {
              "vm_name": "string",
              "volume_count": "number",
              "volumes": [
                "tuple",
                [
                  [
                    "object",
                    {
                      "device": "string",
                      "id": "string",
                      "name": "string",
                      "size": "number"
                    }
                  ]
                ]
              ]
            }
          ],
          "vm12": [
            "object",
            {
              "vm_name": "string",
              "volume_count": "number",
              "volumes": [
                "tuple",
                [
                  [
                    "object",
                    {
                      "device": "string",
                      "id": "string",
                      "name": "string",
                      "size": "number"
                    }
                  ]
                ]
              ]
            }
          ],
          "vm13": [
            "object",
            {
              "vm_name": "string",
              "volume_count": "number",
              "volumes": [
                "tuple",
                [
                  [
                    "object",
                    {
                      "device": "string",
                      "id": "string",
                      "name": "string",
                      "size": "number"
                    }
                  ]
                ]
              ]
            }
          ],
          "vm2": [
            "object",
            {
              "vm_name": "string",
              "volume_count": "number",
              "volumes": [
                "tuple",
                [
                  [
                    "object",
                    {
                      "device": "string",
                      "id": "string",
                      "name": "string",
                      "size": "number"
                    }
                  ]
                ]
              ]
            }
          ],
          "vm3": [
            "object",
            {
              "vm_name": "string",
              "volume_count": "number",
              "volumes": [
                "tuple",
                [
                  [
                    "object",
                    {
                      "device": "string",
                      "id": "string",
                      "name": "string",
                      "size": "number"
                    }
                  ]
                ]
              ]
            }
          ],
          "vm4": [
            "object",
            {
              "vm_name": "string",
              "volume_count": "number",
              "volumes": [
                "tuple",
                [
                  [
                    "object",
                    {
                      "device": "string",
                      "id": "string",
                      "name": "string",
                      "size": "number"
                    }
                  ]
                ]
              ]
            }
          ],
          "vm5": [
            "object",
            {
              "vm_name": "string",
              "volume_count": "number",
              "volumes": [
                "tuple",
                [
                  [
                    "object",
                    {
                      "device": "string",
                      "id": "string",
                      "name": "string",
                      "size": "number"
                    }
                  ]
                ]
              ]
            }
          ],
          "vm6": [
            "object",
            {
              "vm_name": "string",
              "volume_count": "number",
              "volumes": [
                "tuple",
                [
                  [
                    "object",
                    {
                      "device": "string",
                      "id": "string",
                      "name": "string",
                      "size": "number"
                    }
                  ]
                ]
              ]
            }
          ],
          "vm7": [
            "object",
            {
              "vm_name": "string",
              "volume_count": "number",
              "volumes": [
                "tuple",
                [
                  [
                    "object",
                    {
                      "device": "string",
                      "id": "string",
                      "name": "string",
                      "size": "number"
                    }
                  ]
                ]
              ]
            }
          ],
          "vm8": [
            "object",
            {
              "vm_name": "string",
              "volume_count": "number",
              "volumes": [
                "tuple",
                [
                  [
                    "object",
                    {
                      "device": "string",
                      "id": "string",
                      "name": "string",
                      "size": "number"
                    }
                  ]
                ]
              ]
            }
          ]
        }
      ]
    },
    "test_network_details": {
      "value": {
        "networks": {
          "network_1": "9b6cb413-fe91-4786-8b10-10cc756e0eec",
          "network_2": "6785b3ec-ad58-4745-a911-1e26d8e22a14",
          "network_3": "bf3e9fb0-de21-4d82-b1c9-265eb9d78a40"
        },
        "ports": {
          "vm10_port": {
            "fixed_ips": [
              "10.20.3.175"
            ],
            "id": "dd58080b-6f75-4960-96f7-ae37e1055eaa",
            "mac": "fa:16:3e:2e:7f:71",
            "name": "vm10-port",
            "network_id": "6785b3ec-ad58-4745-a911-1e26d8e22a14"
          },
          "vm11_port": {
            "fixed_ips": [
              "10.10.1.196"
            ],
            "id": "4e6f5b43-09ec-4c35-a717-8586a416a78d",
            "mac": "fa:16:3e:76:61:16",
            "name": "vm11-port",
            "network_id": "9b6cb413-fe91-4786-8b10-10cc756e0eec"
          },
          "vm11_port_subnet2": {
            "fixed_ips": [
              "10.10.2.220"
            ],
            "id": "f0c07245-4563-40a7-b08d-53cf58bd7950",
            "mac": "fa:16:3e:bc:03:ee",
            "name": "vm11-subnet2-port",
            "network_id": "9b6cb413-fe91-4786-8b10-10cc756e0eec"
          },
          "vm12_port": {
            "fixed_ips": [
              "10.20.3.243"
            ],
            "id": "a2395afc-dfd9-43f0-9288-83b384ec93df",
            "mac": "fa:16:3e:c1:ac:10",
            "name": "vm12-port",
            "network_id": "6785b3ec-ad58-4745-a911-1e26d8e22a14"
          },
          "vm12_port_subnet2": {
            "fixed_ips": [
              "10.10.4.18"
            ],
            "id": "74435638-b31b-41bf-8f5c-7c8545bca79e",
            "mac": "fa:16:3e:5c:cd:8d",
            "name": "vm12-port-sub2",
            "network_id": "9b6cb413-fe91-4786-8b10-10cc756e0eec"
          },
          "vm13_port": {
            "fixed_ips": [
              "10.30.3.171"
            ],
            "id": "9c1693ba-3cd6-4590-b656-bc059675825c",
            "mac": "fa:16:3e:31:7e:ec",
            "name": "vm13-port",
            "network_id": "bf3e9fb0-de21-4d82-b1c9-265eb9d78a40"
          },
          "vm1_port": {
            "fixed_ips": [
              "10.10.1.36"
            ],
            "id": "81f43e87-129d-4fc6-9ebb-7237c6e48c17",
            "mac": "fa:16:3e:8a:a0:f6",
            "name": "vm1-port",
            "network_id": "9b6cb413-fe91-4786-8b10-10cc756e0eec"
          },
          "vm1_port_subnet2": {
            "fixed_ips": [
              "10.10.2.136"
            ],
            "id": "f14b152d-e17e-4e24-9bd2-5930c7c63e31",
            "mac": "fa:16:3e:a2:31:d7",
            "name": "vm1-subnet2-port",
            "network_id": "9b6cb413-fe91-4786-8b10-10cc756e0eec"
          },
          "vm2_port": {
            "fixed_ips": [
              "10.10.2.50"
            ],
            "id": "fff46abb-6165-438c-a2a2-511730b6b77d",
            "mac": "fa:16:3e:01:b3:f5",
            "name": "vm2-port",
            "network_id": "9b6cb413-fe91-4786-8b10-10cc756e0eec"
          },
          "vm2_port_subnet2": {
            "fixed_ips": [
              "10.10.3.51"
            ],
            "id": "7535c996-1bf5-40b1-b9c7-78b74e80d0cd",
            "mac": "fa:16:3e:3a:0e:39",
            "name": "vm2-port",
            "network_id": "9b6cb413-fe91-4786-8b10-10cc756e0eec"
          },
          "vm3_port": {
            "fixed_ips": [
              "10.10.3.69"
            ],
            "id": "05caedcc-7b43-44af-acad-8cbe9501c743",
            "mac": "fa:16:3e:78:3b:ea",
            "name": "vm3-port",
            "network_id": "9b6cb413-fe91-4786-8b10-10cc756e0eec"
          },
          "vm4_port": {
            "fixed_ips": [
              "10.10.4.100"
            ],
            "id": "d23cb9a9-1d60-4569-85e7-e2437c5ed49b",
            "mac": "fa:16:3e:f5:f8:9e",
            "name": "vm4-port",
            "network_id": "9b6cb413-fe91-4786-8b10-10cc756e0eec"
          },
          "vm5_port": {
            "fixed_ips": [
              "10.10.5.98"
            ],
            "id": "726277e5-932d-4495-8d5d-9fa4fc296856",
            "mac": "fa:16:3e:9f:c0:ec",
            "name": "vm5-port",
            "network_id": "9b6cb413-fe91-4786-8b10-10cc756e0eec"
          },
          "vm6_port": {
            "fixed_ips": [
              "10.10.2.242"
            ],
            "id": "80197305-f8b4-40d8-a02c-152a9cbd4987",
            "mac": "fa:16:3e:6a:aa:e3",
            "name": "vm6-port",
            "network_id": "9b6cb413-fe91-4786-8b10-10cc756e0eec"
          },
          "vm7_port": {
            "fixed_ips": [
              "10.10.3.238"
            ],
            "id": "4357d147-9d37-4dd0-8b1f-7e40a0972e2c",
            "mac": "fa:16:3e:66:e7:38",
            "name": "vm7-port",
            "network_id": "9b6cb413-fe91-4786-8b10-10cc756e0eec"
          },
          "vm8_port": {
            "fixed_ips": [
              "10.20.1.50"
            ],
            "id": "2ab4d41a-2a73-4ef0-9da8-3cc30c02bcb6",
            "mac": "fa:16:3e:47:52:73",
            "name": "vm8-port",
            "network_id": "6785b3ec-ad58-4745-a911-1e26d8e22a14"
          },
          "vm9_port": {
            "fixed_ips": [
              "10.20.2.223"
            ],
            "id": "9c75341d-15c2-4955-bbe8-1f14d43cdb02",
            "mac": "fa:16:3e:e1:ef:88",
            "name": "vm9-port",
            "network_id": "6785b3ec-ad58-4745-a911-1e26d8e22a14"
          }
        },
        "routers": {
          "main_router": "8b5ec2ff-7aee-4cd9-9d33-8e80c4a420c9",
          "router_new": "e99b0a14-879a-439d-a2a6-114cec2d74b9",
          "terra_router": "4648a3f1-f095-4902-82fc-549f926d35aa"
        },
        "subnets": {
          "subnet_1": "8cf3e200-5588-4fc8-adf9-63baa1e0d895",
          "subnet_2": "7093196c-b37c-4675-aad7-b477992332dd",
          "subnet_3": "b360a8b0-bb69-4600-a40f-b4f422aa3c5e",
          "subnet_4": "ffcc9a2d-85f5-4abd-93c9-c70a2e49de75",
          "subnet_5": "75e00014-c76d-4dcd-ab81-55eb4aa794ef",
          "subnet_6": "60a1c082-2fbd-4bd3-9a4a-c78dbc89020e",
          "subnet_7": "f9c1a29c-7c2b-4bfa-8111-4d34b2b1e5ca",
          "subnet_8": "3897da3f-5854-495f-ac8c-5673b9cd574e",
          "subnet_9": "1925b355-d8bb-49bf-b26e-673858303f27"
        }
      },
      "type": [
        "object",
        {
          "networks": [
            "object",
            {
              "network_1": "string",
              "network_2": "string",
              "network_3": "string"
            }
          ],
          "ports": [
            "object",
            {
              "vm10_port": [
                "object",
                {
                  "fixed_ips": [
                    "list",
                    "string"
                  ],
                  "id": "string",
                  "mac": "string",
                  "name": "string",
                  "network_id": "string"
                }
              ],
              "vm11_port": [
                "object",
                {
                  "fixed_ips": [
                    "list",
                    "string"
                  ],
                  "id": "string",
                  "mac": "string",
                  "name": "string",
                  "network_id": "string"
                }
              ],
              "vm11_port_subnet2": [
                "object",
                {
                  "fixed_ips": [
                    "list",
                    "string"
                  ],
                  "id": "string",
                  "mac": "string",
                  "name": "string",
                  "network_id": "string"
                }
              ],
              "vm12_port": [
                "object",
                {
                  "fixed_ips": [
                    "list",
                    "string"
                  ],
                  "id": "string",
                  "mac": "string",
                  "name": "string",
                  "network_id": "string"
                }
              ],
              "vm12_port_subnet2": [
                "object",
                {
                  "fixed_ips": [
                    "list",
                    "string"
                  ],
                  "id": "string",
                  "mac": "string",
                  "name": "string",
                  "network_id": "string"
                }
              ],
              "vm13_port": [
                "object",
                {
                  "fixed_ips": [
                    "list",
                    "string"
                  ],
                  "id": "string",
                  "mac": "string",
                  "name": "string",
                  "network_id": "string"
                }
              ],
              "vm1_port": [
                "object",
                {
                  "fixed_ips": [
                    "list",
                    "string"
                  ],
                  "id": "string",
                  "mac": "string",
                  "name": "string",
                  "network_id": "string"
                }
              ],
              "vm1_port_subnet2": [
                "object",
                {
                  "fixed_ips": [
                    "list",
                    "string"
                  ],
                  "id": "string",
                  "mac": "string",
                  "name": "string",
                  "network_id": "string"
                }
              ],
              "vm2_port": [
                "object",
                {
                  "fixed_ips": [
                    "list",
                    "string"
                  ],
                  "id": "string",
                  "mac": "string",
                  "name": "string",
                  "network_id": "string"
                }
              ],
              "vm2_port_subnet2": [
                "object",
                {
                  "fixed_ips": [
                    "list",
                    "string"
                  ],
                  "id": "string",
                  "mac": "string",
                  "name": "string",
                  "network_id": "string"
                }
              ],
              "vm3_port": [
                "object",
                {
                  "fixed_ips": [
                    "list",
                    "string"
                  ],
                  "id": "string",
                  "mac": "string",
                  "name": "string",
                  "network_id": "string"
                }
              ],
              "vm4_port": [
                "object",
                {
                  "fixed_ips": [
                    "list",
                    "string"
                  ],
                  "id": "string",
                  "mac": "string",
                  "name": "string",
                  "network_id": "string"
                }
              ],
              "vm5_port": [
                "object",
                {
                  "fixed_ips": [
                    "list",
                    "string"
                  ],
                  "id": "string",
                  "mac": "string",
                  "name": "string",
                  "network_id": "string"
                }
              ],
              "vm6_port": [
                "object",
                {
                  "fixed_ips": [
                    "list",
                    "string"
                  ],
                  "id": "string",
                  "mac": "string",
                  "name": "string",
                  "network_id": "string"
                }
              ],
              "vm7_port": [
                "object",
                {
                  "fixed_ips": [
                    "list",
                    "string"
                  ],
                  "id": "string",
                  "mac": "string",
                  "name": "string",
                  "network_id": "string"
                }
              ],
              "vm8_port": [
                "object",
                {
                  "fixed_ips": [
                    "list",
                    "string"
                  ],
                  "id": "string",
                  "mac": "string",
                  "name": "string",
                  "network_id": "string"
                }
              ],
              "vm9_port": [
                "object",
                {
                  "fixed_ips": [
                    "list",
                    "string"
                  ],
                  "id": "string",
                  "mac": "string",
                  "name": "string",
                  "network_id": "string"
                }
              ]
            }
          ],
          "routers": [
            "object",
            {
              "main_router": "string",
              "router_new": "string",
              "terra_router": "string"
            }
          ],
          "subnets": [
            "object",
            {
              "subnet_1": "string",
              "subnet_2": "string",
              "subnet_3": "string",
              "subnet_4": "string",
              "subnet_5": "string",
              "subnet_6": "string",
              "subnet_7": "string",
              "subnet_8": "string",
              "subnet_9": "string"
            }
          ]
        }
      ]
    },
    "test_vm_details": {
      "value": {
        "vm1": {
          "boot_volume_id": null,
          "data_volume_count": 1,
          "data_volumes": [
            {
              "device": "/dev/vdb",
              "id": "9328843b-0463-442c-bc96-73a7babe8eb7",
              "name": "web-server-subnet1-data-vm1-data-0",
              "size": 30
            }
          ],
          "fip": "172.20.1.72",
          "flavor": "m1.medium",
          "id": "ca4cd5d5-ef27-41dc-a014-cb51c77dffa6",
          "name": "web-server-subnet1",
          "power_state": "active",
          "private_ip": "10.10.1.36"
        },
        "vm12": {
          "boot_volume_id": null,
          "data_volume_count": 1,
          "data_volumes": [
            {
              "device": "/dev/vdb",
              "id": "f92cbdbf-395a-49d7-aac6-a96f54ec71a5",
              "name": "test-data-vm12-data-0",
              "size": 50
            }
          ],
          "fip": "172.20.1.56",
          "flavor": "m1.large",
          "id": "d03fa73c-27b1-4b1c-a7ef-5dabe9dcd337",
          "name": "test",
          "power_state": "active",
          "private_ip": "10.20.3.243"
        },
        "vm13": {
          "boot_volume_id": null,
          "data_volume_count": 1,
          "data_volumes": [
            {
              "device": "/dev/vdb",
              "id": "33895fb3-5098-433a-a63d-232e16d3762c",
              "name": "net-3-data-vm13-data-0",
              "size": 50
            }
          ],
          "fip": "172.20.1.73",
          "flavor": "m1.large",
          "id": "91dea492-1680-40c9-9e39-88fb5407b15d",
          "name": "net-3",
          "power_state": "active",
          "private_ip": "10.30.3.171"
        },
        "vm2": {
          "boot_volume_id": null,
          "data_volume_count": 1,
          "data_volumes": [
            {
              "device": "/dev/vdb",
              "id": "70072cff-5668-4013-86a2-aced9ec0e886",
              "name": "subnet2-3-data-vm2-data-0",
              "size": 30
            }
          ],
          "fip": "172.20.1.68",
          "flavor": "m1.medium",
          "id": "2a09614e-1712-4b27-8552-8de6fdcdfd9c",
          "name": "subnet2-3",
          "power_state": "active",
          "private_ip": "10.10.2.50"
        },
        "vm3": {
          "boot_volume_id": null,
          "data_volume_count": 1,
          "data_volumes": [
            {
              "device": "/dev/vdb",
              "id": "9a59ed0e-3a73-4b2e-bacb-564fca6e0450",
              "name": "subnet3-data-vm3-data-0",
              "size": 100
            }
          ],
          "fip": null,
          "flavor": "m1.large",
          "id": "5f2e6c04-0d00-40bd-9f25-59012b61cd2d",
          "name": "subnet3",
          "power_state": "active",
          "private_ip": "10.10.3.69"
        },
        "vm4": {
          "boot_volume_id": null,
          "data_volume_count": 1,
          "data_volumes": [
            {
              "device": "/dev/vdb",
              "id": "01f55c1d-3163-45a0-9bbb-ef82971f0fe9",
              "name": "subnet4-data-vm4-data-0",
              "size": 50
            }
          ],
          "fip": null,
          "flavor": "m1.small",
          "id": "f6853511-0535-4fdd-bfd1-b616bf5a1179",
          "name": "subnet4",
          "power_state": "active",
          "private_ip": "10.10.4.100"
        },
        "vm5": {
          "boot_volume_id": null,
          "data_volume_count": 1,
          "data_volumes": [
            {
              "device": "/dev/vdb",
              "id": "443c71de-50b7-4f3a-bb75-2377ec124dc7",
              "name": "subnet5-data-vm5-data-0",
              "size": 40
            }
          ],
          "fip": "172.20.1.179",
          "flavor": "m1.medium",
          "id": "c233bd2d-5ead-4e93-b89e-b1b4fd9575a5",
          "name": "subnet5",
          "power_state": "active",
          "private_ip": "10.10.5.98"
        },
        "vm6": {
          "boot_volume_id": null,
          "data_volume_count": 1,
          "data_volumes": [
            {
              "device": "/dev/vdb",
              "id": "9bfc5e5e-6ef1-4c0a-8768-9f5488ee91c3",
              "name": "subnet-22-data-vm6-data-0",
              "size": 40
            }
          ],
          "fip": "172.20.1.196",
          "flavor": "m1.medium",
          "id": "1342d764-d393-468f-b9a3-ed2c790395e1",
          "name": "subnet-22",
          "power_state": "active",
          "private_ip": "10.10.2.242"
        },
        "vm7": {
          "boot_volume_id": "5e5bcb0b-df4d-442c-b4f7-e8d1740d412a",
          "data_volume_count": 1,
          "data_volumes": [
            {
              "device": "/dev/vdb",
              "id": "c88b9c93-9316-4e52-b814-3bc79a040310",
              "name": "boot-vol-data-vm7-data-0",
              "size": 30
            }
          ],
          "fip": "172.20.1.198",
          "flavor": "m1.medium",
          "id": "57faaec7-0db9-4d19-bb21-d807d2d112f4",
          "name": "boot-vol",
          "power_state": "active",
          "private_ip": "10.10.3.238"
        },
        "vm8": {
          "boot_volume_id": null,
          "data_volume_count": 1,
          "data_volumes": [
            {
              "device": "/dev/vdb",
              "id": "a68cd583-911e-4c71-8dc2-11e86d751381",
              "name": "net3-data-vm8-data-0",
              "size": 50
            }
          ],
          "fip": null,
          "flavor": "m1.medium",
          "id": "abcd4840-524e-48c1-8b91-77e120cfeb20",
          "name": "net3",
          "power_state": "active",
          "private_ip": "10.20.1.50"
        }
      },
      "type": [
        "object",
        {
          "vm1": [
            "object",
            {
              "boot_volume_id": "dynamic",
              "data_volume_count": "number",
              "data_volumes": [
                "tuple",
                [
                  [
                    "object",
                    {
                      "device": "string",
                      "id": "string",
                      "name": "string",
                      "size": "number"
                    }
                  ]
                ]
              ],
              "fip": "string",
              "flavor": "string",
              "id": "string",
              "name": "string",
              "power_state": "string",
              "private_ip": "string"
            }
          ],
          "vm12": [
            "object",
            {
              "boot_volume_id": "dynamic",
              "data_volume_count": "number",
              "data_volumes": [
                "tuple",
                [
                  [
                    "object",
                    {
                      "device": "string",
                      "id": "string",
                      "name": "string",
                      "size": "number"
                    }
                  ]
                ]
              ],
              "fip": "string",
              "flavor": "string",
              "id": "string",
              "name": "string",
              "power_state": "string",
              "private_ip": "string"
            }
          ],
          "vm13": [
            "object",
            {
              "boot_volume_id": "dynamic",
              "data_volume_count": "number",
              "data_volumes": [
                "tuple",
                [
                  [
                    "object",
                    {
                      "device": "string",
                      "id": "string",
                      "name": "string",
                      "size": "number"
                    }
                  ]
                ]
              ],
              "fip": "string",
              "flavor": "string",
              "id": "string",
              "name": "string",
              "power_state": "string",
              "private_ip": "string"
            }
          ],
          "vm2": [
            "object",
            {
              "boot_volume_id": "dynamic",
              "data_volume_count": "number",
              "data_volumes": [
                "tuple",
                [
                  [
                    "object",
                    {
                      "device": "string",
                      "id": "string",
                      "name": "string",
                      "size": "number"
                    }
                  ]
                ]
              ],
              "fip": "string",
              "flavor": "string",
              "id": "string",
              "name": "string",
              "power_state": "string",
              "private_ip": "string"
            }
          ],
          "vm3": [
            "object",
            {
              "boot_volume_id": "dynamic",
              "data_volume_count": "number",
              "data_volumes": [
                "tuple",
                [
                  [
                    "object",
                    {
                      "device": "string",
                      "id": "string",
                      "name": "string",
                      "size": "number"
                    }
                  ]
                ]
              ],
              "fip": "dynamic",
              "flavor": "string",
              "id": "string",
              "name": "string",
              "power_state": "string",
              "private_ip": "string"
            }
          ],
          "vm4": [
            "object",
            {
              "boot_volume_id": "dynamic",
              "data_volume_count": "number",
              "data_volumes": [
                "tuple",
                [
                  [
                    "object",
                    {
                      "device": "string",
                      "id": "string",
                      "name": "string",
                      "size": "number"
                    }
                  ]
                ]
              ],
              "fip": "dynamic",
              "flavor": "string",
              "id": "string",
              "name": "string",
              "power_state": "string",
              "private_ip": "string"
            }
          ],
          "vm5": [
            "object",
            {
              "boot_volume_id": "dynamic",
              "data_volume_count": "number",
              "data_volumes": [
                "tuple",
                [
                  [
                    "object",
                    {
                      "device": "string",
                      "id": "string",
                      "name": "string",
                      "size": "number"
                    }
                  ]
                ]
              ],
              "fip": "string",
              "flavor": "string",
              "id": "string",
              "name": "string",
              "power_state": "string",
              "private_ip": "string"
            }
          ],
          "vm6": [
            "object",
            {
              "boot_volume_id": "dynamic",
              "data_volume_count": "number",
              "data_volumes": [
                "tuple",
                [
                  [
                    "object",
                    {
                      "device": "string",
                      "id": "string",
                      "name": "string",
                      "size": "number"
                    }
                  ]
                ]
              ],
              "fip": "string",
              "flavor": "string",
              "id": "string",
              "name": "string",
              "power_state": "string",
              "private_ip": "string"
            }
          ],
          "vm7": [
            "object",
            {
              "boot_volume_id": "string",
              "data_volume_count": "number",
              "data_volumes": [
                "tuple",
                [
                  [
                    "object",
                    {
                      "device": "string",
                      "id": "string",
                      "name": "string",
                      "size": "number"
                    }
                  ]
                ]
              ],
              "fip": "string",
              "flavor": "string",
              "id": "string",
              "name": "string",
              "power_state": "string",
              "private_ip": "string"
            }
          ],
          "vm8": [
            "object",
            {
              "boot_volume_id": "dynamic",
              "data_volume_count": "number",
              "data_volumes": [
                "tuple",
                [
                  [
                    "object",
                    {
                      "device": "string",
                      "id": "string",
                      "name": "string",
                      "size": "number"
                    }
                  ]
                ]
              ],
              "fip": "dynamic",
              "flavor": "string",
              "id": "string",
              "name": "string",
              "power_state": "string",
              "private_ip": "string"
            }
          ]
        }
      ]
    },
    "test_vm_fips": {
      "value": {
        "vm1": "172.20.1.72",
        "vm12": "172.20.1.56",
        "vm13": "172.20.1.73",
        "vm2": "172.20.1.68",
        "vm5": "172.20.1.179",
        "vm6": "172.20.1.196",
        "vm7": "172.20.1.198"
      },
      "type": [
        "object",
        {
          "vm1": "string",
          "vm12": "string",
          "vm13": "string",
          "vm2": "string",
          "vm5": "string",
          "vm6": "string",
          "vm7": "string"
        }
      ]
    },
    "test_vm_storage_summary": {
      "value": {
        "vm1": {
          "boot_method": "image",
          "boot_volume_size": "N/A (image boot)",
          "data_volumes_count": 1,
          "data_volumes_total_size": 30,
          "total_storage": 30,
          "vm_name": "web-server-subnet1"
        },
        "vm12": {
          "boot_method": "image",
          "boot_volume_size": "N/A (image boot)",
          "data_volumes_count": 1,
          "data_volumes_total_size": 50,
          "total_storage": 50,
          "vm_name": "test"
        },
        "vm13": {
          "boot_method": "image",
          "boot_volume_size": "N/A (image boot)",
          "data_volumes_count": 1,
          "data_volumes_total_size": 50,
          "total_storage": 50,
          "vm_name": "net-3"
        },
        "vm2": {
          "boot_method": "image",
          "boot_volume_size": "N/A (image boot)",
          "data_volumes_count": 1,
          "data_volumes_total_size": 30,
          "total_storage": 30,
          "vm_name": "subnet2-3"
        },
        "vm3": {
          "boot_method": "image",
          "boot_volume_size": "N/A (image boot)",
          "data_volumes_count": 1,
          "data_volumes_total_size": 100,
          "total_storage": 100,
          "vm_name": "subnet3"
        },
        "vm4": {
          "boot_method": "image",
          "boot_volume_size": "N/A (image boot)",
          "data_volumes_count": 1,
          "data_volumes_total_size": 50,
          "total_storage": 50,
          "vm_name": "subnet4"
        },
        "vm5": {
          "boot_method": "image",
          "boot_volume_size": "N/A (image boot)",
          "data_volumes_count": 1,
          "data_volumes_total_size": 40,
          "total_storage": 40,
          "vm_name": "subnet5"
        },
        "vm6": {
          "boot_method": "image",
          "boot_volume_size": "N/A (image boot)",
          "data_volumes_count": 1,
          "data_volumes_total_size": 40,
          "total_storage": 40,
          "vm_name": "subnet-22"
        },
        "vm7": {
          "boot_method": "snapshot/clone",
          "boot_volume_size": 30,
          "data_volumes_count": 1,
          "data_volumes_total_size": 30,
          "total_storage": 60,
          "vm_name": "boot-vol"
        },
        "vm8": {
          "boot_method": "image",
          "boot_volume_size": "N/A (image boot)",
          "data_volumes_count": 1,
          "data_volumes_total_size": 50,
          "total_storage": 50,
          "vm_name": "net3"
        }
      },
      "type": [
        "object",
        {
          "vm1": [
            "object",
            {
              "boot_method": "string",
              "boot_volume_size": "string",
              "data_volumes_count": "number",
              "data_volumes_total_size": "number",
              "total_storage": "number",
              "vm_name": "string"
            }
          ],
          "vm12": [
            "object",
            {
              "boot_method": "string",
              "boot_volume_size": "string",
              "data_volumes_count": "number",
              "data_volumes_total_size": "number",
              "total_storage": "number",
              "vm_name": "string"
            }
          ],
          "vm13": [
            "object",
            {
              "boot_method": "string",
              "boot_volume_size": "string",
              "data_volumes_count": "number",
              "data_volumes_total_size": "number",
              "total_storage": "number",
              "vm_name": "string"
            }
          ],
          "vm2": [
            "object",
            {
              "boot_method": "string",
              "boot_volume_size": "string",
              "data_volumes_count": "number",
              "data_volumes_total_size": "number",
              "total_storage": "number",
              "vm_name": "string"
            }
          ],
          "vm3": [
            "object",
            {
              "boot_method": "string",
              "boot_volume_size": "string",
              "data_volumes_count": "number",
              "data_volumes_total_size": "number",
              "total_storage": "number",
              "vm_name": "string"
            }
          ],
          "vm4": [
            "object",
            {
              "boot_method": "string",
              "boot_volume_size": "string",
              "data_volumes_count": "number",
              "data_volumes_total_size": "number",
              "total_storage": "number",
              "vm_name": "string"
            }
          ],
          "vm5": [
            "object",
            {
              "boot_method": "string",
              "boot_volume_size": "string",
              "data_volumes_count": "number",
              "data_volumes_total_size": "number",
              "total_storage": "number",
              "vm_name": "string"
            }
          ],
          "vm6": [
            "object",
            {
              "boot_method": "string",
              "boot_volume_size": "string",
              "data_volumes_count": "number",
              "data_volumes_total_size": "number",
              "total_storage": "number",
              "vm_name": "string"
            }
          ],
          "vm7": [
            "object",
            {
              "boot_method": "string",
              "boot_volume_size": "number",
              "data_volumes_count": "number",
              "data_volumes_total_size": "number",
              "total_storage": "number",
              "vm_name": "string"
            }
          ],
          "vm8": [
            "object",
            {
              "boot_method": "string",
              "boot_volume_size": "string",
              "data_volumes_count": "number",
              "data_volumes_total_size": "number",
              "total_storage": "number",
              "vm_name": "string"
            }
          ]
        }
      ]
    }
  },
  "resources": [
    {
      "mode": "managed",
      "type": "null_resource",
      "name": "save_outputs",
      "provider": "provider[\"registry.terraform.io/hashicorp/null\"]",
      "instances": [
        {
          "schema_version": 0,
          "attributes": {
            "id": "4263648610731826213",
            "triggers": {
              "always_run": "2025-12-22T12:13:11Z",
              "vm_fips": "{\"vm1\":\"172.20.1.72\",\"vm12\":\"172.20.1.56\",\"vm13\":\"172.20.1.73\",\"vm2\":\"172.20.1.68\",\"vm5\":\"172.20.1.179\",\"vm6\":\"172.20.1.196\",\"vm7\":\"172.20.1.198\"}"
            }
          },
          "sensitive_attributes": [],
          "identity_schema_version": 0,
          "dependencies": [
            "module.network.data.openstack_networking_network_v2.external",
            "module.network.data.openstack_networking_router_v2.existing",
            "module.network.openstack_networking_network_v2.networks",
            "module.network.openstack_networking_port_v2.ports",
            "module.network.openstack_networking_router_interface_v2.router_interfaces",
            "module.network.openstack_networking_router_v2.routers",
            "module.network.openstack_networking_subnet_v2.subnets",
            "module.vms.data.openstack_networking_network_v2.existing",
            "module.vms.data.openstack_networking_network_v2.external",
            "module.vms.openstack_blockstorage_volume_v3.boot_volumes",
            "module.vms.openstack_blockstorage_volume_v3.data_volumes",
            "module.vms.openstack_compute_floatingip_associate_v2.fip_assoc",
            "module.vms.openstack_compute_instance_v2.vms",
            "module.vms.openstack_compute_interface_attach_v2.secondary_ports",
            "module.vms.openstack_compute_volume_attach_v2.attach_data",
            "module.vms.openstack_networking_floatingip_v2.fips"
          ]
        }
      ]
    },
    {
      "module": "module.network",
      "mode": "data",
      "type": "openstack_networking_network_v2",
      "name": "external",
      "provider": "provider[\"registry.terraform.io/terraform-provider-openstack/openstack\"]",
      "instances": [
        {
          "schema_version": 0,
          "attributes": {
            "admin_state_up": "true",
            "all_tags": [],
            "availability_zone_hints": [],
            "description": "",
            "dns_domain": "",
            "external": true,
            "id": "7181cf6d-3e20-4fac-a7d1-7064e5fbb3a6",
            "matching_subnet_cidr": null,
            "mtu": 1500,
            "name": "public1",
            "network_id": null,
            "region": "RegionOne",
            "segments": [],
            "shared": "true",
            "status": null,
            "subnets": [
              "99d6340b-f730-4086-910d-e39faff556fa"
            ],
            "tags": null,
            "tenant_id": "15b9c9b9c8fe4dae9789ca3ffea6aaac",
            "transparent_vlan": false
          },
          "sensitive_attributes": [],
          "identity_schema_version": 0
        }
      ]
    },
    {
      "module": "module.network",
      "mode": "data",
      "type": "openstack_networking_router_v2",
      "name": "existing",
      "provider": "provider[\"registry.terraform.io/terraform-provider-openstack/openstack\"]",
      "instances": [
        {
          "index_key": "terra_router",
          "schema_version": 0,
          "attributes": {
            "admin_state_up": true,
            "all_tags": [],
            "availability_zone_hints": [],
            "description": "",
            "distributed": false,
            "enable_snat": true,
            "external_fixed_ip": [
              {
                "ip_address": "172.20.1.156",
                "subnet_id": "99d6340b-f730-4086-910d-e39faff556fa"
              }
            ],
            "external_network_id": "7181cf6d-3e20-4fac-a7d1-7064e5fbb3a6",
            "id": "4648a3f1-f095-4902-82fc-549f926d35aa",
            "name": "testing",
            "region": "RegionOne",
            "router_id": null,
            "status": "ACTIVE",
            "tags": null,
            "tenant_id": "fc70748921aa4265ad13c5d6f42d2574"
          },
          "sensitive_attributes": [],
          "identity_schema_version": 0
        }
      ]
    },
    {
      "module": "module.network",
      "mode": "managed",
      "type": "openstack_networking_network_v2",
      "name": "networks",
      "provider": "provider[\"registry.terraform.io/terraform-provider-openstack/openstack\"]",
      "instances": [
        {
          "index_key": "network_1",
          "schema_version": 0,
          "attributes": {
            "admin_state_up": true,
            "all_tags": [],
            "availability_zone_hints": [],
            "description": "Main network with multiple subnets",
            "dns_domain": "",
            "external": false,
            "id": "9b6cb413-fe91-4786-8b10-10cc756e0eec",
            "mtu": 1450,
            "name": "network-1",
            "port_security_enabled": true,
            "qos_policy_id": "",
            "region": "RegionOne",
            "segments": [],
            "shared": false,
            "tags": [],
            "tenant_id": "fc70748921aa4265ad13c5d6f42d2574",
            "timeouts": null,
            "transparent_vlan": false,
            "value_specs": null
          },
          "sensitive_attributes": [],
          "identity_schema_version": 0,
          "private": "eyJlMmJmYjczMC1lY2FhLTExZTYtOGY4OC0zNDM2M2JjN2M0YzAiOnsiY3JlYXRlIjo2MDAwMDAwMDAwMDAsImRlbGV0ZSI6NjAwMDAwMDAwMDAwfX0=",
          "create_before_destroy": true
        },
        {
          "index_key": "network_2",
          "schema_version": 0,
          "attributes": {
            "admin_state_up": true,
            "all_tags": [],
            "availability_zone_hints": [],
            "description": "Backend / DB / Restricted network",
            "dns_domain": "",
            "external": false,
            "id": "6785b3ec-ad58-4745-a911-1e26d8e22a14",
            "mtu": 1450,
            "name": "network-2",
            "port_security_enabled": true,
            "qos_policy_id": "",
            "region": "RegionOne",
            "segments": [],
            "shared": false,
            "tags": [],
            "tenant_id": "fc70748921aa4265ad13c5d6f42d2574",
            "timeouts": null,
            "transparent_vlan": false,
            "value_specs": null
          },
          "sensitive_attributes": [],
          "identity_schema_version": 0,
          "private": "eyJlMmJmYjczMC1lY2FhLTExZTYtOGY4OC0zNDM2M2JjN2M0YzAiOnsiY3JlYXRlIjo2MDAwMDAwMDAwMDAsImRlbGV0ZSI6NjAwMDAwMDAwMDAwfX0=",
          "create_before_destroy": true
        },
        {
          "index_key": "network_3",
          "schema_version": 0,
          "attributes": {
            "admin_state_up": true,
            "all_tags": [],
            "availability_zone_hints": [],
            "description": "test",
            "dns_domain": "",
            "external": false,
            "id": "bf3e9fb0-de21-4d82-b1c9-265eb9d78a40",
            "mtu": 1450,
            "name": "network-3",
            "port_security_enabled": true,
            "qos_policy_id": "",
            "region": "RegionOne",
            "segments": [],
            "shared": false,
            "tags": null,
            "tenant_id": "fc70748921aa4265ad13c5d6f42d2574",
            "timeouts": null,
            "transparent_vlan": false,
            "value_specs": null
          },
          "sensitive_attributes": [],
          "identity_schema_version": 0,
          "private": "eyJlMmJmYjczMC1lY2FhLTExZTYtOGY4OC0zNDM2M2JjN2M0YzAiOnsiY3JlYXRlIjo2MDAwMDAwMDAwMDAsImRlbGV0ZSI6NjAwMDAwMDAwMDAwfX0=",
          "create_before_destroy": true
        }
      ]
    },
    {
      "module": "module.network",
      "mode": "managed",
      "type": "openstack_networking_port_v2",
      "name": "ports",
      "provider": "provider[\"registry.terraform.io/terraform-provider-openstack/openstack\"]",
      "instances": [
        {
          "index_key": "vm10_port",
          "schema_version": 0,
          "attributes": {
            "admin_state_up": true,
            "all_fixed_ips": [
              "10.20.3.175"
            ],
            "all_security_group_ids": [
              "135ef41d-16ac-4843-90ba-f9a4669e230e"
            ],
            "all_tags": [],
            "allowed_address_pairs": [],
            "binding": [
              {
                "host_id": "",
                "profile": "",
                "vif_details": {},
                "vif_type": "",
                "vnic_type": "normal"
              }
            ],
            "description": "",
            "device_id": "",
            "device_owner": "",
            "dns_assignment": [],
            "dns_name": "",
            "extra_dhcp_option": [],
            "fixed_ip": [
              {
                "ip_address": "",
                "subnet_id": "3897da3f-5854-495f-ac8c-5673b9cd574e"
              }
            ],
            "id": "dd58080b-6f75-4960-96f7-ae37e1055eaa",
            "mac_address": "fa:16:3e:2e:7f:71",
            "name": "vm10-port",
            "network_id": "6785b3ec-ad58-4745-a911-1e26d8e22a14",
            "no_fixed_ip": null,
            "no_security_groups": null,
            "port_security_enabled": true,
            "qos_policy_id": "",
            "region": "RegionOne",
            "security_group_ids": null,
            "tags": [],
            "tenant_id": "fc70748921aa4265ad13c5d6f42d2574",
            "timeouts": null,
            "value_specs": null
          },
          "sensitive_attributes": [],
          "identity_schema_version": 0,
          "private": "eyJlMmJmYjczMC1lY2FhLTExZTYtOGY4OC0zNDM2M2JjN2M0YzAiOnsiY3JlYXRlIjo2MDAwMDAwMDAwMDAsImRlbGV0ZSI6NjAwMDAwMDAwMDAwfX0=",
          "dependencies": [
            "module.network.openstack_networking_network_v2.networks",
            "module.network.openstack_networking_subnet_v2.subnets"
          ],
          "create_before_destroy": true
        },
        {
          "index_key": "vm11_port",
          "schema_version": 0,
          "attributes": {
            "admin_state_up": true,
            "all_fixed_ips": [
              "10.10.1.196"
            ],
            "all_security_group_ids": [
              "135ef41d-16ac-4843-90ba-f9a4669e230e"
            ],
            "all_tags": [],
            "allowed_address_pairs": [],
            "binding": [
              {
                "host_id": "",
                "profile": "",
                "vif_details": {},
                "vif_type": "",
                "vnic_type": "normal"
              }
            ],
            "description": "",
            "device_id": "",
            "device_owner": "",
            "dns_assignment": [],
            "dns_name": "",
            "extra_dhcp_option": [],
            "fixed_ip": [
              {
                "ip_address": "",
                "subnet_id": "8cf3e200-5588-4fc8-adf9-63baa1e0d895"
              }
            ],
            "id": "4e6f5b43-09ec-4c35-a717-8586a416a78d",
            "mac_address": "fa:16:3e:76:61:16",
            "name": "vm11-port",
            "network_id": "9b6cb413-fe91-4786-8b10-10cc756e0eec",
            "no_fixed_ip": null,
            "no_security_groups": null,
            "port_security_enabled": true,
            "qos_policy_id": "",
            "region": "RegionOne",
            "security_group_ids": null,
            "tags": [],
            "tenant_id": "fc70748921aa4265ad13c5d6f42d2574",
            "timeouts": null,
            "value_specs": null
          },
          "sensitive_attributes": [],
          "identity_schema_version": 0,
          "private": "eyJlMmJmYjczMC1lY2FhLTExZTYtOGY4OC0zNDM2M2JjN2M0YzAiOnsiY3JlYXRlIjo2MDAwMDAwMDAwMDAsImRlbGV0ZSI6NjAwMDAwMDAwMDAwfX0=",
          "dependencies": [
            "module.network.openstack_networking_network_v2.networks",
            "module.network.openstack_networking_subnet_v2.subnets"
          ],
          "create_before_destroy": true
        },
        {
          "index_key": "vm11_port_subnet2",
          "schema_version": 0,
          "attributes": {
            "admin_state_up": true,
            "all_fixed_ips": [
              "10.10.2.220"
            ],
            "all_security_group_ids": [
              "135ef41d-16ac-4843-90ba-f9a4669e230e"
            ],
            "all_tags": [],
            "allowed_address_pairs": [],
            "binding": [
              {
                "host_id": "",
                "profile": "",
                "vif_details": {},
                "vif_type": "",
                "vnic_type": "normal"
              }
            ],
            "description": "",
            "device_id": "",
            "device_owner": "",
            "dns_assignment": [],
            "dns_name": "",
            "extra_dhcp_option": [],
            "fixed_ip": [
              {
                "ip_address": "",
                "subnet_id": "7093196c-b37c-4675-aad7-b477992332dd"
              }
            ],
            "id": "f0c07245-4563-40a7-b08d-53cf58bd7950",
            "mac_address": "fa:16:3e:bc:03:ee",
            "name": "vm11-subnet2-port",
            "network_id": "9b6cb413-fe91-4786-8b10-10cc756e0eec",
            "no_fixed_ip": null,
            "no_security_groups": null,
            "port_security_enabled": true,
            "qos_policy_id": "",
            "region": "RegionOne",
            "security_group_ids": null,
            "tags": [],
            "tenant_id": "fc70748921aa4265ad13c5d6f42d2574",
            "timeouts": null,
            "value_specs": null
          },
          "sensitive_attributes": [],
          "identity_schema_version": 0,
          "private": "eyJlMmJmYjczMC1lY2FhLTExZTYtOGY4OC0zNDM2M2JjN2M0YzAiOnsiY3JlYXRlIjo2MDAwMDAwMDAwMDAsImRlbGV0ZSI6NjAwMDAwMDAwMDAwfX0=",
          "dependencies": [
            "module.network.openstack_networking_network_v2.networks",
            "module.network.openstack_networking_subnet_v2.subnets"
          ],
          "create_before_destroy": true
        },
        {
          "index_key": "vm12_port",
          "schema_version": 0,
          "attributes": {
            "admin_state_up": true,
            "all_fixed_ips": [
              "10.20.3.243"
            ],
            "all_security_group_ids": [
              "135ef41d-16ac-4843-90ba-f9a4669e230e"
            ],
            "all_tags": [],
            "allowed_address_pairs": [],
            "binding": [
              {
                "host_id": "",
                "profile": "",
                "vif_details": {},
                "vif_type": "",
                "vnic_type": "normal"
              }
            ],
            "description": "",
            "device_id": "d03fa73c-27b1-4b1c-a7ef-5dabe9dcd337",
            "device_owner": "compute:nova",
            "dns_assignment": [],
            "dns_name": "",
            "extra_dhcp_option": [],
            "fixed_ip": [
              {
                "ip_address": "",
                "subnet_id": "3897da3f-5854-495f-ac8c-5673b9cd574e"
              }
            ],
            "id": "a2395afc-dfd9-43f0-9288-83b384ec93df",
            "mac_address": "fa:16:3e:c1:ac:10",
            "name": "vm12-port",
            "network_id": "6785b3ec-ad58-4745-a911-1e26d8e22a14",
            "no_fixed_ip": null,
            "no_security_groups": null,
            "port_security_enabled": true,
            "qos_policy_id": "",
            "region": "RegionOne",
            "security_group_ids": null,
            "tags": [],
            "tenant_id": "fc70748921aa4265ad13c5d6f42d2574",
            "timeouts": null,
            "value_specs": null
          },
          "sensitive_attributes": [],
          "identity_schema_version": 0,
          "private": "eyJlMmJmYjczMC1lY2FhLTExZTYtOGY4OC0zNDM2M2JjN2M0YzAiOnsiY3JlYXRlIjo2MDAwMDAwMDAwMDAsImRlbGV0ZSI6NjAwMDAwMDAwMDAwfX0=",
          "dependencies": [
            "module.network.openstack_networking_network_v2.networks",
            "module.network.openstack_networking_subnet_v2.subnets"
          ],
          "create_before_destroy": true
        },
        {
          "index_key": "vm12_port_subnet2",
          "schema_version": 0,
          "attributes": {
            "admin_state_up": true,
            "all_fixed_ips": [
              "10.10.4.18"
            ],
            "all_security_group_ids": [
              "135ef41d-16ac-4843-90ba-f9a4669e230e"
            ],
            "all_tags": [],
            "allowed_address_pairs": [],
            "binding": [
              {
                "host_id": "",
                "profile": "",
                "vif_details": {},
                "vif_type": "",
                "vnic_type": "normal"
              }
            ],
            "description": "",
            "device_id": "d03fa73c-27b1-4b1c-a7ef-5dabe9dcd337",
            "device_owner": "compute:nova",
            "dns_assignment": [],
            "dns_name": "",
            "extra_dhcp_option": [],
            "fixed_ip": [
              {
                "ip_address": "",
                "subnet_id": "ffcc9a2d-85f5-4abd-93c9-c70a2e49de75"
              }
            ],
            "id": "74435638-b31b-41bf-8f5c-7c8545bca79e",
            "mac_address": "fa:16:3e:5c:cd:8d",
            "name": "vm12-port-sub2",
            "network_id": "9b6cb413-fe91-4786-8b10-10cc756e0eec",
            "no_fixed_ip": null,
            "no_security_groups": null,
            "port_security_enabled": true,
            "qos_policy_id": "",
            "region": "RegionOne",
            "security_group_ids": null,
            "tags": [],
            "tenant_id": "fc70748921aa4265ad13c5d6f42d2574",
            "timeouts": null,
            "value_specs": null
          },
          "sensitive_attributes": [],
          "identity_schema_version": 0,
          "private": "eyJlMmJmYjczMC1lY2FhLTExZTYtOGY4OC0zNDM2M2JjN2M0YzAiOnsiY3JlYXRlIjo2MDAwMDAwMDAwMDAsImRlbGV0ZSI6NjAwMDAwMDAwMDAwfX0=",
          "dependencies": [
            "module.network.openstack_networking_network_v2.networks",
            "module.network.openstack_networking_subnet_v2.subnets"
          ],
          "create_before_destroy": true
        },
        {
          "index_key": "vm13_port",
          "schema_version": 0,
          "attributes": {
            "admin_state_up": true,
            "all_fixed_ips": [
              "10.30.3.171"
            ],
            "all_security_group_ids": [
              "135ef41d-16ac-4843-90ba-f9a4669e230e"
            ],
            "all_tags": [],
            "allowed_address_pairs": [],
            "binding": [
              {
                "host_id": "",
                "profile": "",
                "vif_details": {},
                "vif_type": "",
                "vnic_type": "normal"
              }
            ],
            "description": "",
            "device_id": "",
            "device_owner": "",
            "dns_assignment": [],
            "dns_name": "",
            "extra_dhcp_option": [],
            "fixed_ip": [
              {
                "ip_address": "",
                "subnet_id": "1925b355-d8bb-49bf-b26e-673858303f27"
              }
            ],
            "id": "9c1693ba-3cd6-4590-b656-bc059675825c",
            "mac_address": "fa:16:3e:31:7e:ec",
            "name": "vm13-port",
            "network_id": "bf3e9fb0-de21-4d82-b1c9-265eb9d78a40",
            "no_fixed_ip": null,
            "no_security_groups": null,
            "port_security_enabled": true,
            "qos_policy_id": "",
            "region": "RegionOne",
            "security_group_ids": null,
            "tags": null,
            "tenant_id": "fc70748921aa4265ad13c5d6f42d2574",
            "timeouts": null,
            "value_specs": null
          },
          "sensitive_attributes": [],
          "identity_schema_version": 0,
          "private": "eyJlMmJmYjczMC1lY2FhLTExZTYtOGY4OC0zNDM2M2JjN2M0YzAiOnsiY3JlYXRlIjo2MDAwMDAwMDAwMDAsImRlbGV0ZSI6NjAwMDAwMDAwMDAwfX0=",
          "dependencies": [
            "module.network.openstack_networking_network_v2.networks",
            "module.network.openstack_networking_subnet_v2.subnets"
          ],
          "create_before_destroy": true
        },
        {
          "index_key": "vm1_port",
          "schema_version": 0,
          "attributes": {
            "admin_state_up": true,
            "all_fixed_ips": [
              "10.10.1.36"
            ],
            "all_security_group_ids": [
              "135ef41d-16ac-4843-90ba-f9a4669e230e",
              "71f8599e-3a90-4082-850f-b2fcde744cad"
            ],
            "all_tags": [],
            "allowed_address_pairs": [],
            "binding": [
              {
                "host_id": "",
                "profile": "",
                "vif_details": {},
                "vif_type": "",
                "vnic_type": "normal"
              }
            ],
            "description": "",
            "device_id": "ca4cd5d5-ef27-41dc-a014-cb51c77dffa6",
            "device_owner": "compute:nova",
            "dns_assignment": [],
            "dns_name": "",
            "extra_dhcp_option": [],
            "fixed_ip": [
              {
                "ip_address": "",
                "subnet_id": "8cf3e200-5588-4fc8-adf9-63baa1e0d895"
              }
            ],
            "id": "81f43e87-129d-4fc6-9ebb-7237c6e48c17",
            "mac_address": "fa:16:3e:8a:a0:f6",
            "name": "vm1-port",
            "network_id": "9b6cb413-fe91-4786-8b10-10cc756e0eec",
            "no_fixed_ip": null,
            "no_security_groups": null,
            "port_security_enabled": true,
            "qos_policy_id": "",
            "region": "RegionOne",
            "security_group_ids": null,
            "tags": [],
            "tenant_id": "fc70748921aa4265ad13c5d6f42d2574",
            "timeouts": null,
            "value_specs": null
          },
          "sensitive_attributes": [],
          "identity_schema_version": 0,
          "private": "eyJlMmJmYjczMC1lY2FhLTExZTYtOGY4OC0zNDM2M2JjN2M0YzAiOnsiY3JlYXRlIjo2MDAwMDAwMDAwMDAsImRlbGV0ZSI6NjAwMDAwMDAwMDAwfX0=",
          "dependencies": [
            "module.network.openstack_networking_network_v2.networks",
            "module.network.openstack_networking_subnet_v2.subnets"
          ],
          "create_before_destroy": true
        },
        {
          "index_key": "vm1_port_subnet2",
          "schema_version": 0,
          "attributes": {
            "admin_state_up": true,
            "all_fixed_ips": [
              "10.10.2.136"
            ],
            "all_security_group_ids": [
              "135ef41d-16ac-4843-90ba-f9a4669e230e",
              "71f8599e-3a90-4082-850f-b2fcde744cad"
            ],
            "all_tags": [],
            "allowed_address_pairs": [],
            "binding": [
              {
                "host_id": "",
                "profile": "",
                "vif_details": {},
                "vif_type": "",
                "vnic_type": "normal"
              }
            ],
            "description": "",
            "device_id": "ca4cd5d5-ef27-41dc-a014-cb51c77dffa6",
            "device_owner": "compute:nova",
            "dns_assignment": [],
            "dns_name": "",
            "extra_dhcp_option": [],
            "fixed_ip": [
              {
                "ip_address": "",
                "subnet_id": "7093196c-b37c-4675-aad7-b477992332dd"
              }
            ],
            "id": "f14b152d-e17e-4e24-9bd2-5930c7c63e31",
            "mac_address": "fa:16:3e:a2:31:d7",
            "name": "vm1-subnet2-port",
            "network_id": "9b6cb413-fe91-4786-8b10-10cc756e0eec",
            "no_fixed_ip": null,
            "no_security_groups": null,
            "port_security_enabled": true,
            "qos_policy_id": "",
            "region": "RegionOne",
            "security_group_ids": null,
            "tags": [],
            "tenant_id": "fc70748921aa4265ad13c5d6f42d2574",
            "timeouts": null,
            "value_specs": null
          },
          "sensitive_attributes": [],
          "identity_schema_version": 0,
          "private": "eyJlMmJmYjczMC1lY2FhLTExZTYtOGY4OC0zNDM2M2JjN2M0YzAiOnsiY3JlYXRlIjo2MDAwMDAwMDAwMDAsImRlbGV0ZSI6NjAwMDAwMDAwMDAwfX0=",
          "dependencies": [
            "module.network.openstack_networking_network_v2.networks",
            "module.network.openstack_networking_subnet_v2.subnets"
          ],
          "create_before_destroy": true
        },
        {
          "index_key": "vm2_port",
          "schema_version": 0,
          "attributes": {
            "admin_state_up": true,
            "all_fixed_ips": [
              "10.10.2.50"
            ],
            "all_security_group_ids": [
              "135ef41d-16ac-4843-90ba-f9a4669e230e"
            ],
            "all_tags": [],
            "allowed_address_pairs": [],
            "binding": [
              {
                "host_id": "",
                "profile": "",
                "vif_details": {},
                "vif_type": "",
                "vnic_type": "normal"
              }
            ],
            "description": "",
            "device_id": "2a09614e-1712-4b27-8552-8de6fdcdfd9c",
            "device_owner": "compute:nova",
            "dns_assignment": [],
            "dns_name": "",
            "extra_dhcp_option": [],
            "fixed_ip": [
              {
                "ip_address": "10.10.2.50",
                "subnet_id": "7093196c-b37c-4675-aad7-b477992332dd"
              }
            ],
            "id": "fff46abb-6165-438c-a2a2-511730b6b77d",
            "mac_address": "fa:16:3e:01:b3:f5",
            "name": "vm2-port",
            "network_id": "9b6cb413-fe91-4786-8b10-10cc756e0eec",
            "no_fixed_ip": null,
            "no_security_groups": null,
            "port_security_enabled": true,
            "qos_policy_id": "",
            "region": "RegionOne",
            "security_group_ids": null,
            "tags": [],
            "tenant_id": "fc70748921aa4265ad13c5d6f42d2574",
            "timeouts": null,
            "value_specs": null
          },
          "sensitive_attributes": [],
          "identity_schema_version": 0,
          "private": "eyJlMmJmYjczMC1lY2FhLTExZTYtOGY4OC0zNDM2M2JjN2M0YzAiOnsiY3JlYXRlIjo2MDAwMDAwMDAwMDAsImRlbGV0ZSI6NjAwMDAwMDAwMDAwfX0=",
          "dependencies": [
            "module.network.openstack_networking_network_v2.networks",
            "module.network.openstack_networking_subnet_v2.subnets"
          ],
          "create_before_destroy": true
        },
        {
          "index_key": "vm2_port_subnet2",
          "schema_version": 0,
          "attributes": {
            "admin_state_up": true,
            "all_fixed_ips": [
              "10.10.3.51"
            ],
            "all_security_group_ids": [
              "135ef41d-16ac-4843-90ba-f9a4669e230e"
            ],
            "all_tags": [],
            "allowed_address_pairs": [],
            "binding": [
              {
                "host_id": "",
                "profile": "",
                "vif_details": {},
                "vif_type": "",
                "vnic_type": "normal"
              }
            ],
            "description": "",
            "device_id": "2a09614e-1712-4b27-8552-8de6fdcdfd9c",
            "device_owner": "compute:nova",
            "dns_assignment": [],
            "dns_name": "",
            "extra_dhcp_option": [],
            "fixed_ip": [
              {
                "ip_address": "10.10.3.51",
                "subnet_id": "b360a8b0-bb69-4600-a40f-b4f422aa3c5e"
              }
            ],
            "id": "7535c996-1bf5-40b1-b9c7-78b74e80d0cd",
            "mac_address": "fa:16:3e:3a:0e:39",
            "name": "vm2-port",
            "network_id": "9b6cb413-fe91-4786-8b10-10cc756e0eec",
            "no_fixed_ip": null,
            "no_security_groups": null,
            "port_security_enabled": true,
            "qos_policy_id": "",
            "region": "RegionOne",
            "security_group_ids": null,
            "tags": [],
            "tenant_id": "fc70748921aa4265ad13c5d6f42d2574",
            "timeouts": null,
            "value_specs": null
          },
          "sensitive_attributes": [],
          "identity_schema_version": 0,
          "private": "eyJlMmJmYjczMC1lY2FhLTExZTYtOGY4OC0zNDM2M2JjN2M0YzAiOnsiY3JlYXRlIjo2MDAwMDAwMDAwMDAsImRlbGV0ZSI6NjAwMDAwMDAwMDAwfX0=",
          "dependencies": [
            "module.network.openstack_networking_network_v2.networks",
            "module.network.openstack_networking_subnet_v2.subnets"
          ],
          "create_before_destroy": true
        },
        {
          "index_key": "vm3_port",
          "schema_version": 0,
          "attributes": {
            "admin_state_up": true,
            "all_fixed_ips": [
              "10.10.3.69"
            ],
            "all_security_group_ids": [
              "135ef41d-16ac-4843-90ba-f9a4669e230e"
            ],
            "all_tags": [],
            "allowed_address_pairs": [],
            "binding": [
              {
                "host_id": "",
                "profile": "",
                "vif_details": {},
                "vif_type": "",
                "vnic_type": "normal"
              }
            ],
            "description": "",
            "device_id": "5f2e6c04-0d00-40bd-9f25-59012b61cd2d",
            "device_owner": "compute:nova",
            "dns_assignment": [],
            "dns_name": "",
            "extra_dhcp_option": [],
            "fixed_ip": [
              {
                "ip_address": "",
                "subnet_id": "b360a8b0-bb69-4600-a40f-b4f422aa3c5e"
              }
            ],
            "id": "05caedcc-7b43-44af-acad-8cbe9501c743",
            "mac_address": "fa:16:3e:78:3b:ea",
            "name": "vm3-port",
            "network_id": "9b6cb413-fe91-4786-8b10-10cc756e0eec",
            "no_fixed_ip": null,
            "no_security_groups": null,
            "port_security_enabled": true,
            "qos_policy_id": "",
            "region": "RegionOne",
            "security_group_ids": null,
            "tags": [],
            "tenant_id": "fc70748921aa4265ad13c5d6f42d2574",
            "timeouts": null,
            "value_specs": null
          },
          "sensitive_attributes": [],
          "identity_schema_version": 0,
          "private": "eyJlMmJmYjczMC1lY2FhLTExZTYtOGY4OC0zNDM2M2JjN2M0YzAiOnsiY3JlYXRlIjo2MDAwMDAwMDAwMDAsImRlbGV0ZSI6NjAwMDAwMDAwMDAwfX0=",
          "dependencies": [
            "module.network.openstack_networking_network_v2.networks",
            "module.network.openstack_networking_subnet_v2.subnets"
          ],
          "create_before_destroy": true
        },
        {
          "index_key": "vm4_port",
          "schema_version": 0,
          "attributes": {
            "admin_state_up": true,
            "all_fixed_ips": [
              "10.10.4.100"
            ],
            "all_security_group_ids": [
              "135ef41d-16ac-4843-90ba-f9a4669e230e"
            ],
            "all_tags": [],
            "allowed_address_pairs": [],
            "binding": [
              {
                "host_id": "",
                "profile": "",
                "vif_details": {},
                "vif_type": "",
                "vnic_type": "normal"
              }
            ],
            "description": "",
            "device_id": "f6853511-0535-4fdd-bfd1-b616bf5a1179",
            "device_owner": "compute:nova",
            "dns_assignment": [],
            "dns_name": "",
            "extra_dhcp_option": [],
            "fixed_ip": [
              {
                "ip_address": "10.10.4.100",
                "subnet_id": "ffcc9a2d-85f5-4abd-93c9-c70a2e49de75"
              }
            ],
            "id": "d23cb9a9-1d60-4569-85e7-e2437c5ed49b",
            "mac_address": "fa:16:3e:f5:f8:9e",
            "name": "vm4-port",
            "network_id": "9b6cb413-fe91-4786-8b10-10cc756e0eec",
            "no_fixed_ip": null,
            "no_security_groups": null,
            "port_security_enabled": true,
            "qos_policy_id": "",
            "region": "RegionOne",
            "security_group_ids": null,
            "tags": [],
            "tenant_id": "fc70748921aa4265ad13c5d6f42d2574",
            "timeouts": null,
            "value_specs": null
          },
          "sensitive_attributes": [],
          "identity_schema_version": 0,
          "private": "eyJlMmJmYjczMC1lY2FhLTExZTYtOGY4OC0zNDM2M2JjN2M0YzAiOnsiY3JlYXRlIjo2MDAwMDAwMDAwMDAsImRlbGV0ZSI6NjAwMDAwMDAwMDAwfX0=",
          "dependencies": [
            "module.network.openstack_networking_network_v2.networks",
            "module.network.openstack_networking_subnet_v2.subnets"
          ],
          "create_before_destroy": true
        },
        {
          "index_key": "vm5_port",
          "schema_version": 0,
          "attributes": {
            "admin_state_up": true,
            "all_fixed_ips": [
              "10.10.5.98"
            ],
            "all_security_group_ids": [
              "135ef41d-16ac-4843-90ba-f9a4669e230e"
            ],
            "all_tags": [],
            "allowed_address_pairs": [],
            "binding": [
              {
                "host_id": "",
                "profile": "",
                "vif_details": {},
                "vif_type": "",
                "vnic_type": "normal"
              }
            ],
            "description": "",
            "device_id": "c233bd2d-5ead-4e93-b89e-b1b4fd9575a5",
            "device_owner": "compute:nova",
            "dns_assignment": [],
            "dns_name": "",
            "extra_dhcp_option": [],
            "fixed_ip": [
              {
                "ip_address": "",
                "subnet_id": "75e00014-c76d-4dcd-ab81-55eb4aa794ef"
              }
            ],
            "id": "726277e5-932d-4495-8d5d-9fa4fc296856",
            "mac_address": "fa:16:3e:9f:c0:ec",
            "name": "vm5-port",
            "network_id": "9b6cb413-fe91-4786-8b10-10cc756e0eec",
            "no_fixed_ip": null,
            "no_security_groups": null,
            "port_security_enabled": true,
            "qos_policy_id": "",
            "region": "RegionOne",
            "security_group_ids": null,
            "tags": [],
            "tenant_id": "fc70748921aa4265ad13c5d6f42d2574",
            "timeouts": null,
            "value_specs": null
          },
          "sensitive_attributes": [],
          "identity_schema_version": 0,
          "private": "eyJlMmJmYjczMC1lY2FhLTExZTYtOGY4OC0zNDM2M2JjN2M0YzAiOnsiY3JlYXRlIjo2MDAwMDAwMDAwMDAsImRlbGV0ZSI6NjAwMDAwMDAwMDAwfX0=",
          "dependencies": [
            "module.network.openstack_networking_network_v2.networks",
            "module.network.openstack_networking_subnet_v2.subnets"
          ],
          "create_before_destroy": true
        },
        {
          "index_key": "vm6_port",
          "schema_version": 0,
          "attributes": {
            "admin_state_up": true,
            "all_fixed_ips": [
              "10.10.2.242"
            ],
            "all_security_group_ids": [
              "135ef41d-16ac-4843-90ba-f9a4669e230e"
            ],
            "all_tags": [],
            "allowed_address_pairs": [],
            "binding": [
              {
                "host_id": "",
                "profile": "",
                "vif_details": {},
                "vif_type": "",
                "vnic_type": "normal"
              }
            ],
            "description": "",
            "device_id": "1342d764-d393-468f-b9a3-ed2c790395e1",
            "device_owner": "compute:nova",
            "dns_assignment": [],
            "dns_name": "",
            "extra_dhcp_option": [],
            "fixed_ip": [
              {
                "ip_address": "",
                "subnet_id": "7093196c-b37c-4675-aad7-b477992332dd"
              }
            ],
            "id": "80197305-f8b4-40d8-a02c-152a9cbd4987",
            "mac_address": "fa:16:3e:6a:aa:e3",
            "name": "vm6-port",
            "network_id": "9b6cb413-fe91-4786-8b10-10cc756e0eec",
            "no_fixed_ip": null,
            "no_security_groups": null,
            "port_security_enabled": true,
            "qos_policy_id": "",
            "region": "RegionOne",
            "security_group_ids": null,
            "tags": [],
            "tenant_id": "fc70748921aa4265ad13c5d6f42d2574",
            "timeouts": null,
            "value_specs": null
          },
          "sensitive_attributes": [],
          "identity_schema_version": 0,
          "private": "eyJlMmJmYjczMC1lY2FhLTExZTYtOGY4OC0zNDM2M2JjN2M0YzAiOnsiY3JlYXRlIjo2MDAwMDAwMDAwMDAsImRlbGV0ZSI6NjAwMDAwMDAwMDAwfX0=",
          "dependencies": [
            "module.network.openstack_networking_network_v2.networks",
            "module.network.openstack_networking_subnet_v2.subnets"
          ],
          "create_before_destroy": true
        },
        {
          "index_key": "vm7_port",
          "schema_version": 0,
          "attributes": {
            "admin_state_up": true,
            "all_fixed_ips": [
              "10.10.3.238"
            ],
            "all_security_group_ids": [
              "135ef41d-16ac-4843-90ba-f9a4669e230e"
            ],
            "all_tags": [],
            "allowed_address_pairs": [],
            "binding": [
              {
                "host_id": "",
                "profile": "",
                "vif_details": {},
                "vif_type": "",
                "vnic_type": "normal"
              }
            ],
            "description": "",
            "device_id": "57faaec7-0db9-4d19-bb21-d807d2d112f4",
            "device_owner": "compute:nova",
            "dns_assignment": [],
            "dns_name": "",
            "extra_dhcp_option": [],
            "fixed_ip": [
              {
                "ip_address": "",
                "subnet_id": "b360a8b0-bb69-4600-a40f-b4f422aa3c5e"
              }
            ],
            "id": "4357d147-9d37-4dd0-8b1f-7e40a0972e2c",
            "mac_address": "fa:16:3e:66:e7:38",
            "name": "vm7-port",
            "network_id": "9b6cb413-fe91-4786-8b10-10cc756e0eec",
            "no_fixed_ip": null,
            "no_security_groups": null,
            "port_security_enabled": true,
            "qos_policy_id": "",
            "region": "RegionOne",
            "security_group_ids": null,
            "tags": [],
            "tenant_id": "fc70748921aa4265ad13c5d6f42d2574",
            "timeouts": null,
            "value_specs": null
          },
          "sensitive_attributes": [],
          "identity_schema_version": 0,
          "private": "eyJlMmJmYjczMC1lY2FhLTExZTYtOGY4OC0zNDM2M2JjN2M0YzAiOnsiY3JlYXRlIjo2MDAwMDAwMDAwMDAsImRlbGV0ZSI6NjAwMDAwMDAwMDAwfX0=",
          "dependencies": [
            "module.network.openstack_networking_network_v2.networks",
            "module.network.openstack_networking_subnet_v2.subnets"
          ],
          "create_before_destroy": true
        },
        {
          "index_key": "vm8_port",
          "schema_version": 0,
          "attributes": {
            "admin_state_up": true,
            "all_fixed_ips": [
              "10.20.1.50"
            ],
            "all_security_group_ids": [
              "135ef41d-16ac-4843-90ba-f9a4669e230e"
            ],
            "all_tags": [],
            "allowed_address_pairs": [],
            "binding": [
              {
                "host_id": "",
                "profile": "",
                "vif_details": {},
                "vif_type": "",
                "vnic_type": "normal"
              }
            ],
            "description": "",
            "device_id": "abcd4840-524e-48c1-8b91-77e120cfeb20",
            "device_owner": "compute:nova",
            "dns_assignment": [],
            "dns_name": "",
            "extra_dhcp_option": [],
            "fixed_ip": [
              {
                "ip_address": "10.20.1.50",
                "subnet_id": "60a1c082-2fbd-4bd3-9a4a-c78dbc89020e"
              }
            ],
            "id": "2ab4d41a-2a73-4ef0-9da8-3cc30c02bcb6",
            "mac_address": "fa:16:3e:47:52:73",
            "name": "vm8-port",
            "network_id": "6785b3ec-ad58-4745-a911-1e26d8e22a14",
            "no_fixed_ip": null,
            "no_security_groups": null,
            "port_security_enabled": true,
            "qos_policy_id": "",
            "region": "RegionOne",
            "security_group_ids": null,
            "tags": [],
            "tenant_id": "fc70748921aa4265ad13c5d6f42d2574",
            "timeouts": null,
            "value_specs": null
          },
          "sensitive_attributes": [],
          "identity_schema_version": 0,
          "private": "eyJlMmJmYjczMC1lY2FhLTExZTYtOGY4OC0zNDM2M2JjN2M0YzAiOnsiY3JlYXRlIjo2MDAwMDAwMDAwMDAsImRlbGV0ZSI6NjAwMDAwMDAwMDAwfX0=",
          "dependencies": [
            "module.network.openstack_networking_network_v2.networks",
            "module.network.openstack_networking_subnet_v2.subnets"
          ],
          "create_before_destroy": true
        },
        {
          "index_key": "vm9_port",
          "schema_version": 0,
          "attributes": {
            "admin_state_up": true,
            "all_fixed_ips": [
              "10.20.2.223"
            ],
            "all_security_group_ids": [
              "135ef41d-16ac-4843-90ba-f9a4669e230e"
            ],
            "all_tags": [],
            "allowed_address_pairs": [],
            "binding": [
              {
                "host_id": "",
                "profile": "",
                "vif_details": {},
                "vif_type": "",
                "vnic_type": "normal"
              }
            ],
            "description": "",
            "device_id": "",
            "device_owner": "",
            "dns_assignment": [],
            "dns_name": "",
            "extra_dhcp_option": [],
            "fixed_ip": [
              {
                "ip_address": "",
                "subnet_id": "f9c1a29c-7c2b-4bfa-8111-4d34b2b1e5ca"
              }
            ],
            "id": "9c75341d-15c2-4955-bbe8-1f14d43cdb02",
            "mac_address": "fa:16:3e:e1:ef:88",
            "name": "vm9-port",
            "network_id": "6785b3ec-ad58-4745-a911-1e26d8e22a14",
            "no_fixed_ip": null,
            "no_security_groups": null,
            "port_security_enabled": true,
            "qos_policy_id": "",
            "region": "RegionOne",
            "security_group_ids": null,
            "tags": [],
            "tenant_id": "fc70748921aa4265ad13c5d6f42d2574",
            "timeouts": null,
            "value_specs": null
          },
          "sensitive_attributes": [],
          "identity_schema_version": 0,
          "private": "eyJlMmJmYjczMC1lY2FhLTExZTYtOGY4OC0zNDM2M2JjN2M0YzAiOnsiY3JlYXRlIjo2MDAwMDAwMDAwMDAsImRlbGV0ZSI6NjAwMDAwMDAwMDAwfX0=",
          "dependencies": [
            "module.network.openstack_networking_network_v2.networks",
            "module.network.openstack_networking_subnet_v2.subnets"
          ],
          "create_before_destroy": true
        }
      ]
    },
    {
      "module": "module.network",
      "mode": "managed",
      "type": "openstack_networking_router_interface_v2",
      "name": "router_interfaces",
      "provider": "provider[\"registry.terraform.io/terraform-provider-openstack/openstack\"]",
      "instances": [
        {
          "index_key": "subnet_1",
          "schema_version": 0,
          "attributes": {
            "force_destroy": false,
            "id": "8393d35b-cd8f-4a92-99b9-d778d04b0cad",
            "port_id": "8393d35b-cd8f-4a92-99b9-d778d04b0cad",
            "region": "RegionOne",
            "router_id": "8b5ec2ff-7aee-4cd9-9d33-8e80c4a420c9",
            "subnet_id": "8cf3e200-5588-4fc8-adf9-63baa1e0d895",
            "timeouts": null
          },
          "sensitive_attributes": [],
          "identity_schema_version": 0,
          "private": "eyJlMmJmYjczMC1lY2FhLTExZTYtOGY4OC0zNDM2M2JjN2M0YzAiOnsiY3JlYXRlIjo2MDAwMDAwMDAwMDAsImRlbGV0ZSI6NjAwMDAwMDAwMDAwfX0=",
          "dependencies": [
            "module.network.data.openstack_networking_network_v2.external",
            "module.network.data.openstack_networking_router_v2.existing",
            "module.network.openstack_networking_network_v2.networks",
            "module.network.openstack_networking_router_v2.routers",
            "module.network.openstack_networking_subnet_v2.subnets"
          ]
        },
        {
          "index_key": "subnet_2",
          "schema_version": 0,
          "attributes": {
            "force_destroy": false,
            "id": "264c69f9-af78-4d41-b79e-11c0d82893c7",
            "port_id": "264c69f9-af78-4d41-b79e-11c0d82893c7",
            "region": "RegionOne",
            "router_id": "8b5ec2ff-7aee-4cd9-9d33-8e80c4a420c9",
            "subnet_id": "7093196c-b37c-4675-aad7-b477992332dd",
            "timeouts": null
          },
          "sensitive_attributes": [],
          "identity_schema_version": 0,
          "private": "eyJlMmJmYjczMC1lY2FhLTExZTYtOGY4OC0zNDM2M2JjN2M0YzAiOnsiY3JlYXRlIjo2MDAwMDAwMDAwMDAsImRlbGV0ZSI6NjAwMDAwMDAwMDAwfX0=",
          "dependencies": [
            "module.network.data.openstack_networking_network_v2.external",
            "module.network.data.openstack_networking_router_v2.existing",
            "module.network.openstack_networking_network_v2.networks",
            "module.network.openstack_networking_router_v2.routers",
            "module.network.openstack_networking_subnet_v2.subnets"
          ]
        },
        {
          "index_key": "subnet_3",
          "schema_version": 0,
          "attributes": {
            "force_destroy": false,
            "id": "63ed3353-6df8-4cfa-8011-b775a04540ae",
            "port_id": "63ed3353-6df8-4cfa-8011-b775a04540ae",
            "region": "RegionOne",
            "router_id": "8b5ec2ff-7aee-4cd9-9d33-8e80c4a420c9",
            "subnet_id": "b360a8b0-bb69-4600-a40f-b4f422aa3c5e",
            "timeouts": null
          },
          "sensitive_attributes": [],
          "identity_schema_version": 0,
          "private": "eyJlMmJmYjczMC1lY2FhLTExZTYtOGY4OC0zNDM2M2JjN2M0YzAiOnsiY3JlYXRlIjo2MDAwMDAwMDAwMDAsImRlbGV0ZSI6NjAwMDAwMDAwMDAwfX0=",
          "dependencies": [
            "module.network.data.openstack_networking_network_v2.external",
            "module.network.data.openstack_networking_router_v2.existing",
            "module.network.openstack_networking_network_v2.networks",
            "module.network.openstack_networking_router_v2.routers",
            "module.network.openstack_networking_subnet_v2.subnets"
          ]
        },
        {
          "index_key": "subnet_4",
          "schema_version": 0,
          "attributes": {
            "force_destroy": false,
            "id": "04002a54-b1f0-4475-90ac-9516f8f0afa9",
            "port_id": "04002a54-b1f0-4475-90ac-9516f8f0afa9",
            "region": "RegionOne",
            "router_id": "8b5ec2ff-7aee-4cd9-9d33-8e80c4a420c9",
            "subnet_id": "ffcc9a2d-85f5-4abd-93c9-c70a2e49de75",
            "timeouts": null
          },
          "sensitive_attributes": [],
          "identity_schema_version": 0,
          "private": "eyJlMmJmYjczMC1lY2FhLTExZTYtOGY4OC0zNDM2M2JjN2M0YzAiOnsiY3JlYXRlIjo2MDAwMDAwMDAwMDAsImRlbGV0ZSI6NjAwMDAwMDAwMDAwfX0=",
          "dependencies": [
            "module.network.data.openstack_networking_network_v2.external",
            "module.network.data.openstack_networking_router_v2.existing",
            "module.network.openstack_networking_network_v2.networks",
            "module.network.openstack_networking_router_v2.routers",
            "module.network.openstack_networking_subnet_v2.subnets"
          ]
        },
        {
          "index_key": "subnet_5",
          "schema_version": 0,
          "attributes": {
            "force_destroy": false,
            "id": "f6770362-552b-4957-8963-9f1977d59d90",
            "port_id": "f6770362-552b-4957-8963-9f1977d59d90",
            "region": "RegionOne",
            "router_id": "8b5ec2ff-7aee-4cd9-9d33-8e80c4a420c9",
            "subnet_id": "75e00014-c76d-4dcd-ab81-55eb4aa794ef",
            "timeouts": null
          },
          "sensitive_attributes": [],
          "identity_schema_version": 0,
          "private": "eyJlMmJmYjczMC1lY2FhLTExZTYtOGY4OC0zNDM2M2JjN2M0YzAiOnsiY3JlYXRlIjo2MDAwMDAwMDAwMDAsImRlbGV0ZSI6NjAwMDAwMDAwMDAwfX0=",
          "dependencies": [
            "module.network.data.openstack_networking_network_v2.external",
            "module.network.data.openstack_networking_router_v2.existing",
            "module.network.openstack_networking_network_v2.networks",
            "module.network.openstack_networking_router_v2.routers",
            "module.network.openstack_networking_subnet_v2.subnets"
          ]
        },
        {
          "index_key": "subnet_6",
          "schema_version": 0,
          "attributes": {
            "force_destroy": false,
            "id": "295d6711-8954-44ce-b314-456b54f3acaa",
            "port_id": "295d6711-8954-44ce-b314-456b54f3acaa",
            "region": "RegionOne",
            "router_id": "8b5ec2ff-7aee-4cd9-9d33-8e80c4a420c9",
            "subnet_id": "60a1c082-2fbd-4bd3-9a4a-c78dbc89020e",
            "timeouts": null
          },
          "sensitive_attributes": [],
          "identity_schema_version": 0,
          "private": "eyJlMmJmYjczMC1lY2FhLTExZTYtOGY4OC0zNDM2M2JjN2M0YzAiOnsiY3JlYXRlIjo2MDAwMDAwMDAwMDAsImRlbGV0ZSI6NjAwMDAwMDAwMDAwfX0=",
          "dependencies": [
            "module.network.data.openstack_networking_network_v2.external",
            "module.network.data.openstack_networking_router_v2.existing",
            "module.network.openstack_networking_network_v2.networks",
            "module.network.openstack_networking_router_v2.routers",
            "module.network.openstack_networking_subnet_v2.subnets"
          ]
        },
        {
          "index_key": "subnet_7",
          "schema_version": 0,
          "attributes": {
            "force_destroy": false,
            "id": "8d03ed9a-dac8-4518-bb3b-871dc751bf44",
            "port_id": "8d03ed9a-dac8-4518-bb3b-871dc751bf44",
            "region": "RegionOne",
            "router_id": "8b5ec2ff-7aee-4cd9-9d33-8e80c4a420c9",
            "subnet_id": "f9c1a29c-7c2b-4bfa-8111-4d34b2b1e5ca",
            "timeouts": null
          },
          "sensitive_attributes": [],
          "identity_schema_version": 0,
          "private": "eyJlMmJmYjczMC1lY2FhLTExZTYtOGY4OC0zNDM2M2JjN2M0YzAiOnsiY3JlYXRlIjo2MDAwMDAwMDAwMDAsImRlbGV0ZSI6NjAwMDAwMDAwMDAwfX0=",
          "dependencies": [
            "module.network.data.openstack_networking_network_v2.external",
            "module.network.data.openstack_networking_router_v2.existing",
            "module.network.openstack_networking_network_v2.networks",
            "module.network.openstack_networking_router_v2.routers",
            "module.network.openstack_networking_subnet_v2.subnets"
          ]
        },
        {
          "index_key": "subnet_8",
          "schema_version": 0,
          "attributes": {
            "force_destroy": false,
            "id": "ed94b3a0-92f5-4a3b-b15c-d9225ee0c3b1",
            "port_id": "ed94b3a0-92f5-4a3b-b15c-d9225ee0c3b1",
            "region": "RegionOne",
            "router_id": "4648a3f1-f095-4902-82fc-549f926d35aa",
            "subnet_id": "3897da3f-5854-495f-ac8c-5673b9cd574e",
            "timeouts": null
          },
          "sensitive_attributes": [],
          "identity_schema_version": 0,
          "private": "eyJlMmJmYjczMC1lY2FhLTExZTYtOGY4OC0zNDM2M2JjN2M0YzAiOnsiY3JlYXRlIjo2MDAwMDAwMDAwMDAsImRlbGV0ZSI6NjAwMDAwMDAwMDAwfX0=",
          "dependencies": [
            "module.network.data.openstack_networking_network_v2.external",
            "module.network.data.openstack_networking_router_v2.existing",
            "module.network.openstack_networking_network_v2.networks",
            "module.network.openstack_networking_router_v2.routers",
            "module.network.openstack_networking_subnet_v2.subnets"
          ]
        },
        {
          "index_key": "subnet_9",
          "schema_version": 0,
          "attributes": {
            "force_destroy": false,
            "id": "6c03a538-ed0c-49ad-9d2c-025d23fc9cc3",
            "port_id": "6c03a538-ed0c-49ad-9d2c-025d23fc9cc3",
            "region": "RegionOne",
            "router_id": "4648a3f1-f095-4902-82fc-549f926d35aa",
            "subnet_id": "1925b355-d8bb-49bf-b26e-673858303f27",
            "timeouts": null
          },
          "sensitive_attributes": [],
          "identity_schema_version": 0,
          "private": "eyJlMmJmYjczMC1lY2FhLTExZTYtOGY4OC0zNDM2M2JjN2M0YzAiOnsiY3JlYXRlIjo2MDAwMDAwMDAwMDAsImRlbGV0ZSI6NjAwMDAwMDAwMDAwfX0=",
          "dependencies": [
            "module.network.data.openstack_networking_network_v2.external",
            "module.network.data.openstack_networking_router_v2.existing",
            "module.network.openstack_networking_network_v2.networks",
            "module.network.openstack_networking_router_v2.routers",
            "module.network.openstack_networking_subnet_v2.subnets"
          ]
        }
      ]
    },
    {
      "module": "module.network",
      "mode": "managed",
      "type": "openstack_networking_router_v2",
      "name": "routers",
      "provider": "provider[\"registry.terraform.io/terraform-provider-openstack/openstack\"]",
      "instances": [
        {
          "index_key": "main_router",
          "schema_version": 0,
          "attributes": {
            "admin_state_up": true,
            "all_tags": [],
            "availability_zone_hints": [],
            "description": "",
            "distributed": false,
            "enable_snat": true,
            "external_fixed_ip": [
              {
                "ip_address": "172.20.1.65",
                "subnet_id": "99d6340b-f730-4086-910d-e39faff556fa"
              }
            ],
            "external_gateway": "7181cf6d-3e20-4fac-a7d1-7064e5fbb3a6",
            "external_network_id": "7181cf6d-3e20-4fac-a7d1-7064e5fbb3a6",
            "external_subnet_ids": null,
            "id": "8b5ec2ff-7aee-4cd9-9d33-8e80c4a420c9",
            "name": "main-router",
            "region": "RegionOne",
            "tags": [],
            "tenant_id": "fc70748921aa4265ad13c5d6f42d2574",
            "timeouts": null,
            "value_specs": null,
            "vendor_options": []
          },
          "sensitive_attributes": [],
          "identity_schema_version": 0,
          "private": "eyJlMmJmYjczMC1lY2FhLTExZTYtOGY4OC0zNDM2M2JjN2M0YzAiOnsiY3JlYXRlIjo2MDAwMDAwMDAwMDAsImRlbGV0ZSI6NjAwMDAwMDAwMDAwfX0=",
          "dependencies": [
            "module.network.data.openstack_networking_network_v2.external"
          ]
        },
        {
          "index_key": "router_new",
          "schema_version": 0,
          "attributes": {
            "admin_state_up": true,
            "all_tags": [],
            "availability_zone_hints": [],
            "description": "",
            "distributed": false,
            "enable_snat": true,
            "external_fixed_ip": [
              {
                "ip_address": "172.20.1.175",
                "subnet_id": "99d6340b-f730-4086-910d-e39faff556fa"
              }
            ],
            "external_gateway": "7181cf6d-3e20-4fac-a7d1-7064e5fbb3a6",
            "external_network_id": "7181cf6d-3e20-4fac-a7d1-7064e5fbb3a6",
            "external_subnet_ids": null,
            "id": "e99b0a14-879a-439d-a2a6-114cec2d74b9",
            "name": "one-more",
            "region": "RegionOne",
            "tags": null,
            "tenant_id": "fc70748921aa4265ad13c5d6f42d2574",
            "timeouts": null,
            "value_specs": null,
            "vendor_options": []
          },
          "sensitive_attributes": [],
          "identity_schema_version": 0,
          "private": "eyJlMmJmYjczMC1lY2FhLTExZTYtOGY4OC0zNDM2M2JjN2M0YzAiOnsiY3JlYXRlIjo2MDAwMDAwMDAwMDAsImRlbGV0ZSI6NjAwMDAwMDAwMDAwfX0=",
          "dependencies": [
            "module.network.data.openstack_networking_network_v2.external"
          ]
        }
      ]
    },
    {
      "module": "module.network",
      "mode": "managed",
      "type": "openstack_networking_subnet_v2",
      "name": "subnets",
      "provider": "provider[\"registry.terraform.io/terraform-provider-openstack/openstack\"]",
      "instances": [
        {
          "index_key": "subnet_1",
          "schema_version": 0,
          "attributes": {
            "all_tags": [],
            "allocation_pool": [
              {
                "end": "10.10.1.254",
                "start": "10.10.1.2"
              }
            ],
            "allocation_pools": [
              {
                "end": "10.10.1.254",
                "start": "10.10.1.2"
              }
            ],
            "cidr": "10.10.1.0/24",
            "description": "",
            "dns_nameservers": [],
            "enable_dhcp": true,
            "gateway_ip": "10.10.1.1",
            "host_routes": [],
            "id": "8cf3e200-5588-4fc8-adf9-63baa1e0d895",
            "ip_version": 4,
            "ipv6_address_mode": "",
            "ipv6_ra_mode": "",
            "name": "subnet-1",
            "network_id": "9b6cb413-fe91-4786-8b10-10cc756e0eec",
            "no_gateway": false,
            "prefix_length": null,
            "region": "RegionOne",
            "service_types": [],
            "subnetpool_id": "",
            "tags": [],
            "tenant_id": "fc70748921aa4265ad13c5d6f42d2574",
            "timeouts": null,
            "value_specs": null
          },
          "sensitive_attributes": [],
          "identity_schema_version": 0,
          "private": "eyJlMmJmYjczMC1lY2FhLTExZTYtOGY4OC0zNDM2M2JjN2M0YzAiOnsiY3JlYXRlIjo2MDAwMDAwMDAwMDAsImRlbGV0ZSI6NjAwMDAwMDAwMDAwfX0=",
          "dependencies": [
            "module.network.openstack_networking_network_v2.networks"
          ],
          "create_before_destroy": true
        },
        {
          "index_key": "subnet_2",
          "schema_version": 0,
          "attributes": {
            "all_tags": [],
            "allocation_pool": [
              {
                "end": "10.10.2.254",
                "start": "10.10.2.2"
              }
            ],
            "allocation_pools": [
              {
                "end": "10.10.2.254",
                "start": "10.10.2.2"
              }
            ],
            "cidr": "10.10.2.0/24",
            "description": "",
            "dns_nameservers": [],
            "enable_dhcp": true,
            "gateway_ip": "10.10.2.1",
            "host_routes": [],
            "id": "7093196c-b37c-4675-aad7-b477992332dd",
            "ip_version": 4,
            "ipv6_address_mode": "",
            "ipv6_ra_mode": "",
            "name": "subnet-2",
            "network_id": "9b6cb413-fe91-4786-8b10-10cc756e0eec",
            "no_gateway": false,
            "prefix_length": null,
            "region": "RegionOne",
            "service_types": [],
            "subnetpool_id": "",
            "tags": [],
            "tenant_id": "fc70748921aa4265ad13c5d6f42d2574",
            "timeouts": null,
            "value_specs": null
          },
          "sensitive_attributes": [],
          "identity_schema_version": 0,
          "private": "eyJlMmJmYjczMC1lY2FhLTExZTYtOGY4OC0zNDM2M2JjN2M0YzAiOnsiY3JlYXRlIjo2MDAwMDAwMDAwMDAsImRlbGV0ZSI6NjAwMDAwMDAwMDAwfX0=",
          "dependencies": [
            "module.network.openstack_networking_network_v2.networks"
          ],
          "create_before_destroy": true
        },
        {
          "index_key": "subnet_3",
          "schema_version": 0,
          "attributes": {
            "all_tags": [],
            "allocation_pool": [
              {
                "end": "10.10.3.254",
                "start": "10.10.3.2"
              }
            ],
            "allocation_pools": [
              {
                "end": "10.10.3.254",
                "start": "10.10.3.2"
              }
            ],
            "cidr": "10.10.3.0/24",
            "description": "",
            "dns_nameservers": [],
            "enable_dhcp": true,
            "gateway_ip": "10.10.3.1",
            "host_routes": [],
            "id": "b360a8b0-bb69-4600-a40f-b4f422aa3c5e",
            "ip_version": 4,
            "ipv6_address_mode": "",
            "ipv6_ra_mode": "",
            "name": "subnet-3",
            "network_id": "9b6cb413-fe91-4786-8b10-10cc756e0eec",
            "no_gateway": false,
            "prefix_length": null,
            "region": "RegionOne",
            "service_types": [],
            "subnetpool_id": "",
            "tags": [],
            "tenant_id": "fc70748921aa4265ad13c5d6f42d2574",
            "timeouts": null,
            "value_specs": null
          },
          "sensitive_attributes": [],
          "identity_schema_version": 0,
          "private": "eyJlMmJmYjczMC1lY2FhLTExZTYtOGY4OC0zNDM2M2JjN2M0YzAiOnsiY3JlYXRlIjo2MDAwMDAwMDAwMDAsImRlbGV0ZSI6NjAwMDAwMDAwMDAwfX0=",
          "dependencies": [
            "module.network.openstack_networking_network_v2.networks"
          ],
          "create_before_destroy": true
        },
        {
          "index_key": "subnet_4",
          "schema_version": 0,
          "attributes": {
            "all_tags": [],
            "allocation_pool": [
              {
                "end": "10.10.4.254",
                "start": "10.10.4.2"
              }
            ],
            "allocation_pools": [
              {
                "end": "10.10.4.254",
                "start": "10.10.4.2"
              }
            ],
            "cidr": "10.10.4.0/24",
            "description": "",
            "dns_nameservers": [],
            "enable_dhcp": true,
            "gateway_ip": "10.10.4.1",
            "host_routes": [],
            "id": "ffcc9a2d-85f5-4abd-93c9-c70a2e49de75",
            "ip_version": 4,
            "ipv6_address_mode": "",
            "ipv6_ra_mode": "",
            "name": "subnet-4",
            "network_id": "9b6cb413-fe91-4786-8b10-10cc756e0eec",
            "no_gateway": false,
            "prefix_length": null,
            "region": "RegionOne",
            "service_types": [],
            "subnetpool_id": "",
            "tags": [],
            "tenant_id": "fc70748921aa4265ad13c5d6f42d2574",
            "timeouts": null,
            "value_specs": null
          },
          "sensitive_attributes": [],
          "identity_schema_version": 0,
          "private": "eyJlMmJmYjczMC1lY2FhLTExZTYtOGY4OC0zNDM2M2JjN2M0YzAiOnsiY3JlYXRlIjo2MDAwMDAwMDAwMDAsImRlbGV0ZSI6NjAwMDAwMDAwMDAwfX0=",
          "dependencies": [
            "module.network.openstack_networking_network_v2.networks"
          ],
          "create_before_destroy": true
        },
        {
          "index_key": "subnet_5",
          "schema_version": 0,
          "attributes": {
            "all_tags": [],
            "allocation_pool": [
              {
                "end": "10.10.5.254",
                "start": "10.10.5.2"
              }
            ],
            "allocation_pools": [
              {
                "end": "10.10.5.254",
                "start": "10.10.5.2"
              }
            ],
            "cidr": "10.10.5.0/24",
            "description": "",
            "dns_nameservers": [],
            "enable_dhcp": true,
            "gateway_ip": "10.10.5.1",
            "host_routes": [],
            "id": "75e00014-c76d-4dcd-ab81-55eb4aa794ef",
            "ip_version": 4,
            "ipv6_address_mode": "",
            "ipv6_ra_mode": "",
            "name": "subnet-5",
            "network_id": "9b6cb413-fe91-4786-8b10-10cc756e0eec",
            "no_gateway": false,
            "prefix_length": null,
            "region": "RegionOne",
            "service_types": [],
            "subnetpool_id": "",
            "tags": [],
            "tenant_id": "fc70748921aa4265ad13c5d6f42d2574",
            "timeouts": null,
            "value_specs": null
          },
          "sensitive_attributes": [],
          "identity_schema_version": 0,
          "private": "eyJlMmJmYjczMC1lY2FhLTExZTYtOGY4OC0zNDM2M2JjN2M0YzAiOnsiY3JlYXRlIjo2MDAwMDAwMDAwMDAsImRlbGV0ZSI6NjAwMDAwMDAwMDAwfX0=",
          "dependencies": [
            "module.network.openstack_networking_network_v2.networks"
          ],
          "create_before_destroy": true
        },
        {
          "index_key": "subnet_6",
          "schema_version": 0,
          "attributes": {
            "all_tags": [],
            "allocation_pool": [
              {
                "end": "10.20.1.254",
                "start": "10.20.1.2"
              }
            ],
            "allocation_pools": [
              {
                "end": "10.20.1.254",
                "start": "10.20.1.2"
              }
            ],
            "cidr": "10.20.1.0/24",
            "description": "",
            "dns_nameservers": [],
            "enable_dhcp": true,
            "gateway_ip": "10.20.1.1",
            "host_routes": [],
            "id": "60a1c082-2fbd-4bd3-9a4a-c78dbc89020e",
            "ip_version": 4,
            "ipv6_address_mode": "",
            "ipv6_ra_mode": "",
            "name": "n-subnet-1",
            "network_id": "6785b3ec-ad58-4745-a911-1e26d8e22a14",
            "no_gateway": false,
            "prefix_length": null,
            "region": "RegionOne",
            "service_types": [],
            "subnetpool_id": "",
            "tags": [],
            "tenant_id": "fc70748921aa4265ad13c5d6f42d2574",
            "timeouts": null,
            "value_specs": null
          },
          "sensitive_attributes": [],
          "identity_schema_version": 0,
          "private": "eyJlMmJmYjczMC1lY2FhLTExZTYtOGY4OC0zNDM2M2JjN2M0YzAiOnsiY3JlYXRlIjo2MDAwMDAwMDAwMDAsImRlbGV0ZSI6NjAwMDAwMDAwMDAwfX0=",
          "dependencies": [
            "module.network.openstack_networking_network_v2.networks"
          ],
          "create_before_destroy": true
        },
        {
          "index_key": "subnet_7",
          "schema_version": 0,
          "attributes": {
            "all_tags": [],
            "allocation_pool": [
              {
                "end": "10.20.2.254",
                "start": "10.20.2.2"
              }
            ],
            "allocation_pools": [
              {
                "end": "10.20.2.254",
                "start": "10.20.2.2"
              }
            ],
            "cidr": "10.20.2.0/24",
            "description": "",
            "dns_nameservers": [],
            "enable_dhcp": true,
            "gateway_ip": "10.20.2.1",
            "host_routes": [],
            "id": "f9c1a29c-7c2b-4bfa-8111-4d34b2b1e5ca",
            "ip_version": 4,
            "ipv6_address_mode": "",
            "ipv6_ra_mode": "",
            "name": "n-subnet-2",
            "network_id": "6785b3ec-ad58-4745-a911-1e26d8e22a14",
            "no_gateway": false,
            "prefix_length": null,
            "region": "RegionOne",
            "service_types": [],
            "subnetpool_id": "",
            "tags": [],
            "tenant_id": "fc70748921aa4265ad13c5d6f42d2574",
            "timeouts": null,
            "value_specs": null
          },
          "sensitive_attributes": [],
          "identity_schema_version": 0,
          "private": "eyJlMmJmYjczMC1lY2FhLTExZTYtOGY4OC0zNDM2M2JjN2M0YzAiOnsiY3JlYXRlIjo2MDAwMDAwMDAwMDAsImRlbGV0ZSI6NjAwMDAwMDAwMDAwfX0=",
          "dependencies": [
            "module.network.openstack_networking_network_v2.networks"
          ],
          "create_before_destroy": true
        },
        {
          "index_key": "subnet_8",
          "schema_version": 0,
          "attributes": {
            "all_tags": [],
            "allocation_pool": [
              {
                "end": "10.20.3.254",
                "start": "10.20.3.2"
              }
            ],
            "allocation_pools": [
              {
                "end": "10.20.3.254",
                "start": "10.20.3.2"
              }
            ],
            "cidr": "10.20.3.0/24",
            "description": "",
            "dns_nameservers": [],
            "enable_dhcp": true,
            "gateway_ip": "10.20.3.1",
            "host_routes": [],
            "id": "3897da3f-5854-495f-ac8c-5673b9cd574e",
            "ip_version": 4,
            "ipv6_address_mode": "",
            "ipv6_ra_mode": "",
            "name": "n-subnet-3",
            "network_id": "6785b3ec-ad58-4745-a911-1e26d8e22a14",
            "no_gateway": false,
            "prefix_length": null,
            "region": "RegionOne",
            "service_types": [],
            "subnetpool_id": "",
            "tags": [],
            "tenant_id": "fc70748921aa4265ad13c5d6f42d2574",
            "timeouts": null,
            "value_specs": null
          },
          "sensitive_attributes": [],
          "identity_schema_version": 0,
          "private": "eyJlMmJmYjczMC1lY2FhLTExZTYtOGY4OC0zNDM2M2JjN2M0YzAiOnsiY3JlYXRlIjo2MDAwMDAwMDAwMDAsImRlbGV0ZSI6NjAwMDAwMDAwMDAwfX0=",
          "dependencies": [
            "module.network.openstack_networking_network_v2.networks"
          ],
          "create_before_destroy": true
        },
        {
          "index_key": "subnet_9",
          "schema_version": 0,
          "attributes": {
            "all_tags": [],
            "allocation_pool": [
              {
                "end": "10.30.3.254",
                "start": "10.30.3.2"
              }
            ],
            "allocation_pools": [
              {
                "end": "10.30.3.254",
                "start": "10.30.3.2"
              }
            ],
            "cidr": "10.30.3.0/24",
            "description": "",
            "dns_nameservers": [],
            "enable_dhcp": true,
            "gateway_ip": "10.30.3.1",
            "host_routes": [],
            "id": "1925b355-d8bb-49bf-b26e-673858303f27",
            "ip_version": 4,
            "ipv6_address_mode": "",
            "ipv6_ra_mode": "",
            "name": "n3-subnet-1",
            "network_id": "bf3e9fb0-de21-4d82-b1c9-265eb9d78a40",
            "no_gateway": false,
            "prefix_length": null,
            "region": "RegionOne",
            "service_types": [],
            "subnetpool_id": "",
            "tags": null,
            "tenant_id": "fc70748921aa4265ad13c5d6f42d2574",
            "timeouts": null,
            "value_specs": null
          },
          "sensitive_attributes": [],
          "identity_schema_version": 0,
          "private": "eyJlMmJmYjczMC1lY2FhLTExZTYtOGY4OC0zNDM2M2JjN2M0YzAiOnsiY3JlYXRlIjo2MDAwMDAwMDAwMDAsImRlbGV0ZSI6NjAwMDAwMDAwMDAwfX0=",
          "dependencies": [
            "module.network.openstack_networking_network_v2.networks"
          ],
          "create_before_destroy": true
        }
      ]
    },
    {
      "module": "module.vms",
      "mode": "data",
      "type": "openstack_networking_network_v2",
      "name": "external",
      "provider": "provider[\"registry.terraform.io/terraform-provider-openstack/openstack\"]",
      "instances": [
        {
          "schema_version": 0,
          "attributes": {
            "admin_state_up": "true",
            "all_tags": [],
            "availability_zone_hints": [],
            "description": "",
            "dns_domain": "",
            "external": true,
            "id": "7181cf6d-3e20-4fac-a7d1-7064e5fbb3a6",
            "matching_subnet_cidr": null,
            "mtu": 1500,
            "name": "public1",
            "network_id": null,
            "region": "RegionOne",
            "segments": [],
            "shared": "true",
            "status": null,
            "subnets": [
              "99d6340b-f730-4086-910d-e39faff556fa"
            ],
            "tags": null,
            "tenant_id": "15b9c9b9c8fe4dae9789ca3ffea6aaac",
            "transparent_vlan": false
          },
          "sensitive_attributes": [],
          "identity_schema_version": 0
        }
      ]
    },
    {
      "module": "module.vms",
      "mode": "managed",
      "type": "openstack_blockstorage_volume_v3",
      "name": "boot_volumes",
      "provider": "provider[\"registry.terraform.io/terraform-provider-openstack/openstack\"]",
      "instances": [
        {
          "index_key": "vm7",
          "schema_version": 0,
          "attributes": {
            "attachment": [
              {
                "device": "/dev/vda",
                "id": "5e5bcb0b-df4d-442c-b4f7-e8d1740d412a",
                "instance_id": "57faaec7-0db9-4d19-bb21-d807d2d112f4"
              }
            ],
            "availability_zone": "nova",
            "consistency_group_id": null,
            "description": "",
            "enable_online_resize": true,
            "id": "5e5bcb0b-df4d-442c-b4f7-e8d1740d412a",
            "image_id": null,
            "metadata": {},
            "multiattach": null,
            "name": "boot-vol-boot",
            "region": "RegionOne",
            "scheduler_hints": [],
            "size": 30,
            "snapshot_id": "882d7a0e-23e7-4112-99ba-481f4f1b15ba",
            "source_replica": null,
            "source_vol_id": "",
            "timeouts": null,
            "volume_type": "__DEFAULT__"
          },
          "sensitive_attributes": [],
          "identity_schema_version": 0,
          "private": "eyJlMmJmYjczMC1lY2FhLTExZTYtOGY4OC0zNDM2M2JjN2M0YzAiOnsiY3JlYXRlIjo2MDAwMDAwMDAwMDAsImRlbGV0ZSI6NjAwMDAwMDAwMDAwfX0=",
          "dependencies": [
            "module.network.openstack_networking_network_v2.networks",
            "module.network.openstack_networking_port_v2.ports",
            "module.network.openstack_networking_subnet_v2.subnets"
          ],
          "create_before_destroy": true
        }
      ]
    },
    {
      "module": "module.vms",
      "mode": "managed",
      "type": "openstack_blockstorage_volume_v3",
      "name": "data_volumes",
      "provider": "provider[\"registry.terraform.io/terraform-provider-openstack/openstack\"]",
      "instances": [
        {
          "index_key": "vm1-data-0",
          "schema_version": 0,
          "attributes": {
            "attachment": [
              {
                "device": "/dev/vdb",
                "id": "9328843b-0463-442c-bc96-73a7babe8eb7",
                "instance_id": "ca4cd5d5-ef27-41dc-a014-cb51c77dffa6"
              }
            ],
            "availability_zone": "nova",
            "consistency_group_id": null,
            "description": "Web data",
            "enable_online_resize": true,
            "id": "9328843b-0463-442c-bc96-73a7babe8eb7",
            "image_id": null,
            "metadata": {},
            "multiattach": null,
            "name": "web-server-subnet1-data-vm1-data-0",
            "region": "RegionOne",
            "scheduler_hints": [],
            "size": 30,
            "snapshot_id": "",
            "source_replica": null,
            "source_vol_id": "",
            "timeouts": null,
            "volume_type": "__DEFAULT__"
          },
          "sensitive_attributes": [],
          "identity_schema_version": 0,
          "private": "eyJlMmJmYjczMC1lY2FhLTExZTYtOGY4OC0zNDM2M2JjN2M0YzAiOnsiY3JlYXRlIjo2MDAwMDAwMDAwMDAsImRlbGV0ZSI6NjAwMDAwMDAwMDAwfX0=",
          "dependencies": [
            "module.network.openstack_networking_network_v2.networks",
            "module.network.openstack_networking_port_v2.ports",
            "module.network.openstack_networking_subnet_v2.subnets"
          ]
        },
        {
          "index_key": "vm12-data-0",
          "schema_version": 0,
          "attributes": {
            "attachment": [
              {
                "device": "/dev/vdb",
                "id": "f92cbdbf-395a-49d7-aac6-a96f54ec71a5",
                "instance_id": "d03fa73c-27b1-4b1c-a7ef-5dabe9dcd337"
              }
            ],
            "availability_zone": "nova",
            "consistency_group_id": null,
            "description": "Backend data",
            "enable_online_resize": true,
            "id": "f92cbdbf-395a-49d7-aac6-a96f54ec71a5",
            "image_id": null,
            "metadata": {},
            "multiattach": null,
            "name": "test-data-vm12-data-0",
            "region": "RegionOne",
            "scheduler_hints": [],
            "size": 50,
            "snapshot_id": "",
            "source_replica": null,
            "source_vol_id": "",
            "timeouts": null,
            "volume_type": "__DEFAULT__"
          },
          "sensitive_attributes": [],
          "identity_schema_version": 0,
          "private": "eyJlMmJmYjczMC1lY2FhLTExZTYtOGY4OC0zNDM2M2JjN2M0YzAiOnsiY3JlYXRlIjo2MDAwMDAwMDAwMDAsImRlbGV0ZSI6NjAwMDAwMDAwMDAwfX0=",
          "dependencies": [
            "module.network.openstack_networking_network_v2.networks",
            "module.network.openstack_networking_port_v2.ports",
            "module.network.openstack_networking_subnet_v2.subnets"
          ]
        },
        {
          "index_key": "vm13-data-0",
          "schema_version": 0,
          "attributes": {
            "attachment": [],
            "availability_zone": "nova",
            "consistency_group_id": null,
            "description": "Backend data",
            "enable_online_resize": true,
            "id": "33895fb3-5098-433a-a63d-232e16d3762c",
            "image_id": null,
            "metadata": {},
            "multiattach": null,
            "name": "net-3-data-vm13-data-0",
            "region": "RegionOne",
            "scheduler_hints": [],
            "size": 50,
            "snapshot_id": "",
            "source_replica": null,
            "source_vol_id": "",
            "timeouts": null,
            "volume_type": "__DEFAULT__"
          },
          "sensitive_attributes": [],
          "identity_schema_version": 0,
          "private": "eyJlMmJmYjczMC1lY2FhLTExZTYtOGY4OC0zNDM2M2JjN2M0YzAiOnsiY3JlYXRlIjo2MDAwMDAwMDAwMDAsImRlbGV0ZSI6NjAwMDAwMDAwMDAwfX0=",
          "dependencies": [
            "module.network.openstack_networking_network_v2.networks",
            "module.network.openstack_networking_port_v2.ports",
            "module.network.openstack_networking_subnet_v2.subnets"
          ]
        },
        {
          "index_key": "vm2-data-0",
          "schema_version": 0,
          "attributes": {
            "attachment": [
              {
                "device": "/dev/vdb",
                "id": "70072cff-5668-4013-86a2-aced9ec0e886",
                "instance_id": "2a09614e-1712-4b27-8552-8de6fdcdfd9c"
              }
            ],
            "availability_zone": "nova",
            "consistency_group_id": null,
            "description": "App data",
            "enable_online_resize": true,
            "id": "70072cff-5668-4013-86a2-aced9ec0e886",
            "image_id": null,
            "metadata": {},
            "multiattach": null,
            "name": "subnet2-3-data-vm2-data-0",
            "region": "RegionOne",
            "scheduler_hints": [],
            "size": 30,
            "snapshot_id": "",
            "source_replica": null,
            "source_vol_id": "",
            "timeouts": null,
            "volume_type": "__DEFAULT__"
          },
          "sensitive_attributes": [],
          "identity_schema_version": 0,
          "private": "eyJlMmJmYjczMC1lY2FhLTExZTYtOGY4OC0zNDM2M2JjN2M0YzAiOnsiY3JlYXRlIjo2MDAwMDAwMDAwMDAsImRlbGV0ZSI6NjAwMDAwMDAwMDAwfX0=",
          "dependencies": [
            "module.network.openstack_networking_network_v2.networks",
            "module.network.openstack_networking_port_v2.ports",
            "module.network.openstack_networking_subnet_v2.subnets"
          ]
        },
        {
          "index_key": "vm3-data-0",
          "schema_version": 0,
          "attributes": {
            "attachment": [
              {
                "device": "/dev/vdb",
                "id": "9a59ed0e-3a73-4b2e-bacb-564fca6e0450",
                "instance_id": "5f2e6c04-0d00-40bd-9f25-59012b61cd2d"
              }
            ],
            "availability_zone": "nova",
            "consistency_group_id": null,
            "description": "Database",
            "enable_online_resize": true,
            "id": "9a59ed0e-3a73-4b2e-bacb-564fca6e0450",
            "image_id": null,
            "metadata": {},
            "multiattach": null,
            "name": "subnet3-data-vm3-data-0",
            "region": "RegionOne",
            "scheduler_hints": [],
            "size": 100,
            "snapshot_id": "",
            "source_replica": null,
            "source_vol_id": "",
            "timeouts": null,
            "volume_type": "__DEFAULT__"
          },
          "sensitive_attributes": [],
          "identity_schema_version": 0,
          "private": "eyJlMmJmYjczMC1lY2FhLTExZTYtOGY4OC0zNDM2M2JjN2M0YzAiOnsiY3JlYXRlIjo2MDAwMDAwMDAwMDAsImRlbGV0ZSI6NjAwMDAwMDAwMDAwfX0=",
          "dependencies": [
            "module.network.openstack_networking_network_v2.networks",
            "module.network.openstack_networking_port_v2.ports",
            "module.network.openstack_networking_subnet_v2.subnets"
          ]
        },
        {
          "index_key": "vm4-data-0",
          "schema_version": 0,
          "attributes": {
            "attachment": [
              {
                "device": "/dev/vdb",
                "id": "01f55c1d-3163-45a0-9bbb-ef82971f0fe9",
                "instance_id": "f6853511-0535-4fdd-bfd1-b616bf5a1179"
              }
            ],
            "availability_zone": "nova",
            "consistency_group_id": null,
            "description": "Cache data",
            "enable_online_resize": true,
            "id": "01f55c1d-3163-45a0-9bbb-ef82971f0fe9",
            "image_id": null,
            "metadata": {},
            "multiattach": null,
            "name": "subnet4-data-vm4-data-0",
            "region": "RegionOne",
            "scheduler_hints": [],
            "size": 50,
            "snapshot_id": "",
            "source_replica": null,
            "source_vol_id": "",
            "timeouts": null,
            "volume_type": "__DEFAULT__"
          },
          "sensitive_attributes": [],
          "identity_schema_version": 0,
          "private": "eyJlMmJmYjczMC1lY2FhLTExZTYtOGY4OC0zNDM2M2JjN2M0YzAiOnsiY3JlYXRlIjo2MDAwMDAwMDAwMDAsImRlbGV0ZSI6NjAwMDAwMDAwMDAwfX0=",
          "dependencies": [
            "module.network.openstack_networking_network_v2.networks",
            "module.network.openstack_networking_port_v2.ports",
            "module.network.openstack_networking_subnet_v2.subnets"
          ]
        },
        {
          "index_key": "vm5-data-0",
          "schema_version": 0,
          "attributes": {
            "attachment": [
              {
                "device": "/dev/vdb",
                "id": "443c71de-50b7-4f3a-bb75-2377ec124dc7",
                "instance_id": "c233bd2d-5ead-4e93-b89e-b1b4fd9575a5"
              }
            ],
            "availability_zone": "nova",
            "consistency_group_id": null,
            "description": "Monitoring data",
            "enable_online_resize": true,
            "id": "443c71de-50b7-4f3a-bb75-2377ec124dc7",
            "image_id": null,
            "metadata": {},
            "multiattach": null,
            "name": "subnet5-data-vm5-data-0",
            "region": "RegionOne",
            "scheduler_hints": [],
            "size": 40,
            "snapshot_id": "",
            "source_replica": null,
            "source_vol_id": "",
            "timeouts": null,
            "volume_type": "__DEFAULT__"
          },
          "sensitive_attributes": [],
          "identity_schema_version": 0,
          "private": "eyJlMmJmYjczMC1lY2FhLTExZTYtOGY4OC0zNDM2M2JjN2M0YzAiOnsiY3JlYXRlIjo2MDAwMDAwMDAwMDAsImRlbGV0ZSI6NjAwMDAwMDAwMDAwfX0=",
          "dependencies": [
            "module.network.openstack_networking_network_v2.networks",
            "module.network.openstack_networking_port_v2.ports",
            "module.network.openstack_networking_subnet_v2.subnets"
          ]
        },
        {
          "index_key": "vm6-data-0",
          "schema_version": 0,
          "attributes": {
            "attachment": [
              {
                "device": "/dev/vdb",
                "id": "9bfc5e5e-6ef1-4c0a-8768-9f5488ee91c3",
                "instance_id": "1342d764-d393-468f-b9a3-ed2c790395e1"
              }
            ],
            "availability_zone": "nova",
            "consistency_group_id": null,
            "description": "Monitoring data",
            "enable_online_resize": true,
            "id": "9bfc5e5e-6ef1-4c0a-8768-9f5488ee91c3",
            "image_id": null,
            "metadata": {},
            "multiattach": null,
            "name": "subnet-22-data-vm6-data-0",
            "region": "RegionOne",
            "scheduler_hints": [],
            "size": 40,
            "snapshot_id": "",
            "source_replica": null,
            "source_vol_id": "",
            "timeouts": null,
            "volume_type": "__DEFAULT__"
          },
          "sensitive_attributes": [],
          "identity_schema_version": 0,
          "private": "eyJlMmJmYjczMC1lY2FhLTExZTYtOGY4OC0zNDM2M2JjN2M0YzAiOnsiY3JlYXRlIjo2MDAwMDAwMDAwMDAsImRlbGV0ZSI6NjAwMDAwMDAwMDAwfX0=",
          "dependencies": [
            "module.network.openstack_networking_network_v2.networks",
            "module.network.openstack_networking_port_v2.ports",
            "module.network.openstack_networking_subnet_v2.subnets"
          ]
        },
        {
          "index_key": "vm7-data-0",
          "schema_version": 0,
          "attributes": {
            "attachment": [
              {
                "device": "/dev/vdb",
                "id": "c88b9c93-9316-4e52-b814-3bc79a040310",
                "instance_id": "57faaec7-0db9-4d19-bb21-d807d2d112f4"
              }
            ],
            "availability_zone": "nova",
            "consistency_group_id": null,
            "description": "Web data",
            "enable_online_resize": true,
            "id": "c88b9c93-9316-4e52-b814-3bc79a040310",
            "image_id": null,
            "metadata": {},
            "multiattach": null,
            "name": "boot-vol-data-vm7-data-0",
            "region": "RegionOne",
            "scheduler_hints": [],
            "size": 30,
            "snapshot_id": "",
            "source_replica": null,
            "source_vol_id": "",
            "timeouts": null,
            "volume_type": "__DEFAULT__"
          },
          "sensitive_attributes": [],
          "identity_schema_version": 0,
          "private": "eyJlMmJmYjczMC1lY2FhLTExZTYtOGY4OC0zNDM2M2JjN2M0YzAiOnsiY3JlYXRlIjo2MDAwMDAwMDAwMDAsImRlbGV0ZSI6NjAwMDAwMDAwMDAwfX0=",
          "dependencies": [
            "module.network.openstack_networking_network_v2.networks",
            "module.network.openstack_networking_port_v2.ports",
            "module.network.openstack_networking_subnet_v2.subnets"
          ]
        },
        {
          "index_key": "vm8-data-0",
          "schema_version": 0,
          "attributes": {
            "attachment": [
              {
                "device": "/dev/vdb",
                "id": "a68cd583-911e-4c71-8dc2-11e86d751381",
                "instance_id": "abcd4840-524e-48c1-8b91-77e120cfeb20"
              }
            ],
            "availability_zone": "nova",
            "consistency_group_id": null,
            "description": "Backend data",
            "enable_online_resize": true,
            "id": "a68cd583-911e-4c71-8dc2-11e86d751381",
            "image_id": null,
            "metadata": {},
            "multiattach": null,
            "name": "net3-data-vm8-data-0",
            "region": "RegionOne",
            "scheduler_hints": [],
            "size": 50,
            "snapshot_id": "",
            "source_replica": null,
            "source_vol_id": "",
            "timeouts": null,
            "volume_type": "__DEFAULT__"
          },
          "sensitive_attributes": [],
          "identity_schema_version": 0,
          "private": "eyJlMmJmYjczMC1lY2FhLTExZTYtOGY4OC0zNDM2M2JjN2M0YzAiOnsiY3JlYXRlIjo2MDAwMDAwMDAwMDAsImRlbGV0ZSI6NjAwMDAwMDAwMDAwfX0=",
          "dependencies": [
            "module.network.openstack_networking_network_v2.networks",
            "module.network.openstack_networking_port_v2.ports",
            "module.network.openstack_networking_subnet_v2.subnets"
          ]
        }
      ]
    },
    {
      "module": "module.vms",
      "mode": "managed",
      "type": "openstack_compute_floatingip_associate_v2",
      "name": "fip_assoc",
      "provider": "provider[\"registry.terraform.io/terraform-provider-openstack/openstack\"]",
      "instances": [
        {
          "index_key": "vm1",
          "schema_version": 0,
          "attributes": {
            "fixed_ip": "",
            "floating_ip": "172.20.1.72",
            "id": "172.20.1.72/ca4cd5d5-ef27-41dc-a014-cb51c77dffa6/",
            "instance_id": "ca4cd5d5-ef27-41dc-a014-cb51c77dffa6",
            "region": "RegionOne",
            "timeouts": null,
            "wait_until_associated": null
          },
          "sensitive_attributes": [],
          "identity_schema_version": 0,
          "private": "eyJlMmJmYjczMC1lY2FhLTExZTYtOGY4OC0zNDM2M2JjN2M0YzAiOnsiY3JlYXRlIjo2MDAwMDAwMDAwMDB9fQ==",
          "dependencies": [
            "module.network.openstack_networking_network_v2.networks",
            "module.network.openstack_networking_port_v2.ports",
            "module.network.openstack_networking_subnet_v2.subnets",
            "module.vms.data.openstack_networking_network_v2.existing",
            "module.vms.data.openstack_networking_network_v2.external",
            "module.vms.openstack_blockstorage_volume_v3.boot_volumes",
            "module.vms.openstack_compute_instance_v2.vms",
            "module.vms.openstack_networking_floatingip_v2.fips"
          ]
        },
        {
          "index_key": "vm12",
          "schema_version": 0,
          "attributes": {
            "fixed_ip": "",
            "floating_ip": "172.20.1.56",
            "id": "172.20.1.56/d03fa73c-27b1-4b1c-a7ef-5dabe9dcd337/",
            "instance_id": "d03fa73c-27b1-4b1c-a7ef-5dabe9dcd337",
            "region": "RegionOne",
            "timeouts": null,
            "wait_until_associated": null
          },
          "sensitive_attributes": [],
          "identity_schema_version": 0,
          "private": "eyJlMmJmYjczMC1lY2FhLTExZTYtOGY4OC0zNDM2M2JjN2M0YzAiOnsiY3JlYXRlIjo2MDAwMDAwMDAwMDB9fQ==",
          "dependencies": [
            "module.network.openstack_networking_network_v2.networks",
            "module.network.openstack_networking_port_v2.ports",
            "module.network.openstack_networking_subnet_v2.subnets",
            "module.vms.data.openstack_networking_network_v2.existing",
            "module.vms.data.openstack_networking_network_v2.external",
            "module.vms.openstack_blockstorage_volume_v3.boot_volumes",
            "module.vms.openstack_compute_instance_v2.vms",
            "module.vms.openstack_networking_floatingip_v2.fips"
          ]
        },
        {
          "index_key": "vm13",
          "schema_version": 0,
          "attributes": {
            "fixed_ip": "",
            "floating_ip": "172.20.1.73",
            "id": "172.20.1.73/91dea492-1680-40c9-9e39-88fb5407b15d/",
            "instance_id": "91dea492-1680-40c9-9e39-88fb5407b15d",
            "region": "RegionOne",
            "timeouts": null,
            "wait_until_associated": null
          },
          "sensitive_attributes": [],
          "identity_schema_version": 0,
          "private": "eyJlMmJmYjczMC1lY2FhLTExZTYtOGY4OC0zNDM2M2JjN2M0YzAiOnsiY3JlYXRlIjo2MDAwMDAwMDAwMDB9fQ==",
          "dependencies": [
            "module.network.openstack_networking_network_v2.networks",
            "module.network.openstack_networking_port_v2.ports",
            "module.network.openstack_networking_subnet_v2.subnets",
            "module.vms.data.openstack_networking_network_v2.existing",
            "module.vms.data.openstack_networking_network_v2.external",
            "module.vms.openstack_blockstorage_volume_v3.boot_volumes",
            "module.vms.openstack_compute_instance_v2.vms",
            "module.vms.openstack_networking_floatingip_v2.fips"
          ]
        },
        {
          "index_key": "vm2",
          "schema_version": 0,
          "attributes": {
            "fixed_ip": "",
            "floating_ip": "172.20.1.68",
            "id": "172.20.1.68/2a09614e-1712-4b27-8552-8de6fdcdfd9c/",
            "instance_id": "2a09614e-1712-4b27-8552-8de6fdcdfd9c",
            "region": "RegionOne",
            "timeouts": null,
            "wait_until_associated": null
          },
          "sensitive_attributes": [],
          "identity_schema_version": 0,
          "private": "eyJlMmJmYjczMC1lY2FhLTExZTYtOGY4OC0zNDM2M2JjN2M0YzAiOnsiY3JlYXRlIjo2MDAwMDAwMDAwMDB9fQ==",
          "dependencies": [
            "module.network.openstack_networking_network_v2.networks",
            "module.network.openstack_networking_port_v2.ports",
            "module.network.openstack_networking_subnet_v2.subnets",
            "module.vms.data.openstack_networking_network_v2.existing",
            "module.vms.data.openstack_networking_network_v2.external",
            "module.vms.openstack_blockstorage_volume_v3.boot_volumes",
            "module.vms.openstack_compute_instance_v2.vms",
            "module.vms.openstack_networking_floatingip_v2.fips"
          ]
        },
        {
          "index_key": "vm5",
          "schema_version": 0,
          "attributes": {
            "fixed_ip": "",
            "floating_ip": "172.20.1.179",
            "id": "172.20.1.179/c233bd2d-5ead-4e93-b89e-b1b4fd9575a5/",
            "instance_id": "c233bd2d-5ead-4e93-b89e-b1b4fd9575a5",
            "region": "RegionOne",
            "timeouts": null,
            "wait_until_associated": null
          },
          "sensitive_attributes": [],
          "identity_schema_version": 0,
          "private": "eyJlMmJmYjczMC1lY2FhLTExZTYtOGY4OC0zNDM2M2JjN2M0YzAiOnsiY3JlYXRlIjo2MDAwMDAwMDAwMDB9fQ==",
          "dependencies": [
            "module.network.openstack_networking_network_v2.networks",
            "module.network.openstack_networking_port_v2.ports",
            "module.network.openstack_networking_subnet_v2.subnets",
            "module.vms.data.openstack_networking_network_v2.existing",
            "module.vms.data.openstack_networking_network_v2.external",
            "module.vms.openstack_blockstorage_volume_v3.boot_volumes",
            "module.vms.openstack_compute_instance_v2.vms",
            "module.vms.openstack_networking_floatingip_v2.fips"
          ]
        },
        {
          "index_key": "vm6",
          "schema_version": 0,
          "attributes": {
            "fixed_ip": "",
            "floating_ip": "172.20.1.196",
            "id": "172.20.1.196/1342d764-d393-468f-b9a3-ed2c790395e1/",
            "instance_id": "1342d764-d393-468f-b9a3-ed2c790395e1",
            "region": "RegionOne",
            "timeouts": null,
            "wait_until_associated": null
          },
          "sensitive_attributes": [],
          "identity_schema_version": 0,
          "private": "eyJlMmJmYjczMC1lY2FhLTExZTYtOGY4OC0zNDM2M2JjN2M0YzAiOnsiY3JlYXRlIjo2MDAwMDAwMDAwMDB9fQ==",
          "dependencies": [
            "module.network.openstack_networking_network_v2.networks",
            "module.network.openstack_networking_port_v2.ports",
            "module.network.openstack_networking_subnet_v2.subnets",
            "module.vms.data.openstack_networking_network_v2.existing",
            "module.vms.data.openstack_networking_network_v2.external",
            "module.vms.openstack_blockstorage_volume_v3.boot_volumes",
            "module.vms.openstack_compute_instance_v2.vms",
            "module.vms.openstack_networking_floatingip_v2.fips"
          ]
        },
        {
          "index_key": "vm7",
          "schema_version": 0,
          "attributes": {
            "fixed_ip": "",
            "floating_ip": "172.20.1.198",
            "id": "172.20.1.198/57faaec7-0db9-4d19-bb21-d807d2d112f4/",
            "instance_id": "57faaec7-0db9-4d19-bb21-d807d2d112f4",
            "region": "RegionOne",
            "timeouts": null,
            "wait_until_associated": null
          },
          "sensitive_attributes": [],
          "identity_schema_version": 0,
          "private": "eyJlMmJmYjczMC1lY2FhLTExZTYtOGY4OC0zNDM2M2JjN2M0YzAiOnsiY3JlYXRlIjo2MDAwMDAwMDAwMDB9fQ==",
          "dependencies": [
            "module.network.openstack_networking_network_v2.networks",
            "module.network.openstack_networking_port_v2.ports",
            "module.network.openstack_networking_subnet_v2.subnets",
            "module.vms.data.openstack_networking_network_v2.existing",
            "module.vms.data.openstack_networking_network_v2.external",
            "module.vms.openstack_blockstorage_volume_v3.boot_volumes",
            "module.vms.openstack_compute_instance_v2.vms",
            "module.vms.openstack_networking_floatingip_v2.fips"
          ]
        }
      ]
    },
    {
      "module": "module.vms",
      "mode": "managed",
      "type": "openstack_compute_instance_v2",
      "name": "vms",
      "provider": "provider[\"registry.terraform.io/terraform-provider-openstack/openstack\"]",
      "instances": [
        {
          "index_key": "vm1",
          "schema_version": 0,
          "attributes": {
            "access_ip_v4": "10.10.1.36",
            "access_ip_v6": "",
            "admin_pass": null,
            "all_metadata": {
              "environment": "test"
            },
            "all_tags": [],
            "availability_zone": "nova",
            "availability_zone_hints": null,
            "block_device": [],
            "config_drive": null,
            "created": "2025-12-22 10:54:49 +0000 UTC",
            "flavor_id": "3",
            "flavor_name": "m1.medium",
            "floating_ip": null,
            "force_delete": false,
            "id": "ca4cd5d5-ef27-41dc-a014-cb51c77dffa6",
            "image_id": "ffa49bc6-3dc4-4da9-beac-dad078d6e71e",
            "image_name": "ubuntu",
            "key_pair": "test",
            "metadata": {
              "environment": "test"
            },
            "name": "web-server-subnet1",
            "network": [
              {
                "access_network": false,
                "fixed_ip_v4": "10.10.1.36",
                "fixed_ip_v6": "",
                "floating_ip": "",
                "mac": "fa:16:3e:8a:a0:f6",
                "name": "network-1",
                "port": "81f43e87-129d-4fc6-9ebb-7237c6e48c17",
                "uuid": "9b6cb413-fe91-4786-8b10-10cc756e0eec"
              }
            ],
            "network_mode": null,
            "personality": [],
            "power_state": "active",
            "region": "RegionOne",
            "scheduler_hints": [],
            "security_groups": [
              "default",
              "test-user"
            ],
            "stop_before_destroy": false,
            "tags": [],
            "timeouts": null,
            "updated": "2025-12-22 10:55:17 +0000 UTC",
            "user_data": "",
            "vendor_options": [],
            "volume": []
          },
          "sensitive_attributes": [
            [
              {
                "type": "get_attr",
                "value": "admin_pass"
              }
            ]
          ],
          "identity_schema_version": 0,
          "private": "eyJlMmJmYjczMC1lY2FhLTExZTYtOGY4OC0zNDM2M2JjN2M0YzAiOnsiY3JlYXRlIjoxODAwMDAwMDAwMDAwLCJkZWxldGUiOjE4MDAwMDAwMDAwMDAsInVwZGF0ZSI6MTgwMDAwMDAwMDAwMH19",
          "dependencies": [
            "module.network.openstack_networking_network_v2.networks",
            "module.network.openstack_networking_port_v2.ports",
            "module.network.openstack_networking_subnet_v2.subnets",
            "module.vms.data.openstack_networking_network_v2.existing",
            "module.vms.openstack_blockstorage_volume_v3.boot_volumes"
          ],
          "create_before_destroy": true
        },
        {
          "index_key": "vm12",
          "schema_version": 0,
          "attributes": {
            "access_ip_v4": "10.20.3.243",
            "access_ip_v6": "",
            "admin_pass": null,
            "all_metadata": {
              "environment": "test"
            },
            "all_tags": [],
            "availability_zone": "nova",
            "availability_zone_hints": null,
            "block_device": [],
            "config_drive": null,
            "created": "2025-12-22 10:54:50 +0000 UTC",
            "flavor_id": "4",
            "flavor_name": "m1.large",
            "floating_ip": null,
            "force_delete": false,
            "id": "d03fa73c-27b1-4b1c-a7ef-5dabe9dcd337",
            "image_id": "ffa49bc6-3dc4-4da9-beac-dad078d6e71e",
            "image_name": "ubuntu",
            "key_pair": "test",
            "metadata": {
              "environment": "test"
            },
            "name": "test",
            "network": [
              {
                "access_network": false,
                "fixed_ip_v4": "10.20.3.243",
                "fixed_ip_v6": "",
                "floating_ip": "",
                "mac": "fa:16:3e:c1:ac:10",
                "name": "network-2",
                "port": "a2395afc-dfd9-43f0-9288-83b384ec93df",
                "uuid": "6785b3ec-ad58-4745-a911-1e26d8e22a14"
              }
            ],
            "network_mode": null,
            "personality": [],
            "power_state": "active",
            "region": "RegionOne",
            "scheduler_hints": [],
            "security_groups": [
              "default"
            ],
            "stop_before_destroy": false,
            "tags": [],
            "timeouts": null,
            "updated": "2025-12-22 10:55:22 +0000 UTC",
            "user_data": "c988166c5b09efe7029ba381a449b3a0f50b7495",
            "vendor_options": [],
            "volume": []
          },
          "sensitive_attributes": [
            [
              {
                "type": "get_attr",
                "value": "admin_pass"
              }
            ]
          ],
          "identity_schema_version": 0,
          "private": "eyJlMmJmYjczMC1lY2FhLTExZTYtOGY4OC0zNDM2M2JjN2M0YzAiOnsiY3JlYXRlIjoxODAwMDAwMDAwMDAwLCJkZWxldGUiOjE4MDAwMDAwMDAwMDAsInVwZGF0ZSI6MTgwMDAwMDAwMDAwMH19",
          "dependencies": [
            "module.network.openstack_networking_network_v2.networks",
            "module.network.openstack_networking_port_v2.ports",
            "module.network.openstack_networking_subnet_v2.subnets",
            "module.vms.data.openstack_networking_network_v2.existing",
            "module.vms.openstack_blockstorage_volume_v3.boot_volumes"
          ],
          "create_before_destroy": true
        },
        {
          "index_key": "vm13",
          "schema_version": 0,
          "attributes": {
            "access_ip_v4": "10.30.3.171",
            "access_ip_v6": "",
            "admin_pass": null,
            "all_metadata": {
              "environment": "test"
            },
            "all_tags": [],
            "availability_zone": "nova",
            "availability_zone_hints": null,
            "block_device": [],
            "config_drive": null,
            "created": "2025-12-22 12:12:39 +0000 UTC",
            "flavor_id": "4",
            "flavor_name": "m1.large",
            "floating_ip": null,
            "force_delete": false,
            "id": "91dea492-1680-40c9-9e39-88fb5407b15d",
            "image_id": "ffa49bc6-3dc4-4da9-beac-dad078d6e71e",
            "image_name": "ubuntu",
            "key_pair": "test",
            "metadata": {
              "environment": "test"
            },
            "name": "net-3",
            "network": [
              {
                "access_network": false,
                "fixed_ip_v4": "10.30.3.171",
                "fixed_ip_v6": "",
                "floating_ip": "",
                "mac": "fa:16:3e:31:7e:ec",
                "name": "network-3",
                "port": "9c1693ba-3cd6-4590-b656-bc059675825c",
                "uuid": "bf3e9fb0-de21-4d82-b1c9-265eb9d78a40"
              }
            ],
            "network_mode": null,
            "personality": [],
            "power_state": "active",
            "region": "RegionOne",
            "scheduler_hints": [],
            "security_groups": [
              "default"
            ],
            "stop_before_destroy": false,
            "tags": null,
            "timeouts": null,
            "updated": "2025-12-22 12:12:53 +0000 UTC",
            "user_data": "c988166c5b09efe7029ba381a449b3a0f50b7495",
            "vendor_options": [],
            "volume": []
          },
          "sensitive_attributes": [
            [
              {
                "type": "get_attr",
                "value": "admin_pass"
              }
            ]
          ],
          "identity_schema_version": 0,
          "private": "eyJlMmJmYjczMC1lY2FhLTExZTYtOGY4OC0zNDM2M2JjN2M0YzAiOnsiY3JlYXRlIjoxODAwMDAwMDAwMDAwLCJkZWxldGUiOjE4MDAwMDAwMDAwMDAsInVwZGF0ZSI6MTgwMDAwMDAwMDAwMH19",
          "dependencies": [
            "module.network.openstack_networking_network_v2.networks",
            "module.network.openstack_networking_port_v2.ports",
            "module.network.openstack_networking_subnet_v2.subnets",
            "module.vms.data.openstack_networking_network_v2.existing",
            "module.vms.openstack_blockstorage_volume_v3.boot_volumes"
          ],
          "create_before_destroy": true
        },
        {
          "index_key": "vm2",
          "schema_version": 0,
          "attributes": {
            "access_ip_v4": "10.10.2.50",
            "access_ip_v6": "",
            "admin_pass": null,
            "all_metadata": {
              "environment": "test"
            },
            "all_tags": [],
            "availability_zone": "nova",
            "availability_zone_hints": null,
            "block_device": [],
            "config_drive": null,
            "created": "2025-12-22 10:54:49 +0000 UTC",
            "flavor_id": "3",
            "flavor_name": "m1.medium",
            "floating_ip": null,
            "force_delete": false,
            "id": "2a09614e-1712-4b27-8552-8de6fdcdfd9c",
            "image_id": "ffa49bc6-3dc4-4da9-beac-dad078d6e71e",
            "image_name": "ubuntu",
            "key_pair": "test",
            "metadata": {
              "environment": "test"
            },
            "name": "subnet2-3",
            "network": [
              {
                "access_network": false,
                "fixed_ip_v4": "10.10.2.50",
                "fixed_ip_v6": "",
                "floating_ip": "",
                "mac": "fa:16:3e:01:b3:f5",
                "name": "network-1",
                "port": "fff46abb-6165-438c-a2a2-511730b6b77d",
                "uuid": "9b6cb413-fe91-4786-8b10-10cc756e0eec"
              }
            ],
            "network_mode": null,
            "personality": [],
            "power_state": "active",
            "region": "RegionOne",
            "scheduler_hints": [],
            "security_groups": [
              "default"
            ],
            "stop_before_destroy": false,
            "tags": [],
            "timeouts": null,
            "updated": "2025-12-22 10:55:07 +0000 UTC",
            "user_data": "c988166c5b09efe7029ba381a449b3a0f50b7495",
            "vendor_options": [],
            "volume": []
          },
          "sensitive_attributes": [
            [
              {
                "type": "get_attr",
                "value": "admin_pass"
              }
            ]
          ],
          "identity_schema_version": 0,
          "private": "eyJlMmJmYjczMC1lY2FhLTExZTYtOGY4OC0zNDM2M2JjN2M0YzAiOnsiY3JlYXRlIjoxODAwMDAwMDAwMDAwLCJkZWxldGUiOjE4MDAwMDAwMDAwMDAsInVwZGF0ZSI6MTgwMDAwMDAwMDAwMH19",
          "dependencies": [
            "module.network.openstack_networking_network_v2.networks",
            "module.network.openstack_networking_port_v2.ports",
            "module.network.openstack_networking_subnet_v2.subnets",
            "module.vms.data.openstack_networking_network_v2.existing",
            "module.vms.openstack_blockstorage_volume_v3.boot_volumes"
          ],
          "create_before_destroy": true
        },
        {
          "index_key": "vm3",
          "schema_version": 0,
          "attributes": {
            "access_ip_v4": "10.10.3.69",
            "access_ip_v6": "",
            "admin_pass": null,
            "all_metadata": {
              "environment": "test"
            },
            "all_tags": [],
            "availability_zone": "nova",
            "availability_zone_hints": null,
            "block_device": [],
            "config_drive": null,
            "created": "2025-12-22 10:54:49 +0000 UTC",
            "flavor_id": "4",
            "flavor_name": "m1.large",
            "floating_ip": null,
            "force_delete": false,
            "id": "5f2e6c04-0d00-40bd-9f25-59012b61cd2d",
            "image_id": "ffa49bc6-3dc4-4da9-beac-dad078d6e71e",
            "image_name": "ubuntu",
            "key_pair": "test",
            "metadata": {
              "environment": "test"
            },
            "name": "subnet3",
            "network": [
              {
                "access_network": false,
                "fixed_ip_v4": "10.10.3.69",
                "fixed_ip_v6": "",
                "floating_ip": "",
                "mac": "fa:16:3e:78:3b:ea",
                "name": "network-1",
                "port": "05caedcc-7b43-44af-acad-8cbe9501c743",
                "uuid": "9b6cb413-fe91-4786-8b10-10cc756e0eec"
              }
            ],
            "network_mode": null,
            "personality": [],
            "power_state": "active",
            "region": "RegionOne",
            "scheduler_hints": [],
            "security_groups": [
              "default"
            ],
            "stop_before_destroy": false,
            "tags": [],
            "timeouts": null,
            "updated": "2025-12-22 10:55:15 +0000 UTC",
            "user_data": "c988166c5b09efe7029ba381a449b3a0f50b7495",
            "vendor_options": [],
            "volume": []
          },
          "sensitive_attributes": [
            [
              {
                "type": "get_attr",
                "value": "admin_pass"
              }
            ]
          ],
          "identity_schema_version": 0,
          "private": "eyJlMmJmYjczMC1lY2FhLTExZTYtOGY4OC0zNDM2M2JjN2M0YzAiOnsiY3JlYXRlIjoxODAwMDAwMDAwMDAwLCJkZWxldGUiOjE4MDAwMDAwMDAwMDAsInVwZGF0ZSI6MTgwMDAwMDAwMDAwMH19",
          "dependencies": [
            "module.network.openstack_networking_network_v2.networks",
            "module.network.openstack_networking_port_v2.ports",
            "module.network.openstack_networking_subnet_v2.subnets",
            "module.vms.data.openstack_networking_network_v2.existing",
            "module.vms.openstack_blockstorage_volume_v3.boot_volumes"
          ],
          "create_before_destroy": true
        },
        {
          "index_key": "vm4",
          "schema_version": 0,
          "attributes": {
            "access_ip_v4": "10.10.4.100",
            "access_ip_v6": "",
            "admin_pass": null,
            "all_metadata": {
              "environment": "test"
            },
            "all_tags": [],
            "availability_zone": "nova",
            "availability_zone_hints": null,
            "block_device": [],
            "config_drive": null,
            "created": "2025-12-22 10:54:49 +0000 UTC",
            "flavor_id": "2",
            "flavor_name": "m1.small",
            "floating_ip": null,
            "force_delete": false,
            "id": "f6853511-0535-4fdd-bfd1-b616bf5a1179",
            "image_id": "ffa49bc6-3dc4-4da9-beac-dad078d6e71e",
            "image_name": "ubuntu",
            "key_pair": "test",
            "metadata": {
              "environment": "test"
            },
            "name": "subnet4",
            "network": [
              {
                "access_network": false,
                "fixed_ip_v4": "10.10.4.100",
                "fixed_ip_v6": "",
                "floating_ip": "",
                "mac": "fa:16:3e:f5:f8:9e",
                "name": "network-1",
                "port": "d23cb9a9-1d60-4569-85e7-e2437c5ed49b",
                "uuid": "9b6cb413-fe91-4786-8b10-10cc756e0eec"
              }
            ],
            "network_mode": null,
            "personality": [],
            "power_state": "active",
            "region": "RegionOne",
            "scheduler_hints": [],
            "security_groups": [
              "default"
            ],
            "stop_before_destroy": false,
            "tags": [],
            "timeouts": null,
            "updated": "2025-12-22 10:55:11 +0000 UTC",
            "user_data": "c988166c5b09efe7029ba381a449b3a0f50b7495",
            "vendor_options": [],
            "volume": []
          },
          "sensitive_attributes": [
            [
              {
                "type": "get_attr",
                "value": "admin_pass"
              }
            ]
          ],
          "identity_schema_version": 0,
          "private": "eyJlMmJmYjczMC1lY2FhLTExZTYtOGY4OC0zNDM2M2JjN2M0YzAiOnsiY3JlYXRlIjoxODAwMDAwMDAwMDAwLCJkZWxldGUiOjE4MDAwMDAwMDAwMDAsInVwZGF0ZSI6MTgwMDAwMDAwMDAwMH19",
          "dependencies": [
            "module.network.openstack_networking_network_v2.networks",
            "module.network.openstack_networking_port_v2.ports",
            "module.network.openstack_networking_subnet_v2.subnets",
            "module.vms.data.openstack_networking_network_v2.existing",
            "module.vms.openstack_blockstorage_volume_v3.boot_volumes"
          ],
          "create_before_destroy": true
        },
        {
          "index_key": "vm5",
          "schema_version": 0,
          "attributes": {
            "access_ip_v4": "10.10.5.98",
            "access_ip_v6": "",
            "admin_pass": null,
            "all_metadata": {
              "environment": "test"
            },
            "all_tags": [],
            "availability_zone": "nova",
            "availability_zone_hints": null,
            "block_device": [],
            "config_drive": null,
            "created": "2025-12-22 10:54:49 +0000 UTC",
            "flavor_id": "3",
            "flavor_name": "m1.medium",
            "floating_ip": null,
            "force_delete": false,
            "id": "c233bd2d-5ead-4e93-b89e-b1b4fd9575a5",
            "image_id": "ffa49bc6-3dc4-4da9-beac-dad078d6e71e",
            "image_name": "ubuntu",
            "key_pair": "test",
            "metadata": {
              "environment": "test"
            },
            "name": "subnet5",
            "network": [
              {
                "access_network": false,
                "fixed_ip_v4": "10.10.5.98",
                "fixed_ip_v6": "",
                "floating_ip": "",
                "mac": "fa:16:3e:9f:c0:ec",
                "name": "network-1",
                "port": "726277e5-932d-4495-8d5d-9fa4fc296856",
                "uuid": "9b6cb413-fe91-4786-8b10-10cc756e0eec"
              }
            ],
            "network_mode": null,
            "personality": [],
            "power_state": "active",
            "region": "RegionOne",
            "scheduler_hints": [],
            "security_groups": [
              "default"
            ],
            "stop_before_destroy": false,
            "tags": [],
            "timeouts": null,
            "updated": "2025-12-22 10:55:04 +0000 UTC",
            "user_data": "c988166c5b09efe7029ba381a449b3a0f50b7495",
            "vendor_options": [],
            "volume": []
          },
          "sensitive_attributes": [
            [
              {
                "type": "get_attr",
                "value": "admin_pass"
              }
            ]
          ],
          "identity_schema_version": 0,
          "private": "eyJlMmJmYjczMC1lY2FhLTExZTYtOGY4OC0zNDM2M2JjN2M0YzAiOnsiY3JlYXRlIjoxODAwMDAwMDAwMDAwLCJkZWxldGUiOjE4MDAwMDAwMDAwMDAsInVwZGF0ZSI6MTgwMDAwMDAwMDAwMH19",
          "dependencies": [
            "module.network.openstack_networking_network_v2.networks",
            "module.network.openstack_networking_port_v2.ports",
            "module.network.openstack_networking_subnet_v2.subnets",
            "module.vms.data.openstack_networking_network_v2.existing",
            "module.vms.openstack_blockstorage_volume_v3.boot_volumes"
          ],
          "create_before_destroy": true
        },
        {
          "index_key": "vm6",
          "schema_version": 0,
          "attributes": {
            "access_ip_v4": "10.10.2.242",
            "access_ip_v6": "",
            "admin_pass": null,
            "all_metadata": {
              "environment": "test"
            },
            "all_tags": [],
            "availability_zone": "nova",
            "availability_zone_hints": null,
            "block_device": [],
            "config_drive": null,
            "created": "2025-12-22 10:54:50 +0000 UTC",
            "flavor_id": "3",
            "flavor_name": "m1.medium",
            "floating_ip": null,
            "force_delete": false,
            "id": "1342d764-d393-468f-b9a3-ed2c790395e1",
            "image_id": "ffa49bc6-3dc4-4da9-beac-dad078d6e71e",
            "image_name": "ubuntu",
            "key_pair": "test",
            "metadata": {
              "environment": "test"
            },
            "name": "subnet-22",
            "network": [
              {
                "access_network": false,
                "fixed_ip_v4": "10.10.2.242",
                "fixed_ip_v6": "",
                "floating_ip": "",
                "mac": "fa:16:3e:6a:aa:e3",
                "name": "network-1",
                "port": "80197305-f8b4-40d8-a02c-152a9cbd4987",
                "uuid": "9b6cb413-fe91-4786-8b10-10cc756e0eec"
              }
            ],
            "network_mode": null,
            "personality": [],
            "power_state": "active",
            "region": "RegionOne",
            "scheduler_hints": [],
            "security_groups": [
              "default"
            ],
            "stop_before_destroy": false,
            "tags": [],
            "timeouts": null,
            "updated": "2025-12-22 10:55:27 +0000 UTC",
            "user_data": "c988166c5b09efe7029ba381a449b3a0f50b7495",
            "vendor_options": [],
            "volume": []
          },
          "sensitive_attributes": [
            [
              {
                "type": "get_attr",
                "value": "admin_pass"
              }
            ]
          ],
          "identity_schema_version": 0,
          "private": "eyJlMmJmYjczMC1lY2FhLTExZTYtOGY4OC0zNDM2M2JjN2M0YzAiOnsiY3JlYXRlIjoxODAwMDAwMDAwMDAwLCJkZWxldGUiOjE4MDAwMDAwMDAwMDAsInVwZGF0ZSI6MTgwMDAwMDAwMDAwMH19",
          "dependencies": [
            "module.network.openstack_networking_network_v2.networks",
            "module.network.openstack_networking_port_v2.ports",
            "module.network.openstack_networking_subnet_v2.subnets",
            "module.vms.data.openstack_networking_network_v2.existing",
            "module.vms.openstack_blockstorage_volume_v3.boot_volumes"
          ],
          "create_before_destroy": true
        },
        {
          "index_key": "vm7",
          "schema_version": 0,
          "attributes": {
            "access_ip_v4": "10.10.3.238",
            "access_ip_v6": "",
            "admin_pass": null,
            "all_metadata": {
              "environment": "test"
            },
            "all_tags": [],
            "availability_zone": "nova",
            "availability_zone_hints": null,
            "block_device": [
              {
                "boot_index": 0,
                "delete_on_termination": false,
                "destination_type": "volume",
                "device_type": "",
                "disk_bus": "",
                "guest_format": "",
                "multiattach": false,
                "source_type": "volume",
                "uuid": "5e5bcb0b-df4d-442c-b4f7-e8d1740d412a",
                "volume_size": 0,
                "volume_type": ""
              }
            ],
            "config_drive": null,
            "created": "2025-12-22 10:54:50 +0000 UTC",
            "flavor_id": "3",
            "flavor_name": "m1.medium",
            "floating_ip": null,
            "force_delete": false,
            "id": "57faaec7-0db9-4d19-bb21-d807d2d112f4",
            "image_id": "Attempt to boot from volume - no image supplied",
            "image_name": null,
            "key_pair": "test",
            "metadata": {
              "environment": "test"
            },
            "name": "boot-vol",
            "network": [
              {
                "access_network": false,
                "fixed_ip_v4": "10.10.3.238",
                "fixed_ip_v6": "",
                "floating_ip": "",
                "mac": "fa:16:3e:66:e7:38",
                "name": "network-1",
                "port": "4357d147-9d37-4dd0-8b1f-7e40a0972e2c",
                "uuid": "9b6cb413-fe91-4786-8b10-10cc756e0eec"
              }
            ],
            "network_mode": null,
            "personality": [],
            "power_state": "active",
            "region": "RegionOne",
            "scheduler_hints": [],
            "security_groups": [
              "default"
            ],
            "stop_before_destroy": false,
            "tags": [],
            "timeouts": null,
            "updated": "2025-12-22 10:55:34 +0000 UTC",
            "user_data": "c988166c5b09efe7029ba381a449b3a0f50b7495",
            "vendor_options": [],
            "volume": []
          },
          "sensitive_attributes": [
            [
              {
                "type": "get_attr",
                "value": "admin_pass"
              }
            ]
          ],
          "identity_schema_version": 0,
          "private": "eyJlMmJmYjczMC1lY2FhLTExZTYtOGY4OC0zNDM2M2JjN2M0YzAiOnsiY3JlYXRlIjoxODAwMDAwMDAwMDAwLCJkZWxldGUiOjE4MDAwMDAwMDAwMDAsInVwZGF0ZSI6MTgwMDAwMDAwMDAwMH19",
          "dependencies": [
            "module.network.openstack_networking_network_v2.networks",
            "module.network.openstack_networking_port_v2.ports",
            "module.network.openstack_networking_subnet_v2.subnets",
            "module.vms.data.openstack_networking_network_v2.existing",
            "module.vms.openstack_blockstorage_volume_v3.boot_volumes"
          ],
          "create_before_destroy": true
        },
        {
          "index_key": "vm8",
          "schema_version": 0,
          "attributes": {
            "access_ip_v4": "10.20.1.50",
            "access_ip_v6": "",
            "admin_pass": null,
            "all_metadata": {
              "environment": "test"
            },
            "all_tags": [],
            "availability_zone": "nova",
            "availability_zone_hints": null,
            "block_device": [],
            "config_drive": null,
            "created": "2025-12-22 10:54:50 +0000 UTC",
            "flavor_id": "3",
            "flavor_name": "m1.medium",
            "floating_ip": null,
            "force_delete": false,
            "id": "abcd4840-524e-48c1-8b91-77e120cfeb20",
            "image_id": "ffa49bc6-3dc4-4da9-beac-dad078d6e71e",
            "image_name": "ubuntu",
            "key_pair": "test",
            "metadata": {
              "environment": "test"
            },
            "name": "net3",
            "network": [
              {
                "access_network": false,
                "fixed_ip_v4": "10.20.1.50",
                "fixed_ip_v6": "",
                "floating_ip": "",
                "mac": "fa:16:3e:47:52:73",
                "name": "network-2",
                "port": "2ab4d41a-2a73-4ef0-9da8-3cc30c02bcb6",
                "uuid": "6785b3ec-ad58-4745-a911-1e26d8e22a14"
              }
            ],
            "network_mode": null,
            "personality": [],
            "power_state": "active",
            "region": "RegionOne",
            "scheduler_hints": [],
            "security_groups": [
              "default"
            ],
            "stop_before_destroy": false,
            "tags": [],
            "timeouts": null,
            "updated": "2025-12-22 10:55:25 +0000 UTC",
            "user_data": "c988166c5b09efe7029ba381a449b3a0f50b7495",
            "vendor_options": [],
            "volume": []
          },
          "sensitive_attributes": [
            [
              {
                "type": "get_attr",
                "value": "admin_pass"
              }
            ]
          ],
          "identity_schema_version": 0,
          "private": "eyJlMmJmYjczMC1lY2FhLTExZTYtOGY4OC0zNDM2M2JjN2M0YzAiOnsiY3JlYXRlIjoxODAwMDAwMDAwMDAwLCJkZWxldGUiOjE4MDAwMDAwMDAwMDAsInVwZGF0ZSI6MTgwMDAwMDAwMDAwMH19",
          "dependencies": [
            "module.network.openstack_networking_network_v2.networks",
            "module.network.openstack_networking_port_v2.ports",
            "module.network.openstack_networking_subnet_v2.subnets",
            "module.vms.data.openstack_networking_network_v2.existing",
            "module.vms.openstack_blockstorage_volume_v3.boot_volumes"
          ],
          "create_before_destroy": true
        }
      ]
    },
    {
      "module": "module.vms",
      "mode": "managed",
      "type": "openstack_compute_interface_attach_v2",
      "name": "secondary_ports",
      "provider": "provider[\"registry.terraform.io/terraform-provider-openstack/openstack\"]",
      "instances": [
        {
          "index_key": "vm1-vm1_port_subnet2",
          "schema_version": 0,
          "attributes": {
            "fixed_ip": "10.10.2.136",
            "id": "ca4cd5d5-ef27-41dc-a014-cb51c77dffa6/f14b152d-e17e-4e24-9bd2-5930c7c63e31",
            "instance_id": "ca4cd5d5-ef27-41dc-a014-cb51c77dffa6",
            "network_id": "9b6cb413-fe91-4786-8b10-10cc756e0eec",
            "port_id": "f14b152d-e17e-4e24-9bd2-5930c7c63e31",
            "region": "RegionOne",
            "timeouts": null
          },
          "sensitive_attributes": [],
          "identity_schema_version": 0,
          "private": "eyJlMmJmYjczMC1lY2FhLTExZTYtOGY4OC0zNDM2M2JjN2M0YzAiOnsiY3JlYXRlIjo2MDAwMDAwMDAwMDAsImRlbGV0ZSI6NjAwMDAwMDAwMDAwfX0=",
          "dependencies": [
            "module.network.openstack_networking_network_v2.networks",
            "module.network.openstack_networking_port_v2.ports",
            "module.network.openstack_networking_subnet_v2.subnets",
            "module.vms.data.openstack_networking_network_v2.existing",
            "module.vms.openstack_blockstorage_volume_v3.boot_volumes",
            "module.vms.openstack_compute_instance_v2.vms"
          ]
        },
        {
          "index_key": "vm12-vm12_port_subnet2",
          "schema_version": 0,
          "attributes": {
            "fixed_ip": "10.10.4.18",
            "id": "d03fa73c-27b1-4b1c-a7ef-5dabe9dcd337/74435638-b31b-41bf-8f5c-7c8545bca79e",
            "instance_id": "d03fa73c-27b1-4b1c-a7ef-5dabe9dcd337",
            "network_id": "9b6cb413-fe91-4786-8b10-10cc756e0eec",
            "port_id": "74435638-b31b-41bf-8f5c-7c8545bca79e",
            "region": "RegionOne",
            "timeouts": null
          },
          "sensitive_attributes": [],
          "identity_schema_version": 0,
          "private": "eyJlMmJmYjczMC1lY2FhLTExZTYtOGY4OC0zNDM2M2JjN2M0YzAiOnsiY3JlYXRlIjo2MDAwMDAwMDAwMDAsImRlbGV0ZSI6NjAwMDAwMDAwMDAwfX0=",
          "dependencies": [
            "module.network.openstack_networking_network_v2.networks",
            "module.network.openstack_networking_port_v2.ports",
            "module.network.openstack_networking_subnet_v2.subnets",
            "module.vms.data.openstack_networking_network_v2.existing",
            "module.vms.openstack_blockstorage_volume_v3.boot_volumes",
            "module.vms.openstack_compute_instance_v2.vms"
          ]
        },
        {
          "index_key": "vm2-vm2_port_subnet2",
          "schema_version": 0,
          "attributes": {
            "fixed_ip": "10.10.3.51",
            "id": "2a09614e-1712-4b27-8552-8de6fdcdfd9c/7535c996-1bf5-40b1-b9c7-78b74e80d0cd",
            "instance_id": "2a09614e-1712-4b27-8552-8de6fdcdfd9c",
            "network_id": "9b6cb413-fe91-4786-8b10-10cc756e0eec",
            "port_id": "7535c996-1bf5-40b1-b9c7-78b74e80d0cd",
            "region": "RegionOne",
            "timeouts": null
          },
          "sensitive_attributes": [],
          "identity_schema_version": 0,
          "private": "eyJlMmJmYjczMC1lY2FhLTExZTYtOGY4OC0zNDM2M2JjN2M0YzAiOnsiY3JlYXRlIjo2MDAwMDAwMDAwMDAsImRlbGV0ZSI6NjAwMDAwMDAwMDAwfX0=",
          "dependencies": [
            "module.network.openstack_networking_network_v2.networks",
            "module.network.openstack_networking_port_v2.ports",
            "module.network.openstack_networking_subnet_v2.subnets",
            "module.vms.data.openstack_networking_network_v2.existing",
            "module.vms.openstack_blockstorage_volume_v3.boot_volumes",
            "module.vms.openstack_compute_instance_v2.vms"
          ]
        }
      ]
    },
    {
      "module": "module.vms",
      "mode": "managed",
      "type": "openstack_compute_volume_attach_v2",
      "name": "attach_data",
      "provider": "provider[\"registry.terraform.io/terraform-provider-openstack/openstack\"]",
      "instances": [
        {
          "index_key": "vm1-data-0",
          "schema_version": 0,
          "attributes": {
            "device": "/dev/vdb",
            "id": "ca4cd5d5-ef27-41dc-a014-cb51c77dffa6/9328843b-0463-442c-bc96-73a7babe8eb7",
            "instance_id": "ca4cd5d5-ef27-41dc-a014-cb51c77dffa6",
            "multiattach": null,
            "region": "RegionOne",
            "timeouts": null,
            "vendor_options": [],
            "volume_id": "9328843b-0463-442c-bc96-73a7babe8eb7"
          },
          "sensitive_attributes": [],
          "identity_schema_version": 0,
          "private": "eyJlMmJmYjczMC1lY2FhLTExZTYtOGY4OC0zNDM2M2JjN2M0YzAiOnsiY3JlYXRlIjo2MDAwMDAwMDAwMDAsImRlbGV0ZSI6NjAwMDAwMDAwMDAwfX0=",
          "dependencies": [
            "module.network.openstack_networking_network_v2.networks",
            "module.network.openstack_networking_port_v2.ports",
            "module.network.openstack_networking_subnet_v2.subnets",
            "module.vms.data.openstack_networking_network_v2.existing",
            "module.vms.openstack_blockstorage_volume_v3.boot_volumes",
            "module.vms.openstack_blockstorage_volume_v3.data_volumes",
            "module.vms.openstack_compute_instance_v2.vms"
          ]
        },
        {
          "index_key": "vm12-data-0",
          "schema_version": 0,
          "attributes": {
            "device": "/dev/vdb",
            "id": "d03fa73c-27b1-4b1c-a7ef-5dabe9dcd337/f92cbdbf-395a-49d7-aac6-a96f54ec71a5",
            "instance_id": "d03fa73c-27b1-4b1c-a7ef-5dabe9dcd337",
            "multiattach": null,
            "region": "RegionOne",
            "timeouts": null,
            "vendor_options": [],
            "volume_id": "f92cbdbf-395a-49d7-aac6-a96f54ec71a5"
          },
          "sensitive_attributes": [],
          "identity_schema_version": 0,
          "private": "eyJlMmJmYjczMC1lY2FhLTExZTYtOGY4OC0zNDM2M2JjN2M0YzAiOnsiY3JlYXRlIjo2MDAwMDAwMDAwMDAsImRlbGV0ZSI6NjAwMDAwMDAwMDAwfX0=",
          "dependencies": [
            "module.network.openstack_networking_network_v2.networks",
            "module.network.openstack_networking_port_v2.ports",
            "module.network.openstack_networking_subnet_v2.subnets",
            "module.vms.data.openstack_networking_network_v2.existing",
            "module.vms.openstack_blockstorage_volume_v3.boot_volumes",
            "module.vms.openstack_blockstorage_volume_v3.data_volumes",
            "module.vms.openstack_compute_instance_v2.vms"
          ]
        },
        {
          "index_key": "vm13-data-0",
          "schema_version": 0,
          "attributes": {
            "device": "/dev/vdb",
            "id": "91dea492-1680-40c9-9e39-88fb5407b15d/33895fb3-5098-433a-a63d-232e16d3762c",
            "instance_id": "91dea492-1680-40c9-9e39-88fb5407b15d",
            "multiattach": null,
            "region": "RegionOne",
            "timeouts": null,
            "vendor_options": [],
            "volume_id": "33895fb3-5098-433a-a63d-232e16d3762c"
          },
          "sensitive_attributes": [],
          "identity_schema_version": 0,
          "private": "eyJlMmJmYjczMC1lY2FhLTExZTYtOGY4OC0zNDM2M2JjN2M0YzAiOnsiY3JlYXRlIjo2MDAwMDAwMDAwMDAsImRlbGV0ZSI6NjAwMDAwMDAwMDAwfX0=",
          "dependencies": [
            "module.network.openstack_networking_network_v2.networks",
            "module.network.openstack_networking_port_v2.ports",
            "module.network.openstack_networking_subnet_v2.subnets",
            "module.vms.data.openstack_networking_network_v2.existing",
            "module.vms.openstack_blockstorage_volume_v3.boot_volumes",
            "module.vms.openstack_blockstorage_volume_v3.data_volumes",
            "module.vms.openstack_compute_instance_v2.vms"
          ]
        },
        {
          "index_key": "vm2-data-0",
          "schema_version": 0,
          "attributes": {
            "device": "/dev/vdb",
            "id": "2a09614e-1712-4b27-8552-8de6fdcdfd9c/70072cff-5668-4013-86a2-aced9ec0e886",
            "instance_id": "2a09614e-1712-4b27-8552-8de6fdcdfd9c",
            "multiattach": null,
            "region": "RegionOne",
            "timeouts": null,
            "vendor_options": [],
            "volume_id": "70072cff-5668-4013-86a2-aced9ec0e886"
          },
          "sensitive_attributes": [],
          "identity_schema_version": 0,
          "private": "eyJlMmJmYjczMC1lY2FhLTExZTYtOGY4OC0zNDM2M2JjN2M0YzAiOnsiY3JlYXRlIjo2MDAwMDAwMDAwMDAsImRlbGV0ZSI6NjAwMDAwMDAwMDAwfX0=",
          "dependencies": [
            "module.network.openstack_networking_network_v2.networks",
            "module.network.openstack_networking_port_v2.ports",
            "module.network.openstack_networking_subnet_v2.subnets",
            "module.vms.data.openstack_networking_network_v2.existing",
            "module.vms.openstack_blockstorage_volume_v3.boot_volumes",
            "module.vms.openstack_blockstorage_volume_v3.data_volumes",
            "module.vms.openstack_compute_instance_v2.vms"
          ]
        },
        {
          "index_key": "vm3-data-0",
          "schema_version": 0,
          "attributes": {
            "device": "/dev/vdb",
            "id": "5f2e6c04-0d00-40bd-9f25-59012b61cd2d/9a59ed0e-3a73-4b2e-bacb-564fca6e0450",
            "instance_id": "5f2e6c04-0d00-40bd-9f25-59012b61cd2d",
            "multiattach": null,
            "region": "RegionOne",
            "timeouts": null,
            "vendor_options": [],
            "volume_id": "9a59ed0e-3a73-4b2e-bacb-564fca6e0450"
          },
          "sensitive_attributes": [],
          "identity_schema_version": 0,
          "private": "eyJlMmJmYjczMC1lY2FhLTExZTYtOGY4OC0zNDM2M2JjN2M0YzAiOnsiY3JlYXRlIjo2MDAwMDAwMDAwMDAsImRlbGV0ZSI6NjAwMDAwMDAwMDAwfX0=",
          "dependencies": [
            "module.network.openstack_networking_network_v2.networks",
            "module.network.openstack_networking_port_v2.ports",
            "module.network.openstack_networking_subnet_v2.subnets",
            "module.vms.data.openstack_networking_network_v2.existing",
            "module.vms.openstack_blockstorage_volume_v3.boot_volumes",
            "module.vms.openstack_blockstorage_volume_v3.data_volumes",
            "module.vms.openstack_compute_instance_v2.vms"
          ]
        },
        {
          "index_key": "vm4-data-0",
          "schema_version": 0,
          "attributes": {
            "device": "/dev/vdb",
            "id": "f6853511-0535-4fdd-bfd1-b616bf5a1179/01f55c1d-3163-45a0-9bbb-ef82971f0fe9",
            "instance_id": "f6853511-0535-4fdd-bfd1-b616bf5a1179",
            "multiattach": null,
            "region": "RegionOne",
            "timeouts": null,
            "vendor_options": [],
            "volume_id": "01f55c1d-3163-45a0-9bbb-ef82971f0fe9"
          },
          "sensitive_attributes": [],
          "identity_schema_version": 0,
          "private": "eyJlMmJmYjczMC1lY2FhLTExZTYtOGY4OC0zNDM2M2JjN2M0YzAiOnsiY3JlYXRlIjo2MDAwMDAwMDAwMDAsImRlbGV0ZSI6NjAwMDAwMDAwMDAwfX0=",
          "dependencies": [
            "module.network.openstack_networking_network_v2.networks",
            "module.network.openstack_networking_port_v2.ports",
            "module.network.openstack_networking_subnet_v2.subnets",
            "module.vms.data.openstack_networking_network_v2.existing",
            "module.vms.openstack_blockstorage_volume_v3.boot_volumes",
            "module.vms.openstack_blockstorage_volume_v3.data_volumes",
            "module.vms.openstack_compute_instance_v2.vms"
          ]
        },
        {
          "index_key": "vm5-data-0",
          "schema_version": 0,
          "attributes": {
            "device": "/dev/vdb",
            "id": "c233bd2d-5ead-4e93-b89e-b1b4fd9575a5/443c71de-50b7-4f3a-bb75-2377ec124dc7",
            "instance_id": "c233bd2d-5ead-4e93-b89e-b1b4fd9575a5",
            "multiattach": null,
            "region": "RegionOne",
            "timeouts": null,
            "vendor_options": [],
            "volume_id": "443c71de-50b7-4f3a-bb75-2377ec124dc7"
          },
          "sensitive_attributes": [],
          "identity_schema_version": 0,
          "private": "eyJlMmJmYjczMC1lY2FhLTExZTYtOGY4OC0zNDM2M2JjN2M0YzAiOnsiY3JlYXRlIjo2MDAwMDAwMDAwMDAsImRlbGV0ZSI6NjAwMDAwMDAwMDAwfX0=",
          "dependencies": [
            "module.network.openstack_networking_network_v2.networks",
            "module.network.openstack_networking_port_v2.ports",
            "module.network.openstack_networking_subnet_v2.subnets",
            "module.vms.data.openstack_networking_network_v2.existing",
            "module.vms.openstack_blockstorage_volume_v3.boot_volumes",
            "module.vms.openstack_blockstorage_volume_v3.data_volumes",
            "module.vms.openstack_compute_instance_v2.vms"
          ]
        },
        {
          "index_key": "vm6-data-0",
          "schema_version": 0,
          "attributes": {
            "device": "/dev/vdb",
            "id": "1342d764-d393-468f-b9a3-ed2c790395e1/9bfc5e5e-6ef1-4c0a-8768-9f5488ee91c3",
            "instance_id": "1342d764-d393-468f-b9a3-ed2c790395e1",
            "multiattach": null,
            "region": "RegionOne",
            "timeouts": null,
            "vendor_options": [],
            "volume_id": "9bfc5e5e-6ef1-4c0a-8768-9f5488ee91c3"
          },
          "sensitive_attributes": [],
          "identity_schema_version": 0,
          "private": "eyJlMmJmYjczMC1lY2FhLTExZTYtOGY4OC0zNDM2M2JjN2M0YzAiOnsiY3JlYXRlIjo2MDAwMDAwMDAwMDAsImRlbGV0ZSI6NjAwMDAwMDAwMDAwfX0=",
          "dependencies": [
            "module.network.openstack_networking_network_v2.networks",
            "module.network.openstack_networking_port_v2.ports",
            "module.network.openstack_networking_subnet_v2.subnets",
            "module.vms.data.openstack_networking_network_v2.existing",
            "module.vms.openstack_blockstorage_volume_v3.boot_volumes",
            "module.vms.openstack_blockstorage_volume_v3.data_volumes",
            "module.vms.openstack_compute_instance_v2.vms"
          ]
        },
        {
          "index_key": "vm7-data-0",
          "schema_version": 0,
          "attributes": {
            "device": "/dev/vdb",
            "id": "57faaec7-0db9-4d19-bb21-d807d2d112f4/c88b9c93-9316-4e52-b814-3bc79a040310",
            "instance_id": "57faaec7-0db9-4d19-bb21-d807d2d112f4",
            "multiattach": null,
            "region": "RegionOne",
            "timeouts": null,
            "vendor_options": [],
            "volume_id": "c88b9c93-9316-4e52-b814-3bc79a040310"
          },
          "sensitive_attributes": [],
          "identity_schema_version": 0,
          "private": "eyJlMmJmYjczMC1lY2FhLTExZTYtOGY4OC0zNDM2M2JjN2M0YzAiOnsiY3JlYXRlIjo2MDAwMDAwMDAwMDAsImRlbGV0ZSI6NjAwMDAwMDAwMDAwfX0=",
          "dependencies": [
            "module.network.openstack_networking_network_v2.networks",
            "module.network.openstack_networking_port_v2.ports",
            "module.network.openstack_networking_subnet_v2.subnets",
            "module.vms.data.openstack_networking_network_v2.existing",
            "module.vms.openstack_blockstorage_volume_v3.boot_volumes",
            "module.vms.openstack_blockstorage_volume_v3.data_volumes",
            "module.vms.openstack_compute_instance_v2.vms"
          ]
        },
        {
          "index_key": "vm8-data-0",
          "schema_version": 0,
          "attributes": {
            "device": "/dev/vdb",
            "id": "abcd4840-524e-48c1-8b91-77e120cfeb20/a68cd583-911e-4c71-8dc2-11e86d751381",
            "instance_id": "abcd4840-524e-48c1-8b91-77e120cfeb20",
            "multiattach": null,
            "region": "RegionOne",
            "timeouts": null,
            "vendor_options": [],
            "volume_id": "a68cd583-911e-4c71-8dc2-11e86d751381"
          },
          "sensitive_attributes": [],
          "identity_schema_version": 0,
          "private": "eyJlMmJmYjczMC1lY2FhLTExZTYtOGY4OC0zNDM2M2JjN2M0YzAiOnsiY3JlYXRlIjo2MDAwMDAwMDAwMDAsImRlbGV0ZSI6NjAwMDAwMDAwMDAwfX0=",
          "dependencies": [
            "module.network.openstack_networking_network_v2.networks",
            "module.network.openstack_networking_port_v2.ports",
            "module.network.openstack_networking_subnet_v2.subnets",
            "module.vms.data.openstack_networking_network_v2.existing",
            "module.vms.openstack_blockstorage_volume_v3.boot_volumes",
            "module.vms.openstack_blockstorage_volume_v3.data_volumes",
            "module.vms.openstack_compute_instance_v2.vms"
          ]
        }
      ]
    },
    {
      "module": "module.vms",
      "mode": "managed",
      "type": "openstack_networking_floatingip_v2",
      "name": "fips",
      "provider": "provider[\"registry.terraform.io/terraform-provider-openstack/openstack\"]",
      "instances": [
        {
          "index_key": "vm1",
          "schema_version": 0,
          "attributes": {
            "address": "172.20.1.72",
            "all_tags": [],
            "description": "",
            "dns_domain": "",
            "dns_name": "",
            "fixed_ip": "10.10.1.36",
            "id": "33fd654f-8170-4015-bcb9-67082f0667ed",
            "pool": "public1",
            "port_id": "81f43e87-129d-4fc6-9ebb-7237c6e48c17",
            "region": "RegionOne",
            "subnet_id": null,
            "subnet_ids": null,
            "tags": [],
            "tenant_id": "fc70748921aa4265ad13c5d6f42d2574",
            "timeouts": null,
            "value_specs": null
          },
          "sensitive_attributes": [],
          "identity_schema_version": 0,
          "private": "eyJlMmJmYjczMC1lY2FhLTExZTYtOGY4OC0zNDM2M2JjN2M0YzAiOnsiY3JlYXRlIjo2MDAwMDAwMDAwMDAsImRlbGV0ZSI6NjAwMDAwMDAwMDAwfX0=",
          "dependencies": [
            "module.network.openstack_networking_network_v2.networks",
            "module.network.openstack_networking_port_v2.ports",
            "module.network.openstack_networking_subnet_v2.subnets",
            "module.vms.data.openstack_networking_network_v2.external"
          ]
        },
        {
          "index_key": "vm12",
          "schema_version": 0,
          "attributes": {
            "address": "172.20.1.56",
            "all_tags": [],
            "description": "",
            "dns_domain": "",
            "dns_name": "",
            "fixed_ip": "10.20.3.243",
            "id": "7af24383-2080-47cb-a0fb-d9decadabf79",
            "pool": "public1",
            "port_id": "a2395afc-dfd9-43f0-9288-83b384ec93df",
            "region": "RegionOne",
            "subnet_id": null,
            "subnet_ids": null,
            "tags": [],
            "tenant_id": "fc70748921aa4265ad13c5d6f42d2574",
            "timeouts": null,
            "value_specs": null
          },
          "sensitive_attributes": [],
          "identity_schema_version": 0,
          "private": "eyJlMmJmYjczMC1lY2FhLTExZTYtOGY4OC0zNDM2M2JjN2M0YzAiOnsiY3JlYXRlIjo2MDAwMDAwMDAwMDAsImRlbGV0ZSI6NjAwMDAwMDAwMDAwfX0=",
          "dependencies": [
            "module.network.openstack_networking_network_v2.networks",
            "module.network.openstack_networking_port_v2.ports",
            "module.network.openstack_networking_subnet_v2.subnets",
            "module.vms.data.openstack_networking_network_v2.external"
          ]
        },
        {
          "index_key": "vm13",
          "schema_version": 0,
          "attributes": {
            "address": "172.20.1.73",
            "all_tags": [],
            "description": "",
            "dns_domain": "",
            "dns_name": "",
            "fixed_ip": "",
            "id": "2aaf0a74-f204-4cb7-abdf-c1b231d1fff3",
            "pool": "public1",
            "port_id": "",
            "region": "RegionOne",
            "subnet_id": null,
            "subnet_ids": null,
            "tags": null,
            "tenant_id": "fc70748921aa4265ad13c5d6f42d2574",
            "timeouts": null,
            "value_specs": null
          },
          "sensitive_attributes": [],
          "identity_schema_version": 0,
          "private": "eyJlMmJmYjczMC1lY2FhLTExZTYtOGY4OC0zNDM2M2JjN2M0YzAiOnsiY3JlYXRlIjo2MDAwMDAwMDAwMDAsImRlbGV0ZSI6NjAwMDAwMDAwMDAwfX0=",
          "dependencies": [
            "module.network.openstack_networking_network_v2.networks",
            "module.network.openstack_networking_port_v2.ports",
            "module.network.openstack_networking_subnet_v2.subnets",
            "module.vms.data.openstack_networking_network_v2.external"
          ]
        },
        {
          "index_key": "vm2",
          "schema_version": 0,
          "attributes": {
            "address": "172.20.1.68",
            "all_tags": [],
            "description": "",
            "dns_domain": "",
            "dns_name": "",
            "fixed_ip": "10.10.2.50",
            "id": "edde9798-3cdc-447b-9449-3ac9c5684b2e",
            "pool": "public1",
            "port_id": "fff46abb-6165-438c-a2a2-511730b6b77d",
            "region": "RegionOne",
            "subnet_id": null,
            "subnet_ids": null,
            "tags": [],
            "tenant_id": "fc70748921aa4265ad13c5d6f42d2574",
            "timeouts": null,
            "value_specs": null
          },
          "sensitive_attributes": [],
          "identity_schema_version": 0,
          "private": "eyJlMmJmYjczMC1lY2FhLTExZTYtOGY4OC0zNDM2M2JjN2M0YzAiOnsiY3JlYXRlIjo2MDAwMDAwMDAwMDAsImRlbGV0ZSI6NjAwMDAwMDAwMDAwfX0=",
          "dependencies": [
            "module.network.openstack_networking_network_v2.networks",
            "module.network.openstack_networking_port_v2.ports",
            "module.network.openstack_networking_subnet_v2.subnets",
            "module.vms.data.openstack_networking_network_v2.external"
          ]
        },
        {
          "index_key": "vm5",
          "schema_version": 0,
          "attributes": {
            "address": "172.20.1.179",
            "all_tags": [],
            "description": "",
            "dns_domain": "",
            "dns_name": "",
            "fixed_ip": "10.10.5.98",
            "id": "7aff816e-9ad4-47b6-bc49-7d1306d4c6a1",
            "pool": "public1",
            "port_id": "726277e5-932d-4495-8d5d-9fa4fc296856",
            "region": "RegionOne",
            "subnet_id": null,
            "subnet_ids": null,
            "tags": [],
            "tenant_id": "fc70748921aa4265ad13c5d6f42d2574",
            "timeouts": null,
            "value_specs": null
          },
          "sensitive_attributes": [],
          "identity_schema_version": 0,
          "private": "eyJlMmJmYjczMC1lY2FhLTExZTYtOGY4OC0zNDM2M2JjN2M0YzAiOnsiY3JlYXRlIjo2MDAwMDAwMDAwMDAsImRlbGV0ZSI6NjAwMDAwMDAwMDAwfX0=",
          "dependencies": [
            "module.network.openstack_networking_network_v2.networks",
            "module.network.openstack_networking_port_v2.ports",
            "module.network.openstack_networking_subnet_v2.subnets",
            "module.vms.data.openstack_networking_network_v2.external"
          ]
        },
        {
          "index_key": "vm6",
          "schema_version": 0,
          "attributes": {
            "address": "172.20.1.196",
            "all_tags": [],
            "description": "",
            "dns_domain": "",
            "dns_name": "",
            "fixed_ip": "10.10.2.242",
            "id": "c93ff3cb-10c6-480e-a81e-c01d92178186",
            "pool": "public1",
            "port_id": "80197305-f8b4-40d8-a02c-152a9cbd4987",
            "region": "RegionOne",
            "subnet_id": null,
            "subnet_ids": null,
            "tags": [],
            "tenant_id": "fc70748921aa4265ad13c5d6f42d2574",
            "timeouts": null,
            "value_specs": null
          },
          "sensitive_attributes": [],
          "identity_schema_version": 0,
          "private": "eyJlMmJmYjczMC1lY2FhLTExZTYtOGY4OC0zNDM2M2JjN2M0YzAiOnsiY3JlYXRlIjo2MDAwMDAwMDAwMDAsImRlbGV0ZSI6NjAwMDAwMDAwMDAwfX0=",
          "dependencies": [
            "module.network.openstack_networking_network_v2.networks",
            "module.network.openstack_networking_port_v2.ports",
            "module.network.openstack_networking_subnet_v2.subnets",
            "module.vms.data.openstack_networking_network_v2.external"
          ]
        },
        {
          "index_key": "vm7",
          "schema_version": 0,
          "attributes": {
            "address": "172.20.1.198",
            "all_tags": [],
            "description": "",
            "dns_domain": "",
            "dns_name": "",
            "fixed_ip": "10.10.3.238",
            "id": "47c80415-17c1-4ab8-8805-315aa5e88a2b",
            "pool": "public1",
            "port_id": "4357d147-9d37-4dd0-8b1f-7e40a0972e2c",
            "region": "RegionOne",
            "subnet_id": null,
            "subnet_ids": null,
            "tags": [],
            "tenant_id": "fc70748921aa4265ad13c5d6f42d2574",
            "timeouts": null,
            "value_specs": null
          },
          "sensitive_attributes": [],
          "identity_schema_version": 0,
          "private": "eyJlMmJmYjczMC1lY2FhLTExZTYtOGY4OC0zNDM2M2JjN2M0YzAiOnsiY3JlYXRlIjo2MDAwMDAwMDAwMDAsImRlbGV0ZSI6NjAwMDAwMDAwMDAwfX0=",
          "dependencies": [
            "module.network.openstack_networking_network_v2.networks",
            "module.network.openstack_networking_port_v2.ports",
            "module.network.openstack_networking_subnet_v2.subnets",
            "module.vms.data.openstack_networking_network_v2.external"
          ]
        }
      ]
    }
  ],
  "check_results": [
    {
      "object_kind": "var",
      "config_addr": "module.vms.var.vms",
      "status": "pass",
      "objects": [
        {
          "object_addr": "module.vms.var.vms",
          "status": "pass"
        }
      ]
    },
    {
      "object_kind": "var",
      "config_addr": "var.vms",
      "status": "pass",
      "objects": [
        {
          "object_addr": "var.vms",
          "status": "pass"
        }
      ]
    }
  ]
}
