{
  "version": 4,
  "terraform_version": "1.13.3",
  "serial": 412,
  "lineage": "a487d92b-e470-fcd2-0868-c23e20ef277b",
  "outputs": {
    "awx_inventory_file": {
      "value": "./../terraform_outputs/test/awx_inventory.ini",
      "type": "string"
    },
    "terraform_outputs_file": {
      "value": "./../terraform_outputs/test/terraform_output.json",
      "type": "string"
    },
    "test_boot_volumes": {
      "value": {
        "vm7": {
          "id": "e141b22b-a250-488f-8521-f5179bfb8a0c",
          "name": "boot-vol-boot",
          "size": 30,
          "type": "boot"
        }
      },
      "type": [
        "object",
        {
          "vm7": [
            "object",
            {
              "id": "string",
              "name": "string",
              "size": "number",
              "type": "string"
            }
          ]
        }
      ]
    },
    "test_data_volumes": {
      "value": {
        "vm1-data-0": {
          "id": "b4f6f14e-eb56-4ae3-b1e8-cfb65ab06442",
          "name": "web-server-subnet1-data-vm1-data-0",
          "size": 30,
          "type": "data",
          "vm_key": "vm1"
        },
        "vm7-data-0": {
          "id": "2c03ec59-6f97-4a02-875d-26d6c4dd0b29",
          "name": "boot-vol-data-vm7-data-0",
          "size": 30,
          "type": "data",
          "vm_key": "vm7"
        }
      },
      "type": [
        "object",
        {
          "vm1-data-0": [
            "object",
            {
              "id": "string",
              "name": "string",
              "size": "number",
              "type": "string",
              "vm_key": "string"
            }
          ],
          "vm7-data-0": [
            "object",
            {
              "id": "string",
              "name": "string",
              "size": "number",
              "type": "string",
              "vm_key": "string"
            }
          ]
        }
      ]
    },
    "test_data_volumes_by_vm": {
      "value": {
        "vm1": {
          "vm_name": "web-server-subnet1",
          "volume_count": 1,
          "volumes": [
            {
              "id": null,
              "name": null,
              "size": 30
            }
          ]
        },
        "vm6": {
          "vm_name": "subnet-22",
          "volume_count": 0,
          "volumes": []
        },
        "vm7": {
          "vm_name": "boot-vol",
          "volume_count": 1,
          "volumes": [
            {
              "id": null,
              "name": null,
              "size": 30
            }
          ]
        }
      },
      "type": [
        "object",
        {
          "vm1": [
            "object",
            {
              "vm_name": "string",
              "volume_count": "number",
              "volumes": [
                "tuple",
                [
                  [
                    "object",
                    {
                      "id": "dynamic",
                      "name": "dynamic",
                      "size": "number"
                    }
                  ]
                ]
              ]
            }
          ],
          "vm6": [
            "object",
            {
              "vm_name": "string",
              "volume_count": "number",
              "volumes": [
                "tuple",
                []
              ]
            }
          ],
          "vm7": [
            "object",
            {
              "vm_name": "string",
              "volume_count": "number",
              "volumes": [
                "tuple",
                [
                  [
                    "object",
                    {
                      "id": "dynamic",
                      "name": "dynamic",
                      "size": "number"
                    }
                  ]
                ]
              ]
            }
          ]
        }
      ]
    },
    "test_network_details": {
      "value": {
        "networks": {
          "network_1": "0c91db01-12cf-41c8-988e-3d6cc8df3fd4",
          "network_2": "e488a085-98a6-4cbe-ac0f-f3a64cf26a84"
        },
        "ports": {
          "vm1_port": {
            "fixed_ips": [
              "10.10.1.225"
            ],
            "id": "45f329ba-c4cd-4280-bfa8-c9229bb8bdb2",
            "mac": "fa:16:3e:2f:32:1c",
            "name": "vm1-port",
            "network_id": "0c91db01-12cf-41c8-988e-3d6cc8df3fd4"
          },
          "vm7_port": {
            "fixed_ips": [
              "10.10.3.176"
            ],
            "id": "6a260079-1d12-4569-ac9d-354debf2afe7",
            "mac": "fa:16:3e:b8:46:6a",
            "name": "vm7-port",
            "network_id": "0c91db01-12cf-41c8-988e-3d6cc8df3fd4"
          },
          "vm8_port": {
            "fixed_ips": [
              "10.20.1.50"
            ],
            "id": "1a2747b9-7ae7-480b-a6be-5b78538e8df5",
            "mac": "fa:16:3e:84:8b:c2",
            "name": "vm8-port",
            "network_id": "e488a085-98a6-4cbe-ac0f-f3a64cf26a84"
          }
        },
        "routers": {
          "main_router": "f63f4726-297e-4daf-98b1-dc3e9a185ecf",
          "router_new": "2427e089-01bd-4b40-b901-c12511097a61"
        },
        "subnets": {
          "subnet_1": "2f5e9832-0494-4ee1-bd96-d602ad37da57",
          "subnet_2": "821b3835-7f30-48a3-b3c5-170c104bd209",
          "subnet_3": "59c5a8f5-da2c-4f7c-92af-d2adaf1a6b7f",
          "subnet_6": "92c16069-250a-4703-be30-1b145f6baf81"
        }
      },
      "type": [
        "object",
        {
          "networks": [
            "object",
            {
              "network_1": "string",
              "network_2": "string"
            }
          ],
          "ports": [
            "object",
            {
              "vm1_port": [
                "object",
                {
                  "fixed_ips": [
                    "list",
                    "string"
                  ],
                  "id": "string",
                  "mac": "string",
                  "name": "string",
                  "network_id": "string"
                }
              ],
              "vm7_port": [
                "object",
                {
                  "fixed_ips": [
                    "list",
                    "string"
                  ],
                  "id": "string",
                  "mac": "string",
                  "name": "string",
                  "network_id": "string"
                }
              ],
              "vm8_port": [
                "object",
                {
                  "fixed_ips": [
                    "list",
                    "string"
                  ],
                  "id": "string",
                  "mac": "string",
                  "name": "string",
                  "network_id": "string"
                }
              ]
            }
          ],
          "routers": [
            "object",
            {
              "main_router": "string",
              "router_new": "string"
            }
          ],
          "subnets": [
            "object",
            {
              "subnet_1": "string",
              "subnet_2": "string",
              "subnet_3": "string",
              "subnet_6": "string"
            }
          ]
        }
      ]
    },
    "test_vm_details": {
      "value": {
        "vm1": {
          "boot_volume_id": null,
          "data_volume_count": 1,
          "data_volumes": [
            {
              "size": 30
            }
          ],
          "fip": "172.20.1.169",
          "flavor": "m1.medium",
          "id": "9b628b96-b640-4d68-b119-d06e042c9ebc",
          "name": "web-server-subnet1",
          "power_state": "active",
          "private_ip": "10.10.1.225"
        },
        "vm6": {
          "boot_volume_id": null,
          "data_volume_count": 0,
          "data_volumes": [],
          "fip": "172.20.1.184",
          "flavor": "m1.medium",
          "id": "b4f7792d-b93b-4c6b-b3a1-e3c73072a9c6",
          "name": "subnet-22",
          "power_state": "active",
          "private_ip": "10.20.1.50"
        },
        "vm7": {
          "boot_volume_id": "e141b22b-a250-488f-8521-f5179bfb8a0c",
          "data_volume_count": 1,
          "data_volumes": [
            {
              "size": 30
            }
          ],
          "fip": "172.20.1.11",
          "flavor": "m1.medium",
          "id": "da2ccd25-cb51-4ee3-91b8-d225fe9b4cbb",
          "name": "boot-vol",
          "power_state": "active",
          "private_ip": "10.10.3.176"
        }
      },
      "type": [
        "object",
        {
          "vm1": [
            "object",
            {
              "boot_volume_id": "dynamic",
              "data_volume_count": "number",
              "data_volumes": [
                "tuple",
                [
                  [
                    "object",
                    {
                      "size": "number"
                    }
                  ]
                ]
              ],
              "fip": "string",
              "flavor": "string",
              "id": "string",
              "name": "string",
              "power_state": "string",
              "private_ip": "string"
            }
          ],
          "vm6": [
            "object",
            {
              "boot_volume_id": "dynamic",
              "data_volume_count": "number",
              "data_volumes": [
                "tuple",
                []
              ],
              "fip": "string",
              "flavor": "string",
              "id": "string",
              "name": "string",
              "power_state": "string",
              "private_ip": "string"
            }
          ],
          "vm7": [
            "object",
            {
              "boot_volume_id": "string",
              "data_volume_count": "number",
              "data_volumes": [
                "tuple",
                [
                  [
                    "object",
                    {
                      "size": "number"
                    }
                  ]
                ]
              ],
              "fip": "string",
              "flavor": "string",
              "id": "string",
              "name": "string",
              "power_state": "string",
              "private_ip": "string"
            }
          ]
        }
      ]
    },
    "test_vm_fips": {
      "value": {
        "vm1": "172.20.1.169",
        "vm6": "172.20.1.184",
        "vm7": "172.20.1.11"
      },
      "type": [
        "object",
        {
          "vm1": "string",
          "vm6": "string",
          "vm7": "string"
        }
      ]
    },
    "test_vm_storage_summary": {
      "value": {
        "vm1": {
          "boot_volume_size": 0,
          "data_volumes_total_size": 30,
          "total_storage": 30,
          "vm_name": "web-server-subnet1"
        },
        "vm6": {
          "boot_volume_size": 0,
          "data_volumes_total_size": 0,
          "total_storage": 0,
          "vm_name": "subnet-22"
        },
        "vm7": {
          "boot_volume_size": 30,
          "data_volumes_total_size": 30,
          "total_storage": 60,
          "vm_name": "boot-vol"
        }
      },
      "type": [
        "object",
        {
          "vm1": [
            "object",
            {
              "boot_volume_size": "number",
              "data_volumes_total_size": "number",
              "total_storage": "number",
              "vm_name": "string"
            }
          ],
          "vm6": [
            "object",
            {
              "boot_volume_size": "number",
              "data_volumes_total_size": "number",
              "total_storage": "number",
              "vm_name": "string"
            }
          ],
          "vm7": [
            "object",
            {
              "boot_volume_size": "number",
              "data_volumes_total_size": "number",
              "total_storage": "number",
              "vm_name": "string"
            }
          ]
        }
      ]
    }
  },
  "resources": [
    {
      "mode": "managed",
      "type": "null_resource",
      "name": "save_outputs",
      "provider": "provider[\"registry.terraform.io/hashicorp/null\"]",
      "instances": [
        {
          "schema_version": 0,
          "attributes": {
            "id": "7726331468331966785",
            "triggers": {
              "always_run": "2026-01-21T10:43:13Z",
              "vm_fips": "{\"vm1\":\"172.20.1.169\",\"vm6\":\"172.20.1.184\",\"vm7\":\"172.20.1.11\"}"
            }
          },
          "sensitive_attributes": [],
          "identity_schema_version": 0,
          "dependencies": [
            "module.network.data.openstack_networking_network_v2.external",
            "module.network.data.openstack_networking_network_v2.imported",
            "module.network.data.openstack_networking_router_v2.existing",
            "module.network.data.openstack_networking_router_v2.imported_routers",
            "module.network.data.openstack_networking_subnet_v2.imported",
            "module.network.openstack_networking_network_v2.networks",
            "module.network.openstack_networking_port_v2.ports",
            "module.network.openstack_networking_router_interface_v2.router_interfaces",
            "module.network.openstack_networking_router_v2.routers",
            "module.network.openstack_networking_subnet_v2.subnets",
            "module.vms.data.openstack_networking_network_v2.existing",
            "module.vms.data.openstack_networking_network_v2.external",
            "module.vms.openstack_blockstorage_volume_v3.boot_volumes",
            "module.vms.openstack_blockstorage_volume_v3.data_volumes",
            "module.vms.openstack_compute_floatingip_associate_v2.fip_assoc",
            "module.vms.openstack_compute_instance_v2.vms",
            "module.vms.openstack_compute_interface_attach_v2.secondary_ports",
            "module.vms.openstack_compute_volume_attach_v2.attach_data",
            "module.vms.openstack_networking_floatingip_v2.fips"
          ]
        }
      ]
    },
    {
      "module": "module.network",
      "mode": "data",
      "type": "openstack_networking_network_v2",
      "name": "external",
      "provider": "provider[\"registry.terraform.io/terraform-provider-openstack/openstack\"]",
      "instances": [
        {
          "schema_version": 0,
          "attributes": {
            "admin_state_up": "true",
            "all_tags": [],
            "availability_zone_hints": [],
            "description": "",
            "dns_domain": "",
            "external": true,
            "id": "7181cf6d-3e20-4fac-a7d1-7064e5fbb3a6",
            "matching_subnet_cidr": null,
            "mtu": 1500,
            "name": "public1",
            "network_id": null,
            "region": "RegionOne",
            "segments": [],
            "shared": "true",
            "status": null,
            "subnets": [
              "99d6340b-f730-4086-910d-e39faff556fa"
            ],
            "tags": null,
            "tenant_id": "15b9c9b9c8fe4dae9789ca3ffea6aaac",
            "transparent_vlan": false
          },
          "sensitive_attributes": [],
          "identity_schema_version": 0
        }
      ]
    },
    {
      "module": "module.network",
      "mode": "managed",
      "type": "openstack_networking_network_v2",
      "name": "networks",
      "provider": "provider[\"registry.terraform.io/terraform-provider-openstack/openstack\"]",
      "instances": [
        {
          "index_key": "network_1",
          "schema_version": 0,
          "attributes": {
            "admin_state_up": true,
            "all_tags": [],
            "availability_zone_hints": [],
            "description": "Main network with multiple subnets",
            "dns_domain": "",
            "external": false,
            "id": "0c91db01-12cf-41c8-988e-3d6cc8df3fd4",
            "mtu": 1450,
            "name": "network-1",
            "port_security_enabled": true,
            "qos_policy_id": "",
            "region": "RegionOne",
            "segments": [],
            "shared": false,
            "tags": [],
            "tenant_id": "fc70748921aa4265ad13c5d6f42d2574",
            "timeouts": null,
            "transparent_vlan": false,
            "value_specs": null
          },
          "sensitive_attributes": [],
          "identity_schema_version": 0,
          "private": "eyJlMmJmYjczMC1lY2FhLTExZTYtOGY4OC0zNDM2M2JjN2M0YzAiOnsiY3JlYXRlIjo2MDAwMDAwMDAwMDAsImRlbGV0ZSI6NjAwMDAwMDAwMDAwfX0=",
          "create_before_destroy": true
        },
        {
          "index_key": "network_2",
          "schema_version": 0,
          "attributes": {
            "admin_state_up": true,
            "all_tags": [],
            "availability_zone_hints": [],
            "description": "Backend / DB / Restricted network",
            "dns_domain": "",
            "external": false,
            "id": "e488a085-98a6-4cbe-ac0f-f3a64cf26a84",
            "mtu": 1450,
            "name": "network-2",
            "port_security_enabled": true,
            "qos_policy_id": "",
            "region": "RegionOne",
            "segments": [],
            "shared": false,
            "tags": [],
            "tenant_id": "fc70748921aa4265ad13c5d6f42d2574",
            "timeouts": null,
            "transparent_vlan": false,
            "value_specs": null
          },
          "sensitive_attributes": [],
          "identity_schema_version": 0,
          "private": "eyJlMmJmYjczMC1lY2FhLTExZTYtOGY4OC0zNDM2M2JjN2M0YzAiOnsiY3JlYXRlIjo2MDAwMDAwMDAwMDAsImRlbGV0ZSI6NjAwMDAwMDAwMDAwfX0=",
          "create_before_destroy": true
        }
      ]
    },
    {
      "module": "module.network",
      "mode": "managed",
      "type": "openstack_networking_port_v2",
      "name": "ports",
      "provider": "provider[\"registry.terraform.io/terraform-provider-openstack/openstack\"]",
      "instances": [
        {
          "index_key": "vm1_port",
          "schema_version": 0,
          "attributes": {
            "admin_state_up": true,
            "all_fixed_ips": [
              "10.10.1.225"
            ],
            "all_security_group_ids": [
              "135ef41d-16ac-4843-90ba-f9a4669e230e",
              "71f8599e-3a90-4082-850f-b2fcde744cad"
            ],
            "all_tags": [],
            "allowed_address_pairs": [],
            "binding": [
              {
                "host_id": "",
                "profile": "",
                "vif_details": {},
                "vif_type": "",
                "vnic_type": "normal"
              }
            ],
            "description": "",
            "device_id": "9b628b96-b640-4d68-b119-d06e042c9ebc",
            "device_owner": "compute:nova",
            "dns_assignment": [],
            "dns_name": "",
            "extra_dhcp_option": [],
            "fixed_ip": [
              {
                "ip_address": "",
                "subnet_id": "2f5e9832-0494-4ee1-bd96-d602ad37da57"
              }
            ],
            "id": "45f329ba-c4cd-4280-bfa8-c9229bb8bdb2",
            "mac_address": "fa:16:3e:2f:32:1c",
            "name": "vm1-port",
            "network_id": "0c91db01-12cf-41c8-988e-3d6cc8df3fd4",
            "no_fixed_ip": null,
            "no_security_groups": null,
            "port_security_enabled": true,
            "qos_policy_id": "",
            "region": "RegionOne",
            "security_group_ids": null,
            "tags": [],
            "tenant_id": "fc70748921aa4265ad13c5d6f42d2574",
            "timeouts": null,
            "value_specs": null
          },
          "sensitive_attributes": [],
          "identity_schema_version": 0,
          "private": "eyJlMmJmYjczMC1lY2FhLTExZTYtOGY4OC0zNDM2M2JjN2M0YzAiOnsiY3JlYXRlIjo2MDAwMDAwMDAwMDAsImRlbGV0ZSI6NjAwMDAwMDAwMDAwfX0=",
          "dependencies": [
            "module.network.data.openstack_networking_network_v2.imported",
            "module.network.data.openstack_networking_subnet_v2.imported",
            "module.network.openstack_networking_network_v2.networks",
            "module.network.openstack_networking_subnet_v2.subnets"
          ],
          "create_before_destroy": true
        },
        {
          "index_key": "vm7_port",
          "schema_version": 0,
          "attributes": {
            "admin_state_up": true,
            "all_fixed_ips": [
              "10.10.3.176"
            ],
            "all_security_group_ids": [
              "135ef41d-16ac-4843-90ba-f9a4669e230e"
            ],
            "all_tags": [],
            "allowed_address_pairs": [],
            "binding": [
              {
                "host_id": "",
                "profile": "",
                "vif_details": {},
                "vif_type": "",
                "vnic_type": "normal"
              }
            ],
            "description": "",
            "device_id": "da2ccd25-cb51-4ee3-91b8-d225fe9b4cbb",
            "device_owner": "compute:nova",
            "dns_assignment": [],
            "dns_name": "",
            "extra_dhcp_option": [],
            "fixed_ip": [
              {
                "ip_address": "",
                "subnet_id": "59c5a8f5-da2c-4f7c-92af-d2adaf1a6b7f"
              }
            ],
            "id": "6a260079-1d12-4569-ac9d-354debf2afe7",
            "mac_address": "fa:16:3e:b8:46:6a",
            "name": "vm7-port",
            "network_id": "0c91db01-12cf-41c8-988e-3d6cc8df3fd4",
            "no_fixed_ip": null,
            "no_security_groups": null,
            "port_security_enabled": true,
            "qos_policy_id": "",
            "region": "RegionOne",
            "security_group_ids": null,
            "tags": [],
            "tenant_id": "fc70748921aa4265ad13c5d6f42d2574",
            "timeouts": null,
            "value_specs": null
          },
          "sensitive_attributes": [],
          "identity_schema_version": 0,
          "private": "eyJlMmJmYjczMC1lY2FhLTExZTYtOGY4OC0zNDM2M2JjN2M0YzAiOnsiY3JlYXRlIjo2MDAwMDAwMDAwMDAsImRlbGV0ZSI6NjAwMDAwMDAwMDAwfX0=",
          "dependencies": [
            "module.network.data.openstack_networking_network_v2.imported",
            "module.network.data.openstack_networking_subnet_v2.imported",
            "module.network.openstack_networking_network_v2.networks",
            "module.network.openstack_networking_subnet_v2.subnets"
          ],
          "create_before_destroy": true
        },
        {
          "index_key": "vm8_port",
          "schema_version": 0,
          "attributes": {
            "admin_state_up": true,
            "all_fixed_ips": [
              "10.20.1.50"
            ],
            "all_security_group_ids": [
              "135ef41d-16ac-4843-90ba-f9a4669e230e"
            ],
            "all_tags": [],
            "allowed_address_pairs": [],
            "binding": [
              {
                "host_id": "",
                "profile": "",
                "vif_details": {},
                "vif_type": "",
                "vnic_type": "normal"
              }
            ],
            "description": "",
            "device_id": "b4f7792d-b93b-4c6b-b3a1-e3c73072a9c6",
            "device_owner": "compute:nova",
            "dns_assignment": [],
            "dns_name": "",
            "extra_dhcp_option": [],
            "fixed_ip": [
              {
                "ip_address": "10.20.1.50",
                "subnet_id": "92c16069-250a-4703-be30-1b145f6baf81"
              }
            ],
            "id": "1a2747b9-7ae7-480b-a6be-5b78538e8df5",
            "mac_address": "fa:16:3e:84:8b:c2",
            "name": "vm8-port",
            "network_id": "e488a085-98a6-4cbe-ac0f-f3a64cf26a84",
            "no_fixed_ip": null,
            "no_security_groups": null,
            "port_security_enabled": true,
            "qos_policy_id": "",
            "region": "RegionOne",
            "security_group_ids": null,
            "tags": [],
            "tenant_id": "fc70748921aa4265ad13c5d6f42d2574",
            "timeouts": null,
            "value_specs": null
          },
          "sensitive_attributes": [],
          "identity_schema_version": 0,
          "private": "eyJlMmJmYjczMC1lY2FhLTExZTYtOGY4OC0zNDM2M2JjN2M0YzAiOnsiY3JlYXRlIjo2MDAwMDAwMDAwMDAsImRlbGV0ZSI6NjAwMDAwMDAwMDAwfX0=",
          "dependencies": [
            "module.network.data.openstack_networking_network_v2.imported",
            "module.network.data.openstack_networking_subnet_v2.imported",
            "module.network.openstack_networking_network_v2.networks",
            "module.network.openstack_networking_subnet_v2.subnets"
          ],
          "create_before_destroy": true
        }
      ]
    },
    {
      "module": "module.network",
      "mode": "managed",
      "type": "openstack_networking_router_interface_v2",
      "name": "router_interfaces",
      "provider": "provider[\"registry.terraform.io/terraform-provider-openstack/openstack\"]",
      "instances": [
        {
          "index_key": "subnet_1",
          "schema_version": 0,
          "attributes": {
            "force_destroy": false,
            "id": "267d3687-0c57-481f-b0bb-ef0d3381daff",
            "port_id": "267d3687-0c57-481f-b0bb-ef0d3381daff",
            "region": "RegionOne",
            "router_id": "f63f4726-297e-4daf-98b1-dc3e9a185ecf",
            "subnet_id": "2f5e9832-0494-4ee1-bd96-d602ad37da57",
            "timeouts": null
          },
          "sensitive_attributes": [],
          "identity_schema_version": 0,
          "private": "eyJlMmJmYjczMC1lY2FhLTExZTYtOGY4OC0zNDM2M2JjN2M0YzAiOnsiY3JlYXRlIjo2MDAwMDAwMDAwMDAsImRlbGV0ZSI6NjAwMDAwMDAwMDAwfX0=",
          "dependencies": [
            "module.network.data.openstack_networking_network_v2.external",
            "module.network.data.openstack_networking_network_v2.imported",
            "module.network.data.openstack_networking_router_v2.existing",
            "module.network.data.openstack_networking_router_v2.imported_routers",
            "module.network.openstack_networking_network_v2.networks",
            "module.network.openstack_networking_router_v2.routers",
            "module.network.openstack_networking_subnet_v2.subnets"
          ]
        },
        {
          "index_key": "subnet_2",
          "schema_version": 0,
          "attributes": {
            "force_destroy": false,
            "id": "777575a7-e86e-4812-8ac7-3b586fe1062d",
            "port_id": "777575a7-e86e-4812-8ac7-3b586fe1062d",
            "region": "RegionOne",
            "router_id": "f63f4726-297e-4daf-98b1-dc3e9a185ecf",
            "subnet_id": "821b3835-7f30-48a3-b3c5-170c104bd209",
            "timeouts": null
          },
          "sensitive_attributes": [],
          "identity_schema_version": 0,
          "private": "eyJlMmJmYjczMC1lY2FhLTExZTYtOGY4OC0zNDM2M2JjN2M0YzAiOnsiY3JlYXRlIjo2MDAwMDAwMDAwMDAsImRlbGV0ZSI6NjAwMDAwMDAwMDAwfX0=",
          "dependencies": [
            "module.network.data.openstack_networking_network_v2.external",
            "module.network.data.openstack_networking_network_v2.imported",
            "module.network.data.openstack_networking_router_v2.existing",
            "module.network.data.openstack_networking_router_v2.imported_routers",
            "module.network.openstack_networking_network_v2.networks",
            "module.network.openstack_networking_router_v2.routers",
            "module.network.openstack_networking_subnet_v2.subnets"
          ]
        },
        {
          "index_key": "subnet_3",
          "schema_version": 0,
          "attributes": {
            "force_destroy": false,
            "id": "429d1040-b992-46bd-ab28-ae129261d168",
            "port_id": "429d1040-b992-46bd-ab28-ae129261d168",
            "region": "RegionOne",
            "router_id": "f63f4726-297e-4daf-98b1-dc3e9a185ecf",
            "subnet_id": "59c5a8f5-da2c-4f7c-92af-d2adaf1a6b7f",
            "timeouts": null
          },
          "sensitive_attributes": [],
          "identity_schema_version": 0,
          "private": "eyJlMmJmYjczMC1lY2FhLTExZTYtOGY4OC0zNDM2M2JjN2M0YzAiOnsiY3JlYXRlIjo2MDAwMDAwMDAwMDAsImRlbGV0ZSI6NjAwMDAwMDAwMDAwfX0=",
          "dependencies": [
            "module.network.data.openstack_networking_network_v2.external",
            "module.network.data.openstack_networking_network_v2.imported",
            "module.network.data.openstack_networking_router_v2.existing",
            "module.network.data.openstack_networking_router_v2.imported_routers",
            "module.network.openstack_networking_network_v2.networks",
            "module.network.openstack_networking_router_v2.routers",
            "module.network.openstack_networking_subnet_v2.subnets"
          ]
        },
        {
          "index_key": "subnet_6",
          "schema_version": 0,
          "attributes": {
            "force_destroy": false,
            "id": "2dbbbcc9-485c-4861-8678-11a5a24af62e",
            "port_id": "2dbbbcc9-485c-4861-8678-11a5a24af62e",
            "region": "RegionOne",
            "router_id": "f63f4726-297e-4daf-98b1-dc3e9a185ecf",
            "subnet_id": "92c16069-250a-4703-be30-1b145f6baf81",
            "timeouts": null
          },
          "sensitive_attributes": [],
          "identity_schema_version": 0,
          "private": "eyJlMmJmYjczMC1lY2FhLTExZTYtOGY4OC0zNDM2M2JjN2M0YzAiOnsiY3JlYXRlIjo2MDAwMDAwMDAwMDAsImRlbGV0ZSI6NjAwMDAwMDAwMDAwfX0=",
          "dependencies": [
            "module.network.data.openstack_networking_network_v2.external",
            "module.network.data.openstack_networking_network_v2.imported",
            "module.network.data.openstack_networking_router_v2.existing",
            "module.network.data.openstack_networking_router_v2.imported_routers",
            "module.network.openstack_networking_network_v2.networks",
            "module.network.openstack_networking_router_v2.routers",
            "module.network.openstack_networking_subnet_v2.subnets"
          ]
        }
      ]
    },
    {
      "module": "module.network",
      "mode": "managed",
      "type": "openstack_networking_router_v2",
      "name": "routers",
      "provider": "provider[\"registry.terraform.io/terraform-provider-openstack/openstack\"]",
      "instances": [
        {
          "index_key": "main_router",
          "schema_version": 0,
          "attributes": {
            "admin_state_up": true,
            "all_tags": [],
            "availability_zone_hints": [],
            "description": "",
            "distributed": false,
            "enable_snat": true,
            "external_fixed_ip": [
              {
                "ip_address": "172.20.1.58",
                "subnet_id": "99d6340b-f730-4086-910d-e39faff556fa"
              }
            ],
            "external_gateway": "7181cf6d-3e20-4fac-a7d1-7064e5fbb3a6",
            "external_network_id": "7181cf6d-3e20-4fac-a7d1-7064e5fbb3a6",
            "external_subnet_ids": null,
            "id": "f63f4726-297e-4daf-98b1-dc3e9a185ecf",
            "name": "main-router",
            "region": "RegionOne",
            "tags": [],
            "tenant_id": "fc70748921aa4265ad13c5d6f42d2574",
            "timeouts": null,
            "value_specs": null,
            "vendor_options": []
          },
          "sensitive_attributes": [],
          "identity_schema_version": 0,
          "private": "eyJlMmJmYjczMC1lY2FhLTExZTYtOGY4OC0zNDM2M2JjN2M0YzAiOnsiY3JlYXRlIjo2MDAwMDAwMDAwMDAsImRlbGV0ZSI6NjAwMDAwMDAwMDAwfX0=",
          "dependencies": [
            "module.network.data.openstack_networking_network_v2.external"
          ]
        },
        {
          "index_key": "router_new",
          "schema_version": 0,
          "attributes": {
            "admin_state_up": true,
            "all_tags": [],
            "availability_zone_hints": [],
            "description": "",
            "distributed": false,
            "enable_snat": true,
            "external_fixed_ip": [
              {
                "ip_address": "172.20.1.85",
                "subnet_id": "99d6340b-f730-4086-910d-e39faff556fa"
              }
            ],
            "external_gateway": "7181cf6d-3e20-4fac-a7d1-7064e5fbb3a6",
            "external_network_id": "7181cf6d-3e20-4fac-a7d1-7064e5fbb3a6",
            "external_subnet_ids": null,
            "id": "2427e089-01bd-4b40-b901-c12511097a61",
            "name": "one-more",
            "region": "RegionOne",
            "tags": [],
            "tenant_id": "fc70748921aa4265ad13c5d6f42d2574",
            "timeouts": null,
            "value_specs": null,
            "vendor_options": []
          },
          "sensitive_attributes": [],
          "identity_schema_version": 0,
          "private": "eyJlMmJmYjczMC1lY2FhLTExZTYtOGY4OC0zNDM2M2JjN2M0YzAiOnsiY3JlYXRlIjo2MDAwMDAwMDAwMDAsImRlbGV0ZSI6NjAwMDAwMDAwMDAwfX0=",
          "dependencies": [
            "module.network.data.openstack_networking_network_v2.external"
          ]
        }
      ]
    },
    {
      "module": "module.network",
      "mode": "managed",
      "type": "openstack_networking_subnet_v2",
      "name": "subnets",
      "provider": "provider[\"registry.terraform.io/terraform-provider-openstack/openstack\"]",
      "instances": [
        {
          "index_key": "subnet_1",
          "schema_version": 0,
          "attributes": {
            "all_tags": [],
            "allocation_pool": [
              {
                "end": "10.10.1.254",
                "start": "10.10.1.2"
              }
            ],
            "allocation_pools": [
              {
                "end": "10.10.1.254",
                "start": "10.10.1.2"
              }
            ],
            "cidr": "10.10.1.0/24",
            "description": "",
            "dns_nameservers": [],
            "enable_dhcp": true,
            "gateway_ip": "10.10.1.1",
            "host_routes": [],
            "id": "2f5e9832-0494-4ee1-bd96-d602ad37da57",
            "ip_version": 4,
            "ipv6_address_mode": "",
            "ipv6_ra_mode": "",
            "name": "subnet-1",
            "network_id": "0c91db01-12cf-41c8-988e-3d6cc8df3fd4",
            "no_gateway": false,
            "prefix_length": null,
            "region": "RegionOne",
            "service_types": [],
            "subnetpool_id": "",
            "tags": [],
            "tenant_id": "fc70748921aa4265ad13c5d6f42d2574",
            "timeouts": null,
            "value_specs": null
          },
          "sensitive_attributes": [],
          "identity_schema_version": 0,
          "private": "eyJlMmJmYjczMC1lY2FhLTExZTYtOGY4OC0zNDM2M2JjN2M0YzAiOnsiY3JlYXRlIjo2MDAwMDAwMDAwMDAsImRlbGV0ZSI6NjAwMDAwMDAwMDAwfX0=",
          "dependencies": [
            "module.network.data.openstack_networking_network_v2.imported",
            "module.network.openstack_networking_network_v2.networks"
          ],
          "create_before_destroy": true
        },
        {
          "index_key": "subnet_2",
          "schema_version": 0,
          "attributes": {
            "all_tags": [],
            "allocation_pool": [
              {
                "end": "10.10.2.254",
                "start": "10.10.2.2"
              }
            ],
            "allocation_pools": [
              {
                "end": "10.10.2.254",
                "start": "10.10.2.2"
              }
            ],
            "cidr": "10.10.2.0/24",
            "description": "",
            "dns_nameservers": [],
            "enable_dhcp": true,
            "gateway_ip": "10.10.2.1",
            "host_routes": [],
            "id": "821b3835-7f30-48a3-b3c5-170c104bd209",
            "ip_version": 4,
            "ipv6_address_mode": "",
            "ipv6_ra_mode": "",
            "name": "subnet-2",
            "network_id": "0c91db01-12cf-41c8-988e-3d6cc8df3fd4",
            "no_gateway": false,
            "prefix_length": null,
            "region": "RegionOne",
            "service_types": [],
            "subnetpool_id": "",
            "tags": [],
            "tenant_id": "fc70748921aa4265ad13c5d6f42d2574",
            "timeouts": null,
            "value_specs": null
          },
          "sensitive_attributes": [],
          "identity_schema_version": 0,
          "private": "eyJlMmJmYjczMC1lY2FhLTExZTYtOGY4OC0zNDM2M2JjN2M0YzAiOnsiY3JlYXRlIjo2MDAwMDAwMDAwMDAsImRlbGV0ZSI6NjAwMDAwMDAwMDAwfX0=",
          "dependencies": [
            "module.network.data.openstack_networking_network_v2.imported",
            "module.network.openstack_networking_network_v2.networks"
          ],
          "create_before_destroy": true
        },
        {
          "index_key": "subnet_3",
          "schema_version": 0,
          "attributes": {
            "all_tags": [],
            "allocation_pool": [
              {
                "end": "10.10.3.254",
                "start": "10.10.3.2"
              }
            ],
            "allocation_pools": [
              {
                "end": "10.10.3.254",
                "start": "10.10.3.2"
              }
            ],
            "cidr": "10.10.3.0/24",
            "description": "",
            "dns_nameservers": [],
            "enable_dhcp": true,
            "gateway_ip": "10.10.3.1",
            "host_routes": [],
            "id": "59c5a8f5-da2c-4f7c-92af-d2adaf1a6b7f",
            "ip_version": 4,
            "ipv6_address_mode": "",
            "ipv6_ra_mode": "",
            "name": "subnet-3",
            "network_id": "0c91db01-12cf-41c8-988e-3d6cc8df3fd4",
            "no_gateway": false,
            "prefix_length": null,
            "region": "RegionOne",
            "service_types": [],
            "subnetpool_id": "",
            "tags": [],
            "tenant_id": "fc70748921aa4265ad13c5d6f42d2574",
            "timeouts": null,
            "value_specs": null
          },
          "sensitive_attributes": [],
          "identity_schema_version": 0,
          "private": "eyJlMmJmYjczMC1lY2FhLTExZTYtOGY4OC0zNDM2M2JjN2M0YzAiOnsiY3JlYXRlIjo2MDAwMDAwMDAwMDAsImRlbGV0ZSI6NjAwMDAwMDAwMDAwfX0=",
          "dependencies": [
            "module.network.data.openstack_networking_network_v2.imported",
            "module.network.openstack_networking_network_v2.networks"
          ],
          "create_before_destroy": true
        },
        {
          "index_key": "subnet_6",
          "schema_version": 0,
          "attributes": {
            "all_tags": [],
            "allocation_pool": [
              {
                "end": "10.20.1.254",
                "start": "10.20.1.2"
              }
            ],
            "allocation_pools": [
              {
                "end": "10.20.1.254",
                "start": "10.20.1.2"
              }
            ],
            "cidr": "10.20.1.0/24",
            "description": "",
            "dns_nameservers": [],
            "enable_dhcp": true,
            "gateway_ip": "10.20.1.1",
            "host_routes": [],
            "id": "92c16069-250a-4703-be30-1b145f6baf81",
            "ip_version": 4,
            "ipv6_address_mode": "",
            "ipv6_ra_mode": "",
            "name": "n-subnet-1",
            "network_id": "e488a085-98a6-4cbe-ac0f-f3a64cf26a84",
            "no_gateway": false,
            "prefix_length": null,
            "region": "RegionOne",
            "service_types": [],
            "subnetpool_id": "",
            "tags": [],
            "tenant_id": "fc70748921aa4265ad13c5d6f42d2574",
            "timeouts": null,
            "value_specs": null
          },
          "sensitive_attributes": [],
          "identity_schema_version": 0,
          "private": "eyJlMmJmYjczMC1lY2FhLTExZTYtOGY4OC0zNDM2M2JjN2M0YzAiOnsiY3JlYXRlIjo2MDAwMDAwMDAwMDAsImRlbGV0ZSI6NjAwMDAwMDAwMDAwfX0=",
          "dependencies": [
            "module.network.data.openstack_networking_network_v2.imported",
            "module.network.openstack_networking_network_v2.networks"
          ],
          "create_before_destroy": true
        }
      ]
    },
    {
      "module": "module.vms",
      "mode": "data",
      "type": "openstack_networking_network_v2",
      "name": "external",
      "provider": "provider[\"registry.terraform.io/terraform-provider-openstack/openstack\"]",
      "instances": [
        {
          "schema_version": 0,
          "attributes": {
            "admin_state_up": "true",
            "all_tags": [],
            "availability_zone_hints": [],
            "description": "",
            "dns_domain": "",
            "external": true,
            "id": "7181cf6d-3e20-4fac-a7d1-7064e5fbb3a6",
            "matching_subnet_cidr": null,
            "mtu": 1500,
            "name": "public1",
            "network_id": null,
            "region": "RegionOne",
            "segments": [],
            "shared": "true",
            "status": null,
            "subnets": [
              "99d6340b-f730-4086-910d-e39faff556fa"
            ],
            "tags": null,
            "tenant_id": "15b9c9b9c8fe4dae9789ca3ffea6aaac",
            "transparent_vlan": false
          },
          "sensitive_attributes": [],
          "identity_schema_version": 0
        }
      ]
    },
    {
      "module": "module.vms",
      "mode": "managed",
      "type": "openstack_blockstorage_volume_v3",
      "name": "boot_volumes",
      "provider": "provider[\"registry.terraform.io/terraform-provider-openstack/openstack\"]",
      "instances": [
        {
          "index_key": "vm7",
          "schema_version": 0,
          "attributes": {
            "attachment": [
              {
                "device": "/dev/vda",
                "id": "e141b22b-a250-488f-8521-f5179bfb8a0c",
                "instance_id": "da2ccd25-cb51-4ee3-91b8-d225fe9b4cbb"
              }
            ],
            "availability_zone": "nova",
            "consistency_group_id": null,
            "description": "",
            "enable_online_resize": true,
            "id": "e141b22b-a250-488f-8521-f5179bfb8a0c",
            "image_id": null,
            "metadata": {},
            "multiattach": null,
            "name": "boot-vol-boot",
            "region": "RegionOne",
            "scheduler_hints": [],
            "size": 30,
            "snapshot_id": "882d7a0e-23e7-4112-99ba-481f4f1b15ba",
            "source_replica": null,
            "source_vol_id": "",
            "timeouts": null,
            "volume_type": "__DEFAULT__"
          },
          "sensitive_attributes": [],
          "identity_schema_version": 0,
          "private": "eyJlMmJmYjczMC1lY2FhLTExZTYtOGY4OC0zNDM2M2JjN2M0YzAiOnsiY3JlYXRlIjo2MDAwMDAwMDAwMDAsImRlbGV0ZSI6NjAwMDAwMDAwMDAwfX0=",
          "dependencies": [
            "module.network.data.openstack_networking_network_v2.imported",
            "module.network.data.openstack_networking_subnet_v2.imported",
            "module.network.openstack_networking_network_v2.networks",
            "module.network.openstack_networking_port_v2.ports",
            "module.network.openstack_networking_subnet_v2.subnets"
          ],
          "create_before_destroy": true
        }
      ]
    },
    {
      "module": "module.vms",
      "mode": "managed",
      "type": "openstack_blockstorage_volume_v3",
      "name": "data_volumes",
      "provider": "provider[\"registry.terraform.io/terraform-provider-openstack/openstack\"]",
      "instances": [
        {
          "index_key": "vm1-data-0",
          "schema_version": 0,
          "attributes": {
            "attachment": [
              {
                "device": "/dev/vdb",
                "id": "b4f6f14e-eb56-4ae3-b1e8-cfb65ab06442",
                "instance_id": "9b628b96-b640-4d68-b119-d06e042c9ebc"
              }
            ],
            "availability_zone": "nova",
            "consistency_group_id": null,
            "description": "Web data",
            "enable_online_resize": true,
            "id": "b4f6f14e-eb56-4ae3-b1e8-cfb65ab06442",
            "image_id": null,
            "metadata": {},
            "multiattach": null,
            "name": "web-server-subnet1-data-vm1-data-0",
            "region": "RegionOne",
            "scheduler_hints": [],
            "size": 30,
            "snapshot_id": "",
            "source_replica": null,
            "source_vol_id": "",
            "timeouts": null,
            "volume_type": "__DEFAULT__"
          },
          "sensitive_attributes": [],
          "identity_schema_version": 0,
          "private": "eyJlMmJmYjczMC1lY2FhLTExZTYtOGY4OC0zNDM2M2JjN2M0YzAiOnsiY3JlYXRlIjo2MDAwMDAwMDAwMDAsImRlbGV0ZSI6NjAwMDAwMDAwMDAwfX0=",
          "dependencies": [
            "module.network.data.openstack_networking_network_v2.imported",
            "module.network.data.openstack_networking_subnet_v2.imported",
            "module.network.openstack_networking_network_v2.networks",
            "module.network.openstack_networking_port_v2.ports",
            "module.network.openstack_networking_subnet_v2.subnets"
          ]
        },
        {
          "index_key": "vm7-data-0",
          "schema_version": 0,
          "attributes": {
            "attachment": [
              {
                "device": "/dev/vdb",
                "id": "2c03ec59-6f97-4a02-875d-26d6c4dd0b29",
                "instance_id": "da2ccd25-cb51-4ee3-91b8-d225fe9b4cbb"
              }
            ],
            "availability_zone": "nova",
            "consistency_group_id": null,
            "description": "Web data",
            "enable_online_resize": true,
            "id": "2c03ec59-6f97-4a02-875d-26d6c4dd0b29",
            "image_id": null,
            "metadata": {},
            "multiattach": null,
            "name": "boot-vol-data-vm7-data-0",
            "region": "RegionOne",
            "scheduler_hints": [],
            "size": 30,
            "snapshot_id": "",
            "source_replica": null,
            "source_vol_id": "",
            "timeouts": null,
            "volume_type": "__DEFAULT__"
          },
          "sensitive_attributes": [],
          "identity_schema_version": 0,
          "private": "eyJlMmJmYjczMC1lY2FhLTExZTYtOGY4OC0zNDM2M2JjN2M0YzAiOnsiY3JlYXRlIjo2MDAwMDAwMDAwMDAsImRlbGV0ZSI6NjAwMDAwMDAwMDAwfX0=",
          "dependencies": [
            "module.network.data.openstack_networking_network_v2.imported",
            "module.network.data.openstack_networking_subnet_v2.imported",
            "module.network.openstack_networking_network_v2.networks",
            "module.network.openstack_networking_port_v2.ports",
            "module.network.openstack_networking_subnet_v2.subnets"
          ]
        }
      ]
    },
    {
      "module": "module.vms",
      "mode": "managed",
      "type": "openstack_compute_floatingip_associate_v2",
      "name": "fip_assoc",
      "provider": "provider[\"registry.terraform.io/terraform-provider-openstack/openstack\"]",
      "instances": [
        {
          "index_key": "vm1",
          "schema_version": 0,
          "attributes": {
            "fixed_ip": "",
            "floating_ip": "172.20.1.169",
            "id": "172.20.1.169/9b628b96-b640-4d68-b119-d06e042c9ebc/",
            "instance_id": "9b628b96-b640-4d68-b119-d06e042c9ebc",
            "region": "RegionOne",
            "timeouts": null,
            "wait_until_associated": null
          },
          "sensitive_attributes": [],
          "identity_schema_version": 0,
          "private": "eyJlMmJmYjczMC1lY2FhLTExZTYtOGY4OC0zNDM2M2JjN2M0YzAiOnsiY3JlYXRlIjo2MDAwMDAwMDAwMDB9fQ==",
          "dependencies": [
            "module.network.data.openstack_networking_network_v2.imported",
            "module.network.data.openstack_networking_subnet_v2.imported",
            "module.network.openstack_networking_network_v2.networks",
            "module.network.openstack_networking_port_v2.ports",
            "module.network.openstack_networking_subnet_v2.subnets",
            "module.vms.data.openstack_networking_network_v2.existing",
            "module.vms.data.openstack_networking_network_v2.external",
            "module.vms.openstack_blockstorage_volume_v3.boot_volumes",
            "module.vms.openstack_compute_instance_v2.vms",
            "module.vms.openstack_networking_floatingip_v2.fips"
          ]
        },
        {
          "index_key": "vm6",
          "schema_version": 0,
          "attributes": {
            "fixed_ip": "",
            "floating_ip": "172.20.1.184",
            "id": "172.20.1.184/b4f7792d-b93b-4c6b-b3a1-e3c73072a9c6/",
            "instance_id": "b4f7792d-b93b-4c6b-b3a1-e3c73072a9c6",
            "region": "RegionOne",
            "timeouts": null,
            "wait_until_associated": null
          },
          "sensitive_attributes": [],
          "identity_schema_version": 0,
          "private": "eyJlMmJmYjczMC1lY2FhLTExZTYtOGY4OC0zNDM2M2JjN2M0YzAiOnsiY3JlYXRlIjo2MDAwMDAwMDAwMDB9fQ==",
          "dependencies": [
            "module.network.data.openstack_networking_network_v2.imported",
            "module.network.data.openstack_networking_subnet_v2.imported",
            "module.network.openstack_networking_network_v2.networks",
            "module.network.openstack_networking_port_v2.ports",
            "module.network.openstack_networking_subnet_v2.subnets",
            "module.vms.data.openstack_networking_network_v2.existing",
            "module.vms.data.openstack_networking_network_v2.external",
            "module.vms.openstack_blockstorage_volume_v3.boot_volumes",
            "module.vms.openstack_compute_instance_v2.vms",
            "module.vms.openstack_networking_floatingip_v2.fips"
          ]
        },
        {
          "index_key": "vm7",
          "schema_version": 0,
          "attributes": {
            "fixed_ip": "",
            "floating_ip": "172.20.1.11",
            "id": "172.20.1.11/da2ccd25-cb51-4ee3-91b8-d225fe9b4cbb/",
            "instance_id": "da2ccd25-cb51-4ee3-91b8-d225fe9b4cbb",
            "region": "RegionOne",
            "timeouts": null,
            "wait_until_associated": null
          },
          "sensitive_attributes": [],
          "identity_schema_version": 0,
          "private": "eyJlMmJmYjczMC1lY2FhLTExZTYtOGY4OC0zNDM2M2JjN2M0YzAiOnsiY3JlYXRlIjo2MDAwMDAwMDAwMDB9fQ==",
          "dependencies": [
            "module.network.data.openstack_networking_network_v2.imported",
            "module.network.data.openstack_networking_subnet_v2.imported",
            "module.network.openstack_networking_network_v2.networks",
            "module.network.openstack_networking_port_v2.ports",
            "module.network.openstack_networking_subnet_v2.subnets",
            "module.vms.data.openstack_networking_network_v2.existing",
            "module.vms.data.openstack_networking_network_v2.external",
            "module.vms.openstack_blockstorage_volume_v3.boot_volumes",
            "module.vms.openstack_compute_instance_v2.vms",
            "module.vms.openstack_networking_floatingip_v2.fips"
          ]
        }
      ]
    },
    {
      "module": "module.vms",
      "mode": "managed",
      "type": "openstack_compute_instance_v2",
      "name": "vms",
      "provider": "provider[\"registry.terraform.io/terraform-provider-openstack/openstack\"]",
      "instances": [
        {
          "index_key": "vm1",
          "schema_version": 0,
          "attributes": {
            "access_ip_v4": "10.10.1.225",
            "access_ip_v6": "",
            "admin_pass": null,
            "all_metadata": {
              "environment": "test"
            },
            "all_tags": [],
            "availability_zone": "nova",
            "availability_zone_hints": null,
            "block_device": [],
            "config_drive": null,
            "created": "2026-01-15 05:27:28 +0000 UTC",
            "flavor_id": "3",
            "flavor_name": "m1.medium",
            "floating_ip": null,
            "force_delete": false,
            "id": "9b628b96-b640-4d68-b119-d06e042c9ebc",
            "image_id": "ffa49bc6-3dc4-4da9-beac-dad078d6e71e",
            "image_name": "ubuntu",
            "key_pair": "test",
            "metadata": {
              "environment": "test"
            },
            "name": "web-server-subnet1",
            "network": [
              {
                "access_network": false,
                "fixed_ip_v4": "10.10.1.225",
                "fixed_ip_v6": "",
                "floating_ip": "",
                "mac": "fa:16:3e:2f:32:1c",
                "name": "network-1",
                "port": "45f329ba-c4cd-4280-bfa8-c9229bb8bdb2",
                "uuid": "0c91db01-12cf-41c8-988e-3d6cc8df3fd4"
              }
            ],
            "network_mode": null,
            "personality": [],
            "power_state": "active",
            "region": "RegionOne",
            "scheduler_hints": [],
            "security_groups": [
              "default",
              "test-user"
            ],
            "stop_before_destroy": false,
            "tags": [],
            "timeouts": null,
            "updated": "2026-01-15 05:27:42 +0000 UTC",
            "user_data": "",
            "vendor_options": [],
            "volume": []
          },
          "sensitive_attributes": [
            [
              {
                "type": "get_attr",
                "value": "admin_pass"
              }
            ]
          ],
          "identity_schema_version": 0,
          "private": "eyJlMmJmYjczMC1lY2FhLTExZTYtOGY4OC0zNDM2M2JjN2M0YzAiOnsiY3JlYXRlIjoxODAwMDAwMDAwMDAwLCJkZWxldGUiOjE4MDAwMDAwMDAwMDAsInVwZGF0ZSI6MTgwMDAwMDAwMDAwMH19",
          "dependencies": [
            "module.network.data.openstack_networking_network_v2.imported",
            "module.network.data.openstack_networking_subnet_v2.imported",
            "module.network.openstack_networking_network_v2.networks",
            "module.network.openstack_networking_port_v2.ports",
            "module.network.openstack_networking_subnet_v2.subnets",
            "module.vms.data.openstack_networking_network_v2.existing",
            "module.vms.openstack_blockstorage_volume_v3.boot_volumes"
          ],
          "create_before_destroy": true
        },
        {
          "index_key": "vm6",
          "schema_version": 0,
          "attributes": {
            "access_ip_v4": "10.20.1.50",
            "access_ip_v6": "",
            "admin_pass": null,
            "all_metadata": {
              "environment": "test"
            },
            "all_tags": [],
            "availability_zone": "nova",
            "availability_zone_hints": null,
            "block_device": [],
            "config_drive": null,
            "created": "2026-01-21 09:44:02 +0000 UTC",
            "flavor_id": "3",
            "flavor_name": "m1.medium",
            "floating_ip": null,
            "force_delete": false,
            "id": "b4f7792d-b93b-4c6b-b3a1-e3c73072a9c6",
            "image_id": "ffa49bc6-3dc4-4da9-beac-dad078d6e71e",
            "image_name": "ubuntu",
            "key_pair": "test",
            "metadata": {
              "environment": "test"
            },
            "name": "subnet-22",
            "network": [
              {
                "access_network": false,
                "fixed_ip_v4": "10.20.1.50",
                "fixed_ip_v6": "",
                "floating_ip": "",
                "mac": "fa:16:3e:84:8b:c2",
                "name": "network-2",
                "port": "1a2747b9-7ae7-480b-a6be-5b78538e8df5",
                "uuid": "e488a085-98a6-4cbe-ac0f-f3a64cf26a84"
              }
            ],
            "network_mode": null,
            "personality": [],
            "power_state": "active",
            "region": "RegionOne",
            "scheduler_hints": [],
            "security_groups": [
              "default"
            ],
            "stop_before_destroy": false,
            "tags": [],
            "timeouts": null,
            "updated": "2026-01-21 09:44:16 +0000 UTC",
            "user_data": "c988166c5b09efe7029ba381a449b3a0f50b7495",
            "vendor_options": [],
            "volume": []
          },
          "sensitive_attributes": [
            [
              {
                "type": "get_attr",
                "value": "admin_pass"
              }
            ]
          ],
          "identity_schema_version": 0,
          "private": "eyJlMmJmYjczMC1lY2FhLTExZTYtOGY4OC0zNDM2M2JjN2M0YzAiOnsiY3JlYXRlIjoxODAwMDAwMDAwMDAwLCJkZWxldGUiOjE4MDAwMDAwMDAwMDAsInVwZGF0ZSI6MTgwMDAwMDAwMDAwMH19",
          "dependencies": [
            "module.network.data.openstack_networking_network_v2.imported",
            "module.network.data.openstack_networking_subnet_v2.imported",
            "module.network.openstack_networking_network_v2.networks",
            "module.network.openstack_networking_port_v2.ports",
            "module.network.openstack_networking_subnet_v2.subnets",
            "module.vms.data.openstack_networking_network_v2.existing",
            "module.vms.openstack_blockstorage_volume_v3.boot_volumes"
          ],
          "create_before_destroy": true
        },
        {
          "index_key": "vm7",
          "schema_version": 0,
          "attributes": {
            "access_ip_v4": "10.10.3.176",
            "access_ip_v6": "",
            "admin_pass": null,
            "all_metadata": {
              "environment": "test"
            },
            "all_tags": [],
            "availability_zone": "nova",
            "availability_zone_hints": null,
            "block_device": [
              {
                "boot_index": 0,
                "delete_on_termination": false,
                "destination_type": "volume",
                "device_type": "",
                "disk_bus": "",
                "guest_format": "",
                "multiattach": false,
                "source_type": "volume",
                "uuid": "e141b22b-a250-488f-8521-f5179bfb8a0c",
                "volume_size": 0,
                "volume_type": ""
              }
            ],
            "config_drive": null,
            "created": "2026-01-21 10:41:11 +0000 UTC",
            "flavor_id": "3",
            "flavor_name": "m1.medium",
            "floating_ip": null,
            "force_delete": false,
            "id": "da2ccd25-cb51-4ee3-91b8-d225fe9b4cbb",
            "image_id": "Attempt to boot from volume - no image supplied",
            "image_name": null,
            "key_pair": "test",
            "metadata": {
              "environment": "test"
            },
            "name": "boot-vol",
            "network": [
              {
                "access_network": false,
                "fixed_ip_v4": "10.10.3.176",
                "fixed_ip_v6": "",
                "floating_ip": "",
                "mac": "fa:16:3e:b8:46:6a",
                "name": "network-1",
                "port": "6a260079-1d12-4569-ac9d-354debf2afe7",
                "uuid": "0c91db01-12cf-41c8-988e-3d6cc8df3fd4"
              }
            ],
            "network_mode": null,
            "personality": [],
            "power_state": "active",
            "region": "RegionOne",
            "scheduler_hints": [],
            "security_groups": [
              "default"
            ],
            "stop_before_destroy": false,
            "tags": [],
            "timeouts": null,
            "updated": "2026-01-21 10:41:28 +0000 UTC",
            "user_data": "c988166c5b09efe7029ba381a449b3a0f50b7495",
            "vendor_options": [],
            "volume": []
          },
          "sensitive_attributes": [
            [
              {
                "type": "get_attr",
                "value": "admin_pass"
              }
            ]
          ],
          "identity_schema_version": 0,
          "private": "eyJlMmJmYjczMC1lY2FhLTExZTYtOGY4OC0zNDM2M2JjN2M0YzAiOnsiY3JlYXRlIjoxODAwMDAwMDAwMDAwLCJkZWxldGUiOjE4MDAwMDAwMDAwMDAsInVwZGF0ZSI6MTgwMDAwMDAwMDAwMH19",
          "dependencies": [
            "module.network.data.openstack_networking_network_v2.imported",
            "module.network.data.openstack_networking_subnet_v2.imported",
            "module.network.openstack_networking_network_v2.networks",
            "module.network.openstack_networking_port_v2.ports",
            "module.network.openstack_networking_subnet_v2.subnets",
            "module.vms.data.openstack_networking_network_v2.existing",
            "module.vms.openstack_blockstorage_volume_v3.boot_volumes"
          ],
          "create_before_destroy": true
        }
      ]
    },
    {
      "module": "module.vms",
      "mode": "managed",
      "type": "openstack_compute_volume_attach_v2",
      "name": "attach_data",
      "provider": "provider[\"registry.terraform.io/terraform-provider-openstack/openstack\"]",
      "instances": [
        {
          "index_key": "vm1-data-0",
          "schema_version": 0,
          "attributes": {
            "device": "/dev/vdb",
            "id": "9b628b96-b640-4d68-b119-d06e042c9ebc/b4f6f14e-eb56-4ae3-b1e8-cfb65ab06442",
            "instance_id": "9b628b96-b640-4d68-b119-d06e042c9ebc",
            "multiattach": null,
            "region": "RegionOne",
            "timeouts": null,
            "vendor_options": [],
            "volume_id": "b4f6f14e-eb56-4ae3-b1e8-cfb65ab06442"
          },
          "sensitive_attributes": [],
          "identity_schema_version": 0,
          "private": "eyJlMmJmYjczMC1lY2FhLTExZTYtOGY4OC0zNDM2M2JjN2M0YzAiOnsiY3JlYXRlIjo2MDAwMDAwMDAwMDAsImRlbGV0ZSI6NjAwMDAwMDAwMDAwfX0=",
          "dependencies": [
            "module.network.data.openstack_networking_network_v2.imported",
            "module.network.data.openstack_networking_subnet_v2.imported",
            "module.network.openstack_networking_network_v2.networks",
            "module.network.openstack_networking_port_v2.ports",
            "module.network.openstack_networking_subnet_v2.subnets",
            "module.vms.data.openstack_networking_network_v2.existing",
            "module.vms.openstack_blockstorage_volume_v3.boot_volumes",
            "module.vms.openstack_blockstorage_volume_v3.data_volumes",
            "module.vms.openstack_compute_instance_v2.vms"
          ]
        },
        {
          "index_key": "vm7-data-0",
          "schema_version": 0,
          "attributes": {
            "device": "/dev/vdb",
            "id": "da2ccd25-cb51-4ee3-91b8-d225fe9b4cbb/2c03ec59-6f97-4a02-875d-26d6c4dd0b29",
            "instance_id": "da2ccd25-cb51-4ee3-91b8-d225fe9b4cbb",
            "multiattach": null,
            "region": "RegionOne",
            "timeouts": null,
            "vendor_options": [],
            "volume_id": "2c03ec59-6f97-4a02-875d-26d6c4dd0b29"
          },
          "sensitive_attributes": [],
          "identity_schema_version": 0,
          "private": "eyJlMmJmYjczMC1lY2FhLTExZTYtOGY4OC0zNDM2M2JjN2M0YzAiOnsiY3JlYXRlIjo2MDAwMDAwMDAwMDAsImRlbGV0ZSI6NjAwMDAwMDAwMDAwfX0=",
          "dependencies": [
            "module.network.data.openstack_networking_network_v2.imported",
            "module.network.data.openstack_networking_subnet_v2.imported",
            "module.network.openstack_networking_network_v2.networks",
            "module.network.openstack_networking_port_v2.ports",
            "module.network.openstack_networking_subnet_v2.subnets",
            "module.vms.data.openstack_networking_network_v2.existing",
            "module.vms.openstack_blockstorage_volume_v3.boot_volumes",
            "module.vms.openstack_blockstorage_volume_v3.data_volumes",
            "module.vms.openstack_compute_instance_v2.vms"
          ]
        }
      ]
    },
    {
      "module": "module.vms",
      "mode": "managed",
      "type": "openstack_networking_floatingip_v2",
      "name": "fips",
      "provider": "provider[\"registry.terraform.io/terraform-provider-openstack/openstack\"]",
      "instances": [
        {
          "index_key": "vm1",
          "schema_version": 0,
          "attributes": {
            "address": "172.20.1.169",
            "all_tags": [],
            "description": "",
            "dns_domain": "",
            "dns_name": "",
            "fixed_ip": "10.10.1.225",
            "id": "c712c8ff-6d21-42da-a125-8d8f9523e3af",
            "pool": "public1",
            "port_id": "45f329ba-c4cd-4280-bfa8-c9229bb8bdb2",
            "region": "RegionOne",
            "subnet_id": null,
            "subnet_ids": null,
            "tags": [],
            "tenant_id": "fc70748921aa4265ad13c5d6f42d2574",
            "timeouts": null,
            "value_specs": null
          },
          "sensitive_attributes": [],
          "identity_schema_version": 0,
          "private": "eyJlMmJmYjczMC1lY2FhLTExZTYtOGY4OC0zNDM2M2JjN2M0YzAiOnsiY3JlYXRlIjo2MDAwMDAwMDAwMDAsImRlbGV0ZSI6NjAwMDAwMDAwMDAwfX0=",
          "dependencies": [
            "module.network.data.openstack_networking_network_v2.imported",
            "module.network.data.openstack_networking_subnet_v2.imported",
            "module.network.openstack_networking_network_v2.networks",
            "module.network.openstack_networking_port_v2.ports",
            "module.network.openstack_networking_subnet_v2.subnets",
            "module.vms.data.openstack_networking_network_v2.external"
          ]
        },
        {
          "index_key": "vm6",
          "schema_version": 0,
          "attributes": {
            "address": "172.20.1.184",
            "all_tags": [],
            "description": "",
            "dns_domain": "",
            "dns_name": "",
            "fixed_ip": "10.20.1.50",
            "id": "41d3dc3a-ae19-4a00-9302-1ef841dab1da",
            "pool": "public1",
            "port_id": "1a2747b9-7ae7-480b-a6be-5b78538e8df5",
            "region": "RegionOne",
            "subnet_id": null,
            "subnet_ids": null,
            "tags": [],
            "tenant_id": "fc70748921aa4265ad13c5d6f42d2574",
            "timeouts": null,
            "value_specs": null
          },
          "sensitive_attributes": [],
          "identity_schema_version": 0,
          "private": "eyJlMmJmYjczMC1lY2FhLTExZTYtOGY4OC0zNDM2M2JjN2M0YzAiOnsiY3JlYXRlIjo2MDAwMDAwMDAwMDAsImRlbGV0ZSI6NjAwMDAwMDAwMDAwfX0=",
          "dependencies": [
            "module.network.data.openstack_networking_network_v2.imported",
            "module.network.data.openstack_networking_subnet_v2.imported",
            "module.network.openstack_networking_network_v2.networks",
            "module.network.openstack_networking_port_v2.ports",
            "module.network.openstack_networking_subnet_v2.subnets",
            "module.vms.data.openstack_networking_network_v2.external"
          ]
        },
        {
          "index_key": "vm7",
          "schema_version": 0,
          "attributes": {
            "address": "172.20.1.11",
            "all_tags": [],
            "description": "",
            "dns_domain": "",
            "dns_name": "",
            "fixed_ip": "10.10.3.176",
            "id": "508a614d-5718-4470-a0f7-35c3ccd724ac",
            "pool": "public1",
            "port_id": "6a260079-1d12-4569-ac9d-354debf2afe7",
            "region": "RegionOne",
            "subnet_id": null,
            "subnet_ids": null,
            "tags": [],
            "tenant_id": "fc70748921aa4265ad13c5d6f42d2574",
            "timeouts": null,
            "value_specs": null
          },
          "sensitive_attributes": [],
          "identity_schema_version": 0,
          "private": "eyJlMmJmYjczMC1lY2FhLTExZTYtOGY4OC0zNDM2M2JjN2M0YzAiOnsiY3JlYXRlIjo2MDAwMDAwMDAwMDAsImRlbGV0ZSI6NjAwMDAwMDAwMDAwfX0=",
          "dependencies": [
            "module.network.data.openstack_networking_network_v2.imported",
            "module.network.data.openstack_networking_subnet_v2.imported",
            "module.network.openstack_networking_network_v2.networks",
            "module.network.openstack_networking_port_v2.ports",
            "module.network.openstack_networking_subnet_v2.subnets",
            "module.vms.data.openstack_networking_network_v2.external"
          ]
        }
      ]
    }
  ],
  "check_results": [
    {
      "object_kind": "var",
      "config_addr": "module.vms.var.vms",
      "status": "pass",
      "objects": [
        {
          "object_addr": "module.vms.var.vms",
          "status": "pass"
        }
      ]
    },
    {
      "object_kind": "var",
      "config_addr": "var.vms",
      "status": "pass",
      "objects": [
        {
          "object_addr": "var.vms",
          "status": "pass"
        }
      ]
    }
  ]
}
