{
  "version": 4,
  "terraform_version": "1.13.3",
  "serial": 231,
  "lineage": "7e2dbe1c-1e12-52fd-64d0-770a383712f5",
  "outputs": {
    "awx_inventory_file": {
      "value": "./../terraform_outputs/dev/awx_inventory.ini",
      "type": "string"
    },
    "dev_boot_volumes": {
      "value": {
        "web1": {
          "id": "7a01041d-8c58-4c81-a765-3809892110b0",
          "name": "jenkins-controller-boot",
          "size": 50,
          "type": "boot"
        },
        "web1-1": {
          "id": "18c764c2-93ee-471d-83d4-53fbc628bd9f",
          "name": "jenkins-agent-boot",
          "size": 50,
          "type": "boot"
        },
        "web10": {
          "id": "e531cb11-24c3-4298-9c99-9e2582052c2f",
          "name": "minio-worker-boot",
          "size": 50,
          "type": "boot"
        },
        "web11": {
          "id": "79026f03-0ee8-4df1-90ae-47a91b43e9a9",
          "name": "minio-worker-2-boot",
          "size": 50,
          "type": "boot"
        },
        "web12": {
          "id": "6206835b-8ddb-4c78-a045-6e7d6374bb6d",
          "name": "minio-worker-3-boot",
          "size": 50,
          "type": "boot"
        },
        "web13": {
          "id": "9cb04991-8b87-4b1b-886b-84ab71cdf2a0",
          "name": "minio-worker-4-boot",
          "size": 50,
          "type": "boot"
        },
        "web2": {
          "id": "28a9a036-eb82-4d5c-9332-d8977e2c148c",
          "name": "sonar-boot",
          "size": 50,
          "type": "boot"
        },
        "web3": {
          "id": "2e15db1f-4232-4ac7-857f-71e21b560d18",
          "name": "harbor-master-boot",
          "size": 50,
          "type": "boot"
        },
        "web4": {
          "id": "b6a22b7b-20af-4ca8-8660-6c1144ffe08a",
          "name": "harbor-worker-1-boot",
          "size": 50,
          "type": "boot"
        },
        "web5": {
          "id": "458df21f-f74c-472b-ad6f-58836e384bde",
          "name": "harbor-worker-2-boot",
          "size": 50,
          "type": "boot"
        },
        "web5-1": {
          "id": "3cf0ecad-0c71-47ad-adf2-ce9917c042ed",
          "name": "harbor-lb-boot",
          "size": 50,
          "type": "boot"
        },
        "web5-2": {
          "id": "e353d89c-b1d2-4447-a1f4-f55afa4046d0",
          "name": "harbor-worker-3-boot",
          "size": 50,
          "type": "boot"
        },
        "web6": {
          "id": "8af9d236-4624-461f-9d61-ed9b44044190",
          "name": "k8s-master-boot",
          "size": 50,
          "type": "boot"
        },
        "web7": {
          "id": "43e0ab57-7f06-4835-a525-944f06c7fd6a",
          "name": "k8s-worker-boot",
          "size": 50,
          "type": "boot"
        },
        "web8": {
          "id": "53e8a75b-582a-499c-9ce6-3955b83eb6b4",
          "name": "argo-cd-boot",
          "size": 50,
          "type": "boot"
        },
        "web9": {
          "id": "321b23b1-4e2c-4d61-8f5c-b6a61def99b9",
          "name": "minio-master-boot",
          "size": 50,
          "type": "boot"
        }
      },
      "type": [
        "object",
        {
          "web1": [
            "object",
            {
              "id": "string",
              "name": "string",
              "size": "number",
              "type": "string"
            }
          ],
          "web1-1": [
            "object",
            {
              "id": "string",
              "name": "string",
              "size": "number",
              "type": "string"
            }
          ],
          "web10": [
            "object",
            {
              "id": "string",
              "name": "string",
              "size": "number",
              "type": "string"
            }
          ],
          "web11": [
            "object",
            {
              "id": "string",
              "name": "string",
              "size": "number",
              "type": "string"
            }
          ],
          "web12": [
            "object",
            {
              "id": "string",
              "name": "string",
              "size": "number",
              "type": "string"
            }
          ],
          "web13": [
            "object",
            {
              "id": "string",
              "name": "string",
              "size": "number",
              "type": "string"
            }
          ],
          "web2": [
            "object",
            {
              "id": "string",
              "name": "string",
              "size": "number",
              "type": "string"
            }
          ],
          "web3": [
            "object",
            {
              "id": "string",
              "name": "string",
              "size": "number",
              "type": "string"
            }
          ],
          "web4": [
            "object",
            {
              "id": "string",
              "name": "string",
              "size": "number",
              "type": "string"
            }
          ],
          "web5": [
            "object",
            {
              "id": "string",
              "name": "string",
              "size": "number",
              "type": "string"
            }
          ],
          "web5-1": [
            "object",
            {
              "id": "string",
              "name": "string",
              "size": "number",
              "type": "string"
            }
          ],
          "web5-2": [
            "object",
            {
              "id": "string",
              "name": "string",
              "size": "number",
              "type": "string"
            }
          ],
          "web6": [
            "object",
            {
              "id": "string",
              "name": "string",
              "size": "number",
              "type": "string"
            }
          ],
          "web7": [
            "object",
            {
              "id": "string",
              "name": "string",
              "size": "number",
              "type": "string"
            }
          ],
          "web8": [
            "object",
            {
              "id": "string",
              "name": "string",
              "size": "number",
              "type": "string"
            }
          ],
          "web9": [
            "object",
            {
              "id": "string",
              "name": "string",
              "size": "number",
              "type": "string"
            }
          ]
        }
      ]
    },
    "dev_data_volumes": {
      "value": {
        "web10-data-0": {
          "id": "4d3ef36e-756e-4a0a-9f29-bc20cd7f5762",
          "name": "minio-worker-data-web10-data-0",
          "size": 70,
          "type": "data",
          "vm_key": "web10"
        },
        "web10-data-1": {
          "id": "e5931a95-2752-4fb1-8b06-5516def00cfb",
          "name": "minio-worker-data-web10-data-1",
          "size": 70,
          "type": "data",
          "vm_key": "web10"
        },
        "web11-data-0": {
          "id": "ee1d2bb4-a74a-4e79-91e4-bf2c3f2d3a09",
          "name": "minio-worker-2-data-web11-data-0",
          "size": 70,
          "type": "data",
          "vm_key": "web11"
        },
        "web11-data-1": {
          "id": "bd281da5-7289-434b-bce1-02758ddd60cf",
          "name": "minio-worker-2-data-web11-data-1",
          "size": 70,
          "type": "data",
          "vm_key": "web11"
        },
        "web12-data-0": {
          "id": "f5f22d88-37bf-475a-b65e-635a6e38339d",
          "name": "minio-worker-3-data-web12-data-0",
          "size": 70,
          "type": "data",
          "vm_key": "web12"
        },
        "web12-data-1": {
          "id": "019e2015-fd41-46fa-a541-f1808e353a7d",
          "name": "minio-worker-3-data-web12-data-1",
          "size": 70,
          "type": "data",
          "vm_key": "web12"
        },
        "web13-data-0": {
          "id": "a0435523-479a-4bad-96b6-37a1cac5fbdc",
          "name": "minio-worker-4-data-web13-data-0",
          "size": 70,
          "type": "data",
          "vm_key": "web13"
        },
        "web13-data-1": {
          "id": "1efd7d0c-fff4-4086-90a3-e70e277c49d5",
          "name": "minio-worker-4-data-web13-data-1",
          "size": 70,
          "type": "data",
          "vm_key": "web13"
        },
        "web4-data-0": {
          "id": "3804e71f-1122-4937-804f-1c6d378dcdbc",
          "name": "harbor-worker-1-data-web4-data-0",
          "size": 200,
          "type": "data",
          "vm_key": "web4"
        },
        "web5-2-data-0": {
          "id": "fab7744e-6147-439a-8eb1-10b6c8ecdd85",
          "name": "harbor-worker-3-data-web5-2-data-0",
          "size": 200,
          "type": "data",
          "vm_key": "web5-2"
        },
        "web5-data-0": {
          "id": "33917594-fa5f-4188-987d-b02076002bfd",
          "name": "harbor-worker-2-data-web5-data-0",
          "size": 200,
          "type": "data",
          "vm_key": "web5"
        }
      },
      "type": [
        "object",
        {
          "web10-data-0": [
            "object",
            {
              "id": "string",
              "name": "string",
              "size": "number",
              "type": "string",
              "vm_key": "string"
            }
          ],
          "web10-data-1": [
            "object",
            {
              "id": "string",
              "name": "string",
              "size": "number",
              "type": "string",
              "vm_key": "string"
            }
          ],
          "web11-data-0": [
            "object",
            {
              "id": "string",
              "name": "string",
              "size": "number",
              "type": "string",
              "vm_key": "string"
            }
          ],
          "web11-data-1": [
            "object",
            {
              "id": "string",
              "name": "string",
              "size": "number",
              "type": "string",
              "vm_key": "string"
            }
          ],
          "web12-data-0": [
            "object",
            {
              "id": "string",
              "name": "string",
              "size": "number",
              "type": "string",
              "vm_key": "string"
            }
          ],
          "web12-data-1": [
            "object",
            {
              "id": "string",
              "name": "string",
              "size": "number",
              "type": "string",
              "vm_key": "string"
            }
          ],
          "web13-data-0": [
            "object",
            {
              "id": "string",
              "name": "string",
              "size": "number",
              "type": "string",
              "vm_key": "string"
            }
          ],
          "web13-data-1": [
            "object",
            {
              "id": "string",
              "name": "string",
              "size": "number",
              "type": "string",
              "vm_key": "string"
            }
          ],
          "web4-data-0": [
            "object",
            {
              "id": "string",
              "name": "string",
              "size": "number",
              "type": "string",
              "vm_key": "string"
            }
          ],
          "web5-2-data-0": [
            "object",
            {
              "id": "string",
              "name": "string",
              "size": "number",
              "type": "string",
              "vm_key": "string"
            }
          ],
          "web5-data-0": [
            "object",
            {
              "id": "string",
              "name": "string",
              "size": "number",
              "type": "string",
              "vm_key": "string"
            }
          ]
        }
      ]
    },
    "dev_data_volumes_by_vm": {
      "value": {
        "web1": {
          "vm_name": "jenkins-controller",
          "volume_count": 0,
          "volumes": []
        },
        "web1-1": {
          "vm_name": "jenkins-agent",
          "volume_count": 0,
          "volumes": []
        },
        "web10": {
          "vm_name": "minio-worker",
          "volume_count": 2,
          "volumes": [
            {
              "id": null,
              "name": null,
              "size": 70
            },
            {
              "id": null,
              "name": null,
              "size": 70
            }
          ]
        },
        "web11": {
          "vm_name": "minio-worker-2",
          "volume_count": 2,
          "volumes": [
            {
              "id": null,
              "name": null,
              "size": 70
            },
            {
              "id": null,
              "name": null,
              "size": 70
            }
          ]
        },
        "web12": {
          "vm_name": "minio-worker-3",
          "volume_count": 2,
          "volumes": [
            {
              "id": null,
              "name": null,
              "size": 70
            },
            {
              "id": null,
              "name": null,
              "size": 70
            }
          ]
        },
        "web13": {
          "vm_name": "minio-worker-4",
          "volume_count": 2,
          "volumes": [
            {
              "id": null,
              "name": null,
              "size": 70
            },
            {
              "id": null,
              "name": null,
              "size": 70
            }
          ]
        },
        "web2": {
          "vm_name": "sonar",
          "volume_count": 0,
          "volumes": []
        },
        "web3": {
          "vm_name": "harbor-master",
          "volume_count": 0,
          "volumes": []
        },
        "web4": {
          "vm_name": "harbor-worker-1",
          "volume_count": 1,
          "volumes": [
            {
              "id": null,
              "name": null,
              "size": 200
            }
          ]
        },
        "web5": {
          "vm_name": "harbor-worker-2",
          "volume_count": 1,
          "volumes": [
            {
              "id": null,
              "name": null,
              "size": 200
            }
          ]
        },
        "web5-1": {
          "vm_name": "harbor-lb",
          "volume_count": 0,
          "volumes": []
        },
        "web5-2": {
          "vm_name": "harbor-worker-3",
          "volume_count": 1,
          "volumes": [
            {
              "id": null,
              "name": null,
              "size": 200
            }
          ]
        },
        "web6": {
          "vm_name": "k8s-master",
          "volume_count": 0,
          "volumes": []
        },
        "web7": {
          "vm_name": "k8s-worker",
          "volume_count": 0,
          "volumes": []
        },
        "web8": {
          "vm_name": "argo-cd",
          "volume_count": 0,
          "volumes": []
        },
        "web9": {
          "vm_name": "minio-master",
          "volume_count": 0,
          "volumes": []
        }
      },
      "type": [
        "object",
        {
          "web1": [
            "object",
            {
              "vm_name": "string",
              "volume_count": "number",
              "volumes": [
                "tuple",
                []
              ]
            }
          ],
          "web1-1": [
            "object",
            {
              "vm_name": "string",
              "volume_count": "number",
              "volumes": [
                "tuple",
                []
              ]
            }
          ],
          "web10": [
            "object",
            {
              "vm_name": "string",
              "volume_count": "number",
              "volumes": [
                "tuple",
                [
                  [
                    "object",
                    {
                      "id": "dynamic",
                      "name": "dynamic",
                      "size": "number"
                    }
                  ],
                  [
                    "object",
                    {
                      "id": "dynamic",
                      "name": "dynamic",
                      "size": "number"
                    }
                  ]
                ]
              ]
            }
          ],
          "web11": [
            "object",
            {
              "vm_name": "string",
              "volume_count": "number",
              "volumes": [
                "tuple",
                [
                  [
                    "object",
                    {
                      "id": "dynamic",
                      "name": "dynamic",
                      "size": "number"
                    }
                  ],
                  [
                    "object",
                    {
                      "id": "dynamic",
                      "name": "dynamic",
                      "size": "number"
                    }
                  ]
                ]
              ]
            }
          ],
          "web12": [
            "object",
            {
              "vm_name": "string",
              "volume_count": "number",
              "volumes": [
                "tuple",
                [
                  [
                    "object",
                    {
                      "id": "dynamic",
                      "name": "dynamic",
                      "size": "number"
                    }
                  ],
                  [
                    "object",
                    {
                      "id": "dynamic",
                      "name": "dynamic",
                      "size": "number"
                    }
                  ]
                ]
              ]
            }
          ],
          "web13": [
            "object",
            {
              "vm_name": "string",
              "volume_count": "number",
              "volumes": [
                "tuple",
                [
                  [
                    "object",
                    {
                      "id": "dynamic",
                      "name": "dynamic",
                      "size": "number"
                    }
                  ],
                  [
                    "object",
                    {
                      "id": "dynamic",
                      "name": "dynamic",
                      "size": "number"
                    }
                  ]
                ]
              ]
            }
          ],
          "web2": [
            "object",
            {
              "vm_name": "string",
              "volume_count": "number",
              "volumes": [
                "tuple",
                []
              ]
            }
          ],
          "web3": [
            "object",
            {
              "vm_name": "string",
              "volume_count": "number",
              "volumes": [
                "tuple",
                []
              ]
            }
          ],
          "web4": [
            "object",
            {
              "vm_name": "string",
              "volume_count": "number",
              "volumes": [
                "tuple",
                [
                  [
                    "object",
                    {
                      "id": "dynamic",
                      "name": "dynamic",
                      "size": "number"
                    }
                  ]
                ]
              ]
            }
          ],
          "web5": [
            "object",
            {
              "vm_name": "string",
              "volume_count": "number",
              "volumes": [
                "tuple",
                [
                  [
                    "object",
                    {
                      "id": "dynamic",
                      "name": "dynamic",
                      "size": "number"
                    }
                  ]
                ]
              ]
            }
          ],
          "web5-1": [
            "object",
            {
              "vm_name": "string",
              "volume_count": "number",
              "volumes": [
                "tuple",
                []
              ]
            }
          ],
          "web5-2": [
            "object",
            {
              "vm_name": "string",
              "volume_count": "number",
              "volumes": [
                "tuple",
                [
                  [
                    "object",
                    {
                      "id": "dynamic",
                      "name": "dynamic",
                      "size": "number"
                    }
                  ]
                ]
              ]
            }
          ],
          "web6": [
            "object",
            {
              "vm_name": "string",
              "volume_count": "number",
              "volumes": [
                "tuple",
                []
              ]
            }
          ],
          "web7": [
            "object",
            {
              "vm_name": "string",
              "volume_count": "number",
              "volumes": [
                "tuple",
                []
              ]
            }
          ],
          "web8": [
            "object",
            {
              "vm_name": "string",
              "volume_count": "number",
              "volumes": [
                "tuple",
                []
              ]
            }
          ],
          "web9": [
            "object",
            {
              "vm_name": "string",
              "volume_count": "number",
              "volumes": [
                "tuple",
                []
              ]
            }
          ]
        }
      ]
    },
    "dev_vm_details": {
      "value": {
        "web1": {
          "boot_volume_id": "7a01041d-8c58-4c81-a765-3809892110b0",
          "data_volume_count": 0,
          "data_volumes": [],
          "fip": "172.20.1.127",
          "flavor": "m1.large",
          "id": "6c51f09a-0b1d-455a-a338-2981dd1ea197",
          "name": "jenkins-controller",
          "power_state": "active",
          "private_ip": "10.0.0.3"
        },
        "web1-1": {
          "boot_volume_id": "18c764c2-93ee-471d-83d4-53fbc628bd9f",
          "data_volume_count": 0,
          "data_volumes": [],
          "fip": "172.20.1.34",
          "flavor": "m1.large",
          "id": "c607c78a-c40d-4071-a5a6-3e0eef44caf4",
          "name": "jenkins-agent",
          "power_state": "active",
          "private_ip": "10.0.0.126"
        },
        "web10": {
          "boot_volume_id": "e531cb11-24c3-4298-9c99-9e2582052c2f",
          "data_volume_count": 2,
          "data_volumes": [
            {
              "size": 70
            },
            {
              "size": 70
            }
          ],
          "fip": "172.20.1.39",
          "flavor": "m1.large",
          "id": "12b4379e-7b3b-4bb4-a0e4-3942921c89ae",
          "name": "minio-worker",
          "power_state": "active",
          "private_ip": "10.0.0.185"
        },
        "web11": {
          "boot_volume_id": "79026f03-0ee8-4df1-90ae-47a91b43e9a9",
          "data_volume_count": 2,
          "data_volumes": [
            {
              "size": 70
            },
            {
              "size": 70
            }
          ],
          "fip": "172.20.1.124",
          "flavor": "m1.large",
          "id": "74f5b5c9-ee24-4b6d-ace6-8e0632233b09",
          "name": "minio-worker-2",
          "power_state": "active",
          "private_ip": "10.0.0.25"
        },
        "web12": {
          "boot_volume_id": "6206835b-8ddb-4c78-a045-6e7d6374bb6d",
          "data_volume_count": 2,
          "data_volumes": [
            {
              "size": 70
            },
            {
              "size": 70
            }
          ],
          "fip": "172.20.1.100",
          "flavor": "m1.large",
          "id": "fdd09378-e1e8-4056-a585-a54e4599cf1d",
          "name": "minio-worker-3",
          "power_state": "active",
          "private_ip": "10.0.0.61"
        },
        "web13": {
          "boot_volume_id": "9cb04991-8b87-4b1b-886b-84ab71cdf2a0",
          "data_volume_count": 2,
          "data_volumes": [
            {
              "size": 70
            },
            {
              "size": 70
            }
          ],
          "fip": "172.20.1.138",
          "flavor": "m1.large",
          "id": "f5a07a03-3dd5-4d93-9be8-1f47f17b1b4e",
          "name": "minio-worker-4",
          "power_state": "active",
          "private_ip": "10.0.0.52"
        },
        "web2": {
          "boot_volume_id": "28a9a036-eb82-4d5c-9332-d8977e2c148c",
          "data_volume_count": 0,
          "data_volumes": [],
          "fip": "172.20.1.140",
          "flavor": "m1.large",
          "id": "e35fc138-3432-4dad-8e3b-2660d81eda4b",
          "name": "sonar",
          "power_state": "active",
          "private_ip": "10.0.0.85"
        },
        "web3": {
          "boot_volume_id": "2e15db1f-4232-4ac7-857f-71e21b560d18",
          "data_volume_count": 0,
          "data_volumes": [],
          "fip": "172.20.1.87",
          "flavor": "m1.large",
          "id": "1ed07ab6-dea5-489b-855d-73f740ca9f10",
          "name": "harbor-master",
          "power_state": "active",
          "private_ip": "10.0.0.35"
        },
        "web4": {
          "boot_volume_id": "b6a22b7b-20af-4ca8-8660-6c1144ffe08a",
          "data_volume_count": 1,
          "data_volumes": [
            {
              "size": 200
            }
          ],
          "fip": "172.20.1.125",
          "flavor": "m1.large",
          "id": "242e901c-ccd7-49f6-bd9e-30870f2ad79e",
          "name": "harbor-worker-1",
          "power_state": "active",
          "private_ip": "10.0.0.119"
        },
        "web5": {
          "boot_volume_id": "458df21f-f74c-472b-ad6f-58836e384bde",
          "data_volume_count": 1,
          "data_volumes": [
            {
              "size": 200
            }
          ],
          "fip": "172.20.1.75",
          "flavor": "m1.large",
          "id": "836e5019-59e6-48da-96bf-18109386315d",
          "name": "harbor-worker-2",
          "power_state": "active",
          "private_ip": "10.0.0.191"
        },
        "web5-1": {
          "boot_volume_id": "3cf0ecad-0c71-47ad-adf2-ce9917c042ed",
          "data_volume_count": 0,
          "data_volumes": [],
          "fip": "172.20.1.82",
          "flavor": "m1.large",
          "id": "bab7f2cb-6bcb-4184-8c2a-227981424bb6",
          "name": "harbor-lb",
          "power_state": "active",
          "private_ip": "10.0.0.239"
        },
        "web5-2": {
          "boot_volume_id": "e353d89c-b1d2-4447-a1f4-f55afa4046d0",
          "data_volume_count": 1,
          "data_volumes": [
            {
              "size": 200
            }
          ],
          "fip": "172.20.1.165",
          "flavor": "m1.large",
          "id": "555ae3c8-91a0-4edb-a123-be9bc7032f76",
          "name": "harbor-worker-3",
          "power_state": "active",
          "private_ip": "10.0.0.182"
        },
        "web6": {
          "boot_volume_id": "8af9d236-4624-461f-9d61-ed9b44044190",
          "data_volume_count": 0,
          "data_volumes": [],
          "fip": "172.20.1.83",
          "flavor": "m1.large",
          "id": "a4d1c7c8-c9fd-4ba3-9f00-c45bbbeb0352",
          "name": "k8s-master",
          "power_state": "active",
          "private_ip": "10.0.0.172"
        },
        "web7": {
          "boot_volume_id": "43e0ab57-7f06-4835-a525-944f06c7fd6a",
          "data_volume_count": 0,
          "data_volumes": [],
          "fip": "172.20.1.79",
          "flavor": "m1.large",
          "id": "46597bf1-367e-4103-8ddd-c31f149cbbef",
          "name": "k8s-worker",
          "power_state": "active",
          "private_ip": "10.0.0.221"
        },
        "web8": {
          "boot_volume_id": "53e8a75b-582a-499c-9ce6-3955b83eb6b4",
          "data_volume_count": 0,
          "data_volumes": [],
          "fip": "172.20.1.20",
          "flavor": "m1.large",
          "id": "b24780b3-b076-42c9-b6a0-7f9a50bf6f0b",
          "name": "argo-cd",
          "power_state": "active",
          "private_ip": "10.0.0.75"
        },
        "web9": {
          "boot_volume_id": "321b23b1-4e2c-4d61-8f5c-b6a61def99b9",
          "data_volume_count": 0,
          "data_volumes": [],
          "fip": "172.20.1.111",
          "flavor": "m1.large",
          "id": "4b7b9b81-5717-4110-8b95-638e1d358f60",
          "name": "minio-master",
          "power_state": "active",
          "private_ip": "10.0.0.204"
        }
      },
      "type": [
        "object",
        {
          "web1": [
            "object",
            {
              "boot_volume_id": "string",
              "data_volume_count": "number",
              "data_volumes": [
                "tuple",
                []
              ],
              "fip": "string",
              "flavor": "string",
              "id": "string",
              "name": "string",
              "power_state": "string",
              "private_ip": "string"
            }
          ],
          "web1-1": [
            "object",
            {
              "boot_volume_id": "string",
              "data_volume_count": "number",
              "data_volumes": [
                "tuple",
                []
              ],
              "fip": "string",
              "flavor": "string",
              "id": "string",
              "name": "string",
              "power_state": "string",
              "private_ip": "string"
            }
          ],
          "web10": [
            "object",
            {
              "boot_volume_id": "string",
              "data_volume_count": "number",
              "data_volumes": [
                "tuple",
                [
                  [
                    "object",
                    {
                      "size": "number"
                    }
                  ],
                  [
                    "object",
                    {
                      "size": "number"
                    }
                  ]
                ]
              ],
              "fip": "string",
              "flavor": "string",
              "id": "string",
              "name": "string",
              "power_state": "string",
              "private_ip": "string"
            }
          ],
          "web11": [
            "object",
            {
              "boot_volume_id": "string",
              "data_volume_count": "number",
              "data_volumes": [
                "tuple",
                [
                  [
                    "object",
                    {
                      "size": "number"
                    }
                  ],
                  [
                    "object",
                    {
                      "size": "number"
                    }
                  ]
                ]
              ],
              "fip": "string",
              "flavor": "string",
              "id": "string",
              "name": "string",
              "power_state": "string",
              "private_ip": "string"
            }
          ],
          "web12": [
            "object",
            {
              "boot_volume_id": "string",
              "data_volume_count": "number",
              "data_volumes": [
                "tuple",
                [
                  [
                    "object",
                    {
                      "size": "number"
                    }
                  ],
                  [
                    "object",
                    {
                      "size": "number"
                    }
                  ]
                ]
              ],
              "fip": "string",
              "flavor": "string",
              "id": "string",
              "name": "string",
              "power_state": "string",
              "private_ip": "string"
            }
          ],
          "web13": [
            "object",
            {
              "boot_volume_id": "string",
              "data_volume_count": "number",
              "data_volumes": [
                "tuple",
                [
                  [
                    "object",
                    {
                      "size": "number"
                    }
                  ],
                  [
                    "object",
                    {
                      "size": "number"
                    }
                  ]
                ]
              ],
              "fip": "string",
              "flavor": "string",
              "id": "string",
              "name": "string",
              "power_state": "string",
              "private_ip": "string"
            }
          ],
          "web2": [
            "object",
            {
              "boot_volume_id": "string",
              "data_volume_count": "number",
              "data_volumes": [
                "tuple",
                []
              ],
              "fip": "string",
              "flavor": "string",
              "id": "string",
              "name": "string",
              "power_state": "string",
              "private_ip": "string"
            }
          ],
          "web3": [
            "object",
            {
              "boot_volume_id": "string",
              "data_volume_count": "number",
              "data_volumes": [
                "tuple",
                []
              ],
              "fip": "string",
              "flavor": "string",
              "id": "string",
              "name": "string",
              "power_state": "string",
              "private_ip": "string"
            }
          ],
          "web4": [
            "object",
            {
              "boot_volume_id": "string",
              "data_volume_count": "number",
              "data_volumes": [
                "tuple",
                [
                  [
                    "object",
                    {
                      "size": "number"
                    }
                  ]
                ]
              ],
              "fip": "string",
              "flavor": "string",
              "id": "string",
              "name": "string",
              "power_state": "string",
              "private_ip": "string"
            }
          ],
          "web5": [
            "object",
            {
              "boot_volume_id": "string",
              "data_volume_count": "number",
              "data_volumes": [
                "tuple",
                [
                  [
                    "object",
                    {
                      "size": "number"
                    }
                  ]
                ]
              ],
              "fip": "string",
              "flavor": "string",
              "id": "string",
              "name": "string",
              "power_state": "string",
              "private_ip": "string"
            }
          ],
          "web5-1": [
            "object",
            {
              "boot_volume_id": "string",
              "data_volume_count": "number",
              "data_volumes": [
                "tuple",
                []
              ],
              "fip": "string",
              "flavor": "string",
              "id": "string",
              "name": "string",
              "power_state": "string",
              "private_ip": "string"
            }
          ],
          "web5-2": [
            "object",
            {
              "boot_volume_id": "string",
              "data_volume_count": "number",
              "data_volumes": [
                "tuple",
                [
                  [
                    "object",
                    {
                      "size": "number"
                    }
                  ]
                ]
              ],
              "fip": "string",
              "flavor": "string",
              "id": "string",
              "name": "string",
              "power_state": "string",
              "private_ip": "string"
            }
          ],
          "web6": [
            "object",
            {
              "boot_volume_id": "string",
              "data_volume_count": "number",
              "data_volumes": [
                "tuple",
                []
              ],
              "fip": "string",
              "flavor": "string",
              "id": "string",
              "name": "string",
              "power_state": "string",
              "private_ip": "string"
            }
          ],
          "web7": [
            "object",
            {
              "boot_volume_id": "string",
              "data_volume_count": "number",
              "data_volumes": [
                "tuple",
                []
              ],
              "fip": "string",
              "flavor": "string",
              "id": "string",
              "name": "string",
              "power_state": "string",
              "private_ip": "string"
            }
          ],
          "web8": [
            "object",
            {
              "boot_volume_id": "string",
              "data_volume_count": "number",
              "data_volumes": [
                "tuple",
                []
              ],
              "fip": "string",
              "flavor": "string",
              "id": "string",
              "name": "string",
              "power_state": "string",
              "private_ip": "string"
            }
          ],
          "web9": [
            "object",
            {
              "boot_volume_id": "string",
              "data_volume_count": "number",
              "data_volumes": [
                "tuple",
                []
              ],
              "fip": "string",
              "flavor": "string",
              "id": "string",
              "name": "string",
              "power_state": "string",
              "private_ip": "string"
            }
          ]
        }
      ]
    },
    "dev_vm_fips": {
      "value": {
        "web1": "172.20.1.127",
        "web1-1": "172.20.1.34",
        "web10": "172.20.1.39",
        "web11": "172.20.1.124",
        "web12": "172.20.1.100",
        "web13": "172.20.1.138",
        "web2": "172.20.1.140",
        "web3": "172.20.1.87",
        "web4": "172.20.1.125",
        "web5": "172.20.1.75",
        "web5-1": "172.20.1.82",
        "web5-2": "172.20.1.165",
        "web6": "172.20.1.83",
        "web7": "172.20.1.79",
        "web8": "172.20.1.20",
        "web9": "172.20.1.111"
      },
      "type": [
        "object",
        {
          "web1": "string",
          "web1-1": "string",
          "web10": "string",
          "web11": "string",
          "web12": "string",
          "web13": "string",
          "web2": "string",
          "web3": "string",
          "web4": "string",
          "web5": "string",
          "web5-1": "string",
          "web5-2": "string",
          "web6": "string",
          "web7": "string",
          "web8": "string",
          "web9": "string"
        }
      ]
    },
    "dev_vm_storage_summary": {
      "value": {
        "web1": {
          "boot_volume_size": 50,
          "data_volumes_total_size": 0,
          "total_storage": 50,
          "vm_name": "jenkins-controller"
        },
        "web1-1": {
          "boot_volume_size": 50,
          "data_volumes_total_size": 0,
          "total_storage": 50,
          "vm_name": "jenkins-agent"
        },
        "web10": {
          "boot_volume_size": 50,
          "data_volumes_total_size": 140,
          "total_storage": 190,
          "vm_name": "minio-worker"
        },
        "web11": {
          "boot_volume_size": 50,
          "data_volumes_total_size": 140,
          "total_storage": 190,
          "vm_name": "minio-worker-2"
        },
        "web12": {
          "boot_volume_size": 50,
          "data_volumes_total_size": 140,
          "total_storage": 190,
          "vm_name": "minio-worker-3"
        },
        "web13": {
          "boot_volume_size": 50,
          "data_volumes_total_size": 140,
          "total_storage": 190,
          "vm_name": "minio-worker-4"
        },
        "web2": {
          "boot_volume_size": 50,
          "data_volumes_total_size": 0,
          "total_storage": 50,
          "vm_name": "sonar"
        },
        "web3": {
          "boot_volume_size": 50,
          "data_volumes_total_size": 0,
          "total_storage": 50,
          "vm_name": "harbor-master"
        },
        "web4": {
          "boot_volume_size": 50,
          "data_volumes_total_size": 200,
          "total_storage": 250,
          "vm_name": "harbor-worker-1"
        },
        "web5": {
          "boot_volume_size": 50,
          "data_volumes_total_size": 200,
          "total_storage": 250,
          "vm_name": "harbor-worker-2"
        },
        "web5-1": {
          "boot_volume_size": 50,
          "data_volumes_total_size": 0,
          "total_storage": 50,
          "vm_name": "harbor-lb"
        },
        "web5-2": {
          "boot_volume_size": 50,
          "data_volumes_total_size": 200,
          "total_storage": 250,
          "vm_name": "harbor-worker-3"
        },
        "web6": {
          "boot_volume_size": 50,
          "data_volumes_total_size": 0,
          "total_storage": 50,
          "vm_name": "k8s-master"
        },
        "web7": {
          "boot_volume_size": 50,
          "data_volumes_total_size": 0,
          "total_storage": 50,
          "vm_name": "k8s-worker"
        },
        "web8": {
          "boot_volume_size": 50,
          "data_volumes_total_size": 0,
          "total_storage": 50,
          "vm_name": "argo-cd"
        },
        "web9": {
          "boot_volume_size": 50,
          "data_volumes_total_size": 0,
          "total_storage": 50,
          "vm_name": "minio-master"
        }
      },
      "type": [
        "object",
        {
          "web1": [
            "object",
            {
              "boot_volume_size": "number",
              "data_volumes_total_size": "number",
              "total_storage": "number",
              "vm_name": "string"
            }
          ],
          "web1-1": [
            "object",
            {
              "boot_volume_size": "number",
              "data_volumes_total_size": "number",
              "total_storage": "number",
              "vm_name": "string"
            }
          ],
          "web10": [
            "object",
            {
              "boot_volume_size": "number",
              "data_volumes_total_size": "number",
              "total_storage": "number",
              "vm_name": "string"
            }
          ],
          "web11": [
            "object",
            {
              "boot_volume_size": "number",
              "data_volumes_total_size": "number",
              "total_storage": "number",
              "vm_name": "string"
            }
          ],
          "web12": [
            "object",
            {
              "boot_volume_size": "number",
              "data_volumes_total_size": "number",
              "total_storage": "number",
              "vm_name": "string"
            }
          ],
          "web13": [
            "object",
            {
              "boot_volume_size": "number",
              "data_volumes_total_size": "number",
              "total_storage": "number",
              "vm_name": "string"
            }
          ],
          "web2": [
            "object",
            {
              "boot_volume_size": "number",
              "data_volumes_total_size": "number",
              "total_storage": "number",
              "vm_name": "string"
            }
          ],
          "web3": [
            "object",
            {
              "boot_volume_size": "number",
              "data_volumes_total_size": "number",
              "total_storage": "number",
              "vm_name": "string"
            }
          ],
          "web4": [
            "object",
            {
              "boot_volume_size": "number",
              "data_volumes_total_size": "number",
              "total_storage": "number",
              "vm_name": "string"
            }
          ],
          "web5": [
            "object",
            {
              "boot_volume_size": "number",
              "data_volumes_total_size": "number",
              "total_storage": "number",
              "vm_name": "string"
            }
          ],
          "web5-1": [
            "object",
            {
              "boot_volume_size": "number",
              "data_volumes_total_size": "number",
              "total_storage": "number",
              "vm_name": "string"
            }
          ],
          "web5-2": [
            "object",
            {
              "boot_volume_size": "number",
              "data_volumes_total_size": "number",
              "total_storage": "number",
              "vm_name": "string"
            }
          ],
          "web6": [
            "object",
            {
              "boot_volume_size": "number",
              "data_volumes_total_size": "number",
              "total_storage": "number",
              "vm_name": "string"
            }
          ],
          "web7": [
            "object",
            {
              "boot_volume_size": "number",
              "data_volumes_total_size": "number",
              "total_storage": "number",
              "vm_name": "string"
            }
          ],
          "web8": [
            "object",
            {
              "boot_volume_size": "number",
              "data_volumes_total_size": "number",
              "total_storage": "number",
              "vm_name": "string"
            }
          ],
          "web9": [
            "object",
            {
              "boot_volume_size": "number",
              "data_volumes_total_size": "number",
              "total_storage": "number",
              "vm_name": "string"
            }
          ]
        }
      ]
    },
    "terraform_outputs_file": {
      "value": "./../terraform_outputs/dev/terraform_output.json",
      "type": "string"
    }
  },
  "resources": [
    {
      "mode": "managed",
      "type": "null_resource",
      "name": "save_outputs",
      "provider": "provider[\"registry.terraform.io/hashicorp/null\"]",
      "instances": [
        {
          "schema_version": 0,
          "attributes": {
            "id": "4605037052023680837",
            "triggers": {
              "always_run": "2026-01-22T07:15:59Z",
              "vm_fips": "{\"web1\":\"172.20.1.127\",\"web1-1\":\"172.20.1.34\",\"web10\":\"172.20.1.39\",\"web11\":\"172.20.1.124\",\"web12\":\"172.20.1.100\",\"web13\":\"172.20.1.138\",\"web2\":\"172.20.1.140\",\"web3\":\"172.20.1.87\",\"web4\":\"172.20.1.125\",\"web5\":\"172.20.1.75\",\"web5-1\":\"172.20.1.82\",\"web5-2\":\"172.20.1.165\",\"web6\":\"172.20.1.83\",\"web7\":\"172.20.1.79\",\"web8\":\"172.20.1.20\",\"web9\":\"172.20.1.111\"}"
            }
          },
          "sensitive_attributes": [],
          "identity_schema_version": 0,
          "dependencies": [
            "module.vms.data.openstack_networking_network_v2.existing",
            "module.vms.data.openstack_networking_network_v2.external",
            "module.vms.openstack_blockstorage_volume_v3.boot_volumes",
            "module.vms.openstack_blockstorage_volume_v3.data_volumes",
            "module.vms.openstack_compute_floatingip_associate_v2.fip_assoc",
            "module.vms.openstack_compute_instance_v2.vms",
            "module.vms.openstack_compute_interface_attach_v2.secondary_ports",
            "module.vms.openstack_compute_volume_attach_v2.attach_data",
            "module.vms.openstack_networking_floatingip_v2.fips"
          ]
        }
      ]
    },
    {
      "module": "module.vms",
      "mode": "data",
      "type": "openstack_networking_network_v2",
      "name": "existing",
      "provider": "provider[\"registry.terraform.io/terraform-provider-openstack/openstack\"]",
      "instances": [
        {
          "index_key": 0,
          "schema_version": 0,
          "attributes": {
            "admin_state_up": "true",
            "all_tags": [],
            "availability_zone_hints": [],
            "description": "",
            "dns_domain": "",
            "external": false,
            "id": "1a504e6d-2944-4567-9bdd-327209998c45",
            "matching_subnet_cidr": null,
            "mtu": 1450,
            "name": "terraform",
            "network_id": null,
            "region": "RegionOne",
            "segments": [],
            "shared": "false",
            "status": null,
            "subnets": [
              "35faec0c-c4ae-4bf5-882d-53549c265b2a"
            ],
            "tags": null,
            "tenant_id": "fc70748921aa4265ad13c5d6f42d2574",
            "transparent_vlan": false
          },
          "sensitive_attributes": [],
          "identity_schema_version": 0
        }
      ]
    },
    {
      "module": "module.vms",
      "mode": "data",
      "type": "openstack_networking_network_v2",
      "name": "external",
      "provider": "provider[\"registry.terraform.io/terraform-provider-openstack/openstack\"]",
      "instances": [
        {
          "schema_version": 0,
          "attributes": {
            "admin_state_up": "true",
            "all_tags": [],
            "availability_zone_hints": [],
            "description": "",
            "dns_domain": "",
            "external": true,
            "id": "7181cf6d-3e20-4fac-a7d1-7064e5fbb3a6",
            "matching_subnet_cidr": null,
            "mtu": 1500,
            "name": "public1",
            "network_id": null,
            "region": "RegionOne",
            "segments": [],
            "shared": "true",
            "status": null,
            "subnets": [
              "99d6340b-f730-4086-910d-e39faff556fa"
            ],
            "tags": null,
            "tenant_id": "15b9c9b9c8fe4dae9789ca3ffea6aaac",
            "transparent_vlan": false
          },
          "sensitive_attributes": [],
          "identity_schema_version": 0
        }
      ]
    },
    {
      "module": "module.vms",
      "mode": "managed",
      "type": "openstack_blockstorage_volume_v3",
      "name": "boot_volumes",
      "provider": "provider[\"registry.terraform.io/terraform-provider-openstack/openstack\"]",
      "instances": [
        {
          "index_key": "web1",
          "schema_version": 0,
          "attributes": {
            "attachment": [
              {
                "device": "/dev/vda",
                "id": "7a01041d-8c58-4c81-a765-3809892110b0",
                "instance_id": "6c51f09a-0b1d-455a-a338-2981dd1ea197"
              }
            ],
            "availability_zone": "nova",
            "consistency_group_id": null,
            "description": "",
            "enable_online_resize": true,
            "id": "7a01041d-8c58-4c81-a765-3809892110b0",
            "image_id": null,
            "metadata": {},
            "multiattach": null,
            "name": "jenkins-controller-boot",
            "region": "RegionOne",
            "scheduler_hints": [],
            "size": 50,
            "snapshot_id": "882d7a0e-23e7-4112-99ba-481f4f1b15ba",
            "source_replica": null,
            "source_vol_id": "",
            "timeouts": null,
            "volume_type": "__DEFAULT__"
          },
          "sensitive_attributes": [],
          "identity_schema_version": 0,
          "private": "eyJlMmJmYjczMC1lY2FhLTExZTYtOGY4OC0zNDM2M2JjN2M0YzAiOnsiY3JlYXRlIjo2MDAwMDAwMDAwMDAsImRlbGV0ZSI6NjAwMDAwMDAwMDAwfX0=",
          "create_before_destroy": true
        },
        {
          "index_key": "web1-1",
          "schema_version": 0,
          "attributes": {
            "attachment": [
              {
                "device": "/dev/vda",
                "id": "18c764c2-93ee-471d-83d4-53fbc628bd9f",
                "instance_id": "c607c78a-c40d-4071-a5a6-3e0eef44caf4"
              }
            ],
            "availability_zone": "nova",
            "consistency_group_id": null,
            "description": "",
            "enable_online_resize": true,
            "id": "18c764c2-93ee-471d-83d4-53fbc628bd9f",
            "image_id": null,
            "metadata": {},
            "multiattach": null,
            "name": "jenkins-agent-boot",
            "region": "RegionOne",
            "scheduler_hints": [],
            "size": 50,
            "snapshot_id": "882d7a0e-23e7-4112-99ba-481f4f1b15ba",
            "source_replica": null,
            "source_vol_id": "",
            "timeouts": null,
            "volume_type": "__DEFAULT__"
          },
          "sensitive_attributes": [],
          "identity_schema_version": 0,
          "private": "eyJlMmJmYjczMC1lY2FhLTExZTYtOGY4OC0zNDM2M2JjN2M0YzAiOnsiY3JlYXRlIjo2MDAwMDAwMDAwMDAsImRlbGV0ZSI6NjAwMDAwMDAwMDAwfX0=",
          "create_before_destroy": true
        },
        {
          "index_key": "web10",
          "schema_version": 0,
          "attributes": {
            "attachment": [
              {
                "device": "/dev/vda",
                "id": "e531cb11-24c3-4298-9c99-9e2582052c2f",
                "instance_id": "12b4379e-7b3b-4bb4-a0e4-3942921c89ae"
              }
            ],
            "availability_zone": "nova",
            "consistency_group_id": null,
            "description": "",
            "enable_online_resize": true,
            "id": "e531cb11-24c3-4298-9c99-9e2582052c2f",
            "image_id": null,
            "metadata": {},
            "multiattach": null,
            "name": "minio-worker-boot",
            "region": "RegionOne",
            "scheduler_hints": [],
            "size": 50,
            "snapshot_id": "882d7a0e-23e7-4112-99ba-481f4f1b15ba",
            "source_replica": null,
            "source_vol_id": "",
            "timeouts": null,
            "volume_type": "__DEFAULT__"
          },
          "sensitive_attributes": [],
          "identity_schema_version": 0,
          "private": "eyJlMmJmYjczMC1lY2FhLTExZTYtOGY4OC0zNDM2M2JjN2M0YzAiOnsiY3JlYXRlIjo2MDAwMDAwMDAwMDAsImRlbGV0ZSI6NjAwMDAwMDAwMDAwfX0=",
          "create_before_destroy": true
        },
        {
          "index_key": "web11",
          "schema_version": 0,
          "attributes": {
            "attachment": [
              {
                "device": "/dev/vda",
                "id": "79026f03-0ee8-4df1-90ae-47a91b43e9a9",
                "instance_id": "74f5b5c9-ee24-4b6d-ace6-8e0632233b09"
              }
            ],
            "availability_zone": "nova",
            "consistency_group_id": null,
            "description": "",
            "enable_online_resize": true,
            "id": "79026f03-0ee8-4df1-90ae-47a91b43e9a9",
            "image_id": null,
            "metadata": {},
            "multiattach": null,
            "name": "minio-worker-2-boot",
            "region": "RegionOne",
            "scheduler_hints": [],
            "size": 50,
            "snapshot_id": "882d7a0e-23e7-4112-99ba-481f4f1b15ba",
            "source_replica": null,
            "source_vol_id": "",
            "timeouts": null,
            "volume_type": "__DEFAULT__"
          },
          "sensitive_attributes": [],
          "identity_schema_version": 0,
          "private": "eyJlMmJmYjczMC1lY2FhLTExZTYtOGY4OC0zNDM2M2JjN2M0YzAiOnsiY3JlYXRlIjo2MDAwMDAwMDAwMDAsImRlbGV0ZSI6NjAwMDAwMDAwMDAwfX0=",
          "create_before_destroy": true
        },
        {
          "index_key": "web12",
          "schema_version": 0,
          "attributes": {
            "attachment": [
              {
                "device": "/dev/vda",
                "id": "6206835b-8ddb-4c78-a045-6e7d6374bb6d",
                "instance_id": "fdd09378-e1e8-4056-a585-a54e4599cf1d"
              }
            ],
            "availability_zone": "nova",
            "consistency_group_id": null,
            "description": "",
            "enable_online_resize": true,
            "id": "6206835b-8ddb-4c78-a045-6e7d6374bb6d",
            "image_id": null,
            "metadata": {},
            "multiattach": null,
            "name": "minio-worker-3-boot",
            "region": "RegionOne",
            "scheduler_hints": [],
            "size": 50,
            "snapshot_id": "882d7a0e-23e7-4112-99ba-481f4f1b15ba",
            "source_replica": null,
            "source_vol_id": "",
            "timeouts": null,
            "volume_type": "__DEFAULT__"
          },
          "sensitive_attributes": [],
          "identity_schema_version": 0,
          "private": "eyJlMmJmYjczMC1lY2FhLTExZTYtOGY4OC0zNDM2M2JjN2M0YzAiOnsiY3JlYXRlIjo2MDAwMDAwMDAwMDAsImRlbGV0ZSI6NjAwMDAwMDAwMDAwfX0=",
          "create_before_destroy": true
        },
        {
          "index_key": "web13",
          "schema_version": 0,
          "attributes": {
            "attachment": [
              {
                "device": "/dev/vda",
                "id": "9cb04991-8b87-4b1b-886b-84ab71cdf2a0",
                "instance_id": "f5a07a03-3dd5-4d93-9be8-1f47f17b1b4e"
              }
            ],
            "availability_zone": "nova",
            "consistency_group_id": null,
            "description": "",
            "enable_online_resize": true,
            "id": "9cb04991-8b87-4b1b-886b-84ab71cdf2a0",
            "image_id": null,
            "metadata": {},
            "multiattach": null,
            "name": "minio-worker-4-boot",
            "region": "RegionOne",
            "scheduler_hints": [],
            "size": 50,
            "snapshot_id": "882d7a0e-23e7-4112-99ba-481f4f1b15ba",
            "source_replica": null,
            "source_vol_id": "",
            "timeouts": null,
            "volume_type": "__DEFAULT__"
          },
          "sensitive_attributes": [],
          "identity_schema_version": 0,
          "private": "eyJlMmJmYjczMC1lY2FhLTExZTYtOGY4OC0zNDM2M2JjN2M0YzAiOnsiY3JlYXRlIjo2MDAwMDAwMDAwMDAsImRlbGV0ZSI6NjAwMDAwMDAwMDAwfX0=",
          "create_before_destroy": true
        },
        {
          "index_key": "web2",
          "schema_version": 0,
          "attributes": {
            "attachment": [
              {
                "device": "/dev/vda",
                "id": "28a9a036-eb82-4d5c-9332-d8977e2c148c",
                "instance_id": "e35fc138-3432-4dad-8e3b-2660d81eda4b"
              }
            ],
            "availability_zone": "nova",
            "consistency_group_id": null,
            "description": "",
            "enable_online_resize": true,
            "id": "28a9a036-eb82-4d5c-9332-d8977e2c148c",
            "image_id": null,
            "metadata": {},
            "multiattach": null,
            "name": "sonar-boot",
            "region": "RegionOne",
            "scheduler_hints": [],
            "size": 50,
            "snapshot_id": "882d7a0e-23e7-4112-99ba-481f4f1b15ba",
            "source_replica": null,
            "source_vol_id": "",
            "timeouts": null,
            "volume_type": "__DEFAULT__"
          },
          "sensitive_attributes": [],
          "identity_schema_version": 0,
          "private": "eyJlMmJmYjczMC1lY2FhLTExZTYtOGY4OC0zNDM2M2JjN2M0YzAiOnsiY3JlYXRlIjo2MDAwMDAwMDAwMDAsImRlbGV0ZSI6NjAwMDAwMDAwMDAwfX0=",
          "create_before_destroy": true
        },
        {
          "index_key": "web3",
          "schema_version": 0,
          "attributes": {
            "attachment": [
              {
                "device": "/dev/vda",
                "id": "2e15db1f-4232-4ac7-857f-71e21b560d18",
                "instance_id": "1ed07ab6-dea5-489b-855d-73f740ca9f10"
              }
            ],
            "availability_zone": "nova",
            "consistency_group_id": null,
            "description": "",
            "enable_online_resize": true,
            "id": "2e15db1f-4232-4ac7-857f-71e21b560d18",
            "image_id": null,
            "metadata": {},
            "multiattach": null,
            "name": "harbor-master-boot",
            "region": "RegionOne",
            "scheduler_hints": [],
            "size": 50,
            "snapshot_id": "882d7a0e-23e7-4112-99ba-481f4f1b15ba",
            "source_replica": null,
            "source_vol_id": "",
            "timeouts": null,
            "volume_type": "__DEFAULT__"
          },
          "sensitive_attributes": [],
          "identity_schema_version": 0,
          "private": "eyJlMmJmYjczMC1lY2FhLTExZTYtOGY4OC0zNDM2M2JjN2M0YzAiOnsiY3JlYXRlIjo2MDAwMDAwMDAwMDAsImRlbGV0ZSI6NjAwMDAwMDAwMDAwfX0=",
          "create_before_destroy": true
        },
        {
          "index_key": "web4",
          "schema_version": 0,
          "attributes": {
            "attachment": [
              {
                "device": "/dev/vda",
                "id": "b6a22b7b-20af-4ca8-8660-6c1144ffe08a",
                "instance_id": "242e901c-ccd7-49f6-bd9e-30870f2ad79e"
              }
            ],
            "availability_zone": "nova",
            "consistency_group_id": null,
            "description": "",
            "enable_online_resize": true,
            "id": "b6a22b7b-20af-4ca8-8660-6c1144ffe08a",
            "image_id": null,
            "metadata": {},
            "multiattach": null,
            "name": "harbor-worker-1-boot",
            "region": "RegionOne",
            "scheduler_hints": [],
            "size": 50,
            "snapshot_id": "882d7a0e-23e7-4112-99ba-481f4f1b15ba",
            "source_replica": null,
            "source_vol_id": "",
            "timeouts": null,
            "volume_type": "__DEFAULT__"
          },
          "sensitive_attributes": [],
          "identity_schema_version": 0,
          "private": "eyJlMmJmYjczMC1lY2FhLTExZTYtOGY4OC0zNDM2M2JjN2M0YzAiOnsiY3JlYXRlIjo2MDAwMDAwMDAwMDAsImRlbGV0ZSI6NjAwMDAwMDAwMDAwfX0=",
          "create_before_destroy": true
        },
        {
          "index_key": "web5",
          "schema_version": 0,
          "attributes": {
            "attachment": [
              {
                "device": "/dev/vda",
                "id": "458df21f-f74c-472b-ad6f-58836e384bde",
                "instance_id": "836e5019-59e6-48da-96bf-18109386315d"
              }
            ],
            "availability_zone": "nova",
            "consistency_group_id": null,
            "description": "",
            "enable_online_resize": true,
            "id": "458df21f-f74c-472b-ad6f-58836e384bde",
            "image_id": null,
            "metadata": {},
            "multiattach": null,
            "name": "harbor-worker-2-boot",
            "region": "RegionOne",
            "scheduler_hints": [],
            "size": 50,
            "snapshot_id": "882d7a0e-23e7-4112-99ba-481f4f1b15ba",
            "source_replica": null,
            "source_vol_id": "",
            "timeouts": null,
            "volume_type": "__DEFAULT__"
          },
          "sensitive_attributes": [],
          "identity_schema_version": 0,
          "private": "eyJlMmJmYjczMC1lY2FhLTExZTYtOGY4OC0zNDM2M2JjN2M0YzAiOnsiY3JlYXRlIjo2MDAwMDAwMDAwMDAsImRlbGV0ZSI6NjAwMDAwMDAwMDAwfX0=",
          "create_before_destroy": true
        },
        {
          "index_key": "web5-1",
          "schema_version": 0,
          "attributes": {
            "attachment": [
              {
                "device": "/dev/vda",
                "id": "3cf0ecad-0c71-47ad-adf2-ce9917c042ed",
                "instance_id": "bab7f2cb-6bcb-4184-8c2a-227981424bb6"
              }
            ],
            "availability_zone": "nova",
            "consistency_group_id": null,
            "description": "",
            "enable_online_resize": true,
            "id": "3cf0ecad-0c71-47ad-adf2-ce9917c042ed",
            "image_id": null,
            "metadata": {},
            "multiattach": null,
            "name": "harbor-lb-boot",
            "region": "RegionOne",
            "scheduler_hints": [],
            "size": 50,
            "snapshot_id": "882d7a0e-23e7-4112-99ba-481f4f1b15ba",
            "source_replica": null,
            "source_vol_id": "",
            "timeouts": null,
            "volume_type": "__DEFAULT__"
          },
          "sensitive_attributes": [],
          "identity_schema_version": 0,
          "private": "eyJlMmJmYjczMC1lY2FhLTExZTYtOGY4OC0zNDM2M2JjN2M0YzAiOnsiY3JlYXRlIjo2MDAwMDAwMDAwMDAsImRlbGV0ZSI6NjAwMDAwMDAwMDAwfX0=",
          "create_before_destroy": true
        },
        {
          "index_key": "web5-2",
          "schema_version": 0,
          "attributes": {
            "attachment": [],
            "availability_zone": "nova",
            "consistency_group_id": null,
            "description": "",
            "enable_online_resize": true,
            "id": "e353d89c-b1d2-4447-a1f4-f55afa4046d0",
            "image_id": null,
            "metadata": {},
            "multiattach": null,
            "name": "harbor-worker-3-boot",
            "region": "RegionOne",
            "scheduler_hints": [],
            "size": 50,
            "snapshot_id": "882d7a0e-23e7-4112-99ba-481f4f1b15ba",
            "source_replica": null,
            "source_vol_id": "",
            "timeouts": null,
            "volume_type": "__DEFAULT__"
          },
          "sensitive_attributes": [],
          "identity_schema_version": 0,
          "private": "eyJlMmJmYjczMC1lY2FhLTExZTYtOGY4OC0zNDM2M2JjN2M0YzAiOnsiY3JlYXRlIjo2MDAwMDAwMDAwMDAsImRlbGV0ZSI6NjAwMDAwMDAwMDAwfX0=",
          "create_before_destroy": true
        },
        {
          "index_key": "web6",
          "schema_version": 0,
          "attributes": {
            "attachment": [
              {
                "device": "/dev/vda",
                "id": "8af9d236-4624-461f-9d61-ed9b44044190",
                "instance_id": "a4d1c7c8-c9fd-4ba3-9f00-c45bbbeb0352"
              }
            ],
            "availability_zone": "nova",
            "consistency_group_id": null,
            "description": "",
            "enable_online_resize": true,
            "id": "8af9d236-4624-461f-9d61-ed9b44044190",
            "image_id": null,
            "metadata": {},
            "multiattach": null,
            "name": "k8s-master-boot",
            "region": "RegionOne",
            "scheduler_hints": [],
            "size": 50,
            "snapshot_id": "882d7a0e-23e7-4112-99ba-481f4f1b15ba",
            "source_replica": null,
            "source_vol_id": "",
            "timeouts": null,
            "volume_type": "__DEFAULT__"
          },
          "sensitive_attributes": [],
          "identity_schema_version": 0,
          "private": "eyJlMmJmYjczMC1lY2FhLTExZTYtOGY4OC0zNDM2M2JjN2M0YzAiOnsiY3JlYXRlIjo2MDAwMDAwMDAwMDAsImRlbGV0ZSI6NjAwMDAwMDAwMDAwfX0=",
          "create_before_destroy": true
        },
        {
          "index_key": "web7",
          "schema_version": 0,
          "attributes": {
            "attachment": [
              {
                "device": "/dev/vda",
                "id": "43e0ab57-7f06-4835-a525-944f06c7fd6a",
                "instance_id": "46597bf1-367e-4103-8ddd-c31f149cbbef"
              }
            ],
            "availability_zone": "nova",
            "consistency_group_id": null,
            "description": "",
            "enable_online_resize": true,
            "id": "43e0ab57-7f06-4835-a525-944f06c7fd6a",
            "image_id": null,
            "metadata": {},
            "multiattach": null,
            "name": "k8s-worker-boot",
            "region": "RegionOne",
            "scheduler_hints": [],
            "size": 50,
            "snapshot_id": "882d7a0e-23e7-4112-99ba-481f4f1b15ba",
            "source_replica": null,
            "source_vol_id": "",
            "timeouts": null,
            "volume_type": "__DEFAULT__"
          },
          "sensitive_attributes": [],
          "identity_schema_version": 0,
          "private": "eyJlMmJmYjczMC1lY2FhLTExZTYtOGY4OC0zNDM2M2JjN2M0YzAiOnsiY3JlYXRlIjo2MDAwMDAwMDAwMDAsImRlbGV0ZSI6NjAwMDAwMDAwMDAwfX0=",
          "create_before_destroy": true
        },
        {
          "index_key": "web8",
          "schema_version": 0,
          "attributes": {
            "attachment": [
              {
                "device": "/dev/vda",
                "id": "53e8a75b-582a-499c-9ce6-3955b83eb6b4",
                "instance_id": "b24780b3-b076-42c9-b6a0-7f9a50bf6f0b"
              }
            ],
            "availability_zone": "nova",
            "consistency_group_id": null,
            "description": "",
            "enable_online_resize": true,
            "id": "53e8a75b-582a-499c-9ce6-3955b83eb6b4",
            "image_id": null,
            "metadata": {},
            "multiattach": null,
            "name": "argo-cd-boot",
            "region": "RegionOne",
            "scheduler_hints": [],
            "size": 50,
            "snapshot_id": "882d7a0e-23e7-4112-99ba-481f4f1b15ba",
            "source_replica": null,
            "source_vol_id": "",
            "timeouts": null,
            "volume_type": "__DEFAULT__"
          },
          "sensitive_attributes": [],
          "identity_schema_version": 0,
          "private": "eyJlMmJmYjczMC1lY2FhLTExZTYtOGY4OC0zNDM2M2JjN2M0YzAiOnsiY3JlYXRlIjo2MDAwMDAwMDAwMDAsImRlbGV0ZSI6NjAwMDAwMDAwMDAwfX0=",
          "create_before_destroy": true
        },
        {
          "index_key": "web9",
          "schema_version": 0,
          "attributes": {
            "attachment": [
              {
                "device": "/dev/vda",
                "id": "321b23b1-4e2c-4d61-8f5c-b6a61def99b9",
                "instance_id": "4b7b9b81-5717-4110-8b95-638e1d358f60"
              }
            ],
            "availability_zone": "nova",
            "consistency_group_id": null,
            "description": "",
            "enable_online_resize": true,
            "id": "321b23b1-4e2c-4d61-8f5c-b6a61def99b9",
            "image_id": null,
            "metadata": {},
            "multiattach": null,
            "name": "minio-master-boot",
            "region": "RegionOne",
            "scheduler_hints": [],
            "size": 50,
            "snapshot_id": "882d7a0e-23e7-4112-99ba-481f4f1b15ba",
            "source_replica": null,
            "source_vol_id": "",
            "timeouts": null,
            "volume_type": "__DEFAULT__"
          },
          "sensitive_attributes": [],
          "identity_schema_version": 0,
          "private": "eyJlMmJmYjczMC1lY2FhLTExZTYtOGY4OC0zNDM2M2JjN2M0YzAiOnsiY3JlYXRlIjo2MDAwMDAwMDAwMDAsImRlbGV0ZSI6NjAwMDAwMDAwMDAwfX0=",
          "create_before_destroy": true
        }
      ]
    },
    {
      "module": "module.vms",
      "mode": "managed",
      "type": "openstack_blockstorage_volume_v3",
      "name": "data_volumes",
      "provider": "provider[\"registry.terraform.io/terraform-provider-openstack/openstack\"]",
      "instances": [
        {
          "index_key": "web10-data-0",
          "schema_version": 0,
          "attributes": {
            "attachment": [
              {
                "device": "/dev/vdc",
                "id": "4d3ef36e-756e-4a0a-9f29-bc20cd7f5762",
                "instance_id": "12b4379e-7b3b-4bb4-a0e4-3942921c89ae"
              }
            ],
            "availability_zone": "nova",
            "consistency_group_id": null,
            "description": "vpn",
            "enable_online_resize": true,
            "id": "4d3ef36e-756e-4a0a-9f29-bc20cd7f5762",
            "image_id": null,
            "metadata": {},
            "multiattach": null,
            "name": "minio-worker-data-web10-data-0",
            "region": "RegionOne",
            "scheduler_hints": [],
            "size": 70,
            "snapshot_id": "",
            "source_replica": null,
            "source_vol_id": "",
            "timeouts": null,
            "volume_type": "__DEFAULT__"
          },
          "sensitive_attributes": [],
          "identity_schema_version": 0,
          "private": "eyJlMmJmYjczMC1lY2FhLTExZTYtOGY4OC0zNDM2M2JjN2M0YzAiOnsiY3JlYXRlIjo2MDAwMDAwMDAwMDAsImRlbGV0ZSI6NjAwMDAwMDAwMDAwfX0="
        },
        {
          "index_key": "web10-data-1",
          "schema_version": 0,
          "attributes": {
            "attachment": [
              {
                "device": "/dev/vdb",
                "id": "e5931a95-2752-4fb1-8b06-5516def00cfb",
                "instance_id": "12b4379e-7b3b-4bb4-a0e4-3942921c89ae"
              }
            ],
            "availability_zone": "nova",
            "consistency_group_id": null,
            "description": "vpn",
            "enable_online_resize": true,
            "id": "e5931a95-2752-4fb1-8b06-5516def00cfb",
            "image_id": null,
            "metadata": {},
            "multiattach": null,
            "name": "minio-worker-data-web10-data-1",
            "region": "RegionOne",
            "scheduler_hints": [],
            "size": 70,
            "snapshot_id": "",
            "source_replica": null,
            "source_vol_id": "",
            "timeouts": null,
            "volume_type": "__DEFAULT__"
          },
          "sensitive_attributes": [],
          "identity_schema_version": 0,
          "private": "eyJlMmJmYjczMC1lY2FhLTExZTYtOGY4OC0zNDM2M2JjN2M0YzAiOnsiY3JlYXRlIjo2MDAwMDAwMDAwMDAsImRlbGV0ZSI6NjAwMDAwMDAwMDAwfX0="
        },
        {
          "index_key": "web11-data-0",
          "schema_version": 0,
          "attributes": {
            "attachment": [
              {
                "device": "/dev/vdb",
                "id": "ee1d2bb4-a74a-4e79-91e4-bf2c3f2d3a09",
                "instance_id": "74f5b5c9-ee24-4b6d-ace6-8e0632233b09"
              }
            ],
            "availability_zone": "nova",
            "consistency_group_id": null,
            "description": "vpn",
            "enable_online_resize": true,
            "id": "ee1d2bb4-a74a-4e79-91e4-bf2c3f2d3a09",
            "image_id": null,
            "metadata": {},
            "multiattach": null,
            "name": "minio-worker-2-data-web11-data-0",
            "region": "RegionOne",
            "scheduler_hints": [],
            "size": 70,
            "snapshot_id": "",
            "source_replica": null,
            "source_vol_id": "",
            "timeouts": null,
            "volume_type": "__DEFAULT__"
          },
          "sensitive_attributes": [],
          "identity_schema_version": 0,
          "private": "eyJlMmJmYjczMC1lY2FhLTExZTYtOGY4OC0zNDM2M2JjN2M0YzAiOnsiY3JlYXRlIjo2MDAwMDAwMDAwMDAsImRlbGV0ZSI6NjAwMDAwMDAwMDAwfX0="
        },
        {
          "index_key": "web11-data-1",
          "schema_version": 0,
          "attributes": {
            "attachment": [
              {
                "device": "/dev/vdc",
                "id": "bd281da5-7289-434b-bce1-02758ddd60cf",
                "instance_id": "74f5b5c9-ee24-4b6d-ace6-8e0632233b09"
              }
            ],
            "availability_zone": "nova",
            "consistency_group_id": null,
            "description": "vpn",
            "enable_online_resize": true,
            "id": "bd281da5-7289-434b-bce1-02758ddd60cf",
            "image_id": null,
            "metadata": {},
            "multiattach": null,
            "name": "minio-worker-2-data-web11-data-1",
            "region": "RegionOne",
            "scheduler_hints": [],
            "size": 70,
            "snapshot_id": "",
            "source_replica": null,
            "source_vol_id": "",
            "timeouts": null,
            "volume_type": "__DEFAULT__"
          },
          "sensitive_attributes": [],
          "identity_schema_version": 0,
          "private": "eyJlMmJmYjczMC1lY2FhLTExZTYtOGY4OC0zNDM2M2JjN2M0YzAiOnsiY3JlYXRlIjo2MDAwMDAwMDAwMDAsImRlbGV0ZSI6NjAwMDAwMDAwMDAwfX0="
        },
        {
          "index_key": "web12-data-0",
          "schema_version": 0,
          "attributes": {
            "attachment": [
              {
                "device": "/dev/vdb",
                "id": "f5f22d88-37bf-475a-b65e-635a6e38339d",
                "instance_id": "fdd09378-e1e8-4056-a585-a54e4599cf1d"
              }
            ],
            "availability_zone": "nova",
            "consistency_group_id": null,
            "description": "vpn",
            "enable_online_resize": true,
            "id": "f5f22d88-37bf-475a-b65e-635a6e38339d",
            "image_id": null,
            "metadata": {},
            "multiattach": null,
            "name": "minio-worker-3-data-web12-data-0",
            "region": "RegionOne",
            "scheduler_hints": [],
            "size": 70,
            "snapshot_id": "",
            "source_replica": null,
            "source_vol_id": "",
            "timeouts": null,
            "volume_type": "__DEFAULT__"
          },
          "sensitive_attributes": [],
          "identity_schema_version": 0,
          "private": "eyJlMmJmYjczMC1lY2FhLTExZTYtOGY4OC0zNDM2M2JjN2M0YzAiOnsiY3JlYXRlIjo2MDAwMDAwMDAwMDAsImRlbGV0ZSI6NjAwMDAwMDAwMDAwfX0="
        },
        {
          "index_key": "web12-data-1",
          "schema_version": 0,
          "attributes": {
            "attachment": [
              {
                "device": "/dev/vdc",
                "id": "019e2015-fd41-46fa-a541-f1808e353a7d",
                "instance_id": "fdd09378-e1e8-4056-a585-a54e4599cf1d"
              }
            ],
            "availability_zone": "nova",
            "consistency_group_id": null,
            "description": "vpn",
            "enable_online_resize": true,
            "id": "019e2015-fd41-46fa-a541-f1808e353a7d",
            "image_id": null,
            "metadata": {},
            "multiattach": null,
            "name": "minio-worker-3-data-web12-data-1",
            "region": "RegionOne",
            "scheduler_hints": [],
            "size": 70,
            "snapshot_id": "",
            "source_replica": null,
            "source_vol_id": "",
            "timeouts": null,
            "volume_type": "__DEFAULT__"
          },
          "sensitive_attributes": [],
          "identity_schema_version": 0,
          "private": "eyJlMmJmYjczMC1lY2FhLTExZTYtOGY4OC0zNDM2M2JjN2M0YzAiOnsiY3JlYXRlIjo2MDAwMDAwMDAwMDAsImRlbGV0ZSI6NjAwMDAwMDAwMDAwfX0="
        },
        {
          "index_key": "web13-data-0",
          "schema_version": 0,
          "attributes": {
            "attachment": [
              {
                "device": "/dev/vdc",
                "id": "a0435523-479a-4bad-96b6-37a1cac5fbdc",
                "instance_id": "f5a07a03-3dd5-4d93-9be8-1f47f17b1b4e"
              }
            ],
            "availability_zone": "nova",
            "consistency_group_id": null,
            "description": "vpn",
            "enable_online_resize": true,
            "id": "a0435523-479a-4bad-96b6-37a1cac5fbdc",
            "image_id": null,
            "metadata": {},
            "multiattach": null,
            "name": "minio-worker-4-data-web13-data-0",
            "region": "RegionOne",
            "scheduler_hints": [],
            "size": 70,
            "snapshot_id": "",
            "source_replica": null,
            "source_vol_id": "",
            "timeouts": null,
            "volume_type": "__DEFAULT__"
          },
          "sensitive_attributes": [],
          "identity_schema_version": 0,
          "private": "eyJlMmJmYjczMC1lY2FhLTExZTYtOGY4OC0zNDM2M2JjN2M0YzAiOnsiY3JlYXRlIjo2MDAwMDAwMDAwMDAsImRlbGV0ZSI6NjAwMDAwMDAwMDAwfX0="
        },
        {
          "index_key": "web13-data-1",
          "schema_version": 0,
          "attributes": {
            "attachment": [
              {
                "device": "/dev/vdb",
                "id": "1efd7d0c-fff4-4086-90a3-e70e277c49d5",
                "instance_id": "f5a07a03-3dd5-4d93-9be8-1f47f17b1b4e"
              }
            ],
            "availability_zone": "nova",
            "consistency_group_id": null,
            "description": "vpn",
            "enable_online_resize": true,
            "id": "1efd7d0c-fff4-4086-90a3-e70e277c49d5",
            "image_id": null,
            "metadata": {},
            "multiattach": null,
            "name": "minio-worker-4-data-web13-data-1",
            "region": "RegionOne",
            "scheduler_hints": [],
            "size": 70,
            "snapshot_id": "",
            "source_replica": null,
            "source_vol_id": "",
            "timeouts": null,
            "volume_type": "__DEFAULT__"
          },
          "sensitive_attributes": [],
          "identity_schema_version": 0,
          "private": "eyJlMmJmYjczMC1lY2FhLTExZTYtOGY4OC0zNDM2M2JjN2M0YzAiOnsiY3JlYXRlIjo2MDAwMDAwMDAwMDAsImRlbGV0ZSI6NjAwMDAwMDAwMDAwfX0="
        },
        {
          "index_key": "web4-data-0",
          "schema_version": 0,
          "attributes": {
            "attachment": [
              {
                "device": "/dev/vdb",
                "id": "3804e71f-1122-4937-804f-1c6d378dcdbc",
                "instance_id": "242e901c-ccd7-49f6-bd9e-30870f2ad79e"
              }
            ],
            "availability_zone": "nova",
            "consistency_group_id": null,
            "description": "vpn",
            "enable_online_resize": true,
            "id": "3804e71f-1122-4937-804f-1c6d378dcdbc",
            "image_id": null,
            "metadata": {},
            "multiattach": null,
            "name": "harbor-worker-1-data-web4-data-0",
            "region": "RegionOne",
            "scheduler_hints": [],
            "size": 200,
            "snapshot_id": "",
            "source_replica": null,
            "source_vol_id": "",
            "timeouts": null,
            "volume_type": "__DEFAULT__"
          },
          "sensitive_attributes": [],
          "identity_schema_version": 0,
          "private": "eyJlMmJmYjczMC1lY2FhLTExZTYtOGY4OC0zNDM2M2JjN2M0YzAiOnsiY3JlYXRlIjo2MDAwMDAwMDAwMDAsImRlbGV0ZSI6NjAwMDAwMDAwMDAwfX0="
        },
        {
          "index_key": "web5-2-data-0",
          "schema_version": 0,
          "attributes": {
            "attachment": [],
            "availability_zone": "nova",
            "consistency_group_id": null,
            "description": "vpn",
            "enable_online_resize": true,
            "id": "fab7744e-6147-439a-8eb1-10b6c8ecdd85",
            "image_id": null,
            "metadata": {},
            "multiattach": null,
            "name": "harbor-worker-3-data-web5-2-data-0",
            "region": "RegionOne",
            "scheduler_hints": [],
            "size": 200,
            "snapshot_id": "",
            "source_replica": null,
            "source_vol_id": "",
            "timeouts": null,
            "volume_type": "__DEFAULT__"
          },
          "sensitive_attributes": [],
          "identity_schema_version": 0,
          "private": "eyJlMmJmYjczMC1lY2FhLTExZTYtOGY4OC0zNDM2M2JjN2M0YzAiOnsiY3JlYXRlIjo2MDAwMDAwMDAwMDAsImRlbGV0ZSI6NjAwMDAwMDAwMDAwfX0="
        },
        {
          "index_key": "web5-data-0",
          "schema_version": 0,
          "attributes": {
            "attachment": [
              {
                "device": "/dev/vdb",
                "id": "33917594-fa5f-4188-987d-b02076002bfd",
                "instance_id": "836e5019-59e6-48da-96bf-18109386315d"
              }
            ],
            "availability_zone": "nova",
            "consistency_group_id": null,
            "description": "vpn",
            "enable_online_resize": true,
            "id": "33917594-fa5f-4188-987d-b02076002bfd",
            "image_id": null,
            "metadata": {},
            "multiattach": null,
            "name": "harbor-worker-2-data-web5-data-0",
            "region": "RegionOne",
            "scheduler_hints": [],
            "size": 200,
            "snapshot_id": "",
            "source_replica": null,
            "source_vol_id": "",
            "timeouts": null,
            "volume_type": "__DEFAULT__"
          },
          "sensitive_attributes": [],
          "identity_schema_version": 0,
          "private": "eyJlMmJmYjczMC1lY2FhLTExZTYtOGY4OC0zNDM2M2JjN2M0YzAiOnsiY3JlYXRlIjo2MDAwMDAwMDAwMDAsImRlbGV0ZSI6NjAwMDAwMDAwMDAwfX0="
        }
      ]
    },
    {
      "module": "module.vms",
      "mode": "managed",
      "type": "openstack_compute_floatingip_associate_v2",
      "name": "fip_assoc",
      "provider": "provider[\"registry.terraform.io/terraform-provider-openstack/openstack\"]",
      "instances": [
        {
          "index_key": "web1",
          "schema_version": 0,
          "attributes": {
            "fixed_ip": "",
            "floating_ip": "172.20.1.127",
            "id": "172.20.1.127/6c51f09a-0b1d-455a-a338-2981dd1ea197/",
            "instance_id": "6c51f09a-0b1d-455a-a338-2981dd1ea197",
            "region": "RegionOne",
            "timeouts": null,
            "wait_until_associated": null
          },
          "sensitive_attributes": [],
          "identity_schema_version": 0,
          "private": "eyJlMmJmYjczMC1lY2FhLTExZTYtOGY4OC0zNDM2M2JjN2M0YzAiOnsiY3JlYXRlIjo2MDAwMDAwMDAwMDB9fQ==",
          "dependencies": [
            "module.vms.data.openstack_networking_network_v2.existing",
            "module.vms.data.openstack_networking_network_v2.external",
            "module.vms.openstack_blockstorage_volume_v3.boot_volumes",
            "module.vms.openstack_compute_instance_v2.vms",
            "module.vms.openstack_networking_floatingip_v2.fips"
          ]
        },
        {
          "index_key": "web1-1",
          "schema_version": 0,
          "attributes": {
            "fixed_ip": "",
            "floating_ip": "172.20.1.34",
            "id": "172.20.1.34/c607c78a-c40d-4071-a5a6-3e0eef44caf4/",
            "instance_id": "c607c78a-c40d-4071-a5a6-3e0eef44caf4",
            "region": "RegionOne",
            "timeouts": null,
            "wait_until_associated": null
          },
          "sensitive_attributes": [],
          "identity_schema_version": 0,
          "private": "eyJlMmJmYjczMC1lY2FhLTExZTYtOGY4OC0zNDM2M2JjN2M0YzAiOnsiY3JlYXRlIjo2MDAwMDAwMDAwMDB9fQ==",
          "dependencies": [
            "module.vms.data.openstack_networking_network_v2.existing",
            "module.vms.data.openstack_networking_network_v2.external",
            "module.vms.openstack_blockstorage_volume_v3.boot_volumes",
            "module.vms.openstack_compute_instance_v2.vms",
            "module.vms.openstack_networking_floatingip_v2.fips"
          ]
        },
        {
          "index_key": "web10",
          "schema_version": 0,
          "attributes": {
            "fixed_ip": "",
            "floating_ip": "172.20.1.39",
            "id": "172.20.1.39/12b4379e-7b3b-4bb4-a0e4-3942921c89ae/",
            "instance_id": "12b4379e-7b3b-4bb4-a0e4-3942921c89ae",
            "region": "RegionOne",
            "timeouts": null,
            "wait_until_associated": null
          },
          "sensitive_attributes": [],
          "identity_schema_version": 0,
          "private": "eyJlMmJmYjczMC1lY2FhLTExZTYtOGY4OC0zNDM2M2JjN2M0YzAiOnsiY3JlYXRlIjo2MDAwMDAwMDAwMDB9fQ==",
          "dependencies": [
            "module.vms.data.openstack_networking_network_v2.existing",
            "module.vms.data.openstack_networking_network_v2.external",
            "module.vms.openstack_blockstorage_volume_v3.boot_volumes",
            "module.vms.openstack_compute_instance_v2.vms",
            "module.vms.openstack_networking_floatingip_v2.fips"
          ]
        },
        {
          "index_key": "web11",
          "schema_version": 0,
          "attributes": {
            "fixed_ip": "",
            "floating_ip": "172.20.1.124",
            "id": "172.20.1.124/74f5b5c9-ee24-4b6d-ace6-8e0632233b09/",
            "instance_id": "74f5b5c9-ee24-4b6d-ace6-8e0632233b09",
            "region": "RegionOne",
            "timeouts": null,
            "wait_until_associated": null
          },
          "sensitive_attributes": [],
          "identity_schema_version": 0,
          "private": "eyJlMmJmYjczMC1lY2FhLTExZTYtOGY4OC0zNDM2M2JjN2M0YzAiOnsiY3JlYXRlIjo2MDAwMDAwMDAwMDB9fQ==",
          "dependencies": [
            "module.vms.data.openstack_networking_network_v2.existing",
            "module.vms.data.openstack_networking_network_v2.external",
            "module.vms.openstack_blockstorage_volume_v3.boot_volumes",
            "module.vms.openstack_compute_instance_v2.vms",
            "module.vms.openstack_networking_floatingip_v2.fips"
          ]
        },
        {
          "index_key": "web12",
          "schema_version": 0,
          "attributes": {
            "fixed_ip": "",
            "floating_ip": "172.20.1.100",
            "id": "172.20.1.100/fdd09378-e1e8-4056-a585-a54e4599cf1d/",
            "instance_id": "fdd09378-e1e8-4056-a585-a54e4599cf1d",
            "region": "RegionOne",
            "timeouts": null,
            "wait_until_associated": null
          },
          "sensitive_attributes": [],
          "identity_schema_version": 0,
          "private": "eyJlMmJmYjczMC1lY2FhLTExZTYtOGY4OC0zNDM2M2JjN2M0YzAiOnsiY3JlYXRlIjo2MDAwMDAwMDAwMDB9fQ==",
          "dependencies": [
            "module.vms.data.openstack_networking_network_v2.existing",
            "module.vms.data.openstack_networking_network_v2.external",
            "module.vms.openstack_blockstorage_volume_v3.boot_volumes",
            "module.vms.openstack_compute_instance_v2.vms",
            "module.vms.openstack_networking_floatingip_v2.fips"
          ]
        },
        {
          "index_key": "web13",
          "schema_version": 0,
          "attributes": {
            "fixed_ip": "",
            "floating_ip": "172.20.1.138",
            "id": "172.20.1.138/f5a07a03-3dd5-4d93-9be8-1f47f17b1b4e/",
            "instance_id": "f5a07a03-3dd5-4d93-9be8-1f47f17b1b4e",
            "region": "RegionOne",
            "timeouts": null,
            "wait_until_associated": null
          },
          "sensitive_attributes": [],
          "identity_schema_version": 0,
          "private": "eyJlMmJmYjczMC1lY2FhLTExZTYtOGY4OC0zNDM2M2JjN2M0YzAiOnsiY3JlYXRlIjo2MDAwMDAwMDAwMDB9fQ==",
          "dependencies": [
            "module.vms.data.openstack_networking_network_v2.existing",
            "module.vms.data.openstack_networking_network_v2.external",
            "module.vms.openstack_blockstorage_volume_v3.boot_volumes",
            "module.vms.openstack_compute_instance_v2.vms",
            "module.vms.openstack_networking_floatingip_v2.fips"
          ]
        },
        {
          "index_key": "web2",
          "schema_version": 0,
          "attributes": {
            "fixed_ip": "",
            "floating_ip": "172.20.1.140",
            "id": "172.20.1.140/e35fc138-3432-4dad-8e3b-2660d81eda4b/",
            "instance_id": "e35fc138-3432-4dad-8e3b-2660d81eda4b",
            "region": "RegionOne",
            "timeouts": null,
            "wait_until_associated": null
          },
          "sensitive_attributes": [],
          "identity_schema_version": 0,
          "private": "eyJlMmJmYjczMC1lY2FhLTExZTYtOGY4OC0zNDM2M2JjN2M0YzAiOnsiY3JlYXRlIjo2MDAwMDAwMDAwMDB9fQ==",
          "dependencies": [
            "module.vms.data.openstack_networking_network_v2.existing",
            "module.vms.data.openstack_networking_network_v2.external",
            "module.vms.openstack_blockstorage_volume_v3.boot_volumes",
            "module.vms.openstack_compute_instance_v2.vms",
            "module.vms.openstack_networking_floatingip_v2.fips"
          ]
        },
        {
          "index_key": "web3",
          "schema_version": 0,
          "attributes": {
            "fixed_ip": "",
            "floating_ip": "172.20.1.87",
            "id": "172.20.1.87/1ed07ab6-dea5-489b-855d-73f740ca9f10/",
            "instance_id": "1ed07ab6-dea5-489b-855d-73f740ca9f10",
            "region": "RegionOne",
            "timeouts": null,
            "wait_until_associated": null
          },
          "sensitive_attributes": [],
          "identity_schema_version": 0,
          "private": "eyJlMmJmYjczMC1lY2FhLTExZTYtOGY4OC0zNDM2M2JjN2M0YzAiOnsiY3JlYXRlIjo2MDAwMDAwMDAwMDB9fQ==",
          "dependencies": [
            "module.vms.data.openstack_networking_network_v2.existing",
            "module.vms.data.openstack_networking_network_v2.external",
            "module.vms.openstack_blockstorage_volume_v3.boot_volumes",
            "module.vms.openstack_compute_instance_v2.vms",
            "module.vms.openstack_networking_floatingip_v2.fips"
          ]
        },
        {
          "index_key": "web4",
          "schema_version": 0,
          "attributes": {
            "fixed_ip": "",
            "floating_ip": "172.20.1.125",
            "id": "172.20.1.125/242e901c-ccd7-49f6-bd9e-30870f2ad79e/",
            "instance_id": "242e901c-ccd7-49f6-bd9e-30870f2ad79e",
            "region": "RegionOne",
            "timeouts": null,
            "wait_until_associated": null
          },
          "sensitive_attributes": [],
          "identity_schema_version": 0,
          "private": "eyJlMmJmYjczMC1lY2FhLTExZTYtOGY4OC0zNDM2M2JjN2M0YzAiOnsiY3JlYXRlIjo2MDAwMDAwMDAwMDB9fQ==",
          "dependencies": [
            "module.vms.data.openstack_networking_network_v2.existing",
            "module.vms.data.openstack_networking_network_v2.external",
            "module.vms.openstack_blockstorage_volume_v3.boot_volumes",
            "module.vms.openstack_compute_instance_v2.vms",
            "module.vms.openstack_networking_floatingip_v2.fips"
          ]
        },
        {
          "index_key": "web5",
          "schema_version": 0,
          "attributes": {
            "fixed_ip": "",
            "floating_ip": "172.20.1.75",
            "id": "172.20.1.75/836e5019-59e6-48da-96bf-18109386315d/",
            "instance_id": "836e5019-59e6-48da-96bf-18109386315d",
            "region": "RegionOne",
            "timeouts": null,
            "wait_until_associated": null
          },
          "sensitive_attributes": [],
          "identity_schema_version": 0,
          "private": "eyJlMmJmYjczMC1lY2FhLTExZTYtOGY4OC0zNDM2M2JjN2M0YzAiOnsiY3JlYXRlIjo2MDAwMDAwMDAwMDB9fQ==",
          "dependencies": [
            "module.vms.data.openstack_networking_network_v2.existing",
            "module.vms.data.openstack_networking_network_v2.external",
            "module.vms.openstack_blockstorage_volume_v3.boot_volumes",
            "module.vms.openstack_compute_instance_v2.vms",
            "module.vms.openstack_networking_floatingip_v2.fips"
          ]
        },
        {
          "index_key": "web5-1",
          "schema_version": 0,
          "attributes": {
            "fixed_ip": "",
            "floating_ip": "172.20.1.82",
            "id": "172.20.1.82/bab7f2cb-6bcb-4184-8c2a-227981424bb6/",
            "instance_id": "bab7f2cb-6bcb-4184-8c2a-227981424bb6",
            "region": "RegionOne",
            "timeouts": null,
            "wait_until_associated": null
          },
          "sensitive_attributes": [],
          "identity_schema_version": 0,
          "private": "eyJlMmJmYjczMC1lY2FhLTExZTYtOGY4OC0zNDM2M2JjN2M0YzAiOnsiY3JlYXRlIjo2MDAwMDAwMDAwMDB9fQ==",
          "dependencies": [
            "module.vms.data.openstack_networking_network_v2.existing",
            "module.vms.data.openstack_networking_network_v2.external",
            "module.vms.openstack_blockstorage_volume_v3.boot_volumes",
            "module.vms.openstack_compute_instance_v2.vms",
            "module.vms.openstack_networking_floatingip_v2.fips"
          ]
        },
        {
          "index_key": "web5-2",
          "schema_version": 0,
          "attributes": {
            "fixed_ip": "",
            "floating_ip": "172.20.1.165",
            "id": "172.20.1.165/555ae3c8-91a0-4edb-a123-be9bc7032f76/",
            "instance_id": "555ae3c8-91a0-4edb-a123-be9bc7032f76",
            "region": "RegionOne",
            "timeouts": null,
            "wait_until_associated": null
          },
          "sensitive_attributes": [],
          "identity_schema_version": 0,
          "private": "eyJlMmJmYjczMC1lY2FhLTExZTYtOGY4OC0zNDM2M2JjN2M0YzAiOnsiY3JlYXRlIjo2MDAwMDAwMDAwMDB9fQ==",
          "dependencies": [
            "module.vms.data.openstack_networking_network_v2.existing",
            "module.vms.data.openstack_networking_network_v2.external",
            "module.vms.openstack_blockstorage_volume_v3.boot_volumes",
            "module.vms.openstack_compute_instance_v2.vms",
            "module.vms.openstack_networking_floatingip_v2.fips"
          ]
        },
        {
          "index_key": "web6",
          "schema_version": 0,
          "attributes": {
            "fixed_ip": "",
            "floating_ip": "172.20.1.83",
            "id": "172.20.1.83/a4d1c7c8-c9fd-4ba3-9f00-c45bbbeb0352/",
            "instance_id": "a4d1c7c8-c9fd-4ba3-9f00-c45bbbeb0352",
            "region": "RegionOne",
            "timeouts": null,
            "wait_until_associated": null
          },
          "sensitive_attributes": [],
          "identity_schema_version": 0,
          "private": "eyJlMmJmYjczMC1lY2FhLTExZTYtOGY4OC0zNDM2M2JjN2M0YzAiOnsiY3JlYXRlIjo2MDAwMDAwMDAwMDB9fQ==",
          "dependencies": [
            "module.vms.data.openstack_networking_network_v2.existing",
            "module.vms.data.openstack_networking_network_v2.external",
            "module.vms.openstack_blockstorage_volume_v3.boot_volumes",
            "module.vms.openstack_compute_instance_v2.vms",
            "module.vms.openstack_networking_floatingip_v2.fips"
          ]
        },
        {
          "index_key": "web7",
          "schema_version": 0,
          "attributes": {
            "fixed_ip": "",
            "floating_ip": "172.20.1.79",
            "id": "172.20.1.79/46597bf1-367e-4103-8ddd-c31f149cbbef/",
            "instance_id": "46597bf1-367e-4103-8ddd-c31f149cbbef",
            "region": "RegionOne",
            "timeouts": null,
            "wait_until_associated": null
          },
          "sensitive_attributes": [],
          "identity_schema_version": 0,
          "private": "eyJlMmJmYjczMC1lY2FhLTExZTYtOGY4OC0zNDM2M2JjN2M0YzAiOnsiY3JlYXRlIjo2MDAwMDAwMDAwMDB9fQ==",
          "dependencies": [
            "module.vms.data.openstack_networking_network_v2.existing",
            "module.vms.data.openstack_networking_network_v2.external",
            "module.vms.openstack_blockstorage_volume_v3.boot_volumes",
            "module.vms.openstack_compute_instance_v2.vms",
            "module.vms.openstack_networking_floatingip_v2.fips"
          ]
        },
        {
          "index_key": "web8",
          "schema_version": 0,
          "attributes": {
            "fixed_ip": "",
            "floating_ip": "172.20.1.20",
            "id": "172.20.1.20/b24780b3-b076-42c9-b6a0-7f9a50bf6f0b/",
            "instance_id": "b24780b3-b076-42c9-b6a0-7f9a50bf6f0b",
            "region": "RegionOne",
            "timeouts": null,
            "wait_until_associated": null
          },
          "sensitive_attributes": [],
          "identity_schema_version": 0,
          "private": "eyJlMmJmYjczMC1lY2FhLTExZTYtOGY4OC0zNDM2M2JjN2M0YzAiOnsiY3JlYXRlIjo2MDAwMDAwMDAwMDB9fQ==",
          "dependencies": [
            "module.vms.data.openstack_networking_network_v2.existing",
            "module.vms.data.openstack_networking_network_v2.external",
            "module.vms.openstack_blockstorage_volume_v3.boot_volumes",
            "module.vms.openstack_compute_instance_v2.vms",
            "module.vms.openstack_networking_floatingip_v2.fips"
          ]
        },
        {
          "index_key": "web9",
          "schema_version": 0,
          "attributes": {
            "fixed_ip": "",
            "floating_ip": "172.20.1.111",
            "id": "172.20.1.111/4b7b9b81-5717-4110-8b95-638e1d358f60/",
            "instance_id": "4b7b9b81-5717-4110-8b95-638e1d358f60",
            "region": "RegionOne",
            "timeouts": null,
            "wait_until_associated": null
          },
          "sensitive_attributes": [],
          "identity_schema_version": 0,
          "private": "eyJlMmJmYjczMC1lY2FhLTExZTYtOGY4OC0zNDM2M2JjN2M0YzAiOnsiY3JlYXRlIjo2MDAwMDAwMDAwMDB9fQ==",
          "dependencies": [
            "module.vms.data.openstack_networking_network_v2.existing",
            "module.vms.data.openstack_networking_network_v2.external",
            "module.vms.openstack_blockstorage_volume_v3.boot_volumes",
            "module.vms.openstack_compute_instance_v2.vms",
            "module.vms.openstack_networking_floatingip_v2.fips"
          ]
        }
      ]
    },
    {
      "module": "module.vms",
      "mode": "managed",
      "type": "openstack_compute_instance_v2",
      "name": "vms",
      "provider": "provider[\"registry.terraform.io/terraform-provider-openstack/openstack\"]",
      "instances": [
        {
          "index_key": "web1",
          "schema_version": 0,
          "attributes": {
            "access_ip_v4": "10.0.0.3",
            "access_ip_v6": "",
            "admin_pass": null,
            "all_metadata": {
              "environment": "dev"
            },
            "all_tags": [],
            "availability_zone": "nova",
            "availability_zone_hints": null,
            "block_device": [
              {
                "boot_index": 0,
                "delete_on_termination": false,
                "destination_type": "volume",
                "device_type": "",
                "disk_bus": "",
                "guest_format": "",
                "multiattach": false,
                "source_type": "volume",
                "uuid": "7a01041d-8c58-4c81-a765-3809892110b0",
                "volume_size": 0,
                "volume_type": ""
              }
            ],
            "config_drive": null,
            "created": "2026-01-08 09:57:43 +0000 UTC",
            "flavor_id": "4",
            "flavor_name": "m1.large",
            "floating_ip": null,
            "force_delete": false,
            "id": "6c51f09a-0b1d-455a-a338-2981dd1ea197",
            "image_id": "Attempt to boot from volume - no image supplied",
            "image_name": null,
            "key_pair": "test",
            "metadata": {
              "environment": "dev"
            },
            "name": "jenkins-controller",
            "network": [
              {
                "access_network": false,
                "fixed_ip_v4": "10.0.0.3",
                "fixed_ip_v6": "",
                "floating_ip": "",
                "mac": "fa:16:3e:7d:a1:8c",
                "name": "terraform",
                "port": "",
                "uuid": "1a504e6d-2944-4567-9bdd-327209998c45"
              }
            ],
            "network_mode": null,
            "personality": [],
            "power_state": "active",
            "region": "RegionOne",
            "scheduler_hints": [],
            "security_groups": [
              "default",
              "wazuh"
            ],
            "stop_before_destroy": false,
            "tags": [],
            "timeouts": null,
            "updated": "2026-01-13 06:03:12 +0000 UTC",
            "user_data": "",
            "vendor_options": [],
            "volume": []
          },
          "sensitive_attributes": [
            [
              {
                "type": "get_attr",
                "value": "admin_pass"
              }
            ]
          ],
          "identity_schema_version": 0,
          "private": "eyJlMmJmYjczMC1lY2FhLTExZTYtOGY4OC0zNDM2M2JjN2M0YzAiOnsiY3JlYXRlIjoxODAwMDAwMDAwMDAwLCJkZWxldGUiOjE4MDAwMDAwMDAwMDAsInVwZGF0ZSI6MTgwMDAwMDAwMDAwMH19",
          "dependencies": [
            "module.vms.data.openstack_networking_network_v2.existing",
            "module.vms.openstack_blockstorage_volume_v3.boot_volumes"
          ],
          "create_before_destroy": true
        },
        {
          "index_key": "web1-1",
          "schema_version": 0,
          "attributes": {
            "access_ip_v4": "10.0.0.126",
            "access_ip_v6": "",
            "admin_pass": null,
            "all_metadata": {
              "environment": "dev"
            },
            "all_tags": [],
            "availability_zone": "nova",
            "availability_zone_hints": null,
            "block_device": [
              {
                "boot_index": 0,
                "delete_on_termination": false,
                "destination_type": "volume",
                "device_type": "",
                "disk_bus": "",
                "guest_format": "",
                "multiattach": false,
                "source_type": "volume",
                "uuid": "18c764c2-93ee-471d-83d4-53fbc628bd9f",
                "volume_size": 0,
                "volume_type": ""
              }
            ],
            "config_drive": null,
            "created": "2026-01-09 05:51:35 +0000 UTC",
            "flavor_id": "4",
            "flavor_name": "m1.large",
            "floating_ip": null,
            "force_delete": false,
            "id": "c607c78a-c40d-4071-a5a6-3e0eef44caf4",
            "image_id": "Attempt to boot from volume - no image supplied",
            "image_name": null,
            "key_pair": "test",
            "metadata": {
              "environment": "dev"
            },
            "name": "jenkins-agent",
            "network": [
              {
                "access_network": false,
                "fixed_ip_v4": "10.0.0.126",
                "fixed_ip_v6": "",
                "floating_ip": "",
                "mac": "fa:16:3e:34:aa:ce",
                "name": "terraform",
                "port": "",
                "uuid": "1a504e6d-2944-4567-9bdd-327209998c45"
              }
            ],
            "network_mode": null,
            "personality": [],
            "power_state": "active",
            "region": "RegionOne",
            "scheduler_hints": [],
            "security_groups": [
              "default",
              "wazuh"
            ],
            "stop_before_destroy": false,
            "tags": [],
            "timeouts": null,
            "updated": "2026-01-13 06:02:57 +0000 UTC",
            "user_data": "c988166c5b09efe7029ba381a449b3a0f50b7495",
            "vendor_options": [],
            "volume": []
          },
          "sensitive_attributes": [
            [
              {
                "type": "get_attr",
                "value": "admin_pass"
              }
            ]
          ],
          "identity_schema_version": 0,
          "private": "eyJlMmJmYjczMC1lY2FhLTExZTYtOGY4OC0zNDM2M2JjN2M0YzAiOnsiY3JlYXRlIjoxODAwMDAwMDAwMDAwLCJkZWxldGUiOjE4MDAwMDAwMDAwMDAsInVwZGF0ZSI6MTgwMDAwMDAwMDAwMH19",
          "dependencies": [
            "module.vms.data.openstack_networking_network_v2.existing",
            "module.vms.openstack_blockstorage_volume_v3.boot_volumes"
          ],
          "create_before_destroy": true
        },
        {
          "index_key": "web10",
          "schema_version": 0,
          "attributes": {
            "access_ip_v4": "10.0.0.185",
            "access_ip_v6": "",
            "admin_pass": null,
            "all_metadata": {
              "environment": "dev"
            },
            "all_tags": [],
            "availability_zone": "nova",
            "availability_zone_hints": null,
            "block_device": [
              {
                "boot_index": 0,
                "delete_on_termination": false,
                "destination_type": "volume",
                "device_type": "",
                "disk_bus": "",
                "guest_format": "",
                "multiattach": false,
                "source_type": "volume",
                "uuid": "e531cb11-24c3-4298-9c99-9e2582052c2f",
                "volume_size": 0,
                "volume_type": ""
              }
            ],
            "config_drive": null,
            "created": "2026-01-14 12:00:18 +0000 UTC",
            "flavor_id": "4",
            "flavor_name": "m1.large",
            "floating_ip": null,
            "force_delete": false,
            "id": "12b4379e-7b3b-4bb4-a0e4-3942921c89ae",
            "image_id": "Attempt to boot from volume - no image supplied",
            "image_name": null,
            "key_pair": "test",
            "metadata": {
              "environment": "dev"
            },
            "name": "minio-worker",
            "network": [
              {
                "access_network": false,
                "fixed_ip_v4": "10.0.0.185",
                "fixed_ip_v6": "",
                "floating_ip": "",
                "mac": "fa:16:3e:88:d2:7f",
                "name": "terraform",
                "port": "",
                "uuid": "1a504e6d-2944-4567-9bdd-327209998c45"
              }
            ],
            "network_mode": null,
            "personality": [],
            "power_state": "active",
            "region": "RegionOne",
            "scheduler_hints": [],
            "security_groups": [
              "default",
              "k8s",
              "wazuh"
            ],
            "stop_before_destroy": false,
            "tags": [],
            "timeouts": null,
            "updated": "2026-01-14 12:00:33 +0000 UTC",
            "user_data": "c988166c5b09efe7029ba381a449b3a0f50b7495",
            "vendor_options": [],
            "volume": []
          },
          "sensitive_attributes": [
            [
              {
                "type": "get_attr",
                "value": "admin_pass"
              }
            ]
          ],
          "identity_schema_version": 0,
          "private": "eyJlMmJmYjczMC1lY2FhLTExZTYtOGY4OC0zNDM2M2JjN2M0YzAiOnsiY3JlYXRlIjoxODAwMDAwMDAwMDAwLCJkZWxldGUiOjE4MDAwMDAwMDAwMDAsInVwZGF0ZSI6MTgwMDAwMDAwMDAwMH19",
          "dependencies": [
            "module.vms.data.openstack_networking_network_v2.existing",
            "module.vms.openstack_blockstorage_volume_v3.boot_volumes"
          ],
          "create_before_destroy": true
        },
        {
          "index_key": "web11",
          "schema_version": 0,
          "attributes": {
            "access_ip_v4": "10.0.0.25",
            "access_ip_v6": "",
            "admin_pass": null,
            "all_metadata": {
              "environment": "dev"
            },
            "all_tags": [],
            "availability_zone": "nova",
            "availability_zone_hints": null,
            "block_device": [
              {
                "boot_index": 0,
                "delete_on_termination": false,
                "destination_type": "volume",
                "device_type": "",
                "disk_bus": "",
                "guest_format": "",
                "multiattach": false,
                "source_type": "volume",
                "uuid": "79026f03-0ee8-4df1-90ae-47a91b43e9a9",
                "volume_size": 0,
                "volume_type": ""
              }
            ],
            "config_drive": null,
            "created": "2026-01-14 12:00:18 +0000 UTC",
            "flavor_id": "4",
            "flavor_name": "m1.large",
            "floating_ip": null,
            "force_delete": false,
            "id": "74f5b5c9-ee24-4b6d-ace6-8e0632233b09",
            "image_id": "Attempt to boot from volume - no image supplied",
            "image_name": null,
            "key_pair": "test",
            "metadata": {
              "environment": "dev"
            },
            "name": "minio-worker-2",
            "network": [
              {
                "access_network": false,
                "fixed_ip_v4": "10.0.0.25",
                "fixed_ip_v6": "",
                "floating_ip": "",
                "mac": "fa:16:3e:1b:05:07",
                "name": "terraform",
                "port": "",
                "uuid": "1a504e6d-2944-4567-9bdd-327209998c45"
              }
            ],
            "network_mode": null,
            "personality": [],
            "power_state": "active",
            "region": "RegionOne",
            "scheduler_hints": [],
            "security_groups": [
              "default",
              "k8s",
              "wazuh"
            ],
            "stop_before_destroy": false,
            "tags": [],
            "timeouts": null,
            "updated": "2026-01-14 12:00:41 +0000 UTC",
            "user_data": "c988166c5b09efe7029ba381a449b3a0f50b7495",
            "vendor_options": [],
            "volume": []
          },
          "sensitive_attributes": [
            [
              {
                "type": "get_attr",
                "value": "admin_pass"
              }
            ]
          ],
          "identity_schema_version": 0,
          "private": "eyJlMmJmYjczMC1lY2FhLTExZTYtOGY4OC0zNDM2M2JjN2M0YzAiOnsiY3JlYXRlIjoxODAwMDAwMDAwMDAwLCJkZWxldGUiOjE4MDAwMDAwMDAwMDAsInVwZGF0ZSI6MTgwMDAwMDAwMDAwMH19",
          "dependencies": [
            "module.vms.data.openstack_networking_network_v2.existing",
            "module.vms.openstack_blockstorage_volume_v3.boot_volumes"
          ],
          "create_before_destroy": true
        },
        {
          "index_key": "web12",
          "schema_version": 0,
          "attributes": {
            "access_ip_v4": "10.0.0.61",
            "access_ip_v6": "",
            "admin_pass": null,
            "all_metadata": {
              "environment": "dev"
            },
            "all_tags": [],
            "availability_zone": "nova",
            "availability_zone_hints": null,
            "block_device": [
              {
                "boot_index": 0,
                "delete_on_termination": false,
                "destination_type": "volume",
                "device_type": "",
                "disk_bus": "",
                "guest_format": "",
                "multiattach": false,
                "source_type": "volume",
                "uuid": "6206835b-8ddb-4c78-a045-6e7d6374bb6d",
                "volume_size": 0,
                "volume_type": ""
              }
            ],
            "config_drive": null,
            "created": "2026-01-14 12:00:18 +0000 UTC",
            "flavor_id": "4",
            "flavor_name": "m1.large",
            "floating_ip": null,
            "force_delete": false,
            "id": "fdd09378-e1e8-4056-a585-a54e4599cf1d",
            "image_id": "Attempt to boot from volume - no image supplied",
            "image_name": null,
            "key_pair": "test",
            "metadata": {
              "environment": "dev"
            },
            "name": "minio-worker-3",
            "network": [
              {
                "access_network": false,
                "fixed_ip_v4": "10.0.0.61",
                "fixed_ip_v6": "",
                "floating_ip": "",
                "mac": "fa:16:3e:64:c7:1c",
                "name": "terraform",
                "port": "",
                "uuid": "1a504e6d-2944-4567-9bdd-327209998c45"
              }
            ],
            "network_mode": null,
            "personality": [],
            "power_state": "active",
            "region": "RegionOne",
            "scheduler_hints": [],
            "security_groups": [
              "default",
              "k8s",
              "wazuh"
            ],
            "stop_before_destroy": false,
            "tags": [],
            "timeouts": null,
            "updated": "2026-01-14 12:00:36 +0000 UTC",
            "user_data": "c988166c5b09efe7029ba381a449b3a0f50b7495",
            "vendor_options": [],
            "volume": []
          },
          "sensitive_attributes": [
            [
              {
                "type": "get_attr",
                "value": "admin_pass"
              }
            ]
          ],
          "identity_schema_version": 0,
          "private": "eyJlMmJmYjczMC1lY2FhLTExZTYtOGY4OC0zNDM2M2JjN2M0YzAiOnsiY3JlYXRlIjoxODAwMDAwMDAwMDAwLCJkZWxldGUiOjE4MDAwMDAwMDAwMDAsInVwZGF0ZSI6MTgwMDAwMDAwMDAwMH19",
          "dependencies": [
            "module.vms.data.openstack_networking_network_v2.existing",
            "module.vms.openstack_blockstorage_volume_v3.boot_volumes"
          ],
          "create_before_destroy": true
        },
        {
          "index_key": "web13",
          "schema_version": 0,
          "attributes": {
            "access_ip_v4": "10.0.0.52",
            "access_ip_v6": "",
            "admin_pass": null,
            "all_metadata": {
              "environment": "dev"
            },
            "all_tags": [],
            "availability_zone": "nova",
            "availability_zone_hints": null,
            "block_device": [
              {
                "boot_index": 0,
                "delete_on_termination": false,
                "destination_type": "volume",
                "device_type": "",
                "disk_bus": "",
                "guest_format": "",
                "multiattach": false,
                "source_type": "volume",
                "uuid": "9cb04991-8b87-4b1b-886b-84ab71cdf2a0",
                "volume_size": 0,
                "volume_type": ""
              }
            ],
            "config_drive": null,
            "created": "2026-01-14 12:00:18 +0000 UTC",
            "flavor_id": "4",
            "flavor_name": "m1.large",
            "floating_ip": null,
            "force_delete": false,
            "id": "f5a07a03-3dd5-4d93-9be8-1f47f17b1b4e",
            "image_id": "Attempt to boot from volume - no image supplied",
            "image_name": null,
            "key_pair": "test",
            "metadata": {
              "environment": "dev"
            },
            "name": "minio-worker-4",
            "network": [
              {
                "access_network": false,
                "fixed_ip_v4": "10.0.0.52",
                "fixed_ip_v6": "",
                "floating_ip": "",
                "mac": "fa:16:3e:3f:9b:f7",
                "name": "terraform",
                "port": "",
                "uuid": "1a504e6d-2944-4567-9bdd-327209998c45"
              }
            ],
            "network_mode": null,
            "personality": [],
            "power_state": "active",
            "region": "RegionOne",
            "scheduler_hints": [],
            "security_groups": [
              "default",
              "k8s",
              "wazuh"
            ],
            "stop_before_destroy": false,
            "tags": [],
            "timeouts": null,
            "updated": "2026-01-14 12:00:38 +0000 UTC",
            "user_data": "c988166c5b09efe7029ba381a449b3a0f50b7495",
            "vendor_options": [],
            "volume": []
          },
          "sensitive_attributes": [
            [
              {
                "type": "get_attr",
                "value": "admin_pass"
              }
            ]
          ],
          "identity_schema_version": 0,
          "private": "eyJlMmJmYjczMC1lY2FhLTExZTYtOGY4OC0zNDM2M2JjN2M0YzAiOnsiY3JlYXRlIjoxODAwMDAwMDAwMDAwLCJkZWxldGUiOjE4MDAwMDAwMDAwMDAsInVwZGF0ZSI6MTgwMDAwMDAwMDAwMH19",
          "dependencies": [
            "module.vms.data.openstack_networking_network_v2.existing",
            "module.vms.openstack_blockstorage_volume_v3.boot_volumes"
          ],
          "create_before_destroy": true
        },
        {
          "index_key": "web2",
          "schema_version": 0,
          "attributes": {
            "access_ip_v4": "10.0.0.85",
            "access_ip_v6": "",
            "admin_pass": null,
            "all_metadata": {
              "environment": "dev"
            },
            "all_tags": [],
            "availability_zone": "nova",
            "availability_zone_hints": null,
            "block_device": [
              {
                "boot_index": 0,
                "delete_on_termination": false,
                "destination_type": "volume",
                "device_type": "",
                "disk_bus": "",
                "guest_format": "",
                "multiattach": false,
                "source_type": "volume",
                "uuid": "28a9a036-eb82-4d5c-9332-d8977e2c148c",
                "volume_size": 0,
                "volume_type": ""
              }
            ],
            "config_drive": null,
            "created": "2026-01-08 09:57:43 +0000 UTC",
            "flavor_id": "4",
            "flavor_name": "m1.large",
            "floating_ip": null,
            "force_delete": false,
            "id": "e35fc138-3432-4dad-8e3b-2660d81eda4b",
            "image_id": "Attempt to boot from volume - no image supplied",
            "image_name": null,
            "key_pair": "test",
            "metadata": {
              "environment": "dev"
            },
            "name": "sonar",
            "network": [
              {
                "access_network": false,
                "fixed_ip_v4": "10.0.0.85",
                "fixed_ip_v6": "",
                "floating_ip": "",
                "mac": "fa:16:3e:eb:cd:56",
                "name": "terraform",
                "port": "",
                "uuid": "1a504e6d-2944-4567-9bdd-327209998c45"
              }
            ],
            "network_mode": null,
            "personality": [],
            "power_state": "active",
            "region": "RegionOne",
            "scheduler_hints": [],
            "security_groups": [
              "default",
              "wazuh"
            ],
            "stop_before_destroy": false,
            "tags": [],
            "timeouts": null,
            "updated": "2026-01-13 06:03:20 +0000 UTC",
            "user_data": "c988166c5b09efe7029ba381a449b3a0f50b7495",
            "vendor_options": [],
            "volume": []
          },
          "sensitive_attributes": [
            [
              {
                "type": "get_attr",
                "value": "admin_pass"
              }
            ]
          ],
          "identity_schema_version": 0,
          "private": "eyJlMmJmYjczMC1lY2FhLTExZTYtOGY4OC0zNDM2M2JjN2M0YzAiOnsiY3JlYXRlIjoxODAwMDAwMDAwMDAwLCJkZWxldGUiOjE4MDAwMDAwMDAwMDAsInVwZGF0ZSI6MTgwMDAwMDAwMDAwMH19",
          "dependencies": [
            "module.vms.data.openstack_networking_network_v2.existing",
            "module.vms.openstack_blockstorage_volume_v3.boot_volumes"
          ],
          "create_before_destroy": true
        },
        {
          "index_key": "web3",
          "schema_version": 0,
          "attributes": {
            "access_ip_v4": "10.0.0.35",
            "access_ip_v6": "",
            "admin_pass": null,
            "all_metadata": {
              "environment": "dev"
            },
            "all_tags": [],
            "availability_zone": "nova",
            "availability_zone_hints": null,
            "block_device": [
              {
                "boot_index": 0,
                "delete_on_termination": false,
                "destination_type": "volume",
                "device_type": "",
                "disk_bus": "",
                "guest_format": "",
                "multiattach": false,
                "source_type": "volume",
                "uuid": "2e15db1f-4232-4ac7-857f-71e21b560d18",
                "volume_size": 0,
                "volume_type": ""
              }
            ],
            "config_drive": null,
            "created": "2026-01-14 05:08:14 +0000 UTC",
            "flavor_id": "4",
            "flavor_name": "m1.large",
            "floating_ip": null,
            "force_delete": false,
            "id": "1ed07ab6-dea5-489b-855d-73f740ca9f10",
            "image_id": "Attempt to boot from volume - no image supplied",
            "image_name": null,
            "key_pair": "test",
            "metadata": {
              "environment": "dev"
            },
            "name": "harbor-master",
            "network": [
              {
                "access_network": false,
                "fixed_ip_v4": "10.0.0.35",
                "fixed_ip_v6": "",
                "floating_ip": "",
                "mac": "fa:16:3e:e0:36:58",
                "name": "terraform",
                "port": "",
                "uuid": "1a504e6d-2944-4567-9bdd-327209998c45"
              }
            ],
            "network_mode": null,
            "personality": [],
            "power_state": "active",
            "region": "RegionOne",
            "scheduler_hints": [],
            "security_groups": [
              "default",
              "k8s",
              "wazuh"
            ],
            "stop_before_destroy": false,
            "tags": [],
            "timeouts": null,
            "updated": "2026-01-14 05:08:35 +0000 UTC",
            "user_data": "c988166c5b09efe7029ba381a449b3a0f50b7495",
            "vendor_options": [],
            "volume": []
          },
          "sensitive_attributes": [
            [
              {
                "type": "get_attr",
                "value": "admin_pass"
              }
            ]
          ],
          "identity_schema_version": 0,
          "private": "eyJlMmJmYjczMC1lY2FhLTExZTYtOGY4OC0zNDM2M2JjN2M0YzAiOnsiY3JlYXRlIjoxODAwMDAwMDAwMDAwLCJkZWxldGUiOjE4MDAwMDAwMDAwMDAsInVwZGF0ZSI6MTgwMDAwMDAwMDAwMH19",
          "dependencies": [
            "module.vms.data.openstack_networking_network_v2.existing",
            "module.vms.openstack_blockstorage_volume_v3.boot_volumes"
          ],
          "create_before_destroy": true
        },
        {
          "index_key": "web4",
          "schema_version": 0,
          "attributes": {
            "access_ip_v4": "10.0.0.119",
            "access_ip_v6": "",
            "admin_pass": null,
            "all_metadata": {
              "environment": "dev"
            },
            "all_tags": [],
            "availability_zone": "nova",
            "availability_zone_hints": null,
            "block_device": [
              {
                "boot_index": 0,
                "delete_on_termination": false,
                "destination_type": "volume",
                "device_type": "",
                "disk_bus": "",
                "guest_format": "",
                "multiattach": false,
                "source_type": "volume",
                "uuid": "b6a22b7b-20af-4ca8-8660-6c1144ffe08a",
                "volume_size": 0,
                "volume_type": ""
              }
            ],
            "config_drive": null,
            "created": "2026-01-14 05:08:14 +0000 UTC",
            "flavor_id": "4",
            "flavor_name": "m1.large",
            "floating_ip": null,
            "force_delete": false,
            "id": "242e901c-ccd7-49f6-bd9e-30870f2ad79e",
            "image_id": "Attempt to boot from volume - no image supplied",
            "image_name": null,
            "key_pair": "test",
            "metadata": {
              "environment": "dev"
            },
            "name": "harbor-worker-1",
            "network": [
              {
                "access_network": false,
                "fixed_ip_v4": "10.0.0.119",
                "fixed_ip_v6": "",
                "floating_ip": "",
                "mac": "fa:16:3e:0d:9e:63",
                "name": "terraform",
                "port": "",
                "uuid": "1a504e6d-2944-4567-9bdd-327209998c45"
              }
            ],
            "network_mode": null,
            "personality": [],
            "power_state": "active",
            "region": "RegionOne",
            "scheduler_hints": [],
            "security_groups": [
              "default",
              "k8s",
              "wazuh"
            ],
            "stop_before_destroy": false,
            "tags": [],
            "timeouts": null,
            "updated": "2026-01-14 05:08:30 +0000 UTC",
            "user_data": "c988166c5b09efe7029ba381a449b3a0f50b7495",
            "vendor_options": [],
            "volume": []
          },
          "sensitive_attributes": [
            [
              {
                "type": "get_attr",
                "value": "admin_pass"
              }
            ]
          ],
          "identity_schema_version": 0,
          "private": "eyJlMmJmYjczMC1lY2FhLTExZTYtOGY4OC0zNDM2M2JjN2M0YzAiOnsiY3JlYXRlIjoxODAwMDAwMDAwMDAwLCJkZWxldGUiOjE4MDAwMDAwMDAwMDAsInVwZGF0ZSI6MTgwMDAwMDAwMDAwMH19",
          "dependencies": [
            "module.vms.data.openstack_networking_network_v2.existing",
            "module.vms.openstack_blockstorage_volume_v3.boot_volumes"
          ],
          "create_before_destroy": true
        },
        {
          "index_key": "web5",
          "schema_version": 0,
          "attributes": {
            "access_ip_v4": "10.0.0.191",
            "access_ip_v6": "",
            "admin_pass": null,
            "all_metadata": {
              "environment": "dev"
            },
            "all_tags": [],
            "availability_zone": "nova",
            "availability_zone_hints": null,
            "block_device": [
              {
                "boot_index": 0,
                "delete_on_termination": false,
                "destination_type": "volume",
                "device_type": "",
                "disk_bus": "",
                "guest_format": "",
                "multiattach": false,
                "source_type": "volume",
                "uuid": "458df21f-f74c-472b-ad6f-58836e384bde",
                "volume_size": 0,
                "volume_type": ""
              }
            ],
            "config_drive": null,
            "created": "2026-01-14 05:08:14 +0000 UTC",
            "flavor_id": "4",
            "flavor_name": "m1.large",
            "floating_ip": null,
            "force_delete": false,
            "id": "836e5019-59e6-48da-96bf-18109386315d",
            "image_id": "Attempt to boot from volume - no image supplied",
            "image_name": null,
            "key_pair": "test",
            "metadata": {
              "environment": "dev"
            },
            "name": "harbor-worker-2",
            "network": [
              {
                "access_network": false,
                "fixed_ip_v4": "10.0.0.191",
                "fixed_ip_v6": "",
                "floating_ip": "",
                "mac": "fa:16:3e:21:c5:07",
                "name": "terraform",
                "port": "",
                "uuid": "1a504e6d-2944-4567-9bdd-327209998c45"
              }
            ],
            "network_mode": null,
            "personality": [],
            "power_state": "active",
            "region": "RegionOne",
            "scheduler_hints": [],
            "security_groups": [
              "default",
              "k8s",
              "wazuh"
            ],
            "stop_before_destroy": false,
            "tags": [],
            "timeouts": null,
            "updated": "2026-01-14 05:08:33 +0000 UTC",
            "user_data": "c988166c5b09efe7029ba381a449b3a0f50b7495",
            "vendor_options": [],
            "volume": []
          },
          "sensitive_attributes": [
            [
              {
                "type": "get_attr",
                "value": "admin_pass"
              }
            ]
          ],
          "identity_schema_version": 0,
          "private": "eyJlMmJmYjczMC1lY2FhLTExZTYtOGY4OC0zNDM2M2JjN2M0YzAiOnsiY3JlYXRlIjoxODAwMDAwMDAwMDAwLCJkZWxldGUiOjE4MDAwMDAwMDAwMDAsInVwZGF0ZSI6MTgwMDAwMDAwMDAwMH19",
          "dependencies": [
            "module.vms.data.openstack_networking_network_v2.existing",
            "module.vms.openstack_blockstorage_volume_v3.boot_volumes"
          ],
          "create_before_destroy": true
        },
        {
          "index_key": "web5-1",
          "schema_version": 0,
          "attributes": {
            "access_ip_v4": "10.0.0.239",
            "access_ip_v6": "",
            "admin_pass": null,
            "all_metadata": {
              "environment": "dev"
            },
            "all_tags": [],
            "availability_zone": "nova",
            "availability_zone_hints": null,
            "block_device": [
              {
                "boot_index": 0,
                "delete_on_termination": false,
                "destination_type": "volume",
                "device_type": "",
                "disk_bus": "",
                "guest_format": "",
                "multiattach": false,
                "source_type": "volume",
                "uuid": "3cf0ecad-0c71-47ad-adf2-ce9917c042ed",
                "volume_size": 0,
                "volume_type": ""
              }
            ],
            "config_drive": null,
            "created": "2026-01-14 04:58:07 +0000 UTC",
            "flavor_id": "4",
            "flavor_name": "m1.large",
            "floating_ip": null,
            "force_delete": false,
            "id": "bab7f2cb-6bcb-4184-8c2a-227981424bb6",
            "image_id": "Attempt to boot from volume - no image supplied",
            "image_name": null,
            "key_pair": "test",
            "metadata": {
              "environment": "dev"
            },
            "name": "harbor-lb",
            "network": [
              {
                "access_network": false,
                "fixed_ip_v4": "10.0.0.239",
                "fixed_ip_v6": "",
                "floating_ip": "",
                "mac": "fa:16:3e:cc:63:c9",
                "name": "terraform",
                "port": "",
                "uuid": "1a504e6d-2944-4567-9bdd-327209998c45"
              }
            ],
            "network_mode": null,
            "personality": [],
            "power_state": "active",
            "region": "RegionOne",
            "scheduler_hints": [],
            "security_groups": [
              "default",
              "k8s",
              "wazuh"
            ],
            "stop_before_destroy": false,
            "tags": [],
            "timeouts": null,
            "updated": "2026-01-14 04:58:23 +0000 UTC",
            "user_data": "c988166c5b09efe7029ba381a449b3a0f50b7495",
            "vendor_options": [],
            "volume": []
          },
          "sensitive_attributes": [
            [
              {
                "type": "get_attr",
                "value": "admin_pass"
              }
            ]
          ],
          "identity_schema_version": 0,
          "private": "eyJlMmJmYjczMC1lY2FhLTExZTYtOGY4OC0zNDM2M2JjN2M0YzAiOnsiY3JlYXRlIjoxODAwMDAwMDAwMDAwLCJkZWxldGUiOjE4MDAwMDAwMDAwMDAsInVwZGF0ZSI6MTgwMDAwMDAwMDAwMH19",
          "dependencies": [
            "module.vms.data.openstack_networking_network_v2.existing",
            "module.vms.openstack_blockstorage_volume_v3.boot_volumes"
          ],
          "create_before_destroy": true
        },
        {
          "index_key": "web5-2",
          "schema_version": 0,
          "attributes": {
            "access_ip_v4": "10.0.0.182",
            "access_ip_v6": "",
            "admin_pass": null,
            "all_metadata": {
              "environment": "dev"
            },
            "all_tags": [],
            "availability_zone": "nova",
            "availability_zone_hints": null,
            "block_device": [
              {
                "boot_index": 0,
                "delete_on_termination": false,
                "destination_type": "volume",
                "device_type": "",
                "disk_bus": "",
                "guest_format": "",
                "multiattach": false,
                "source_type": "volume",
                "uuid": "e353d89c-b1d2-4447-a1f4-f55afa4046d0",
                "volume_size": 0,
                "volume_type": ""
              }
            ],
            "config_drive": null,
            "created": "2026-01-22 07:15:28 +0000 UTC",
            "flavor_id": "4",
            "flavor_name": "m1.large",
            "floating_ip": null,
            "force_delete": false,
            "id": "555ae3c8-91a0-4edb-a123-be9bc7032f76",
            "image_id": "Attempt to boot from volume - no image supplied",
            "image_name": null,
            "key_pair": "test",
            "metadata": {
              "environment": "dev"
            },
            "name": "harbor-worker-3",
            "network": [
              {
                "access_network": false,
                "fixed_ip_v4": "10.0.0.182",
                "fixed_ip_v6": "",
                "floating_ip": "",
                "mac": "fa:16:3e:72:12:07",
                "name": "terraform",
                "port": "",
                "uuid": "1a504e6d-2944-4567-9bdd-327209998c45"
              }
            ],
            "network_mode": null,
            "personality": [],
            "power_state": "active",
            "region": "RegionOne",
            "scheduler_hints": [],
            "security_groups": [
              "default",
              "k8s",
              "wazuh"
            ],
            "stop_before_destroy": false,
            "tags": null,
            "timeouts": null,
            "updated": "2026-01-22 07:15:44 +0000 UTC",
            "user_data": "c988166c5b09efe7029ba381a449b3a0f50b7495",
            "vendor_options": [],
            "volume": []
          },
          "sensitive_attributes": [
            [
              {
                "type": "get_attr",
                "value": "admin_pass"
              }
            ]
          ],
          "identity_schema_version": 0,
          "private": "eyJlMmJmYjczMC1lY2FhLTExZTYtOGY4OC0zNDM2M2JjN2M0YzAiOnsiY3JlYXRlIjoxODAwMDAwMDAwMDAwLCJkZWxldGUiOjE4MDAwMDAwMDAwMDAsInVwZGF0ZSI6MTgwMDAwMDAwMDAwMH19",
          "dependencies": [
            "module.vms.data.openstack_networking_network_v2.existing",
            "module.vms.openstack_blockstorage_volume_v3.boot_volumes"
          ],
          "create_before_destroy": true
        },
        {
          "index_key": "web6",
          "schema_version": 0,
          "attributes": {
            "access_ip_v4": "10.0.0.172",
            "access_ip_v6": "",
            "admin_pass": null,
            "all_metadata": {
              "environment": "dev"
            },
            "all_tags": [],
            "availability_zone": "nova",
            "availability_zone_hints": null,
            "block_device": [
              {
                "boot_index": 0,
                "delete_on_termination": false,
                "destination_type": "volume",
                "device_type": "",
                "disk_bus": "",
                "guest_format": "",
                "multiattach": false,
                "source_type": "volume",
                "uuid": "8af9d236-4624-461f-9d61-ed9b44044190",
                "volume_size": 0,
                "volume_type": ""
              }
            ],
            "config_drive": null,
            "created": "2026-01-11 11:47:03 +0000 UTC",
            "flavor_id": "4",
            "flavor_name": "m1.large",
            "floating_ip": null,
            "force_delete": false,
            "id": "a4d1c7c8-c9fd-4ba3-9f00-c45bbbeb0352",
            "image_id": "Attempt to boot from volume - no image supplied",
            "image_name": null,
            "key_pair": "test",
            "metadata": {
              "environment": "dev"
            },
            "name": "k8s-master",
            "network": [
              {
                "access_network": false,
                "fixed_ip_v4": "10.0.0.172",
                "fixed_ip_v6": "",
                "floating_ip": "",
                "mac": "fa:16:3e:e1:c5:c0",
                "name": "terraform",
                "port": "",
                "uuid": "1a504e6d-2944-4567-9bdd-327209998c45"
              }
            ],
            "network_mode": null,
            "personality": [],
            "power_state": "active",
            "region": "RegionOne",
            "scheduler_hints": [],
            "security_groups": [
              "default",
              "k8s",
              "wazuh"
            ],
            "stop_before_destroy": false,
            "tags": [],
            "timeouts": null,
            "updated": "2026-01-13 06:01:58 +0000 UTC",
            "user_data": "c988166c5b09efe7029ba381a449b3a0f50b7495",
            "vendor_options": [],
            "volume": []
          },
          "sensitive_attributes": [
            [
              {
                "type": "get_attr",
                "value": "admin_pass"
              }
            ]
          ],
          "identity_schema_version": 0,
          "private": "eyJlMmJmYjczMC1lY2FhLTExZTYtOGY4OC0zNDM2M2JjN2M0YzAiOnsiY3JlYXRlIjoxODAwMDAwMDAwMDAwLCJkZWxldGUiOjE4MDAwMDAwMDAwMDAsInVwZGF0ZSI6MTgwMDAwMDAwMDAwMH19",
          "dependencies": [
            "module.vms.data.openstack_networking_network_v2.existing",
            "module.vms.openstack_blockstorage_volume_v3.boot_volumes"
          ],
          "create_before_destroy": true
        },
        {
          "index_key": "web7",
          "schema_version": 0,
          "attributes": {
            "access_ip_v4": "10.0.0.221",
            "access_ip_v6": "",
            "admin_pass": null,
            "all_metadata": {
              "environment": "dev"
            },
            "all_tags": [],
            "availability_zone": "nova",
            "availability_zone_hints": null,
            "block_device": [
              {
                "boot_index": 0,
                "delete_on_termination": false,
                "destination_type": "volume",
                "device_type": "",
                "disk_bus": "",
                "guest_format": "",
                "multiattach": false,
                "source_type": "volume",
                "uuid": "43e0ab57-7f06-4835-a525-944f06c7fd6a",
                "volume_size": 0,
                "volume_type": ""
              }
            ],
            "config_drive": null,
            "created": "2026-01-11 11:47:03 +0000 UTC",
            "flavor_id": "4",
            "flavor_name": "m1.large",
            "floating_ip": null,
            "force_delete": false,
            "id": "46597bf1-367e-4103-8ddd-c31f149cbbef",
            "image_id": "Attempt to boot from volume - no image supplied",
            "image_name": null,
            "key_pair": "test",
            "metadata": {
              "environment": "dev"
            },
            "name": "k8s-worker",
            "network": [
              {
                "access_network": false,
                "fixed_ip_v4": "10.0.0.221",
                "fixed_ip_v6": "",
                "floating_ip": "",
                "mac": "fa:16:3e:da:f8:ad",
                "name": "terraform",
                "port": "",
                "uuid": "1a504e6d-2944-4567-9bdd-327209998c45"
              }
            ],
            "network_mode": null,
            "personality": [],
            "power_state": "active",
            "region": "RegionOne",
            "scheduler_hints": [],
            "security_groups": [
              "default",
              "k8s",
              "wazuh"
            ],
            "stop_before_destroy": false,
            "tags": [],
            "timeouts": null,
            "updated": "2026-01-13 06:01:49 +0000 UTC",
            "user_data": "c988166c5b09efe7029ba381a449b3a0f50b7495",
            "vendor_options": [],
            "volume": []
          },
          "sensitive_attributes": [
            [
              {
                "type": "get_attr",
                "value": "admin_pass"
              }
            ]
          ],
          "identity_schema_version": 0,
          "private": "eyJlMmJmYjczMC1lY2FhLTExZTYtOGY4OC0zNDM2M2JjN2M0YzAiOnsiY3JlYXRlIjoxODAwMDAwMDAwMDAwLCJkZWxldGUiOjE4MDAwMDAwMDAwMDAsInVwZGF0ZSI6MTgwMDAwMDAwMDAwMH19",
          "dependencies": [
            "module.vms.data.openstack_networking_network_v2.existing",
            "module.vms.openstack_blockstorage_volume_v3.boot_volumes"
          ],
          "create_before_destroy": true
        },
        {
          "index_key": "web8",
          "schema_version": 0,
          "attributes": {
            "access_ip_v4": "10.0.0.75",
            "access_ip_v6": "",
            "admin_pass": null,
            "all_metadata": {
              "environment": "dev"
            },
            "all_tags": [],
            "availability_zone": "nova",
            "availability_zone_hints": null,
            "block_device": [
              {
                "boot_index": 0,
                "delete_on_termination": false,
                "destination_type": "volume",
                "device_type": "",
                "disk_bus": "",
                "guest_format": "",
                "multiattach": false,
                "source_type": "volume",
                "uuid": "53e8a75b-582a-499c-9ce6-3955b83eb6b4",
                "volume_size": 0,
                "volume_type": ""
              }
            ],
            "config_drive": null,
            "created": "2026-01-11 11:47:03 +0000 UTC",
            "flavor_id": "4",
            "flavor_name": "m1.large",
            "floating_ip": null,
            "force_delete": false,
            "id": "b24780b3-b076-42c9-b6a0-7f9a50bf6f0b",
            "image_id": "Attempt to boot from volume - no image supplied",
            "image_name": null,
            "key_pair": "test",
            "metadata": {
              "environment": "dev"
            },
            "name": "argo-cd",
            "network": [
              {
                "access_network": false,
                "fixed_ip_v4": "10.0.0.75",
                "fixed_ip_v6": "",
                "floating_ip": "",
                "mac": "fa:16:3e:fa:36:d2",
                "name": "terraform",
                "port": "",
                "uuid": "1a504e6d-2944-4567-9bdd-327209998c45"
              }
            ],
            "network_mode": null,
            "personality": [],
            "power_state": "active",
            "region": "RegionOne",
            "scheduler_hints": [],
            "security_groups": [
              "default",
              "k8s",
              "wazuh"
            ],
            "stop_before_destroy": false,
            "tags": [],
            "timeouts": null,
            "updated": "2026-01-13 06:02:07 +0000 UTC",
            "user_data": "c988166c5b09efe7029ba381a449b3a0f50b7495",
            "vendor_options": [],
            "volume": []
          },
          "sensitive_attributes": [
            [
              {
                "type": "get_attr",
                "value": "admin_pass"
              }
            ]
          ],
          "identity_schema_version": 0,
          "private": "eyJlMmJmYjczMC1lY2FhLTExZTYtOGY4OC0zNDM2M2JjN2M0YzAiOnsiY3JlYXRlIjoxODAwMDAwMDAwMDAwLCJkZWxldGUiOjE4MDAwMDAwMDAwMDAsInVwZGF0ZSI6MTgwMDAwMDAwMDAwMH19",
          "dependencies": [
            "module.vms.data.openstack_networking_network_v2.existing",
            "module.vms.openstack_blockstorage_volume_v3.boot_volumes"
          ],
          "create_before_destroy": true
        },
        {
          "index_key": "web9",
          "schema_version": 0,
          "attributes": {
            "access_ip_v4": "10.0.0.204",
            "access_ip_v6": "",
            "admin_pass": null,
            "all_metadata": {
              "environment": "dev"
            },
            "all_tags": [],
            "availability_zone": "nova",
            "availability_zone_hints": null,
            "block_device": [
              {
                "boot_index": 0,
                "delete_on_termination": false,
                "destination_type": "volume",
                "device_type": "",
                "disk_bus": "",
                "guest_format": "",
                "multiattach": false,
                "source_type": "volume",
                "uuid": "321b23b1-4e2c-4d61-8f5c-b6a61def99b9",
                "volume_size": 0,
                "volume_type": ""
              }
            ],
            "config_drive": null,
            "created": "2026-01-14 12:00:18 +0000 UTC",
            "flavor_id": "4",
            "flavor_name": "m1.large",
            "floating_ip": null,
            "force_delete": false,
            "id": "4b7b9b81-5717-4110-8b95-638e1d358f60",
            "image_id": "Attempt to boot from volume - no image supplied",
            "image_name": null,
            "key_pair": "test",
            "metadata": {
              "environment": "dev"
            },
            "name": "minio-master",
            "network": [
              {
                "access_network": false,
                "fixed_ip_v4": "10.0.0.204",
                "fixed_ip_v6": "",
                "floating_ip": "",
                "mac": "fa:16:3e:ca:3e:71",
                "name": "terraform",
                "port": "",
                "uuid": "1a504e6d-2944-4567-9bdd-327209998c45"
              }
            ],
            "network_mode": null,
            "personality": [],
            "power_state": "active",
            "region": "RegionOne",
            "scheduler_hints": [],
            "security_groups": [
              "default",
              "k8s",
              "wazuh"
            ],
            "stop_before_destroy": false,
            "tags": [],
            "timeouts": null,
            "updated": "2026-01-14 12:00:44 +0000 UTC",
            "user_data": "c988166c5b09efe7029ba381a449b3a0f50b7495",
            "vendor_options": [],
            "volume": []
          },
          "sensitive_attributes": [
            [
              {
                "type": "get_attr",
                "value": "admin_pass"
              }
            ]
          ],
          "identity_schema_version": 0,
          "private": "eyJlMmJmYjczMC1lY2FhLTExZTYtOGY4OC0zNDM2M2JjN2M0YzAiOnsiY3JlYXRlIjoxODAwMDAwMDAwMDAwLCJkZWxldGUiOjE4MDAwMDAwMDAwMDAsInVwZGF0ZSI6MTgwMDAwMDAwMDAwMH19",
          "dependencies": [
            "module.vms.data.openstack_networking_network_v2.existing",
            "module.vms.openstack_blockstorage_volume_v3.boot_volumes"
          ],
          "create_before_destroy": true
        }
      ]
    },
    {
      "module": "module.vms",
      "mode": "managed",
      "type": "openstack_compute_volume_attach_v2",
      "name": "attach_data",
      "provider": "provider[\"registry.terraform.io/terraform-provider-openstack/openstack\"]",
      "instances": [
        {
          "index_key": "web10-data-0",
          "schema_version": 0,
          "attributes": {
            "device": "/dev/vdc",
            "id": "12b4379e-7b3b-4bb4-a0e4-3942921c89ae/4d3ef36e-756e-4a0a-9f29-bc20cd7f5762",
            "instance_id": "12b4379e-7b3b-4bb4-a0e4-3942921c89ae",
            "multiattach": null,
            "region": "RegionOne",
            "timeouts": null,
            "vendor_options": [],
            "volume_id": "4d3ef36e-756e-4a0a-9f29-bc20cd7f5762"
          },
          "sensitive_attributes": [],
          "identity_schema_version": 0,
          "private": "eyJlMmJmYjczMC1lY2FhLTExZTYtOGY4OC0zNDM2M2JjN2M0YzAiOnsiY3JlYXRlIjo2MDAwMDAwMDAwMDAsImRlbGV0ZSI6NjAwMDAwMDAwMDAwfX0=",
          "dependencies": [
            "module.vms.data.openstack_networking_network_v2.existing",
            "module.vms.openstack_blockstorage_volume_v3.boot_volumes",
            "module.vms.openstack_blockstorage_volume_v3.data_volumes",
            "module.vms.openstack_compute_instance_v2.vms"
          ]
        },
        {
          "index_key": "web10-data-1",
          "schema_version": 0,
          "attributes": {
            "device": "/dev/vdb",
            "id": "12b4379e-7b3b-4bb4-a0e4-3942921c89ae/e5931a95-2752-4fb1-8b06-5516def00cfb",
            "instance_id": "12b4379e-7b3b-4bb4-a0e4-3942921c89ae",
            "multiattach": null,
            "region": "RegionOne",
            "timeouts": null,
            "vendor_options": [],
            "volume_id": "e5931a95-2752-4fb1-8b06-5516def00cfb"
          },
          "sensitive_attributes": [],
          "identity_schema_version": 0,
          "private": "eyJlMmJmYjczMC1lY2FhLTExZTYtOGY4OC0zNDM2M2JjN2M0YzAiOnsiY3JlYXRlIjo2MDAwMDAwMDAwMDAsImRlbGV0ZSI6NjAwMDAwMDAwMDAwfX0=",
          "dependencies": [
            "module.vms.data.openstack_networking_network_v2.existing",
            "module.vms.openstack_blockstorage_volume_v3.boot_volumes",
            "module.vms.openstack_blockstorage_volume_v3.data_volumes",
            "module.vms.openstack_compute_instance_v2.vms"
          ]
        },
        {
          "index_key": "web11-data-0",
          "schema_version": 0,
          "attributes": {
            "device": "/dev/vdb",
            "id": "74f5b5c9-ee24-4b6d-ace6-8e0632233b09/ee1d2bb4-a74a-4e79-91e4-bf2c3f2d3a09",
            "instance_id": "74f5b5c9-ee24-4b6d-ace6-8e0632233b09",
            "multiattach": null,
            "region": "RegionOne",
            "timeouts": null,
            "vendor_options": [],
            "volume_id": "ee1d2bb4-a74a-4e79-91e4-bf2c3f2d3a09"
          },
          "sensitive_attributes": [],
          "identity_schema_version": 0,
          "private": "eyJlMmJmYjczMC1lY2FhLTExZTYtOGY4OC0zNDM2M2JjN2M0YzAiOnsiY3JlYXRlIjo2MDAwMDAwMDAwMDAsImRlbGV0ZSI6NjAwMDAwMDAwMDAwfX0=",
          "dependencies": [
            "module.vms.data.openstack_networking_network_v2.existing",
            "module.vms.openstack_blockstorage_volume_v3.boot_volumes",
            "module.vms.openstack_blockstorage_volume_v3.data_volumes",
            "module.vms.openstack_compute_instance_v2.vms"
          ]
        },
        {
          "index_key": "web11-data-1",
          "schema_version": 0,
          "attributes": {
            "device": "/dev/vdc",
            "id": "74f5b5c9-ee24-4b6d-ace6-8e0632233b09/bd281da5-7289-434b-bce1-02758ddd60cf",
            "instance_id": "74f5b5c9-ee24-4b6d-ace6-8e0632233b09",
            "multiattach": null,
            "region": "RegionOne",
            "timeouts": null,
            "vendor_options": [],
            "volume_id": "bd281da5-7289-434b-bce1-02758ddd60cf"
          },
          "sensitive_attributes": [],
          "identity_schema_version": 0,
          "private": "eyJlMmJmYjczMC1lY2FhLTExZTYtOGY4OC0zNDM2M2JjN2M0YzAiOnsiY3JlYXRlIjo2MDAwMDAwMDAwMDAsImRlbGV0ZSI6NjAwMDAwMDAwMDAwfX0=",
          "dependencies": [
            "module.vms.data.openstack_networking_network_v2.existing",
            "module.vms.openstack_blockstorage_volume_v3.boot_volumes",
            "module.vms.openstack_blockstorage_volume_v3.data_volumes",
            "module.vms.openstack_compute_instance_v2.vms"
          ]
        },
        {
          "index_key": "web12-data-0",
          "schema_version": 0,
          "attributes": {
            "device": "/dev/vdb",
            "id": "fdd09378-e1e8-4056-a585-a54e4599cf1d/f5f22d88-37bf-475a-b65e-635a6e38339d",
            "instance_id": "fdd09378-e1e8-4056-a585-a54e4599cf1d",
            "multiattach": null,
            "region": "RegionOne",
            "timeouts": null,
            "vendor_options": [],
            "volume_id": "f5f22d88-37bf-475a-b65e-635a6e38339d"
          },
          "sensitive_attributes": [],
          "identity_schema_version": 0,
          "private": "eyJlMmJmYjczMC1lY2FhLTExZTYtOGY4OC0zNDM2M2JjN2M0YzAiOnsiY3JlYXRlIjo2MDAwMDAwMDAwMDAsImRlbGV0ZSI6NjAwMDAwMDAwMDAwfX0=",
          "dependencies": [
            "module.vms.data.openstack_networking_network_v2.existing",
            "module.vms.openstack_blockstorage_volume_v3.boot_volumes",
            "module.vms.openstack_blockstorage_volume_v3.data_volumes",
            "module.vms.openstack_compute_instance_v2.vms"
          ]
        },
        {
          "index_key": "web12-data-1",
          "schema_version": 0,
          "attributes": {
            "device": "/dev/vdc",
            "id": "fdd09378-e1e8-4056-a585-a54e4599cf1d/019e2015-fd41-46fa-a541-f1808e353a7d",
            "instance_id": "fdd09378-e1e8-4056-a585-a54e4599cf1d",
            "multiattach": null,
            "region": "RegionOne",
            "timeouts": null,
            "vendor_options": [],
            "volume_id": "019e2015-fd41-46fa-a541-f1808e353a7d"
          },
          "sensitive_attributes": [],
          "identity_schema_version": 0,
          "private": "eyJlMmJmYjczMC1lY2FhLTExZTYtOGY4OC0zNDM2M2JjN2M0YzAiOnsiY3JlYXRlIjo2MDAwMDAwMDAwMDAsImRlbGV0ZSI6NjAwMDAwMDAwMDAwfX0=",
          "dependencies": [
            "module.vms.data.openstack_networking_network_v2.existing",
            "module.vms.openstack_blockstorage_volume_v3.boot_volumes",
            "module.vms.openstack_blockstorage_volume_v3.data_volumes",
            "module.vms.openstack_compute_instance_v2.vms"
          ]
        },
        {
          "index_key": "web13-data-0",
          "schema_version": 0,
          "attributes": {
            "device": "/dev/vdc",
            "id": "f5a07a03-3dd5-4d93-9be8-1f47f17b1b4e/a0435523-479a-4bad-96b6-37a1cac5fbdc",
            "instance_id": "f5a07a03-3dd5-4d93-9be8-1f47f17b1b4e",
            "multiattach": null,
            "region": "RegionOne",
            "timeouts": null,
            "vendor_options": [],
            "volume_id": "a0435523-479a-4bad-96b6-37a1cac5fbdc"
          },
          "sensitive_attributes": [],
          "identity_schema_version": 0,
          "private": "eyJlMmJmYjczMC1lY2FhLTExZTYtOGY4OC0zNDM2M2JjN2M0YzAiOnsiY3JlYXRlIjo2MDAwMDAwMDAwMDAsImRlbGV0ZSI6NjAwMDAwMDAwMDAwfX0=",
          "dependencies": [
            "module.vms.data.openstack_networking_network_v2.existing",
            "module.vms.openstack_blockstorage_volume_v3.boot_volumes",
            "module.vms.openstack_blockstorage_volume_v3.data_volumes",
            "module.vms.openstack_compute_instance_v2.vms"
          ]
        },
        {
          "index_key": "web13-data-1",
          "schema_version": 0,
          "attributes": {
            "device": "/dev/vdb",
            "id": "f5a07a03-3dd5-4d93-9be8-1f47f17b1b4e/1efd7d0c-fff4-4086-90a3-e70e277c49d5",
            "instance_id": "f5a07a03-3dd5-4d93-9be8-1f47f17b1b4e",
            "multiattach": null,
            "region": "RegionOne",
            "timeouts": null,
            "vendor_options": [],
            "volume_id": "1efd7d0c-fff4-4086-90a3-e70e277c49d5"
          },
          "sensitive_attributes": [],
          "identity_schema_version": 0,
          "private": "eyJlMmJmYjczMC1lY2FhLTExZTYtOGY4OC0zNDM2M2JjN2M0YzAiOnsiY3JlYXRlIjo2MDAwMDAwMDAwMDAsImRlbGV0ZSI6NjAwMDAwMDAwMDAwfX0=",
          "dependencies": [
            "module.vms.data.openstack_networking_network_v2.existing",
            "module.vms.openstack_blockstorage_volume_v3.boot_volumes",
            "module.vms.openstack_blockstorage_volume_v3.data_volumes",
            "module.vms.openstack_compute_instance_v2.vms"
          ]
        },
        {
          "index_key": "web4-data-0",
          "schema_version": 0,
          "attributes": {
            "device": "/dev/vdb",
            "id": "242e901c-ccd7-49f6-bd9e-30870f2ad79e/3804e71f-1122-4937-804f-1c6d378dcdbc",
            "instance_id": "242e901c-ccd7-49f6-bd9e-30870f2ad79e",
            "multiattach": null,
            "region": "RegionOne",
            "timeouts": null,
            "vendor_options": [],
            "volume_id": "3804e71f-1122-4937-804f-1c6d378dcdbc"
          },
          "sensitive_attributes": [],
          "identity_schema_version": 0,
          "private": "eyJlMmJmYjczMC1lY2FhLTExZTYtOGY4OC0zNDM2M2JjN2M0YzAiOnsiY3JlYXRlIjo2MDAwMDAwMDAwMDAsImRlbGV0ZSI6NjAwMDAwMDAwMDAwfX0=",
          "dependencies": [
            "module.vms.data.openstack_networking_network_v2.existing",
            "module.vms.openstack_blockstorage_volume_v3.boot_volumes",
            "module.vms.openstack_blockstorage_volume_v3.data_volumes",
            "module.vms.openstack_compute_instance_v2.vms"
          ]
        },
        {
          "index_key": "web5-2-data-0",
          "schema_version": 0,
          "attributes": {
            "device": "/dev/vdb",
            "id": "555ae3c8-91a0-4edb-a123-be9bc7032f76/fab7744e-6147-439a-8eb1-10b6c8ecdd85",
            "instance_id": "555ae3c8-91a0-4edb-a123-be9bc7032f76",
            "multiattach": null,
            "region": "RegionOne",
            "timeouts": null,
            "vendor_options": [],
            "volume_id": "fab7744e-6147-439a-8eb1-10b6c8ecdd85"
          },
          "sensitive_attributes": [],
          "identity_schema_version": 0,
          "private": "eyJlMmJmYjczMC1lY2FhLTExZTYtOGY4OC0zNDM2M2JjN2M0YzAiOnsiY3JlYXRlIjo2MDAwMDAwMDAwMDAsImRlbGV0ZSI6NjAwMDAwMDAwMDAwfX0=",
          "dependencies": [
            "module.vms.data.openstack_networking_network_v2.existing",
            "module.vms.openstack_blockstorage_volume_v3.boot_volumes",
            "module.vms.openstack_blockstorage_volume_v3.data_volumes",
            "module.vms.openstack_compute_instance_v2.vms"
          ]
        },
        {
          "index_key": "web5-data-0",
          "schema_version": 0,
          "attributes": {
            "device": "/dev/vdb",
            "id": "836e5019-59e6-48da-96bf-18109386315d/33917594-fa5f-4188-987d-b02076002bfd",
            "instance_id": "836e5019-59e6-48da-96bf-18109386315d",
            "multiattach": null,
            "region": "RegionOne",
            "timeouts": null,
            "vendor_options": [],
            "volume_id": "33917594-fa5f-4188-987d-b02076002bfd"
          },
          "sensitive_attributes": [],
          "identity_schema_version": 0,
          "private": "eyJlMmJmYjczMC1lY2FhLTExZTYtOGY4OC0zNDM2M2JjN2M0YzAiOnsiY3JlYXRlIjo2MDAwMDAwMDAwMDAsImRlbGV0ZSI6NjAwMDAwMDAwMDAwfX0=",
          "dependencies": [
            "module.vms.data.openstack_networking_network_v2.existing",
            "module.vms.openstack_blockstorage_volume_v3.boot_volumes",
            "module.vms.openstack_blockstorage_volume_v3.data_volumes",
            "module.vms.openstack_compute_instance_v2.vms"
          ]
        }
      ]
    },
    {
      "module": "module.vms",
      "mode": "managed",
      "type": "openstack_networking_floatingip_v2",
      "name": "fips",
      "provider": "provider[\"registry.terraform.io/terraform-provider-openstack/openstack\"]",
      "instances": [
        {
          "index_key": "web1",
          "schema_version": 0,
          "attributes": {
            "address": "172.20.1.127",
            "all_tags": [],
            "description": "",
            "dns_domain": "",
            "dns_name": "",
            "fixed_ip": "10.0.0.3",
            "id": "13d42747-aa69-4a50-8381-95d5f707859d",
            "pool": "public1",
            "port_id": "2bf1fb66-ff4b-4572-8fbc-de1853f1779c",
            "region": "RegionOne",
            "subnet_id": null,
            "subnet_ids": null,
            "tags": [],
            "tenant_id": "fc70748921aa4265ad13c5d6f42d2574",
            "timeouts": null,
            "value_specs": null
          },
          "sensitive_attributes": [],
          "identity_schema_version": 0,
          "private": "eyJlMmJmYjczMC1lY2FhLTExZTYtOGY4OC0zNDM2M2JjN2M0YzAiOnsiY3JlYXRlIjo2MDAwMDAwMDAwMDAsImRlbGV0ZSI6NjAwMDAwMDAwMDAwfX0=",
          "dependencies": [
            "module.vms.data.openstack_networking_network_v2.external"
          ]
        },
        {
          "index_key": "web1-1",
          "schema_version": 0,
          "attributes": {
            "address": "172.20.1.34",
            "all_tags": [],
            "description": "",
            "dns_domain": "",
            "dns_name": "",
            "fixed_ip": "10.0.0.126",
            "id": "6b5f6ca0-b033-475d-9217-b82610357f63",
            "pool": "public1",
            "port_id": "bd7332db-63b5-403d-beff-e80bf0b94ff8",
            "region": "RegionOne",
            "subnet_id": null,
            "subnet_ids": null,
            "tags": [],
            "tenant_id": "fc70748921aa4265ad13c5d6f42d2574",
            "timeouts": null,
            "value_specs": null
          },
          "sensitive_attributes": [],
          "identity_schema_version": 0,
          "private": "eyJlMmJmYjczMC1lY2FhLTExZTYtOGY4OC0zNDM2M2JjN2M0YzAiOnsiY3JlYXRlIjo2MDAwMDAwMDAwMDAsImRlbGV0ZSI6NjAwMDAwMDAwMDAwfX0=",
          "dependencies": [
            "module.vms.data.openstack_networking_network_v2.external"
          ]
        },
        {
          "index_key": "web10",
          "schema_version": 0,
          "attributes": {
            "address": "172.20.1.39",
            "all_tags": [],
            "description": "",
            "dns_domain": "",
            "dns_name": "",
            "fixed_ip": "10.0.0.185",
            "id": "f7c13ffe-b469-4e2b-bc6e-079056fefdc9",
            "pool": "public1",
            "port_id": "f263f8cd-465d-4e3e-917f-62d6ce6de58f",
            "region": "RegionOne",
            "subnet_id": null,
            "subnet_ids": null,
            "tags": [],
            "tenant_id": "fc70748921aa4265ad13c5d6f42d2574",
            "timeouts": null,
            "value_specs": null
          },
          "sensitive_attributes": [],
          "identity_schema_version": 0,
          "private": "eyJlMmJmYjczMC1lY2FhLTExZTYtOGY4OC0zNDM2M2JjN2M0YzAiOnsiY3JlYXRlIjo2MDAwMDAwMDAwMDAsImRlbGV0ZSI6NjAwMDAwMDAwMDAwfX0=",
          "dependencies": [
            "module.vms.data.openstack_networking_network_v2.external"
          ]
        },
        {
          "index_key": "web11",
          "schema_version": 0,
          "attributes": {
            "address": "172.20.1.124",
            "all_tags": [],
            "description": "",
            "dns_domain": "",
            "dns_name": "",
            "fixed_ip": "10.0.0.25",
            "id": "7f074819-6d68-4a5e-b636-3cdc4903c293",
            "pool": "public1",
            "port_id": "7dcfcef0-61d1-4ce3-9b75-afd1c02cc18f",
            "region": "RegionOne",
            "subnet_id": null,
            "subnet_ids": null,
            "tags": [],
            "tenant_id": "fc70748921aa4265ad13c5d6f42d2574",
            "timeouts": null,
            "value_specs": null
          },
          "sensitive_attributes": [],
          "identity_schema_version": 0,
          "private": "eyJlMmJmYjczMC1lY2FhLTExZTYtOGY4OC0zNDM2M2JjN2M0YzAiOnsiY3JlYXRlIjo2MDAwMDAwMDAwMDAsImRlbGV0ZSI6NjAwMDAwMDAwMDAwfX0=",
          "dependencies": [
            "module.vms.data.openstack_networking_network_v2.external"
          ]
        },
        {
          "index_key": "web12",
          "schema_version": 0,
          "attributes": {
            "address": "172.20.1.100",
            "all_tags": [],
            "description": "",
            "dns_domain": "",
            "dns_name": "",
            "fixed_ip": "10.0.0.61",
            "id": "df7f95e2-24eb-4299-a45e-1a130a6e9675",
            "pool": "public1",
            "port_id": "a3e8dcc4-8724-4ffe-9c72-6e41479d395f",
            "region": "RegionOne",
            "subnet_id": null,
            "subnet_ids": null,
            "tags": [],
            "tenant_id": "fc70748921aa4265ad13c5d6f42d2574",
            "timeouts": null,
            "value_specs": null
          },
          "sensitive_attributes": [],
          "identity_schema_version": 0,
          "private": "eyJlMmJmYjczMC1lY2FhLTExZTYtOGY4OC0zNDM2M2JjN2M0YzAiOnsiY3JlYXRlIjo2MDAwMDAwMDAwMDAsImRlbGV0ZSI6NjAwMDAwMDAwMDAwfX0=",
          "dependencies": [
            "module.vms.data.openstack_networking_network_v2.external"
          ]
        },
        {
          "index_key": "web13",
          "schema_version": 0,
          "attributes": {
            "address": "172.20.1.138",
            "all_tags": [],
            "description": "",
            "dns_domain": "",
            "dns_name": "",
            "fixed_ip": "10.0.0.52",
            "id": "22cab2ba-aeb7-4e52-b34a-fd7814898ef1",
            "pool": "public1",
            "port_id": "dc46d461-1931-4e19-a58f-50f3ea8398a7",
            "region": "RegionOne",
            "subnet_id": null,
            "subnet_ids": null,
            "tags": [],
            "tenant_id": "fc70748921aa4265ad13c5d6f42d2574",
            "timeouts": null,
            "value_specs": null
          },
          "sensitive_attributes": [],
          "identity_schema_version": 0,
          "private": "eyJlMmJmYjczMC1lY2FhLTExZTYtOGY4OC0zNDM2M2JjN2M0YzAiOnsiY3JlYXRlIjo2MDAwMDAwMDAwMDAsImRlbGV0ZSI6NjAwMDAwMDAwMDAwfX0=",
          "dependencies": [
            "module.vms.data.openstack_networking_network_v2.external"
          ]
        },
        {
          "index_key": "web2",
          "schema_version": 0,
          "attributes": {
            "address": "172.20.1.140",
            "all_tags": [],
            "description": "",
            "dns_domain": "",
            "dns_name": "",
            "fixed_ip": "10.0.0.85",
            "id": "c3679fa7-80f7-4f76-9f69-9332b0effbcb",
            "pool": "public1",
            "port_id": "7548ffff-c8d6-4554-9883-ee74541eb53a",
            "region": "RegionOne",
            "subnet_id": null,
            "subnet_ids": null,
            "tags": [],
            "tenant_id": "fc70748921aa4265ad13c5d6f42d2574",
            "timeouts": null,
            "value_specs": null
          },
          "sensitive_attributes": [],
          "identity_schema_version": 0,
          "private": "eyJlMmJmYjczMC1lY2FhLTExZTYtOGY4OC0zNDM2M2JjN2M0YzAiOnsiY3JlYXRlIjo2MDAwMDAwMDAwMDAsImRlbGV0ZSI6NjAwMDAwMDAwMDAwfX0=",
          "dependencies": [
            "module.vms.data.openstack_networking_network_v2.external"
          ]
        },
        {
          "index_key": "web3",
          "schema_version": 0,
          "attributes": {
            "address": "172.20.1.87",
            "all_tags": [],
            "description": "",
            "dns_domain": "",
            "dns_name": "",
            "fixed_ip": "10.0.0.35",
            "id": "15e2d17f-7f52-489d-8717-58ece9a9da95",
            "pool": "public1",
            "port_id": "428039ed-c469-4835-b657-35e088bc041d",
            "region": "RegionOne",
            "subnet_id": null,
            "subnet_ids": null,
            "tags": [],
            "tenant_id": "fc70748921aa4265ad13c5d6f42d2574",
            "timeouts": null,
            "value_specs": null
          },
          "sensitive_attributes": [],
          "identity_schema_version": 0,
          "private": "eyJlMmJmYjczMC1lY2FhLTExZTYtOGY4OC0zNDM2M2JjN2M0YzAiOnsiY3JlYXRlIjo2MDAwMDAwMDAwMDAsImRlbGV0ZSI6NjAwMDAwMDAwMDAwfX0=",
          "dependencies": [
            "module.vms.data.openstack_networking_network_v2.external"
          ]
        },
        {
          "index_key": "web4",
          "schema_version": 0,
          "attributes": {
            "address": "172.20.1.125",
            "all_tags": [],
            "description": "",
            "dns_domain": "",
            "dns_name": "",
            "fixed_ip": "10.0.0.119",
            "id": "77bb89fb-8cde-4eb2-9190-46177cb08006",
            "pool": "public1",
            "port_id": "b9428f4e-28d9-40ac-9a5f-4279fa479867",
            "region": "RegionOne",
            "subnet_id": null,
            "subnet_ids": null,
            "tags": [],
            "tenant_id": "fc70748921aa4265ad13c5d6f42d2574",
            "timeouts": null,
            "value_specs": null
          },
          "sensitive_attributes": [],
          "identity_schema_version": 0,
          "private": "eyJlMmJmYjczMC1lY2FhLTExZTYtOGY4OC0zNDM2M2JjN2M0YzAiOnsiY3JlYXRlIjo2MDAwMDAwMDAwMDAsImRlbGV0ZSI6NjAwMDAwMDAwMDAwfX0=",
          "dependencies": [
            "module.vms.data.openstack_networking_network_v2.external"
          ]
        },
        {
          "index_key": "web5",
          "schema_version": 0,
          "attributes": {
            "address": "172.20.1.75",
            "all_tags": [],
            "description": "",
            "dns_domain": "",
            "dns_name": "",
            "fixed_ip": "10.0.0.191",
            "id": "0b5191fb-8379-403e-83ae-94abfa10f277",
            "pool": "public1",
            "port_id": "66092ee8-f657-4648-b182-0b5e9facf60e",
            "region": "RegionOne",
            "subnet_id": null,
            "subnet_ids": null,
            "tags": [],
            "tenant_id": "fc70748921aa4265ad13c5d6f42d2574",
            "timeouts": null,
            "value_specs": null
          },
          "sensitive_attributes": [],
          "identity_schema_version": 0,
          "private": "eyJlMmJmYjczMC1lY2FhLTExZTYtOGY4OC0zNDM2M2JjN2M0YzAiOnsiY3JlYXRlIjo2MDAwMDAwMDAwMDAsImRlbGV0ZSI6NjAwMDAwMDAwMDAwfX0=",
          "dependencies": [
            "module.vms.data.openstack_networking_network_v2.external"
          ]
        },
        {
          "index_key": "web5-1",
          "schema_version": 0,
          "attributes": {
            "address": "172.20.1.82",
            "all_tags": [],
            "description": "",
            "dns_domain": "",
            "dns_name": "",
            "fixed_ip": "10.0.0.239",
            "id": "d5190deb-f320-4505-8ec3-165f21317128",
            "pool": "public1",
            "port_id": "1b6e8d5b-42c9-44ff-93ac-96e71a374d08",
            "region": "RegionOne",
            "subnet_id": null,
            "subnet_ids": null,
            "tags": [],
            "tenant_id": "fc70748921aa4265ad13c5d6f42d2574",
            "timeouts": null,
            "value_specs": null
          },
          "sensitive_attributes": [],
          "identity_schema_version": 0,
          "private": "eyJlMmJmYjczMC1lY2FhLTExZTYtOGY4OC0zNDM2M2JjN2M0YzAiOnsiY3JlYXRlIjo2MDAwMDAwMDAwMDAsImRlbGV0ZSI6NjAwMDAwMDAwMDAwfX0=",
          "dependencies": [
            "module.vms.data.openstack_networking_network_v2.external"
          ]
        },
        {
          "index_key": "web5-2",
          "schema_version": 0,
          "attributes": {
            "address": "172.20.1.165",
            "all_tags": [],
            "description": "",
            "dns_domain": "",
            "dns_name": "",
            "fixed_ip": "",
            "id": "60706011-1fd2-4da0-b580-b189a9be6271",
            "pool": "public1",
            "port_id": "",
            "region": "RegionOne",
            "subnet_id": null,
            "subnet_ids": null,
            "tags": null,
            "tenant_id": "fc70748921aa4265ad13c5d6f42d2574",
            "timeouts": null,
            "value_specs": null
          },
          "sensitive_attributes": [],
          "identity_schema_version": 0,
          "private": "eyJlMmJmYjczMC1lY2FhLTExZTYtOGY4OC0zNDM2M2JjN2M0YzAiOnsiY3JlYXRlIjo2MDAwMDAwMDAwMDAsImRlbGV0ZSI6NjAwMDAwMDAwMDAwfX0=",
          "dependencies": [
            "module.vms.data.openstack_networking_network_v2.external"
          ]
        },
        {
          "index_key": "web6",
          "schema_version": 0,
          "attributes": {
            "address": "172.20.1.83",
            "all_tags": [],
            "description": "",
            "dns_domain": "",
            "dns_name": "",
            "fixed_ip": "10.0.0.172",
            "id": "2d194ede-224c-4fd0-b634-5629e8a9bd19",
            "pool": "public1",
            "port_id": "23f5f8f5-8ac5-44fb-b9d2-af8582a68c2f",
            "region": "RegionOne",
            "subnet_id": null,
            "subnet_ids": null,
            "tags": [],
            "tenant_id": "fc70748921aa4265ad13c5d6f42d2574",
            "timeouts": null,
            "value_specs": null
          },
          "sensitive_attributes": [],
          "identity_schema_version": 0,
          "private": "eyJlMmJmYjczMC1lY2FhLTExZTYtOGY4OC0zNDM2M2JjN2M0YzAiOnsiY3JlYXRlIjo2MDAwMDAwMDAwMDAsImRlbGV0ZSI6NjAwMDAwMDAwMDAwfX0=",
          "dependencies": [
            "module.vms.data.openstack_networking_network_v2.external"
          ]
        },
        {
          "index_key": "web7",
          "schema_version": 0,
          "attributes": {
            "address": "172.20.1.79",
            "all_tags": [],
            "description": "",
            "dns_domain": "",
            "dns_name": "",
            "fixed_ip": "10.0.0.221",
            "id": "7f32c288-ebda-4678-baf5-a766acbcd811",
            "pool": "public1",
            "port_id": "a0d8bf7c-4e0a-4138-ad72-794469a687c4",
            "region": "RegionOne",
            "subnet_id": null,
            "subnet_ids": null,
            "tags": [],
            "tenant_id": "fc70748921aa4265ad13c5d6f42d2574",
            "timeouts": null,
            "value_specs": null
          },
          "sensitive_attributes": [],
          "identity_schema_version": 0,
          "private": "eyJlMmJmYjczMC1lY2FhLTExZTYtOGY4OC0zNDM2M2JjN2M0YzAiOnsiY3JlYXRlIjo2MDAwMDAwMDAwMDAsImRlbGV0ZSI6NjAwMDAwMDAwMDAwfX0=",
          "dependencies": [
            "module.vms.data.openstack_networking_network_v2.external"
          ]
        },
        {
          "index_key": "web8",
          "schema_version": 0,
          "attributes": {
            "address": "172.20.1.20",
            "all_tags": [],
            "description": "",
            "dns_domain": "",
            "dns_name": "",
            "fixed_ip": "10.0.0.75",
            "id": "f5f2c55f-6f37-4c78-899c-770179cf1b7a",
            "pool": "public1",
            "port_id": "7159937b-d0c9-4b8e-9edc-936fcf0d0c23",
            "region": "RegionOne",
            "subnet_id": null,
            "subnet_ids": null,
            "tags": [],
            "tenant_id": "fc70748921aa4265ad13c5d6f42d2574",
            "timeouts": null,
            "value_specs": null
          },
          "sensitive_attributes": [],
          "identity_schema_version": 0,
          "private": "eyJlMmJmYjczMC1lY2FhLTExZTYtOGY4OC0zNDM2M2JjN2M0YzAiOnsiY3JlYXRlIjo2MDAwMDAwMDAwMDAsImRlbGV0ZSI6NjAwMDAwMDAwMDAwfX0=",
          "dependencies": [
            "module.vms.data.openstack_networking_network_v2.external"
          ]
        },
        {
          "index_key": "web9",
          "schema_version": 0,
          "attributes": {
            "address": "172.20.1.111",
            "all_tags": [],
            "description": "",
            "dns_domain": "",
            "dns_name": "",
            "fixed_ip": "10.0.0.204",
            "id": "5c57a130-b447-4dff-bdec-7e046f8c53a0",
            "pool": "public1",
            "port_id": "b617f80a-b7c2-4c36-a305-7d9fb091722b",
            "region": "RegionOne",
            "subnet_id": null,
            "subnet_ids": null,
            "tags": [],
            "tenant_id": "fc70748921aa4265ad13c5d6f42d2574",
            "timeouts": null,
            "value_specs": null
          },
          "sensitive_attributes": [],
          "identity_schema_version": 0,
          "private": "eyJlMmJmYjczMC1lY2FhLTExZTYtOGY4OC0zNDM2M2JjN2M0YzAiOnsiY3JlYXRlIjo2MDAwMDAwMDAwMDAsImRlbGV0ZSI6NjAwMDAwMDAwMDAwfX0=",
          "dependencies": [
            "module.vms.data.openstack_networking_network_v2.external"
          ]
        }
      ]
    }
  ],
  "check_results": [
    {
      "object_kind": "var",
      "config_addr": "module.vms.var.vms",
      "status": "pass",
      "objects": [
        {
          "object_addr": "module.vms.var.vms",
          "status": "pass"
        }
      ]
    }
  ]
}
