{
  "version": 4,
  "terraform_version": "1.13.3",
  "serial": 332,
  "lineage": "174c547d-7246-cf6d-a7ec-cd75b391f2cb",
  "outputs": {
    "awx_inventory_file": {
      "value": "./../terraform_outputs/awx_inventory.ini",
      "type": "string"
    },
    "dev_vm_details": {
      "value": {
        "web1": {
          "fip": "165.99.104.157",
          "flavor": "m1.medium",
          "id": "acfe6c99-f722-4f75-857a-88547638df40",
          "name": "open-vpn",
          "power_state": "active",
          "private_ip": "192.168.200.33",
          "volume_id": "7f4c89aa-d81f-4b43-b56f-cef98aa4d6e5"
        },
        "web2": {
          "fip": null,
          "flavor": "m1.large",
          "id": "0cf3ac94-14b1-45d9-ad8f-ab3db48b0735",
          "name": "wazuh-master-1",
          "power_state": "active",
          "private_ip": "192.168.200.146",
          "volume_id": "fb2701a6-1fe6-4190-8780-013579c7b4d3"
        },
        "web3": {
          "fip": null,
          "flavor": "m1.large",
          "id": "953b5144-5de0-4282-8d00-7e47a3c99a0c",
          "name": "wazuh-worker-1",
          "power_state": "active",
          "private_ip": "192.168.200.106",
          "volume_id": "02c58b05-5168-4f7b-b727-52d5d123a02d"
        },
        "web4": {
          "fip": null,
          "flavor": "m1.large",
          "id": "0cad52a0-3651-46cf-9972-9f8a57005646",
          "name": "wazuh-worker-2",
          "power_state": "active",
          "private_ip": "192.168.200.9",
          "volume_id": "cdf5b497-0a70-4918-90a6-f1af8466aefa"
        },
        "web5": {
          "fip": null,
          "flavor": "m1.large",
          "id": "d0b7e8b9-c987-4f0d-8bd5-49188725a991",
          "name": "wazuh-worker-3",
          "power_state": "active",
          "private_ip": "192.168.200.61",
          "volume_id": "ae51d2a1-7a82-417f-90b9-c98cfdd5f91e"
        },
        "web7": {
          "fip": null,
          "flavor": "m1.large",
          "id": "b880da2d-a810-40ee-9d1f-db5367750226",
          "name": "docker-center",
          "power_state": "active",
          "private_ip": "192.168.200.6",
          "volume_id": "c7c85660-6c7f-4aea-9d64-7adf82628fcd"
        }
      },
      "type": [
        "object",
        {
          "web1": [
            "object",
            {
              "fip": "string",
              "flavor": "string",
              "id": "string",
              "name": "string",
              "power_state": "string",
              "private_ip": "string",
              "volume_id": "string"
            }
          ],
          "web2": [
            "object",
            {
              "fip": "dynamic",
              "flavor": "string",
              "id": "string",
              "name": "string",
              "power_state": "string",
              "private_ip": "string",
              "volume_id": "string"
            }
          ],
          "web3": [
            "object",
            {
              "fip": "dynamic",
              "flavor": "string",
              "id": "string",
              "name": "string",
              "power_state": "string",
              "private_ip": "string",
              "volume_id": "string"
            }
          ],
          "web4": [
            "object",
            {
              "fip": "dynamic",
              "flavor": "string",
              "id": "string",
              "name": "string",
              "power_state": "string",
              "private_ip": "string",
              "volume_id": "string"
            }
          ],
          "web5": [
            "object",
            {
              "fip": "dynamic",
              "flavor": "string",
              "id": "string",
              "name": "string",
              "power_state": "string",
              "private_ip": "string",
              "volume_id": "string"
            }
          ],
          "web7": [
            "object",
            {
              "fip": "dynamic",
              "flavor": "string",
              "id": "string",
              "name": "string",
              "power_state": "string",
              "private_ip": "string",
              "volume_id": "string"
            }
          ]
        }
      ]
    },
    "dev_vm_fips": {
      "value": {
        "web1": "165.99.104.157"
      },
      "type": [
        "object",
        {
          "web1": "string"
        }
      ]
    },
    "dev_volumes": {
      "value": {
        "web1": {
          "id": "7f4c89aa-d81f-4b43-b56f-cef98aa4d6e5",
          "name": "open-vpn-volume",
          "size": 10
        },
        "web2": {
          "id": "fb2701a6-1fe6-4190-8780-013579c7b4d3",
          "name": "wazuh-master-1-volume",
          "size": 50
        },
        "web3": {
          "id": "02c58b05-5168-4f7b-b727-52d5d123a02d",
          "name": "wazuh-worker-1-volume",
          "size": 50
        },
        "web4": {
          "id": "cdf5b497-0a70-4918-90a6-f1af8466aefa",
          "name": "wazuh-worker-2-volume",
          "size": 50
        },
        "web5": {
          "id": "ae51d2a1-7a82-417f-90b9-c98cfdd5f91e",
          "name": "wazuh-worker-3-volume",
          "size": 50
        },
        "web6": {
          "id": "65234105-0bd3-46e2-914f-cbfd9bc6c0cb",
          "name": "wazuh-worker-4-volume",
          "size": 50
        },
        "web7": {
          "id": "c7c85660-6c7f-4aea-9d64-7adf82628fcd",
          "name": "docker-center-volume",
          "size": 10
        }
      },
      "type": [
        "object",
        {
          "web1": [
            "object",
            {
              "id": "string",
              "name": "string",
              "size": "number"
            }
          ],
          "web2": [
            "object",
            {
              "id": "string",
              "name": "string",
              "size": "number"
            }
          ],
          "web3": [
            "object",
            {
              "id": "string",
              "name": "string",
              "size": "number"
            }
          ],
          "web4": [
            "object",
            {
              "id": "string",
              "name": "string",
              "size": "number"
            }
          ],
          "web5": [
            "object",
            {
              "id": "string",
              "name": "string",
              "size": "number"
            }
          ],
          "web6": [
            "object",
            {
              "id": "string",
              "name": "string",
              "size": "number"
            }
          ],
          "web7": [
            "object",
            {
              "id": "string",
              "name": "string",
              "size": "number"
            }
          ]
        }
      ]
    },
    "terraform_outputs_file": {
      "value": "./../terraform_outputs/terraform_output.json",
      "type": "string"
    }
  },
  "resources": [
    {
      "mode": "managed",
      "type": "null_resource",
      "name": "save_outputs",
      "provider": "provider[\"registry.terraform.io/hashicorp/null\"]",
      "instances": [
        {
          "schema_version": 0,
          "attributes": {
            "id": "1766835442027959187",
            "triggers": {
              "always_run": "2025-11-26T10:33:09Z",
              "vm_fips": "{\"web1\":\"165.99.104.157\"}"
            }
          },
          "sensitive_attributes": [],
          "identity_schema_version": 0,
          "dependencies": [
            "module.vms.data.openstack_networking_network_v2.existing",
            "module.vms.data.openstack_networking_network_v2.external",
            "module.vms.openstack_blockstorage_volume_v3.volumes",
            "module.vms.openstack_compute_floatingip_associate_v2.fip_assoc",
            "module.vms.openstack_compute_instance_v2.vms",
            "module.vms.openstack_compute_volume_attach_v2.attach",
            "module.vms.openstack_networking_floatingip_v2.fips"
          ]
        }
      ]
    },
    {
      "module": "module.vms",
      "mode": "data",
      "type": "openstack_networking_network_v2",
      "name": "existing",
      "provider": "provider[\"registry.terraform.io/terraform-provider-openstack/openstack\"]",
      "instances": [
        {
          "schema_version": 0,
          "attributes": {
            "admin_state_up": "true",
            "all_tags": [],
            "availability_zone_hints": [],
            "description": "",
            "dns_domain": "",
            "external": false,
            "id": "51936216-58e0-44ae-be14-4144c90142ee",
            "matching_subnet_cidr": null,
            "mtu": 1450,
            "name": "terraform",
            "network_id": null,
            "region": "RegionOne",
            "segments": [],
            "shared": "false",
            "status": null,
            "subnets": [
              "32a46693-6c3a-47c2-ab5b-b5a04780c123"
            ],
            "tags": null,
            "tenant_id": "23018b28bc9548b6ab6e1f07cfb4ed5a",
            "transparent_vlan": false
          },
          "sensitive_attributes": [],
          "identity_schema_version": 0
        }
      ]
    },
    {
      "module": "module.vms",
      "mode": "data",
      "type": "openstack_networking_network_v2",
      "name": "external",
      "provider": "provider[\"registry.terraform.io/terraform-provider-openstack/openstack\"]",
      "instances": [
        {
          "schema_version": 0,
          "attributes": {
            "admin_state_up": "true",
            "all_tags": [],
            "availability_zone_hints": [],
            "description": "",
            "dns_domain": "",
            "external": true,
            "id": "3bf0055d-089d-402b-88ae-c2946d8ae19c",
            "matching_subnet_cidr": null,
            "mtu": 1500,
            "name": "public1",
            "network_id": null,
            "region": "RegionOne",
            "segments": [],
            "shared": "true",
            "status": null,
            "subnets": [
              "7a9ed470-7705-4744-b5b5-cce560327628"
            ],
            "tags": null,
            "tenant_id": "0955885e6248429882dab92b746a9fb8",
            "transparent_vlan": false
          },
          "sensitive_attributes": [],
          "identity_schema_version": 0
        }
      ]
    },
    {
      "module": "module.vms",
      "mode": "managed",
      "type": "openstack_blockstorage_volume_v3",
      "name": "volumes",
      "provider": "provider[\"registry.terraform.io/terraform-provider-openstack/openstack\"]",
      "instances": [
        {
          "index_key": "web1",
          "schema_version": 0,
          "attributes": {
            "attachment": [
              {
                "device": "/dev/vdb",
                "id": "7f4c89aa-d81f-4b43-b56f-cef98aa4d6e5",
                "instance_id": "acfe6c99-f722-4f75-857a-88547638df40"
              }
            ],
            "availability_zone": "nova",
            "consistency_group_id": null,
            "description": "Attached volume for open-vpn",
            "enable_online_resize": null,
            "id": "7f4c89aa-d81f-4b43-b56f-cef98aa4d6e5",
            "image_id": null,
            "metadata": {},
            "multiattach": null,
            "name": "open-vpn-volume",
            "region": "RegionOne",
            "scheduler_hints": [],
            "size": 10,
            "snapshot_id": "",
            "source_replica": null,
            "source_vol_id": "",
            "timeouts": null,
            "volume_type": "__DEFAULT__"
          },
          "sensitive_attributes": [],
          "identity_schema_version": 0,
          "private": "eyJlMmJmYjczMC1lY2FhLTExZTYtOGY4OC0zNDM2M2JjN2M0YzAiOnsiY3JlYXRlIjo2MDAwMDAwMDAwMDAsImRlbGV0ZSI6NjAwMDAwMDAwMDAwfX0="
        },
        {
          "index_key": "web2",
          "schema_version": 0,
          "attributes": {
            "attachment": [],
            "availability_zone": "nova",
            "consistency_group_id": null,
            "description": "Attached volume for wazuh-master-1",
            "enable_online_resize": null,
            "id": "fb2701a6-1fe6-4190-8780-013579c7b4d3",
            "image_id": null,
            "metadata": {},
            "multiattach": null,
            "name": "wazuh-master-1-volume",
            "region": "RegionOne",
            "scheduler_hints": [],
            "size": 50,
            "snapshot_id": "",
            "source_replica": null,
            "source_vol_id": "",
            "timeouts": null,
            "volume_type": "__DEFAULT__"
          },
          "sensitive_attributes": [],
          "identity_schema_version": 0,
          "private": "eyJlMmJmYjczMC1lY2FhLTExZTYtOGY4OC0zNDM2M2JjN2M0YzAiOnsiY3JlYXRlIjo2MDAwMDAwMDAwMDAsImRlbGV0ZSI6NjAwMDAwMDAwMDAwfX0="
        },
        {
          "index_key": "web3",
          "schema_version": 0,
          "attributes": {
            "attachment": [],
            "availability_zone": "nova",
            "consistency_group_id": null,
            "description": "Attached volume for wazuh-worker-1",
            "enable_online_resize": null,
            "id": "02c58b05-5168-4f7b-b727-52d5d123a02d",
            "image_id": null,
            "metadata": {},
            "multiattach": null,
            "name": "wazuh-worker-1-volume",
            "region": "RegionOne",
            "scheduler_hints": [],
            "size": 50,
            "snapshot_id": "",
            "source_replica": null,
            "source_vol_id": "",
            "timeouts": null,
            "volume_type": "__DEFAULT__"
          },
          "sensitive_attributes": [],
          "identity_schema_version": 0,
          "private": "eyJlMmJmYjczMC1lY2FhLTExZTYtOGY4OC0zNDM2M2JjN2M0YzAiOnsiY3JlYXRlIjo2MDAwMDAwMDAwMDAsImRlbGV0ZSI6NjAwMDAwMDAwMDAwfX0="
        },
        {
          "index_key": "web4",
          "schema_version": 0,
          "attributes": {
            "attachment": [],
            "availability_zone": "nova",
            "consistency_group_id": null,
            "description": "Attached volume for wazuh-worker-2",
            "enable_online_resize": null,
            "id": "cdf5b497-0a70-4918-90a6-f1af8466aefa",
            "image_id": null,
            "metadata": {},
            "multiattach": null,
            "name": "wazuh-worker-2-volume",
            "region": "RegionOne",
            "scheduler_hints": [],
            "size": 50,
            "snapshot_id": "",
            "source_replica": null,
            "source_vol_id": "",
            "timeouts": null,
            "volume_type": "__DEFAULT__"
          },
          "sensitive_attributes": [],
          "identity_schema_version": 0,
          "private": "eyJlMmJmYjczMC1lY2FhLTExZTYtOGY4OC0zNDM2M2JjN2M0YzAiOnsiY3JlYXRlIjo2MDAwMDAwMDAwMDAsImRlbGV0ZSI6NjAwMDAwMDAwMDAwfX0="
        },
        {
          "index_key": "web5",
          "schema_version": 0,
          "attributes": {
            "attachment": [],
            "availability_zone": "nova",
            "consistency_group_id": null,
            "description": "Attached volume for wazuh-worker-3",
            "enable_online_resize": null,
            "id": "ae51d2a1-7a82-417f-90b9-c98cfdd5f91e",
            "image_id": null,
            "metadata": {},
            "multiattach": null,
            "name": "wazuh-worker-3-volume",
            "region": "RegionOne",
            "scheduler_hints": [],
            "size": 50,
            "snapshot_id": "",
            "source_replica": null,
            "source_vol_id": "",
            "timeouts": null,
            "volume_type": "__DEFAULT__"
          },
          "sensitive_attributes": [],
          "identity_schema_version": 0,
          "private": "eyJlMmJmYjczMC1lY2FhLTExZTYtOGY4OC0zNDM2M2JjN2M0YzAiOnsiY3JlYXRlIjo2MDAwMDAwMDAwMDAsImRlbGV0ZSI6NjAwMDAwMDAwMDAwfX0="
        },
        {
          "index_key": "web6",
          "schema_version": 0,
          "attributes": {
            "attachment": [],
            "availability_zone": "nova",
            "consistency_group_id": null,
            "description": "Attached volume for wazuh-worker-4",
            "enable_online_resize": null,
            "id": "65234105-0bd3-46e2-914f-cbfd9bc6c0cb",
            "image_id": null,
            "metadata": {},
            "multiattach": null,
            "name": "wazuh-worker-4-volume",
            "region": "RegionOne",
            "scheduler_hints": [],
            "size": 50,
            "snapshot_id": "",
            "source_replica": null,
            "source_vol_id": "",
            "timeouts": null,
            "volume_type": "__DEFAULT__"
          },
          "sensitive_attributes": [],
          "identity_schema_version": 0,
          "private": "eyJlMmJmYjczMC1lY2FhLTExZTYtOGY4OC0zNDM2M2JjN2M0YzAiOnsiY3JlYXRlIjo2MDAwMDAwMDAwMDAsImRlbGV0ZSI6NjAwMDAwMDAwMDAwfX0="
        },
        {
          "index_key": "web7",
          "schema_version": 0,
          "attributes": {
            "attachment": [],
            "availability_zone": "nova",
            "consistency_group_id": null,
            "description": "Attached volume for docker-center",
            "enable_online_resize": null,
            "id": "c7c85660-6c7f-4aea-9d64-7adf82628fcd",
            "image_id": null,
            "metadata": {},
            "multiattach": null,
            "name": "docker-center-volume",
            "region": "RegionOne",
            "scheduler_hints": [],
            "size": 10,
            "snapshot_id": "",
            "source_replica": null,
            "source_vol_id": "",
            "timeouts": null,
            "volume_type": "__DEFAULT__"
          },
          "sensitive_attributes": [],
          "identity_schema_version": 0,
          "private": "eyJlMmJmYjczMC1lY2FhLTExZTYtOGY4OC0zNDM2M2JjN2M0YzAiOnsiY3JlYXRlIjo2MDAwMDAwMDAwMDAsImRlbGV0ZSI6NjAwMDAwMDAwMDAwfX0="
        }
      ]
    },
    {
      "module": "module.vms",
      "mode": "managed",
      "type": "openstack_compute_floatingip_associate_v2",
      "name": "fip_assoc",
      "provider": "provider[\"registry.terraform.io/terraform-provider-openstack/openstack\"]",
      "instances": [
        {
          "index_key": "web1",
          "schema_version": 0,
          "attributes": {
            "fixed_ip": "",
            "floating_ip": "165.99.104.157",
            "id": "165.99.104.157/acfe6c99-f722-4f75-857a-88547638df40/",
            "instance_id": "acfe6c99-f722-4f75-857a-88547638df40",
            "region": "RegionOne",
            "timeouts": null,
            "wait_until_associated": null
          },
          "sensitive_attributes": [],
          "identity_schema_version": 0,
          "private": "eyJlMmJmYjczMC1lY2FhLTExZTYtOGY4OC0zNDM2M2JjN2M0YzAiOnsiY3JlYXRlIjo2MDAwMDAwMDAwMDB9fQ==",
          "dependencies": [
            "module.vms.data.openstack_networking_network_v2.existing",
            "module.vms.data.openstack_networking_network_v2.external",
            "module.vms.openstack_blockstorage_volume_v3.volumes",
            "module.vms.openstack_compute_instance_v2.vms",
            "module.vms.openstack_compute_volume_attach_v2.attach",
            "module.vms.openstack_networking_floatingip_v2.fips"
          ]
        }
      ]
    },
    {
      "module": "module.vms",
      "mode": "managed",
      "type": "openstack_compute_instance_v2",
      "name": "vms",
      "provider": "provider[\"registry.terraform.io/terraform-provider-openstack/openstack\"]",
      "instances": [
        {
          "index_key": "web1",
          "schema_version": 0,
          "attributes": {
            "access_ip_v4": "192.168.200.33",
            "access_ip_v6": "",
            "admin_pass": null,
            "all_metadata": {
              "environment": "dev"
            },
            "all_tags": [],
            "availability_zone": "nova",
            "availability_zone_hints": null,
            "block_device": [],
            "config_drive": null,
            "created": "2025-11-26 04:49:54 +0000 UTC",
            "flavor_id": "3",
            "flavor_name": "m1.medium",
            "floating_ip": null,
            "force_delete": false,
            "id": "acfe6c99-f722-4f75-857a-88547638df40",
            "image_id": "a86b8e04-d33c-4b30-8a5d-03fa4bfe87f4",
            "image_name": "Ubuntu-24.04LTS-Server",
            "key_pair": "terraform",
            "metadata": {
              "environment": "dev"
            },
            "name": "open-vpn",
            "network": [
              {
                "access_network": false,
                "fixed_ip_v4": "192.168.200.33",
                "fixed_ip_v6": "",
                "floating_ip": "",
                "mac": "fa:16:3e:5e:5b:b1",
                "name": "terraform",
                "port": "",
                "uuid": "51936216-58e0-44ae-be14-4144c90142ee"
              }
            ],
            "network_mode": null,
            "personality": [],
            "power_state": "active",
            "region": "RegionOne",
            "scheduler_hints": [],
            "security_groups": [
              "default",
              "open-vpn"
            ],
            "stop_before_destroy": false,
            "tags": [],
            "timeouts": null,
            "updated": "2025-11-26 09:53:34 +0000 UTC",
            "user_data": "c988166c5b09efe7029ba381a449b3a0f50b7495",
            "vendor_options": [],
            "volume": []
          },
          "sensitive_attributes": [
            [
              {
                "type": "get_attr",
                "value": "admin_pass"
              }
            ]
          ],
          "identity_schema_version": 0,
          "private": "eyJlMmJmYjczMC1lY2FhLTExZTYtOGY4OC0zNDM2M2JjN2M0YzAiOnsiY3JlYXRlIjoxODAwMDAwMDAwMDAwLCJkZWxldGUiOjE4MDAwMDAwMDAwMDAsInVwZGF0ZSI6MTgwMDAwMDAwMDAwMH19",
          "dependencies": [
            "module.vms.data.openstack_networking_network_v2.existing"
          ]
        },
        {
          "index_key": "web2",
          "schema_version": 0,
          "attributes": {
            "access_ip_v4": "192.168.200.146",
            "access_ip_v6": "",
            "admin_pass": null,
            "all_metadata": {
              "environment": "dev"
            },
            "all_tags": [],
            "availability_zone": "nova",
            "availability_zone_hints": null,
            "block_device": [],
            "config_drive": null,
            "created": "2025-11-26 10:07:53 +0000 UTC",
            "flavor_id": "4",
            "flavor_name": "m1.large",
            "floating_ip": null,
            "force_delete": false,
            "id": "0cf3ac94-14b1-45d9-ad8f-ab3db48b0735",
            "image_id": "a86b8e04-d33c-4b30-8a5d-03fa4bfe87f4",
            "image_name": "Ubuntu-24.04LTS-Server",
            "key_pair": "terraform",
            "metadata": {
              "environment": "dev"
            },
            "name": "wazuh-master-1",
            "network": [
              {
                "access_network": false,
                "fixed_ip_v4": "192.168.200.146",
                "fixed_ip_v6": "",
                "floating_ip": "",
                "mac": "fa:16:3e:b3:07:59",
                "name": "terraform",
                "port": "",
                "uuid": "51936216-58e0-44ae-be14-4144c90142ee"
              }
            ],
            "network_mode": null,
            "personality": [],
            "power_state": "active",
            "region": "RegionOne",
            "scheduler_hints": [],
            "security_groups": [
              "default"
            ],
            "stop_before_destroy": false,
            "tags": [],
            "timeouts": null,
            "updated": "2025-11-26 10:08:06 +0000 UTC",
            "user_data": "c988166c5b09efe7029ba381a449b3a0f50b7495",
            "vendor_options": [],
            "volume": []
          },
          "sensitive_attributes": [
            [
              {
                "type": "get_attr",
                "value": "admin_pass"
              }
            ]
          ],
          "identity_schema_version": 0,
          "private": "eyJlMmJmYjczMC1lY2FhLTExZTYtOGY4OC0zNDM2M2JjN2M0YzAiOnsiY3JlYXRlIjoxODAwMDAwMDAwMDAwLCJkZWxldGUiOjE4MDAwMDAwMDAwMDAsInVwZGF0ZSI6MTgwMDAwMDAwMDAwMH19",
          "dependencies": [
            "module.vms.data.openstack_networking_network_v2.existing"
          ]
        },
        {
          "index_key": "web3",
          "schema_version": 0,
          "attributes": {
            "access_ip_v4": "192.168.200.106",
            "access_ip_v6": "",
            "admin_pass": null,
            "all_metadata": {
              "environment": "dev"
            },
            "all_tags": [],
            "availability_zone": "nova",
            "availability_zone_hints": null,
            "block_device": [],
            "config_drive": null,
            "created": "2025-11-26 10:32:38 +0000 UTC",
            "flavor_id": "4",
            "flavor_name": "m1.large",
            "floating_ip": null,
            "force_delete": false,
            "id": "953b5144-5de0-4282-8d00-7e47a3c99a0c",
            "image_id": "a86b8e04-d33c-4b30-8a5d-03fa4bfe87f4",
            "image_name": "Ubuntu-24.04LTS-Server",
            "key_pair": "terraform",
            "metadata": {
              "environment": "dev"
            },
            "name": "wazuh-worker-1",
            "network": [
              {
                "access_network": false,
                "fixed_ip_v4": "192.168.200.106",
                "fixed_ip_v6": "",
                "floating_ip": "",
                "mac": "fa:16:3e:cb:00:24",
                "name": "terraform",
                "port": "",
                "uuid": "51936216-58e0-44ae-be14-4144c90142ee"
              }
            ],
            "network_mode": null,
            "personality": [],
            "power_state": "active",
            "region": "RegionOne",
            "scheduler_hints": [],
            "security_groups": [
              "default"
            ],
            "stop_before_destroy": false,
            "tags": null,
            "timeouts": null,
            "updated": "2025-11-26 10:32:52 +0000 UTC",
            "user_data": "c988166c5b09efe7029ba381a449b3a0f50b7495",
            "vendor_options": [],
            "volume": []
          },
          "sensitive_attributes": [
            [
              {
                "type": "get_attr",
                "value": "admin_pass"
              }
            ]
          ],
          "identity_schema_version": 0,
          "private": "eyJlMmJmYjczMC1lY2FhLTExZTYtOGY4OC0zNDM2M2JjN2M0YzAiOnsiY3JlYXRlIjoxODAwMDAwMDAwMDAwLCJkZWxldGUiOjE4MDAwMDAwMDAwMDAsInVwZGF0ZSI6MTgwMDAwMDAwMDAwMH19",
          "dependencies": [
            "module.vms.data.openstack_networking_network_v2.existing"
          ]
        },
        {
          "index_key": "web4",
          "schema_version": 0,
          "attributes": {
            "access_ip_v4": "192.168.200.9",
            "access_ip_v6": "",
            "admin_pass": null,
            "all_metadata": {
              "environment": "dev"
            },
            "all_tags": [],
            "availability_zone": "nova",
            "availability_zone_hints": null,
            "block_device": [],
            "config_drive": null,
            "created": "2025-11-26 10:32:38 +0000 UTC",
            "flavor_id": "4",
            "flavor_name": "m1.large",
            "floating_ip": null,
            "force_delete": false,
            "id": "0cad52a0-3651-46cf-9972-9f8a57005646",
            "image_id": "a86b8e04-d33c-4b30-8a5d-03fa4bfe87f4",
            "image_name": "Ubuntu-24.04LTS-Server",
            "key_pair": "terraform",
            "metadata": {
              "environment": "dev"
            },
            "name": "wazuh-worker-2",
            "network": [
              {
                "access_network": false,
                "fixed_ip_v4": "192.168.200.9",
                "fixed_ip_v6": "",
                "floating_ip": "",
                "mac": "fa:16:3e:37:ea:51",
                "name": "terraform",
                "port": "",
                "uuid": "51936216-58e0-44ae-be14-4144c90142ee"
              }
            ],
            "network_mode": null,
            "personality": [],
            "power_state": "active",
            "region": "RegionOne",
            "scheduler_hints": [],
            "security_groups": [
              "default"
            ],
            "stop_before_destroy": false,
            "tags": null,
            "timeouts": null,
            "updated": "2025-11-26 10:32:54 +0000 UTC",
            "user_data": "c988166c5b09efe7029ba381a449b3a0f50b7495",
            "vendor_options": [],
            "volume": []
          },
          "sensitive_attributes": [
            [
              {
                "type": "get_attr",
                "value": "admin_pass"
              }
            ]
          ],
          "identity_schema_version": 0,
          "private": "eyJlMmJmYjczMC1lY2FhLTExZTYtOGY4OC0zNDM2M2JjN2M0YzAiOnsiY3JlYXRlIjoxODAwMDAwMDAwMDAwLCJkZWxldGUiOjE4MDAwMDAwMDAwMDAsInVwZGF0ZSI6MTgwMDAwMDAwMDAwMH19",
          "dependencies": [
            "module.vms.data.openstack_networking_network_v2.existing"
          ]
        },
        {
          "index_key": "web5",
          "schema_version": 0,
          "attributes": {
            "access_ip_v4": "192.168.200.61",
            "access_ip_v6": "",
            "admin_pass": null,
            "all_metadata": {
              "environment": "dev"
            },
            "all_tags": [],
            "availability_zone": "nova",
            "availability_zone_hints": null,
            "block_device": [],
            "config_drive": null,
            "created": "2025-11-26 10:07:33 +0000 UTC",
            "flavor_id": "4",
            "flavor_name": "m1.large",
            "floating_ip": null,
            "force_delete": false,
            "id": "d0b7e8b9-c987-4f0d-8bd5-49188725a991",
            "image_id": "a86b8e04-d33c-4b30-8a5d-03fa4bfe87f4",
            "image_name": "Ubuntu-24.04LTS-Server",
            "key_pair": "terraform",
            "metadata": {
              "environment": "dev"
            },
            "name": "wazuh-worker-3",
            "network": [
              {
                "access_network": false,
                "fixed_ip_v4": "192.168.200.61",
                "fixed_ip_v6": "",
                "floating_ip": "",
                "mac": "fa:16:3e:12:20:ba",
                "name": "terraform",
                "port": "",
                "uuid": "51936216-58e0-44ae-be14-4144c90142ee"
              }
            ],
            "network_mode": null,
            "personality": [],
            "power_state": "active",
            "region": "RegionOne",
            "scheduler_hints": [],
            "security_groups": [
              "default"
            ],
            "stop_before_destroy": false,
            "tags": [],
            "timeouts": null,
            "updated": "2025-11-26 10:07:53 +0000 UTC",
            "user_data": "c988166c5b09efe7029ba381a449b3a0f50b7495",
            "vendor_options": [],
            "volume": []
          },
          "sensitive_attributes": [
            [
              {
                "type": "get_attr",
                "value": "admin_pass"
              }
            ]
          ],
          "identity_schema_version": 0,
          "private": "eyJlMmJmYjczMC1lY2FhLTExZTYtOGY4OC0zNDM2M2JjN2M0YzAiOnsiY3JlYXRlIjoxODAwMDAwMDAwMDAwLCJkZWxldGUiOjE4MDAwMDAwMDAwMDAsInVwZGF0ZSI6MTgwMDAwMDAwMDAwMH19",
          "dependencies": [
            "module.vms.data.openstack_networking_network_v2.existing"
          ]
        },
        {
          "index_key": "web6",
          "schema_version": 0,
          "attributes": {
            "access_ip_v4": "192.168.200.244",
            "access_ip_v6": "",
            "admin_pass": null,
            "all_metadata": {
              "environment": "dev"
            },
            "all_tags": [],
            "availability_zone": "nova",
            "availability_zone_hints": null,
            "block_device": [],
            "config_drive": null,
            "created": "2025-11-27 06:00:07 +0000 UTC",
            "flavor_id": "4",
            "flavor_name": "m1.large",
            "floating_ip": null,
            "force_delete": false,
            "id": "ab861fca-2044-4bde-8dd7-76314e8a4d8e",
            "image_id": "a86b8e04-d33c-4b30-8a5d-03fa4bfe87f4",
            "image_name": "Ubuntu-24.04LTS-Server",
            "key_pair": "terraform",
            "metadata": {
              "environment": "dev"
            },
            "name": "wazuh-worker-4",
            "network": [
              {
                "access_network": false,
                "fixed_ip_v4": "192.168.200.244",
                "fixed_ip_v6": "",
                "floating_ip": "",
                "mac": "fa:16:3e:ec:50:46",
                "name": "terraform",
                "port": "",
                "uuid": "51936216-58e0-44ae-be14-4144c90142ee"
              }
            ],
            "network_mode": null,
            "personality": [],
            "power_state": "active",
            "region": "RegionOne",
            "scheduler_hints": [],
            "security_groups": [
              "default"
            ],
            "stop_before_destroy": false,
            "tags": null,
            "timeouts": null,
            "updated": "2025-11-27 06:00:23 +0000 UTC",
            "user_data": "c988166c5b09efe7029ba381a449b3a0f50b7495",
            "vendor_options": [],
            "volume": []
          },
          "sensitive_attributes": [
            [
              {
                "type": "get_attr",
                "value": "admin_pass"
              }
            ]
          ],
          "identity_schema_version": 0,
          "private": "eyJlMmJmYjczMC1lY2FhLTExZTYtOGY4OC0zNDM2M2JjN2M0YzAiOnsiY3JlYXRlIjoxODAwMDAwMDAwMDAwLCJkZWxldGUiOjE4MDAwMDAwMDAwMDAsInVwZGF0ZSI6MTgwMDAwMDAwMDAwMH19",
          "dependencies": [
            "module.vms.data.openstack_networking_network_v2.existing"
          ]
        },
        {
          "index_key": "web7",
          "schema_version": 0,
          "attributes": {
            "access_ip_v4": "192.168.200.6",
            "access_ip_v6": "",
            "admin_pass": null,
            "all_metadata": {
              "environment": "dev"
            },
            "all_tags": [],
            "availability_zone": "nova",
            "availability_zone_hints": null,
            "block_device": [],
            "config_drive": null,
            "created": "2025-11-26 10:07:33 +0000 UTC",
            "flavor_id": "4",
            "flavor_name": "m1.large",
            "floating_ip": null,
            "force_delete": false,
            "id": "b880da2d-a810-40ee-9d1f-db5367750226",
            "image_id": "a86b8e04-d33c-4b30-8a5d-03fa4bfe87f4",
            "image_name": "Ubuntu-24.04LTS-Server",
            "key_pair": "terraform",
            "metadata": {
              "environment": "dev"
            },
            "name": "docker-center",
            "network": [
              {
                "access_network": false,
                "fixed_ip_v4": "192.168.200.6",
                "fixed_ip_v6": "",
                "floating_ip": "",
                "mac": "fa:16:3e:86:07:3d",
                "name": "terraform",
                "port": "",
                "uuid": "51936216-58e0-44ae-be14-4144c90142ee"
              }
            ],
            "network_mode": null,
            "personality": [],
            "power_state": "active",
            "region": "RegionOne",
            "scheduler_hints": [],
            "security_groups": [
              "default"
            ],
            "stop_before_destroy": false,
            "tags": [],
            "timeouts": null,
            "updated": "2025-11-26 10:07:49 +0000 UTC",
            "user_data": "c988166c5b09efe7029ba381a449b3a0f50b7495",
            "vendor_options": [],
            "volume": []
          },
          "sensitive_attributes": [
            [
              {
                "type": "get_attr",
                "value": "admin_pass"
              }
            ]
          ],
          "identity_schema_version": 0,
          "private": "eyJlMmJmYjczMC1lY2FhLTExZTYtOGY4OC0zNDM2M2JjN2M0YzAiOnsiY3JlYXRlIjoxODAwMDAwMDAwMDAwLCJkZWxldGUiOjE4MDAwMDAwMDAwMDAsInVwZGF0ZSI6MTgwMDAwMDAwMDAwMH19",
          "dependencies": [
            "module.vms.data.openstack_networking_network_v2.existing"
          ]
        }
      ]
    },
    {
      "module": "module.vms",
      "mode": "managed",
      "type": "openstack_compute_volume_attach_v2",
      "name": "attach",
      "provider": "provider[\"registry.terraform.io/terraform-provider-openstack/openstack\"]",
      "instances": [
        {
          "index_key": "web1",
          "schema_version": 0,
          "attributes": {
            "device": "/dev/vdb",
            "id": "acfe6c99-f722-4f75-857a-88547638df40/7f4c89aa-d81f-4b43-b56f-cef98aa4d6e5",
            "instance_id": "acfe6c99-f722-4f75-857a-88547638df40",
            "multiattach": null,
            "region": "RegionOne",
            "timeouts": null,
            "vendor_options": [],
            "volume_id": "7f4c89aa-d81f-4b43-b56f-cef98aa4d6e5"
          },
          "sensitive_attributes": [],
          "identity_schema_version": 0,
          "private": "eyJlMmJmYjczMC1lY2FhLTExZTYtOGY4OC0zNDM2M2JjN2M0YzAiOnsiY3JlYXRlIjo2MDAwMDAwMDAwMDAsImRlbGV0ZSI6NjAwMDAwMDAwMDAwfX0=",
          "dependencies": [
            "module.vms.data.openstack_networking_network_v2.existing",
            "module.vms.openstack_blockstorage_volume_v3.volumes",
            "module.vms.openstack_compute_instance_v2.vms"
          ]
        },
        {
          "index_key": "web2",
          "schema_version": 0,
          "attributes": {
            "device": "/dev/vdb",
            "id": "0cf3ac94-14b1-45d9-ad8f-ab3db48b0735/fb2701a6-1fe6-4190-8780-013579c7b4d3",
            "instance_id": "0cf3ac94-14b1-45d9-ad8f-ab3db48b0735",
            "multiattach": null,
            "region": "RegionOne",
            "timeouts": null,
            "vendor_options": [],
            "volume_id": "fb2701a6-1fe6-4190-8780-013579c7b4d3"
          },
          "sensitive_attributes": [],
          "identity_schema_version": 0,
          "private": "eyJlMmJmYjczMC1lY2FhLTExZTYtOGY4OC0zNDM2M2JjN2M0YzAiOnsiY3JlYXRlIjo2MDAwMDAwMDAwMDAsImRlbGV0ZSI6NjAwMDAwMDAwMDAwfX0=",
          "dependencies": [
            "module.vms.data.openstack_networking_network_v2.existing",
            "module.vms.openstack_blockstorage_volume_v3.volumes",
            "module.vms.openstack_compute_instance_v2.vms"
          ]
        },
        {
          "index_key": "web3",
          "schema_version": 0,
          "attributes": {
            "device": "/dev/vdb",
            "id": "953b5144-5de0-4282-8d00-7e47a3c99a0c/02c58b05-5168-4f7b-b727-52d5d123a02d",
            "instance_id": "953b5144-5de0-4282-8d00-7e47a3c99a0c",
            "multiattach": null,
            "region": "RegionOne",
            "timeouts": null,
            "vendor_options": [],
            "volume_id": "02c58b05-5168-4f7b-b727-52d5d123a02d"
          },
          "sensitive_attributes": [],
          "identity_schema_version": 0,
          "private": "eyJlMmJmYjczMC1lY2FhLTExZTYtOGY4OC0zNDM2M2JjN2M0YzAiOnsiY3JlYXRlIjo2MDAwMDAwMDAwMDAsImRlbGV0ZSI6NjAwMDAwMDAwMDAwfX0=",
          "dependencies": [
            "module.vms.data.openstack_networking_network_v2.existing",
            "module.vms.openstack_blockstorage_volume_v3.volumes",
            "module.vms.openstack_compute_instance_v2.vms"
          ]
        },
        {
          "index_key": "web4",
          "schema_version": 0,
          "attributes": {
            "device": "/dev/vdb",
            "id": "0cad52a0-3651-46cf-9972-9f8a57005646/cdf5b497-0a70-4918-90a6-f1af8466aefa",
            "instance_id": "0cad52a0-3651-46cf-9972-9f8a57005646",
            "multiattach": null,
            "region": "RegionOne",
            "timeouts": null,
            "vendor_options": [],
            "volume_id": "cdf5b497-0a70-4918-90a6-f1af8466aefa"
          },
          "sensitive_attributes": [],
          "identity_schema_version": 0,
          "private": "eyJlMmJmYjczMC1lY2FhLTExZTYtOGY4OC0zNDM2M2JjN2M0YzAiOnsiY3JlYXRlIjo2MDAwMDAwMDAwMDAsImRlbGV0ZSI6NjAwMDAwMDAwMDAwfX0=",
          "dependencies": [
            "module.vms.data.openstack_networking_network_v2.existing",
            "module.vms.openstack_blockstorage_volume_v3.volumes",
            "module.vms.openstack_compute_instance_v2.vms"
          ]
        },
        {
          "index_key": "web5",
          "schema_version": 0,
          "attributes": {
            "device": "/dev/vdb",
            "id": "d0b7e8b9-c987-4f0d-8bd5-49188725a991/ae51d2a1-7a82-417f-90b9-c98cfdd5f91e",
            "instance_id": "d0b7e8b9-c987-4f0d-8bd5-49188725a991",
            "multiattach": null,
            "region": "RegionOne",
            "timeouts": null,
            "vendor_options": [],
            "volume_id": "ae51d2a1-7a82-417f-90b9-c98cfdd5f91e"
          },
          "sensitive_attributes": [],
          "identity_schema_version": 0,
          "private": "eyJlMmJmYjczMC1lY2FhLTExZTYtOGY4OC0zNDM2M2JjN2M0YzAiOnsiY3JlYXRlIjo2MDAwMDAwMDAwMDAsImRlbGV0ZSI6NjAwMDAwMDAwMDAwfX0=",
          "dependencies": [
            "module.vms.data.openstack_networking_network_v2.existing",
            "module.vms.openstack_blockstorage_volume_v3.volumes",
            "module.vms.openstack_compute_instance_v2.vms"
          ]
        },
        {
          "index_key": "web6",
          "schema_version": 0,
          "attributes": {
            "device": "/dev/vdb",
            "id": "ab861fca-2044-4bde-8dd7-76314e8a4d8e/65234105-0bd3-46e2-914f-cbfd9bc6c0cb",
            "instance_id": "ab861fca-2044-4bde-8dd7-76314e8a4d8e",
            "multiattach": null,
            "region": "RegionOne",
            "timeouts": null,
            "vendor_options": [],
            "volume_id": "65234105-0bd3-46e2-914f-cbfd9bc6c0cb"
          },
          "sensitive_attributes": [],
          "identity_schema_version": 0,
          "private": "eyJlMmJmYjczMC1lY2FhLTExZTYtOGY4OC0zNDM2M2JjN2M0YzAiOnsiY3JlYXRlIjo2MDAwMDAwMDAwMDAsImRlbGV0ZSI6NjAwMDAwMDAwMDAwfX0=",
          "dependencies": [
            "module.vms.data.openstack_networking_network_v2.existing",
            "module.vms.openstack_blockstorage_volume_v3.volumes",
            "module.vms.openstack_compute_instance_v2.vms"
          ]
        },
        {
          "index_key": "web7",
          "schema_version": 0,
          "attributes": {
            "device": "/dev/vdb",
            "id": "b880da2d-a810-40ee-9d1f-db5367750226/c7c85660-6c7f-4aea-9d64-7adf82628fcd",
            "instance_id": "b880da2d-a810-40ee-9d1f-db5367750226",
            "multiattach": null,
            "region": "RegionOne",
            "timeouts": null,
            "vendor_options": [],
            "volume_id": "c7c85660-6c7f-4aea-9d64-7adf82628fcd"
          },
          "sensitive_attributes": [],
          "identity_schema_version": 0,
          "private": "eyJlMmJmYjczMC1lY2FhLTExZTYtOGY4OC0zNDM2M2JjN2M0YzAiOnsiY3JlYXRlIjo2MDAwMDAwMDAwMDAsImRlbGV0ZSI6NjAwMDAwMDAwMDAwfX0=",
          "dependencies": [
            "module.vms.data.openstack_networking_network_v2.existing",
            "module.vms.openstack_blockstorage_volume_v3.volumes",
            "module.vms.openstack_compute_instance_v2.vms"
          ]
        }
      ]
    },
    {
      "module": "module.vms",
      "mode": "managed",
      "type": "openstack_networking_floatingip_v2",
      "name": "fips",
      "provider": "provider[\"registry.terraform.io/terraform-provider-openstack/openstack\"]",
      "instances": [
        {
          "index_key": "web1",
          "schema_version": 0,
          "attributes": {
            "address": "165.99.104.157",
            "all_tags": [],
            "description": "",
            "dns_domain": "",
            "dns_name": "",
            "fixed_ip": "192.168.200.33",
            "id": "88d7cbf7-3ea2-480b-a975-82ad9bfbcc97",
            "pool": "public1",
            "port_id": "8e3e6c2f-9b16-4d72-abdc-f315c301ce73",
            "region": "RegionOne",
            "subnet_id": null,
            "subnet_ids": null,
            "tags": [],
            "tenant_id": "23018b28bc9548b6ab6e1f07cfb4ed5a",
            "timeouts": null,
            "value_specs": null
          },
          "sensitive_attributes": [],
          "identity_schema_version": 0,
          "private": "eyJlMmJmYjczMC1lY2FhLTExZTYtOGY4OC0zNDM2M2JjN2M0YzAiOnsiY3JlYXRlIjo2MDAwMDAwMDAwMDAsImRlbGV0ZSI6NjAwMDAwMDAwMDAwfX0=",
          "dependencies": [
            "module.vms.data.openstack_networking_network_v2.external"
          ]
        }
      ]
    }
  ],
  "check_results": null
}
