{
  "version": 4,
  "terraform_version": "1.13.3",
  "serial": 82,
  "lineage": "1676798f-ab23-f373-80ac-e0a9f003b56b",
  "outputs": {
    "awx_inventory_file": {
      "value": "./../terraform_outputs/awx_inventory.ini",
      "type": "string"
    },
    "dev_boot_volumes": {
      "value": {
        "web8": {
          "id": "4bc83aaa-49c5-4868-8024-682338de87f3",
          "name": "wazuh-boot-volume",
          "size": 20,
          "type": "boot"
        },
        "web9": {
          "id": "2bd3bc52-63b2-4d3c-9ca6-19328043add8",
          "name": "wazuh-2-boot-volume",
          "size": 20,
          "type": "boot"
        }
      },
      "type": [
        "object",
        {
          "web8": [
            "object",
            {
              "id": "string",
              "name": "string",
              "size": "number",
              "type": "string"
            }
          ],
          "web9": [
            "object",
            {
              "id": "string",
              "name": "string",
              "size": "number",
              "type": "string"
            }
          ]
        }
      ]
    },
    "dev_data_volumes": {
      "value": {
        "web1": {
          "id": "ae553b45-a8f9-4502-a782-4503d6d1837b",
          "name": "open-vpn-data-volume",
          "size": 20,
          "type": "data"
        },
        "web2": {
          "id": "7442c778-11bc-4111-b081-b865d6d94d96",
          "name": "wazuh-master-1-data-volume",
          "size": 100,
          "type": "data"
        },
        "web3": {
          "id": "58ac027e-01e8-4865-a377-4c471003bd26",
          "name": "wazuh-worker-1-data-volume",
          "size": 50,
          "type": "data"
        },
        "web4": {
          "id": "84bb97aa-140c-4d8a-b65f-103280b0dacb",
          "name": "wazuh-worker-2-data-volume",
          "size": 50,
          "type": "data"
        },
        "web8": {
          "id": "1011e028-6cc9-4824-9c1f-e7669975491c",
          "name": "wazuh-data-volume",
          "size": 30,
          "type": "data"
        },
        "web9": {
          "id": "e57801f1-f785-4b7f-96be-0f2b0dc59609",
          "name": "wazuh-2-data-volume",
          "size": 40,
          "type": "data"
        }
      },
      "type": [
        "object",
        {
          "web1": [
            "object",
            {
              "id": "string",
              "name": "string",
              "size": "number",
              "type": "string"
            }
          ],
          "web2": [
            "object",
            {
              "id": "string",
              "name": "string",
              "size": "number",
              "type": "string"
            }
          ],
          "web3": [
            "object",
            {
              "id": "string",
              "name": "string",
              "size": "number",
              "type": "string"
            }
          ],
          "web4": [
            "object",
            {
              "id": "string",
              "name": "string",
              "size": "number",
              "type": "string"
            }
          ],
          "web8": [
            "object",
            {
              "id": "string",
              "name": "string",
              "size": "number",
              "type": "string"
            }
          ],
          "web9": [
            "object",
            {
              "id": "string",
              "name": "string",
              "size": "number",
              "type": "string"
            }
          ]
        }
      ]
    },
    "dev_vm_details": {
      "value": {
        "web1": {
          "boot_volume_id": null,
          "data_volume_id": "ae553b45-a8f9-4502-a782-4503d6d1837b",
          "fip": "172.20.1.70",
          "flavor": "m1.medium",
          "id": "d41c754a-801b-40c8-9e33-87a629edd4d7",
          "name": "open-vpn",
          "power_state": "active",
          "private_ip": "10.0.0.15"
        },
        "web2": {
          "boot_volume_id": null,
          "data_volume_id": "7442c778-11bc-4111-b081-b865d6d94d96",
          "fip": null,
          "flavor": "m1.large",
          "id": "0488f589-0ed3-4712-830f-803579d6e9d6",
          "name": "wazuh-master-1",
          "power_state": "active",
          "private_ip": "10.0.0.105"
        },
        "web3": {
          "boot_volume_id": null,
          "data_volume_id": "58ac027e-01e8-4865-a377-4c471003bd26",
          "fip": null,
          "flavor": "m1.large",
          "id": "518169fd-47ac-4b9e-b4c8-4867f41a0330",
          "name": "wazuh-worker-1",
          "power_state": "active",
          "private_ip": "10.0.0.250"
        },
        "web4": {
          "boot_volume_id": null,
          "data_volume_id": "84bb97aa-140c-4d8a-b65f-103280b0dacb",
          "fip": null,
          "flavor": "m1.large",
          "id": "01fc679c-add2-4d71-bdee-6c7be9427cdd",
          "name": "wazuh-worker-2",
          "power_state": "active",
          "private_ip": "10.0.0.20"
        },
        "web8": {
          "boot_volume_id": "4bc83aaa-49c5-4868-8024-682338de87f3",
          "data_volume_id": "1011e028-6cc9-4824-9c1f-e7669975491c",
          "fip": "172.20.1.58",
          "flavor": "m1.large",
          "id": "aeb0d921-835a-4619-941b-b1d97907b25c",
          "name": "wazuh",
          "power_state": "active",
          "private_ip": "10.0.0.191"
        },
        "web9": {
          "boot_volume_id": "2bd3bc52-63b2-4d3c-9ca6-19328043add8",
          "data_volume_id": "e57801f1-f785-4b7f-96be-0f2b0dc59609",
          "fip": "172.20.1.42",
          "flavor": "m1.large",
          "id": "2bdaddc0-bb2e-43e3-b3df-3022540b936c",
          "name": "wazuh-2",
          "power_state": "active",
          "private_ip": "10.0.0.35"
        }
      },
      "type": [
        "object",
        {
          "web1": [
            "object",
            {
              "boot_volume_id": "dynamic",
              "data_volume_id": "string",
              "fip": "string",
              "flavor": "string",
              "id": "string",
              "name": "string",
              "power_state": "string",
              "private_ip": "string"
            }
          ],
          "web2": [
            "object",
            {
              "boot_volume_id": "dynamic",
              "data_volume_id": "string",
              "fip": "dynamic",
              "flavor": "string",
              "id": "string",
              "name": "string",
              "power_state": "string",
              "private_ip": "string"
            }
          ],
          "web3": [
            "object",
            {
              "boot_volume_id": "dynamic",
              "data_volume_id": "string",
              "fip": "dynamic",
              "flavor": "string",
              "id": "string",
              "name": "string",
              "power_state": "string",
              "private_ip": "string"
            }
          ],
          "web4": [
            "object",
            {
              "boot_volume_id": "dynamic",
              "data_volume_id": "string",
              "fip": "dynamic",
              "flavor": "string",
              "id": "string",
              "name": "string",
              "power_state": "string",
              "private_ip": "string"
            }
          ],
          "web8": [
            "object",
            {
              "boot_volume_id": "string",
              "data_volume_id": "string",
              "fip": "string",
              "flavor": "string",
              "id": "string",
              "name": "string",
              "power_state": "string",
              "private_ip": "string"
            }
          ],
          "web9": [
            "object",
            {
              "boot_volume_id": "string",
              "data_volume_id": "string",
              "fip": "string",
              "flavor": "string",
              "id": "string",
              "name": "string",
              "power_state": "string",
              "private_ip": "string"
            }
          ]
        }
      ]
    },
    "dev_vm_fips": {
      "value": {
        "web1": "172.20.1.70",
        "web8": "172.20.1.58",
        "web9": "172.20.1.42"
      },
      "type": [
        "object",
        {
          "web1": "string",
          "web8": "string",
          "web9": "string"
        }
      ]
    },
    "dev_vm_storage_summary": {
      "value": {
        "web1": {
          "boot_method": "image",
          "boot_volume_size": "N/A (image boot)",
          "data_volume_size": "20",
          "total_storage": 20,
          "vm_name": "open-vpn"
        },
        "web2": {
          "boot_method": "image",
          "boot_volume_size": "N/A (image boot)",
          "data_volume_size": "100",
          "total_storage": 100,
          "vm_name": "wazuh-master-1"
        },
        "web3": {
          "boot_method": "image",
          "boot_volume_size": "N/A (image boot)",
          "data_volume_size": "50",
          "total_storage": 50,
          "vm_name": "wazuh-worker-1"
        },
        "web4": {
          "boot_method": "image",
          "boot_volume_size": "N/A (image boot)",
          "data_volume_size": "50",
          "total_storage": 50,
          "vm_name": "wazuh-worker-2"
        },
        "web8": {
          "boot_method": "snapshot/clone",
          "boot_volume_size": "20",
          "data_volume_size": "30",
          "total_storage": 50,
          "vm_name": "wazuh"
        },
        "web9": {
          "boot_method": "snapshot/clone",
          "boot_volume_size": "20",
          "data_volume_size": "40",
          "total_storage": 60,
          "vm_name": "wazuh-2"
        }
      },
      "type": [
        "object",
        {
          "web1": [
            "object",
            {
              "boot_method": "string",
              "boot_volume_size": "string",
              "data_volume_size": "string",
              "total_storage": "number",
              "vm_name": "string"
            }
          ],
          "web2": [
            "object",
            {
              "boot_method": "string",
              "boot_volume_size": "string",
              "data_volume_size": "string",
              "total_storage": "number",
              "vm_name": "string"
            }
          ],
          "web3": [
            "object",
            {
              "boot_method": "string",
              "boot_volume_size": "string",
              "data_volume_size": "string",
              "total_storage": "number",
              "vm_name": "string"
            }
          ],
          "web4": [
            "object",
            {
              "boot_method": "string",
              "boot_volume_size": "string",
              "data_volume_size": "string",
              "total_storage": "number",
              "vm_name": "string"
            }
          ],
          "web8": [
            "object",
            {
              "boot_method": "string",
              "boot_volume_size": "string",
              "data_volume_size": "string",
              "total_storage": "number",
              "vm_name": "string"
            }
          ],
          "web9": [
            "object",
            {
              "boot_method": "string",
              "boot_volume_size": "string",
              "data_volume_size": "string",
              "total_storage": "number",
              "vm_name": "string"
            }
          ]
        }
      ]
    },
    "terraform_outputs_file": {
      "value": "./../terraform_outputs/terraform_output.json",
      "type": "string"
    }
  },
  "resources": [
    {
      "module": "module.vms",
      "mode": "data",
      "type": "openstack_networking_network_v2",
      "name": "existing",
      "provider": "provider[\"registry.terraform.io/terraform-provider-openstack/openstack\"]",
      "instances": [
        {
          "schema_version": 0,
          "attributes": {
            "admin_state_up": "true",
            "all_tags": [],
            "availability_zone_hints": [],
            "description": "",
            "dns_domain": "",
            "external": false,
            "id": "1a504e6d-2944-4567-9bdd-327209998c45",
            "matching_subnet_cidr": null,
            "mtu": 1450,
            "name": "terraform",
            "network_id": null,
            "region": "RegionOne",
            "segments": [],
            "shared": "false",
            "status": null,
            "subnets": [
              "35faec0c-c4ae-4bf5-882d-53549c265b2a"
            ],
            "tags": null,
            "tenant_id": "fc70748921aa4265ad13c5d6f42d2574",
            "transparent_vlan": false
          },
          "sensitive_attributes": [],
          "identity_schema_version": 0
        }
      ]
    },
    {
      "module": "module.vms",
      "mode": "data",
      "type": "openstack_networking_network_v2",
      "name": "external",
      "provider": "provider[\"registry.terraform.io/terraform-provider-openstack/openstack\"]",
      "instances": [
        {
          "schema_version": 0,
          "attributes": {
            "admin_state_up": "true",
            "all_tags": [],
            "availability_zone_hints": [],
            "description": "",
            "dns_domain": "",
            "external": true,
            "id": "7181cf6d-3e20-4fac-a7d1-7064e5fbb3a6",
            "matching_subnet_cidr": null,
            "mtu": 1500,
            "name": "public1",
            "network_id": null,
            "region": "RegionOne",
            "segments": [],
            "shared": "true",
            "status": null,
            "subnets": [
              "99d6340b-f730-4086-910d-e39faff556fa"
            ],
            "tags": null,
            "tenant_id": "15b9c9b9c8fe4dae9789ca3ffea6aaac",
            "transparent_vlan": false
          },
          "sensitive_attributes": [],
          "identity_schema_version": 0
        }
      ]
    },
    {
      "module": "module.vms",
      "mode": "managed",
      "type": "openstack_blockstorage_volume_v3",
      "name": "boot_volumes",
      "provider": "provider[\"registry.terraform.io/terraform-provider-openstack/openstack\"]",
      "instances": [
        {
          "index_key": "web8",
          "schema_version": 0,
          "attributes": {
            "attachment": [
              {
                "device": "/dev/vda",
                "id": "4bc83aaa-49c5-4868-8024-682338de87f3",
                "instance_id": "aeb0d921-835a-4619-941b-b1d97907b25c"
              }
            ],
            "availability_zone": "nova",
            "consistency_group_id": null,
            "description": "Boot volume for wazuh",
            "enable_online_resize": null,
            "id": "4bc83aaa-49c5-4868-8024-682338de87f3",
            "image_id": null,
            "metadata": {},
            "multiattach": null,
            "name": "wazuh-boot-volume",
            "region": "RegionOne",
            "scheduler_hints": [],
            "size": 20,
            "snapshot_id": "882d7a0e-23e7-4112-99ba-481f4f1b15ba",
            "source_replica": null,
            "source_vol_id": "",
            "timeouts": null,
            "volume_type": "__DEFAULT__"
          },
          "sensitive_attributes": [],
          "identity_schema_version": 0,
          "private": "eyJlMmJmYjczMC1lY2FhLTExZTYtOGY4OC0zNDM2M2JjN2M0YzAiOnsiY3JlYXRlIjo2MDAwMDAwMDAwMDAsImRlbGV0ZSI6NjAwMDAwMDAwMDAwfX0="
        },
        {
          "index_key": "web9",
          "schema_version": 0,
          "attributes": {
            "attachment": [
              {
                "device": "/dev/vda",
                "id": "2bd3bc52-63b2-4d3c-9ca6-19328043add8",
                "instance_id": "2bdaddc0-bb2e-43e3-b3df-3022540b936c"
              }
            ],
            "availability_zone": "nova",
            "consistency_group_id": null,
            "description": "Boot volume for wazuh-2",
            "enable_online_resize": null,
            "id": "2bd3bc52-63b2-4d3c-9ca6-19328043add8",
            "image_id": null,
            "metadata": {},
            "multiattach": null,
            "name": "wazuh-2-boot-volume",
            "region": "RegionOne",
            "scheduler_hints": [],
            "size": 20,
            "snapshot_id": "882d7a0e-23e7-4112-99ba-481f4f1b15ba",
            "source_replica": null,
            "source_vol_id": "",
            "timeouts": null,
            "volume_type": "__DEFAULT__"
          },
          "sensitive_attributes": [],
          "identity_schema_version": 0,
          "private": "eyJlMmJmYjczMC1lY2FhLTExZTYtOGY4OC0zNDM2M2JjN2M0YzAiOnsiY3JlYXRlIjo2MDAwMDAwMDAwMDAsImRlbGV0ZSI6NjAwMDAwMDAwMDAwfX0="
        }
      ]
    },
    {
      "module": "module.vms",
      "mode": "managed",
      "type": "openstack_blockstorage_volume_v3",
      "name": "data_volumes",
      "provider": "provider[\"registry.terraform.io/terraform-provider-openstack/openstack\"]",
      "instances": [
        {
          "index_key": "web1-data-0",
          "schema_version": 0,
          "attributes": {
            "attachment": [
              {
                "device": "/dev/vdb",
                "id": "ae553b45-a8f9-4502-a782-4503d6d1837b",
                "instance_id": "d41c754a-801b-40c8-9e33-87a629edd4d7"
              }
            ],
            "availability_zone": "nova",
            "consistency_group_id": null,
            "description": "Data volume for open-vpn",
            "enable_online_resize": null,
            "id": "ae553b45-a8f9-4502-a782-4503d6d1837b",
            "image_id": null,
            "metadata": {},
            "multiattach": null,
            "name": "open-vpn-data-volume",
            "region": "RegionOne",
            "scheduler_hints": [],
            "size": 20,
            "snapshot_id": "",
            "source_replica": null,
            "source_vol_id": "",
            "timeouts": null,
            "volume_type": "__DEFAULT__"
          },
          "sensitive_attributes": [],
          "identity_schema_version": 0,
          "private": "eyJlMmJmYjczMC1lY2FhLTExZTYtOGY4OC0zNDM2M2JjN2M0YzAiOnsiY3JlYXRlIjo2MDAwMDAwMDAwMDAsImRlbGV0ZSI6NjAwMDAwMDAwMDAwfX0="
        },
        {
          "index_key": "web2",
          "schema_version": 0,
          "attributes": {
            "attachment": [
              {
                "device": "/dev/vdb",
                "id": "7442c778-11bc-4111-b081-b865d6d94d96",
                "instance_id": "0488f589-0ed3-4712-830f-803579d6e9d6"
              }
            ],
            "availability_zone": "nova",
            "consistency_group_id": null,
            "description": "Data volume for wazuh-master-1",
            "enable_online_resize": null,
            "id": "7442c778-11bc-4111-b081-b865d6d94d96",
            "image_id": null,
            "metadata": {},
            "multiattach": null,
            "name": "wazuh-master-1-data-volume",
            "region": "RegionOne",
            "scheduler_hints": [],
            "size": 100,
            "snapshot_id": "",
            "source_replica": null,
            "source_vol_id": "",
            "timeouts": null,
            "volume_type": "__DEFAULT__"
          },
          "sensitive_attributes": [],
          "identity_schema_version": 0,
          "private": "eyJlMmJmYjczMC1lY2FhLTExZTYtOGY4OC0zNDM2M2JjN2M0YzAiOnsiY3JlYXRlIjo2MDAwMDAwMDAwMDAsImRlbGV0ZSI6NjAwMDAwMDAwMDAwfX0="
        },
        {
          "index_key": "web3",
          "schema_version": 0,
          "attributes": {
            "attachment": [
              {
                "device": "/dev/vdb",
                "id": "58ac027e-01e8-4865-a377-4c471003bd26",
                "instance_id": "518169fd-47ac-4b9e-b4c8-4867f41a0330"
              }
            ],
            "availability_zone": "nova",
            "consistency_group_id": null,
            "description": "Data volume for wazuh-worker-1",
            "enable_online_resize": null,
            "id": "58ac027e-01e8-4865-a377-4c471003bd26",
            "image_id": null,
            "metadata": {},
            "multiattach": null,
            "name": "wazuh-worker-1-data-volume",
            "region": "RegionOne",
            "scheduler_hints": [],
            "size": 50,
            "snapshot_id": "",
            "source_replica": null,
            "source_vol_id": "",
            "timeouts": null,
            "volume_type": "__DEFAULT__"
          },
          "sensitive_attributes": [],
          "identity_schema_version": 0,
          "private": "eyJlMmJmYjczMC1lY2FhLTExZTYtOGY4OC0zNDM2M2JjN2M0YzAiOnsiY3JlYXRlIjo2MDAwMDAwMDAwMDAsImRlbGV0ZSI6NjAwMDAwMDAwMDAwfX0="
        },
        {
          "index_key": "web4",
          "schema_version": 0,
          "attributes": {
            "attachment": [
              {
                "device": "/dev/vdb",
                "id": "84bb97aa-140c-4d8a-b65f-103280b0dacb",
                "instance_id": "01fc679c-add2-4d71-bdee-6c7be9427cdd"
              }
            ],
            "availability_zone": "nova",
            "consistency_group_id": null,
            "description": "Data volume for wazuh-worker-2",
            "enable_online_resize": null,
            "id": "84bb97aa-140c-4d8a-b65f-103280b0dacb",
            "image_id": null,
            "metadata": {},
            "multiattach": null,
            "name": "wazuh-worker-2-data-volume",
            "region": "RegionOne",
            "scheduler_hints": [],
            "size": 50,
            "snapshot_id": "",
            "source_replica": null,
            "source_vol_id": "",
            "timeouts": null,
            "volume_type": "__DEFAULT__"
          },
          "sensitive_attributes": [],
          "identity_schema_version": 0,
          "private": "eyJlMmJmYjczMC1lY2FhLTExZTYtOGY4OC0zNDM2M2JjN2M0YzAiOnsiY3JlYXRlIjo2MDAwMDAwMDAwMDAsImRlbGV0ZSI6NjAwMDAwMDAwMDAwfX0="
        },
        {
          "index_key": "web8",
          "schema_version": 0,
          "attributes": {
            "attachment": [
              {
                "device": "/dev/vdb",
                "id": "1011e028-6cc9-4824-9c1f-e7669975491c",
                "instance_id": "aeb0d921-835a-4619-941b-b1d97907b25c"
              }
            ],
            "availability_zone": "nova",
            "consistency_group_id": null,
            "description": "Data volume for wazuh",
            "enable_online_resize": null,
            "id": "1011e028-6cc9-4824-9c1f-e7669975491c",
            "image_id": null,
            "metadata": {},
            "multiattach": null,
            "name": "wazuh-data-volume",
            "region": "RegionOne",
            "scheduler_hints": [],
            "size": 30,
            "snapshot_id": "",
            "source_replica": null,
            "source_vol_id": "",
            "timeouts": null,
            "volume_type": "__DEFAULT__"
          },
          "sensitive_attributes": [],
          "identity_schema_version": 0,
          "private": "eyJlMmJmYjczMC1lY2FhLTExZTYtOGY4OC0zNDM2M2JjN2M0YzAiOnsiY3JlYXRlIjo2MDAwMDAwMDAwMDAsImRlbGV0ZSI6NjAwMDAwMDAwMDAwfX0="
        },
        {
          "index_key": "web9",
          "schema_version": 0,
          "attributes": {
            "attachment": [
              {
                "device": "/dev/vdb",
                "id": "e57801f1-f785-4b7f-96be-0f2b0dc59609",
                "instance_id": "2bdaddc0-bb2e-43e3-b3df-3022540b936c"
              }
            ],
            "availability_zone": "nova",
            "consistency_group_id": null,
            "description": "Data volume for wazuh-2",
            "enable_online_resize": null,
            "id": "e57801f1-f785-4b7f-96be-0f2b0dc59609",
            "image_id": null,
            "metadata": {},
            "multiattach": null,
            "name": "wazuh-2-data-volume",
            "region": "RegionOne",
            "scheduler_hints": [],
            "size": 40,
            "snapshot_id": "",
            "source_replica": null,
            "source_vol_id": "",
            "timeouts": null,
            "volume_type": "__DEFAULT__"
          },
          "sensitive_attributes": [],
          "identity_schema_version": 0,
          "private": "eyJlMmJmYjczMC1lY2FhLTExZTYtOGY4OC0zNDM2M2JjN2M0YzAiOnsiY3JlYXRlIjo2MDAwMDAwMDAwMDAsImRlbGV0ZSI6NjAwMDAwMDAwMDAwfX0="
        }
      ]
    },
    {
      "module": "module.vms",
      "mode": "managed",
      "type": "openstack_compute_floatingip_associate_v2",
      "name": "fip_assoc",
      "provider": "provider[\"registry.terraform.io/terraform-provider-openstack/openstack\"]",
      "instances": [
        {
          "index_key": "web1",
          "schema_version": 0,
          "attributes": {
            "fixed_ip": "",
            "floating_ip": "172.20.1.70",
            "id": "172.20.1.70/d41c754a-801b-40c8-9e33-87a629edd4d7/",
            "instance_id": "d41c754a-801b-40c8-9e33-87a629edd4d7",
            "region": "RegionOne",
            "timeouts": null,
            "wait_until_associated": null
          },
          "sensitive_attributes": [],
          "identity_schema_version": 0,
          "private": "eyJlMmJmYjczMC1lY2FhLTExZTYtOGY4OC0zNDM2M2JjN2M0YzAiOnsiY3JlYXRlIjo2MDAwMDAwMDAwMDB9fQ==",
          "dependencies": [
            "module.vms.data.openstack_networking_network_v2.existing",
            "module.vms.data.openstack_networking_network_v2.external",
            "module.vms.openstack_blockstorage_volume_v3.boot_volumes",
            "module.vms.openstack_compute_instance_v2.vms",
            "module.vms.openstack_networking_floatingip_v2.fips"
          ]
        },
        {
          "index_key": "web8",
          "schema_version": 0,
          "attributes": {
            "fixed_ip": "",
            "floating_ip": "172.20.1.58",
            "id": "172.20.1.58/aeb0d921-835a-4619-941b-b1d97907b25c/",
            "instance_id": "aeb0d921-835a-4619-941b-b1d97907b25c",
            "region": "RegionOne",
            "timeouts": null,
            "wait_until_associated": null
          },
          "sensitive_attributes": [],
          "identity_schema_version": 0,
          "private": "eyJlMmJmYjczMC1lY2FhLTExZTYtOGY4OC0zNDM2M2JjN2M0YzAiOnsiY3JlYXRlIjo2MDAwMDAwMDAwMDB9fQ==",
          "dependencies": [
            "module.vms.data.openstack_networking_network_v2.existing",
            "module.vms.data.openstack_networking_network_v2.external",
            "module.vms.openstack_blockstorage_volume_v3.boot_volumes",
            "module.vms.openstack_compute_instance_v2.vms",
            "module.vms.openstack_networking_floatingip_v2.fips"
          ]
        },
        {
          "index_key": "web9",
          "schema_version": 0,
          "attributes": {
            "fixed_ip": "",
            "floating_ip": "172.20.1.42",
            "id": "172.20.1.42/2bdaddc0-bb2e-43e3-b3df-3022540b936c/",
            "instance_id": "2bdaddc0-bb2e-43e3-b3df-3022540b936c",
            "region": "RegionOne",
            "timeouts": null,
            "wait_until_associated": null
          },
          "sensitive_attributes": [],
          "identity_schema_version": 0,
          "private": "eyJlMmJmYjczMC1lY2FhLTExZTYtOGY4OC0zNDM2M2JjN2M0YzAiOnsiY3JlYXRlIjo2MDAwMDAwMDAwMDB9fQ==",
          "dependencies": [
            "module.vms.data.openstack_networking_network_v2.existing",
            "module.vms.data.openstack_networking_network_v2.external",
            "module.vms.openstack_blockstorage_volume_v3.boot_volumes",
            "module.vms.openstack_compute_instance_v2.vms",
            "module.vms.openstack_networking_floatingip_v2.fips"
          ]
        }
      ]
    },
    {
      "module": "module.vms",
      "mode": "managed",
      "type": "openstack_compute_instance_v2",
      "name": "vms",
      "provider": "provider[\"registry.terraform.io/terraform-provider-openstack/openstack\"]",
      "instances": [
        {
          "index_key": "web1",
          "schema_version": 0,
          "attributes": {
            "access_ip_v4": "10.0.0.15",
            "access_ip_v6": "",
            "admin_pass": null,
            "all_metadata": {
              "environment": "dev"
            },
            "all_tags": [],
            "availability_zone": "nova",
            "availability_zone_hints": null,
            "block_device": [],
            "config_drive": null,
            "created": "2025-11-28 15:50:01 +0000 UTC",
            "flavor_id": "3",
            "flavor_name": "m1.medium",
            "floating_ip": null,
            "force_delete": false,
            "id": "d41c754a-801b-40c8-9e33-87a629edd4d7",
            "image_id": "ffa49bc6-3dc4-4da9-beac-dad078d6e71e",
            "image_name": "ubuntu",
            "key_pair": "test",
            "metadata": {
              "environment": "dev"
            },
            "name": "open-vpn",
            "network": [
              {
                "access_network": false,
                "fixed_ip_v4": "10.0.0.15",
                "fixed_ip_v6": "",
                "floating_ip": "",
                "mac": "fa:16:3e:f9:55:97",
                "name": "terraform",
                "port": "",
                "uuid": "1a504e6d-2944-4567-9bdd-327209998c45"
              }
            ],
            "network_mode": null,
            "personality": [],
            "power_state": "active",
            "region": "RegionOne",
            "scheduler_hints": [],
            "security_groups": [
              "default"
            ],
            "stop_before_destroy": false,
            "tags": [],
            "timeouts": null,
            "updated": "2025-11-28 15:50:20 +0000 UTC",
            "user_data": "c988166c5b09efe7029ba381a449b3a0f50b7495",
            "vendor_options": [],
            "volume": []
          },
          "sensitive_attributes": [
            [
              {
                "type": "get_attr",
                "value": "admin_pass"
              }
            ]
          ],
          "identity_schema_version": 0,
          "private": "eyJlMmJmYjczMC1lY2FhLTExZTYtOGY4OC0zNDM2M2JjN2M0YzAiOnsiY3JlYXRlIjoxODAwMDAwMDAwMDAwLCJkZWxldGUiOjE4MDAwMDAwMDAwMDAsInVwZGF0ZSI6MTgwMDAwMDAwMDAwMH19",
          "dependencies": [
            "module.vms.data.openstack_networking_network_v2.existing",
            "module.vms.openstack_blockstorage_volume_v3.boot_volumes"
          ]
        },
        {
          "index_key": "web2",
          "schema_version": 0,
          "attributes": {
            "access_ip_v4": "10.0.0.105",
            "access_ip_v6": "",
            "admin_pass": null,
            "all_metadata": {
              "environment": "dev"
            },
            "all_tags": [],
            "availability_zone": "nova",
            "availability_zone_hints": null,
            "block_device": [],
            "config_drive": null,
            "created": "2025-11-28 15:50:01 +0000 UTC",
            "flavor_id": "4",
            "flavor_name": "m1.large",
            "floating_ip": null,
            "force_delete": false,
            "id": "0488f589-0ed3-4712-830f-803579d6e9d6",
            "image_id": "ffa49bc6-3dc4-4da9-beac-dad078d6e71e",
            "image_name": "ubuntu",
            "key_pair": "test",
            "metadata": {
              "environment": "dev"
            },
            "name": "wazuh-master-1",
            "network": [
              {
                "access_network": false,
                "fixed_ip_v4": "10.0.0.105",
                "fixed_ip_v6": "",
                "floating_ip": "",
                "mac": "fa:16:3e:c6:50:2a",
                "name": "terraform",
                "port": "",
                "uuid": "1a504e6d-2944-4567-9bdd-327209998c45"
              }
            ],
            "network_mode": null,
            "personality": [],
            "power_state": "active",
            "region": "RegionOne",
            "scheduler_hints": [],
            "security_groups": [
              "default"
            ],
            "stop_before_destroy": false,
            "tags": [],
            "timeouts": null,
            "updated": "2025-11-28 15:50:17 +0000 UTC",
            "user_data": "c988166c5b09efe7029ba381a449b3a0f50b7495",
            "vendor_options": [],
            "volume": []
          },
          "sensitive_attributes": [
            [
              {
                "type": "get_attr",
                "value": "admin_pass"
              }
            ]
          ],
          "identity_schema_version": 0,
          "private": "eyJlMmJmYjczMC1lY2FhLTExZTYtOGY4OC0zNDM2M2JjN2M0YzAiOnsiY3JlYXRlIjoxODAwMDAwMDAwMDAwLCJkZWxldGUiOjE4MDAwMDAwMDAwMDAsInVwZGF0ZSI6MTgwMDAwMDAwMDAwMH19",
          "dependencies": [
            "module.vms.data.openstack_networking_network_v2.existing",
            "module.vms.openstack_blockstorage_volume_v3.boot_volumes"
          ]
        },
        {
          "index_key": "web3",
          "schema_version": 0,
          "attributes": {
            "access_ip_v4": "10.0.0.250",
            "access_ip_v6": "",
            "admin_pass": null,
            "all_metadata": {
              "environment": "dev"
            },
            "all_tags": [],
            "availability_zone": "nova",
            "availability_zone_hints": null,
            "block_device": [],
            "config_drive": null,
            "created": "2025-11-28 15:50:02 +0000 UTC",
            "flavor_id": "4",
            "flavor_name": "m1.large",
            "floating_ip": null,
            "force_delete": false,
            "id": "518169fd-47ac-4b9e-b4c8-4867f41a0330",
            "image_id": "ffa49bc6-3dc4-4da9-beac-dad078d6e71e",
            "image_name": "ubuntu",
            "key_pair": "test",
            "metadata": {
              "environment": "dev"
            },
            "name": "wazuh-worker-1",
            "network": [
              {
                "access_network": false,
                "fixed_ip_v4": "10.0.0.250",
                "fixed_ip_v6": "",
                "floating_ip": "",
                "mac": "fa:16:3e:13:ad:83",
                "name": "terraform",
                "port": "",
                "uuid": "1a504e6d-2944-4567-9bdd-327209998c45"
              }
            ],
            "network_mode": null,
            "personality": [],
            "power_state": "active",
            "region": "RegionOne",
            "scheduler_hints": [],
            "security_groups": [
              "default"
            ],
            "stop_before_destroy": false,
            "tags": [],
            "timeouts": null,
            "updated": "2025-11-28 15:50:22 +0000 UTC",
            "user_data": "c988166c5b09efe7029ba381a449b3a0f50b7495",
            "vendor_options": [],
            "volume": []
          },
          "sensitive_attributes": [
            [
              {
                "type": "get_attr",
                "value": "admin_pass"
              }
            ]
          ],
          "identity_schema_version": 0,
          "private": "eyJlMmJmYjczMC1lY2FhLTExZTYtOGY4OC0zNDM2M2JjN2M0YzAiOnsiY3JlYXRlIjoxODAwMDAwMDAwMDAwLCJkZWxldGUiOjE4MDAwMDAwMDAwMDAsInVwZGF0ZSI6MTgwMDAwMDAwMDAwMH19",
          "dependencies": [
            "module.vms.data.openstack_networking_network_v2.existing",
            "module.vms.openstack_blockstorage_volume_v3.boot_volumes"
          ]
        },
        {
          "index_key": "web4",
          "schema_version": 0,
          "attributes": {
            "access_ip_v4": "10.0.0.20",
            "access_ip_v6": "",
            "admin_pass": null,
            "all_metadata": {
              "environment": "dev"
            },
            "all_tags": [],
            "availability_zone": "nova",
            "availability_zone_hints": null,
            "block_device": [],
            "config_drive": null,
            "created": "2025-11-28 15:50:01 +0000 UTC",
            "flavor_id": "4",
            "flavor_name": "m1.large",
            "floating_ip": null,
            "force_delete": false,
            "id": "01fc679c-add2-4d71-bdee-6c7be9427cdd",
            "image_id": "ffa49bc6-3dc4-4da9-beac-dad078d6e71e",
            "image_name": "ubuntu",
            "key_pair": "test",
            "metadata": {
              "environment": "dev"
            },
            "name": "wazuh-worker-2",
            "network": [
              {
                "access_network": false,
                "fixed_ip_v4": "10.0.0.20",
                "fixed_ip_v6": "",
                "floating_ip": "",
                "mac": "fa:16:3e:00:71:cc",
                "name": "terraform",
                "port": "",
                "uuid": "1a504e6d-2944-4567-9bdd-327209998c45"
              }
            ],
            "network_mode": null,
            "personality": [],
            "power_state": "active",
            "region": "RegionOne",
            "scheduler_hints": [],
            "security_groups": [
              "default"
            ],
            "stop_before_destroy": false,
            "tags": [],
            "timeouts": null,
            "updated": "2025-11-28 15:50:15 +0000 UTC",
            "user_data": "c988166c5b09efe7029ba381a449b3a0f50b7495",
            "vendor_options": [],
            "volume": []
          },
          "sensitive_attributes": [
            [
              {
                "type": "get_attr",
                "value": "admin_pass"
              }
            ]
          ],
          "identity_schema_version": 0,
          "private": "eyJlMmJmYjczMC1lY2FhLTExZTYtOGY4OC0zNDM2M2JjN2M0YzAiOnsiY3JlYXRlIjoxODAwMDAwMDAwMDAwLCJkZWxldGUiOjE4MDAwMDAwMDAwMDAsInVwZGF0ZSI6MTgwMDAwMDAwMDAwMH19",
          "dependencies": [
            "module.vms.data.openstack_networking_network_v2.existing",
            "module.vms.openstack_blockstorage_volume_v3.boot_volumes"
          ]
        },
        {
          "index_key": "web8",
          "schema_version": 0,
          "attributes": {
            "access_ip_v4": "10.0.0.191",
            "access_ip_v6": "",
            "admin_pass": null,
            "all_metadata": {
              "environment": "dev"
            },
            "all_tags": [],
            "availability_zone": "nova",
            "availability_zone_hints": null,
            "block_device": [
              {
                "boot_index": 0,
                "delete_on_termination": false,
                "destination_type": "volume",
                "device_type": "",
                "disk_bus": "",
                "guest_format": "",
                "multiattach": false,
                "source_type": "volume",
                "uuid": "4bc83aaa-49c5-4868-8024-682338de87f3",
                "volume_size": 0,
                "volume_type": ""
              }
            ],
            "config_drive": null,
            "created": "2025-11-29 03:19:31 +0000 UTC",
            "flavor_id": "4",
            "flavor_name": "m1.large",
            "floating_ip": null,
            "force_delete": false,
            "id": "aeb0d921-835a-4619-941b-b1d97907b25c",
            "image_id": "Attempt to boot from volume - no image supplied",
            "image_name": null,
            "key_pair": "test",
            "metadata": {
              "environment": "dev"
            },
            "name": "wazuh",
            "network": [
              {
                "access_network": false,
                "fixed_ip_v4": "10.0.0.191",
                "fixed_ip_v6": "",
                "floating_ip": "",
                "mac": "fa:16:3e:30:63:89",
                "name": "terraform",
                "port": "",
                "uuid": "1a504e6d-2944-4567-9bdd-327209998c45"
              }
            ],
            "network_mode": null,
            "personality": [],
            "power_state": "active",
            "region": "RegionOne",
            "scheduler_hints": [],
            "security_groups": [
              "default"
            ],
            "stop_before_destroy": false,
            "tags": [],
            "timeouts": null,
            "updated": "2025-11-29 03:19:46 +0000 UTC",
            "user_data": "c988166c5b09efe7029ba381a449b3a0f50b7495",
            "vendor_options": [],
            "volume": []
          },
          "sensitive_attributes": [
            [
              {
                "type": "get_attr",
                "value": "admin_pass"
              }
            ]
          ],
          "identity_schema_version": 0,
          "private": "eyJlMmJmYjczMC1lY2FhLTExZTYtOGY4OC0zNDM2M2JjN2M0YzAiOnsiY3JlYXRlIjoxODAwMDAwMDAwMDAwLCJkZWxldGUiOjE4MDAwMDAwMDAwMDAsInVwZGF0ZSI6MTgwMDAwMDAwMDAwMH19",
          "dependencies": [
            "module.vms.data.openstack_networking_network_v2.existing",
            "module.vms.openstack_blockstorage_volume_v3.boot_volumes"
          ]
        },
        {
          "index_key": "web9",
          "schema_version": 0,
          "attributes": {
            "access_ip_v4": "10.0.0.35",
            "access_ip_v6": "",
            "admin_pass": null,
            "all_metadata": {
              "environment": "dev"
            },
            "all_tags": [],
            "availability_zone": "nova",
            "availability_zone_hints": null,
            "block_device": [
              {
                "boot_index": 0,
                "delete_on_termination": false,
                "destination_type": "volume",
                "device_type": "",
                "disk_bus": "",
                "guest_format": "",
                "multiattach": false,
                "source_type": "volume",
                "uuid": "2bd3bc52-63b2-4d3c-9ca6-19328043add8",
                "volume_size": 0,
                "volume_type": ""
              }
            ],
            "config_drive": null,
            "created": "2025-11-29 03:31:24 +0000 UTC",
            "flavor_id": "4",
            "flavor_name": "m1.large",
            "floating_ip": null,
            "force_delete": false,
            "id": "2bdaddc0-bb2e-43e3-b3df-3022540b936c",
            "image_id": "Attempt to boot from volume - no image supplied",
            "image_name": null,
            "key_pair": "test",
            "metadata": {
              "environment": "dev"
            },
            "name": "wazuh-2",
            "network": [
              {
                "access_network": false,
                "fixed_ip_v4": "10.0.0.35",
                "fixed_ip_v6": "",
                "floating_ip": "",
                "mac": "fa:16:3e:9c:13:0c",
                "name": "terraform",
                "port": "",
                "uuid": "1a504e6d-2944-4567-9bdd-327209998c45"
              }
            ],
            "network_mode": null,
            "personality": [],
            "power_state": "active",
            "region": "RegionOne",
            "scheduler_hints": [],
            "security_groups": [
              "default"
            ],
            "stop_before_destroy": false,
            "tags": [],
            "timeouts": null,
            "updated": "2025-11-29 03:31:39 +0000 UTC",
            "user_data": "c988166c5b09efe7029ba381a449b3a0f50b7495",
            "vendor_options": [],
            "volume": []
          },
          "sensitive_attributes": [
            [
              {
                "type": "get_attr",
                "value": "admin_pass"
              }
            ]
          ],
          "identity_schema_version": 0,
          "private": "eyJlMmJmYjczMC1lY2FhLTExZTYtOGY4OC0zNDM2M2JjN2M0YzAiOnsiY3JlYXRlIjoxODAwMDAwMDAwMDAwLCJkZWxldGUiOjE4MDAwMDAwMDAwMDAsInVwZGF0ZSI6MTgwMDAwMDAwMDAwMH19",
          "dependencies": [
            "module.vms.data.openstack_networking_network_v2.existing",
            "module.vms.openstack_blockstorage_volume_v3.boot_volumes"
          ]
        }
      ]
    },
    {
      "module": "module.vms",
      "mode": "managed",
      "type": "openstack_compute_volume_attach_v2",
      "name": "attach_data",
      "provider": "provider[\"registry.terraform.io/terraform-provider-openstack/openstack\"]",
      "instances": [
        {
          "index_key": "web1-data-0",
          "schema_version": 0,
          "attributes": {
            "device": "/dev/vdb",
            "id": "d41c754a-801b-40c8-9e33-87a629edd4d7/ae553b45-a8f9-4502-a782-4503d6d1837b",
            "instance_id": "d41c754a-801b-40c8-9e33-87a629edd4d7",
            "multiattach": null,
            "region": "RegionOne",
            "timeouts": null,
            "vendor_options": [],
            "volume_id": "ae553b45-a8f9-4502-a782-4503d6d1837b"
          },
          "sensitive_attributes": [],
          "identity_schema_version": 0,
          "private": "eyJlMmJmYjczMC1lY2FhLTExZTYtOGY4OC0zNDM2M2JjN2M0YzAiOnsiY3JlYXRlIjo2MDAwMDAwMDAwMDAsImRlbGV0ZSI6NjAwMDAwMDAwMDAwfX0="
        },
        {
          "index_key": "web2",
          "schema_version": 0,
          "attributes": {
            "device": "/dev/vdb",
            "id": "0488f589-0ed3-4712-830f-803579d6e9d6/7442c778-11bc-4111-b081-b865d6d94d96",
            "instance_id": "0488f589-0ed3-4712-830f-803579d6e9d6",
            "multiattach": null,
            "region": "RegionOne",
            "timeouts": null,
            "vendor_options": [],
            "volume_id": "7442c778-11bc-4111-b081-b865d6d94d96"
          },
          "sensitive_attributes": [],
          "identity_schema_version": 0,
          "private": "eyJlMmJmYjczMC1lY2FhLTExZTYtOGY4OC0zNDM2M2JjN2M0YzAiOnsiY3JlYXRlIjo2MDAwMDAwMDAwMDAsImRlbGV0ZSI6NjAwMDAwMDAwMDAwfX0="
        },
        {
          "index_key": "web3",
          "schema_version": 0,
          "attributes": {
            "device": "/dev/vdb",
            "id": "518169fd-47ac-4b9e-b4c8-4867f41a0330/58ac027e-01e8-4865-a377-4c471003bd26",
            "instance_id": "518169fd-47ac-4b9e-b4c8-4867f41a0330",
            "multiattach": null,
            "region": "RegionOne",
            "timeouts": null,
            "vendor_options": [],
            "volume_id": "58ac027e-01e8-4865-a377-4c471003bd26"
          },
          "sensitive_attributes": [],
          "identity_schema_version": 0,
          "private": "eyJlMmJmYjczMC1lY2FhLTExZTYtOGY4OC0zNDM2M2JjN2M0YzAiOnsiY3JlYXRlIjo2MDAwMDAwMDAwMDAsImRlbGV0ZSI6NjAwMDAwMDAwMDAwfX0="
        },
        {
          "index_key": "web4",
          "schema_version": 0,
          "attributes": {
            "device": "/dev/vdb",
            "id": "01fc679c-add2-4d71-bdee-6c7be9427cdd/84bb97aa-140c-4d8a-b65f-103280b0dacb",
            "instance_id": "01fc679c-add2-4d71-bdee-6c7be9427cdd",
            "multiattach": null,
            "region": "RegionOne",
            "timeouts": null,
            "vendor_options": [],
            "volume_id": "84bb97aa-140c-4d8a-b65f-103280b0dacb"
          },
          "sensitive_attributes": [],
          "identity_schema_version": 0,
          "private": "eyJlMmJmYjczMC1lY2FhLTExZTYtOGY4OC0zNDM2M2JjN2M0YzAiOnsiY3JlYXRlIjo2MDAwMDAwMDAwMDAsImRlbGV0ZSI6NjAwMDAwMDAwMDAwfX0="
        },
        {
          "index_key": "web8",
          "schema_version": 0,
          "attributes": {
            "device": "/dev/vdb",
            "id": "aeb0d921-835a-4619-941b-b1d97907b25c/1011e028-6cc9-4824-9c1f-e7669975491c",
            "instance_id": "aeb0d921-835a-4619-941b-b1d97907b25c",
            "multiattach": null,
            "region": "RegionOne",
            "timeouts": null,
            "vendor_options": [],
            "volume_id": "1011e028-6cc9-4824-9c1f-e7669975491c"
          },
          "sensitive_attributes": [],
          "identity_schema_version": 0,
          "private": "eyJlMmJmYjczMC1lY2FhLTExZTYtOGY4OC0zNDM2M2JjN2M0YzAiOnsiY3JlYXRlIjo2MDAwMDAwMDAwMDAsImRlbGV0ZSI6NjAwMDAwMDAwMDAwfX0="
        },
        {
          "index_key": "web9",
          "schema_version": 0,
          "attributes": {
            "device": "/dev/vdb",
            "id": "2bdaddc0-bb2e-43e3-b3df-3022540b936c/e57801f1-f785-4b7f-96be-0f2b0dc59609",
            "instance_id": "2bdaddc0-bb2e-43e3-b3df-3022540b936c",
            "multiattach": null,
            "region": "RegionOne",
            "timeouts": null,
            "vendor_options": [],
            "volume_id": "e57801f1-f785-4b7f-96be-0f2b0dc59609"
          },
          "sensitive_attributes": [],
          "identity_schema_version": 0,
          "private": "eyJlMmJmYjczMC1lY2FhLTExZTYtOGY4OC0zNDM2M2JjN2M0YzAiOnsiY3JlYXRlIjo2MDAwMDAwMDAwMDAsImRlbGV0ZSI6NjAwMDAwMDAwMDAwfX0="
        }
      ]
    },
    {
      "module": "module.vms",
      "mode": "managed",
      "type": "openstack_networking_floatingip_v2",
      "name": "fips",
      "provider": "provider[\"registry.terraform.io/terraform-provider-openstack/openstack\"]",
      "instances": [
        {
          "index_key": "web1",
          "schema_version": 0,
          "attributes": {
            "address": "172.20.1.70",
            "all_tags": [],
            "description": "",
            "dns_domain": "",
            "dns_name": "",
            "fixed_ip": "10.0.0.15",
            "id": "2f50e38e-b6c2-4280-b6d6-ec9fd1b3e3c2",
            "pool": "public1",
            "port_id": "1930d32d-786b-4d5f-9a27-54bad4135398",
            "region": "RegionOne",
            "subnet_id": null,
            "subnet_ids": null,
            "tags": [],
            "tenant_id": "fc70748921aa4265ad13c5d6f42d2574",
            "timeouts": null,
            "value_specs": null
          },
          "sensitive_attributes": [],
          "identity_schema_version": 0,
          "private": "eyJlMmJmYjczMC1lY2FhLTExZTYtOGY4OC0zNDM2M2JjN2M0YzAiOnsiY3JlYXRlIjo2MDAwMDAwMDAwMDAsImRlbGV0ZSI6NjAwMDAwMDAwMDAwfX0=",
          "dependencies": [
            "module.vms.data.openstack_networking_network_v2.external"
          ]
        },
        {
          "index_key": "web8",
          "schema_version": 0,
          "attributes": {
            "address": "172.20.1.58",
            "all_tags": [],
            "description": "",
            "dns_domain": "",
            "dns_name": "",
            "fixed_ip": "10.0.0.191",
            "id": "fa4759d7-7fe2-430c-b445-97f9f089bc2b",
            "pool": "public1",
            "port_id": "1bc120df-de89-40ff-8d7f-f01ef2bd01da",
            "region": "RegionOne",
            "subnet_id": null,
            "subnet_ids": null,
            "tags": [],
            "tenant_id": "fc70748921aa4265ad13c5d6f42d2574",
            "timeouts": null,
            "value_specs": null
          },
          "sensitive_attributes": [],
          "identity_schema_version": 0,
          "private": "eyJlMmJmYjczMC1lY2FhLTExZTYtOGY4OC0zNDM2M2JjN2M0YzAiOnsiY3JlYXRlIjo2MDAwMDAwMDAwMDAsImRlbGV0ZSI6NjAwMDAwMDAwMDAwfX0=",
          "dependencies": [
            "module.vms.data.openstack_networking_network_v2.external"
          ]
        },
        {
          "index_key": "web9",
          "schema_version": 0,
          "attributes": {
            "address": "172.20.1.42",
            "all_tags": [],
            "description": "",
            "dns_domain": "",
            "dns_name": "",
            "fixed_ip": "10.0.0.35",
            "id": "9bc251a8-9197-47ca-99be-cad12e6cbc24",
            "pool": "public1",
            "port_id": "10c42ecd-4385-4ce0-8c62-58af5562e5c9",
            "region": "RegionOne",
            "subnet_id": null,
            "subnet_ids": null,
            "tags": [],
            "tenant_id": "fc70748921aa4265ad13c5d6f42d2574",
            "timeouts": null,
            "value_specs": null
          },
          "sensitive_attributes": [],
          "identity_schema_version": 0,
          "private": "eyJlMmJmYjczMC1lY2FhLTExZTYtOGY4OC0zNDM2M2JjN2M0YzAiOnsiY3JlYXRlIjo2MDAwMDAwMDAwMDAsImRlbGV0ZSI6NjAwMDAwMDAwMDAwfX0=",
          "dependencies": [
            "module.vms.data.openstack_networking_network_v2.external"
          ]
        }
      ]
    }
  ],
  "check_results": [
    {
      "object_kind": "var",
      "config_addr": "module.vms.var.vms",
      "status": "pass",
      "objects": [
        {
          "object_addr": "module.vms.var.vms",
          "status": "pass"
        }
      ]
    }
  ]
}
