{
  "version": 4,
  "terraform_version": "1.13.3",
  "serial": 118,
  "lineage": "7601525b-87f7-014f-794e-12360699b6a3",
  "outputs": {
    "dev_vm_fips": {
      "value": {
        "web1": "172.20.0.182",
        "web2": "172.20.0.194",
        "web3": "172.20.0.197"
      },
      "type": [
        "object",
        {
          "web1": "string",
          "web2": "string",
          "web3": "string"
        }
      ]
    },
    "dev_volumes": {
      "value": {
        "web1": {
          "id": "91fb6019-8f7c-4443-8c3f-154b3b1cbd0b",
          "name": "dev-web-1-volume",
          "size": 15
        },
        "web2": {
          "id": "c6e488d8-b76c-4b5f-9d89-83b7a20893e5",
          "name": "dev-web-2-volume",
          "size": 30
        },
        "web3": {
          "id": "47a5a3b1-4de3-427a-a853-64bd453b5509",
          "name": "dev-web-3-volume",
          "size": 20
        }
      },
      "type": [
        "object",
        {
          "web1": [
            "object",
            {
              "id": "string",
              "name": "string",
              "size": "number"
            }
          ],
          "web2": [
            "object",
            {
              "id": "string",
              "name": "string",
              "size": "number"
            }
          ],
          "web3": [
            "object",
            {
              "id": "string",
              "name": "string",
              "size": "number"
            }
          ]
        }
      ]
    }
  },
  "resources": [
    {
      "module": "module.vms",
      "mode": "data",
      "type": "openstack_networking_network_v2",
      "name": "existing",
      "provider": "provider[\"registry.terraform.io/terraform-provider-openstack/openstack\"]",
      "instances": [
        {
          "schema_version": 0,
          "attributes": {
            "admin_state_up": "true",
            "all_tags": [],
            "availability_zone_hints": [],
            "description": "",
            "dns_domain": "",
            "external": false,
            "id": "d4904aab-8a3f-4eb2-8db1-e6027bbc0efd",
            "matching_subnet_cidr": null,
            "mtu": 1450,
            "name": "test-user",
            "network_id": null,
            "region": "RegionOne",
            "segments": [],
            "shared": "false",
            "status": null,
            "subnets": [
              "041d6b00-a416-44b5-8c32-4fa90b563485"
            ],
            "tags": null,
            "tenant_id": "fc70748921aa4265ad13c5d6f42d2574",
            "transparent_vlan": false
          },
          "sensitive_attributes": [],
          "identity_schema_version": 0
        }
      ]
    },
    {
      "module": "module.vms",
      "mode": "data",
      "type": "openstack_networking_network_v2",
      "name": "external",
      "provider": "provider[\"registry.terraform.io/terraform-provider-openstack/openstack\"]",
      "instances": [
        {
          "schema_version": 0,
          "attributes": {
            "admin_state_up": "true",
            "all_tags": [],
            "availability_zone_hints": [],
            "description": "",
            "dns_domain": "",
            "external": true,
            "id": "5f5966e5-684f-4221-904d-0d0018620959",
            "matching_subnet_cidr": null,
            "mtu": 1500,
            "name": "public1",
            "network_id": null,
            "region": "RegionOne",
            "segments": [],
            "shared": "false",
            "status": null,
            "subnets": [
              "a0698778-aa5c-4629-890a-18448f54b4e5"
            ],
            "tags": null,
            "tenant_id": "15b9c9b9c8fe4dae9789ca3ffea6aaac",
            "transparent_vlan": false
          },
          "sensitive_attributes": [],
          "identity_schema_version": 0
        }
      ]
    },
    {
      "module": "module.vms",
      "mode": "managed",
      "type": "openstack_blockstorage_volume_v3",
      "name": "volumes",
      "provider": "provider[\"registry.terraform.io/terraform-provider-openstack/openstack\"]",
      "instances": [
        {
          "index_key": "web1",
          "schema_version": 0,
          "attributes": {
            "attachment": [
              {
                "device": "/dev/vdb",
                "id": "91fb6019-8f7c-4443-8c3f-154b3b1cbd0b",
                "instance_id": "7b7403fb-7f32-4725-a9eb-d05848f9ede6"
              }
            ],
            "availability_zone": "nova",
            "consistency_group_id": null,
            "description": "Attached volume for dev-web-1",
            "enable_online_resize": null,
            "id": "91fb6019-8f7c-4443-8c3f-154b3b1cbd0b",
            "image_id": null,
            "metadata": {},
            "multiattach": null,
            "name": "dev-web-1-volume",
            "region": "RegionOne",
            "scheduler_hints": [],
            "size": 15,
            "snapshot_id": "",
            "source_replica": null,
            "source_vol_id": "",
            "timeouts": null,
            "volume_type": "__DEFAULT__"
          },
          "sensitive_attributes": [],
          "identity_schema_version": 0,
          "private": "eyJlMmJmYjczMC1lY2FhLTExZTYtOGY4OC0zNDM2M2JjN2M0YzAiOnsiY3JlYXRlIjo2MDAwMDAwMDAwMDAsImRlbGV0ZSI6NjAwMDAwMDAwMDAwfX0="
        },
        {
          "index_key": "web2",
          "schema_version": 0,
          "attributes": {
            "attachment": [
              {
                "device": "/dev/vdb",
                "id": "c6e488d8-b76c-4b5f-9d89-83b7a20893e5",
                "instance_id": "adc9ca32-6c58-4e1d-81c8-e11bcf410c13"
              }
            ],
            "availability_zone": "nova",
            "consistency_group_id": null,
            "description": "Attached volume for dev-web-2",
            "enable_online_resize": null,
            "id": "c6e488d8-b76c-4b5f-9d89-83b7a20893e5",
            "image_id": null,
            "metadata": {},
            "multiattach": null,
            "name": "dev-web-2-volume",
            "region": "RegionOne",
            "scheduler_hints": [],
            "size": 30,
            "snapshot_id": "",
            "source_replica": null,
            "source_vol_id": "",
            "timeouts": null,
            "volume_type": "__DEFAULT__"
          },
          "sensitive_attributes": [],
          "identity_schema_version": 0,
          "private": "eyJlMmJmYjczMC1lY2FhLTExZTYtOGY4OC0zNDM2M2JjN2M0YzAiOnsiY3JlYXRlIjo2MDAwMDAwMDAwMDAsImRlbGV0ZSI6NjAwMDAwMDAwMDAwfX0="
        },
        {
          "index_key": "web3",
          "schema_version": 0,
          "attributes": {
            "attachment": [
              {
                "device": "/dev/vdb",
                "id": "47a5a3b1-4de3-427a-a853-64bd453b5509",
                "instance_id": "dedc1e92-0a34-46e6-ba2b-2a1672bf32c0"
              }
            ],
            "availability_zone": "nova",
            "consistency_group_id": null,
            "description": "Attached volume for dev-web-3",
            "enable_online_resize": null,
            "id": "47a5a3b1-4de3-427a-a853-64bd453b5509",
            "image_id": null,
            "metadata": {},
            "multiattach": null,
            "name": "dev-web-3-volume",
            "region": "RegionOne",
            "scheduler_hints": [],
            "size": 20,
            "snapshot_id": "",
            "source_replica": null,
            "source_vol_id": "",
            "timeouts": null,
            "volume_type": "__DEFAULT__"
          },
          "sensitive_attributes": [],
          "identity_schema_version": 0,
          "private": "eyJlMmJmYjczMC1lY2FhLTExZTYtOGY4OC0zNDM2M2JjN2M0YzAiOnsiY3JlYXRlIjo2MDAwMDAwMDAwMDAsImRlbGV0ZSI6NjAwMDAwMDAwMDAwfX0="
        }
      ]
    },
    {
      "module": "module.vms",
      "mode": "managed",
      "type": "openstack_compute_floatingip_associate_v2",
      "name": "fip_assoc",
      "provider": "provider[\"registry.terraform.io/terraform-provider-openstack/openstack\"]",
      "instances": [
        {
          "index_key": "web1",
          "schema_version": 0,
          "attributes": {
            "fixed_ip": "",
            "floating_ip": "172.20.0.182",
            "id": "172.20.0.182/7b7403fb-7f32-4725-a9eb-d05848f9ede6/",
            "instance_id": "7b7403fb-7f32-4725-a9eb-d05848f9ede6",
            "region": "RegionOne",
            "timeouts": null,
            "wait_until_associated": null
          },
          "sensitive_attributes": [],
          "identity_schema_version": 0,
          "private": "eyJlMmJmYjczMC1lY2FhLTExZTYtOGY4OC0zNDM2M2JjN2M0YzAiOnsiY3JlYXRlIjo2MDAwMDAwMDAwMDB9fQ==",
          "dependencies": [
            "module.vms.data.openstack_networking_network_v2.existing",
            "module.vms.data.openstack_networking_network_v2.external",
            "module.vms.openstack_compute_instance_v2.vms",
            "module.vms.openstack_networking_floatingip_v2.fips"
          ]
        },
        {
          "index_key": "web2",
          "schema_version": 0,
          "attributes": {
            "fixed_ip": "",
            "floating_ip": "172.20.0.194",
            "id": "172.20.0.194/adc9ca32-6c58-4e1d-81c8-e11bcf410c13/",
            "instance_id": "adc9ca32-6c58-4e1d-81c8-e11bcf410c13",
            "region": "RegionOne",
            "timeouts": null,
            "wait_until_associated": null
          },
          "sensitive_attributes": [],
          "identity_schema_version": 0,
          "private": "eyJlMmJmYjczMC1lY2FhLTExZTYtOGY4OC0zNDM2M2JjN2M0YzAiOnsiY3JlYXRlIjo2MDAwMDAwMDAwMDB9fQ==",
          "dependencies": [
            "module.vms.data.openstack_networking_network_v2.existing",
            "module.vms.data.openstack_networking_network_v2.external",
            "module.vms.openstack_compute_instance_v2.vms",
            "module.vms.openstack_networking_floatingip_v2.fips"
          ]
        },
        {
          "index_key": "web3",
          "schema_version": 0,
          "attributes": {
            "fixed_ip": "",
            "floating_ip": "172.20.0.197",
            "id": "172.20.0.197/dedc1e92-0a34-46e6-ba2b-2a1672bf32c0/",
            "instance_id": "dedc1e92-0a34-46e6-ba2b-2a1672bf32c0",
            "region": "RegionOne",
            "timeouts": null,
            "wait_until_associated": null
          },
          "sensitive_attributes": [],
          "identity_schema_version": 0,
          "private": "eyJlMmJmYjczMC1lY2FhLTExZTYtOGY4OC0zNDM2M2JjN2M0YzAiOnsiY3JlYXRlIjo2MDAwMDAwMDAwMDB9fQ==",
          "dependencies": [
            "module.vms.data.openstack_networking_network_v2.existing",
            "module.vms.data.openstack_networking_network_v2.external",
            "module.vms.openstack_compute_instance_v2.vms",
            "module.vms.openstack_networking_floatingip_v2.fips"
          ]
        }
      ]
    },
    {
      "module": "module.vms",
      "mode": "managed",
      "type": "openstack_compute_instance_v2",
      "name": "vms",
      "provider": "provider[\"registry.terraform.io/terraform-provider-openstack/openstack\"]",
      "instances": [
        {
          "index_key": "web1",
          "schema_version": 0,
          "attributes": {
            "access_ip_v4": "192.168.200.49",
            "access_ip_v6": "",
            "admin_pass": null,
            "all_metadata": {
              "environment": "dev"
            },
            "all_tags": [],
            "availability_zone": "nova",
            "availability_zone_hints": null,
            "block_device": [],
            "config_drive": null,
            "created": "2025-10-16 11:03:30 +0000 UTC",
            "flavor_id": "3",
            "flavor_name": "m1.medium",
            "floating_ip": null,
            "force_delete": false,
            "id": "7b7403fb-7f32-4725-a9eb-d05848f9ede6",
            "image_id": "5df00ab6-70f8-42b6-a4ff-4ddebd14e80c",
            "image_name": "xubuntu",
            "key_pair": "test",
            "metadata": {
              "environment": "dev"
            },
            "name": "dev-web-1",
            "network": [
              {
                "access_network": false,
                "fixed_ip_v4": "192.168.200.49",
                "fixed_ip_v6": "",
                "floating_ip": "",
                "mac": "fa:16:3e:7a:9d:7e",
                "name": "test-user",
                "port": "",
                "uuid": "d4904aab-8a3f-4eb2-8db1-e6027bbc0efd"
              }
            ],
            "network_mode": null,
            "personality": [],
            "power_state": "active",
            "region": "RegionOne",
            "scheduler_hints": [],
            "security_groups": [
              "default"
            ],
            "stop_before_destroy": false,
            "tags": [],
            "timeouts": null,
            "updated": "2025-10-16 11:03:42 +0000 UTC",
            "user_data": "845c42fb13a9cd2845696aa1726c5cc31cce1d5b",
            "vendor_options": [],
            "volume": []
          },
          "sensitive_attributes": [
            [
              {
                "type": "get_attr",
                "value": "admin_pass"
              }
            ]
          ],
          "identity_schema_version": 0,
          "private": "eyJlMmJmYjczMC1lY2FhLTExZTYtOGY4OC0zNDM2M2JjN2M0YzAiOnsiY3JlYXRlIjoxODAwMDAwMDAwMDAwLCJkZWxldGUiOjE4MDAwMDAwMDAwMDAsInVwZGF0ZSI6MTgwMDAwMDAwMDAwMH19",
          "dependencies": [
            "module.vms.data.openstack_networking_network_v2.existing"
          ]
        },
        {
          "index_key": "web2",
          "schema_version": 0,
          "attributes": {
            "access_ip_v4": "192.168.200.107",
            "access_ip_v6": "",
            "admin_pass": null,
            "all_metadata": {
              "environment": "dev"
            },
            "all_tags": [],
            "availability_zone": "nova",
            "availability_zone_hints": null,
            "block_device": [],
            "config_drive": null,
            "created": "2025-10-16 11:06:36 +0000 UTC",
            "flavor_id": "3",
            "flavor_name": "m1.medium",
            "floating_ip": null,
            "force_delete": false,
            "id": "adc9ca32-6c58-4e1d-81c8-e11bcf410c13",
            "image_id": "6129d0de-38fe-41f2-abdf-d371fb658d47",
            "image_name": "Ubuntu-desktop",
            "key_pair": "test",
            "metadata": {
              "environment": "dev"
            },
            "name": "dev-web-2",
            "network": [
              {
                "access_network": false,
                "fixed_ip_v4": "192.168.200.107",
                "fixed_ip_v6": "",
                "floating_ip": "",
                "mac": "fa:16:3e:df:80:a9",
                "name": "test-user",
                "port": "",
                "uuid": "d4904aab-8a3f-4eb2-8db1-e6027bbc0efd"
              }
            ],
            "network_mode": null,
            "personality": [],
            "power_state": "active",
            "region": "RegionOne",
            "scheduler_hints": [],
            "security_groups": [
              "default"
            ],
            "stop_before_destroy": false,
            "tags": [],
            "timeouts": null,
            "updated": "2025-10-16 11:40:35 +0000 UTC",
            "user_data": "845c42fb13a9cd2845696aa1726c5cc31cce1d5b",
            "vendor_options": [],
            "volume": []
          },
          "sensitive_attributes": [
            [
              {
                "type": "get_attr",
                "value": "admin_pass"
              }
            ]
          ],
          "identity_schema_version": 0,
          "private": "eyJlMmJmYjczMC1lY2FhLTExZTYtOGY4OC0zNDM2M2JjN2M0YzAiOnsiY3JlYXRlIjoxODAwMDAwMDAwMDAwLCJkZWxldGUiOjE4MDAwMDAwMDAwMDAsInVwZGF0ZSI6MTgwMDAwMDAwMDAwMH19",
          "dependencies": [
            "module.vms.data.openstack_networking_network_v2.existing"
          ]
        },
        {
          "index_key": "web3",
          "schema_version": 0,
          "attributes": {
            "access_ip_v4": "192.168.200.189",
            "access_ip_v6": "",
            "admin_pass": null,
            "all_metadata": {
              "environment": "dev"
            },
            "all_tags": [],
            "availability_zone": "nova",
            "availability_zone_hints": null,
            "block_device": [],
            "config_drive": null,
            "created": "2025-10-16 11:26:36 +0000 UTC",
            "flavor_id": "3",
            "flavor_name": "m1.medium",
            "floating_ip": null,
            "force_delete": false,
            "id": "dedc1e92-0a34-46e6-ba2b-2a1672bf32c0",
            "image_id": "6129d0de-38fe-41f2-abdf-d371fb658d47",
            "image_name": "Ubuntu-desktop",
            "key_pair": "test",
            "metadata": {
              "environment": "dev"
            },
            "name": "dev-web-3",
            "network": [
              {
                "access_network": false,
                "fixed_ip_v4": "192.168.200.189",
                "fixed_ip_v6": "",
                "floating_ip": "",
                "mac": "fa:16:3e:d7:a7:37",
                "name": "test-user",
                "port": "",
                "uuid": "d4904aab-8a3f-4eb2-8db1-e6027bbc0efd"
              }
            ],
            "network_mode": null,
            "personality": [],
            "power_state": "active",
            "region": "RegionOne",
            "scheduler_hints": [],
            "security_groups": [
              "default"
            ],
            "stop_before_destroy": false,
            "tags": [],
            "timeouts": null,
            "updated": "2025-10-16 11:26:48 +0000 UTC",
            "user_data": "845c42fb13a9cd2845696aa1726c5cc31cce1d5b",
            "vendor_options": [],
            "volume": []
          },
          "sensitive_attributes": [
            [
              {
                "type": "get_attr",
                "value": "admin_pass"
              }
            ]
          ],
          "identity_schema_version": 0,
          "private": "eyJlMmJmYjczMC1lY2FhLTExZTYtOGY4OC0zNDM2M2JjN2M0YzAiOnsiY3JlYXRlIjoxODAwMDAwMDAwMDAwLCJkZWxldGUiOjE4MDAwMDAwMDAwMDAsInVwZGF0ZSI6MTgwMDAwMDAwMDAwMH19",
          "dependencies": [
            "module.vms.data.openstack_networking_network_v2.existing"
          ]
        }
      ]
    },
    {
      "module": "module.vms",
      "mode": "managed",
      "type": "openstack_compute_volume_attach_v2",
      "name": "attach",
      "provider": "provider[\"registry.terraform.io/terraform-provider-openstack/openstack\"]",
      "instances": [
        {
          "index_key": "web1",
          "schema_version": 0,
          "attributes": {
            "device": "/dev/vdb",
            "id": "7b7403fb-7f32-4725-a9eb-d05848f9ede6/91fb6019-8f7c-4443-8c3f-154b3b1cbd0b",
            "instance_id": "7b7403fb-7f32-4725-a9eb-d05848f9ede6",
            "multiattach": null,
            "region": "RegionOne",
            "timeouts": null,
            "vendor_options": [],
            "volume_id": "91fb6019-8f7c-4443-8c3f-154b3b1cbd0b"
          },
          "sensitive_attributes": [],
          "identity_schema_version": 0,
          "private": "eyJlMmJmYjczMC1lY2FhLTExZTYtOGY4OC0zNDM2M2JjN2M0YzAiOnsiY3JlYXRlIjo2MDAwMDAwMDAwMDAsImRlbGV0ZSI6NjAwMDAwMDAwMDAwfX0=",
          "dependencies": [
            "module.vms.data.openstack_networking_network_v2.existing",
            "module.vms.openstack_blockstorage_volume_v3.volumes",
            "module.vms.openstack_compute_instance_v2.vms"
          ]
        },
        {
          "index_key": "web2",
          "schema_version": 0,
          "attributes": {
            "device": "/dev/vdb",
            "id": "adc9ca32-6c58-4e1d-81c8-e11bcf410c13/c6e488d8-b76c-4b5f-9d89-83b7a20893e5",
            "instance_id": "adc9ca32-6c58-4e1d-81c8-e11bcf410c13",
            "multiattach": null,
            "region": "RegionOne",
            "timeouts": null,
            "vendor_options": [],
            "volume_id": "c6e488d8-b76c-4b5f-9d89-83b7a20893e5"
          },
          "sensitive_attributes": [],
          "identity_schema_version": 0,
          "private": "eyJlMmJmYjczMC1lY2FhLTExZTYtOGY4OC0zNDM2M2JjN2M0YzAiOnsiY3JlYXRlIjo2MDAwMDAwMDAwMDAsImRlbGV0ZSI6NjAwMDAwMDAwMDAwfX0=",
          "dependencies": [
            "module.vms.data.openstack_networking_network_v2.existing",
            "module.vms.openstack_blockstorage_volume_v3.volumes",
            "module.vms.openstack_compute_instance_v2.vms"
          ]
        },
        {
          "index_key": "web3",
          "schema_version": 0,
          "attributes": {
            "device": "/dev/vdb",
            "id": "dedc1e92-0a34-46e6-ba2b-2a1672bf32c0/47a5a3b1-4de3-427a-a853-64bd453b5509",
            "instance_id": "dedc1e92-0a34-46e6-ba2b-2a1672bf32c0",
            "multiattach": null,
            "region": "RegionOne",
            "timeouts": null,
            "vendor_options": [],
            "volume_id": "47a5a3b1-4de3-427a-a853-64bd453b5509"
          },
          "sensitive_attributes": [],
          "identity_schema_version": 0,
          "private": "eyJlMmJmYjczMC1lY2FhLTExZTYtOGY4OC0zNDM2M2JjN2M0YzAiOnsiY3JlYXRlIjo2MDAwMDAwMDAwMDAsImRlbGV0ZSI6NjAwMDAwMDAwMDAwfX0=",
          "dependencies": [
            "module.vms.data.openstack_networking_network_v2.existing",
            "module.vms.openstack_blockstorage_volume_v3.volumes",
            "module.vms.openstack_compute_instance_v2.vms"
          ]
        }
      ]
    },
    {
      "module": "module.vms",
      "mode": "managed",
      "type": "openstack_networking_floatingip_v2",
      "name": "fips",
      "provider": "provider[\"registry.terraform.io/terraform-provider-openstack/openstack\"]",
      "instances": [
        {
          "index_key": "web1",
          "schema_version": 0,
          "attributes": {
            "address": "172.20.0.182",
            "all_tags": [],
            "description": "",
            "dns_domain": "",
            "dns_name": "",
            "fixed_ip": "192.168.200.49",
            "id": "1ec8c9c7-c92f-48fb-b85d-47bc53617a09",
            "pool": "public1",
            "port_id": "8fdc3772-ff2d-43c1-97de-49291f27309f",
            "region": "RegionOne",
            "subnet_id": null,
            "subnet_ids": null,
            "tags": [],
            "tenant_id": "fc70748921aa4265ad13c5d6f42d2574",
            "timeouts": null,
            "value_specs": null
          },
          "sensitive_attributes": [],
          "identity_schema_version": 0,
          "private": "eyJlMmJmYjczMC1lY2FhLTExZTYtOGY4OC0zNDM2M2JjN2M0YzAiOnsiY3JlYXRlIjo2MDAwMDAwMDAwMDAsImRlbGV0ZSI6NjAwMDAwMDAwMDAwfX0=",
          "dependencies": [
            "module.vms.data.openstack_networking_network_v2.external"
          ]
        },
        {
          "index_key": "web2",
          "schema_version": 0,
          "attributes": {
            "address": "172.20.0.194",
            "all_tags": [],
            "description": "",
            "dns_domain": "",
            "dns_name": "",
            "fixed_ip": "192.168.200.107",
            "id": "d56346c0-1247-4dce-ac8c-88de82c6ef58",
            "pool": "public1",
            "port_id": "9a2fc7a6-1624-4a08-bd3a-2ef73a1cb2c5",
            "region": "RegionOne",
            "subnet_id": null,
            "subnet_ids": null,
            "tags": [],
            "tenant_id": "fc70748921aa4265ad13c5d6f42d2574",
            "timeouts": null,
            "value_specs": null
          },
          "sensitive_attributes": [],
          "identity_schema_version": 0,
          "private": "eyJlMmJmYjczMC1lY2FhLTExZTYtOGY4OC0zNDM2M2JjN2M0YzAiOnsiY3JlYXRlIjo2MDAwMDAwMDAwMDAsImRlbGV0ZSI6NjAwMDAwMDAwMDAwfX0=",
          "dependencies": [
            "module.vms.data.openstack_networking_network_v2.external"
          ]
        },
        {
          "index_key": "web3",
          "schema_version": 0,
          "attributes": {
            "address": "172.20.0.197",
            "all_tags": [],
            "description": "",
            "dns_domain": "",
            "dns_name": "",
            "fixed_ip": "192.168.200.189",
            "id": "9fa8995f-260c-4888-bd29-16dfe4a69504",
            "pool": "public1",
            "port_id": "01542abb-f523-4492-a223-1b8467f5f8f2",
            "region": "RegionOne",
            "subnet_id": null,
            "subnet_ids": null,
            "tags": [],
            "tenant_id": "fc70748921aa4265ad13c5d6f42d2574",
            "timeouts": null,
            "value_specs": null
          },
          "sensitive_attributes": [],
          "identity_schema_version": 0,
          "private": "eyJlMmJmYjczMC1lY2FhLTExZTYtOGY4OC0zNDM2M2JjN2M0YzAiOnsiY3JlYXRlIjo2MDAwMDAwMDAwMDAsImRlbGV0ZSI6NjAwMDAwMDAwMDAwfX0=",
          "dependencies": [
            "module.vms.data.openstack_networking_network_v2.external"
          ]
        }
      ]
    }
  ],
  "check_results": null
}
