{
  "version": 4,
  "terraform_version": "1.13.3",
  "serial": 110,
  "lineage": "7e2dbe1c-1e12-52fd-64d0-770a383712f5",
  "outputs": {
    "awx_inventory_file": {
      "value": "./../terraform_outputs/dev/awx_inventory.ini",
      "type": "string"
    },
    "dev_boot_volumes": {
      "value": {
        "web1": {
          "id": "7a01041d-8c58-4c81-a765-3809892110b0",
          "name": "jenkins-controller-boot",
          "size": 50,
          "type": "boot"
        },
        "web1-1": {
          "id": "18c764c2-93ee-471d-83d4-53fbc628bd9f",
          "name": "jenkins-agent-boot",
          "size": 50,
          "type": "boot"
        },
        "web2": {
          "id": "28a9a036-eb82-4d5c-9332-d8977e2c148c",
          "name": "sonar-boot",
          "size": 50,
          "type": "boot"
        },
        "web3": {
          "id": "0858b5f1-9bde-4eff-80bb-c9e737b9c3b8",
          "name": "harbor-master-boot",
          "size": 50,
          "type": "boot"
        },
        "web4": {
          "id": "9d396888-30f9-4547-b14c-d0f46571b46f",
          "name": "harbor-worker-1-boot",
          "size": 50,
          "type": "boot"
        },
        "web5": {
          "id": "c979a3e0-6130-494f-973d-664db0471193",
          "name": "harbor-worker-2-boot",
          "size": 50,
          "type": "boot"
        }
      },
      "type": [
        "object",
        {
          "web1": [
            "object",
            {
              "id": "string",
              "name": "string",
              "size": "number",
              "type": "string"
            }
          ],
          "web1-1": [
            "object",
            {
              "id": "string",
              "name": "string",
              "size": "number",
              "type": "string"
            }
          ],
          "web2": [
            "object",
            {
              "id": "string",
              "name": "string",
              "size": "number",
              "type": "string"
            }
          ],
          "web3": [
            "object",
            {
              "id": "string",
              "name": "string",
              "size": "number",
              "type": "string"
            }
          ],
          "web4": [
            "object",
            {
              "id": "string",
              "name": "string",
              "size": "number",
              "type": "string"
            }
          ],
          "web5": [
            "object",
            {
              "id": "string",
              "name": "string",
              "size": "number",
              "type": "string"
            }
          ]
        }
      ]
    },
    "dev_data_volumes": {
      "value": {
        "web4-data-0": {
          "id": "d0a86b96-ab3d-4ff4-baa2-041d95d3126f",
          "name": "harbor-worker-1-data-web4-data-0",
          "size": 200,
          "type": "data",
          "vm_key": "web4"
        },
        "web5-data-0": {
          "id": "36eea46d-0e31-44b6-a7d8-3d34c1b62926",
          "name": "harbor-worker-2-data-web5-data-0",
          "size": 200,
          "type": "data",
          "vm_key": "web5"
        }
      },
      "type": [
        "object",
        {
          "web4-data-0": [
            "object",
            {
              "id": "string",
              "name": "string",
              "size": "number",
              "type": "string",
              "vm_key": "string"
            }
          ],
          "web5-data-0": [
            "object",
            {
              "id": "string",
              "name": "string",
              "size": "number",
              "type": "string",
              "vm_key": "string"
            }
          ]
        }
      ]
    },
    "dev_data_volumes_by_vm": {
      "value": {
        "web1": {
          "vm_name": "jenkins-controller",
          "volume_count": 0,
          "volumes": []
        },
        "web1-1": {
          "vm_name": "jenkins-agent",
          "volume_count": 0,
          "volumes": []
        },
        "web2": {
          "vm_name": "sonar",
          "volume_count": 0,
          "volumes": []
        },
        "web3": {
          "vm_name": "harbor-master",
          "volume_count": 0,
          "volumes": []
        },
        "web4": {
          "vm_name": "harbor-worker-1",
          "volume_count": 1,
          "volumes": [
            {
              "id": null,
              "name": null,
              "size": 200
            }
          ]
        },
        "web5": {
          "vm_name": "harbor-worker-2",
          "volume_count": 1,
          "volumes": [
            {
              "id": null,
              "name": null,
              "size": 200
            }
          ]
        }
      },
      "type": [
        "object",
        {
          "web1": [
            "object",
            {
              "vm_name": "string",
              "volume_count": "number",
              "volumes": [
                "tuple",
                []
              ]
            }
          ],
          "web1-1": [
            "object",
            {
              "vm_name": "string",
              "volume_count": "number",
              "volumes": [
                "tuple",
                []
              ]
            }
          ],
          "web2": [
            "object",
            {
              "vm_name": "string",
              "volume_count": "number",
              "volumes": [
                "tuple",
                []
              ]
            }
          ],
          "web3": [
            "object",
            {
              "vm_name": "string",
              "volume_count": "number",
              "volumes": [
                "tuple",
                []
              ]
            }
          ],
          "web4": [
            "object",
            {
              "vm_name": "string",
              "volume_count": "number",
              "volumes": [
                "tuple",
                [
                  [
                    "object",
                    {
                      "id": "dynamic",
                      "name": "dynamic",
                      "size": "number"
                    }
                  ]
                ]
              ]
            }
          ],
          "web5": [
            "object",
            {
              "vm_name": "string",
              "volume_count": "number",
              "volumes": [
                "tuple",
                [
                  [
                    "object",
                    {
                      "id": "dynamic",
                      "name": "dynamic",
                      "size": "number"
                    }
                  ]
                ]
              ]
            }
          ]
        }
      ]
    },
    "dev_vm_details": {
      "value": {
        "web1": {
          "boot_volume_id": "7a01041d-8c58-4c81-a765-3809892110b0",
          "data_volume_count": 0,
          "data_volumes": [],
          "fip": "172.20.1.127",
          "flavor": "m1.large",
          "id": "6c51f09a-0b1d-455a-a338-2981dd1ea197",
          "name": "jenkins-controller",
          "power_state": "active",
          "private_ip": "10.0.0.3"
        },
        "web1-1": {
          "boot_volume_id": "18c764c2-93ee-471d-83d4-53fbc628bd9f",
          "data_volume_count": 0,
          "data_volumes": [],
          "fip": "172.20.1.34",
          "flavor": "m1.large",
          "id": "c607c78a-c40d-4071-a5a6-3e0eef44caf4",
          "name": "jenkins-agent",
          "power_state": "active",
          "private_ip": "10.0.0.126"
        },
        "web2": {
          "boot_volume_id": "28a9a036-eb82-4d5c-9332-d8977e2c148c",
          "data_volume_count": 0,
          "data_volumes": [],
          "fip": "172.20.1.140",
          "flavor": "m1.large",
          "id": "e35fc138-3432-4dad-8e3b-2660d81eda4b",
          "name": "sonar",
          "power_state": "active",
          "private_ip": "10.0.0.85"
        },
        "web3": {
          "boot_volume_id": "0858b5f1-9bde-4eff-80bb-c9e737b9c3b8",
          "data_volume_count": 0,
          "data_volumes": [],
          "fip": "172.20.1.118",
          "flavor": "m1.large",
          "id": "cc4308f3-2957-4ee5-95dc-f89a390d4139",
          "name": "harbor-master",
          "power_state": "active",
          "private_ip": "10.0.0.219"
        },
        "web4": {
          "boot_volume_id": "9d396888-30f9-4547-b14c-d0f46571b46f",
          "data_volume_count": 1,
          "data_volumes": [
            {
              "size": 200
            }
          ],
          "fip": "172.20.1.48",
          "flavor": "m1.large",
          "id": "757359b7-58b2-48b9-bcf2-720ed57e4c73",
          "name": "harbor-worker-1",
          "power_state": "active",
          "private_ip": "10.0.0.58"
        },
        "web5": {
          "boot_volume_id": "c979a3e0-6130-494f-973d-664db0471193",
          "data_volume_count": 1,
          "data_volumes": [
            {
              "size": 200
            }
          ],
          "fip": "172.20.1.99",
          "flavor": "m1.large",
          "id": "9419bfd9-7406-4edd-9b22-f1d26609c433",
          "name": "harbor-worker-2",
          "power_state": "active",
          "private_ip": "10.0.0.55"
        }
      },
      "type": [
        "object",
        {
          "web1": [
            "object",
            {
              "boot_volume_id": "string",
              "data_volume_count": "number",
              "data_volumes": [
                "tuple",
                []
              ],
              "fip": "string",
              "flavor": "string",
              "id": "string",
              "name": "string",
              "power_state": "string",
              "private_ip": "string"
            }
          ],
          "web1-1": [
            "object",
            {
              "boot_volume_id": "string",
              "data_volume_count": "number",
              "data_volumes": [
                "tuple",
                []
              ],
              "fip": "string",
              "flavor": "string",
              "id": "string",
              "name": "string",
              "power_state": "string",
              "private_ip": "string"
            }
          ],
          "web2": [
            "object",
            {
              "boot_volume_id": "string",
              "data_volume_count": "number",
              "data_volumes": [
                "tuple",
                []
              ],
              "fip": "string",
              "flavor": "string",
              "id": "string",
              "name": "string",
              "power_state": "string",
              "private_ip": "string"
            }
          ],
          "web3": [
            "object",
            {
              "boot_volume_id": "string",
              "data_volume_count": "number",
              "data_volumes": [
                "tuple",
                []
              ],
              "fip": "string",
              "flavor": "string",
              "id": "string",
              "name": "string",
              "power_state": "string",
              "private_ip": "string"
            }
          ],
          "web4": [
            "object",
            {
              "boot_volume_id": "string",
              "data_volume_count": "number",
              "data_volumes": [
                "tuple",
                [
                  [
                    "object",
                    {
                      "size": "number"
                    }
                  ]
                ]
              ],
              "fip": "string",
              "flavor": "string",
              "id": "string",
              "name": "string",
              "power_state": "string",
              "private_ip": "string"
            }
          ],
          "web5": [
            "object",
            {
              "boot_volume_id": "string",
              "data_volume_count": "number",
              "data_volumes": [
                "tuple",
                [
                  [
                    "object",
                    {
                      "size": "number"
                    }
                  ]
                ]
              ],
              "fip": "string",
              "flavor": "string",
              "id": "string",
              "name": "string",
              "power_state": "string",
              "private_ip": "string"
            }
          ]
        }
      ]
    },
    "dev_vm_fips": {
      "value": {
        "web1": "172.20.1.127",
        "web1-1": "172.20.1.34",
        "web2": "172.20.1.140",
        "web3": "172.20.1.118",
        "web4": "172.20.1.48",
        "web5": "172.20.1.99"
      },
      "type": [
        "object",
        {
          "web1": "string",
          "web1-1": "string",
          "web2": "string",
          "web3": "string",
          "web4": "string",
          "web5": "string"
        }
      ]
    },
    "dev_vm_storage_summary": {
      "value": {
        "web1": {
          "boot_volume_size": 50,
          "data_volumes_total_size": 0,
          "total_storage": 50,
          "vm_name": "jenkins-controller"
        },
        "web1-1": {
          "boot_volume_size": 50,
          "data_volumes_total_size": 0,
          "total_storage": 50,
          "vm_name": "jenkins-agent"
        },
        "web2": {
          "boot_volume_size": 50,
          "data_volumes_total_size": 0,
          "total_storage": 50,
          "vm_name": "sonar"
        },
        "web3": {
          "boot_volume_size": 50,
          "data_volumes_total_size": 0,
          "total_storage": 50,
          "vm_name": "harbor-master"
        },
        "web4": {
          "boot_volume_size": 50,
          "data_volumes_total_size": 200,
          "total_storage": 250,
          "vm_name": "harbor-worker-1"
        },
        "web5": {
          "boot_volume_size": 50,
          "data_volumes_total_size": 200,
          "total_storage": 250,
          "vm_name": "harbor-worker-2"
        }
      },
      "type": [
        "object",
        {
          "web1": [
            "object",
            {
              "boot_volume_size": "number",
              "data_volumes_total_size": "number",
              "total_storage": "number",
              "vm_name": "string"
            }
          ],
          "web1-1": [
            "object",
            {
              "boot_volume_size": "number",
              "data_volumes_total_size": "number",
              "total_storage": "number",
              "vm_name": "string"
            }
          ],
          "web2": [
            "object",
            {
              "boot_volume_size": "number",
              "data_volumes_total_size": "number",
              "total_storage": "number",
              "vm_name": "string"
            }
          ],
          "web3": [
            "object",
            {
              "boot_volume_size": "number",
              "data_volumes_total_size": "number",
              "total_storage": "number",
              "vm_name": "string"
            }
          ],
          "web4": [
            "object",
            {
              "boot_volume_size": "number",
              "data_volumes_total_size": "number",
              "total_storage": "number",
              "vm_name": "string"
            }
          ],
          "web5": [
            "object",
            {
              "boot_volume_size": "number",
              "data_volumes_total_size": "number",
              "total_storage": "number",
              "vm_name": "string"
            }
          ]
        }
      ]
    },
    "terraform_outputs_file": {
      "value": "./../terraform_outputs/dev/terraform_output.json",
      "type": "string"
    }
  },
  "resources": [
    {
      "mode": "managed",
      "type": "null_resource",
      "name": "save_outputs",
      "provider": "provider[\"registry.terraform.io/hashicorp/null\"]",
      "instances": [
        {
          "schema_version": 0,
          "attributes": {
            "id": "627221579832734774",
            "triggers": {
              "always_run": "2026-01-10T10:49:14Z",
              "vm_fips": "{\"web1\":\"172.20.1.127\",\"web1-1\":\"172.20.1.34\",\"web2\":\"172.20.1.140\",\"web3\":\"172.20.1.118\",\"web4\":\"172.20.1.48\",\"web5\":\"172.20.1.99\"}"
            }
          },
          "sensitive_attributes": [],
          "identity_schema_version": 0,
          "dependencies": [
            "module.vms.data.openstack_networking_network_v2.existing",
            "module.vms.data.openstack_networking_network_v2.external",
            "module.vms.openstack_blockstorage_volume_v3.boot_volumes",
            "module.vms.openstack_blockstorage_volume_v3.data_volumes",
            "module.vms.openstack_compute_floatingip_associate_v2.fip_assoc",
            "module.vms.openstack_compute_instance_v2.vms",
            "module.vms.openstack_compute_interface_attach_v2.secondary_ports",
            "module.vms.openstack_compute_volume_attach_v2.attach_data",
            "module.vms.openstack_networking_floatingip_v2.fips"
          ]
        }
      ]
    },
    {
      "module": "module.vms",
      "mode": "data",
      "type": "openstack_networking_network_v2",
      "name": "existing",
      "provider": "provider[\"registry.terraform.io/terraform-provider-openstack/openstack\"]",
      "instances": [
        {
          "index_key": 0,
          "schema_version": 0,
          "attributes": {
            "admin_state_up": "true",
            "all_tags": [],
            "availability_zone_hints": [],
            "description": "",
            "dns_domain": "",
            "external": false,
            "id": "1a504e6d-2944-4567-9bdd-327209998c45",
            "matching_subnet_cidr": null,
            "mtu": 1450,
            "name": "terraform",
            "network_id": null,
            "region": "RegionOne",
            "segments": [],
            "shared": "false",
            "status": null,
            "subnets": [
              "35faec0c-c4ae-4bf5-882d-53549c265b2a"
            ],
            "tags": null,
            "tenant_id": "fc70748921aa4265ad13c5d6f42d2574",
            "transparent_vlan": false
          },
          "sensitive_attributes": [],
          "identity_schema_version": 0
        }
      ]
    },
    {
      "module": "module.vms",
      "mode": "data",
      "type": "openstack_networking_network_v2",
      "name": "external",
      "provider": "provider[\"registry.terraform.io/terraform-provider-openstack/openstack\"]",
      "instances": [
        {
          "schema_version": 0,
          "attributes": {
            "admin_state_up": "true",
            "all_tags": [],
            "availability_zone_hints": [],
            "description": "",
            "dns_domain": "",
            "external": true,
            "id": "7181cf6d-3e20-4fac-a7d1-7064e5fbb3a6",
            "matching_subnet_cidr": null,
            "mtu": 1500,
            "name": "public1",
            "network_id": null,
            "region": "RegionOne",
            "segments": [],
            "shared": "true",
            "status": null,
            "subnets": [
              "99d6340b-f730-4086-910d-e39faff556fa"
            ],
            "tags": null,
            "tenant_id": "15b9c9b9c8fe4dae9789ca3ffea6aaac",
            "transparent_vlan": false
          },
          "sensitive_attributes": [],
          "identity_schema_version": 0
        }
      ]
    },
    {
      "module": "module.vms",
      "mode": "managed",
      "type": "openstack_blockstorage_volume_v3",
      "name": "boot_volumes",
      "provider": "provider[\"registry.terraform.io/terraform-provider-openstack/openstack\"]",
      "instances": [
        {
          "index_key": "web1",
          "schema_version": 0,
          "attributes": {
            "attachment": [
              {
                "device": "/dev/vda",
                "id": "7a01041d-8c58-4c81-a765-3809892110b0",
                "instance_id": "6c51f09a-0b1d-455a-a338-2981dd1ea197"
              }
            ],
            "availability_zone": "nova",
            "consistency_group_id": null,
            "description": "",
            "enable_online_resize": true,
            "id": "7a01041d-8c58-4c81-a765-3809892110b0",
            "image_id": null,
            "metadata": {},
            "multiattach": null,
            "name": "jenkins-controller-boot",
            "region": "RegionOne",
            "scheduler_hints": [],
            "size": 50,
            "snapshot_id": "882d7a0e-23e7-4112-99ba-481f4f1b15ba",
            "source_replica": null,
            "source_vol_id": "",
            "timeouts": null,
            "volume_type": "__DEFAULT__"
          },
          "sensitive_attributes": [],
          "identity_schema_version": 0,
          "private": "eyJlMmJmYjczMC1lY2FhLTExZTYtOGY4OC0zNDM2M2JjN2M0YzAiOnsiY3JlYXRlIjo2MDAwMDAwMDAwMDAsImRlbGV0ZSI6NjAwMDAwMDAwMDAwfX0=",
          "create_before_destroy": true
        },
        {
          "index_key": "web1-1",
          "schema_version": 0,
          "attributes": {
            "attachment": [
              {
                "device": "/dev/vda",
                "id": "18c764c2-93ee-471d-83d4-53fbc628bd9f",
                "instance_id": "c607c78a-c40d-4071-a5a6-3e0eef44caf4"
              }
            ],
            "availability_zone": "nova",
            "consistency_group_id": null,
            "description": "",
            "enable_online_resize": true,
            "id": "18c764c2-93ee-471d-83d4-53fbc628bd9f",
            "image_id": null,
            "metadata": {},
            "multiattach": null,
            "name": "jenkins-agent-boot",
            "region": "RegionOne",
            "scheduler_hints": [],
            "size": 50,
            "snapshot_id": "882d7a0e-23e7-4112-99ba-481f4f1b15ba",
            "source_replica": null,
            "source_vol_id": "",
            "timeouts": null,
            "volume_type": "__DEFAULT__"
          },
          "sensitive_attributes": [],
          "identity_schema_version": 0,
          "private": "eyJlMmJmYjczMC1lY2FhLTExZTYtOGY4OC0zNDM2M2JjN2M0YzAiOnsiY3JlYXRlIjo2MDAwMDAwMDAwMDAsImRlbGV0ZSI6NjAwMDAwMDAwMDAwfX0=",
          "create_before_destroy": true
        },
        {
          "index_key": "web2",
          "schema_version": 0,
          "attributes": {
            "attachment": [
              {
                "device": "/dev/vda",
                "id": "28a9a036-eb82-4d5c-9332-d8977e2c148c",
                "instance_id": "e35fc138-3432-4dad-8e3b-2660d81eda4b"
              }
            ],
            "availability_zone": "nova",
            "consistency_group_id": null,
            "description": "",
            "enable_online_resize": true,
            "id": "28a9a036-eb82-4d5c-9332-d8977e2c148c",
            "image_id": null,
            "metadata": {},
            "multiattach": null,
            "name": "sonar-boot",
            "region": "RegionOne",
            "scheduler_hints": [],
            "size": 50,
            "snapshot_id": "882d7a0e-23e7-4112-99ba-481f4f1b15ba",
            "source_replica": null,
            "source_vol_id": "",
            "timeouts": null,
            "volume_type": "__DEFAULT__"
          },
          "sensitive_attributes": [],
          "identity_schema_version": 0,
          "private": "eyJlMmJmYjczMC1lY2FhLTExZTYtOGY4OC0zNDM2M2JjN2M0YzAiOnsiY3JlYXRlIjo2MDAwMDAwMDAwMDAsImRlbGV0ZSI6NjAwMDAwMDAwMDAwfX0=",
          "create_before_destroy": true
        },
        {
          "index_key": "web3",
          "schema_version": 0,
          "attributes": {
            "attachment": [
              {
                "device": "/dev/vda",
                "id": "0858b5f1-9bde-4eff-80bb-c9e737b9c3b8",
                "instance_id": "cc4308f3-2957-4ee5-95dc-f89a390d4139"
              }
            ],
            "availability_zone": "nova",
            "consistency_group_id": null,
            "description": "",
            "enable_online_resize": true,
            "id": "0858b5f1-9bde-4eff-80bb-c9e737b9c3b8",
            "image_id": null,
            "metadata": {},
            "multiattach": null,
            "name": "harbor-master-boot",
            "region": "RegionOne",
            "scheduler_hints": [],
            "size": 50,
            "snapshot_id": "882d7a0e-23e7-4112-99ba-481f4f1b15ba",
            "source_replica": null,
            "source_vol_id": "",
            "timeouts": null,
            "volume_type": "__DEFAULT__"
          },
          "sensitive_attributes": [],
          "identity_schema_version": 0,
          "private": "eyJlMmJmYjczMC1lY2FhLTExZTYtOGY4OC0zNDM2M2JjN2M0YzAiOnsiY3JlYXRlIjo2MDAwMDAwMDAwMDAsImRlbGV0ZSI6NjAwMDAwMDAwMDAwfX0=",
          "create_before_destroy": true
        },
        {
          "index_key": "web4",
          "schema_version": 0,
          "attributes": {
            "attachment": [
              {
                "device": "/dev/vda",
                "id": "9d396888-30f9-4547-b14c-d0f46571b46f",
                "instance_id": "757359b7-58b2-48b9-bcf2-720ed57e4c73"
              }
            ],
            "availability_zone": "nova",
            "consistency_group_id": null,
            "description": "",
            "enable_online_resize": true,
            "id": "9d396888-30f9-4547-b14c-d0f46571b46f",
            "image_id": null,
            "metadata": {},
            "multiattach": null,
            "name": "harbor-worker-1-boot",
            "region": "RegionOne",
            "scheduler_hints": [],
            "size": 50,
            "snapshot_id": "882d7a0e-23e7-4112-99ba-481f4f1b15ba",
            "source_replica": null,
            "source_vol_id": "",
            "timeouts": null,
            "volume_type": "__DEFAULT__"
          },
          "sensitive_attributes": [],
          "identity_schema_version": 0,
          "private": "eyJlMmJmYjczMC1lY2FhLTExZTYtOGY4OC0zNDM2M2JjN2M0YzAiOnsiY3JlYXRlIjo2MDAwMDAwMDAwMDAsImRlbGV0ZSI6NjAwMDAwMDAwMDAwfX0=",
          "create_before_destroy": true
        },
        {
          "index_key": "web5",
          "schema_version": 0,
          "attributes": {
            "attachment": [
              {
                "device": "/dev/vda",
                "id": "c979a3e0-6130-494f-973d-664db0471193",
                "instance_id": "9419bfd9-7406-4edd-9b22-f1d26609c433"
              }
            ],
            "availability_zone": "nova",
            "consistency_group_id": null,
            "description": "",
            "enable_online_resize": true,
            "id": "c979a3e0-6130-494f-973d-664db0471193",
            "image_id": null,
            "metadata": {},
            "multiattach": null,
            "name": "harbor-worker-2-boot",
            "region": "RegionOne",
            "scheduler_hints": [],
            "size": 50,
            "snapshot_id": "882d7a0e-23e7-4112-99ba-481f4f1b15ba",
            "source_replica": null,
            "source_vol_id": "",
            "timeouts": null,
            "volume_type": "__DEFAULT__"
          },
          "sensitive_attributes": [],
          "identity_schema_version": 0,
          "private": "eyJlMmJmYjczMC1lY2FhLTExZTYtOGY4OC0zNDM2M2JjN2M0YzAiOnsiY3JlYXRlIjo2MDAwMDAwMDAwMDAsImRlbGV0ZSI6NjAwMDAwMDAwMDAwfX0=",
          "create_before_destroy": true
        }
      ]
    },
    {
      "module": "module.vms",
      "mode": "managed",
      "type": "openstack_blockstorage_volume_v3",
      "name": "data_volumes",
      "provider": "provider[\"registry.terraform.io/terraform-provider-openstack/openstack\"]",
      "instances": [
        {
          "index_key": "web4-data-0",
          "schema_version": 0,
          "attributes": {
            "attachment": [
              {
                "device": "/dev/vdb",
                "id": "d0a86b96-ab3d-4ff4-baa2-041d95d3126f",
                "instance_id": "757359b7-58b2-48b9-bcf2-720ed57e4c73"
              }
            ],
            "availability_zone": "nova",
            "consistency_group_id": null,
            "description": "vpn",
            "enable_online_resize": true,
            "id": "d0a86b96-ab3d-4ff4-baa2-041d95d3126f",
            "image_id": null,
            "metadata": {},
            "multiattach": null,
            "name": "harbor-worker-1-data-web4-data-0",
            "region": "RegionOne",
            "scheduler_hints": [],
            "size": 200,
            "snapshot_id": "",
            "source_replica": null,
            "source_vol_id": "",
            "timeouts": null,
            "volume_type": "__DEFAULT__"
          },
          "sensitive_attributes": [],
          "identity_schema_version": 0,
          "private": "eyJlMmJmYjczMC1lY2FhLTExZTYtOGY4OC0zNDM2M2JjN2M0YzAiOnsiY3JlYXRlIjo2MDAwMDAwMDAwMDAsImRlbGV0ZSI6NjAwMDAwMDAwMDAwfX0="
        },
        {
          "index_key": "web5-data-0",
          "schema_version": 0,
          "attributes": {
            "attachment": [
              {
                "device": "/dev/vdb",
                "id": "36eea46d-0e31-44b6-a7d8-3d34c1b62926",
                "instance_id": "9419bfd9-7406-4edd-9b22-f1d26609c433"
              }
            ],
            "availability_zone": "nova",
            "consistency_group_id": null,
            "description": "vpn",
            "enable_online_resize": true,
            "id": "36eea46d-0e31-44b6-a7d8-3d34c1b62926",
            "image_id": null,
            "metadata": {},
            "multiattach": null,
            "name": "harbor-worker-2-data-web5-data-0",
            "region": "RegionOne",
            "scheduler_hints": [],
            "size": 200,
            "snapshot_id": "",
            "source_replica": null,
            "source_vol_id": "",
            "timeouts": null,
            "volume_type": "__DEFAULT__"
          },
          "sensitive_attributes": [],
          "identity_schema_version": 0,
          "private": "eyJlMmJmYjczMC1lY2FhLTExZTYtOGY4OC0zNDM2M2JjN2M0YzAiOnsiY3JlYXRlIjo2MDAwMDAwMDAwMDAsImRlbGV0ZSI6NjAwMDAwMDAwMDAwfX0="
        }
      ]
    },
    {
      "module": "module.vms",
      "mode": "managed",
      "type": "openstack_compute_floatingip_associate_v2",
      "name": "fip_assoc",
      "provider": "provider[\"registry.terraform.io/terraform-provider-openstack/openstack\"]",
      "instances": [
        {
          "index_key": "web1",
          "schema_version": 0,
          "attributes": {
            "fixed_ip": "",
            "floating_ip": "172.20.1.127",
            "id": "172.20.1.127/6c51f09a-0b1d-455a-a338-2981dd1ea197/",
            "instance_id": "6c51f09a-0b1d-455a-a338-2981dd1ea197",
            "region": "RegionOne",
            "timeouts": null,
            "wait_until_associated": null
          },
          "sensitive_attributes": [],
          "identity_schema_version": 0,
          "private": "eyJlMmJmYjczMC1lY2FhLTExZTYtOGY4OC0zNDM2M2JjN2M0YzAiOnsiY3JlYXRlIjo2MDAwMDAwMDAwMDB9fQ==",
          "dependencies": [
            "module.vms.data.openstack_networking_network_v2.existing",
            "module.vms.data.openstack_networking_network_v2.external",
            "module.vms.openstack_blockstorage_volume_v3.boot_volumes",
            "module.vms.openstack_compute_instance_v2.vms",
            "module.vms.openstack_networking_floatingip_v2.fips"
          ]
        },
        {
          "index_key": "web1-1",
          "schema_version": 0,
          "attributes": {
            "fixed_ip": "",
            "floating_ip": "172.20.1.34",
            "id": "172.20.1.34/c607c78a-c40d-4071-a5a6-3e0eef44caf4/",
            "instance_id": "c607c78a-c40d-4071-a5a6-3e0eef44caf4",
            "region": "RegionOne",
            "timeouts": null,
            "wait_until_associated": null
          },
          "sensitive_attributes": [],
          "identity_schema_version": 0,
          "private": "eyJlMmJmYjczMC1lY2FhLTExZTYtOGY4OC0zNDM2M2JjN2M0YzAiOnsiY3JlYXRlIjo2MDAwMDAwMDAwMDB9fQ==",
          "dependencies": [
            "module.vms.data.openstack_networking_network_v2.existing",
            "module.vms.data.openstack_networking_network_v2.external",
            "module.vms.openstack_blockstorage_volume_v3.boot_volumes",
            "module.vms.openstack_compute_instance_v2.vms",
            "module.vms.openstack_networking_floatingip_v2.fips"
          ]
        },
        {
          "index_key": "web2",
          "schema_version": 0,
          "attributes": {
            "fixed_ip": "",
            "floating_ip": "172.20.1.140",
            "id": "172.20.1.140/e35fc138-3432-4dad-8e3b-2660d81eda4b/",
            "instance_id": "e35fc138-3432-4dad-8e3b-2660d81eda4b",
            "region": "RegionOne",
            "timeouts": null,
            "wait_until_associated": null
          },
          "sensitive_attributes": [],
          "identity_schema_version": 0,
          "private": "eyJlMmJmYjczMC1lY2FhLTExZTYtOGY4OC0zNDM2M2JjN2M0YzAiOnsiY3JlYXRlIjo2MDAwMDAwMDAwMDB9fQ==",
          "dependencies": [
            "module.vms.data.openstack_networking_network_v2.existing",
            "module.vms.data.openstack_networking_network_v2.external",
            "module.vms.openstack_blockstorage_volume_v3.boot_volumes",
            "module.vms.openstack_compute_instance_v2.vms",
            "module.vms.openstack_networking_floatingip_v2.fips"
          ]
        },
        {
          "index_key": "web3",
          "schema_version": 0,
          "attributes": {
            "fixed_ip": "",
            "floating_ip": "172.20.1.118",
            "id": "172.20.1.118/cc4308f3-2957-4ee5-95dc-f89a390d4139/",
            "instance_id": "cc4308f3-2957-4ee5-95dc-f89a390d4139",
            "region": "RegionOne",
            "timeouts": null,
            "wait_until_associated": null
          },
          "sensitive_attributes": [],
          "identity_schema_version": 0,
          "private": "eyJlMmJmYjczMC1lY2FhLTExZTYtOGY4OC0zNDM2M2JjN2M0YzAiOnsiY3JlYXRlIjo2MDAwMDAwMDAwMDB9fQ==",
          "dependencies": [
            "module.vms.data.openstack_networking_network_v2.existing",
            "module.vms.data.openstack_networking_network_v2.external",
            "module.vms.openstack_blockstorage_volume_v3.boot_volumes",
            "module.vms.openstack_compute_instance_v2.vms",
            "module.vms.openstack_networking_floatingip_v2.fips"
          ]
        },
        {
          "index_key": "web4",
          "schema_version": 0,
          "attributes": {
            "fixed_ip": "",
            "floating_ip": "172.20.1.48",
            "id": "172.20.1.48/757359b7-58b2-48b9-bcf2-720ed57e4c73/",
            "instance_id": "757359b7-58b2-48b9-bcf2-720ed57e4c73",
            "region": "RegionOne",
            "timeouts": null,
            "wait_until_associated": null
          },
          "sensitive_attributes": [],
          "identity_schema_version": 0,
          "private": "eyJlMmJmYjczMC1lY2FhLTExZTYtOGY4OC0zNDM2M2JjN2M0YzAiOnsiY3JlYXRlIjo2MDAwMDAwMDAwMDB9fQ==",
          "dependencies": [
            "module.vms.data.openstack_networking_network_v2.existing",
            "module.vms.data.openstack_networking_network_v2.external",
            "module.vms.openstack_blockstorage_volume_v3.boot_volumes",
            "module.vms.openstack_compute_instance_v2.vms",
            "module.vms.openstack_networking_floatingip_v2.fips"
          ]
        },
        {
          "index_key": "web5",
          "schema_version": 0,
          "attributes": {
            "fixed_ip": "",
            "floating_ip": "172.20.1.99",
            "id": "172.20.1.99/9419bfd9-7406-4edd-9b22-f1d26609c433/",
            "instance_id": "9419bfd9-7406-4edd-9b22-f1d26609c433",
            "region": "RegionOne",
            "timeouts": null,
            "wait_until_associated": null
          },
          "sensitive_attributes": [],
          "identity_schema_version": 0,
          "private": "eyJlMmJmYjczMC1lY2FhLTExZTYtOGY4OC0zNDM2M2JjN2M0YzAiOnsiY3JlYXRlIjo2MDAwMDAwMDAwMDB9fQ==",
          "dependencies": [
            "module.vms.data.openstack_networking_network_v2.existing",
            "module.vms.data.openstack_networking_network_v2.external",
            "module.vms.openstack_blockstorage_volume_v3.boot_volumes",
            "module.vms.openstack_compute_instance_v2.vms",
            "module.vms.openstack_networking_floatingip_v2.fips"
          ]
        }
      ]
    },
    {
      "module": "module.vms",
      "mode": "managed",
      "type": "openstack_compute_instance_v2",
      "name": "vms",
      "provider": "provider[\"registry.terraform.io/terraform-provider-openstack/openstack\"]",
      "instances": [
        {
          "index_key": "web1",
          "schema_version": 0,
          "attributes": {
            "access_ip_v4": "10.0.0.3",
            "access_ip_v6": "",
            "admin_pass": null,
            "all_metadata": {
              "environment": "dev"
            },
            "all_tags": [],
            "availability_zone": "nova",
            "availability_zone_hints": null,
            "block_device": [
              {
                "boot_index": 0,
                "delete_on_termination": false,
                "destination_type": "volume",
                "device_type": "",
                "disk_bus": "",
                "guest_format": "",
                "multiattach": false,
                "source_type": "volume",
                "uuid": "7a01041d-8c58-4c81-a765-3809892110b0",
                "volume_size": 0,
                "volume_type": ""
              }
            ],
            "config_drive": null,
            "created": "2026-01-08 09:57:43 +0000 UTC",
            "flavor_id": "4",
            "flavor_name": "m1.large",
            "floating_ip": null,
            "force_delete": false,
            "id": "6c51f09a-0b1d-455a-a338-2981dd1ea197",
            "image_id": "Attempt to boot from volume - no image supplied",
            "image_name": null,
            "key_pair": "test",
            "metadata": {
              "environment": "dev"
            },
            "name": "jenkins-controller",
            "network": [
              {
                "access_network": false,
                "fixed_ip_v4": "10.0.0.3",
                "fixed_ip_v6": "",
                "floating_ip": "",
                "mac": "fa:16:3e:7d:a1:8c",
                "name": "terraform",
                "port": "",
                "uuid": "1a504e6d-2944-4567-9bdd-327209998c45"
              }
            ],
            "network_mode": null,
            "personality": [],
            "power_state": "active",
            "region": "RegionOne",
            "scheduler_hints": [],
            "security_groups": [
              "default",
              "wazuh"
            ],
            "stop_before_destroy": false,
            "tags": [],
            "timeouts": null,
            "updated": "2026-01-09 05:51:34 +0000 UTC",
            "user_data": "",
            "vendor_options": [],
            "volume": []
          },
          "sensitive_attributes": [
            [
              {
                "type": "get_attr",
                "value": "admin_pass"
              }
            ]
          ],
          "identity_schema_version": 0,
          "private": "eyJlMmJmYjczMC1lY2FhLTExZTYtOGY4OC0zNDM2M2JjN2M0YzAiOnsiY3JlYXRlIjoxODAwMDAwMDAwMDAwLCJkZWxldGUiOjE4MDAwMDAwMDAwMDAsInVwZGF0ZSI6MTgwMDAwMDAwMDAwMH19",
          "dependencies": [
            "module.vms.data.openstack_networking_network_v2.existing",
            "module.vms.openstack_blockstorage_volume_v3.boot_volumes"
          ],
          "create_before_destroy": true
        },
        {
          "index_key": "web1-1",
          "schema_version": 0,
          "attributes": {
            "access_ip_v4": "10.0.0.126",
            "access_ip_v6": "",
            "admin_pass": null,
            "all_metadata": {
              "environment": "dev"
            },
            "all_tags": [],
            "availability_zone": "nova",
            "availability_zone_hints": null,
            "block_device": [
              {
                "boot_index": 0,
                "delete_on_termination": false,
                "destination_type": "volume",
                "device_type": "",
                "disk_bus": "",
                "guest_format": "",
                "multiattach": false,
                "source_type": "volume",
                "uuid": "18c764c2-93ee-471d-83d4-53fbc628bd9f",
                "volume_size": 0,
                "volume_type": ""
              }
            ],
            "config_drive": null,
            "created": "2026-01-09 05:51:35 +0000 UTC",
            "flavor_id": "4",
            "flavor_name": "m1.large",
            "floating_ip": null,
            "force_delete": false,
            "id": "c607c78a-c40d-4071-a5a6-3e0eef44caf4",
            "image_id": "Attempt to boot from volume - no image supplied",
            "image_name": null,
            "key_pair": "test",
            "metadata": {
              "environment": "dev"
            },
            "name": "jenkins-agent",
            "network": [
              {
                "access_network": false,
                "fixed_ip_v4": "10.0.0.126",
                "fixed_ip_v6": "",
                "floating_ip": "",
                "mac": "fa:16:3e:34:aa:ce",
                "name": "terraform",
                "port": "",
                "uuid": "1a504e6d-2944-4567-9bdd-327209998c45"
              }
            ],
            "network_mode": null,
            "personality": [],
            "power_state": "active",
            "region": "RegionOne",
            "scheduler_hints": [],
            "security_groups": [
              "default",
              "wazuh"
            ],
            "stop_before_destroy": false,
            "tags": [],
            "timeouts": null,
            "updated": "2026-01-09 05:51:54 +0000 UTC",
            "user_data": "c988166c5b09efe7029ba381a449b3a0f50b7495",
            "vendor_options": [],
            "volume": []
          },
          "sensitive_attributes": [
            [
              {
                "type": "get_attr",
                "value": "admin_pass"
              }
            ]
          ],
          "identity_schema_version": 0,
          "private": "eyJlMmJmYjczMC1lY2FhLTExZTYtOGY4OC0zNDM2M2JjN2M0YzAiOnsiY3JlYXRlIjoxODAwMDAwMDAwMDAwLCJkZWxldGUiOjE4MDAwMDAwMDAwMDAsInVwZGF0ZSI6MTgwMDAwMDAwMDAwMH19",
          "dependencies": [
            "module.vms.data.openstack_networking_network_v2.existing",
            "module.vms.openstack_blockstorage_volume_v3.boot_volumes"
          ],
          "create_before_destroy": true
        },
        {
          "index_key": "web2",
          "schema_version": 0,
          "attributes": {
            "access_ip_v4": "10.0.0.85",
            "access_ip_v6": "",
            "admin_pass": null,
            "all_metadata": {
              "environment": "dev"
            },
            "all_tags": [],
            "availability_zone": "nova",
            "availability_zone_hints": null,
            "block_device": [
              {
                "boot_index": 0,
                "delete_on_termination": false,
                "destination_type": "volume",
                "device_type": "",
                "disk_bus": "",
                "guest_format": "",
                "multiattach": false,
                "source_type": "volume",
                "uuid": "28a9a036-eb82-4d5c-9332-d8977e2c148c",
                "volume_size": 0,
                "volume_type": ""
              }
            ],
            "config_drive": null,
            "created": "2026-01-08 09:57:43 +0000 UTC",
            "flavor_id": "4",
            "flavor_name": "m1.large",
            "floating_ip": null,
            "force_delete": false,
            "id": "e35fc138-3432-4dad-8e3b-2660d81eda4b",
            "image_id": "Attempt to boot from volume - no image supplied",
            "image_name": null,
            "key_pair": "test",
            "metadata": {
              "environment": "dev"
            },
            "name": "sonar",
            "network": [
              {
                "access_network": false,
                "fixed_ip_v4": "10.0.0.85",
                "fixed_ip_v6": "",
                "floating_ip": "",
                "mac": "fa:16:3e:eb:cd:56",
                "name": "terraform",
                "port": "",
                "uuid": "1a504e6d-2944-4567-9bdd-327209998c45"
              }
            ],
            "network_mode": null,
            "personality": [],
            "power_state": "active",
            "region": "RegionOne",
            "scheduler_hints": [],
            "security_groups": [
              "default",
              "wazuh"
            ],
            "stop_before_destroy": false,
            "tags": [],
            "timeouts": null,
            "updated": "2026-01-08 09:58:02 +0000 UTC",
            "user_data": "c988166c5b09efe7029ba381a449b3a0f50b7495",
            "vendor_options": [],
            "volume": []
          },
          "sensitive_attributes": [
            [
              {
                "type": "get_attr",
                "value": "admin_pass"
              }
            ]
          ],
          "identity_schema_version": 0,
          "private": "eyJlMmJmYjczMC1lY2FhLTExZTYtOGY4OC0zNDM2M2JjN2M0YzAiOnsiY3JlYXRlIjoxODAwMDAwMDAwMDAwLCJkZWxldGUiOjE4MDAwMDAwMDAwMDAsInVwZGF0ZSI6MTgwMDAwMDAwMDAwMH19",
          "dependencies": [
            "module.vms.data.openstack_networking_network_v2.existing",
            "module.vms.openstack_blockstorage_volume_v3.boot_volumes"
          ],
          "create_before_destroy": true
        },
        {
          "index_key": "web3",
          "schema_version": 0,
          "attributes": {
            "access_ip_v4": "10.0.0.219",
            "access_ip_v6": "",
            "admin_pass": null,
            "all_metadata": {
              "environment": "dev"
            },
            "all_tags": [],
            "availability_zone": "nova",
            "availability_zone_hints": null,
            "block_device": [
              {
                "boot_index": 0,
                "delete_on_termination": false,
                "destination_type": "volume",
                "device_type": "",
                "disk_bus": "",
                "guest_format": "",
                "multiattach": false,
                "source_type": "volume",
                "uuid": "0858b5f1-9bde-4eff-80bb-c9e737b9c3b8",
                "volume_size": 0,
                "volume_type": ""
              }
            ],
            "config_drive": null,
            "created": "2026-01-09 04:58:26 +0000 UTC",
            "flavor_id": "4",
            "flavor_name": "m1.large",
            "floating_ip": null,
            "force_delete": false,
            "id": "cc4308f3-2957-4ee5-95dc-f89a390d4139",
            "image_id": "Attempt to boot from volume - no image supplied",
            "image_name": null,
            "key_pair": "test",
            "metadata": {
              "environment": "dev"
            },
            "name": "harbor-master",
            "network": [
              {
                "access_network": false,
                "fixed_ip_v4": "10.0.0.219",
                "fixed_ip_v6": "",
                "floating_ip": "",
                "mac": "fa:16:3e:c7:5a:4e",
                "name": "terraform",
                "port": "",
                "uuid": "1a504e6d-2944-4567-9bdd-327209998c45"
              }
            ],
            "network_mode": null,
            "personality": [],
            "power_state": "active",
            "region": "RegionOne",
            "scheduler_hints": [],
            "security_groups": [
              "default",
              "k8s",
              "wazuh"
            ],
            "stop_before_destroy": false,
            "tags": [],
            "timeouts": null,
            "updated": "2026-01-10 08:03:21 +0000 UTC",
            "user_data": "",
            "vendor_options": [],
            "volume": []
          },
          "sensitive_attributes": [
            [
              {
                "type": "get_attr",
                "value": "admin_pass"
              }
            ]
          ],
          "identity_schema_version": 0,
          "private": "eyJlMmJmYjczMC1lY2FhLTExZTYtOGY4OC0zNDM2M2JjN2M0YzAiOnsiY3JlYXRlIjoxODAwMDAwMDAwMDAwLCJkZWxldGUiOjE4MDAwMDAwMDAwMDAsInVwZGF0ZSI6MTgwMDAwMDAwMDAwMH19",
          "dependencies": [
            "module.vms.data.openstack_networking_network_v2.existing",
            "module.vms.openstack_blockstorage_volume_v3.boot_volumes"
          ],
          "create_before_destroy": true
        },
        {
          "index_key": "web4",
          "schema_version": 0,
          "attributes": {
            "access_ip_v4": "10.0.0.58",
            "access_ip_v6": "",
            "admin_pass": null,
            "all_metadata": {
              "environment": "dev"
            },
            "all_tags": [],
            "availability_zone": "nova",
            "availability_zone_hints": null,
            "block_device": [
              {
                "boot_index": 0,
                "delete_on_termination": false,
                "destination_type": "volume",
                "device_type": "",
                "disk_bus": "",
                "guest_format": "",
                "multiattach": false,
                "source_type": "volume",
                "uuid": "9d396888-30f9-4547-b14c-d0f46571b46f",
                "volume_size": 0,
                "volume_type": ""
              }
            ],
            "config_drive": null,
            "created": "2026-01-10 08:03:22 +0000 UTC",
            "flavor_id": "4",
            "flavor_name": "m1.large",
            "floating_ip": null,
            "force_delete": false,
            "id": "757359b7-58b2-48b9-bcf2-720ed57e4c73",
            "image_id": "Attempt to boot from volume - no image supplied",
            "image_name": null,
            "key_pair": "test",
            "metadata": {
              "environment": "dev"
            },
            "name": "harbor-worker-1",
            "network": [
              {
                "access_network": false,
                "fixed_ip_v4": "10.0.0.58",
                "fixed_ip_v6": "",
                "floating_ip": "",
                "mac": "fa:16:3e:1c:4e:90",
                "name": "terraform",
                "port": "",
                "uuid": "1a504e6d-2944-4567-9bdd-327209998c45"
              }
            ],
            "network_mode": null,
            "personality": [],
            "power_state": "active",
            "region": "RegionOne",
            "scheduler_hints": [],
            "security_groups": [
              "default",
              "k8s",
              "wazuh"
            ],
            "stop_before_destroy": false,
            "tags": [],
            "timeouts": null,
            "updated": "2026-01-10 08:03:45 +0000 UTC",
            "user_data": "c988166c5b09efe7029ba381a449b3a0f50b7495",
            "vendor_options": [],
            "volume": []
          },
          "sensitive_attributes": [
            [
              {
                "type": "get_attr",
                "value": "admin_pass"
              }
            ]
          ],
          "identity_schema_version": 0,
          "private": "eyJlMmJmYjczMC1lY2FhLTExZTYtOGY4OC0zNDM2M2JjN2M0YzAiOnsiY3JlYXRlIjoxODAwMDAwMDAwMDAwLCJkZWxldGUiOjE4MDAwMDAwMDAwMDAsInVwZGF0ZSI6MTgwMDAwMDAwMDAwMH19",
          "dependencies": [
            "module.vms.data.openstack_networking_network_v2.existing",
            "module.vms.openstack_blockstorage_volume_v3.boot_volumes"
          ],
          "create_before_destroy": true
        },
        {
          "index_key": "web5",
          "schema_version": 0,
          "attributes": {
            "access_ip_v4": "10.0.0.55",
            "access_ip_v6": "",
            "admin_pass": null,
            "all_metadata": {
              "environment": "dev"
            },
            "all_tags": [],
            "availability_zone": "nova",
            "availability_zone_hints": null,
            "block_device": [
              {
                "boot_index": 0,
                "delete_on_termination": false,
                "destination_type": "volume",
                "device_type": "",
                "disk_bus": "",
                "guest_format": "",
                "multiattach": false,
                "source_type": "volume",
                "uuid": "c979a3e0-6130-494f-973d-664db0471193",
                "volume_size": 0,
                "volume_type": ""
              }
            ],
            "config_drive": null,
            "created": "2026-01-10 08:03:22 +0000 UTC",
            "flavor_id": "4",
            "flavor_name": "m1.large",
            "floating_ip": null,
            "force_delete": false,
            "id": "9419bfd9-7406-4edd-9b22-f1d26609c433",
            "image_id": "Attempt to boot from volume - no image supplied",
            "image_name": null,
            "key_pair": "test",
            "metadata": {
              "environment": "dev"
            },
            "name": "harbor-worker-2",
            "network": [
              {
                "access_network": false,
                "fixed_ip_v4": "10.0.0.55",
                "fixed_ip_v6": "",
                "floating_ip": "",
                "mac": "fa:16:3e:64:6a:de",
                "name": "terraform",
                "port": "",
                "uuid": "1a504e6d-2944-4567-9bdd-327209998c45"
              }
            ],
            "network_mode": null,
            "personality": [],
            "power_state": "active",
            "region": "RegionOne",
            "scheduler_hints": [],
            "security_groups": [
              "default",
              "k8s",
              "wazuh"
            ],
            "stop_before_destroy": false,
            "tags": [],
            "timeouts": null,
            "updated": "2026-01-10 08:03:42 +0000 UTC",
            "user_data": "c988166c5b09efe7029ba381a449b3a0f50b7495",
            "vendor_options": [],
            "volume": []
          },
          "sensitive_attributes": [
            [
              {
                "type": "get_attr",
                "value": "admin_pass"
              }
            ]
          ],
          "identity_schema_version": 0,
          "private": "eyJlMmJmYjczMC1lY2FhLTExZTYtOGY4OC0zNDM2M2JjN2M0YzAiOnsiY3JlYXRlIjoxODAwMDAwMDAwMDAwLCJkZWxldGUiOjE4MDAwMDAwMDAwMDAsInVwZGF0ZSI6MTgwMDAwMDAwMDAwMH19",
          "dependencies": [
            "module.vms.data.openstack_networking_network_v2.existing",
            "module.vms.openstack_blockstorage_volume_v3.boot_volumes"
          ],
          "create_before_destroy": true
        }
      ]
    },
    {
      "module": "module.vms",
      "mode": "managed",
      "type": "openstack_compute_volume_attach_v2",
      "name": "attach_data",
      "provider": "provider[\"registry.terraform.io/terraform-provider-openstack/openstack\"]",
      "instances": [
        {
          "index_key": "web4-data-0",
          "schema_version": 0,
          "attributes": {
            "device": "/dev/vdb",
            "id": "757359b7-58b2-48b9-bcf2-720ed57e4c73/d0a86b96-ab3d-4ff4-baa2-041d95d3126f",
            "instance_id": "757359b7-58b2-48b9-bcf2-720ed57e4c73",
            "multiattach": null,
            "region": "RegionOne",
            "timeouts": null,
            "vendor_options": [],
            "volume_id": "d0a86b96-ab3d-4ff4-baa2-041d95d3126f"
          },
          "sensitive_attributes": [],
          "identity_schema_version": 0,
          "private": "eyJlMmJmYjczMC1lY2FhLTExZTYtOGY4OC0zNDM2M2JjN2M0YzAiOnsiY3JlYXRlIjo2MDAwMDAwMDAwMDAsImRlbGV0ZSI6NjAwMDAwMDAwMDAwfX0=",
          "dependencies": [
            "module.vms.data.openstack_networking_network_v2.existing",
            "module.vms.openstack_blockstorage_volume_v3.boot_volumes",
            "module.vms.openstack_blockstorage_volume_v3.data_volumes",
            "module.vms.openstack_compute_instance_v2.vms"
          ]
        },
        {
          "index_key": "web5-data-0",
          "schema_version": 0,
          "attributes": {
            "device": "/dev/vdb",
            "id": "9419bfd9-7406-4edd-9b22-f1d26609c433/36eea46d-0e31-44b6-a7d8-3d34c1b62926",
            "instance_id": "9419bfd9-7406-4edd-9b22-f1d26609c433",
            "multiattach": null,
            "region": "RegionOne",
            "timeouts": null,
            "vendor_options": [],
            "volume_id": "36eea46d-0e31-44b6-a7d8-3d34c1b62926"
          },
          "sensitive_attributes": [],
          "identity_schema_version": 0,
          "private": "eyJlMmJmYjczMC1lY2FhLTExZTYtOGY4OC0zNDM2M2JjN2M0YzAiOnsiY3JlYXRlIjo2MDAwMDAwMDAwMDAsImRlbGV0ZSI6NjAwMDAwMDAwMDAwfX0=",
          "dependencies": [
            "module.vms.data.openstack_networking_network_v2.existing",
            "module.vms.openstack_blockstorage_volume_v3.boot_volumes",
            "module.vms.openstack_blockstorage_volume_v3.data_volumes",
            "module.vms.openstack_compute_instance_v2.vms"
          ]
        }
      ]
    },
    {
      "module": "module.vms",
      "mode": "managed",
      "type": "openstack_networking_floatingip_v2",
      "name": "fips",
      "provider": "provider[\"registry.terraform.io/terraform-provider-openstack/openstack\"]",
      "instances": [
        {
          "index_key": "web1",
          "schema_version": 0,
          "attributes": {
            "address": "172.20.1.127",
            "all_tags": [],
            "description": "",
            "dns_domain": "",
            "dns_name": "",
            "fixed_ip": "10.0.0.3",
            "id": "13d42747-aa69-4a50-8381-95d5f707859d",
            "pool": "public1",
            "port_id": "2bf1fb66-ff4b-4572-8fbc-de1853f1779c",
            "region": "RegionOne",
            "subnet_id": null,
            "subnet_ids": null,
            "tags": [],
            "tenant_id": "fc70748921aa4265ad13c5d6f42d2574",
            "timeouts": null,
            "value_specs": null
          },
          "sensitive_attributes": [],
          "identity_schema_version": 0,
          "private": "eyJlMmJmYjczMC1lY2FhLTExZTYtOGY4OC0zNDM2M2JjN2M0YzAiOnsiY3JlYXRlIjo2MDAwMDAwMDAwMDAsImRlbGV0ZSI6NjAwMDAwMDAwMDAwfX0=",
          "dependencies": [
            "module.vms.data.openstack_networking_network_v2.external"
          ]
        },
        {
          "index_key": "web1-1",
          "schema_version": 0,
          "attributes": {
            "address": "172.20.1.34",
            "all_tags": [],
            "description": "",
            "dns_domain": "",
            "dns_name": "",
            "fixed_ip": "10.0.0.126",
            "id": "6b5f6ca0-b033-475d-9217-b82610357f63",
            "pool": "public1",
            "port_id": "bd7332db-63b5-403d-beff-e80bf0b94ff8",
            "region": "RegionOne",
            "subnet_id": null,
            "subnet_ids": null,
            "tags": [],
            "tenant_id": "fc70748921aa4265ad13c5d6f42d2574",
            "timeouts": null,
            "value_specs": null
          },
          "sensitive_attributes": [],
          "identity_schema_version": 0,
          "private": "eyJlMmJmYjczMC1lY2FhLTExZTYtOGY4OC0zNDM2M2JjN2M0YzAiOnsiY3JlYXRlIjo2MDAwMDAwMDAwMDAsImRlbGV0ZSI6NjAwMDAwMDAwMDAwfX0=",
          "dependencies": [
            "module.vms.data.openstack_networking_network_v2.external"
          ]
        },
        {
          "index_key": "web2",
          "schema_version": 0,
          "attributes": {
            "address": "172.20.1.140",
            "all_tags": [],
            "description": "",
            "dns_domain": "",
            "dns_name": "",
            "fixed_ip": "10.0.0.85",
            "id": "c3679fa7-80f7-4f76-9f69-9332b0effbcb",
            "pool": "public1",
            "port_id": "7548ffff-c8d6-4554-9883-ee74541eb53a",
            "region": "RegionOne",
            "subnet_id": null,
            "subnet_ids": null,
            "tags": [],
            "tenant_id": "fc70748921aa4265ad13c5d6f42d2574",
            "timeouts": null,
            "value_specs": null
          },
          "sensitive_attributes": [],
          "identity_schema_version": 0,
          "private": "eyJlMmJmYjczMC1lY2FhLTExZTYtOGY4OC0zNDM2M2JjN2M0YzAiOnsiY3JlYXRlIjo2MDAwMDAwMDAwMDAsImRlbGV0ZSI6NjAwMDAwMDAwMDAwfX0=",
          "dependencies": [
            "module.vms.data.openstack_networking_network_v2.external"
          ]
        },
        {
          "index_key": "web3",
          "schema_version": 0,
          "attributes": {
            "address": "172.20.1.118",
            "all_tags": [],
            "description": "",
            "dns_domain": "",
            "dns_name": "",
            "fixed_ip": "10.0.0.219",
            "id": "4058311a-aa71-4fb3-9cc4-f0a8ae8a8186",
            "pool": "public1",
            "port_id": "f28faa93-3018-4ecc-9d45-5e836086d502",
            "region": "RegionOne",
            "subnet_id": null,
            "subnet_ids": null,
            "tags": [],
            "tenant_id": "fc70748921aa4265ad13c5d6f42d2574",
            "timeouts": null,
            "value_specs": null
          },
          "sensitive_attributes": [],
          "identity_schema_version": 0,
          "private": "eyJlMmJmYjczMC1lY2FhLTExZTYtOGY4OC0zNDM2M2JjN2M0YzAiOnsiY3JlYXRlIjo2MDAwMDAwMDAwMDAsImRlbGV0ZSI6NjAwMDAwMDAwMDAwfX0=",
          "dependencies": [
            "module.vms.data.openstack_networking_network_v2.external"
          ]
        },
        {
          "index_key": "web4",
          "schema_version": 0,
          "attributes": {
            "address": "172.20.1.48",
            "all_tags": [],
            "description": "",
            "dns_domain": "",
            "dns_name": "",
            "fixed_ip": "10.0.0.58",
            "id": "f13bf28e-c3f4-468d-addf-04463743f08a",
            "pool": "public1",
            "port_id": "0f606e86-3e90-4e9e-b169-5a39bcf93fc1",
            "region": "RegionOne",
            "subnet_id": null,
            "subnet_ids": null,
            "tags": [],
            "tenant_id": "fc70748921aa4265ad13c5d6f42d2574",
            "timeouts": null,
            "value_specs": null
          },
          "sensitive_attributes": [],
          "identity_schema_version": 0,
          "private": "eyJlMmJmYjczMC1lY2FhLTExZTYtOGY4OC0zNDM2M2JjN2M0YzAiOnsiY3JlYXRlIjo2MDAwMDAwMDAwMDAsImRlbGV0ZSI6NjAwMDAwMDAwMDAwfX0=",
          "dependencies": [
            "module.vms.data.openstack_networking_network_v2.external"
          ]
        },
        {
          "index_key": "web5",
          "schema_version": 0,
          "attributes": {
            "address": "172.20.1.99",
            "all_tags": [],
            "description": "",
            "dns_domain": "",
            "dns_name": "",
            "fixed_ip": "10.0.0.55",
            "id": "2c1f6467-2442-4da2-9549-d4880bfecd2f",
            "pool": "public1",
            "port_id": "76403e3d-fc2c-4a93-8735-d523ae5c9828",
            "region": "RegionOne",
            "subnet_id": null,
            "subnet_ids": null,
            "tags": [],
            "tenant_id": "fc70748921aa4265ad13c5d6f42d2574",
            "timeouts": null,
            "value_specs": null
          },
          "sensitive_attributes": [],
          "identity_schema_version": 0,
          "private": "eyJlMmJmYjczMC1lY2FhLTExZTYtOGY4OC0zNDM2M2JjN2M0YzAiOnsiY3JlYXRlIjo2MDAwMDAwMDAwMDAsImRlbGV0ZSI6NjAwMDAwMDAwMDAwfX0=",
          "dependencies": [
            "module.vms.data.openstack_networking_network_v2.external"
          ]
        }
      ]
    }
  ],
  "check_results": [
    {
      "object_kind": "var",
      "config_addr": "module.vms.var.vms",
      "status": "pass",
      "objects": [
        {
          "object_addr": "module.vms.var.vms",
          "status": "pass"
        }
      ]
    }
  ]
}
