{
  "version": 4,
  "terraform_version": "1.13.3",
  "serial": 113,
  "lineage": "174c547d-7246-cf6d-a7ec-cd75b391f2cb",
  "outputs": {
    "awx_inventory_file": {
      "value": "./../terraform_outputs/awx_inventory.ini",
      "type": "string"
    },
    "dev_vm_details": {
      "value": {
        "web2": {
          "fip": null,
          "flavor": "m1.medium",
          "id": "cace9868-7b2f-492c-a094-5e23a210d543",
          "name": "dev-web-2",
          "power_state": "active",
          "private_ip": "192.168.0.120",
          "volume_id": "d5d884cb-f8db-4094-ac2d-c8f083517bb3"
        },
        "web3": {
          "fip": "165.99.104.152",
          "flavor": "m1.medium",
          "id": "355aa36c-d21c-459c-9c5b-f3e098cea5ac",
          "name": "dev-web-3",
          "power_state": "active",
          "private_ip": "192.168.0.185",
          "volume_id": "5d144dc4-d73f-4def-8f8f-5c99038acc08"
        }
      },
      "type": [
        "object",
        {
          "web2": [
            "object",
            {
              "fip": "dynamic",
              "flavor": "string",
              "id": "string",
              "name": "string",
              "power_state": "string",
              "private_ip": "string",
              "volume_id": "string"
            }
          ],
          "web3": [
            "object",
            {
              "fip": "string",
              "flavor": "string",
              "id": "string",
              "name": "string",
              "power_state": "string",
              "private_ip": "string",
              "volume_id": "string"
            }
          ]
        }
      ]
    },
    "dev_vm_fips": {
      "value": {
        "web3": "165.99.104.152"
      },
      "type": [
        "object",
        {
          "web3": "string"
        }
      ]
    },
    "dev_volumes": {
      "value": {
        "web2": {
          "id": "d5d884cb-f8db-4094-ac2d-c8f083517bb3",
          "name": "dev-web-2-volume",
          "size": 30
        },
        "web3": {
          "id": "5d144dc4-d73f-4def-8f8f-5c99038acc08",
          "name": "dev-web-3-volume",
          "size": 20
        }
      },
      "type": [
        "object",
        {
          "web2": [
            "object",
            {
              "id": "string",
              "name": "string",
              "size": "number"
            }
          ],
          "web3": [
            "object",
            {
              "id": "string",
              "name": "string",
              "size": "number"
            }
          ]
        }
      ]
    },
    "terraform_outputs_file": {
      "value": "./../terraform_outputs/terraform_output.json",
      "type": "string"
    }
  },
  "resources": [
    {
      "mode": "managed",
      "type": "null_resource",
      "name": "save_outputs",
      "provider": "provider[\"registry.terraform.io/hashicorp/null\"]",
      "instances": [
        {
          "schema_version": 0,
          "attributes": {
            "id": "5036072666402604097",
            "triggers": {
              "always_run": "2025-11-25T09:51:20Z",
              "vm_fips": "{\"web3\":\"165.99.104.152\"}"
            }
          },
          "sensitive_attributes": [],
          "identity_schema_version": 0,
          "dependencies": [
            "module.vms.data.openstack_networking_network_v2.existing",
            "module.vms.data.openstack_networking_network_v2.external",
            "module.vms.openstack_blockstorage_volume_v3.volumes",
            "module.vms.openstack_compute_floatingip_associate_v2.fip_assoc",
            "module.vms.openstack_compute_instance_v2.vms",
            "module.vms.openstack_compute_volume_attach_v2.attach",
            "module.vms.openstack_networking_floatingip_v2.fips"
          ]
        }
      ]
    },
    {
      "module": "module.vms",
      "mode": "data",
      "type": "openstack_networking_network_v2",
      "name": "existing",
      "provider": "provider[\"registry.terraform.io/terraform-provider-openstack/openstack\"]",
      "instances": [
        {
          "schema_version": 0,
          "attributes": {
            "admin_state_up": "true",
            "all_tags": [],
            "availability_zone_hints": [],
            "description": "",
            "dns_domain": "",
            "external": false,
            "id": "01390c0b-3fdb-4987-8c7c-e69d1af0ce05",
            "matching_subnet_cidr": null,
            "mtu": 1450,
            "name": "demo-net",
            "network_id": null,
            "region": "RegionOne",
            "segments": [],
            "shared": "true",
            "status": null,
            "subnets": [
              "8eed2a11-4c9f-428a-9067-b09b367c4585"
            ],
            "tags": null,
            "tenant_id": "0955885e6248429882dab92b746a9fb8",
            "transparent_vlan": false
          },
          "sensitive_attributes": [],
          "identity_schema_version": 0
        }
      ]
    },
    {
      "module": "module.vms",
      "mode": "data",
      "type": "openstack_networking_network_v2",
      "name": "external",
      "provider": "provider[\"registry.terraform.io/terraform-provider-openstack/openstack\"]",
      "instances": [
        {
          "schema_version": 0,
          "attributes": {
            "admin_state_up": "true",
            "all_tags": [],
            "availability_zone_hints": [],
            "description": "",
            "dns_domain": "",
            "external": true,
            "id": "3bf0055d-089d-402b-88ae-c2946d8ae19c",
            "matching_subnet_cidr": null,
            "mtu": 1500,
            "name": "public1",
            "network_id": null,
            "region": "RegionOne",
            "segments": [],
            "shared": "true",
            "status": null,
            "subnets": [
              "7a9ed470-7705-4744-b5b5-cce560327628"
            ],
            "tags": null,
            "tenant_id": "0955885e6248429882dab92b746a9fb8",
            "transparent_vlan": false
          },
          "sensitive_attributes": [],
          "identity_schema_version": 0
        }
      ]
    },
    {
      "module": "module.vms",
      "mode": "managed",
      "type": "openstack_blockstorage_volume_v3",
      "name": "volumes",
      "provider": "provider[\"registry.terraform.io/terraform-provider-openstack/openstack\"]",
      "instances": [
        {
          "index_key": "web2",
          "schema_version": 0,
          "attributes": {
            "attachment": [
              {
                "device": "/dev/vdb",
                "id": "d5d884cb-f8db-4094-ac2d-c8f083517bb3",
                "instance_id": "cace9868-7b2f-492c-a094-5e23a210d543"
              }
            ],
            "availability_zone": "nova",
            "consistency_group_id": null,
            "description": "Attached volume for dev-web-2",
            "enable_online_resize": null,
            "id": "d5d884cb-f8db-4094-ac2d-c8f083517bb3",
            "image_id": null,
            "metadata": {},
            "multiattach": null,
            "name": "dev-web-2-volume",
            "region": "RegionOne",
            "scheduler_hints": [],
            "size": 30,
            "snapshot_id": "",
            "source_replica": null,
            "source_vol_id": "",
            "timeouts": null,
            "volume_type": "__DEFAULT__"
          },
          "sensitive_attributes": [],
          "identity_schema_version": 0,
          "private": "eyJlMmJmYjczMC1lY2FhLTExZTYtOGY4OC0zNDM2M2JjN2M0YzAiOnsiY3JlYXRlIjo2MDAwMDAwMDAwMDAsImRlbGV0ZSI6NjAwMDAwMDAwMDAwfX0="
        },
        {
          "index_key": "web3",
          "schema_version": 0,
          "attributes": {
            "attachment": [
              {
                "device": "/dev/vdb",
                "id": "5d144dc4-d73f-4def-8f8f-5c99038acc08",
                "instance_id": "355aa36c-d21c-459c-9c5b-f3e098cea5ac"
              }
            ],
            "availability_zone": "nova",
            "consistency_group_id": null,
            "description": "Attached volume for dev-web-3",
            "enable_online_resize": null,
            "id": "5d144dc4-d73f-4def-8f8f-5c99038acc08",
            "image_id": null,
            "metadata": {},
            "multiattach": null,
            "name": "dev-web-3-volume",
            "region": "RegionOne",
            "scheduler_hints": [],
            "size": 20,
            "snapshot_id": "",
            "source_replica": null,
            "source_vol_id": "",
            "timeouts": null,
            "volume_type": "__DEFAULT__"
          },
          "sensitive_attributes": [],
          "identity_schema_version": 0,
          "private": "eyJlMmJmYjczMC1lY2FhLTExZTYtOGY4OC0zNDM2M2JjN2M0YzAiOnsiY3JlYXRlIjo2MDAwMDAwMDAwMDAsImRlbGV0ZSI6NjAwMDAwMDAwMDAwfX0="
        }
      ]
    },
    {
      "module": "module.vms",
      "mode": "managed",
      "type": "openstack_compute_floatingip_associate_v2",
      "name": "fip_assoc",
      "provider": "provider[\"registry.terraform.io/terraform-provider-openstack/openstack\"]",
      "instances": [
        {
          "index_key": "web3",
          "schema_version": 0,
          "attributes": {
            "fixed_ip": "",
            "floating_ip": "165.99.104.152",
            "id": "165.99.104.152/355aa36c-d21c-459c-9c5b-f3e098cea5ac/",
            "instance_id": "355aa36c-d21c-459c-9c5b-f3e098cea5ac",
            "region": "RegionOne",
            "timeouts": null,
            "wait_until_associated": null
          },
          "sensitive_attributes": [],
          "identity_schema_version": 0,
          "private": "eyJlMmJmYjczMC1lY2FhLTExZTYtOGY4OC0zNDM2M2JjN2M0YzAiOnsiY3JlYXRlIjo2MDAwMDAwMDAwMDB9fQ==",
          "dependencies": [
            "module.vms.data.openstack_networking_network_v2.existing",
            "module.vms.data.openstack_networking_network_v2.external",
            "module.vms.openstack_blockstorage_volume_v3.volumes",
            "module.vms.openstack_compute_instance_v2.vms",
            "module.vms.openstack_compute_volume_attach_v2.attach",
            "module.vms.openstack_networking_floatingip_v2.fips"
          ]
        }
      ]
    },
    {
      "module": "module.vms",
      "mode": "managed",
      "type": "openstack_compute_instance_v2",
      "name": "vms",
      "provider": "provider[\"registry.terraform.io/terraform-provider-openstack/openstack\"]",
      "instances": [
        {
          "index_key": "web2",
          "schema_version": 0,
          "attributes": {
            "access_ip_v4": "192.168.0.120",
            "access_ip_v6": "",
            "admin_pass": null,
            "all_metadata": {
              "environment": "dev"
            },
            "all_tags": [],
            "availability_zone": "nova",
            "availability_zone_hints": null,
            "block_device": [],
            "config_drive": null,
            "created": "2025-11-25 09:39:39 +0000 UTC",
            "flavor_id": "3",
            "flavor_name": "m1.medium",
            "floating_ip": null,
            "force_delete": false,
            "id": "cace9868-7b2f-492c-a094-5e23a210d543",
            "image_id": "de927bcd-4fda-4bd7-8b0a-ccc2115aa546",
            "image_name": "Ubuntu-24.04-Desktop",
            "key_pair": "open",
            "metadata": {
              "environment": "dev"
            },
            "name": "dev-web-2",
            "network": [
              {
                "access_network": false,
                "fixed_ip_v4": "192.168.0.120",
                "fixed_ip_v6": "",
                "floating_ip": "",
                "mac": "fa:16:3e:da:ff:26",
                "name": "demo-net",
                "port": "",
                "uuid": "01390c0b-3fdb-4987-8c7c-e69d1af0ce05"
              }
            ],
            "network_mode": null,
            "personality": [],
            "power_state": "active",
            "region": "RegionOne",
            "scheduler_hints": [],
            "security_groups": [
              "default"
            ],
            "stop_before_destroy": false,
            "tags": [],
            "timeouts": null,
            "updated": "2025-11-25 09:39:54 +0000 UTC",
            "user_data": "845c42fb13a9cd2845696aa1726c5cc31cce1d5b",
            "vendor_options": [],
            "volume": []
          },
          "sensitive_attributes": [
            [
              {
                "type": "get_attr",
                "value": "admin_pass"
              }
            ]
          ],
          "identity_schema_version": 0,
          "private": "eyJlMmJmYjczMC1lY2FhLTExZTYtOGY4OC0zNDM2M2JjN2M0YzAiOnsiY3JlYXRlIjoxODAwMDAwMDAwMDAwLCJkZWxldGUiOjE4MDAwMDAwMDAwMDAsInVwZGF0ZSI6MTgwMDAwMDAwMDAwMH19",
          "dependencies": [
            "module.vms.data.openstack_networking_network_v2.existing"
          ]
        },
        {
          "index_key": "web3",
          "schema_version": 0,
          "attributes": {
            "access_ip_v4": "192.168.0.185",
            "access_ip_v6": "",
            "admin_pass": null,
            "all_metadata": {
              "environment": "dev"
            },
            "all_tags": [],
            "availability_zone": "nova",
            "availability_zone_hints": null,
            "block_device": [],
            "config_drive": null,
            "created": "2025-11-25 09:39:39 +0000 UTC",
            "flavor_id": "3",
            "flavor_name": "m1.medium",
            "floating_ip": null,
            "force_delete": false,
            "id": "355aa36c-d21c-459c-9c5b-f3e098cea5ac",
            "image_id": "de927bcd-4fda-4bd7-8b0a-ccc2115aa546",
            "image_name": "Ubuntu-24.04-Desktop",
            "key_pair": "open",
            "metadata": {
              "environment": "dev"
            },
            "name": "dev-web-3",
            "network": [
              {
                "access_network": false,
                "fixed_ip_v4": "192.168.0.185",
                "fixed_ip_v6": "",
                "floating_ip": "",
                "mac": "fa:16:3e:38:78:da",
                "name": "demo-net",
                "port": "",
                "uuid": "01390c0b-3fdb-4987-8c7c-e69d1af0ce05"
              }
            ],
            "network_mode": null,
            "personality": [],
            "power_state": "active",
            "region": "RegionOne",
            "scheduler_hints": [],
            "security_groups": [
              "default"
            ],
            "stop_before_destroy": false,
            "tags": [],
            "timeouts": null,
            "updated": "2025-11-25 09:39:55 +0000 UTC",
            "user_data": "845c42fb13a9cd2845696aa1726c5cc31cce1d5b",
            "vendor_options": [],
            "volume": []
          },
          "sensitive_attributes": [
            [
              {
                "type": "get_attr",
                "value": "admin_pass"
              }
            ]
          ],
          "identity_schema_version": 0,
          "private": "eyJlMmJmYjczMC1lY2FhLTExZTYtOGY4OC0zNDM2M2JjN2M0YzAiOnsiY3JlYXRlIjoxODAwMDAwMDAwMDAwLCJkZWxldGUiOjE4MDAwMDAwMDAwMDAsInVwZGF0ZSI6MTgwMDAwMDAwMDAwMH19",
          "dependencies": [
            "module.vms.data.openstack_networking_network_v2.existing"
          ]
        }
      ]
    },
    {
      "module": "module.vms",
      "mode": "managed",
      "type": "openstack_compute_volume_attach_v2",
      "name": "attach",
      "provider": "provider[\"registry.terraform.io/terraform-provider-openstack/openstack\"]",
      "instances": [
        {
          "index_key": "web2",
          "schema_version": 0,
          "attributes": {
            "device": "/dev/vdb",
            "id": "cace9868-7b2f-492c-a094-5e23a210d543/d5d884cb-f8db-4094-ac2d-c8f083517bb3",
            "instance_id": "cace9868-7b2f-492c-a094-5e23a210d543",
            "multiattach": null,
            "region": "RegionOne",
            "timeouts": null,
            "vendor_options": [],
            "volume_id": "d5d884cb-f8db-4094-ac2d-c8f083517bb3"
          },
          "sensitive_attributes": [],
          "identity_schema_version": 0,
          "private": "eyJlMmJmYjczMC1lY2FhLTExZTYtOGY4OC0zNDM2M2JjN2M0YzAiOnsiY3JlYXRlIjo2MDAwMDAwMDAwMDAsImRlbGV0ZSI6NjAwMDAwMDAwMDAwfX0=",
          "dependencies": [
            "module.vms.data.openstack_networking_network_v2.existing",
            "module.vms.openstack_blockstorage_volume_v3.volumes",
            "module.vms.openstack_compute_instance_v2.vms"
          ]
        },
        {
          "index_key": "web3",
          "schema_version": 0,
          "attributes": {
            "device": "/dev/vdb",
            "id": "355aa36c-d21c-459c-9c5b-f3e098cea5ac/5d144dc4-d73f-4def-8f8f-5c99038acc08",
            "instance_id": "355aa36c-d21c-459c-9c5b-f3e098cea5ac",
            "multiattach": null,
            "region": "RegionOne",
            "timeouts": null,
            "vendor_options": [],
            "volume_id": "5d144dc4-d73f-4def-8f8f-5c99038acc08"
          },
          "sensitive_attributes": [],
          "identity_schema_version": 0,
          "private": "eyJlMmJmYjczMC1lY2FhLTExZTYtOGY4OC0zNDM2M2JjN2M0YzAiOnsiY3JlYXRlIjo2MDAwMDAwMDAwMDAsImRlbGV0ZSI6NjAwMDAwMDAwMDAwfX0=",
          "dependencies": [
            "module.vms.data.openstack_networking_network_v2.existing",
            "module.vms.openstack_blockstorage_volume_v3.volumes",
            "module.vms.openstack_compute_instance_v2.vms"
          ]
        }
      ]
    },
    {
      "module": "module.vms",
      "mode": "managed",
      "type": "openstack_networking_floatingip_v2",
      "name": "fips",
      "provider": "provider[\"registry.terraform.io/terraform-provider-openstack/openstack\"]",
      "instances": [
        {
          "index_key": "web3",
          "schema_version": 0,
          "attributes": {
            "address": "165.99.104.152",
            "all_tags": [],
            "description": "",
            "dns_domain": "",
            "dns_name": "",
            "fixed_ip": "192.168.0.185",
            "id": "161834f8-4685-42c1-9bf5-a61f6dabd4b3",
            "pool": "public1",
            "port_id": "c3ea4958-e4e9-45d8-899d-8c08a6862ea4",
            "region": "RegionOne",
            "subnet_id": null,
            "subnet_ids": null,
            "tags": [],
            "tenant_id": "4aeef0ed3f924e3082ce8a97ce966ca3",
            "timeouts": null,
            "value_specs": null
          },
          "sensitive_attributes": [],
          "identity_schema_version": 0,
          "private": "eyJlMmJmYjczMC1lY2FhLTExZTYtOGY4OC0zNDM2M2JjN2M0YzAiOnsiY3JlYXRlIjo2MDAwMDAwMDAwMDAsImRlbGV0ZSI6NjAwMDAwMDAwMDAwfX0=",
          "dependencies": [
            "module.vms.data.openstack_networking_network_v2.external"
          ]
        }
      ]
    }
  ],
  "check_results": null
}
