{
  "version": 4,
  "terraform_version": "1.13.3",
  "serial": 86,
  "lineage": "2351a1c2-9c9f-6f93-e62b-228057244013",
  "outputs": {
    "awx_inventory_file": {
      "value": "./../terraform_outputs/awx_inventory.ini",
      "type": "string"
    },
    "dev_boot_volumes": {
      "value": {},
      "type": [
        "object",
        {}
      ]
    },
    "dev_data_volumes": {
      "value": {
        "web1-data-0": {
          "device": null,
          "id": "9497b6df-7071-49d8-bc39-346ffa650e24",
          "name": "open-vpn-data-web1-data-0",
          "size": 20,
          "type": "data",
          "vm_key": "web1",
          "vm_name": "open-vpn"
        },
        "web2-data-0": {
          "device": null,
          "id": "d9c92c5e-1ac5-4402-a23f-85289083fe39",
          "name": "wazuh-master-1-data-web2-data-0",
          "size": 10,
          "type": "data",
          "vm_key": "web2",
          "vm_name": "wazuh-master-1"
        },
        "web4-data-0": {
          "device": null,
          "id": "024a69df-6ba9-4de3-bd0a-35b46ea2bb7b",
          "name": "wazuh-worker-2-data-web4-data-0",
          "size": 10,
          "type": "data",
          "vm_key": "web4",
          "vm_name": "wazuh-worker-2"
        }
      },
      "type": [
        "object",
        {
          "web1-data-0": [
            "object",
            {
              "device": "dynamic",
              "id": "string",
              "name": "string",
              "size": "number",
              "type": "string",
              "vm_key": "string",
              "vm_name": "string"
            }
          ],
          "web2-data-0": [
            "object",
            {
              "device": "dynamic",
              "id": "string",
              "name": "string",
              "size": "number",
              "type": "string",
              "vm_key": "string",
              "vm_name": "string"
            }
          ],
          "web4-data-0": [
            "object",
            {
              "device": "dynamic",
              "id": "string",
              "name": "string",
              "size": "number",
              "type": "string",
              "vm_key": "string",
              "vm_name": "string"
            }
          ]
        }
      ]
    },
    "dev_data_volumes_by_vm": {
      "value": {
        "web1": {
          "vm_name": "open-vpn",
          "volume_count": 1,
          "volumes": [
            {
              "device": null,
              "id": "9497b6df-7071-49d8-bc39-346ffa650e24",
              "name": "open-vpn-data-web1-data-0",
              "size": 20
            }
          ]
        },
        "web2": {
          "vm_name": "wazuh-master-1",
          "volume_count": 1,
          "volumes": [
            {
              "device": null,
              "id": "d9c92c5e-1ac5-4402-a23f-85289083fe39",
              "name": "wazuh-master-1-data-web2-data-0",
              "size": 10
            }
          ]
        },
        "web4": {
          "vm_name": "wazuh-worker-2",
          "volume_count": 1,
          "volumes": [
            {
              "device": null,
              "id": "024a69df-6ba9-4de3-bd0a-35b46ea2bb7b",
              "name": "wazuh-worker-2-data-web4-data-0",
              "size": 10
            }
          ]
        }
      },
      "type": [
        "object",
        {
          "web1": [
            "object",
            {
              "vm_name": "string",
              "volume_count": "number",
              "volumes": [
                "tuple",
                [
                  [
                    "object",
                    {
                      "device": "dynamic",
                      "id": "string",
                      "name": "string",
                      "size": "number"
                    }
                  ]
                ]
              ]
            }
          ],
          "web2": [
            "object",
            {
              "vm_name": "string",
              "volume_count": "number",
              "volumes": [
                "tuple",
                [
                  [
                    "object",
                    {
                      "device": "dynamic",
                      "id": "string",
                      "name": "string",
                      "size": "number"
                    }
                  ]
                ]
              ]
            }
          ],
          "web4": [
            "object",
            {
              "vm_name": "string",
              "volume_count": "number",
              "volumes": [
                "tuple",
                [
                  [
                    "object",
                    {
                      "device": "dynamic",
                      "id": "string",
                      "name": "string",
                      "size": "number"
                    }
                  ]
                ]
              ]
            }
          ]
        }
      ]
    },
    "dev_vm_details": {
      "value": {
        "web1": {
          "boot_volume_id": null,
          "data_volume_count": 1,
          "data_volumes": [
            {
              "device": null,
              "id": "9497b6df-7071-49d8-bc39-346ffa650e24",
              "name": "open-vpn-data-web1-data-0",
              "size": 20
            }
          ],
          "fip": null,
          "flavor": "m1.medium",
          "id": "5e11eca8-3104-4be1-b999-3e1fd3bf7f8b",
          "name": "open-vpn",
          "power_state": "active",
          "private_ip": "10.0.0.73"
        },
        "web2": {
          "boot_volume_id": null,
          "data_volume_count": 1,
          "data_volumes": [
            {
              "device": null,
              "id": "d9c92c5e-1ac5-4402-a23f-85289083fe39",
              "name": "wazuh-master-1-data-web2-data-0",
              "size": 10
            }
          ],
          "fip": null,
          "flavor": "m1.large",
          "id": "c6d48dc1-91e1-425c-9a18-1352c01ac75d",
          "name": "wazuh-master-1",
          "power_state": "active",
          "private_ip": "10.0.0.56"
        },
        "web4": {
          "boot_volume_id": null,
          "data_volume_count": 1,
          "data_volumes": [
            {
              "device": null,
              "id": "024a69df-6ba9-4de3-bd0a-35b46ea2bb7b",
              "name": "wazuh-worker-2-data-web4-data-0",
              "size": 10
            }
          ],
          "fip": null,
          "flavor": "m1.large",
          "id": "20dab6bf-54d2-4dad-b46f-ab8a81f2a6a4",
          "name": "wazuh-worker-2",
          "power_state": "active",
          "private_ip": "10.0.0.244"
        }
      },
      "type": [
        "object",
        {
          "web1": [
            "object",
            {
              "boot_volume_id": "dynamic",
              "data_volume_count": "number",
              "data_volumes": [
                "tuple",
                [
                  [
                    "object",
                    {
                      "device": "dynamic",
                      "id": "string",
                      "name": "string",
                      "size": "number"
                    }
                  ]
                ]
              ],
              "fip": "dynamic",
              "flavor": "string",
              "id": "string",
              "name": "string",
              "power_state": "string",
              "private_ip": "string"
            }
          ],
          "web2": [
            "object",
            {
              "boot_volume_id": "dynamic",
              "data_volume_count": "number",
              "data_volumes": [
                "tuple",
                [
                  [
                    "object",
                    {
                      "device": "dynamic",
                      "id": "string",
                      "name": "string",
                      "size": "number"
                    }
                  ]
                ]
              ],
              "fip": "dynamic",
              "flavor": "string",
              "id": "string",
              "name": "string",
              "power_state": "string",
              "private_ip": "string"
            }
          ],
          "web4": [
            "object",
            {
              "boot_volume_id": "dynamic",
              "data_volume_count": "number",
              "data_volumes": [
                "tuple",
                [
                  [
                    "object",
                    {
                      "device": "dynamic",
                      "id": "string",
                      "name": "string",
                      "size": "number"
                    }
                  ]
                ]
              ],
              "fip": "dynamic",
              "flavor": "string",
              "id": "string",
              "name": "string",
              "power_state": "string",
              "private_ip": "string"
            }
          ]
        }
      ]
    },
    "dev_vm_fips": {
      "value": {},
      "type": [
        "object",
        {}
      ]
    },
    "dev_vm_storage_summary": {
      "value": {
        "web1": {
          "boot_method": "image",
          "boot_volume_size": "N/A (image boot)",
          "data_volumes_count": 1,
          "data_volumes_total_size": 20,
          "total_storage": 20,
          "vm_name": "open-vpn"
        },
        "web2": {
          "boot_method": "image",
          "boot_volume_size": "N/A (image boot)",
          "data_volumes_count": 1,
          "data_volumes_total_size": 10,
          "total_storage": 10,
          "vm_name": "wazuh-master-1"
        },
        "web4": {
          "boot_method": "image",
          "boot_volume_size": "N/A (image boot)",
          "data_volumes_count": 1,
          "data_volumes_total_size": 10,
          "total_storage": 10,
          "vm_name": "wazuh-worker-2"
        }
      },
      "type": [
        "object",
        {
          "web1": [
            "object",
            {
              "boot_method": "string",
              "boot_volume_size": "string",
              "data_volumes_count": "number",
              "data_volumes_total_size": "number",
              "total_storage": "number",
              "vm_name": "string"
            }
          ],
          "web2": [
            "object",
            {
              "boot_method": "string",
              "boot_volume_size": "string",
              "data_volumes_count": "number",
              "data_volumes_total_size": "number",
              "total_storage": "number",
              "vm_name": "string"
            }
          ],
          "web4": [
            "object",
            {
              "boot_method": "string",
              "boot_volume_size": "string",
              "data_volumes_count": "number",
              "data_volumes_total_size": "number",
              "total_storage": "number",
              "vm_name": "string"
            }
          ]
        }
      ]
    },
    "terraform_outputs_file": {
      "value": "./../terraform_outputs/terraform_output.json",
      "type": "string"
    }
  },
  "resources": [
    {
      "mode": "managed",
      "type": "null_resource",
      "name": "save_outputs",
      "provider": "provider[\"registry.terraform.io/hashicorp/null\"]",
      "instances": [
        {
          "schema_version": 0,
          "attributes": {
            "id": "3174220819163067846",
            "triggers": {
              "always_run": "2025-12-22T04:36:19Z",
              "vm_fips": "{}"
            }
          },
          "sensitive_attributes": [],
          "identity_schema_version": 0,
          "dependencies": [
            "module.vms.data.openstack_networking_network_v2.existing",
            "module.vms.data.openstack_networking_network_v2.external",
            "module.vms.openstack_blockstorage_volume_v3.boot_volumes",
            "module.vms.openstack_blockstorage_volume_v3.data_volumes",
            "module.vms.openstack_compute_floatingip_associate_v2.fip_assoc",
            "module.vms.openstack_compute_instance_v2.vms",
            "module.vms.openstack_compute_volume_attach_v2.attach_data",
            "module.vms.openstack_networking_floatingip_v2.fips"
          ]
        }
      ]
    },
    {
      "module": "module.vms",
      "mode": "data",
      "type": "openstack_networking_network_v2",
      "name": "existing",
      "provider": "provider[\"registry.terraform.io/terraform-provider-openstack/openstack\"]",
      "instances": [
        {
          "index_key": 0,
          "schema_version": 0,
          "attributes": {
            "admin_state_up": "true",
            "all_tags": [],
            "availability_zone_hints": [],
            "description": "",
            "dns_domain": "",
            "external": false,
            "id": "1a504e6d-2944-4567-9bdd-327209998c45",
            "matching_subnet_cidr": null,
            "mtu": 1450,
            "name": "terraform",
            "network_id": null,
            "region": "RegionOne",
            "segments": [],
            "shared": "false",
            "status": null,
            "subnets": [
              "35faec0c-c4ae-4bf5-882d-53549c265b2a"
            ],
            "tags": null,
            "tenant_id": "fc70748921aa4265ad13c5d6f42d2574",
            "transparent_vlan": false
          },
          "sensitive_attributes": [],
          "identity_schema_version": 0
        }
      ]
    },
    {
      "module": "module.vms",
      "mode": "data",
      "type": "openstack_networking_network_v2",
      "name": "external",
      "provider": "provider[\"registry.terraform.io/terraform-provider-openstack/openstack\"]",
      "instances": [
        {
          "schema_version": 0,
          "attributes": {
            "admin_state_up": "true",
            "all_tags": [],
            "availability_zone_hints": [],
            "description": "",
            "dns_domain": "",
            "external": true,
            "id": "7181cf6d-3e20-4fac-a7d1-7064e5fbb3a6",
            "matching_subnet_cidr": null,
            "mtu": 1500,
            "name": "public1",
            "network_id": null,
            "region": "RegionOne",
            "segments": [],
            "shared": "true",
            "status": null,
            "subnets": [
              "99d6340b-f730-4086-910d-e39faff556fa"
            ],
            "tags": null,
            "tenant_id": "15b9c9b9c8fe4dae9789ca3ffea6aaac",
            "transparent_vlan": false
          },
          "sensitive_attributes": [],
          "identity_schema_version": 0
        }
      ]
    },
    {
      "module": "module.vms",
      "mode": "managed",
      "type": "openstack_blockstorage_volume_v3",
      "name": "data_volumes",
      "provider": "provider[\"registry.terraform.io/terraform-provider-openstack/openstack\"]",
      "instances": [
        {
          "index_key": "web1-data-0",
          "schema_version": 0,
          "attributes": {
            "attachment": [],
            "availability_zone": "nova",
            "consistency_group_id": null,
            "description": "vpn",
            "enable_online_resize": true,
            "id": "9497b6df-7071-49d8-bc39-346ffa650e24",
            "image_id": null,
            "metadata": {},
            "multiattach": null,
            "name": "open-vpn-data-web1-data-0",
            "region": "RegionOne",
            "scheduler_hints": [],
            "size": 20,
            "snapshot_id": "",
            "source_replica": null,
            "source_vol_id": "",
            "timeouts": null,
            "volume_type": "__DEFAULT__"
          },
          "sensitive_attributes": [],
          "identity_schema_version": 0,
          "private": "eyJlMmJmYjczMC1lY2FhLTExZTYtOGY4OC0zNDM2M2JjN2M0YzAiOnsiY3JlYXRlIjo2MDAwMDAwMDAwMDAsImRlbGV0ZSI6NjAwMDAwMDAwMDAwfX0="
        },
        {
          "index_key": "web2-data-0",
          "schema_version": 0,
          "attributes": {
            "attachment": [],
            "availability_zone": "nova",
            "consistency_group_id": null,
            "description": "vpn",
            "enable_online_resize": true,
            "id": "d9c92c5e-1ac5-4402-a23f-85289083fe39",
            "image_id": null,
            "metadata": {},
            "multiattach": null,
            "name": "wazuh-master-1-data-web2-data-0",
            "region": "RegionOne",
            "scheduler_hints": [],
            "size": 10,
            "snapshot_id": "",
            "source_replica": null,
            "source_vol_id": "",
            "timeouts": null,
            "volume_type": "__DEFAULT__"
          },
          "sensitive_attributes": [],
          "identity_schema_version": 0,
          "private": "eyJlMmJmYjczMC1lY2FhLTExZTYtOGY4OC0zNDM2M2JjN2M0YzAiOnsiY3JlYXRlIjo2MDAwMDAwMDAwMDAsImRlbGV0ZSI6NjAwMDAwMDAwMDAwfX0="
        },
        {
          "index_key": "web4-data-0",
          "schema_version": 0,
          "attributes": {
            "attachment": [],
            "availability_zone": "nova",
            "consistency_group_id": null,
            "description": "vpn",
            "enable_online_resize": true,
            "id": "024a69df-6ba9-4de3-bd0a-35b46ea2bb7b",
            "image_id": null,
            "metadata": {},
            "multiattach": null,
            "name": "wazuh-worker-2-data-web4-data-0",
            "region": "RegionOne",
            "scheduler_hints": [],
            "size": 10,
            "snapshot_id": "",
            "source_replica": null,
            "source_vol_id": "",
            "timeouts": null,
            "volume_type": "__DEFAULT__"
          },
          "sensitive_attributes": [],
          "identity_schema_version": 0,
          "private": "eyJlMmJmYjczMC1lY2FhLTExZTYtOGY4OC0zNDM2M2JjN2M0YzAiOnsiY3JlYXRlIjo2MDAwMDAwMDAwMDAsImRlbGV0ZSI6NjAwMDAwMDAwMDAwfX0="
        }
      ]
    },
    {
      "module": "module.vms",
      "mode": "managed",
      "type": "openstack_compute_instance_v2",
      "name": "vms",
      "provider": "provider[\"registry.terraform.io/terraform-provider-openstack/openstack\"]",
      "instances": [
        {
          "index_key": "web1",
          "schema_version": 0,
          "attributes": {
            "access_ip_v4": "10.0.0.73",
            "access_ip_v6": "",
            "admin_pass": null,
            "all_metadata": {
              "environment": "dev"
            },
            "all_tags": [],
            "availability_zone": "nova",
            "availability_zone_hints": null,
            "block_device": [],
            "config_drive": null,
            "created": "2025-12-22 04:35:31 +0000 UTC",
            "flavor_id": "3",
            "flavor_name": "m1.medium",
            "floating_ip": null,
            "force_delete": false,
            "id": "5e11eca8-3104-4be1-b999-3e1fd3bf7f8b",
            "image_id": "ffa49bc6-3dc4-4da9-beac-dad078d6e71e",
            "image_name": "ubuntu",
            "key_pair": "test",
            "metadata": {
              "environment": "dev"
            },
            "name": "open-vpn",
            "network": [
              {
                "access_network": false,
                "fixed_ip_v4": "10.0.0.73",
                "fixed_ip_v6": "",
                "floating_ip": "",
                "mac": "fa:16:3e:92:ec:8b",
                "name": "terraform",
                "port": "",
                "uuid": "1a504e6d-2944-4567-9bdd-327209998c45"
              }
            ],
            "network_mode": null,
            "personality": [],
            "power_state": "active",
            "region": "RegionOne",
            "scheduler_hints": [],
            "security_groups": [
              "default"
            ],
            "stop_before_destroy": false,
            "tags": null,
            "timeouts": null,
            "updated": "2025-12-22 04:35:49 +0000 UTC",
            "user_data": "c988166c5b09efe7029ba381a449b3a0f50b7495",
            "vendor_options": [],
            "volume": []
          },
          "sensitive_attributes": [
            [
              {
                "type": "get_attr",
                "value": "admin_pass"
              }
            ]
          ],
          "identity_schema_version": 0,
          "private": "eyJlMmJmYjczMC1lY2FhLTExZTYtOGY4OC0zNDM2M2JjN2M0YzAiOnsiY3JlYXRlIjoxODAwMDAwMDAwMDAwLCJkZWxldGUiOjE4MDAwMDAwMDAwMDAsInVwZGF0ZSI6MTgwMDAwMDAwMDAwMH19",
          "dependencies": [
            "module.vms.data.openstack_networking_network_v2.existing",
            "module.vms.openstack_blockstorage_volume_v3.boot_volumes"
          ]
        },
        {
          "index_key": "web2",
          "schema_version": 0,
          "attributes": {
            "access_ip_v4": "10.0.0.56",
            "access_ip_v6": "",
            "admin_pass": null,
            "all_metadata": {
              "environment": "dev"
            },
            "all_tags": [],
            "availability_zone": "nova",
            "availability_zone_hints": null,
            "block_device": [],
            "config_drive": null,
            "created": "2025-12-22 04:35:31 +0000 UTC",
            "flavor_id": "4",
            "flavor_name": "m1.large",
            "floating_ip": null,
            "force_delete": false,
            "id": "c6d48dc1-91e1-425c-9a18-1352c01ac75d",
            "image_id": "ffa49bc6-3dc4-4da9-beac-dad078d6e71e",
            "image_name": "ubuntu",
            "key_pair": "test",
            "metadata": {
              "environment": "dev"
            },
            "name": "wazuh-master-1",
            "network": [
              {
                "access_network": false,
                "fixed_ip_v4": "10.0.0.56",
                "fixed_ip_v6": "",
                "floating_ip": "",
                "mac": "fa:16:3e:df:57:e6",
                "name": "terraform",
                "port": "",
                "uuid": "1a504e6d-2944-4567-9bdd-327209998c45"
              }
            ],
            "network_mode": null,
            "personality": [],
            "power_state": "active",
            "region": "RegionOne",
            "scheduler_hints": [],
            "security_groups": [
              "default"
            ],
            "stop_before_destroy": false,
            "tags": null,
            "timeouts": null,
            "updated": "2025-12-22 04:35:46 +0000 UTC",
            "user_data": "c988166c5b09efe7029ba381a449b3a0f50b7495",
            "vendor_options": [],
            "volume": []
          },
          "sensitive_attributes": [
            [
              {
                "type": "get_attr",
                "value": "admin_pass"
              }
            ]
          ],
          "identity_schema_version": 0,
          "private": "eyJlMmJmYjczMC1lY2FhLTExZTYtOGY4OC0zNDM2M2JjN2M0YzAiOnsiY3JlYXRlIjoxODAwMDAwMDAwMDAwLCJkZWxldGUiOjE4MDAwMDAwMDAwMDAsInVwZGF0ZSI6MTgwMDAwMDAwMDAwMH19",
          "dependencies": [
            "module.vms.data.openstack_networking_network_v2.existing",
            "module.vms.openstack_blockstorage_volume_v3.boot_volumes"
          ]
        },
        {
          "index_key": "web4",
          "schema_version": 0,
          "attributes": {
            "access_ip_v4": "10.0.0.244",
            "access_ip_v6": "",
            "admin_pass": null,
            "all_metadata": {
              "environment": "dev"
            },
            "all_tags": [],
            "availability_zone": "nova",
            "availability_zone_hints": null,
            "block_device": [],
            "config_drive": null,
            "created": "2025-12-22 04:35:31 +0000 UTC",
            "flavor_id": "4",
            "flavor_name": "m1.large",
            "floating_ip": null,
            "force_delete": false,
            "id": "20dab6bf-54d2-4dad-b46f-ab8a81f2a6a4",
            "image_id": "ffa49bc6-3dc4-4da9-beac-dad078d6e71e",
            "image_name": "ubuntu",
            "key_pair": "test",
            "metadata": {
              "environment": "dev"
            },
            "name": "wazuh-worker-2",
            "network": [
              {
                "access_network": false,
                "fixed_ip_v4": "10.0.0.244",
                "fixed_ip_v6": "",
                "floating_ip": "",
                "mac": "fa:16:3e:d2:d9:04",
                "name": "terraform",
                "port": "",
                "uuid": "1a504e6d-2944-4567-9bdd-327209998c45"
              }
            ],
            "network_mode": null,
            "personality": [],
            "power_state": "active",
            "region": "RegionOne",
            "scheduler_hints": [],
            "security_groups": [
              "default"
            ],
            "stop_before_destroy": false,
            "tags": null,
            "timeouts": null,
            "updated": "2025-12-22 04:35:52 +0000 UTC",
            "user_data": "c988166c5b09efe7029ba381a449b3a0f50b7495",
            "vendor_options": [],
            "volume": []
          },
          "sensitive_attributes": [
            [
              {
                "type": "get_attr",
                "value": "admin_pass"
              }
            ]
          ],
          "identity_schema_version": 0,
          "private": "eyJlMmJmYjczMC1lY2FhLTExZTYtOGY4OC0zNDM2M2JjN2M0YzAiOnsiY3JlYXRlIjoxODAwMDAwMDAwMDAwLCJkZWxldGUiOjE4MDAwMDAwMDAwMDAsInVwZGF0ZSI6MTgwMDAwMDAwMDAwMH19",
          "dependencies": [
            "module.vms.data.openstack_networking_network_v2.existing",
            "module.vms.openstack_blockstorage_volume_v3.boot_volumes"
          ]
        }
      ]
    },
    {
      "module": "module.vms",
      "mode": "managed",
      "type": "openstack_compute_volume_attach_v2",
      "name": "attach_data",
      "provider": "provider[\"registry.terraform.io/terraform-provider-openstack/openstack\"]",
      "instances": [
        {
          "index_key": "web1-data-0",
          "schema_version": 0,
          "attributes": {
            "device": "/dev/vdb",
            "id": "5e11eca8-3104-4be1-b999-3e1fd3bf7f8b/9497b6df-7071-49d8-bc39-346ffa650e24",
            "instance_id": "5e11eca8-3104-4be1-b999-3e1fd3bf7f8b",
            "multiattach": null,
            "region": "RegionOne",
            "timeouts": null,
            "vendor_options": [],
            "volume_id": "9497b6df-7071-49d8-bc39-346ffa650e24"
          },
          "sensitive_attributes": [],
          "identity_schema_version": 0,
          "private": "eyJlMmJmYjczMC1lY2FhLTExZTYtOGY4OC0zNDM2M2JjN2M0YzAiOnsiY3JlYXRlIjo2MDAwMDAwMDAwMDAsImRlbGV0ZSI6NjAwMDAwMDAwMDAwfX0=",
          "dependencies": [
            "module.vms.data.openstack_networking_network_v2.existing",
            "module.vms.openstack_blockstorage_volume_v3.boot_volumes",
            "module.vms.openstack_blockstorage_volume_v3.data_volumes",
            "module.vms.openstack_compute_instance_v2.vms"
          ]
        },
        {
          "index_key": "web2-data-0",
          "schema_version": 0,
          "attributes": {
            "device": "/dev/vdb",
            "id": "c6d48dc1-91e1-425c-9a18-1352c01ac75d/d9c92c5e-1ac5-4402-a23f-85289083fe39",
            "instance_id": "c6d48dc1-91e1-425c-9a18-1352c01ac75d",
            "multiattach": null,
            "region": "RegionOne",
            "timeouts": null,
            "vendor_options": [],
            "volume_id": "d9c92c5e-1ac5-4402-a23f-85289083fe39"
          },
          "sensitive_attributes": [],
          "identity_schema_version": 0,
          "private": "eyJlMmJmYjczMC1lY2FhLTExZTYtOGY4OC0zNDM2M2JjN2M0YzAiOnsiY3JlYXRlIjo2MDAwMDAwMDAwMDAsImRlbGV0ZSI6NjAwMDAwMDAwMDAwfX0=",
          "dependencies": [
            "module.vms.data.openstack_networking_network_v2.existing",
            "module.vms.openstack_blockstorage_volume_v3.boot_volumes",
            "module.vms.openstack_blockstorage_volume_v3.data_volumes",
            "module.vms.openstack_compute_instance_v2.vms"
          ]
        },
        {
          "index_key": "web4-data-0",
          "schema_version": 0,
          "attributes": {
            "device": "/dev/vdb",
            "id": "20dab6bf-54d2-4dad-b46f-ab8a81f2a6a4/024a69df-6ba9-4de3-bd0a-35b46ea2bb7b",
            "instance_id": "20dab6bf-54d2-4dad-b46f-ab8a81f2a6a4",
            "multiattach": null,
            "region": "RegionOne",
            "timeouts": null,
            "vendor_options": [],
            "volume_id": "024a69df-6ba9-4de3-bd0a-35b46ea2bb7b"
          },
          "sensitive_attributes": [],
          "identity_schema_version": 0,
          "private": "eyJlMmJmYjczMC1lY2FhLTExZTYtOGY4OC0zNDM2M2JjN2M0YzAiOnsiY3JlYXRlIjo2MDAwMDAwMDAwMDAsImRlbGV0ZSI6NjAwMDAwMDAwMDAwfX0=",
          "dependencies": [
            "module.vms.data.openstack_networking_network_v2.existing",
            "module.vms.openstack_blockstorage_volume_v3.boot_volumes",
            "module.vms.openstack_blockstorage_volume_v3.data_volumes",
            "module.vms.openstack_compute_instance_v2.vms"
          ]
        }
      ]
    }
  ],
  "check_results": [
    {
      "object_kind": "var",
      "config_addr": "module.vms.var.vms",
      "status": "pass",
      "objects": [
        {
          "object_addr": "module.vms.var.vms",
          "status": "pass"
        }
      ]
    }
  ]
}
