{
  "version": 4,
  "terraform_version": "1.13.3",
  "serial": 431,
  "lineage": "7601525b-87f7-014f-794e-12360699b6a3",
  "outputs": {
    "awx_inventory_file": {
      "value": "./../terraform_outputs/awx_inventory.ini",
      "type": "string"
    },
    "dev_vm_details": {
      "value": {
        "web1": {
          "fip": "172.20.0.178",
          "flavor": "m1.medium",
          "id": "ce7118c3-0f10-49cf-9bf3-915960fe9682",
          "name": "dev-web-1",
          "power_state": "active",
          "volume_id": "609496ab-4105-4928-999b-79f4d158a64f"
        },
        "web2": {
          "fip": "172.20.0.198",
          "flavor": "m1.medium",
          "id": "eeaf5cfe-2dc1-4e6a-a79c-c248e3f3baf6",
          "name": "dev-web-2",
          "power_state": "active",
          "volume_id": "73ba1643-54be-4dd9-813e-4e2acbf8cc34"
        },
        "web3": {
          "fip": "172.20.0.187",
          "flavor": "m1.medium",
          "id": "435e3879-4d59-4461-a13f-2fc3ec376027",
          "name": "dev-web-3",
          "power_state": "active",
          "volume_id": "b8d73900-eda1-4835-abaa-d0a2dcb95279"
        }
      },
      "type": [
        "object",
        {
          "web1": [
            "object",
            {
              "fip": "string",
              "flavor": "string",
              "id": "string",
              "name": "string",
              "power_state": "string",
              "volume_id": "string"
            }
          ],
          "web2": [
            "object",
            {
              "fip": "string",
              "flavor": "string",
              "id": "string",
              "name": "string",
              "power_state": "string",
              "volume_id": "string"
            }
          ],
          "web3": [
            "object",
            {
              "fip": "string",
              "flavor": "string",
              "id": "string",
              "name": "string",
              "power_state": "string",
              "volume_id": "string"
            }
          ]
        }
      ]
    },
    "dev_vm_fips": {
      "value": {
        "web1": "172.20.0.178",
        "web2": "172.20.0.198",
        "web3": "172.20.0.187"
      },
      "type": [
        "object",
        {
          "web1": "string",
          "web2": "string",
          "web3": "string"
        }
      ]
    },
    "dev_volumes": {
      "value": {
        "web1": {
          "id": "609496ab-4105-4928-999b-79f4d158a64f",
          "name": "dev-web-1-volume",
          "size": 15
        },
        "web2": {
          "id": "73ba1643-54be-4dd9-813e-4e2acbf8cc34",
          "name": "dev-web-2-volume",
          "size": 30
        },
        "web3": {
          "id": "b8d73900-eda1-4835-abaa-d0a2dcb95279",
          "name": "dev-web-3-volume",
          "size": 20
        }
      },
      "type": [
        "object",
        {
          "web1": [
            "object",
            {
              "id": "string",
              "name": "string",
              "size": "number"
            }
          ],
          "web2": [
            "object",
            {
              "id": "string",
              "name": "string",
              "size": "number"
            }
          ],
          "web3": [
            "object",
            {
              "id": "string",
              "name": "string",
              "size": "number"
            }
          ]
        }
      ]
    },
    "terraform_outputs_file": {
      "value": "./../terraform_outputs/terraform_output.json",
      "type": "string"
    }
  },
  "resources": [
    {
      "mode": "managed",
      "type": "null_resource",
      "name": "save_outputs",
      "provider": "provider[\"registry.terraform.io/hashicorp/null\"]",
      "instances": [
        {
          "schema_version": 0,
          "attributes": {
            "id": "7842577516303230953",
            "triggers": {
              "always_run": "2025-10-22T10:36:09Z"
            }
          },
          "sensitive_attributes": [],
          "identity_schema_version": 0
        }
      ]
    },
    {
      "module": "module.vms",
      "mode": "data",
      "type": "openstack_networking_network_v2",
      "name": "existing",
      "provider": "provider[\"registry.terraform.io/terraform-provider-openstack/openstack\"]",
      "instances": [
        {
          "schema_version": 0,
          "attributes": {
            "admin_state_up": "true",
            "all_tags": [],
            "availability_zone_hints": [],
            "description": "",
            "dns_domain": "",
            "external": false,
            "id": "d4904aab-8a3f-4eb2-8db1-e6027bbc0efd",
            "matching_subnet_cidr": null,
            "mtu": 1450,
            "name": "test-user",
            "network_id": null,
            "region": "RegionOne",
            "segments": [],
            "shared": "false",
            "status": null,
            "subnets": [
              "041d6b00-a416-44b5-8c32-4fa90b563485"
            ],
            "tags": null,
            "tenant_id": "fc70748921aa4265ad13c5d6f42d2574",
            "transparent_vlan": false
          },
          "sensitive_attributes": [],
          "identity_schema_version": 0
        }
      ]
    },
    {
      "module": "module.vms",
      "mode": "data",
      "type": "openstack_networking_network_v2",
      "name": "external",
      "provider": "provider[\"registry.terraform.io/terraform-provider-openstack/openstack\"]",
      "instances": [
        {
          "schema_version": 0,
          "attributes": {
            "admin_state_up": "true",
            "all_tags": [],
            "availability_zone_hints": [],
            "description": "",
            "dns_domain": "",
            "external": true,
            "id": "5f5966e5-684f-4221-904d-0d0018620959",
            "matching_subnet_cidr": null,
            "mtu": 1500,
            "name": "public1",
            "network_id": null,
            "region": "RegionOne",
            "segments": [],
            "shared": "false",
            "status": null,
            "subnets": [
              "a0698778-aa5c-4629-890a-18448f54b4e5"
            ],
            "tags": null,
            "tenant_id": "15b9c9b9c8fe4dae9789ca3ffea6aaac",
            "transparent_vlan": false
          },
          "sensitive_attributes": [],
          "identity_schema_version": 0
        }
      ]
    },
    {
      "module": "module.vms",
      "mode": "managed",
      "type": "openstack_blockstorage_volume_v3",
      "name": "volumes",
      "provider": "provider[\"registry.terraform.io/terraform-provider-openstack/openstack\"]",
      "instances": [
        {
          "index_key": "web1",
          "schema_version": 0,
          "attributes": {
            "attachment": [
              {
                "device": "/dev/vdb",
                "id": "609496ab-4105-4928-999b-79f4d158a64f",
                "instance_id": "ce7118c3-0f10-49cf-9bf3-915960fe9682"
              }
            ],
            "availability_zone": "nova",
            "consistency_group_id": null,
            "description": "Attached volume for dev-web-1",
            "enable_online_resize": null,
            "id": "609496ab-4105-4928-999b-79f4d158a64f",
            "image_id": null,
            "metadata": {},
            "multiattach": null,
            "name": "dev-web-1-volume",
            "region": "RegionOne",
            "scheduler_hints": [],
            "size": 15,
            "snapshot_id": "",
            "source_replica": null,
            "source_vol_id": "",
            "timeouts": null,
            "volume_type": "__DEFAULT__"
          },
          "sensitive_attributes": [],
          "identity_schema_version": 0,
          "private": "eyJlMmJmYjczMC1lY2FhLTExZTYtOGY4OC0zNDM2M2JjN2M0YzAiOnsiY3JlYXRlIjo2MDAwMDAwMDAwMDAsImRlbGV0ZSI6NjAwMDAwMDAwMDAwfX0="
        },
        {
          "index_key": "web2",
          "schema_version": 0,
          "attributes": {
            "attachment": [
              {
                "device": "/dev/vdb",
                "id": "73ba1643-54be-4dd9-813e-4e2acbf8cc34",
                "instance_id": "eeaf5cfe-2dc1-4e6a-a79c-c248e3f3baf6"
              }
            ],
            "availability_zone": "nova",
            "consistency_group_id": null,
            "description": "Attached volume for dev-web-2",
            "enable_online_resize": null,
            "id": "73ba1643-54be-4dd9-813e-4e2acbf8cc34",
            "image_id": null,
            "metadata": {},
            "multiattach": null,
            "name": "dev-web-2-volume",
            "region": "RegionOne",
            "scheduler_hints": [],
            "size": 30,
            "snapshot_id": "",
            "source_replica": null,
            "source_vol_id": "",
            "timeouts": null,
            "volume_type": "__DEFAULT__"
          },
          "sensitive_attributes": [],
          "identity_schema_version": 0,
          "private": "eyJlMmJmYjczMC1lY2FhLTExZTYtOGY4OC0zNDM2M2JjN2M0YzAiOnsiY3JlYXRlIjo2MDAwMDAwMDAwMDAsImRlbGV0ZSI6NjAwMDAwMDAwMDAwfX0="
        },
        {
          "index_key": "web3",
          "schema_version": 0,
          "attributes": {
            "attachment": [
              {
                "device": "/dev/vdb",
                "id": "b8d73900-eda1-4835-abaa-d0a2dcb95279",
                "instance_id": "435e3879-4d59-4461-a13f-2fc3ec376027"
              }
            ],
            "availability_zone": "nova",
            "consistency_group_id": null,
            "description": "Attached volume for dev-web-3",
            "enable_online_resize": null,
            "id": "b8d73900-eda1-4835-abaa-d0a2dcb95279",
            "image_id": null,
            "metadata": {},
            "multiattach": null,
            "name": "dev-web-3-volume",
            "region": "RegionOne",
            "scheduler_hints": [],
            "size": 20,
            "snapshot_id": "",
            "source_replica": null,
            "source_vol_id": "",
            "timeouts": null,
            "volume_type": "__DEFAULT__"
          },
          "sensitive_attributes": [],
          "identity_schema_version": 0,
          "private": "eyJlMmJmYjczMC1lY2FhLTExZTYtOGY4OC0zNDM2M2JjN2M0YzAiOnsiY3JlYXRlIjo2MDAwMDAwMDAwMDAsImRlbGV0ZSI6NjAwMDAwMDAwMDAwfX0="
        }
      ]
    },
    {
      "module": "module.vms",
      "mode": "managed",
      "type": "openstack_compute_floatingip_associate_v2",
      "name": "fip_assoc",
      "provider": "provider[\"registry.terraform.io/terraform-provider-openstack/openstack\"]",
      "instances": [
        {
          "index_key": "web1",
          "schema_version": 0,
          "attributes": {
            "fixed_ip": "",
            "floating_ip": "172.20.0.178",
            "id": "172.20.0.178/ce7118c3-0f10-49cf-9bf3-915960fe9682/",
            "instance_id": "ce7118c3-0f10-49cf-9bf3-915960fe9682",
            "region": "RegionOne",
            "timeouts": null,
            "wait_until_associated": null
          },
          "sensitive_attributes": [],
          "identity_schema_version": 0,
          "private": "eyJlMmJmYjczMC1lY2FhLTExZTYtOGY4OC0zNDM2M2JjN2M0YzAiOnsiY3JlYXRlIjo2MDAwMDAwMDAwMDB9fQ==",
          "dependencies": [
            "module.vms.data.openstack_networking_network_v2.existing",
            "module.vms.data.openstack_networking_network_v2.external",
            "module.vms.openstack_blockstorage_volume_v3.volumes",
            "module.vms.openstack_compute_instance_v2.vms",
            "module.vms.openstack_compute_volume_attach_v2.attach",
            "module.vms.openstack_networking_floatingip_v2.fips"
          ]
        },
        {
          "index_key": "web2",
          "schema_version": 0,
          "attributes": {
            "fixed_ip": "",
            "floating_ip": "172.20.0.198",
            "id": "172.20.0.198/eeaf5cfe-2dc1-4e6a-a79c-c248e3f3baf6/",
            "instance_id": "eeaf5cfe-2dc1-4e6a-a79c-c248e3f3baf6",
            "region": "RegionOne",
            "timeouts": null,
            "wait_until_associated": null
          },
          "sensitive_attributes": [],
          "identity_schema_version": 0,
          "private": "eyJlMmJmYjczMC1lY2FhLTExZTYtOGY4OC0zNDM2M2JjN2M0YzAiOnsiY3JlYXRlIjo2MDAwMDAwMDAwMDB9fQ==",
          "dependencies": [
            "module.vms.data.openstack_networking_network_v2.existing",
            "module.vms.data.openstack_networking_network_v2.external",
            "module.vms.openstack_blockstorage_volume_v3.volumes",
            "module.vms.openstack_compute_instance_v2.vms",
            "module.vms.openstack_compute_volume_attach_v2.attach",
            "module.vms.openstack_networking_floatingip_v2.fips"
          ]
        },
        {
          "index_key": "web3",
          "schema_version": 0,
          "attributes": {
            "fixed_ip": "",
            "floating_ip": "172.20.0.187",
            "id": "172.20.0.187/435e3879-4d59-4461-a13f-2fc3ec376027/",
            "instance_id": "435e3879-4d59-4461-a13f-2fc3ec376027",
            "region": "RegionOne",
            "timeouts": null,
            "wait_until_associated": null
          },
          "sensitive_attributes": [],
          "identity_schema_version": 0,
          "private": "eyJlMmJmYjczMC1lY2FhLTExZTYtOGY4OC0zNDM2M2JjN2M0YzAiOnsiY3JlYXRlIjo2MDAwMDAwMDAwMDB9fQ==",
          "dependencies": [
            "module.vms.data.openstack_networking_network_v2.existing",
            "module.vms.data.openstack_networking_network_v2.external",
            "module.vms.openstack_blockstorage_volume_v3.volumes",
            "module.vms.openstack_compute_instance_v2.vms",
            "module.vms.openstack_compute_volume_attach_v2.attach",
            "module.vms.openstack_networking_floatingip_v2.fips"
          ]
        }
      ]
    },
    {
      "module": "module.vms",
      "mode": "managed",
      "type": "openstack_compute_instance_v2",
      "name": "vms",
      "provider": "provider[\"registry.terraform.io/terraform-provider-openstack/openstack\"]",
      "instances": [
        {
          "index_key": "web1",
          "schema_version": 0,
          "attributes": {
            "access_ip_v4": "192.168.200.248",
            "access_ip_v6": "",
            "admin_pass": null,
            "all_metadata": {
              "environment": "dev"
            },
            "all_tags": [],
            "availability_zone": "nova",
            "availability_zone_hints": null,
            "block_device": [],
            "config_drive": null,
            "created": "2025-10-22 10:18:09 +0000 UTC",
            "flavor_id": "3",
            "flavor_name": "m1.medium",
            "floating_ip": null,
            "force_delete": false,
            "id": "ce7118c3-0f10-49cf-9bf3-915960fe9682",
            "image_id": "5df00ab6-70f8-42b6-a4ff-4ddebd14e80c",
            "image_name": "xubuntu",
            "key_pair": "test",
            "metadata": {
              "environment": "dev"
            },
            "name": "dev-web-1",
            "network": [
              {
                "access_network": false,
                "fixed_ip_v4": "192.168.200.248",
                "fixed_ip_v6": "",
                "floating_ip": "",
                "mac": "fa:16:3e:11:b9:32",
                "name": "test-user",
                "port": "",
                "uuid": "d4904aab-8a3f-4eb2-8db1-e6027bbc0efd"
              }
            ],
            "network_mode": null,
            "personality": [],
            "power_state": "active",
            "region": "RegionOne",
            "scheduler_hints": [],
            "security_groups": [
              "default"
            ],
            "stop_before_destroy": false,
            "tags": [],
            "timeouts": null,
            "updated": "2025-10-22 10:18:21 +0000 UTC",
            "user_data": "94b6efdb915897cdab369318bee6f685c7cc8253",
            "vendor_options": [],
            "volume": []
          },
          "sensitive_attributes": [
            [
              {
                "type": "get_attr",
                "value": "admin_pass"
              }
            ]
          ],
          "identity_schema_version": 0,
          "private": "eyJlMmJmYjczMC1lY2FhLTExZTYtOGY4OC0zNDM2M2JjN2M0YzAiOnsiY3JlYXRlIjoxODAwMDAwMDAwMDAwLCJkZWxldGUiOjE4MDAwMDAwMDAwMDAsInVwZGF0ZSI6MTgwMDAwMDAwMDAwMH19",
          "dependencies": [
            "module.vms.data.openstack_networking_network_v2.existing"
          ]
        },
        {
          "index_key": "web2",
          "schema_version": 0,
          "attributes": {
            "access_ip_v4": "192.168.200.239",
            "access_ip_v6": "",
            "admin_pass": null,
            "all_metadata": {
              "environment": "dev"
            },
            "all_tags": [],
            "availability_zone": "nova",
            "availability_zone_hints": null,
            "block_device": [],
            "config_drive": null,
            "created": "2025-10-22 10:18:10 +0000 UTC",
            "flavor_id": "3",
            "flavor_name": "m1.medium",
            "floating_ip": null,
            "force_delete": false,
            "id": "eeaf5cfe-2dc1-4e6a-a79c-c248e3f3baf6",
            "image_id": "6129d0de-38fe-41f2-abdf-d371fb658d47",
            "image_name": "Ubuntu-desktop",
            "key_pair": "test",
            "metadata": {
              "environment": "dev"
            },
            "name": "dev-web-2",
            "network": [
              {
                "access_network": false,
                "fixed_ip_v4": "192.168.200.239",
                "fixed_ip_v6": "",
                "floating_ip": "",
                "mac": "fa:16:3e:2b:20:f9",
                "name": "test-user",
                "port": "",
                "uuid": "d4904aab-8a3f-4eb2-8db1-e6027bbc0efd"
              }
            ],
            "network_mode": null,
            "personality": [],
            "power_state": "active",
            "region": "RegionOne",
            "scheduler_hints": [],
            "security_groups": [
              "default"
            ],
            "stop_before_destroy": false,
            "tags": [],
            "timeouts": null,
            "updated": "2025-10-22 10:18:27 +0000 UTC",
            "user_data": "845c42fb13a9cd2845696aa1726c5cc31cce1d5b",
            "vendor_options": [],
            "volume": []
          },
          "sensitive_attributes": [
            [
              {
                "type": "get_attr",
                "value": "admin_pass"
              }
            ]
          ],
          "identity_schema_version": 0,
          "private": "eyJlMmJmYjczMC1lY2FhLTExZTYtOGY4OC0zNDM2M2JjN2M0YzAiOnsiY3JlYXRlIjoxODAwMDAwMDAwMDAwLCJkZWxldGUiOjE4MDAwMDAwMDAwMDAsInVwZGF0ZSI6MTgwMDAwMDAwMDAwMH19",
          "dependencies": [
            "module.vms.data.openstack_networking_network_v2.existing"
          ]
        },
        {
          "index_key": "web3",
          "schema_version": 0,
          "attributes": {
            "access_ip_v4": "192.168.200.237",
            "access_ip_v6": "",
            "admin_pass": null,
            "all_metadata": {
              "environment": "dev"
            },
            "all_tags": [],
            "availability_zone": "nova",
            "availability_zone_hints": null,
            "block_device": [],
            "config_drive": null,
            "created": "2025-10-22 10:18:10 +0000 UTC",
            "flavor_id": "3",
            "flavor_name": "m1.medium",
            "floating_ip": null,
            "force_delete": false,
            "id": "435e3879-4d59-4461-a13f-2fc3ec376027",
            "image_id": "6129d0de-38fe-41f2-abdf-d371fb658d47",
            "image_name": "Ubuntu-desktop",
            "key_pair": "test",
            "metadata": {
              "environment": "dev"
            },
            "name": "dev-web-3",
            "network": [
              {
                "access_network": false,
                "fixed_ip_v4": "192.168.200.237",
                "fixed_ip_v6": "",
                "floating_ip": "",
                "mac": "fa:16:3e:8c:e6:7c",
                "name": "test-user",
                "port": "",
                "uuid": "d4904aab-8a3f-4eb2-8db1-e6027bbc0efd"
              }
            ],
            "network_mode": null,
            "personality": [],
            "power_state": "active",
            "region": "RegionOne",
            "scheduler_hints": [],
            "security_groups": [
              "default"
            ],
            "stop_before_destroy": false,
            "tags": [],
            "timeouts": null,
            "updated": "2025-10-22 10:18:24 +0000 UTC",
            "user_data": "845c42fb13a9cd2845696aa1726c5cc31cce1d5b",
            "vendor_options": [],
            "volume": []
          },
          "sensitive_attributes": [
            [
              {
                "type": "get_attr",
                "value": "admin_pass"
              }
            ]
          ],
          "identity_schema_version": 0,
          "private": "eyJlMmJmYjczMC1lY2FhLTExZTYtOGY4OC0zNDM2M2JjN2M0YzAiOnsiY3JlYXRlIjoxODAwMDAwMDAwMDAwLCJkZWxldGUiOjE4MDAwMDAwMDAwMDAsInVwZGF0ZSI6MTgwMDAwMDAwMDAwMH19",
          "dependencies": [
            "module.vms.data.openstack_networking_network_v2.existing"
          ]
        }
      ]
    },
    {
      "module": "module.vms",
      "mode": "managed",
      "type": "openstack_compute_volume_attach_v2",
      "name": "attach",
      "provider": "provider[\"registry.terraform.io/terraform-provider-openstack/openstack\"]",
      "instances": [
        {
          "index_key": "web1",
          "schema_version": 0,
          "attributes": {
            "device": "/dev/vdb",
            "id": "ce7118c3-0f10-49cf-9bf3-915960fe9682/609496ab-4105-4928-999b-79f4d158a64f",
            "instance_id": "ce7118c3-0f10-49cf-9bf3-915960fe9682",
            "multiattach": null,
            "region": "RegionOne",
            "timeouts": null,
            "vendor_options": [],
            "volume_id": "609496ab-4105-4928-999b-79f4d158a64f"
          },
          "sensitive_attributes": [],
          "identity_schema_version": 0,
          "private": "eyJlMmJmYjczMC1lY2FhLTExZTYtOGY4OC0zNDM2M2JjN2M0YzAiOnsiY3JlYXRlIjo2MDAwMDAwMDAwMDAsImRlbGV0ZSI6NjAwMDAwMDAwMDAwfX0=",
          "dependencies": [
            "module.vms.data.openstack_networking_network_v2.existing",
            "module.vms.openstack_blockstorage_volume_v3.volumes",
            "module.vms.openstack_compute_instance_v2.vms"
          ]
        },
        {
          "index_key": "web2",
          "schema_version": 0,
          "attributes": {
            "device": "/dev/vdb",
            "id": "eeaf5cfe-2dc1-4e6a-a79c-c248e3f3baf6/73ba1643-54be-4dd9-813e-4e2acbf8cc34",
            "instance_id": "eeaf5cfe-2dc1-4e6a-a79c-c248e3f3baf6",
            "multiattach": null,
            "region": "RegionOne",
            "timeouts": null,
            "vendor_options": [],
            "volume_id": "73ba1643-54be-4dd9-813e-4e2acbf8cc34"
          },
          "sensitive_attributes": [],
          "identity_schema_version": 0,
          "private": "eyJlMmJmYjczMC1lY2FhLTExZTYtOGY4OC0zNDM2M2JjN2M0YzAiOnsiY3JlYXRlIjo2MDAwMDAwMDAwMDAsImRlbGV0ZSI6NjAwMDAwMDAwMDAwfX0=",
          "dependencies": [
            "module.vms.data.openstack_networking_network_v2.existing",
            "module.vms.openstack_blockstorage_volume_v3.volumes",
            "module.vms.openstack_compute_instance_v2.vms"
          ]
        },
        {
          "index_key": "web3",
          "schema_version": 0,
          "attributes": {
            "device": "/dev/vdb",
            "id": "435e3879-4d59-4461-a13f-2fc3ec376027/b8d73900-eda1-4835-abaa-d0a2dcb95279",
            "instance_id": "435e3879-4d59-4461-a13f-2fc3ec376027",
            "multiattach": null,
            "region": "RegionOne",
            "timeouts": null,
            "vendor_options": [],
            "volume_id": "b8d73900-eda1-4835-abaa-d0a2dcb95279"
          },
          "sensitive_attributes": [],
          "identity_schema_version": 0,
          "private": "eyJlMmJmYjczMC1lY2FhLTExZTYtOGY4OC0zNDM2M2JjN2M0YzAiOnsiY3JlYXRlIjo2MDAwMDAwMDAwMDAsImRlbGV0ZSI6NjAwMDAwMDAwMDAwfX0=",
          "dependencies": [
            "module.vms.data.openstack_networking_network_v2.existing",
            "module.vms.openstack_blockstorage_volume_v3.volumes",
            "module.vms.openstack_compute_instance_v2.vms"
          ]
        }
      ]
    },
    {
      "module": "module.vms",
      "mode": "managed",
      "type": "openstack_networking_floatingip_v2",
      "name": "fips",
      "provider": "provider[\"registry.terraform.io/terraform-provider-openstack/openstack\"]",
      "instances": [
        {
          "index_key": "web1",
          "schema_version": 0,
          "attributes": {
            "address": "172.20.0.178",
            "all_tags": [],
            "description": "",
            "dns_domain": "",
            "dns_name": "",
            "fixed_ip": "192.168.200.248",
            "id": "a28e3c7e-870c-4efc-8922-5d70229552bb",
            "pool": "public1",
            "port_id": "862f3e8d-5f11-4ea4-a6dd-49037132dc4f",
            "region": "RegionOne",
            "subnet_id": null,
            "subnet_ids": null,
            "tags": [],
            "tenant_id": "fc70748921aa4265ad13c5d6f42d2574",
            "timeouts": null,
            "value_specs": null
          },
          "sensitive_attributes": [],
          "identity_schema_version": 0,
          "private": "eyJlMmJmYjczMC1lY2FhLTExZTYtOGY4OC0zNDM2M2JjN2M0YzAiOnsiY3JlYXRlIjo2MDAwMDAwMDAwMDAsImRlbGV0ZSI6NjAwMDAwMDAwMDAwfX0=",
          "dependencies": [
            "module.vms.data.openstack_networking_network_v2.external"
          ]
        },
        {
          "index_key": "web2",
          "schema_version": 0,
          "attributes": {
            "address": "172.20.0.198",
            "all_tags": [],
            "description": "",
            "dns_domain": "",
            "dns_name": "",
            "fixed_ip": "192.168.200.239",
            "id": "e4bcdb75-8141-41ee-825a-a31d8736f5dd",
            "pool": "public1",
            "port_id": "e77d4150-39c0-4535-bc26-196a29261672",
            "region": "RegionOne",
            "subnet_id": null,
            "subnet_ids": null,
            "tags": [],
            "tenant_id": "fc70748921aa4265ad13c5d6f42d2574",
            "timeouts": null,
            "value_specs": null
          },
          "sensitive_attributes": [],
          "identity_schema_version": 0,
          "private": "eyJlMmJmYjczMC1lY2FhLTExZTYtOGY4OC0zNDM2M2JjN2M0YzAiOnsiY3JlYXRlIjo2MDAwMDAwMDAwMDAsImRlbGV0ZSI6NjAwMDAwMDAwMDAwfX0=",
          "dependencies": [
            "module.vms.data.openstack_networking_network_v2.external"
          ]
        },
        {
          "index_key": "web3",
          "schema_version": 0,
          "attributes": {
            "address": "172.20.0.187",
            "all_tags": [],
            "description": "",
            "dns_domain": "",
            "dns_name": "",
            "fixed_ip": "192.168.200.237",
            "id": "c83647f7-54a5-4c11-a3e1-22dc4ff9dcf3",
            "pool": "public1",
            "port_id": "6c4ee031-82ae-486d-9db0-ff63d45f5613",
            "region": "RegionOne",
            "subnet_id": null,
            "subnet_ids": null,
            "tags": [],
            "tenant_id": "fc70748921aa4265ad13c5d6f42d2574",
            "timeouts": null,
            "value_specs": null
          },
          "sensitive_attributes": [],
          "identity_schema_version": 0,
          "private": "eyJlMmJmYjczMC1lY2FhLTExZTYtOGY4OC0zNDM2M2JjN2M0YzAiOnsiY3JlYXRlIjo2MDAwMDAwMDAwMDAsImRlbGV0ZSI6NjAwMDAwMDAwMDAwfX0=",
          "dependencies": [
            "module.vms.data.openstack_networking_network_v2.external"
          ]
        }
      ]
    }
  ],
  "check_results": null
}
