{
  "version": 4,
  "terraform_version": "1.13.3",
  "serial": 38,
  "lineage": "1676798f-ab23-f373-80ac-e0a9f003b56b",
  "outputs": {
    "awx_inventory_file": {
      "value": "./../terraform_outputs/awx_inventory.ini",
      "type": "string"
    },
    "dev_vm_details": {
      "value": {
        "web1": {
          "fip": "172.20.1.70",
          "flavor": "m1.medium",
          "id": "d41c754a-801b-40c8-9e33-87a629edd4d7",
          "name": "open-vpn",
          "power_state": "active",
          "private_ip": "10.0.0.15",
          "volume_id": "ae553b45-a8f9-4502-a782-4503d6d1837b"
        },
        "web2": {
          "fip": null,
          "flavor": "m1.large",
          "id": "0488f589-0ed3-4712-830f-803579d6e9d6",
          "name": "wazuh-master-1",
          "power_state": "active",
          "private_ip": "10.0.0.105",
          "volume_id": "7442c778-11bc-4111-b081-b865d6d94d96"
        },
        "web3": {
          "fip": null,
          "flavor": "m1.large",
          "id": "518169fd-47ac-4b9e-b4c8-4867f41a0330",
          "name": "wazuh-worker-1",
          "power_state": "active",
          "private_ip": "10.0.0.250",
          "volume_id": "58ac027e-01e8-4865-a377-4c471003bd26"
        },
        "web4": {
          "fip": null,
          "flavor": "m1.large",
          "id": "01fc679c-add2-4d71-bdee-6c7be9427cdd",
          "name": "wazuh-worker-2",
          "power_state": "active",
          "private_ip": "10.0.0.20",
          "volume_id": "84bb97aa-140c-4d8a-b65f-103280b0dacb"
        }
      },
      "type": [
        "object",
        {
          "web1": [
            "object",
            {
              "fip": "string",
              "flavor": "string",
              "id": "string",
              "name": "string",
              "power_state": "string",
              "private_ip": "string",
              "volume_id": "string"
            }
          ],
          "web2": [
            "object",
            {
              "fip": "dynamic",
              "flavor": "string",
              "id": "string",
              "name": "string",
              "power_state": "string",
              "private_ip": "string",
              "volume_id": "string"
            }
          ],
          "web3": [
            "object",
            {
              "fip": "dynamic",
              "flavor": "string",
              "id": "string",
              "name": "string",
              "power_state": "string",
              "private_ip": "string",
              "volume_id": "string"
            }
          ],
          "web4": [
            "object",
            {
              "fip": "dynamic",
              "flavor": "string",
              "id": "string",
              "name": "string",
              "power_state": "string",
              "private_ip": "string",
              "volume_id": "string"
            }
          ]
        }
      ]
    },
    "dev_vm_fips": {
      "value": {
        "web1": "172.20.1.70",
        "worker1": "172.20.1.182",
        "worker2": "172.20.1.28"
      },
      "type": [
        "object",
        {
          "web1": "string",
          "worker1": "string",
          "worker2": "string"
        }
      ]
    },
    "dev_volumes": {
      "value": {
        "web1": {
          "id": "ae553b45-a8f9-4502-a782-4503d6d1837b",
          "name": "open-vpn-volume",
          "size": 10
        },
        "web2": {
          "id": "7442c778-11bc-4111-b081-b865d6d94d96",
          "name": "wazuh-master-1-volume",
          "size": 50
        },
        "web3": {
          "id": "58ac027e-01e8-4865-a377-4c471003bd26",
          "name": "wazuh-worker-1-volume",
          "size": 50
        },
        "web4": {
          "id": "84bb97aa-140c-4d8a-b65f-103280b0dacb",
          "name": "wazuh-worker-2-volume",
          "size": 50
        },
        "worker1": {
          "id": "acfb011c-c800-41d8-8b9e-8fb6f52b292e",
          "name": "wazuh-worker-6-volume",
          "size": 50
        },
        "worker2": {
          "id": "898364ff-7f26-439b-b227-bab2a2f5d085",
          "name": "wazuh-worker-7-volume",
          "size": 50
        }
      },
      "type": [
        "object",
        {
          "web1": [
            "object",
            {
              "id": "string",
              "name": "string",
              "size": "number"
            }
          ],
          "web2": [
            "object",
            {
              "id": "string",
              "name": "string",
              "size": "number"
            }
          ],
          "web3": [
            "object",
            {
              "id": "string",
              "name": "string",
              "size": "number"
            }
          ],
          "web4": [
            "object",
            {
              "id": "string",
              "name": "string",
              "size": "number"
            }
          ],
          "worker1": [
            "object",
            {
              "id": "string",
              "name": "string",
              "size": "number"
            }
          ],
          "worker2": [
            "object",
            {
              "id": "string",
              "name": "string",
              "size": "number"
            }
          ]
        }
      ]
    },
    "terraform_outputs_file": {
      "value": "./../terraform_outputs/terraform_output.json",
      "type": "string"
    }
  },
  "resources": [
    {
      "module": "module.vms",
      "mode": "data",
      "type": "openstack_networking_network_v2",
      "name": "existing",
      "provider": "provider[\"registry.terraform.io/terraform-provider-openstack/openstack\"]",
      "instances": [
        {
          "schema_version": 0,
          "attributes": {
            "admin_state_up": "true",
            "all_tags": [],
            "availability_zone_hints": [],
            "description": "",
            "dns_domain": "",
            "external": false,
            "id": "1a504e6d-2944-4567-9bdd-327209998c45",
            "matching_subnet_cidr": null,
            "mtu": 1450,
            "name": "terraform",
            "network_id": null,
            "region": "RegionOne",
            "segments": [],
            "shared": "false",
            "status": null,
            "subnets": [
              "35faec0c-c4ae-4bf5-882d-53549c265b2a"
            ],
            "tags": null,
            "tenant_id": "fc70748921aa4265ad13c5d6f42d2574",
            "transparent_vlan": false
          },
          "sensitive_attributes": [],
          "identity_schema_version": 0
        }
      ]
    },
    {
      "module": "module.vms",
      "mode": "data",
      "type": "openstack_networking_network_v2",
      "name": "external",
      "provider": "provider[\"registry.terraform.io/terraform-provider-openstack/openstack\"]",
      "instances": [
        {
          "schema_version": 0,
          "attributes": {
            "admin_state_up": "true",
            "all_tags": [],
            "availability_zone_hints": [],
            "description": "",
            "dns_domain": "",
            "external": true,
            "id": "7181cf6d-3e20-4fac-a7d1-7064e5fbb3a6",
            "matching_subnet_cidr": null,
            "mtu": 1500,
            "name": "public1",
            "network_id": null,
            "region": "RegionOne",
            "segments": [],
            "shared": "true",
            "status": null,
            "subnets": [
              "99d6340b-f730-4086-910d-e39faff556fa"
            ],
            "tags": null,
            "tenant_id": "15b9c9b9c8fe4dae9789ca3ffea6aaac",
            "transparent_vlan": false
          },
          "sensitive_attributes": [],
          "identity_schema_version": 0
        }
      ]
    },
    {
      "module": "module.vms",
      "mode": "managed",
      "type": "openstack_blockstorage_volume_v3",
      "name": "data_volumes",
      "provider": "provider[\"registry.terraform.io/terraform-provider-openstack/openstack\"]",
      "instances": [
        {
          "index_key": "web1",
          "schema_version": 0,
          "attributes": {
            "attachment": [
              {
                "device": "/dev/vdb",
                "id": "ae553b45-a8f9-4502-a782-4503d6d1837b",
                "instance_id": "d41c754a-801b-40c8-9e33-87a629edd4d7"
              }
            ],
            "availability_zone": "nova",
            "consistency_group_id": null,
            "description": "Attached volume for open-vpn",
            "enable_online_resize": null,
            "id": "ae553b45-a8f9-4502-a782-4503d6d1837b",
            "image_id": null,
            "metadata": {},
            "multiattach": null,
            "name": "open-vpn-volume",
            "region": "RegionOne",
            "scheduler_hints": [],
            "size": 10,
            "snapshot_id": "",
            "source_replica": null,
            "source_vol_id": "",
            "timeouts": null,
            "volume_type": "__DEFAULT__"
          },
          "sensitive_attributes": [],
          "identity_schema_version": 0,
          "private": "eyJlMmJmYjczMC1lY2FhLTExZTYtOGY4OC0zNDM2M2JjN2M0YzAiOnsiY3JlYXRlIjo2MDAwMDAwMDAwMDAsImRlbGV0ZSI6NjAwMDAwMDAwMDAwfX0="
        }
      ]
    },
    {
      "module": "module.vms",
      "mode": "managed",
      "type": "openstack_blockstorage_volume_v3",
      "name": "volumes",
      "provider": "provider[\"registry.terraform.io/terraform-provider-openstack/openstack\"]",
      "instances": [
        {
          "index_key": "web2",
          "schema_version": 0,
          "attributes": {
            "attachment": [
              {
                "device": "/dev/vdb",
                "id": "7442c778-11bc-4111-b081-b865d6d94d96",
                "instance_id": "0488f589-0ed3-4712-830f-803579d6e9d6"
              }
            ],
            "availability_zone": "nova",
            "consistency_group_id": null,
            "description": "Attached volume for wazuh-master-1",
            "enable_online_resize": null,
            "id": "7442c778-11bc-4111-b081-b865d6d94d96",
            "image_id": null,
            "metadata": {},
            "multiattach": null,
            "name": "wazuh-master-1-volume",
            "region": "RegionOne",
            "scheduler_hints": [],
            "size": 50,
            "snapshot_id": "",
            "source_replica": null,
            "source_vol_id": "",
            "timeouts": null,
            "volume_type": "__DEFAULT__"
          },
          "sensitive_attributes": [],
          "identity_schema_version": 0,
          "private": "eyJlMmJmYjczMC1lY2FhLTExZTYtOGY4OC0zNDM2M2JjN2M0YzAiOnsiY3JlYXRlIjo2MDAwMDAwMDAwMDAsImRlbGV0ZSI6NjAwMDAwMDAwMDAwfX0="
        },
        {
          "index_key": "web3",
          "schema_version": 0,
          "attributes": {
            "attachment": [
              {
                "device": "/dev/vdb",
                "id": "58ac027e-01e8-4865-a377-4c471003bd26",
                "instance_id": "518169fd-47ac-4b9e-b4c8-4867f41a0330"
              }
            ],
            "availability_zone": "nova",
            "consistency_group_id": null,
            "description": "Attached volume for wazuh-worker-1",
            "enable_online_resize": null,
            "id": "58ac027e-01e8-4865-a377-4c471003bd26",
            "image_id": null,
            "metadata": {},
            "multiattach": null,
            "name": "wazuh-worker-1-volume",
            "region": "RegionOne",
            "scheduler_hints": [],
            "size": 50,
            "snapshot_id": "",
            "source_replica": null,
            "source_vol_id": "",
            "timeouts": null,
            "volume_type": "__DEFAULT__"
          },
          "sensitive_attributes": [],
          "identity_schema_version": 0,
          "private": "eyJlMmJmYjczMC1lY2FhLTExZTYtOGY4OC0zNDM2M2JjN2M0YzAiOnsiY3JlYXRlIjo2MDAwMDAwMDAwMDAsImRlbGV0ZSI6NjAwMDAwMDAwMDAwfX0="
        },
        {
          "index_key": "web4",
          "schema_version": 0,
          "attributes": {
            "attachment": [
              {
                "device": "/dev/vdb",
                "id": "84bb97aa-140c-4d8a-b65f-103280b0dacb",
                "instance_id": "01fc679c-add2-4d71-bdee-6c7be9427cdd"
              }
            ],
            "availability_zone": "nova",
            "consistency_group_id": null,
            "description": "Attached volume for wazuh-worker-2",
            "enable_online_resize": null,
            "id": "84bb97aa-140c-4d8a-b65f-103280b0dacb",
            "image_id": null,
            "metadata": {},
            "multiattach": null,
            "name": "wazuh-worker-2-volume",
            "region": "RegionOne",
            "scheduler_hints": [],
            "size": 50,
            "snapshot_id": "",
            "source_replica": null,
            "source_vol_id": "",
            "timeouts": null,
            "volume_type": "__DEFAULT__"
          },
          "sensitive_attributes": [],
          "identity_schema_version": 0,
          "private": "eyJlMmJmYjczMC1lY2FhLTExZTYtOGY4OC0zNDM2M2JjN2M0YzAiOnsiY3JlYXRlIjo2MDAwMDAwMDAwMDAsImRlbGV0ZSI6NjAwMDAwMDAwMDAwfX0="
        },
        {
          "index_key": "worker1",
          "schema_version": 0,
          "attributes": {
            "attachment": [],
            "availability_zone": "nova",
            "consistency_group_id": null,
            "description": "Attached volume for wazuh-worker-6",
            "enable_online_resize": null,
            "id": "acfb011c-c800-41d8-8b9e-8fb6f52b292e",
            "image_id": null,
            "metadata": {},
            "multiattach": null,
            "name": "wazuh-worker-6-volume",
            "region": "RegionOne",
            "scheduler_hints": [],
            "size": 50,
            "snapshot_id": "",
            "source_replica": null,
            "source_vol_id": "",
            "timeouts": null,
            "volume_type": "__DEFAULT__"
          },
          "sensitive_attributes": [],
          "identity_schema_version": 0,
          "private": "eyJlMmJmYjczMC1lY2FhLTExZTYtOGY4OC0zNDM2M2JjN2M0YzAiOnsiY3JlYXRlIjo2MDAwMDAwMDAwMDAsImRlbGV0ZSI6NjAwMDAwMDAwMDAwfX0="
        },
        {
          "index_key": "worker2",
          "schema_version": 0,
          "attributes": {
            "attachment": [],
            "availability_zone": "nova",
            "consistency_group_id": null,
            "description": "Attached volume for wazuh-worker-7",
            "enable_online_resize": null,
            "id": "898364ff-7f26-439b-b227-bab2a2f5d085",
            "image_id": null,
            "metadata": {},
            "multiattach": null,
            "name": "wazuh-worker-7-volume",
            "region": "RegionOne",
            "scheduler_hints": [],
            "size": 50,
            "snapshot_id": "",
            "source_replica": null,
            "source_vol_id": "",
            "timeouts": null,
            "volume_type": "__DEFAULT__"
          },
          "sensitive_attributes": [],
          "identity_schema_version": 0,
          "private": "eyJlMmJmYjczMC1lY2FhLTExZTYtOGY4OC0zNDM2M2JjN2M0YzAiOnsiY3JlYXRlIjo2MDAwMDAwMDAwMDAsImRlbGV0ZSI6NjAwMDAwMDAwMDAwfX0="
        }
      ]
    },
    {
      "module": "module.vms",
      "mode": "managed",
      "type": "openstack_compute_floatingip_associate_v2",
      "name": "fip_assoc",
      "provider": "provider[\"registry.terraform.io/terraform-provider-openstack/openstack\"]",
      "instances": [
        {
          "index_key": "web1",
          "schema_version": 0,
          "attributes": {
            "fixed_ip": "",
            "floating_ip": "172.20.1.70",
            "id": "172.20.1.70/d41c754a-801b-40c8-9e33-87a629edd4d7/",
            "instance_id": "d41c754a-801b-40c8-9e33-87a629edd4d7",
            "region": "RegionOne",
            "timeouts": null,
            "wait_until_associated": null
          },
          "sensitive_attributes": [],
          "identity_schema_version": 0,
          "private": "eyJlMmJmYjczMC1lY2FhLTExZTYtOGY4OC0zNDM2M2JjN2M0YzAiOnsiY3JlYXRlIjo2MDAwMDAwMDAwMDB9fQ=="
        }
      ]
    },
    {
      "module": "module.vms",
      "mode": "managed",
      "type": "openstack_compute_instance_v2",
      "name": "vms",
      "provider": "provider[\"registry.terraform.io/terraform-provider-openstack/openstack\"]",
      "instances": [
        {
          "index_key": "web1",
          "schema_version": 0,
          "attributes": {
            "access_ip_v4": "10.0.0.15",
            "access_ip_v6": "",
            "admin_pass": null,
            "all_metadata": {
              "environment": "dev"
            },
            "all_tags": [],
            "availability_zone": "nova",
            "availability_zone_hints": null,
            "block_device": [],
            "config_drive": null,
            "created": "2025-11-28 15:50:01 +0000 UTC",
            "flavor_id": "3",
            "flavor_name": "m1.medium",
            "floating_ip": null,
            "force_delete": false,
            "id": "d41c754a-801b-40c8-9e33-87a629edd4d7",
            "image_id": "ffa49bc6-3dc4-4da9-beac-dad078d6e71e",
            "image_name": "ubuntu",
            "key_pair": "test",
            "metadata": {
              "environment": "dev"
            },
            "name": "open-vpn",
            "network": [
              {
                "access_network": false,
                "fixed_ip_v4": "10.0.0.15",
                "fixed_ip_v6": "",
                "floating_ip": "",
                "mac": "fa:16:3e:f9:55:97",
                "name": "terraform",
                "port": "",
                "uuid": "1a504e6d-2944-4567-9bdd-327209998c45"
              }
            ],
            "network_mode": null,
            "personality": [],
            "power_state": "active",
            "region": "RegionOne",
            "scheduler_hints": [],
            "security_groups": [
              "default"
            ],
            "stop_before_destroy": false,
            "tags": [],
            "timeouts": null,
            "updated": "2025-11-28 15:50:20 +0000 UTC",
            "user_data": "c988166c5b09efe7029ba381a449b3a0f50b7495",
            "vendor_options": [],
            "volume": []
          },
          "sensitive_attributes": [
            [
              {
                "type": "get_attr",
                "value": "admin_pass"
              }
            ]
          ],
          "identity_schema_version": 0,
          "private": "eyJlMmJmYjczMC1lY2FhLTExZTYtOGY4OC0zNDM2M2JjN2M0YzAiOnsiY3JlYXRlIjoxODAwMDAwMDAwMDAwLCJkZWxldGUiOjE4MDAwMDAwMDAwMDAsInVwZGF0ZSI6MTgwMDAwMDAwMDAwMH19",
          "dependencies": [
            "module.vms.data.openstack_networking_network_v2.existing"
          ]
        },
        {
          "index_key": "web2",
          "schema_version": 0,
          "attributes": {
            "access_ip_v4": "10.0.0.105",
            "access_ip_v6": "",
            "admin_pass": null,
            "all_metadata": {
              "environment": "dev"
            },
            "all_tags": [],
            "availability_zone": "nova",
            "availability_zone_hints": null,
            "block_device": [],
            "config_drive": null,
            "created": "2025-11-28 15:50:01 +0000 UTC",
            "flavor_id": "4",
            "flavor_name": "m1.large",
            "floating_ip": null,
            "force_delete": false,
            "id": "0488f589-0ed3-4712-830f-803579d6e9d6",
            "image_id": "ffa49bc6-3dc4-4da9-beac-dad078d6e71e",
            "image_name": "ubuntu",
            "key_pair": "test",
            "metadata": {
              "environment": "dev"
            },
            "name": "wazuh-master-1",
            "network": [
              {
                "access_network": false,
                "fixed_ip_v4": "10.0.0.105",
                "fixed_ip_v6": "",
                "floating_ip": "",
                "mac": "fa:16:3e:c6:50:2a",
                "name": "terraform",
                "port": "",
                "uuid": "1a504e6d-2944-4567-9bdd-327209998c45"
              }
            ],
            "network_mode": null,
            "personality": [],
            "power_state": "active",
            "region": "RegionOne",
            "scheduler_hints": [],
            "security_groups": [
              "default"
            ],
            "stop_before_destroy": false,
            "tags": [],
            "timeouts": null,
            "updated": "2025-11-28 15:50:17 +0000 UTC",
            "user_data": "c988166c5b09efe7029ba381a449b3a0f50b7495",
            "vendor_options": [],
            "volume": []
          },
          "sensitive_attributes": [
            [
              {
                "type": "get_attr",
                "value": "admin_pass"
              }
            ]
          ],
          "identity_schema_version": 0,
          "private": "eyJlMmJmYjczMC1lY2FhLTExZTYtOGY4OC0zNDM2M2JjN2M0YzAiOnsiY3JlYXRlIjoxODAwMDAwMDAwMDAwLCJkZWxldGUiOjE4MDAwMDAwMDAwMDAsInVwZGF0ZSI6MTgwMDAwMDAwMDAwMH19",
          "dependencies": [
            "module.vms.data.openstack_networking_network_v2.existing"
          ]
        },
        {
          "index_key": "web3",
          "schema_version": 0,
          "attributes": {
            "access_ip_v4": "10.0.0.250",
            "access_ip_v6": "",
            "admin_pass": null,
            "all_metadata": {
              "environment": "dev"
            },
            "all_tags": [],
            "availability_zone": "nova",
            "availability_zone_hints": null,
            "block_device": [],
            "config_drive": null,
            "created": "2025-11-28 15:50:02 +0000 UTC",
            "flavor_id": "4",
            "flavor_name": "m1.large",
            "floating_ip": null,
            "force_delete": false,
            "id": "518169fd-47ac-4b9e-b4c8-4867f41a0330",
            "image_id": "ffa49bc6-3dc4-4da9-beac-dad078d6e71e",
            "image_name": "ubuntu",
            "key_pair": "test",
            "metadata": {
              "environment": "dev"
            },
            "name": "wazuh-worker-1",
            "network": [
              {
                "access_network": false,
                "fixed_ip_v4": "10.0.0.250",
                "fixed_ip_v6": "",
                "floating_ip": "",
                "mac": "fa:16:3e:13:ad:83",
                "name": "terraform",
                "port": "",
                "uuid": "1a504e6d-2944-4567-9bdd-327209998c45"
              }
            ],
            "network_mode": null,
            "personality": [],
            "power_state": "active",
            "region": "RegionOne",
            "scheduler_hints": [],
            "security_groups": [
              "default"
            ],
            "stop_before_destroy": false,
            "tags": [],
            "timeouts": null,
            "updated": "2025-11-28 15:50:22 +0000 UTC",
            "user_data": "c988166c5b09efe7029ba381a449b3a0f50b7495",
            "vendor_options": [],
            "volume": []
          },
          "sensitive_attributes": [
            [
              {
                "type": "get_attr",
                "value": "admin_pass"
              }
            ]
          ],
          "identity_schema_version": 0,
          "private": "eyJlMmJmYjczMC1lY2FhLTExZTYtOGY4OC0zNDM2M2JjN2M0YzAiOnsiY3JlYXRlIjoxODAwMDAwMDAwMDAwLCJkZWxldGUiOjE4MDAwMDAwMDAwMDAsInVwZGF0ZSI6MTgwMDAwMDAwMDAwMH19",
          "dependencies": [
            "module.vms.data.openstack_networking_network_v2.existing"
          ]
        },
        {
          "index_key": "web4",
          "schema_version": 0,
          "attributes": {
            "access_ip_v4": "10.0.0.20",
            "access_ip_v6": "",
            "admin_pass": null,
            "all_metadata": {
              "environment": "dev"
            },
            "all_tags": [],
            "availability_zone": "nova",
            "availability_zone_hints": null,
            "block_device": [],
            "config_drive": null,
            "created": "2025-11-28 15:50:01 +0000 UTC",
            "flavor_id": "4",
            "flavor_name": "m1.large",
            "floating_ip": null,
            "force_delete": false,
            "id": "01fc679c-add2-4d71-bdee-6c7be9427cdd",
            "image_id": "ffa49bc6-3dc4-4da9-beac-dad078d6e71e",
            "image_name": "ubuntu",
            "key_pair": "test",
            "metadata": {
              "environment": "dev"
            },
            "name": "wazuh-worker-2",
            "network": [
              {
                "access_network": false,
                "fixed_ip_v4": "10.0.0.20",
                "fixed_ip_v6": "",
                "floating_ip": "",
                "mac": "fa:16:3e:00:71:cc",
                "name": "terraform",
                "port": "",
                "uuid": "1a504e6d-2944-4567-9bdd-327209998c45"
              }
            ],
            "network_mode": null,
            "personality": [],
            "power_state": "active",
            "region": "RegionOne",
            "scheduler_hints": [],
            "security_groups": [
              "default"
            ],
            "stop_before_destroy": false,
            "tags": [],
            "timeouts": null,
            "updated": "2025-11-28 15:50:15 +0000 UTC",
            "user_data": "c988166c5b09efe7029ba381a449b3a0f50b7495",
            "vendor_options": [],
            "volume": []
          },
          "sensitive_attributes": [
            [
              {
                "type": "get_attr",
                "value": "admin_pass"
              }
            ]
          ],
          "identity_schema_version": 0,
          "private": "eyJlMmJmYjczMC1lY2FhLTExZTYtOGY4OC0zNDM2M2JjN2M0YzAiOnsiY3JlYXRlIjoxODAwMDAwMDAwMDAwLCJkZWxldGUiOjE4MDAwMDAwMDAwMDAsInVwZGF0ZSI6MTgwMDAwMDAwMDAwMH19",
          "dependencies": [
            "module.vms.data.openstack_networking_network_v2.existing"
          ]
        }
      ]
    },
    {
      "module": "module.vms",
      "mode": "managed",
      "type": "openstack_compute_volume_attach_v2",
      "name": "attach",
      "provider": "provider[\"registry.terraform.io/terraform-provider-openstack/openstack\"]",
      "instances": [
        {
          "index_key": "web1",
          "schema_version": 0,
          "attributes": {
            "device": "/dev/vdb",
            "id": "d41c754a-801b-40c8-9e33-87a629edd4d7/ae553b45-a8f9-4502-a782-4503d6d1837b",
            "instance_id": "d41c754a-801b-40c8-9e33-87a629edd4d7",
            "multiattach": null,
            "region": "RegionOne",
            "timeouts": null,
            "vendor_options": [],
            "volume_id": "ae553b45-a8f9-4502-a782-4503d6d1837b"
          },
          "sensitive_attributes": [],
          "identity_schema_version": 0,
          "private": "eyJlMmJmYjczMC1lY2FhLTExZTYtOGY4OC0zNDM2M2JjN2M0YzAiOnsiY3JlYXRlIjo2MDAwMDAwMDAwMDAsImRlbGV0ZSI6NjAwMDAwMDAwMDAwfX0="
        },
        {
          "index_key": "web2",
          "schema_version": 0,
          "attributes": {
            "device": "/dev/vdb",
            "id": "0488f589-0ed3-4712-830f-803579d6e9d6/7442c778-11bc-4111-b081-b865d6d94d96",
            "instance_id": "0488f589-0ed3-4712-830f-803579d6e9d6",
            "multiattach": null,
            "region": "RegionOne",
            "timeouts": null,
            "vendor_options": [],
            "volume_id": "7442c778-11bc-4111-b081-b865d6d94d96"
          },
          "sensitive_attributes": [],
          "identity_schema_version": 0,
          "private": "eyJlMmJmYjczMC1lY2FhLTExZTYtOGY4OC0zNDM2M2JjN2M0YzAiOnsiY3JlYXRlIjo2MDAwMDAwMDAwMDAsImRlbGV0ZSI6NjAwMDAwMDAwMDAwfX0="
        },
        {
          "index_key": "web3",
          "schema_version": 0,
          "attributes": {
            "device": "/dev/vdb",
            "id": "518169fd-47ac-4b9e-b4c8-4867f41a0330/58ac027e-01e8-4865-a377-4c471003bd26",
            "instance_id": "518169fd-47ac-4b9e-b4c8-4867f41a0330",
            "multiattach": null,
            "region": "RegionOne",
            "timeouts": null,
            "vendor_options": [],
            "volume_id": "58ac027e-01e8-4865-a377-4c471003bd26"
          },
          "sensitive_attributes": [],
          "identity_schema_version": 0,
          "private": "eyJlMmJmYjczMC1lY2FhLTExZTYtOGY4OC0zNDM2M2JjN2M0YzAiOnsiY3JlYXRlIjo2MDAwMDAwMDAwMDAsImRlbGV0ZSI6NjAwMDAwMDAwMDAwfX0="
        },
        {
          "index_key": "web4",
          "schema_version": 0,
          "attributes": {
            "device": "/dev/vdb",
            "id": "01fc679c-add2-4d71-bdee-6c7be9427cdd/84bb97aa-140c-4d8a-b65f-103280b0dacb",
            "instance_id": "01fc679c-add2-4d71-bdee-6c7be9427cdd",
            "multiattach": null,
            "region": "RegionOne",
            "timeouts": null,
            "vendor_options": [],
            "volume_id": "84bb97aa-140c-4d8a-b65f-103280b0dacb"
          },
          "sensitive_attributes": [],
          "identity_schema_version": 0,
          "private": "eyJlMmJmYjczMC1lY2FhLTExZTYtOGY4OC0zNDM2M2JjN2M0YzAiOnsiY3JlYXRlIjo2MDAwMDAwMDAwMDAsImRlbGV0ZSI6NjAwMDAwMDAwMDAwfX0="
        }
      ]
    },
    {
      "module": "module.vms",
      "mode": "managed",
      "type": "openstack_networking_floatingip_v2",
      "name": "fips",
      "provider": "provider[\"registry.terraform.io/terraform-provider-openstack/openstack\"]",
      "instances": [
        {
          "index_key": "web1",
          "schema_version": 0,
          "attributes": {
            "address": "172.20.1.70",
            "all_tags": [],
            "description": "",
            "dns_domain": "",
            "dns_name": "",
            "fixed_ip": "10.0.0.15",
            "id": "2f50e38e-b6c2-4280-b6d6-ec9fd1b3e3c2",
            "pool": "public1",
            "port_id": "1930d32d-786b-4d5f-9a27-54bad4135398",
            "region": "RegionOne",
            "subnet_id": null,
            "subnet_ids": null,
            "tags": [],
            "tenant_id": "fc70748921aa4265ad13c5d6f42d2574",
            "timeouts": null,
            "value_specs": null
          },
          "sensitive_attributes": [],
          "identity_schema_version": 0,
          "private": "eyJlMmJmYjczMC1lY2FhLTExZTYtOGY4OC0zNDM2M2JjN2M0YzAiOnsiY3JlYXRlIjo2MDAwMDAwMDAwMDAsImRlbGV0ZSI6NjAwMDAwMDAwMDAwfX0=",
          "dependencies": [
            "module.vms.data.openstack_networking_network_v2.external"
          ]
        },
        {
          "index_key": "worker1",
          "schema_version": 0,
          "attributes": {
            "address": "172.20.1.182",
            "all_tags": [],
            "description": "",
            "dns_domain": "",
            "dns_name": "",
            "fixed_ip": "",
            "id": "b8b745ce-e6e8-4944-a41b-5f44842c5010",
            "pool": "public1",
            "port_id": "",
            "region": "RegionOne",
            "subnet_id": null,
            "subnet_ids": null,
            "tags": [],
            "tenant_id": "fc70748921aa4265ad13c5d6f42d2574",
            "timeouts": null,
            "value_specs": null
          },
          "sensitive_attributes": [],
          "identity_schema_version": 0,
          "private": "eyJlMmJmYjczMC1lY2FhLTExZTYtOGY4OC0zNDM2M2JjN2M0YzAiOnsiY3JlYXRlIjo2MDAwMDAwMDAwMDAsImRlbGV0ZSI6NjAwMDAwMDAwMDAwfX0=",
          "dependencies": [
            "module.vms.data.openstack_networking_network_v2.external"
          ]
        },
        {
          "index_key": "worker2",
          "schema_version": 0,
          "attributes": {
            "address": "172.20.1.28",
            "all_tags": [],
            "description": "",
            "dns_domain": "",
            "dns_name": "",
            "fixed_ip": "",
            "id": "1e1a69b2-98cc-4e26-a7a8-74098700dc68",
            "pool": "public1",
            "port_id": "",
            "region": "RegionOne",
            "subnet_id": null,
            "subnet_ids": null,
            "tags": [],
            "tenant_id": "fc70748921aa4265ad13c5d6f42d2574",
            "timeouts": null,
            "value_specs": null
          },
          "sensitive_attributes": [],
          "identity_schema_version": 0,
          "private": "eyJlMmJmYjczMC1lY2FhLTExZTYtOGY4OC0zNDM2M2JjN2M0YzAiOnsiY3JlYXRlIjo2MDAwMDAwMDAwMDAsImRlbGV0ZSI6NjAwMDAwMDAwMDAwfX0=",
          "dependencies": [
            "module.vms.data.openstack_networking_network_v2.external"
          ]
        }
      ]
    }
  ],
  "check_results": null
}
