{
  "version": 4,
  "terraform_version": "1.13.3",
  "serial": 78,
  "lineage": "2351a1c2-9c9f-6f93-e62b-228057244013",
  "outputs": {
    "awx_inventory_file": {
      "value": "./../terraform_outputs/awx_inventory.ini",
      "type": "string"
    },
    "dev_boot_volumes": {
      "value": {},
      "type": [
        "object",
        {}
      ]
    },
    "dev_data_volumes": {
      "value": {
        "web1-data-0": {
          "device": null,
          "id": "9497b6df-7071-49d8-bc39-346ffa650e24",
          "name": "open-vpn-data-web1-data-0",
          "size": 20,
          "type": "data",
          "vm_key": "web1",
          "vm_name": "open-vpn"
        },
        "web2-data-0": {
          "device": null,
          "id": "d9c92c5e-1ac5-4402-a23f-85289083fe39",
          "name": "wazuh-master-1-data-web2-data-0",
          "size": 10,
          "type": "data",
          "vm_key": "web2",
          "vm_name": "wazuh-master-1"
        },
        "web4-data-0": {
          "device": null,
          "id": "024a69df-6ba9-4de3-bd0a-35b46ea2bb7b",
          "name": "wazuh-worker-2-data-web4-data-0",
          "size": 10,
          "type": "data",
          "vm_key": "web4",
          "vm_name": "wazuh-worker-2"
        }
      },
      "type": [
        "object",
        {
          "web1-data-0": [
            "object",
            {
              "device": "dynamic",
              "id": "string",
              "name": "string",
              "size": "number",
              "type": "string",
              "vm_key": "string",
              "vm_name": "string"
            }
          ],
          "web2-data-0": [
            "object",
            {
              "device": "dynamic",
              "id": "string",
              "name": "string",
              "size": "number",
              "type": "string",
              "vm_key": "string",
              "vm_name": "string"
            }
          ],
          "web4-data-0": [
            "object",
            {
              "device": "dynamic",
              "id": "string",
              "name": "string",
              "size": "number",
              "type": "string",
              "vm_key": "string",
              "vm_name": "string"
            }
          ]
        }
      ]
    },
    "dev_data_volumes_by_vm": {
      "value": {
        "web1": {
          "vm_name": "open-vpn",
          "volume_count": 1,
          "volumes": [
            {
              "device": null,
              "id": "9497b6df-7071-49d8-bc39-346ffa650e24",
              "name": "open-vpn-data-web1-data-0",
              "size": 20
            }
          ]
        },
        "web2": {
          "vm_name": "wazuh-master-1",
          "volume_count": 1,
          "volumes": [
            {
              "device": null,
              "id": "d9c92c5e-1ac5-4402-a23f-85289083fe39",
              "name": "wazuh-master-1-data-web2-data-0",
              "size": 10
            }
          ]
        },
        "web4": {
          "vm_name": "wazuh-worker-2",
          "volume_count": 1,
          "volumes": [
            {
              "device": null,
              "id": "024a69df-6ba9-4de3-bd0a-35b46ea2bb7b",
              "name": "wazuh-worker-2-data-web4-data-0",
              "size": 10
            }
          ]
        }
      },
      "type": [
        "object",
        {
          "web1": [
            "object",
            {
              "vm_name": "string",
              "volume_count": "number",
              "volumes": [
                "tuple",
                [
                  [
                    "object",
                    {
                      "device": "dynamic",
                      "id": "string",
                      "name": "string",
                      "size": "number"
                    }
                  ]
                ]
              ]
            }
          ],
          "web2": [
            "object",
            {
              "vm_name": "string",
              "volume_count": "number",
              "volumes": [
                "tuple",
                [
                  [
                    "object",
                    {
                      "device": "dynamic",
                      "id": "string",
                      "name": "string",
                      "size": "number"
                    }
                  ]
                ]
              ]
            }
          ],
          "web4": [
            "object",
            {
              "vm_name": "string",
              "volume_count": "number",
              "volumes": [
                "tuple",
                [
                  [
                    "object",
                    {
                      "device": "dynamic",
                      "id": "string",
                      "name": "string",
                      "size": "number"
                    }
                  ]
                ]
              ]
            }
          ]
        }
      ]
    },
    "dev_vm_fips": {
      "value": {},
      "type": [
        "object",
        {}
      ]
    },
    "dev_vm_storage_summary": {
      "value": {
        "web1": {
          "boot_method": "image",
          "boot_volume_size": "N/A (image boot)",
          "data_volumes_count": 1,
          "data_volumes_total_size": 20,
          "total_storage": 20,
          "vm_name": "open-vpn"
        },
        "web2": {
          "boot_method": "image",
          "boot_volume_size": "N/A (image boot)",
          "data_volumes_count": 1,
          "data_volumes_total_size": 10,
          "total_storage": 10,
          "vm_name": "wazuh-master-1"
        },
        "web4": {
          "boot_method": "image",
          "boot_volume_size": "N/A (image boot)",
          "data_volumes_count": 1,
          "data_volumes_total_size": 10,
          "total_storage": 10,
          "vm_name": "wazuh-worker-2"
        }
      },
      "type": [
        "object",
        {
          "web1": [
            "object",
            {
              "boot_method": "string",
              "boot_volume_size": "string",
              "data_volumes_count": "number",
              "data_volumes_total_size": "number",
              "total_storage": "number",
              "vm_name": "string"
            }
          ],
          "web2": [
            "object",
            {
              "boot_method": "string",
              "boot_volume_size": "string",
              "data_volumes_count": "number",
              "data_volumes_total_size": "number",
              "total_storage": "number",
              "vm_name": "string"
            }
          ],
          "web4": [
            "object",
            {
              "boot_method": "string",
              "boot_volume_size": "string",
              "data_volumes_count": "number",
              "data_volumes_total_size": "number",
              "total_storage": "number",
              "vm_name": "string"
            }
          ]
        }
      ]
    },
    "terraform_outputs_file": {
      "value": "./../terraform_outputs/terraform_output.json",
      "type": "string"
    }
  },
  "resources": [
    {
      "module": "module.vms",
      "mode": "data",
      "type": "openstack_networking_network_v2",
      "name": "existing",
      "provider": "provider[\"registry.terraform.io/terraform-provider-openstack/openstack\"]",
      "instances": []
    },
    {
      "module": "module.vms",
      "mode": "data",
      "type": "openstack_networking_network_v2",
      "name": "external",
      "provider": "provider[\"registry.terraform.io/terraform-provider-openstack/openstack\"]",
      "instances": [
        {
          "schema_version": 0,
          "attributes": {
            "admin_state_up": "true",
            "all_tags": [],
            "availability_zone_hints": [],
            "description": "",
            "dns_domain": "",
            "external": true,
            "id": "7181cf6d-3e20-4fac-a7d1-7064e5fbb3a6",
            "matching_subnet_cidr": null,
            "mtu": 1500,
            "name": "public1",
            "network_id": null,
            "region": "RegionOne",
            "segments": [],
            "shared": "true",
            "status": null,
            "subnets": [
              "99d6340b-f730-4086-910d-e39faff556fa"
            ],
            "tags": null,
            "tenant_id": "15b9c9b9c8fe4dae9789ca3ffea6aaac",
            "transparent_vlan": false
          },
          "sensitive_attributes": [],
          "identity_schema_version": 0
        }
      ]
    },
    {
      "module": "module.vms",
      "mode": "managed",
      "type": "openstack_blockstorage_volume_v3",
      "name": "boot_volumes",
      "provider": "provider[\"registry.terraform.io/terraform-provider-openstack/openstack\"]",
      "instances": []
    },
    {
      "module": "module.vms",
      "mode": "managed",
      "type": "openstack_blockstorage_volume_v3",
      "name": "data_volumes",
      "provider": "provider[\"registry.terraform.io/terraform-provider-openstack/openstack\"]",
      "instances": [
        {
          "index_key": "web1-data-0",
          "schema_version": 0,
          "attributes": {
            "attachment": [],
            "availability_zone": "nova",
            "consistency_group_id": null,
            "description": "vpn",
            "enable_online_resize": true,
            "id": "9497b6df-7071-49d8-bc39-346ffa650e24",
            "image_id": null,
            "metadata": {},
            "multiattach": null,
            "name": "open-vpn-data-web1-data-0",
            "region": "RegionOne",
            "scheduler_hints": [],
            "size": 20,
            "snapshot_id": "",
            "source_replica": null,
            "source_vol_id": "",
            "timeouts": null,
            "volume_type": "__DEFAULT__"
          },
          "sensitive_attributes": [],
          "identity_schema_version": 0,
          "private": "eyJlMmJmYjczMC1lY2FhLTExZTYtOGY4OC0zNDM2M2JjN2M0YzAiOnsiY3JlYXRlIjo2MDAwMDAwMDAwMDAsImRlbGV0ZSI6NjAwMDAwMDAwMDAwfX0="
        },
        {
          "index_key": "web2-data-0",
          "schema_version": 0,
          "attributes": {
            "attachment": [],
            "availability_zone": "nova",
            "consistency_group_id": null,
            "description": "vpn",
            "enable_online_resize": true,
            "id": "d9c92c5e-1ac5-4402-a23f-85289083fe39",
            "image_id": null,
            "metadata": {},
            "multiattach": null,
            "name": "wazuh-master-1-data-web2-data-0",
            "region": "RegionOne",
            "scheduler_hints": [],
            "size": 10,
            "snapshot_id": "",
            "source_replica": null,
            "source_vol_id": "",
            "timeouts": null,
            "volume_type": "__DEFAULT__"
          },
          "sensitive_attributes": [],
          "identity_schema_version": 0,
          "private": "eyJlMmJmYjczMC1lY2FhLTExZTYtOGY4OC0zNDM2M2JjN2M0YzAiOnsiY3JlYXRlIjo2MDAwMDAwMDAwMDAsImRlbGV0ZSI6NjAwMDAwMDAwMDAwfX0="
        },
        {
          "index_key": "web4-data-0",
          "schema_version": 0,
          "attributes": {
            "attachment": [],
            "availability_zone": "nova",
            "consistency_group_id": null,
            "description": "vpn",
            "enable_online_resize": true,
            "id": "024a69df-6ba9-4de3-bd0a-35b46ea2bb7b",
            "image_id": null,
            "metadata": {},
            "multiattach": null,
            "name": "wazuh-worker-2-data-web4-data-0",
            "region": "RegionOne",
            "scheduler_hints": [],
            "size": 10,
            "snapshot_id": "",
            "source_replica": null,
            "source_vol_id": "",
            "timeouts": null,
            "volume_type": "__DEFAULT__"
          },
          "sensitive_attributes": [],
          "identity_schema_version": 0,
          "private": "eyJlMmJmYjczMC1lY2FhLTExZTYtOGY4OC0zNDM2M2JjN2M0YzAiOnsiY3JlYXRlIjo2MDAwMDAwMDAwMDAsImRlbGV0ZSI6NjAwMDAwMDAwMDAwfX0="
        }
      ]
    },
    {
      "module": "module.vms",
      "mode": "managed",
      "type": "openstack_networking_floatingip_v2",
      "name": "fips",
      "provider": "provider[\"registry.terraform.io/terraform-provider-openstack/openstack\"]",
      "instances": []
    }
  ],
  "check_results": [
    {
      "object_kind": "var",
      "config_addr": "module.vms.var.vms",
      "status": "pass",
      "objects": [
        {
          "object_addr": "module.vms.var.vms",
          "status": "pass"
        }
      ]
    }
  ]
}
